{
  "version": 4,
  "terraform_version": "1.9.8",
  "serial": 2417,
  "lineage": "93c4d01a-4d63-be6f-581c-abe39d02d689",
  "outputs": {
    "australia_private_key": {
      "value": "-----BEGIN RSA PRIVATE KEY-----\nMIIEpQIBAAKCAQEA0DjQHr/nxuX0O/0Zq6rSpDJZh9FFjF4OmgiyjvC2BnOZAYlY\nbbx9jpPuSB5jvDMngP+VfhZlxerFiSHcmuXaGzmZzT8mTnxxVdpS8EZTtaUD9Um6\ncH7oFUwoBufF4/zH4xezfFTsba7qUIbLhHxvrBSRmIWAIZWBXgGqafbXpik2T6YK\nqnXTGYOvdRy4w3deLAQwHgPIphebZwddFY4vNo2FWn8MdUTxsxJsg9U6zWeSKpaO\n3P39FLS5dz4aLX82wMz70a/886eOrGM6FV2aiw1Xc++Cf6Y2QoPrjM4ijQceTg/I\nTmgDQl/VJkyp63nSyP+W8iCV65e6HbMebCgjswIDAQABAoIBAQCJ9+snRN9uMnan\nvShiUFkshVQ/o1HjFXu1Yuf1wNfL5JLQqtIWPFwxuiGcVc6eKIMXfcLvfiXHg62K\nFQ7Y8E6Z1YvsrNhUDy8FxRlJrj/PT10VDdpkqiJb4k9va+n7DEbiWZULYDYc41bN\nLtPxoIZaTnK+zk69chP7Vz0042O268vCfrRDE4dR8iBeDiF4E8TI/risoczFOFDM\n0ZH9Z1j0rz4kvcmhlyxbB13WkX1NDrzTM/OloegpwPZDji4PzlPGTQoCUWVI+9/5\niQe7mBSDudp6ULI6V0cxrIE9qSkByi6MoQSuweiEDG8oVp5HaV6xlMVI7rZS6/4G\nL7n0pkcBAoGBAO2XEGTI+i01qWNGcmYPHPl0mN6EHgrgE7IwnQL0EDSbPRUIRPeF\nX/ivwMZ7RLjHb0thNFNY/RM9tDJe+9dEjhOBbg4dlgdFLPbOWBfpMyOfgOoM6nZm\n3dlcw37RVe9i0wiJBBw9Q7/Tpd1dU3DSA4f/nPLe3IljGSYL52sdcv0zAoGBAOBb\nMJHnNuJBG0piF6ERhpKx2GHesR5BK/4TMHZN4xRx/M9mQNvtlaumFnAQJlLt1yho\nr4sV/VSRpmI/H5gE8qY60iAO80WNveSxBAi4G5WYFnT1h5+KvwEG0FejYpuNRYPk\nwK1b/WOCOOQMl9GMuj7od9RCNyMMl7vO4uu9fT+BAoGBAMtNW5LSQvkSlPpFGrjo\nL8PpmLG3Xbmymkf8vy36yC8rsy3fIJyo/UFgqtVsP5bZ2Qsoh0zWtd+UCjCcBGXk\n3KomM5VSjcF02Q/r64eyXbca0oX0PWDJjwZjEUngOOeZqbkA/YpohiOMKL7uD+tX\nWfwypwtP1midarSatRB8Z5vvAoGAKMrrzduIcyL7X07ulO6m1U1Y1pKzCZk38n5y\ntU/8Fd+T4/HnoRVVvVv5gG6vSSzNjh9aq6NX6GSDKCHqEK31oJvZUNLnEKJxAH/f\nB+bRvSVmD+YEvtFvYTRn9UdTyoypMw4IqnyrWch3p59Si1tXEdEa2JEhjVHg1NkN\nEWfmugECgYEAyAFNzWgPmBIgHhDBvoQGDWxB/JeNNxlodii6Fpv6OYjV2cLFfgjF\nO7Nl4xEUBqw5a46hPqVfBHxWatk5ID7cidc3Zk9JpLkiKfdEDTS3kgDyjUWuEMVf\nRwVImDNA3PjWQNX4k6gK0fNItYu1CtUe5h+ldfv86frokPaCrGymcLE=\n-----END RSA PRIVATE KEY-----\n",
      "type": "string",
      "sensitive": true
    },
    "california_private_key": {
      "value": "-----BEGIN RSA PRIVATE KEY-----\nMIIEpQIBAAKCAQEAyPsfzX4lwbcgVpgM113EUNQskn0qMmKmDa+1TZVvqb+jO49H\nCqLGBeedSe7Jd9vD1w2fzMlhUfVBMehFItaFofQg3rYyWzyQ4OcZU3DZwj4kdgSp\n2KAui57avWsHDq51nCN3iC+LPBOJ5LIDNn+3pO5xJC2jqjg9y1dvk9bN/IE0XzE4\nDUrHtxLz2eK7WloSTfnz7poIkGLkIWWKicaie1DIKF/xE92TE/fAh1Q353v2inNI\n1OSEdQfJSkeOVfKJOjttKvoOBdnBA6CUmYVxdnRWRRKaHnPrwxMbtwb8fSjttVOh\nZHENLP2quAiEd5GD2clNQsI4UuhTCdrUxJEz1QIDAQABAoIBAAUJ3qs9LV8k4yeo\nmjHQBPrtxsxJXQR0WqtfK1FtnKYJyuLUXbiTihldzCCtXtmlZcx/Z/EvX0Q5vM+u\nfgU4kZMU1roeoTaOVyd8Q7NG0f6/phRbW5K1uVUAv4UeKMgicYpfjUCZyIjSCJP2\nLoRwQT9eRvHcPw0mac4uO/rd2L4qx6t7njrstQqGQ6MONGRkPl6VdzwpUzDWEKM8\niZ6iQRbrZb0dPoDxjiqqb02LBqMphXmreOFvP5/wjl0MwAnnni4LnK4VmtV/63NG\nx4/TU51gR7eB7fPDd5k7C0zPtkVLXJVmw7m945nYKQ8xMEvq6a+3dKjmY0PKze2X\nYb+MgiUCgYEA1YuYf0TMFhrbfmLQXxn41Y/SaP2Zl/K9+LUmPBzj9hENToqSDHXE\nuOX5qaxtAEfbRe8sQSxoMV5qaHkiQEqQf7mNOaufWj8SIEjH2REHV/2hJQZ/+1Or\n2pdJ5XC2aubPLU9w0xArZPKyM6lvyyG3BTt6Y82LDCgQW3eyiPw2VnsCgYEA8PAQ\nvf8J/tttz/FA4Okuesh2uUacglpy/FwD9tT85KLnSYvjdGc96yD3ZOuuAYb8DXDn\nlj274weg6iYzoDYhDNPCz6s/wmgVirrPkJcoBbrn5qSvX7xhpE4e04MUaYrgtEgS\nTxt159c8Nd9Yw8IcTyc+zfq9TSvsbA6adCYdNe8CgYEAv7bM2O2V3/6KsiPaeJbj\nnC+7skCDJTRrsx5Gzk8NpbtXW/zx87fDPlBRXTAMx+S7CkUYUQaiIDhohZTC2D9Z\nDSIzlOPsc2QOTOeqa8lq82cjxg7Y1XUf42ZRlGgljUHcHAym+QYaP03YCKOEVzTU\nkCD+1x0QSYCqdsO2iF8OFYMCgYEAhz/r1gv123foA+PE7LxZGBmx8718m/wUMi+h\nFg1nzRzZQsLhMvXFn1kJJ0DZlAfnM9BeYEtVTlN49BfvwQ7BrMauxA64ovP0q8TE\nQcFoeRb7mNB3lgFUunwT993MNpb8Hpeal4etvzBmn0M6O+GaLKC2M8B+RXTTqbDk\n6TCAE0cCgYEAvSpcNcLEdXsJh4TNY2EUhHay8OORSnQ3CO47JkwSQbRUaGLUvS8q\nirfAwrbU5p+U9bq+mT3FK7dxgknrAYlBFlyeHnvM+4vhrqke+/cpHm4++AJZUpuf\n6GYV6KfUdSLIXjJhq/NgBCArqDzCma9OqSF1MXyYR0FOkMKJTlxjLUA=\n-----END RSA PRIVATE KEY-----\n",
      "type": "string",
      "sensitive": true
    },
    "hong_kong_private_key": {
      "value": "-----BEGIN RSA PRIVATE KEY-----\nMIIEpgIBAAKCAQEAz+P8VIZyPsoV6t0oFapm0GMwHn2YBKVZphAfSKPpGJqzDmAq\nZPCWnJDMoJDw2Hhk/KYGqdfIow/EJrS0EA2VY+E/GVgCJy+VWTbX87LJh8+6oZEp\nSkYjap/Wtz1gFZuRBxZWrIlHNoscroZe4f816eUKbiTJm4HyTGA18OZaecf0w1j+\nk5zbOP+3oRvwXRv3L0ZbnIXm+2jq/EJhHc+9ce7NmXZqFRDRjftUVVfcmu5FjGQ4\ngJTnCKkwQNQt95JzK4fbvwj58ZRjb84EcRW4r3EvTnHxoupVIiso4V+oQhbdT2fr\nsJvwomsNlAIwFEGCF/sYFSORPWPagmosvVh19wIDAQABAoIBAQDGk8bu0nIEijJ/\nYvssHtYQzf4j0eJI5c0JdDL9xxwcFYFeBPvZ6XpkWWgtI+X7UJ1ePBT3XZhYMfIy\n6r9o6iC+BGWqhsefuLMXQezr6ubYZNOoCyn+uZqQ+dc2t1i1qyDQPUVTj9nHPwCJ\nsO6nP4m3PsJEzb0KXwkcbXZ5AwB/e4kQ2KDNnmwyZvlvnvMdasJ/Nc5a4/caZ0U8\n/hRBbuTCL+UbxS0ngn7gJpnkmNmVCi67J6X5WbF3Vdh3fDac+NMgqNvknWisrCqA\niwH5X2bz6JA2cmNzGstnZK1QV+EKNtUeUoc6gC2mgJJR/iJgpcm04EXcgc0PXuWN\nJcc0momZAoGBAOkSX/tLclmGq4a2zHBTowX1/xN9Vxev//1ta6HRDakow/CFNjwI\nw0Ov1dkS/BcPGh9aEOd1LuxDSUm81oBqIKFcRzv8vTux/GEm6H+dJkjhmIAbDeJk\nVuhMmHBFxFcI/zvtdFIQDrkxaT8um+140jNQlgQlur85t8P4aRC+kkwTAoGBAORX\nc/2NOQEYGMXbThP/dDUFmokL1apFlLoQMoEHUMgoSTrumCvvZHL4HLKBjpb9KsrF\n1AijRHe/LH9jUWhnfC6CkGsIUkXR0JGOylSZoZ1Bo7fUTlMpwodcg7jxbhMkPr+H\na4X6PhpCxowutMEpluyfYmJQORx4HR10PT8a7CMNAoGBALglsHgX0C0z3en+G+DT\n9AYNqo93hIxOnm9ZOKUNS0HP15/9YDBmrACauNddzJdbc0Q6IQj+6Sf6sbj03nVv\nZICZLB8VPV4g7krENwY837bNp3Pv7DRnGtNHUVnDhbFOhnqOzkzYKwnfJEyrQr+J\nqmqozR5RwQ69R5gqeLimGWjJAoGBAMekftFtLC38t4wmVnm9nAjPwXGZW1LoS0Ty\n7HVLxCF8t6pC+eFQCW9L5ytbgyQYbdWkaeKzfSWFjI5Ec+TotfakSUiLmgNZkxXw\n1o5pVJh9z3rmsSSdGmvnQ3PsAuXRhttGt4gIZ0vmnlnqbDeG+WIhaI+0vHpbunkK\nLJKEI3nxAoGBAL7TKKLwhE2eTwC0T3O3CascaefptSPKM+woO44mXLX17agygvGV\nyqdP9CoER3Mbg42yk7uL9UfU/L84scm+Hd2FROj0DkvAwHMwX4XH6r08/QXPqlbs\npQhsBEX9fF2XZz9+Str+qpSc6/iP/zX37L9aq8LBaPPzOhS7JglbI9/m\n-----END RSA PRIVATE KEY-----\n",
      "type": "string",
      "sensitive": true
    },
    "london_private_key": {
      "value": "-----BEGIN RSA PRIVATE KEY-----\nMIIEpAIBAAKCAQEAuE1jvnFiSe/DZXjmW2rEazIBlvSO0bm8B9B9od0xtOCw4RvW\nIwvifrE92+/XRQIHbcmTstMn5bLZADrmP2vcwHdG4/s4st3g60vL/jiTc6hpCD4n\nLFkKS2DlHnjAzorzAxZrMHm0QfUhnwd2MYAfvpD4DW/PAaAcU5iWoRUNjefSL/Al\nWH9kJpL5hhVL+4FdraNTtcZMJHNI4V0DNK9EOuajoAY1l+3KJ4rc65zOnKUBp3o9\n//rynIaDekTMK3h8H/uPU3KdwuVDIPjbao2Axya7sgPxx8tKmwN2T058jNh1lpev\n/i9w81akpllpRbG2dXwYSsl/0LGCIniJrrzw7QIDAQABAoIBAAqVx0jE0lRUxPAr\nBW/yrd1KPfUhjqJU/IumWdDWF2jADuie5KmWoSeNnnPnToHUIAEaNrVqkzwKDZSJ\nzXePBlq3fwbRAuyi+awJ6mlrbmySG5Yxm6ZcZs71fbNGVCyIpnRi8T0TgFrZbVjo\n4MzvAuO7B8Qdy9HYFEho1x3hS6n+sYvs6CqhHg75ZdTLBFf+Le3Oo50KGWW3yNYU\nUKdngiJSQzUmDfz6m7/6c3pp3fsgRa0JazGNcUU7/OUwofX0j1JCXZGhuC2B92zr\nLDSHaHkgOUf3T021vyKf3X1ykKnWT+BjzE+6WW0NGTtJje05fryqFDc/2kTSax68\n7+uP0gECgYEA25Y+nw8f0rB+7BsmAxjE8YV8AooK1Rd3NSsLTYX3GUWca0Y784X/\n3buYUFQj+FMytVtw0B4qUBamJP+gjhJnkMW+QPtaF1OWeEKtCKPL8C1OeyuBbN87\n08Z3u7RTiRBNDLNIYMBz96+6cUlE+l3rjk75RMS+KgJgkzdufTyULI0CgYEA1t1E\nbQR1A3HDMs/O1VTTaoaEQwvJLIVsQqZ2QCzwplhKHbrTkQfSqzm9iUStUOoTTDU/\nAfKjje/kCG5LnJh8kJFZ4hFpM4MFjBmy2q+od87Y541FW3zBvHM4M5Qs3WxKi4bV\np7ChAZo5BNEOXZO/5vu+WHdZT4C8IBSovuChLeECgYEAzyf/rcjz6a0OICpAgx1j\n9sJKSo72Ry/bCzKveBRRF+te9KkOt+ALkaB/whCO2p+KsCMy23QJ0QJ8/VyXmFBu\nmdqjcORviqAVzSCB4yu7orrrVjGl6RL0ewa6QD+PqzfQqJGeT4BgJyQGTQelZlki\nd1+zs5e0Gyeg+mGJ/+Ydl6UCgYEAwL6A8WK8LTjSKDSukESl2ruMzjA2aQ/PTALT\ntUIbJr2wzvaXb1SbMSp80jSfXSR95zEksnSdL2hxIPcAMRvBMlaRUPDZdHImecVb\n4j0NXVxay2y5ORazHIAnfG2ByaepP3zXELSr2iok2CNJRbySu3w9BlMZ9O3A1O5z\nabdMH0ECgYA5vbbyaoGLwJ82HGR3x/0fKGRZUwzjzfWanF7iobJvBCOSLMh2COlT\nq6RZy/wekcVeAxWPnZma6T8tlfbQeBd1Bx053IpNlY5eVENTMlWVflhfwKmtsIC8\nn+KwdjB8mqaVS37F6OlF/BZBCgFdfHlXaq6ez06MLJUUXsjQf6ghFw==\n-----END RSA PRIVATE KEY-----\n",
      "type": "string",
      "sensitive": true
    },
    "new_york_private_key": {
      "value": "-----BEGIN RSA PRIVATE KEY-----\nMIIEpQIBAAKCAQEAvXaEi9sVT9sgGYvAU0u5UugkSqUDb1DUZCCWG8mXDBrShJnE\nKTzzHs7yiywjxctB8N8/pZzUUZImuhBPBsbUykU4ySfl7HUTxV39+We9a6kS+9XS\nONSTABzPba7QVmE2IOYm5rr59jvfdFU8Rw4maPJrhyBdNnB2AoBWTBgWDF1YYwT7\neKCW/FL5gCEUFcZuSIMm7eHhFWCMPvcYZlVu35on8LAwOPrmLk21k0qX7mgWWJbu\nXSN/p0TsBwjexQmgwIkBGwmaXh0FXBlKOUv6h8kGMi7PiOJti9RIgSYU4bV1LXnc\nvkrhsYRQT1hJKA8VaIk7Ke6VApbWs7s3JdAk5wIDAQABAoIBAQCtb4XsZPRAcs4S\ntIytc39Ftr4qGp5nUy3qLq5a55I/AXq+6efY/DNue3EqF5DzqppFfohL+aGevlR3\nNSCyimcWdoGCGuTuLUqY/O7WVbHfkRmQsW7MmUOr8bOsqz+KI1kiiq0HwBe74Zkv\nbCtOvFRK88edHfJWOGK+7W6SH+ZnD6P7EXat/X78Ac2o651vM2mIlZhx6yXjohL0\n/HiSgRccLwCG04X04cR6H3G6wu2W128Jku8SKfs4+xdqAhhhAC/gJldX/D4QEpWp\nJGPjQ86qpDIZoAWS2FwpvKo5E0Qnf1pw07oPe6qOo5QSMBCY9AFt6nuIm482oBHx\nvMWVRu1xAoGBAOw3FklH7Z3sQ/PW3809/ATRpCYcvceyGW8DRYLM7wkadnLxXrhP\nzu2Ji+vZ9JSPY1aeM6V3Y1SmtdCxH31AwZC0j2ioauDHkJVgrLeiq+sliUHvf8b/\ntnt3V/omzcqeDvfSQ2KY2yxJEdJyUvyAukQ7FNgHENnhRJH+pCsITBNJAoGBAM1U\n+Nt0vzCdY1jTOcPXfhynx+IxjzBSCvl6dSRRo/lwOyBfazi/HIs/Kz9QN0IajlpL\nFDc48oTUlrwa1+e9bviho/1j8D+5nQZozMNNxfLTdSIGDionMqY447VKc64XYFim\nPdwcZCGy5EBQlV5MXIApWIIIyxnu1u+15umPQUavAoGBAISQCa7Icf59eEkgnmqF\nTai6qf9Fg+/M8F8Pm/Pi5IbcVfr9oCWZjExcM60BnTO+IIacs+k5TgJUqJZcwIo/\nTCHUYuLeGVTaSja6kVNhNE/7ucLKEJByM0uo1zOokTcTat0DIBP2KpH408qhpBbW\nezINYg42MOvFcwDnwePwfRkZAoGAHotWXab3Te8LuUnqnORwgSjARjijGUgLE+OQ\ni2+NmeyFDyLCm3VqdJhYAZoYLkAvDuV+Q1y4TuQk7CR+G54FZPz+nRIByij9X9e1\nJhRqrt2f3gjSkJi2Ix3xWaWSocIedfF84EJk7tJiu+KA5b8sP3BnFyjhtaDe3lfL\n2tCRoEcCgYEAuCIZHxIzhpWCI+Wiw8pfmZMrDJADP/FqRR3nwDBSEPciUKCUdpa3\nLAmoa+F8eplY5WNRP6X2llFKqr21tLzZo7ATePBSNDI4Tpgq4ETJnyckX2GKNvhU\nBRina3kUzv3oya41St+QB51WuLtCXjGWQy/R2e5JfRcMU2X3wh8z6+E=\n-----END RSA PRIVATE KEY-----\n",
      "type": "string",
      "sensitive": true
    },
    "sao_paulo_private_key": {
      "value": "-----BEGIN RSA PRIVATE KEY-----\nMIIEowIBAAKCAQEArO7G9AoQ3zVMJoEtiNZhkxD65jsx7DdO0Isa0o5kc8bV1wWg\nCEWgDlfd5lHSCTmv6hiqPfJlaQkGSeUDsSw2tAfMhfdU51tk2ntfvKE+q2nEq6It\nvhC9XeZZiS0Hc6lKjFcOBFUsG41eqDR9ql1L8xiwwYSYsk847hBdgV2E/JsU5PsQ\nYdoBLfduHbGktiEpCdt7Ss8Fp0mp5lci70GhQNxKDPLjzReY7XQ9gKC/dMjSQsAW\nWLu2jqU6dKQTWXayfSXJlHhzTeeDyB3ZlfkJLKy05v5peytFomQBSY0QbHXPRdAs\nvNYk6/Ziklph9yu7JX3wlu2FBqME3SDKJHxewQIDAQABAoIBAGl7cCGVLjtoQB3Q\nd5za30OcfN4IR2hFSC7OWrsKHd2879yrUrUY+wskr3Z4e/wiktng157XhuHtnkde\niMT+KhPgGfGxLrm8NqVJ0di2JgrahhsG3o3rmgZ3pi+VJtF29sDprOQZq8DWl2FU\nOz66j8QlUFOJ9LX2uswDcXWiPKbzVIUKMnkTVPFP45jAeDT3dDHndIPbT/dOIN+m\nvlZXBYgQZgifZ92Cw1Udz4yWeylu8iKmWL1mxCzdcezvkhprZr8sG6nzUUxHbWCZ\n3uKb3WhTjkOEs0BE8Xpcz1Vj+HMzLrMgA/DhY+Yj9l6XwoHoh1pHe8Dy6cVYru27\nqAmhZEECgYEA2vyaIXthh1Z084PJ3tw6Fa4aC48B5P/A/DctksczfCiTx0f7xS5b\naDQiyK5vTlLo96YNAKBXOdEecQhtYwrXuqM6h2/d/4xz2alZ8TizY3NEAQ9QeDj9\nYAwi4BNvTyLrjI1v7aSzIXjfNcxkBmzQAjGOB57SVuIQPd1Ip1AOStkCgYEAyilz\nl1fPVVQYHy+1Fd9wGDkhpB9sTNgw3z1kLDB/9SkMo6DRfI+Xj3jNqF7oeEyH4or4\nXgRFMzSeJmMd5GQT2lttlLP4SDK/LSO1Iw3QE4Ac1Jx+cGJyo5XXvA8TUu0OSucO\nes/xPJA/s9sTVCIWjRl42Lt0vFEDo8Svz7+0MikCgYEA1+A4mVUl+eLS+9QpR1dW\ns1SkPEzIE1XEi15hwNY6/OSLeeKOYf2nAnyS5b5/33iATNIW800db9Ok7Mzf+MkR\njd2nrygqcuektSfrkI7S2PEiUuEj9MBJl0uffcHq8tp71lz/wAeixxZ/BGvvFx5h\nmCf92alJtXi5hiMEolubG1ECgYBmn/ZK7MuWoHMCWeCOcvffhBkczMrYk6LzoKGa\ngSBj3uvIoNnXZrlknsmf4FYYw5jzmuKML5TFcr+Z8xT4nQkq/uC47Udrtz8vdgH9\nAoUPcSixkaPp/z/85RM4J1sC7M4lnffOxoLK4NtFvT+ppQhXpoefVkHjWykC2NT7\nHHEoSQKBgFxScH7zmqMTnTtX8JF7J53w7ezXE59hhQM2Z+pxzOAzsoCndgk9vxwh\nI979vPSsTMJADDi23zbqpcOEXYgReT+VydFoUYgIJrqScdUwFiVcjiKdruf4ShK0\nI1cI3ZyD7ERTVea0Uaz1UU/mqSe2c2AvjddFB5sfKxKJZQzlo3/v\n-----END RSA PRIVATE KEY-----\n",
      "type": "string",
      "sensitive": true
    },
    "tokyo_private_key": {
      "value": "-----BEGIN RSA PRIVATE KEY-----\nMIIEpQIBAAKCAQEA8TbulBJyVFXawJJQY7Kion5Obj8OiL2fzhg1EDckoedw37uY\nldcLxiUevn+8JvywNuSQYUqYn4K30J+XmRVVHkLo8fI0DOnzZcKWjnI6hemvWoup\nZpXKO3TY86IP/XMvRJ5uqykzV17nxDYkFxnlL+A/S//EGMb6CVw9AHhIaMSlg5Hn\n7Yp/NW083rKsOoPleiIsjTpe1Zn3ASk3xPfxn7VE8RTvkY1Hkp6oFXG/aIWyB+WB\nGiJ/b5LEiJfBtWLy9SY4yBrcJCEQ+/2lB1JdlX4u18TtpZufsT4cOeh15s7fJAXS\nvPIH0boGAYde17oCOsqRU0U7MqQiR9NG0d7/twIDAQABAoIBAQDcaIFgM+rcPQcB\n57AlKVmKeTdZbazuLbcULvJturVya3SsO1KVuEY97DVHhJh8V3D896UmAW+scVlc\n/Dcd3mxEloccbWA6XJvXZBMGXkIzkvB0ICHOZxi/c2m6VV+fC90pKkudgqwzLblB\nhOc9ZKATOykbXL3mlgpq+ymSgFZJw3/uKNDppgqelRmjy4yQTZYoVNOfdFyEnee4\nA1rO5xuxDynXMI2DL90t1C3rBX41C/pyPa6/w2LjR0ED/v6mgO6lrrFsOmPNIoE2\nS/nJS9uvBJeRpjYikESmzw1vO1SpjX/n46T5JDQZ6Pk3L1ZJ7hkOaAeKC67ljSYv\nZ6rys/YBAoGBAP3IMW5fb2IBPLDI2dwdmydOswZmQZhGxgsG0OqEUHu64PXPjNkG\n6OeWSy2h+WqdlaceB7hLIKXA3AIYw6dwLrHQXkHwQ0pDoPv6TI6KA4/vpoPKwPgz\ng0JneZreTbUm718IlJmdMaTcUvVFcS5pmOARh06Ova8onOOQnCBy+wJ3AoGBAPNS\nnujuo2ozhiFhFKSyhca2GaaNiTeVOtf2iSBj7DUaL3SRvzKNUiQLOzKiuBdBzj0X\nfOSkCyiI9zUGeiEwdsR5uhDkADLbFkJIg4RICP9/knRbONUBEqOssNbupEuG8FZg\nv9gQCCYXde3D3VxJG1uqWAu2/WTxpNZRyf4Fs/zBAoGAUC1MOKOcC+l6JBwAgEM2\nPm/lrXLm7FYHwXoQzNaqmryKz/4XcIV3VZss+yi+JMnOevLI25eYo+VPXLY4MhEG\nH5VGAi0HBVJibNlCEJJX18SN5ftLhd64bGVGjQAIqt+3Jl4OnI2GHqCg8O5UeKZR\n7xB6n/4GvWzmTBrmyHWrCbcCgYEAs4XUyuUu2m9TWhNHaNByVQ8L089/WuwWczpp\nJ+WxY+iC9M2HtKOB5CgJMC3QBxC9OmO2+PZzaR/MzGmP+CbKqeFpv4aJAvyT6qmX\npySCxwd3pbOcNcPJ3crO2nVN8I+JiSFuydniOUB7+MXW73zc23/N4C7NvAlxZdMI\nZgwNJMECgYEAtL4CGpcHHBocTspt6o2loXLmBiSKEoNjNgjtoi9LAJsKcI/SyFSu\ntiI7HSk7QPseYReH3UPBgXD5L1ZmY4nT+2Pk+HOiOymQH/ZwlqsDzT87eg+AJOiZ\nM/AzHzem+tKVQaJ+FUhm9XaUk2TcGGnLFXbKRmPMylOKr8BwwYaCSaI=\n-----END RSA PRIVATE KEY-----\n",
      "type": "string",
      "sensitive": true
    }
  },
  "resources": [
    {
      "mode": "managed",
      "type": "aws_autoscaling_group",
      "name": "australia",
      "provider": "provider[\"registry.terraform.io/hashicorp/aws\"].Australia",
      "instances": [
        {
          "schema_version": 0,
          "attributes": {
            "arn": "arn:aws:autoscaling:ap-southeast-2:727646505590:autoScalingGroup:eb0e0495-b87d-41dc-8174-7e53cf841714:autoScalingGroupName/australia",
            "availability_zones": [
              "ap-southeast-2a",
              "ap-southeast-2b"
            ],
            "capacity_rebalance": false,
            "default_cooldown": 300,
            "desired_capacity": 3,
            "enabled_metrics": [
              "GroupDesiredCapacity",
              "GroupInServiceInstances",
              "GroupMaxSize",
              "GroupMinSize",
              "GroupTotalInstances"
            ],
            "force_delete": true,
            "force_delete_warm_pool": false,
            "health_check_grace_period": 300,
            "health_check_type": "ELB",
            "id": "australia",
            "initial_lifecycle_hook": [
              {
                "default_result": "CONTINUE",
                "heartbeat_timeout": 120,
                "lifecycle_transition": "autoscaling:EC2_INSTANCE_LAUNCHING",
                "name": "launch_australia",
                "notification_metadata": "{\"foo\":\"bar\"}",
                "notification_target_arn": "",
                "role_arn": ""
              },
              {
                "default_result": "CONTINUE",
                "heartbeat_timeout": 120,
                "lifecycle_transition": "autoscaling:EC2_INSTANCE_TERMINATING",
                "name": "terminate_australia",
                "notification_metadata": "",
                "notification_target_arn": "",
                "role_arn": ""
              }
            ],
            "instance_refresh": [],
            "launch_configuration": "",
            "launch_template": [
              {
                "id": "lt-062fbee8ae72b8043",
                "name": "launch_australia",
                "version": "$Latest"
              }
            ],
            "load_balancers": [],
            "max_instance_lifetime": 0,
            "max_size": 6,
            "metrics_granularity": "1Minute",
            "min_elb_capacity": null,
            "min_size": 3,
            "mixed_instances_policy": [],
            "name": "australia",
            "name_prefix": "",
            "placement_group": "",
            "protect_from_scale_in": false,
            "service_linked_role_arn": "arn:aws:iam::727646505590:role/aws-service-role/autoscaling.amazonaws.com/AWSServiceRoleForAutoScaling",
            "suspended_processes": [],
            "tag": [],
            "tags": null,
            "target_group_arns": [
              "arn:aws:elasticloadbalancing:ap-southeast-2:727646505590:targetgroup/Australia-TG-80/dc7c0572bb2af72b"
            ],
            "termination_policies": [],
            "timeouts": null,
            "vpc_zone_identifier": [
              "subnet-051f4c45518057170",
              "subnet-08c6774abac5bae1f"
            ],
            "wait_for_capacity_timeout": "10m",
            "wait_for_elb_capacity": null,
            "warm_pool": []
          },
          "sensitive_attributes": [],
          "private": "eyJlMmJmYjczMC1lY2FhLTExZTYtOGY4OC0zNDM2M2JjN2M0YzAiOnsiZGVsZXRlIjo2MDAwMDAwMDAwMDB9fQ==",
          "dependencies": [
            "aws_key_pair.australia",
            "aws_launch_template.launch_australia",
            "aws_lb_target_group.Australia-TG-80",
            "aws_security_group.australia-sg",
            "aws_subnet.private-ap-southeast-2a",
            "aws_subnet.private-ap-southeast-2b",
            "aws_vpc.australia-vpc",
            "tls_private_key.australia"
          ]
        }
      ]
    },
    {
      "mode": "managed",
      "type": "aws_autoscaling_group",
      "name": "california",
      "provider": "provider[\"registry.terraform.io/hashicorp/aws\"].California",
      "instances": [
        {
          "schema_version": 0,
          "attributes": {
            "arn": "arn:aws:autoscaling:us-west-1:727646505590:autoScalingGroup:74cba5ae-0b25-40d9-ba53-bc02bb4c6ee6:autoScalingGroupName/california",
            "availability_zones": [
              "us-west-1b",
              "us-west-1c"
            ],
            "capacity_rebalance": false,
            "default_cooldown": 300,
            "desired_capacity": 3,
            "enabled_metrics": [
              "GroupDesiredCapacity",
              "GroupInServiceInstances",
              "GroupMaxSize",
              "GroupMinSize",
              "GroupTotalInstances"
            ],
            "force_delete": true,
            "force_delete_warm_pool": false,
            "health_check_grace_period": 300,
            "health_check_type": "ELB",
            "id": "california",
            "initial_lifecycle_hook": [
              {
                "default_result": "CONTINUE",
                "heartbeat_timeout": 120,
                "lifecycle_transition": "autoscaling:EC2_INSTANCE_LAUNCHING",
                "name": "launch_california",
                "notification_metadata": "{\"foo\":\"bar\"}",
                "notification_target_arn": "",
                "role_arn": ""
              },
              {
                "default_result": "CONTINUE",
                "heartbeat_timeout": 120,
                "lifecycle_transition": "autoscaling:EC2_INSTANCE_TERMINATING",
                "name": "terminate_california",
                "notification_metadata": "",
                "notification_target_arn": "",
                "role_arn": ""
              }
            ],
            "instance_refresh": [],
            "launch_configuration": "",
            "launch_template": [
              {
                "id": "lt-0b1096a3e243b7ef3",
                "name": "launch_california",
                "version": "$Latest"
              }
            ],
            "load_balancers": [],
            "max_instance_lifetime": 0,
            "max_size": 6,
            "metrics_granularity": "1Minute",
            "min_elb_capacity": null,
            "min_size": 3,
            "mixed_instances_policy": [],
            "name": "california",
            "name_prefix": "",
            "placement_group": "",
            "protect_from_scale_in": false,
            "service_linked_role_arn": "arn:aws:iam::727646505590:role/aws-service-role/autoscaling.amazonaws.com/AWSServiceRoleForAutoScaling",
            "suspended_processes": [],
            "tag": [],
            "tags": null,
            "target_group_arns": [
              "arn:aws:elasticloadbalancing:us-west-1:727646505590:targetgroup/California-TG-80/4aa8192a2d83c5bb"
            ],
            "termination_policies": [],
            "timeouts": null,
            "vpc_zone_identifier": [
              "subnet-049b7d5a10e04dba6",
              "subnet-0da65b547b6b8f477"
            ],
            "wait_for_capacity_timeout": "10m",
            "wait_for_elb_capacity": null,
            "warm_pool": []
          },
          "sensitive_attributes": [],
          "private": "eyJlMmJmYjczMC1lY2FhLTExZTYtOGY4OC0zNDM2M2JjN2M0YzAiOnsiZGVsZXRlIjo2MDAwMDAwMDAwMDB9fQ==",
          "dependencies": [
            "aws_key_pair.california",
            "aws_launch_template.launch_california",
            "aws_lb_target_group.California-TG-80",
            "aws_security_group.california-sg",
            "aws_subnet.private-us-west-1b",
            "aws_subnet.private-us-west-1c",
            "aws_vpc.california-vpc",
            "tls_private_key.california"
          ]
        }
      ]
    },
    {
      "mode": "managed",
      "type": "aws_autoscaling_group",
      "name": "hong-kong",
      "provider": "provider[\"registry.terraform.io/hashicorp/aws\"].Hong-Kong",
      "instances": [
        {
          "schema_version": 0,
          "attributes": {
            "arn": "arn:aws:autoscaling:ap-east-1:727646505590:autoScalingGroup:24fd0054-f587-482a-b3f5-d842820f3c0e:autoScalingGroupName/hong-kong20250118212625107300000003",
            "availability_zones": [
              "ap-east-1a",
              "ap-east-1b"
            ],
            "capacity_rebalance": false,
            "default_cooldown": 300,
            "desired_capacity": 3,
            "enabled_metrics": [
              "GroupDesiredCapacity",
              "GroupInServiceInstances",
              "GroupMaxSize",
              "GroupMinSize",
              "GroupTotalInstances"
            ],
            "force_delete": true,
            "force_delete_warm_pool": false,
            "health_check_grace_period": 300,
            "health_check_type": "ELB",
            "id": "hong-kong20250118212625107300000003",
            "initial_lifecycle_hook": [
              {
                "default_result": "CONTINUE",
                "heartbeat_timeout": 300,
                "lifecycle_transition": "autoscaling:EC2_INSTANCE_TERMINATING",
                "name": "scale-in-protection",
                "notification_metadata": "",
                "notification_target_arn": "",
                "role_arn": ""
              },
              {
                "default_result": "CONTINUE",
                "heartbeat_timeout": 60,
                "lifecycle_transition": "autoscaling:EC2_INSTANCE_LAUNCHING",
                "name": "instance-protection-launch",
                "notification_metadata": "{\"foo\":\"bar\"}",
                "notification_target_arn": "",
                "role_arn": ""
              }
            ],
            "instance_refresh": [],
            "launch_configuration": "",
            "launch_template": [
              {
                "id": "lt-0d8175b76100c1efc",
                "name": "launch_hong-kong",
                "version": "$Latest"
              }
            ],
            "load_balancers": [],
            "max_instance_lifetime": 0,
            "max_size": 6,
            "metrics_granularity": "1Minute",
            "min_elb_capacity": null,
            "min_size": 3,
            "mixed_instances_policy": [],
            "name": "hong-kong20250118212625107300000003",
            "name_prefix": "hong-kong",
            "placement_group": "",
            "protect_from_scale_in": false,
            "service_linked_role_arn": "arn:aws:iam::727646505590:role/aws-service-role/autoscaling.amazonaws.com/AWSServiceRoleForAutoScaling",
            "suspended_processes": [],
            "tag": [],
            "tags": null,
            "target_group_arns": [
              "arn:aws:elasticloadbalancing:ap-east-1:727646505590:targetgroup/Hong-Kong-TG-80/9fd46ca5304c88c4"
            ],
            "termination_policies": [],
            "timeouts": null,
            "vpc_zone_identifier": [
              "subnet-079152f2b7c773fb7",
              "subnet-0fd6045c44d74544c"
            ],
            "wait_for_capacity_timeout": "10m",
            "wait_for_elb_capacity": null,
            "warm_pool": []
          },
          "sensitive_attributes": [],
          "private": "eyJlMmJmYjczMC1lY2FhLTExZTYtOGY4OC0zNDM2M2JjN2M0YzAiOnsiZGVsZXRlIjo2MDAwMDAwMDAwMDB9fQ==",
          "dependencies": [
            "aws_key_pair.hong-kong",
            "aws_launch_template.launch_hong-kong",
            "aws_lb_target_group.Hong-Kong-TG-80",
            "aws_security_group.hong-kong-sg",
            "aws_subnet.private-ap-east-1a",
            "aws_subnet.private-ap-east-1b",
            "aws_vpc.hong-kong-vpc",
            "tls_private_key.hong-kong"
          ]
        }
      ]
    },
    {
      "mode": "managed",
      "type": "aws_autoscaling_group",
      "name": "london",
      "provider": "provider[\"registry.terraform.io/hashicorp/aws\"].London",
      "instances": [
        {
          "schema_version": 0,
          "attributes": {
            "arn": "arn:aws:autoscaling:eu-west-2:727646505590:autoScalingGroup:fa3d7a9f-3e74-4d82-85a9-c7df838d70bd:autoScalingGroupName/london",
            "availability_zones": [
              "eu-west-2a",
              "eu-west-2b"
            ],
            "capacity_rebalance": false,
            "default_cooldown": 300,
            "desired_capacity": 3,
            "enabled_metrics": [
              "GroupDesiredCapacity",
              "GroupInServiceInstances",
              "GroupMaxSize",
              "GroupMinSize",
              "GroupTotalInstances"
            ],
            "force_delete": true,
            "force_delete_warm_pool": false,
            "health_check_grace_period": 300,
            "health_check_type": "ELB",
            "id": "london",
            "initial_lifecycle_hook": [
              {
                "default_result": "CONTINUE",
                "heartbeat_timeout": 120,
                "lifecycle_transition": "autoscaling:EC2_INSTANCE_LAUNCHING",
                "name": "launch_london",
                "notification_metadata": "{\"foo\":\"bar\"}",
                "notification_target_arn": "",
                "role_arn": ""
              },
              {
                "default_result": "CONTINUE",
                "heartbeat_timeout": 120,
                "lifecycle_transition": "autoscaling:EC2_INSTANCE_TERMINATING",
                "name": "terminate_london",
                "notification_metadata": "",
                "notification_target_arn": "",
                "role_arn": ""
              }
            ],
            "instance_refresh": [],
            "launch_configuration": "",
            "launch_template": [
              {
                "id": "lt-013abbdfb2afa3b92",
                "name": "launch_london",
                "version": "$Latest"
              }
            ],
            "load_balancers": [],
            "max_instance_lifetime": 0,
            "max_size": 6,
            "metrics_granularity": "1Minute",
            "min_elb_capacity": null,
            "min_size": 3,
            "mixed_instances_policy": [],
            "name": "london",
            "name_prefix": "",
            "placement_group": "",
            "protect_from_scale_in": false,
            "service_linked_role_arn": "arn:aws:iam::727646505590:role/aws-service-role/autoscaling.amazonaws.com/AWSServiceRoleForAutoScaling",
            "suspended_processes": [],
            "tag": [],
            "tags": null,
            "target_group_arns": [
              "arn:aws:elasticloadbalancing:eu-west-2:727646505590:targetgroup/London-TG-80/cd9f8b9a4f36f9e4"
            ],
            "termination_policies": [],
            "timeouts": null,
            "vpc_zone_identifier": [
              "subnet-062b00e70cf2e67a5",
              "subnet-09c516c3e122d3780"
            ],
            "wait_for_capacity_timeout": "10m",
            "wait_for_elb_capacity": null,
            "warm_pool": []
          },
          "sensitive_attributes": [],
          "private": "eyJlMmJmYjczMC1lY2FhLTExZTYtOGY4OC0zNDM2M2JjN2M0YzAiOnsiZGVsZXRlIjo2MDAwMDAwMDAwMDB9fQ==",
          "dependencies": [
            "aws_key_pair.london",
            "aws_launch_template.launch_london",
            "aws_lb_target_group.London-TG-80",
            "aws_security_group.london-sg",
            "aws_subnet.private-eu-west-2a",
            "aws_subnet.private-eu-west-2b",
            "aws_vpc.london-vpc",
            "tls_private_key.london"
          ]
        }
      ]
    },
    {
      "mode": "managed",
      "type": "aws_autoscaling_group",
      "name": "new_york",
      "provider": "provider[\"registry.terraform.io/hashicorp/aws\"].New-York",
      "instances": [
        {
          "schema_version": 0,
          "attributes": {
            "arn": "arn:aws:autoscaling:us-east-1:727646505590:autoScalingGroup:1afd4c0d-729d-476e-9b54-5d19f11f9f18:autoScalingGroupName/new_york20250118212207541300000004",
            "availability_zones": [
              "us-east-1a",
              "us-east-1b"
            ],
            "capacity_rebalance": false,
            "default_cooldown": 300,
            "desired_capacity": 3,
            "enabled_metrics": [
              "GroupDesiredCapacity",
              "GroupInServiceInstances",
              "GroupMaxSize",
              "GroupMinSize",
              "GroupTotalInstances"
            ],
            "force_delete": true,
            "force_delete_warm_pool": false,
            "health_check_grace_period": 300,
            "health_check_type": "ELB",
            "id": "new_york20250118212207541300000004",
            "initial_lifecycle_hook": [
              {
                "default_result": "CONTINUE",
                "heartbeat_timeout": 120,
                "lifecycle_transition": "autoscaling:EC2_INSTANCE_LAUNCHING",
                "name": "launch_new-york",
                "notification_metadata": "{\"foo\":\"bar\"}",
                "notification_target_arn": "",
                "role_arn": ""
              },
              {
                "default_result": "CONTINUE",
                "heartbeat_timeout": 120,
                "lifecycle_transition": "autoscaling:EC2_INSTANCE_TERMINATING",
                "name": "terminate_new-york",
                "notification_metadata": "",
                "notification_target_arn": "",
                "role_arn": ""
              }
            ],
            "instance_refresh": [],
            "launch_configuration": "",
            "launch_template": [
              {
                "id": "lt-0978e365ab285964a",
                "name": "launch_new-york",
                "version": "$Latest"
              }
            ],
            "load_balancers": [],
            "max_instance_lifetime": 0,
            "max_size": 6,
            "metrics_granularity": "1Minute",
            "min_elb_capacity": null,
            "min_size": 3,
            "mixed_instances_policy": [],
            "name": "new_york20250118212207541300000004",
            "name_prefix": "new_york",
            "placement_group": "",
            "protect_from_scale_in": false,
            "service_linked_role_arn": "arn:aws:iam::727646505590:role/aws-service-role/autoscaling.amazonaws.com/AWSServiceRoleForAutoScaling",
            "suspended_processes": [],
            "tag": [],
            "tags": null,
            "target_group_arns": [
              "arn:aws:elasticloadbalancing:us-east-1:727646505590:targetgroup/New-York-TG-80/877feb76664a3108"
            ],
            "termination_policies": [],
            "timeouts": null,
            "vpc_zone_identifier": [
              "subnet-0d220c0cce3459626",
              "subnet-0fc9851c0cddb6283"
            ],
            "wait_for_capacity_timeout": "10m",
            "wait_for_elb_capacity": null,
            "warm_pool": []
          },
          "sensitive_attributes": [],
          "private": "eyJlMmJmYjczMC1lY2FhLTExZTYtOGY4OC0zNDM2M2JjN2M0YzAiOnsiZGVsZXRlIjo2MDAwMDAwMDAwMDB9fQ==",
          "dependencies": [
            "aws_launch_template.launch_new-york",
            "aws_lb_target_group.New-York-TG-80",
            "aws_security_group.new-york-sg",
            "aws_subnet.private-us-east-1a",
            "aws_subnet.private-us-east-1b",
            "aws_vpc.new-york-vpc"
          ]
        }
      ]
    },
    {
      "mode": "managed",
      "type": "aws_autoscaling_group",
      "name": "sao_paulo",
      "provider": "provider[\"registry.terraform.io/hashicorp/aws\"].Sao-Paulo",
      "instances": [
        {
          "schema_version": 0,
          "attributes": {
            "arn": "arn:aws:autoscaling:sa-east-1:727646505590:autoScalingGroup:7e665b14-f779-477d-9e46-391aab37a336:autoScalingGroupName/sao_paulo",
            "availability_zones": [
              "sa-east-1a",
              "sa-east-1c"
            ],
            "capacity_rebalance": false,
            "default_cooldown": 300,
            "desired_capacity": 3,
            "enabled_metrics": [
              "GroupDesiredCapacity",
              "GroupInServiceInstances",
              "GroupMaxSize",
              "GroupMinSize",
              "GroupTotalInstances"
            ],
            "force_delete": true,
            "force_delete_warm_pool": false,
            "health_check_grace_period": 300,
            "health_check_type": "ELB",
            "id": "sao_paulo",
            "initial_lifecycle_hook": [
              {
                "default_result": "CONTINUE",
                "heartbeat_timeout": 120,
                "lifecycle_transition": "autoscaling:EC2_INSTANCE_LAUNCHING",
                "name": "launch_sao-paulo",
                "notification_metadata": "{\"foo\":\"bar\"}",
                "notification_target_arn": "",
                "role_arn": ""
              },
              {
                "default_result": "CONTINUE",
                "heartbeat_timeout": 120,
                "lifecycle_transition": "autoscaling:EC2_INSTANCE_TERMINATING",
                "name": "term_sao-paulo",
                "notification_metadata": "",
                "notification_target_arn": "",
                "role_arn": ""
              }
            ],
            "instance_refresh": [],
            "launch_configuration": "",
            "launch_template": [
              {
                "id": "lt-0079cb82d27e7e4e9",
                "name": "launch_sao-paulo",
                "version": "$Latest"
              }
            ],
            "load_balancers": [],
            "max_instance_lifetime": 0,
            "max_size": 6,
            "metrics_granularity": "1Minute",
            "min_elb_capacity": null,
            "min_size": 3,
            "mixed_instances_policy": [],
            "name": "sao_paulo",
            "name_prefix": "",
            "placement_group": "",
            "protect_from_scale_in": false,
            "service_linked_role_arn": "arn:aws:iam::727646505590:role/aws-service-role/autoscaling.amazonaws.com/AWSServiceRoleForAutoScaling",
            "suspended_processes": [],
            "tag": [],
            "tags": null,
            "target_group_arns": [
              "arn:aws:elasticloadbalancing:sa-east-1:727646505590:targetgroup/Sao-Paulo-TG-80/ceaf88a55d1401d4"
            ],
            "termination_policies": [],
            "timeouts": null,
            "vpc_zone_identifier": [
              "subnet-08a0f90f3740b901d",
              "subnet-08da2b177c77d913f"
            ],
            "wait_for_capacity_timeout": "10m",
            "wait_for_elb_capacity": null,
            "warm_pool": []
          },
          "sensitive_attributes": [],
          "private": "eyJlMmJmYjczMC1lY2FhLTExZTYtOGY4OC0zNDM2M2JjN2M0YzAiOnsiZGVsZXRlIjo2MDAwMDAwMDAwMDB9fQ==",
          "dependencies": [
            "aws_key_pair.sao-paulo",
            "aws_launch_template.launch_sao-paulo",
            "aws_lb_target_group.Sao-Paulo-TG-80",
            "aws_security_group.sao-paulo-sg",
            "aws_subnet.private-sa-east-1a",
            "aws_subnet.private-sa-east-1c",
            "aws_vpc.sao-paulo-vpc",
            "tls_private_key.sao-paulo"
          ]
        }
      ]
    },
    {
      "mode": "managed",
      "type": "aws_autoscaling_group",
      "name": "tokyo",
      "provider": "provider[\"registry.terraform.io/hashicorp/aws\"].Tokyo",
      "instances": [
        {
          "schema_version": 0,
          "attributes": {
            "arn": "arn:aws:autoscaling:ap-northeast-1:727646505590:autoScalingGroup:87088ca7-620e-452e-8b0b-e2dd541b6252:autoScalingGroupName/tokyo20250118212533874700000004",
            "availability_zones": [
              "ap-northeast-1a",
              "ap-northeast-1c"
            ],
            "capacity_rebalance": false,
            "default_cooldown": 300,
            "desired_capacity": 3,
            "enabled_metrics": [
              "GroupDesiredCapacity",
              "GroupInServiceInstances",
              "GroupMaxSize",
              "GroupMinSize",
              "GroupTotalInstances"
            ],
            "force_delete": true,
            "force_delete_warm_pool": false,
            "health_check_grace_period": 300,
            "health_check_type": "ELB",
            "id": "tokyo20250118212533874700000004",
            "initial_lifecycle_hook": [
              {
                "default_result": "CONTINUE",
                "heartbeat_timeout": 120,
                "lifecycle_transition": "autoscaling:EC2_INSTANCE_LAUNCHING",
                "name": "launch_tokyo",
                "notification_metadata": "{\"foo\":\"bar\"}",
                "notification_target_arn": "",
                "role_arn": ""
              },
              {
                "default_result": "CONTINUE",
                "heartbeat_timeout": 120,
                "lifecycle_transition": "autoscaling:EC2_INSTANCE_TERMINATING",
                "name": "terminate_tokyo",
                "notification_metadata": "",
                "notification_target_arn": "",
                "role_arn": ""
              }
            ],
            "instance_refresh": [],
            "launch_configuration": "",
            "launch_template": [
              {
                "id": "lt-09a6b99ce5a3b8e48",
                "name": "launch_tokyo",
                "version": "$Latest"
              }
            ],
            "load_balancers": [],
            "max_instance_lifetime": 0,
            "max_size": 6,
            "metrics_granularity": "1Minute",
            "min_elb_capacity": null,
            "min_size": 3,
            "mixed_instances_policy": [],
            "name": "tokyo20250118212533874700000004",
            "name_prefix": "tokyo",
            "placement_group": "",
            "protect_from_scale_in": false,
            "service_linked_role_arn": "arn:aws:iam::727646505590:role/aws-service-role/autoscaling.amazonaws.com/AWSServiceRoleForAutoScaling",
            "suspended_processes": [],
            "tag": [],
            "tags": null,
            "target_group_arns": [
              "arn:aws:elasticloadbalancing:ap-northeast-1:727646505590:targetgroup/Tokyo-TG-80/826f1dd189bd3f97"
            ],
            "termination_policies": [],
            "timeouts": null,
            "vpc_zone_identifier": [
              "subnet-0257d7d7b10613472",
              "subnet-0e7633e230970d84d"
            ],
            "wait_for_capacity_timeout": "10m",
            "wait_for_elb_capacity": null,
            "warm_pool": []
          },
          "sensitive_attributes": [],
          "private": "eyJlMmJmYjczMC1lY2FhLTExZTYtOGY4OC0zNDM2M2JjN2M0YzAiOnsiZGVsZXRlIjo2MDAwMDAwMDAwMDB9fQ==",
          "dependencies": [
            "aws_key_pair.tokyo",
            "aws_launch_template.launch_tokyo",
            "aws_lb_target_group.Tokyo-TG-80",
            "aws_security_group.tokyo-sg",
            "aws_subnet.private-ap-northeast-1a",
            "aws_subnet.private-ap-northeast-1c",
            "aws_vpc.tokyo-vpc",
            "tls_private_key.tokyo"
          ]
        }
      ]
    },
    {
      "mode": "managed",
      "type": "aws_autoscaling_policy",
      "name": "Australia-Scaling-Policy",
      "provider": "provider[\"registry.terraform.io/hashicorp/aws\"].Australia",
      "instances": [
        {
          "schema_version": 0,
          "attributes": {
            "adjustment_type": "",
            "arn": "arn:aws:autoscaling:ap-southeast-2:727646505590:scalingPolicy:cf493b38-7c55-454b-af42-df9fc3d1e525:autoScalingGroupName/australia:policyName/Australia-cpu-target",
            "autoscaling_group_name": "australia",
            "cooldown": 0,
            "estimated_instance_warmup": 120,
            "id": "Australia-cpu-target",
            "metric_aggregation_type": "",
            "min_adjustment_magnitude": null,
            "name": "Australia-cpu-target",
            "policy_type": "TargetTrackingScaling",
            "predictive_scaling_configuration": [],
            "scaling_adjustment": 0,
            "step_adjustment": [],
            "target_tracking_configuration": [
              {
                "customized_metric_specification": [],
                "disable_scale_in": false,
                "predefined_metric_specification": [
                  {
                    "predefined_metric_type": "ASGAverageCPUUtilization",
                    "resource_label": ""
                  }
                ],
                "target_value": 40
              }
            ]
          },
          "sensitive_attributes": [],
          "private": "bnVsbA==",
          "dependencies": [
            "aws_autoscaling_group.australia",
            "aws_key_pair.australia",
            "aws_launch_template.launch_australia",
            "aws_lb_target_group.Australia-TG-80",
            "aws_security_group.australia-sg",
            "aws_subnet.private-ap-southeast-2a",
            "aws_subnet.private-ap-southeast-2b",
            "aws_vpc.australia-vpc",
            "tls_private_key.australia"
          ]
        }
      ]
    },
    {
      "mode": "managed",
      "type": "aws_autoscaling_policy",
      "name": "California-Scaling-Policy",
      "provider": "provider[\"registry.terraform.io/hashicorp/aws\"].California",
      "instances": [
        {
          "schema_version": 0,
          "attributes": {
            "adjustment_type": "",
            "arn": "arn:aws:autoscaling:us-west-1:727646505590:scalingPolicy:793a6d2d-84c3-4254-91be-d3cec714e471:autoScalingGroupName/california:policyName/California-cpu-target",
            "autoscaling_group_name": "california",
            "cooldown": 0,
            "estimated_instance_warmup": 120,
            "id": "California-cpu-target",
            "metric_aggregation_type": "",
            "min_adjustment_magnitude": null,
            "name": "California-cpu-target",
            "policy_type": "TargetTrackingScaling",
            "predictive_scaling_configuration": [],
            "scaling_adjustment": 0,
            "step_adjustment": [],
            "target_tracking_configuration": [
              {
                "customized_metric_specification": [],
                "disable_scale_in": false,
                "predefined_metric_specification": [
                  {
                    "predefined_metric_type": "ASGAverageCPUUtilization",
                    "resource_label": ""
                  }
                ],
                "target_value": 40
              }
            ]
          },
          "sensitive_attributes": [],
          "private": "bnVsbA==",
          "dependencies": [
            "aws_autoscaling_group.california",
            "aws_key_pair.california",
            "aws_launch_template.launch_california",
            "aws_lb_target_group.California-TG-80",
            "aws_security_group.california-sg",
            "aws_subnet.private-us-west-1b",
            "aws_subnet.private-us-west-1c",
            "aws_vpc.california-vpc",
            "tls_private_key.california"
          ]
        }
      ]
    },
    {
      "mode": "managed",
      "type": "aws_autoscaling_policy",
      "name": "Hong-Kong-Scaling-Policy",
      "provider": "provider[\"registry.terraform.io/hashicorp/aws\"].Hong-Kong",
      "instances": [
        {
          "schema_version": 0,
          "attributes": {
            "adjustment_type": "",
            "arn": "arn:aws:autoscaling:ap-east-1:727646505590:scalingPolicy:c000bee7-3dcb-47d4-936c-937d898d013d:autoScalingGroupName/hong-kong20250118212625107300000003:policyName/Hong-Kong-cpu-target",
            "autoscaling_group_name": "hong-kong20250118212625107300000003",
            "cooldown": 0,
            "estimated_instance_warmup": 120,
            "id": "Hong-Kong-cpu-target",
            "metric_aggregation_type": "",
            "min_adjustment_magnitude": null,
            "name": "Hong-Kong-cpu-target",
            "policy_type": "TargetTrackingScaling",
            "predictive_scaling_configuration": [],
            "scaling_adjustment": 0,
            "step_adjustment": [],
            "target_tracking_configuration": [
              {
                "customized_metric_specification": [],
                "disable_scale_in": false,
                "predefined_metric_specification": [
                  {
                    "predefined_metric_type": "ASGAverageCPUUtilization",
                    "resource_label": ""
                  }
                ],
                "target_value": 75
              }
            ]
          },
          "sensitive_attributes": [],
          "private": "bnVsbA==",
          "dependencies": [
            "aws_autoscaling_group.hong-kong",
            "aws_key_pair.hong-kong",
            "aws_launch_template.launch_hong-kong",
            "aws_lb_target_group.Hong-Kong-TG-80",
            "aws_security_group.hong-kong-sg",
            "aws_subnet.private-ap-east-1a",
            "aws_subnet.private-ap-east-1b",
            "aws_vpc.hong-kong-vpc",
            "tls_private_key.hong-kong"
          ]
        }
      ]
    },
    {
      "mode": "managed",
      "type": "aws_autoscaling_policy",
      "name": "London-Scaling-Policy",
      "provider": "provider[\"registry.terraform.io/hashicorp/aws\"].London",
      "instances": [
        {
          "schema_version": 0,
          "attributes": {
            "adjustment_type": "",
            "arn": "arn:aws:autoscaling:eu-west-2:727646505590:scalingPolicy:a3c56d13-9e34-4eaa-a382-6bfaffcc105b:autoScalingGroupName/london:policyName/London-cpu-target",
            "autoscaling_group_name": "london",
            "cooldown": 0,
            "estimated_instance_warmup": 120,
            "id": "London-cpu-target",
            "metric_aggregation_type": "",
            "min_adjustment_magnitude": null,
            "name": "London-cpu-target",
            "policy_type": "TargetTrackingScaling",
            "predictive_scaling_configuration": [],
            "scaling_adjustment": 0,
            "step_adjustment": [],
            "target_tracking_configuration": [
              {
                "customized_metric_specification": [],
                "disable_scale_in": false,
                "predefined_metric_specification": [
                  {
                    "predefined_metric_type": "ASGAverageCPUUtilization",
                    "resource_label": ""
                  }
                ],
                "target_value": 40
              }
            ]
          },
          "sensitive_attributes": [],
          "private": "bnVsbA==",
          "dependencies": [
            "aws_autoscaling_group.london",
            "aws_key_pair.london",
            "aws_launch_template.launch_london",
            "aws_lb_target_group.London-TG-80",
            "aws_security_group.london-sg",
            "aws_subnet.private-eu-west-2a",
            "aws_subnet.private-eu-west-2b",
            "aws_vpc.london-vpc",
            "tls_private_key.london"
          ]
        }
      ]
    },
    {
      "mode": "managed",
      "type": "aws_autoscaling_policy",
      "name": "New-York-Scaling-Policy",
      "provider": "provider[\"registry.terraform.io/hashicorp/aws\"].New-York",
      "instances": [
        {
          "schema_version": 0,
          "attributes": {
            "adjustment_type": "",
            "arn": "arn:aws:autoscaling:us-east-1:727646505590:scalingPolicy:5906a356-ad4d-48c2-b55f-5188610fa6c0:autoScalingGroupName/new_york20250118212207541300000004:policyName/New-York-cpu-target",
            "autoscaling_group_name": "new_york20250118212207541300000004",
            "cooldown": 0,
            "estimated_instance_warmup": 120,
            "id": "New-York-cpu-target",
            "metric_aggregation_type": "",
            "min_adjustment_magnitude": null,
            "name": "New-York-cpu-target",
            "policy_type": "TargetTrackingScaling",
            "predictive_scaling_configuration": [],
            "scaling_adjustment": 0,
            "step_adjustment": [],
            "target_tracking_configuration": [
              {
                "customized_metric_specification": [],
                "disable_scale_in": false,
                "predefined_metric_specification": [
                  {
                    "predefined_metric_type": "ASGAverageCPUUtilization",
                    "resource_label": ""
                  }
                ],
                "target_value": 40
              }
            ]
          },
          "sensitive_attributes": [],
          "private": "bnVsbA==",
          "dependencies": [
            "aws_autoscaling_group.new_york",
            "aws_launch_template.launch_new-york",
            "aws_lb_target_group.New-York-TG-80",
            "aws_security_group.new-york-sg",
            "aws_subnet.private-us-east-1a",
            "aws_subnet.private-us-east-1b",
            "aws_vpc.new-york-vpc"
          ]
        }
      ]
    },
    {
      "mode": "managed",
      "type": "aws_autoscaling_policy",
      "name": "Sao-Paulo-Scaling-Policy",
      "provider": "provider[\"registry.terraform.io/hashicorp/aws\"].Sao-Paulo",
      "instances": [
        {
          "schema_version": 0,
          "attributes": {
            "adjustment_type": "",
            "arn": "arn:aws:autoscaling:sa-east-1:727646505590:scalingPolicy:ac54dae7-c199-4861-99ba-6507237571ae:autoScalingGroupName/sao_paulo:policyName/Sao-Paulo",
            "autoscaling_group_name": "sao_paulo",
            "cooldown": 0,
            "estimated_instance_warmup": 120,
            "id": "Sao-Paulo",
            "metric_aggregation_type": "",
            "min_adjustment_magnitude": null,
            "name": "Sao-Paulo",
            "policy_type": "TargetTrackingScaling",
            "predictive_scaling_configuration": [],
            "scaling_adjustment": 0,
            "step_adjustment": [],
            "target_tracking_configuration": [
              {
                "customized_metric_specification": [],
                "disable_scale_in": false,
                "predefined_metric_specification": [
                  {
                    "predefined_metric_type": "ASGAverageCPUUtilization",
                    "resource_label": ""
                  }
                ],
                "target_value": 40
              }
            ]
          },
          "sensitive_attributes": [],
          "private": "bnVsbA==",
          "dependencies": [
            "aws_autoscaling_group.sao_paulo",
            "aws_key_pair.sao-paulo",
            "aws_launch_template.launch_sao-paulo",
            "aws_lb_target_group.Sao-Paulo-TG-80",
            "aws_security_group.sao-paulo-sg",
            "aws_subnet.private-sa-east-1a",
            "aws_subnet.private-sa-east-1c",
            "aws_vpc.sao-paulo-vpc",
            "tls_private_key.sao-paulo"
          ]
        }
      ]
    },
    {
      "mode": "managed",
      "type": "aws_autoscaling_policy",
      "name": "Tokyo-Scaling-Policy",
      "provider": "provider[\"registry.terraform.io/hashicorp/aws\"].Tokyo",
      "instances": [
        {
          "schema_version": 0,
          "attributes": {
            "adjustment_type": "",
            "arn": "arn:aws:autoscaling:ap-northeast-1:727646505590:scalingPolicy:9f5856d9-5769-41dc-b5d9-c621d540f964:autoScalingGroupName/tokyo20250118212533874700000004:policyName/Tokyo-cpu-target",
            "autoscaling_group_name": "tokyo20250118212533874700000004",
            "cooldown": 0,
            "estimated_instance_warmup": 120,
            "id": "Tokyo-cpu-target",
            "metric_aggregation_type": "",
            "min_adjustment_magnitude": null,
            "name": "Tokyo-cpu-target",
            "policy_type": "TargetTrackingScaling",
            "predictive_scaling_configuration": [],
            "scaling_adjustment": 0,
            "step_adjustment": [],
            "target_tracking_configuration": [
              {
                "customized_metric_specification": [],
                "disable_scale_in": false,
                "predefined_metric_specification": [
                  {
                    "predefined_metric_type": "ASGAverageCPUUtilization",
                    "resource_label": ""
                  }
                ],
                "target_value": 40
              }
            ]
          },
          "sensitive_attributes": [],
          "private": "bnVsbA==",
          "dependencies": [
            "aws_autoscaling_group.tokyo",
            "aws_key_pair.tokyo",
            "aws_launch_template.launch_tokyo",
            "aws_lb_target_group.Tokyo-TG-80",
            "aws_security_group.tokyo-sg",
            "aws_subnet.private-ap-northeast-1a",
            "aws_subnet.private-ap-northeast-1c",
            "aws_vpc.tokyo-vpc",
            "tls_private_key.tokyo"
          ]
        }
      ]
    },
    {
      "mode": "managed",
      "type": "aws_ec2_transit_gateway",
      "name": "Australia_TGW",
      "provider": "provider[\"registry.terraform.io/hashicorp/aws\"].Australia",
      "instances": [
        {
          "schema_version": 0,
          "attributes": {
            "amazon_side_asn": 64512,
            "arn": "arn:aws:ec2:ap-southeast-2:727646505590:transit-gateway/tgw-036c913473859d4af",
            "association_default_route_table_id": "tgw-rtb-0d5ab51c9a6290e5a",
            "auto_accept_shared_attachments": "enable",
            "default_route_table_association": "enable",
            "default_route_table_propagation": "enable",
            "description": "TGW for Australia",
            "dns_support": "enable",
            "id": "tgw-036c913473859d4af",
            "owner_id": "727646505590",
            "propagation_default_route_table_id": "tgw-rtb-0d5ab51c9a6290e5a",
            "tags": {},
            "tags_all": {},
            "vpn_ecmp_support": "enable"
          },
          "sensitive_attributes": [],
          "private": "bnVsbA=="
        }
      ]
    },
    {
      "mode": "managed",
      "type": "aws_ec2_transit_gateway",
      "name": "California_TGW",
      "provider": "provider[\"registry.terraform.io/hashicorp/aws\"].California",
      "instances": [
        {
          "schema_version": 0,
          "attributes": {
            "amazon_side_asn": 64512,
            "arn": "arn:aws:ec2:us-west-1:727646505590:transit-gateway/tgw-0afbbd33db11489de",
            "association_default_route_table_id": "tgw-rtb-0fda1de850d02b07b",
            "auto_accept_shared_attachments": "enable",
            "default_route_table_association": "enable",
            "default_route_table_propagation": "enable",
            "description": "TGW for California",
            "dns_support": "enable",
            "id": "tgw-0afbbd33db11489de",
            "owner_id": "727646505590",
            "propagation_default_route_table_id": "tgw-rtb-0fda1de850d02b07b",
            "tags": {},
            "tags_all": {},
            "vpn_ecmp_support": "enable"
          },
          "sensitive_attributes": [],
          "private": "bnVsbA=="
        }
      ]
    },
    {
      "mode": "managed",
      "type": "aws_ec2_transit_gateway",
      "name": "Hong_Kong_TGW",
      "provider": "provider[\"registry.terraform.io/hashicorp/aws\"].Hong-Kong",
      "instances": [
        {
          "schema_version": 0,
          "attributes": {
            "amazon_side_asn": 64512,
            "arn": "arn:aws:ec2:ap-east-1:727646505590:transit-gateway/tgw-0dc2e80c24b60718e",
            "association_default_route_table_id": "tgw-rtb-04dafdd3d03f3c24d",
            "auto_accept_shared_attachments": "enable",
            "default_route_table_association": "enable",
            "default_route_table_propagation": "enable",
            "description": "TGW for Hong Kong",
            "dns_support": "enable",
            "id": "tgw-0dc2e80c24b60718e",
            "owner_id": "727646505590",
            "propagation_default_route_table_id": "tgw-rtb-04dafdd3d03f3c24d",
            "tags": {},
            "tags_all": {},
            "vpn_ecmp_support": "enable"
          },
          "sensitive_attributes": [],
          "private": "bnVsbA=="
        }
      ]
    },
    {
      "mode": "managed",
      "type": "aws_ec2_transit_gateway",
      "name": "London_TGW",
      "provider": "provider[\"registry.terraform.io/hashicorp/aws\"].London",
      "instances": [
        {
          "schema_version": 0,
          "attributes": {
            "amazon_side_asn": 64512,
            "arn": "arn:aws:ec2:eu-west-2:727646505590:transit-gateway/tgw-0a22da1a244473d80",
            "association_default_route_table_id": "tgw-rtb-099f83fa7d537b0be",
            "auto_accept_shared_attachments": "enable",
            "default_route_table_association": "enable",
            "default_route_table_propagation": "enable",
            "description": "TGW for London",
            "dns_support": "enable",
            "id": "tgw-0a22da1a244473d80",
            "owner_id": "727646505590",
            "propagation_default_route_table_id": "tgw-rtb-099f83fa7d537b0be",
            "tags": {},
            "tags_all": {},
            "vpn_ecmp_support": "enable"
          },
          "sensitive_attributes": [],
          "private": "bnVsbA=="
        }
      ]
    },
    {
      "mode": "managed",
      "type": "aws_ec2_transit_gateway",
      "name": "New_York_TGW",
      "provider": "provider[\"registry.terraform.io/hashicorp/aws\"].New-York",
      "instances": [
        {
          "schema_version": 0,
          "attributes": {
            "amazon_side_asn": 64512,
            "arn": "arn:aws:ec2:us-east-1:727646505590:transit-gateway/tgw-0f6e44a7c3fc5776d",
            "association_default_route_table_id": "tgw-rtb-08b5809efdb4d835e",
            "auto_accept_shared_attachments": "enable",
            "default_route_table_association": "enable",
            "default_route_table_propagation": "enable",
            "description": "TGW for New York",
            "dns_support": "enable",
            "id": "tgw-0f6e44a7c3fc5776d",
            "owner_id": "727646505590",
            "propagation_default_route_table_id": "tgw-rtb-08b5809efdb4d835e",
            "tags": {},
            "tags_all": {},
            "vpn_ecmp_support": "enable"
          },
          "sensitive_attributes": [],
          "private": "bnVsbA=="
        }
      ]
    },
    {
      "mode": "managed",
      "type": "aws_ec2_transit_gateway",
      "name": "Sao_Paulo_TGW",
      "provider": "provider[\"registry.terraform.io/hashicorp/aws\"].Sao-Paulo",
      "instances": [
        {
          "schema_version": 0,
          "attributes": {
            "amazon_side_asn": 64512,
            "arn": "arn:aws:ec2:sa-east-1:727646505590:transit-gateway/tgw-092ba7b9a92464f94",
            "association_default_route_table_id": "tgw-rtb-0d0663ac59ef8e39d",
            "auto_accept_shared_attachments": "enable",
            "default_route_table_association": "enable",
            "default_route_table_propagation": "enable",
            "description": "TGW for Sao Paulo",
            "dns_support": "enable",
            "id": "tgw-092ba7b9a92464f94",
            "owner_id": "727646505590",
            "propagation_default_route_table_id": "tgw-rtb-0d0663ac59ef8e39d",
            "tags": {},
            "tags_all": {},
            "vpn_ecmp_support": "enable"
          },
          "sensitive_attributes": [],
          "private": "bnVsbA=="
        }
      ]
    },
    {
      "mode": "managed",
      "type": "aws_ec2_transit_gateway",
      "name": "Tokyo_TGW",
      "provider": "provider[\"registry.terraform.io/hashicorp/aws\"].Tokyo",
      "instances": [
        {
          "schema_version": 0,
          "attributes": {
            "amazon_side_asn": 64512,
            "arn": "arn:aws:ec2:ap-northeast-1:727646505590:transit-gateway/tgw-0c0eeb5b11952368a",
            "association_default_route_table_id": "tgw-rtb-07df703c8355ae5b1",
            "auto_accept_shared_attachments": "enable",
            "default_route_table_association": "enable",
            "default_route_table_propagation": "enable",
            "description": "TGW for Tokyo",
            "dns_support": "enable",
            "id": "tgw-0c0eeb5b11952368a",
            "owner_id": "727646505590",
            "propagation_default_route_table_id": "tgw-rtb-07df703c8355ae5b1",
            "tags": {},
            "tags_all": {},
            "vpn_ecmp_support": "enable"
          },
          "sensitive_attributes": [],
          "private": "bnVsbA=="
        }
      ]
    },
    {
      "mode": "managed",
      "type": "aws_ec2_transit_gateway_peering_attachment",
      "name": "Australia_to_tokyo",
      "provider": "provider[\"registry.terraform.io/hashicorp/aws\"].Australia",
      "instances": [
        {
          "schema_version": 0,
          "attributes": {
            "id": "tgw-attach-0465d11490f79ee66",
            "peer_account_id": "727646505590",
            "peer_region": "ap-northeast-1",
            "peer_transit_gateway_id": "tgw-0c0eeb5b11952368a",
            "tags": {
              "Name": "Australia_to_tokyo"
            },
            "tags_all": {
              "Name": "Australia_to_tokyo"
            },
            "transit_gateway_id": "tgw-036c913473859d4af"
          },
          "sensitive_attributes": [],
          "private": "bnVsbA==",
          "dependencies": [
            "aws_ec2_transit_gateway.Australia_TGW",
            "aws_ec2_transit_gateway.Tokyo_TGW"
          ]
        }
      ]
    },
    {
      "mode": "managed",
      "type": "aws_ec2_transit_gateway_peering_attachment",
      "name": "California_to_tokyo",
      "provider": "provider[\"registry.terraform.io/hashicorp/aws\"].California",
      "instances": [
        {
          "schema_version": 0,
          "attributes": {
            "id": "tgw-attach-03be86f2f2456d9e0",
            "peer_account_id": "727646505590",
            "peer_region": "ap-northeast-1",
            "peer_transit_gateway_id": "tgw-0c0eeb5b11952368a",
            "tags": {
              "Name": "California_to_tokyo"
            },
            "tags_all": {
              "Name": "California_to_tokyo"
            },
            "transit_gateway_id": "tgw-0afbbd33db11489de"
          },
          "sensitive_attributes": [],
          "private": "bnVsbA==",
          "dependencies": [
            "aws_ec2_transit_gateway.California_TGW",
            "aws_ec2_transit_gateway.Tokyo_TGW"
          ]
        }
      ]
    },
    {
      "mode": "managed",
      "type": "aws_ec2_transit_gateway_peering_attachment",
      "name": "London_to_tokyo",
      "provider": "provider[\"registry.terraform.io/hashicorp/aws\"].London",
      "instances": [
        {
          "schema_version": 0,
          "attributes": {
            "id": "tgw-attach-0d87d4a41a0353bce",
            "peer_account_id": "727646505590",
            "peer_region": "ap-northeast-1",
            "peer_transit_gateway_id": "tgw-0c0eeb5b11952368a",
            "tags": {},
            "tags_all": {},
            "transit_gateway_id": "tgw-0a22da1a244473d80"
          },
          "sensitive_attributes": [],
          "private": "bnVsbA==",
          "dependencies": [
            "aws_ec2_transit_gateway.London_TGW",
            "aws_ec2_transit_gateway.Tokyo_TGW"
          ]
        }
      ]
    },
    {
      "mode": "managed",
      "type": "aws_ec2_transit_gateway_peering_attachment",
      "name": "New_York_to_tokyo",
      "provider": "provider[\"registry.terraform.io/hashicorp/aws\"].New-York",
      "instances": [
        {
          "schema_version": 0,
          "attributes": {
            "id": "tgw-attach-0729ec95a97aa5c48",
            "peer_account_id": "727646505590",
            "peer_region": "ap-northeast-1",
            "peer_transit_gateway_id": "tgw-0c0eeb5b11952368a",
            "tags": {
              "Name": "New-York_to_tokyo"
            },
            "tags_all": {
              "Name": "New-York_to_tokyo"
            },
            "transit_gateway_id": "tgw-0f6e44a7c3fc5776d"
          },
          "sensitive_attributes": [],
          "private": "bnVsbA==",
          "dependencies": [
            "aws_ec2_transit_gateway.New_York_TGW",
            "aws_ec2_transit_gateway.Tokyo_TGW"
          ]
        }
      ]
    },
    {
      "mode": "managed",
      "type": "aws_ec2_transit_gateway_peering_attachment",
      "name": "Sao_Paulo_to_tokyo",
      "provider": "provider[\"registry.terraform.io/hashicorp/aws\"].Sao-Paulo",
      "instances": [
        {
          "schema_version": 0,
          "attributes": {
            "id": "tgw-attach-0e9aaf15cf3590b00",
            "peer_account_id": "727646505590",
            "peer_region": "ap-northeast-1",
            "peer_transit_gateway_id": "tgw-0c0eeb5b11952368a",
            "tags": {
              "Name": "Sao-Paulo_to_tokyo"
            },
            "tags_all": {
              "Name": "Sao-Paulo_to_tokyo"
            },
            "transit_gateway_id": "tgw-092ba7b9a92464f94"
          },
          "sensitive_attributes": [],
          "private": "bnVsbA==",
          "dependencies": [
            "aws_ec2_transit_gateway.Sao_Paulo_TGW",
            "aws_ec2_transit_gateway.Tokyo_TGW"
          ]
        }
      ]
    },
    {
      "mode": "managed",
      "type": "aws_ec2_transit_gateway_peering_attachment",
      "name": "hong_kong_to_tokyo",
      "provider": "provider[\"registry.terraform.io/hashicorp/aws\"].Hong-Kong",
      "instances": [
        {
          "schema_version": 0,
          "attributes": {
            "id": "tgw-attach-0b63c88ca961e4ca2",
            "peer_account_id": "727646505590",
            "peer_region": "ap-northeast-1",
            "peer_transit_gateway_id": "tgw-0c0eeb5b11952368a",
            "tags": {},
            "tags_all": {},
            "transit_gateway_id": "tgw-0dc2e80c24b60718e"
          },
          "sensitive_attributes": [],
          "private": "bnVsbA==",
          "dependencies": [
            "aws_ec2_transit_gateway.Hong_Kong_TGW",
            "aws_ec2_transit_gateway.Tokyo_TGW"
          ]
        }
      ]
    },
    {
      "mode": "managed",
      "type": "aws_ec2_transit_gateway_peering_attachment_accepter",
      "name": "accept_Australia_to_tokyo",
      "provider": "provider[\"registry.terraform.io/hashicorp/aws\"].Tokyo",
      "instances": [
        {
          "schema_version": 0,
          "attributes": {
            "id": "tgw-attach-0465d11490f79ee66",
            "peer_account_id": "727646505590",
            "peer_region": "ap-southeast-2",
            "peer_transit_gateway_id": "tgw-036c913473859d4af",
            "tags": {
              "Name": "accept_Australia_to_tokyo"
            },
            "tags_all": {
              "Name": "accept_Australia_to_tokyo"
            },
            "transit_gateway_attachment_id": "tgw-attach-0465d11490f79ee66",
            "transit_gateway_id": "tgw-0c0eeb5b11952368a"
          },
          "sensitive_attributes": [],
          "private": "bnVsbA==",
          "dependencies": [
            "aws_ec2_transit_gateway.Australia_TGW",
            "aws_ec2_transit_gateway.Tokyo_TGW",
            "aws_ec2_transit_gateway_peering_attachment.Australia_to_tokyo"
          ]
        }
      ]
    },
    {
      "mode": "managed",
      "type": "aws_ec2_transit_gateway_peering_attachment_accepter",
      "name": "accept_California_to_tokyo",
      "provider": "provider[\"registry.terraform.io/hashicorp/aws\"].Tokyo",
      "instances": [
        {
          "schema_version": 0,
          "attributes": {
            "id": "tgw-attach-03be86f2f2456d9e0",
            "peer_account_id": "727646505590",
            "peer_region": "us-west-1",
            "peer_transit_gateway_id": "tgw-0afbbd33db11489de",
            "tags": {
              "Name": "accept_California_to_tokyo"
            },
            "tags_all": {
              "Name": "accept_California_to_tokyo"
            },
            "transit_gateway_attachment_id": "tgw-attach-03be86f2f2456d9e0",
            "transit_gateway_id": "tgw-0c0eeb5b11952368a"
          },
          "sensitive_attributes": [],
          "private": "bnVsbA==",
          "dependencies": [
            "aws_ec2_transit_gateway.California_TGW",
            "aws_ec2_transit_gateway.Tokyo_TGW",
            "aws_ec2_transit_gateway_peering_attachment.California_to_tokyo"
          ]
        }
      ]
    },
    {
      "mode": "managed",
      "type": "aws_ec2_transit_gateway_peering_attachment_accepter",
      "name": "accept_London_to_tokyo",
      "provider": "provider[\"registry.terraform.io/hashicorp/aws\"].Tokyo",
      "instances": [
        {
          "schema_version": 0,
          "attributes": {
            "id": "tgw-attach-0d87d4a41a0353bce",
            "peer_account_id": "727646505590",
            "peer_region": "eu-west-2",
            "peer_transit_gateway_id": "tgw-0a22da1a244473d80",
            "tags": {},
            "tags_all": {},
            "transit_gateway_attachment_id": "tgw-attach-0d87d4a41a0353bce",
            "transit_gateway_id": "tgw-0c0eeb5b11952368a"
          },
          "sensitive_attributes": [],
          "private": "bnVsbA==",
          "dependencies": [
            "aws_ec2_transit_gateway.London_TGW",
            "aws_ec2_transit_gateway.Tokyo_TGW",
            "aws_ec2_transit_gateway_peering_attachment.London_to_tokyo"
          ]
        }
      ]
    },
    {
      "mode": "managed",
      "type": "aws_ec2_transit_gateway_peering_attachment_accepter",
      "name": "accept_New_York_to_tokyo",
      "provider": "provider[\"registry.terraform.io/hashicorp/aws\"].Tokyo",
      "instances": [
        {
          "schema_version": 0,
          "attributes": {
            "id": "tgw-attach-0729ec95a97aa5c48",
            "peer_account_id": "727646505590",
            "peer_region": "us-east-1",
            "peer_transit_gateway_id": "tgw-0f6e44a7c3fc5776d",
            "tags": {
              "Name": "accept_New-York_to_tokyo"
            },
            "tags_all": {
              "Name": "accept_New-York_to_tokyo"
            },
            "transit_gateway_attachment_id": "tgw-attach-0729ec95a97aa5c48",
            "transit_gateway_id": "tgw-0c0eeb5b11952368a"
          },
          "sensitive_attributes": [],
          "private": "bnVsbA==",
          "dependencies": [
            "aws_ec2_transit_gateway.New_York_TGW",
            "aws_ec2_transit_gateway.Tokyo_TGW",
            "aws_ec2_transit_gateway_peering_attachment.New_York_to_tokyo"
          ]
        }
      ]
    },
    {
      "mode": "managed",
      "type": "aws_ec2_transit_gateway_peering_attachment_accepter",
      "name": "accept_Sao_Paulo_to_tokyo",
      "provider": "provider[\"registry.terraform.io/hashicorp/aws\"].Tokyo",
      "instances": [
        {
          "schema_version": 0,
          "attributes": {
            "id": "tgw-attach-0e9aaf15cf3590b00",
            "peer_account_id": "727646505590",
            "peer_region": "sa-east-1",
            "peer_transit_gateway_id": "tgw-092ba7b9a92464f94",
            "tags": {
              "Name": "accept_Sao-Paulo_to_tokyo"
            },
            "tags_all": {
              "Name": "accept_Sao-Paulo_to_tokyo"
            },
            "transit_gateway_attachment_id": "tgw-attach-0e9aaf15cf3590b00",
            "transit_gateway_id": "tgw-0c0eeb5b11952368a"
          },
          "sensitive_attributes": [],
          "private": "bnVsbA==",
          "dependencies": [
            "aws_ec2_transit_gateway.Sao_Paulo_TGW",
            "aws_ec2_transit_gateway.Tokyo_TGW",
            "aws_ec2_transit_gateway_peering_attachment.Sao_Paulo_to_tokyo"
          ]
        }
      ]
    },
    {
      "mode": "managed",
      "type": "aws_ec2_transit_gateway_peering_attachment_accepter",
      "name": "accept_hong_kong_to_tokyo",
      "provider": "provider[\"registry.terraform.io/hashicorp/aws\"].Tokyo",
      "instances": [
        {
          "schema_version": 0,
          "attributes": {
            "id": "tgw-attach-0b63c88ca961e4ca2",
            "peer_account_id": "727646505590",
            "peer_region": "ap-east-1",
            "peer_transit_gateway_id": "tgw-0dc2e80c24b60718e",
            "tags": {},
            "tags_all": {},
            "transit_gateway_attachment_id": "tgw-attach-0b63c88ca961e4ca2",
            "transit_gateway_id": "tgw-0c0eeb5b11952368a"
          },
          "sensitive_attributes": [],
          "private": "bnVsbA==",
          "dependencies": [
            "aws_ec2_transit_gateway.Hong_Kong_TGW",
            "aws_ec2_transit_gateway.Tokyo_TGW",
            "aws_ec2_transit_gateway_peering_attachment.hong_kong_to_tokyo"
          ]
        }
      ]
    },
    {
      "mode": "managed",
      "type": "aws_ec2_transit_gateway_route",
      "name": "Australia_local_vpc_route",
      "provider": "provider[\"registry.terraform.io/hashicorp/aws\"].Australia",
      "instances": [
        {
          "schema_version": 0,
          "attributes": {
            "blackhole": false,
            "destination_cidr_block": "10.25.0.0/16",
            "id": "tgw-rtb-0424bc3dbc9c8a9e0_10.25.0.0/16",
            "transit_gateway_attachment_id": "tgw-attach-0b142e1292111d83c",
            "transit_gateway_route_table_id": "tgw-rtb-0424bc3dbc9c8a9e0"
          },
          "sensitive_attributes": [],
          "private": "bnVsbA==",
          "dependencies": [
            "aws_ec2_transit_gateway.Australia_TGW",
            "aws_ec2_transit_gateway_route_table.Australia",
            "aws_ec2_transit_gateway_vpc_attachment.australia_vpc_attachment",
            "aws_subnet.private-ap-southeast-2a",
            "aws_subnet.private-ap-southeast-2b",
            "aws_vpc.australia-vpc"
          ]
        }
      ]
    },
    {
      "mode": "managed",
      "type": "aws_ec2_transit_gateway_route",
      "name": "Australia_to_tokyo_route",
      "provider": "provider[\"registry.terraform.io/hashicorp/aws\"].Australia",
      "instances": [
        {
          "schema_version": 0,
          "attributes": {
            "blackhole": false,
            "destination_cidr_block": "10.20.0.0/16",
            "id": "tgw-rtb-0424bc3dbc9c8a9e0_10.20.0.0/16",
            "transit_gateway_attachment_id": "tgw-attach-0465d11490f79ee66",
            "transit_gateway_route_table_id": "tgw-rtb-0424bc3dbc9c8a9e0"
          },
          "sensitive_attributes": [],
          "private": "bnVsbA==",
          "dependencies": [
            "aws_ec2_transit_gateway.Australia_TGW",
            "aws_ec2_transit_gateway.Tokyo_TGW",
            "aws_ec2_transit_gateway_peering_attachment.Australia_to_tokyo",
            "aws_ec2_transit_gateway_peering_attachment_accepter.accept_Australia_to_tokyo",
            "aws_ec2_transit_gateway_route_table.Australia",
            "aws_vpc.tokyo-vpc"
          ]
        }
      ]
    },
    {
      "mode": "managed",
      "type": "aws_ec2_transit_gateway_route",
      "name": "California_local_vpc_route",
      "provider": "provider[\"registry.terraform.io/hashicorp/aws\"].California",
      "instances": [
        {
          "schema_version": 0,
          "attributes": {
            "blackhole": false,
            "destination_cidr_block": "10.24.0.0/16",
            "id": "tgw-rtb-0e749b49f34c489ba_10.24.0.0/16",
            "transit_gateway_attachment_id": "tgw-attach-0dff26fe24c611a74",
            "transit_gateway_route_table_id": "tgw-rtb-0e749b49f34c489ba"
          },
          "sensitive_attributes": [],
          "private": "bnVsbA==",
          "dependencies": [
            "aws_ec2_transit_gateway.California_TGW",
            "aws_ec2_transit_gateway_route_table.California",
            "aws_ec2_transit_gateway_vpc_attachment.california_vpc_attachment",
            "aws_subnet.private-us-west-1b",
            "aws_subnet.private-us-west-1c",
            "aws_vpc.california-vpc"
          ]
        }
      ]
    },
    {
      "mode": "managed",
      "type": "aws_ec2_transit_gateway_route",
      "name": "California_to_tokyo_route",
      "provider": "provider[\"registry.terraform.io/hashicorp/aws\"].California",
      "instances": [
        {
          "schema_version": 0,
          "attributes": {
            "blackhole": false,
            "destination_cidr_block": "10.20.0.0/16",
            "id": "tgw-rtb-0e749b49f34c489ba_10.20.0.0/16",
            "transit_gateway_attachment_id": "tgw-attach-03be86f2f2456d9e0",
            "transit_gateway_route_table_id": "tgw-rtb-0e749b49f34c489ba"
          },
          "sensitive_attributes": [],
          "private": "bnVsbA==",
          "dependencies": [
            "aws_ec2_transit_gateway.California_TGW",
            "aws_ec2_transit_gateway.Tokyo_TGW",
            "aws_ec2_transit_gateway_peering_attachment.California_to_tokyo",
            "aws_ec2_transit_gateway_peering_attachment_accepter.accept_California_to_tokyo",
            "aws_ec2_transit_gateway_route_table.California",
            "aws_vpc.tokyo-vpc"
          ]
        }
      ]
    },
    {
      "mode": "managed",
      "type": "aws_ec2_transit_gateway_route",
      "name": "New_York_local_vpc_route",
      "provider": "provider[\"registry.terraform.io/hashicorp/aws\"].New-York",
      "instances": [
        {
          "schema_version": 0,
          "attributes": {
            "blackhole": false,
            "destination_cidr_block": "10.26.0.0/16",
            "id": "tgw-rtb-0580ff8f5e19efcff_10.26.0.0/16",
            "transit_gateway_attachment_id": "tgw-attach-01e0adcfb1b8f1e60",
            "transit_gateway_route_table_id": "tgw-rtb-0580ff8f5e19efcff"
          },
          "sensitive_attributes": [],
          "private": "bnVsbA==",
          "dependencies": [
            "aws_ec2_transit_gateway.New_York_TGW",
            "aws_ec2_transit_gateway_route_table.New_York",
            "aws_ec2_transit_gateway_vpc_attachment.new_york_vpc_attachment",
            "aws_subnet.private-us-east-1a",
            "aws_subnet.private-us-east-1b",
            "aws_vpc.new-york-vpc"
          ]
        }
      ]
    },
    {
      "mode": "managed",
      "type": "aws_ec2_transit_gateway_route",
      "name": "New_York_to_tokyo_route",
      "provider": "provider[\"registry.terraform.io/hashicorp/aws\"].New-York",
      "instances": [
        {
          "schema_version": 0,
          "attributes": {
            "blackhole": false,
            "destination_cidr_block": "10.20.0.0/16",
            "id": "tgw-rtb-0580ff8f5e19efcff_10.20.0.0/16",
            "transit_gateway_attachment_id": "tgw-attach-0729ec95a97aa5c48",
            "transit_gateway_route_table_id": "tgw-rtb-0580ff8f5e19efcff"
          },
          "sensitive_attributes": [],
          "private": "bnVsbA==",
          "dependencies": [
            "aws_ec2_transit_gateway.New_York_TGW",
            "aws_ec2_transit_gateway.Tokyo_TGW",
            "aws_ec2_transit_gateway_peering_attachment.New_York_to_tokyo",
            "aws_ec2_transit_gateway_peering_attachment_accepter.accept_New_York_to_tokyo",
            "aws_ec2_transit_gateway_route_table.New_York",
            "aws_vpc.tokyo-vpc"
          ]
        }
      ]
    },
    {
      "mode": "managed",
      "type": "aws_ec2_transit_gateway_route",
      "name": "Sao-Paulo_to_tokyo_route",
      "provider": "provider[\"registry.terraform.io/hashicorp/aws\"].Sao-Paulo",
      "instances": [
        {
          "schema_version": 0,
          "attributes": {
            "blackhole": false,
            "destination_cidr_block": "10.20.0.0/16",
            "id": "tgw-rtb-036c5b85b7294e6a8_10.20.0.0/16",
            "transit_gateway_attachment_id": "tgw-attach-0e9aaf15cf3590b00",
            "transit_gateway_route_table_id": "tgw-rtb-036c5b85b7294e6a8"
          },
          "sensitive_attributes": [],
          "private": "bnVsbA==",
          "dependencies": [
            "aws_ec2_transit_gateway.Sao_Paulo_TGW",
            "aws_ec2_transit_gateway.Tokyo_TGW",
            "aws_ec2_transit_gateway_peering_attachment.Sao_Paulo_to_tokyo",
            "aws_ec2_transit_gateway_peering_attachment_accepter.accept_Sao_Paulo_to_tokyo",
            "aws_ec2_transit_gateway_route_table.Sao_Paulo",
            "aws_vpc.tokyo-vpc"
          ]
        }
      ]
    },
    {
      "mode": "managed",
      "type": "aws_ec2_transit_gateway_route",
      "name": "Sao_Paulo_local_vpc_route",
      "provider": "provider[\"registry.terraform.io/hashicorp/aws\"].Sao-Paulo",
      "instances": [
        {
          "schema_version": 0,
          "attributes": {
            "blackhole": false,
            "destination_cidr_block": "10.23.0.0/16",
            "id": "tgw-rtb-036c5b85b7294e6a8_10.23.0.0/16",
            "transit_gateway_attachment_id": "tgw-attach-0f18fdc0bdc213315",
            "transit_gateway_route_table_id": "tgw-rtb-036c5b85b7294e6a8"
          },
          "sensitive_attributes": [],
          "private": "bnVsbA==",
          "dependencies": [
            "aws_ec2_transit_gateway.Sao_Paulo_TGW",
            "aws_ec2_transit_gateway_route_table.Sao_Paulo",
            "aws_ec2_transit_gateway_vpc_attachment.sao_paulo_vpc_attachment",
            "aws_subnet.private-sa-east-1a",
            "aws_subnet.private-sa-east-1c",
            "aws_vpc.sao-paulo-vpc"
          ]
        }
      ]
    },
    {
      "mode": "managed",
      "type": "aws_ec2_transit_gateway_route",
      "name": "hong_kong_local_vpc_route",
      "provider": "provider[\"registry.terraform.io/hashicorp/aws\"].Hong-Kong",
      "instances": [
        {
          "schema_version": 0,
          "attributes": {
            "blackhole": false,
            "destination_cidr_block": "10.21.0.0/16",
            "id": "tgw-rtb-07bb7f24f27e2b46d_10.21.0.0/16",
            "transit_gateway_attachment_id": "tgw-attach-0dcfbf4cabe33acc4",
            "transit_gateway_route_table_id": "tgw-rtb-07bb7f24f27e2b46d"
          },
          "sensitive_attributes": [],
          "private": "bnVsbA==",
          "dependencies": [
            "aws_ec2_transit_gateway.Hong_Kong_TGW",
            "aws_ec2_transit_gateway_route_table.hong_kong",
            "aws_ec2_transit_gateway_vpc_attachment.hong_kong_vpc_attachment",
            "aws_subnet.private-ap-east-1a",
            "aws_subnet.private-ap-east-1b",
            "aws_vpc.hong-kong-vpc"
          ]
        }
      ]
    },
    {
      "mode": "managed",
      "type": "aws_ec2_transit_gateway_route",
      "name": "hong_kong_to_tokyo_route",
      "provider": "provider[\"registry.terraform.io/hashicorp/aws\"].Hong-Kong",
      "instances": [
        {
          "schema_version": 0,
          "attributes": {
            "blackhole": false,
            "destination_cidr_block": "10.20.0.0/16",
            "id": "tgw-rtb-07bb7f24f27e2b46d_10.20.0.0/16",
            "transit_gateway_attachment_id": "tgw-attach-0b63c88ca961e4ca2",
            "transit_gateway_route_table_id": "tgw-rtb-07bb7f24f27e2b46d"
          },
          "sensitive_attributes": [],
          "private": "bnVsbA==",
          "dependencies": [
            "aws_ec2_transit_gateway.Hong_Kong_TGW",
            "aws_ec2_transit_gateway.Tokyo_TGW",
            "aws_ec2_transit_gateway_peering_attachment.hong_kong_to_tokyo",
            "aws_ec2_transit_gateway_peering_attachment_accepter.accept_hong_kong_to_tokyo",
            "aws_ec2_transit_gateway_route_table.hong_kong",
            "aws_vpc.tokyo-vpc"
          ]
        }
      ]
    },
    {
      "mode": "managed",
      "type": "aws_ec2_transit_gateway_route",
      "name": "london_local_vpc_route",
      "provider": "provider[\"registry.terraform.io/hashicorp/aws\"].London",
      "instances": [
        {
          "schema_version": 0,
          "attributes": {
            "blackhole": false,
            "destination_cidr_block": "10.22.0.0/16",
            "id": "tgw-rtb-04a4201a722b58bbb_10.22.0.0/16",
            "transit_gateway_attachment_id": "tgw-attach-045216878971bb30d",
            "transit_gateway_route_table_id": "tgw-rtb-04a4201a722b58bbb"
          },
          "sensitive_attributes": [],
          "private": "bnVsbA==",
          "dependencies": [
            "aws_ec2_transit_gateway.London_TGW",
            "aws_ec2_transit_gateway_route_table.London",
            "aws_ec2_transit_gateway_vpc_attachment.london_vpc_attachment",
            "aws_subnet.private-eu-west-2a",
            "aws_subnet.private-eu-west-2b",
            "aws_vpc.london-vpc"
          ]
        }
      ]
    },
    {
      "mode": "managed",
      "type": "aws_ec2_transit_gateway_route",
      "name": "london_to_tokyo_route",
      "provider": "provider[\"registry.terraform.io/hashicorp/aws\"].London",
      "instances": [
        {
          "schema_version": 0,
          "attributes": {
            "blackhole": false,
            "destination_cidr_block": "10.20.0.0/16",
            "id": "tgw-rtb-04a4201a722b58bbb_10.20.0.0/16",
            "transit_gateway_attachment_id": "tgw-attach-0d87d4a41a0353bce",
            "transit_gateway_route_table_id": "tgw-rtb-04a4201a722b58bbb"
          },
          "sensitive_attributes": [],
          "private": "bnVsbA==",
          "dependencies": [
            "aws_ec2_transit_gateway.London_TGW",
            "aws_ec2_transit_gateway.Tokyo_TGW",
            "aws_ec2_transit_gateway_peering_attachment.London_to_tokyo",
            "aws_ec2_transit_gateway_peering_attachment_accepter.accept_London_to_tokyo",
            "aws_ec2_transit_gateway_route_table.London",
            "aws_vpc.tokyo-vpc"
          ]
        }
      ]
    },
    {
      "mode": "managed",
      "type": "aws_ec2_transit_gateway_route",
      "name": "tokyo_local_vpc_route",
      "provider": "provider[\"registry.terraform.io/hashicorp/aws\"].Tokyo",
      "instances": [
        {
          "schema_version": 0,
          "attributes": {
            "blackhole": false,
            "destination_cidr_block": "10.20.0.0/16",
            "id": "tgw-rtb-0108d71e5736c5ab1_10.20.0.0/16",
            "transit_gateway_attachment_id": "tgw-attach-0f1b8a6c3fd5fdf67",
            "transit_gateway_route_table_id": "tgw-rtb-0108d71e5736c5ab1"
          },
          "sensitive_attributes": [],
          "private": "bnVsbA==",
          "dependencies": [
            "aws_ec2_transit_gateway.Tokyo_TGW",
            "aws_ec2_transit_gateway_route_table.tokyo",
            "aws_ec2_transit_gateway_vpc_attachment.tokyo_vpc_attachment",
            "aws_subnet.private-ap-northeast-1a",
            "aws_subnet.private-ap-northeast-1c",
            "aws_vpc.tokyo-vpc"
          ]
        }
      ]
    },
    {
      "mode": "managed",
      "type": "aws_ec2_transit_gateway_route_table",
      "name": "Australia",
      "provider": "provider[\"registry.terraform.io/hashicorp/aws\"].Australia",
      "instances": [
        {
          "schema_version": 0,
          "attributes": {
            "arn": "arn:aws:ec2:ap-southeast-2:727646505590:transit-gateway-route-table/tgw-rtb-0424bc3dbc9c8a9e0",
            "default_association_route_table": false,
            "default_propagation_route_table": false,
            "id": "tgw-rtb-0424bc3dbc9c8a9e0",
            "tags": {
              "Name": "Australia-TGW-RTB"
            },
            "tags_all": {
              "Name": "Australia-TGW-RTB"
            },
            "transit_gateway_id": "tgw-036c913473859d4af"
          },
          "sensitive_attributes": [],
          "private": "bnVsbA==",
          "dependencies": [
            "aws_ec2_transit_gateway.Australia_TGW"
          ]
        }
      ]
    },
    {
      "mode": "managed",
      "type": "aws_ec2_transit_gateway_route_table",
      "name": "California",
      "provider": "provider[\"registry.terraform.io/hashicorp/aws\"].California",
      "instances": [
        {
          "schema_version": 0,
          "attributes": {
            "arn": "arn:aws:ec2:us-west-1:727646505590:transit-gateway-route-table/tgw-rtb-0e749b49f34c489ba",
            "default_association_route_table": false,
            "default_propagation_route_table": false,
            "id": "tgw-rtb-0e749b49f34c489ba",
            "tags": {
              "Name": "California-TGW-RTB"
            },
            "tags_all": {
              "Name": "California-TGW-RTB"
            },
            "transit_gateway_id": "tgw-0afbbd33db11489de"
          },
          "sensitive_attributes": [],
          "private": "bnVsbA==",
          "dependencies": [
            "aws_ec2_transit_gateway.California_TGW"
          ]
        }
      ]
    },
    {
      "mode": "managed",
      "type": "aws_ec2_transit_gateway_route_table",
      "name": "London",
      "provider": "provider[\"registry.terraform.io/hashicorp/aws\"].London",
      "instances": [
        {
          "schema_version": 0,
          "attributes": {
            "arn": "arn:aws:ec2:eu-west-2:727646505590:transit-gateway-route-table/tgw-rtb-04a4201a722b58bbb",
            "default_association_route_table": false,
            "default_propagation_route_table": false,
            "id": "tgw-rtb-04a4201a722b58bbb",
            "tags": {
              "Name": "London-TGW-RTB"
            },
            "tags_all": {
              "Name": "London-TGW-RTB"
            },
            "transit_gateway_id": "tgw-0a22da1a244473d80"
          },
          "sensitive_attributes": [],
          "private": "bnVsbA==",
          "dependencies": [
            "aws_ec2_transit_gateway.London_TGW"
          ]
        }
      ]
    },
    {
      "mode": "managed",
      "type": "aws_ec2_transit_gateway_route_table",
      "name": "New_York",
      "provider": "provider[\"registry.terraform.io/hashicorp/aws\"].New-York",
      "instances": [
        {
          "schema_version": 0,
          "attributes": {
            "arn": "arn:aws:ec2:us-east-1:727646505590:transit-gateway-route-table/tgw-rtb-0580ff8f5e19efcff",
            "default_association_route_table": false,
            "default_propagation_route_table": false,
            "id": "tgw-rtb-0580ff8f5e19efcff",
            "tags": {
              "Name": "New-York-TGW-RTB"
            },
            "tags_all": {
              "Name": "New-York-TGW-RTB"
            },
            "transit_gateway_id": "tgw-0f6e44a7c3fc5776d"
          },
          "sensitive_attributes": [],
          "private": "bnVsbA==",
          "dependencies": [
            "aws_ec2_transit_gateway.New_York_TGW"
          ]
        }
      ]
    },
    {
      "mode": "managed",
      "type": "aws_ec2_transit_gateway_route_table",
      "name": "Sao_Paulo",
      "provider": "provider[\"registry.terraform.io/hashicorp/aws\"].Sao-Paulo",
      "instances": [
        {
          "schema_version": 0,
          "attributes": {
            "arn": "arn:aws:ec2:sa-east-1:727646505590:transit-gateway-route-table/tgw-rtb-036c5b85b7294e6a8",
            "default_association_route_table": false,
            "default_propagation_route_table": false,
            "id": "tgw-rtb-036c5b85b7294e6a8",
            "tags": {
              "Name": "Sao-Paulo-TGW-RTB"
            },
            "tags_all": {
              "Name": "Sao-Paulo-TGW-RTB"
            },
            "transit_gateway_id": "tgw-092ba7b9a92464f94"
          },
          "sensitive_attributes": [],
          "private": "bnVsbA==",
          "dependencies": [
            "aws_ec2_transit_gateway.Sao_Paulo_TGW"
          ]
        }
      ]
    },
    {
      "mode": "managed",
      "type": "aws_ec2_transit_gateway_route_table",
      "name": "hong_kong",
      "provider": "provider[\"registry.terraform.io/hashicorp/aws\"].Hong-Kong",
      "instances": [
        {
          "schema_version": 0,
          "attributes": {
            "arn": "arn:aws:ec2:ap-east-1:727646505590:transit-gateway-route-table/tgw-rtb-07bb7f24f27e2b46d",
            "default_association_route_table": false,
            "default_propagation_route_table": false,
            "id": "tgw-rtb-07bb7f24f27e2b46d",
            "tags": {
              "Name": "Hong-Kong-TGW-RTB"
            },
            "tags_all": {
              "Name": "Hong-Kong-TGW-RTB"
            },
            "transit_gateway_id": "tgw-0dc2e80c24b60718e"
          },
          "sensitive_attributes": [],
          "private": "bnVsbA==",
          "dependencies": [
            "aws_ec2_transit_gateway.Hong_Kong_TGW"
          ]
        }
      ]
    },
    {
      "mode": "managed",
      "type": "aws_ec2_transit_gateway_route_table",
      "name": "tokyo",
      "provider": "provider[\"registry.terraform.io/hashicorp/aws\"].Tokyo",
      "instances": [
        {
          "schema_version": 0,
          "attributes": {
            "arn": "arn:aws:ec2:ap-northeast-1:727646505590:transit-gateway-route-table/tgw-rtb-0108d71e5736c5ab1",
            "default_association_route_table": false,
            "default_propagation_route_table": false,
            "id": "tgw-rtb-0108d71e5736c5ab1",
            "tags": {
              "Name": "Tokyo-TGW-RTB"
            },
            "tags_all": {
              "Name": "Tokyo-TGW-RTB"
            },
            "transit_gateway_id": "tgw-0c0eeb5b11952368a"
          },
          "sensitive_attributes": [],
          "private": "bnVsbA==",
          "dependencies": [
            "aws_ec2_transit_gateway.Tokyo_TGW"
          ]
        }
      ]
    },
    {
      "mode": "managed",
      "type": "aws_ec2_transit_gateway_route_table_association",
      "name": "California_vpc_association",
      "provider": "provider[\"registry.terraform.io/hashicorp/aws\"].California",
      "instances": [
        {
          "schema_version": 0,
          "attributes": {
            "id": "tgw-rtb-0e749b49f34c489ba_tgw-attach-0dff26fe24c611a74",
            "resource_id": "vpc-002cade745668b9bd",
            "resource_type": "vpc",
            "transit_gateway_attachment_id": "tgw-attach-0dff26fe24c611a74",
            "transit_gateway_route_table_id": "tgw-rtb-0e749b49f34c489ba"
          },
          "sensitive_attributes": [],
          "private": "bnVsbA==",
          "dependencies": [
            "aws_ec2_transit_gateway.California_TGW",
            "aws_ec2_transit_gateway_route_table.California",
            "aws_ec2_transit_gateway_vpc_attachment.california_vpc_attachment",
            "aws_subnet.private-us-west-1b",
            "aws_subnet.private-us-west-1c",
            "aws_vpc.california-vpc"
          ]
        }
      ]
    },
    {
      "mode": "managed",
      "type": "aws_ec2_transit_gateway_route_table_association",
      "name": "New_York_vpc_association",
      "provider": "provider[\"registry.terraform.io/hashicorp/aws\"].New-York",
      "instances": [
        {
          "schema_version": 0,
          "attributes": {
            "id": "tgw-rtb-0580ff8f5e19efcff_tgw-attach-01e0adcfb1b8f1e60",
            "resource_id": "vpc-0a590e9ccfad31ab0",
            "resource_type": "vpc",
            "transit_gateway_attachment_id": "tgw-attach-01e0adcfb1b8f1e60",
            "transit_gateway_route_table_id": "tgw-rtb-0580ff8f5e19efcff"
          },
          "sensitive_attributes": [],
          "private": "bnVsbA==",
          "dependencies": [
            "aws_ec2_transit_gateway.New_York_TGW",
            "aws_ec2_transit_gateway_route_table.New_York",
            "aws_ec2_transit_gateway_vpc_attachment.new_york_vpc_attachment",
            "aws_subnet.private-us-east-1a",
            "aws_subnet.private-us-east-1b",
            "aws_vpc.new-york-vpc"
          ]
        }
      ]
    },
    {
      "mode": "managed",
      "type": "aws_ec2_transit_gateway_route_table_association",
      "name": "Sao_Paulo_vpc_association",
      "provider": "provider[\"registry.terraform.io/hashicorp/aws\"].Sao-Paulo",
      "instances": [
        {
          "schema_version": 0,
          "attributes": {
            "id": "tgw-rtb-036c5b85b7294e6a8_tgw-attach-0f18fdc0bdc213315",
            "resource_id": "vpc-032cae30f2e9d5d7e",
            "resource_type": "vpc",
            "transit_gateway_attachment_id": "tgw-attach-0f18fdc0bdc213315",
            "transit_gateway_route_table_id": "tgw-rtb-036c5b85b7294e6a8"
          },
          "sensitive_attributes": [],
          "private": "bnVsbA==",
          "dependencies": [
            "aws_ec2_transit_gateway.Sao_Paulo_TGW",
            "aws_ec2_transit_gateway_route_table.Sao_Paulo",
            "aws_ec2_transit_gateway_vpc_attachment.sao_paulo_vpc_attachment",
            "aws_subnet.private-sa-east-1a",
            "aws_subnet.private-sa-east-1c",
            "aws_vpc.sao-paulo-vpc"
          ]
        }
      ]
    },
    {
      "mode": "managed",
      "type": "aws_ec2_transit_gateway_route_table_association",
      "name": "australia_vpc_association",
      "provider": "provider[\"registry.terraform.io/hashicorp/aws\"].Australia",
      "instances": [
        {
          "schema_version": 0,
          "attributes": {
            "id": "tgw-rtb-0424bc3dbc9c8a9e0_tgw-attach-0b142e1292111d83c",
            "resource_id": "vpc-00f530dc2c9fafbf5",
            "resource_type": "vpc",
            "transit_gateway_attachment_id": "tgw-attach-0b142e1292111d83c",
            "transit_gateway_route_table_id": "tgw-rtb-0424bc3dbc9c8a9e0"
          },
          "sensitive_attributes": [],
          "private": "bnVsbA==",
          "dependencies": [
            "aws_ec2_transit_gateway.Australia_TGW",
            "aws_ec2_transit_gateway_route_table.Australia",
            "aws_ec2_transit_gateway_vpc_attachment.australia_vpc_attachment",
            "aws_subnet.private-ap-southeast-2a",
            "aws_subnet.private-ap-southeast-2b",
            "aws_vpc.australia-vpc"
          ]
        }
      ]
    },
    {
      "mode": "managed",
      "type": "aws_ec2_transit_gateway_route_table_association",
      "name": "hong_kong_vpc_association",
      "provider": "provider[\"registry.terraform.io/hashicorp/aws\"].Hong-Kong",
      "instances": [
        {
          "schema_version": 0,
          "attributes": {
            "id": "tgw-rtb-07bb7f24f27e2b46d_tgw-attach-0dcfbf4cabe33acc4",
            "resource_id": "vpc-09c410cd86c1117d9",
            "resource_type": "vpc",
            "transit_gateway_attachment_id": "tgw-attach-0dcfbf4cabe33acc4",
            "transit_gateway_route_table_id": "tgw-rtb-07bb7f24f27e2b46d"
          },
          "sensitive_attributes": [],
          "private": "bnVsbA==",
          "dependencies": [
            "aws_ec2_transit_gateway.Hong_Kong_TGW",
            "aws_ec2_transit_gateway_route_table.hong_kong",
            "aws_ec2_transit_gateway_vpc_attachment.hong_kong_vpc_attachment",
            "aws_subnet.private-ap-east-1a",
            "aws_subnet.private-ap-east-1b",
            "aws_vpc.hong-kong-vpc"
          ]
        }
      ]
    },
    {
      "mode": "managed",
      "type": "aws_ec2_transit_gateway_route_table_association",
      "name": "london_vpc_association",
      "provider": "provider[\"registry.terraform.io/hashicorp/aws\"].London",
      "instances": [
        {
          "schema_version": 0,
          "attributes": {
            "id": "tgw-rtb-04a4201a722b58bbb_tgw-attach-045216878971bb30d",
            "resource_id": "vpc-085861e1f0d0955d0",
            "resource_type": "vpc",
            "transit_gateway_attachment_id": "tgw-attach-045216878971bb30d",
            "transit_gateway_route_table_id": "tgw-rtb-04a4201a722b58bbb"
          },
          "sensitive_attributes": [],
          "private": "bnVsbA==",
          "dependencies": [
            "aws_ec2_transit_gateway.London_TGW",
            "aws_ec2_transit_gateway_route_table.London",
            "aws_ec2_transit_gateway_vpc_attachment.london_vpc_attachment",
            "aws_subnet.private-eu-west-2a",
            "aws_subnet.private-eu-west-2b",
            "aws_vpc.london-vpc"
          ]
        }
      ]
    },
    {
      "mode": "managed",
      "type": "aws_ec2_transit_gateway_route_table_association",
      "name": "tokyo_vpc_association",
      "provider": "provider[\"registry.terraform.io/hashicorp/aws\"].Tokyo",
      "instances": [
        {
          "schema_version": 0,
          "attributes": {
            "id": "tgw-rtb-0108d71e5736c5ab1_tgw-attach-0f1b8a6c3fd5fdf67",
            "resource_id": "vpc-047b581d5bf1390dd",
            "resource_type": "vpc",
            "transit_gateway_attachment_id": "tgw-attach-0f1b8a6c3fd5fdf67",
            "transit_gateway_route_table_id": "tgw-rtb-0108d71e5736c5ab1"
          },
          "sensitive_attributes": [],
          "private": "bnVsbA==",
          "dependencies": [
            "aws_ec2_transit_gateway.Tokyo_TGW",
            "aws_ec2_transit_gateway_route_table.tokyo",
            "aws_ec2_transit_gateway_vpc_attachment.tokyo_vpc_attachment",
            "aws_subnet.private-ap-northeast-1a",
            "aws_subnet.private-ap-northeast-1c",
            "aws_vpc.tokyo-vpc"
          ]
        }
      ]
    },
    {
      "mode": "managed",
      "type": "aws_ec2_transit_gateway_vpc_attachment",
      "name": "australia_vpc_attachment",
      "provider": "provider[\"registry.terraform.io/hashicorp/aws\"].Australia",
      "instances": [
        {
          "schema_version": 0,
          "attributes": {
            "appliance_mode_support": "disable",
            "dns_support": "enable",
            "id": "tgw-attach-0b142e1292111d83c",
            "ipv6_support": "disable",
            "subnet_ids": [
              "subnet-051f4c45518057170",
              "subnet-08c6774abac5bae1f"
            ],
            "tags": {
              "Name": "Australia_VPC_Attachment"
            },
            "tags_all": {
              "Name": "Australia_VPC_Attachment"
            },
            "transit_gateway_default_route_table_association": false,
            "transit_gateway_default_route_table_propagation": false,
            "transit_gateway_id": "tgw-036c913473859d4af",
            "vpc_id": "vpc-00f530dc2c9fafbf5",
            "vpc_owner_id": "727646505590"
          },
          "sensitive_attributes": [],
          "private": "bnVsbA==",
          "dependencies": [
            "aws_ec2_transit_gateway.Australia_TGW",
            "aws_subnet.private-ap-southeast-2a",
            "aws_subnet.private-ap-southeast-2b",
            "aws_vpc.australia-vpc"
          ]
        }
      ]
    },
    {
      "mode": "managed",
      "type": "aws_ec2_transit_gateway_vpc_attachment",
      "name": "california_vpc_attachment",
      "provider": "provider[\"registry.terraform.io/hashicorp/aws\"].California",
      "instances": [
        {
          "schema_version": 0,
          "attributes": {
            "appliance_mode_support": "disable",
            "dns_support": "enable",
            "id": "tgw-attach-0dff26fe24c611a74",
            "ipv6_support": "disable",
            "subnet_ids": [
              "subnet-049b7d5a10e04dba6",
              "subnet-0da65b547b6b8f477"
            ],
            "tags": {
              "Name": "California_VPC_Attachment"
            },
            "tags_all": {
              "Name": "California_VPC_Attachment"
            },
            "transit_gateway_default_route_table_association": false,
            "transit_gateway_default_route_table_propagation": false,
            "transit_gateway_id": "tgw-0afbbd33db11489de",
            "vpc_id": "vpc-002cade745668b9bd",
            "vpc_owner_id": "727646505590"
          },
          "sensitive_attributes": [],
          "private": "bnVsbA==",
          "dependencies": [
            "aws_ec2_transit_gateway.California_TGW",
            "aws_subnet.private-us-west-1b",
            "aws_subnet.private-us-west-1c",
            "aws_vpc.california-vpc"
          ]
        }
      ]
    },
    {
      "mode": "managed",
      "type": "aws_ec2_transit_gateway_vpc_attachment",
      "name": "hong_kong_vpc_attachment",
      "provider": "provider[\"registry.terraform.io/hashicorp/aws\"].Hong-Kong",
      "instances": [
        {
          "schema_version": 0,
          "attributes": {
            "appliance_mode_support": "disable",
            "dns_support": "enable",
            "id": "tgw-attach-0dcfbf4cabe33acc4",
            "ipv6_support": "disable",
            "subnet_ids": [
              "subnet-079152f2b7c773fb7",
              "subnet-0fd6045c44d74544c"
            ],
            "tags": {
              "Name": "Hong_Kong_VPC_Attachment"
            },
            "tags_all": {
              "Name": "Hong_Kong_VPC_Attachment"
            },
            "transit_gateway_default_route_table_association": false,
            "transit_gateway_default_route_table_propagation": false,
            "transit_gateway_id": "tgw-0dc2e80c24b60718e",
            "vpc_id": "vpc-09c410cd86c1117d9",
            "vpc_owner_id": "727646505590"
          },
          "sensitive_attributes": [],
          "private": "bnVsbA==",
          "dependencies": [
            "aws_ec2_transit_gateway.Hong_Kong_TGW",
            "aws_subnet.private-ap-east-1a",
            "aws_subnet.private-ap-east-1b",
            "aws_vpc.hong-kong-vpc"
          ]
        }
      ]
    },
    {
      "mode": "managed",
      "type": "aws_ec2_transit_gateway_vpc_attachment",
      "name": "london_vpc_attachment",
      "provider": "provider[\"registry.terraform.io/hashicorp/aws\"].London",
      "instances": [
        {
          "schema_version": 0,
          "attributes": {
            "appliance_mode_support": "disable",
            "dns_support": "enable",
            "id": "tgw-attach-045216878971bb30d",
            "ipv6_support": "disable",
            "subnet_ids": [
              "subnet-062b00e70cf2e67a5",
              "subnet-09c516c3e122d3780"
            ],
            "tags": {
              "Name": "London_VPC_Attachment"
            },
            "tags_all": {
              "Name": "London_VPC_Attachment"
            },
            "transit_gateway_default_route_table_association": false,
            "transit_gateway_default_route_table_propagation": false,
            "transit_gateway_id": "tgw-0a22da1a244473d80",
            "vpc_id": "vpc-085861e1f0d0955d0",
            "vpc_owner_id": "727646505590"
          },
          "sensitive_attributes": [],
          "private": "bnVsbA==",
          "dependencies": [
            "aws_ec2_transit_gateway.London_TGW",
            "aws_subnet.private-eu-west-2a",
            "aws_subnet.private-eu-west-2b",
            "aws_vpc.london-vpc"
          ]
        }
      ]
    },
    {
      "mode": "managed",
      "type": "aws_ec2_transit_gateway_vpc_attachment",
      "name": "new_york_vpc_attachment",
      "provider": "provider[\"registry.terraform.io/hashicorp/aws\"].New-York",
      "instances": [
        {
          "schema_version": 0,
          "attributes": {
            "appliance_mode_support": "disable",
            "dns_support": "enable",
            "id": "tgw-attach-01e0adcfb1b8f1e60",
            "ipv6_support": "disable",
            "subnet_ids": [
              "subnet-0d220c0cce3459626",
              "subnet-0fc9851c0cddb6283"
            ],
            "tags": {
              "Name": "New_York_VPC_Attachment"
            },
            "tags_all": {
              "Name": "New_York_VPC_Attachment"
            },
            "transit_gateway_default_route_table_association": false,
            "transit_gateway_default_route_table_propagation": false,
            "transit_gateway_id": "tgw-0f6e44a7c3fc5776d",
            "vpc_id": "vpc-0a590e9ccfad31ab0",
            "vpc_owner_id": "727646505590"
          },
          "sensitive_attributes": [],
          "private": "bnVsbA==",
          "dependencies": [
            "aws_ec2_transit_gateway.New_York_TGW",
            "aws_subnet.private-us-east-1a",
            "aws_subnet.private-us-east-1b",
            "aws_vpc.new-york-vpc"
          ]
        }
      ]
    },
    {
      "mode": "managed",
      "type": "aws_ec2_transit_gateway_vpc_attachment",
      "name": "sao_paulo_vpc_attachment",
      "provider": "provider[\"registry.terraform.io/hashicorp/aws\"].Sao-Paulo",
      "instances": [
        {
          "schema_version": 0,
          "attributes": {
            "appliance_mode_support": "disable",
            "dns_support": "enable",
            "id": "tgw-attach-0f18fdc0bdc213315",
            "ipv6_support": "disable",
            "subnet_ids": [
              "subnet-08a0f90f3740b901d",
              "subnet-08da2b177c77d913f"
            ],
            "tags": {
              "Name": "Sao_Paulo_VPC_Attachment"
            },
            "tags_all": {
              "Name": "Sao_Paulo_VPC_Attachment"
            },
            "transit_gateway_default_route_table_association": false,
            "transit_gateway_default_route_table_propagation": false,
            "transit_gateway_id": "tgw-092ba7b9a92464f94",
            "vpc_id": "vpc-032cae30f2e9d5d7e",
            "vpc_owner_id": "727646505590"
          },
          "sensitive_attributes": [],
          "private": "bnVsbA==",
          "dependencies": [
            "aws_ec2_transit_gateway.Sao_Paulo_TGW",
            "aws_subnet.private-sa-east-1a",
            "aws_subnet.private-sa-east-1c",
            "aws_vpc.sao-paulo-vpc"
          ]
        }
      ]
    },
    {
      "mode": "managed",
      "type": "aws_ec2_transit_gateway_vpc_attachment",
      "name": "tokyo_vpc_attachment",
      "provider": "provider[\"registry.terraform.io/hashicorp/aws\"].Tokyo",
      "instances": [
        {
          "schema_version": 0,
          "attributes": {
            "appliance_mode_support": "disable",
            "dns_support": "enable",
            "id": "tgw-attach-0f1b8a6c3fd5fdf67",
            "ipv6_support": "disable",
            "subnet_ids": [
              "subnet-0257d7d7b10613472",
              "subnet-0e7633e230970d84d"
            ],
            "tags": {
              "Name": "Tokyo_VPC_Attachment"
            },
            "tags_all": {
              "Name": "Tokyo_VPC_Attachment"
            },
            "transit_gateway_default_route_table_association": false,
            "transit_gateway_default_route_table_propagation": false,
            "transit_gateway_id": "tgw-0c0eeb5b11952368a",
            "vpc_id": "vpc-047b581d5bf1390dd",
            "vpc_owner_id": "727646505590"
          },
          "sensitive_attributes": [],
          "private": "bnVsbA==",
          "dependencies": [
            "aws_ec2_transit_gateway.Tokyo_TGW",
            "aws_subnet.private-ap-northeast-1a",
            "aws_subnet.private-ap-northeast-1c",
            "aws_vpc.tokyo-vpc"
          ]
        }
      ]
    },
    {
      "mode": "managed",
      "type": "aws_eip",
      "name": "australia",
      "provider": "provider[\"registry.terraform.io/hashicorp/aws\"].Australia",
      "instances": [
        {
          "schema_version": 0,
          "attributes": {
            "address": null,
            "allocation_id": "eipalloc-0dff9731bda9693da",
            "associate_with_private_ip": null,
            "association_id": "eipassoc-0a74fc94ceaedcca3",
            "carrier_ip": "",
            "customer_owned_ip": "",
            "customer_owned_ipv4_pool": "",
            "domain": "vpc",
            "id": "eipalloc-0dff9731bda9693da",
            "instance": "",
            "network_border_group": "ap-southeast-2",
            "network_interface": "eni-039de8cbe3b86a852",
            "private_dns": "ip-10-25-1-13.ap-southeast-2.compute.internal",
            "private_ip": "10.25.1.13",
            "public_dns": "ec2-54-79-171-117.ap-southeast-2.compute.amazonaws.com",
            "public_ip": "54.79.171.117",
            "public_ipv4_pool": "amazon",
            "tags": {},
            "tags_all": {},
            "timeouts": null,
            "vpc": true
          },
          "sensitive_attributes": [],
          "private": "eyJlMmJmYjczMC1lY2FhLTExZTYtOGY4OC0zNDM2M2JjN2M0YzAiOnsiZGVsZXRlIjoxODAwMDAwMDAwMDAsInJlYWQiOjkwMDAwMDAwMDAwMCwidXBkYXRlIjozMDAwMDAwMDAwMDB9fQ=="
        }
      ]
    },
    {
      "mode": "managed",
      "type": "aws_eip",
      "name": "california",
      "provider": "provider[\"registry.terraform.io/hashicorp/aws\"].California",
      "instances": [
        {
          "schema_version": 0,
          "attributes": {
            "address": null,
            "allocation_id": "eipalloc-06d9910bd33374a20",
            "associate_with_private_ip": null,
            "association_id": "eipassoc-0a96dcc159fbed531",
            "carrier_ip": "",
            "customer_owned_ip": "",
            "customer_owned_ipv4_pool": "",
            "domain": "vpc",
            "id": "eipalloc-06d9910bd33374a20",
            "instance": "",
            "network_border_group": "us-west-1",
            "network_interface": "eni-0da2d66d11f1166ae",
            "private_dns": "ip-10-24-1-64.us-west-1.compute.internal",
            "private_ip": "10.24.1.64",
            "public_dns": "ec2-52-9-242-179.us-west-1.compute.amazonaws.com",
            "public_ip": "52.9.242.179",
            "public_ipv4_pool": "amazon",
            "tags": {},
            "tags_all": {},
            "timeouts": null,
            "vpc": true
          },
          "sensitive_attributes": [],
          "private": "eyJlMmJmYjczMC1lY2FhLTExZTYtOGY4OC0zNDM2M2JjN2M0YzAiOnsiZGVsZXRlIjoxODAwMDAwMDAwMDAsInJlYWQiOjkwMDAwMDAwMDAwMCwidXBkYXRlIjozMDAwMDAwMDAwMDB9fQ=="
        }
      ]
    },
    {
      "mode": "managed",
      "type": "aws_eip",
      "name": "hong_kong",
      "provider": "provider[\"registry.terraform.io/hashicorp/aws\"].Hong-Kong",
      "instances": [
        {
          "schema_version": 0,
          "attributes": {
            "address": null,
            "allocation_id": "eipalloc-0493898a8a89f61fb",
            "associate_with_private_ip": null,
            "association_id": "eipassoc-019c1704beee8c15f",
            "carrier_ip": "",
            "customer_owned_ip": "",
            "customer_owned_ipv4_pool": "",
            "domain": "vpc",
            "id": "eipalloc-0493898a8a89f61fb",
            "instance": "",
            "network_border_group": "ap-east-1",
            "network_interface": "eni-06f510d8b1370695d",
            "private_dns": "ip-10-21-1-58.ap-east-1.compute.internal",
            "private_ip": "10.21.1.58",
            "public_dns": "ec2-16-162-6-240.ap-east-1.compute.amazonaws.com",
            "public_ip": "16.162.6.240",
            "public_ipv4_pool": "amazon",
            "tags": {},
            "tags_all": {},
            "timeouts": null,
            "vpc": true
          },
          "sensitive_attributes": [],
          "private": "eyJlMmJmYjczMC1lY2FhLTExZTYtOGY4OC0zNDM2M2JjN2M0YzAiOnsiZGVsZXRlIjoxODAwMDAwMDAwMDAsInJlYWQiOjkwMDAwMDAwMDAwMCwidXBkYXRlIjozMDAwMDAwMDAwMDB9fQ=="
        }
      ]
    },
    {
      "mode": "managed",
      "type": "aws_eip",
      "name": "london",
      "provider": "provider[\"registry.terraform.io/hashicorp/aws\"].London",
      "instances": [
        {
          "schema_version": 0,
          "attributes": {
            "address": null,
            "allocation_id": "eipalloc-09b35fb7dec09c8f8",
            "associate_with_private_ip": null,
            "association_id": "eipassoc-050326a7514727271",
            "carrier_ip": "",
            "customer_owned_ip": "",
            "customer_owned_ipv4_pool": "",
            "domain": "vpc",
            "id": "eipalloc-09b35fb7dec09c8f8",
            "instance": "",
            "network_border_group": "eu-west-2",
            "network_interface": "eni-049445c570d424889",
            "private_dns": "ip-10-22-1-216.eu-west-2.compute.internal",
            "private_ip": "10.22.1.216",
            "public_dns": "ec2-18-170-139-69.eu-west-2.compute.amazonaws.com",
            "public_ip": "18.170.139.69",
            "public_ipv4_pool": "amazon",
            "tags": {},
            "tags_all": {},
            "timeouts": null,
            "vpc": true
          },
          "sensitive_attributes": [],
          "private": "eyJlMmJmYjczMC1lY2FhLTExZTYtOGY4OC0zNDM2M2JjN2M0YzAiOnsiZGVsZXRlIjoxODAwMDAwMDAwMDAsInJlYWQiOjkwMDAwMDAwMDAwMCwidXBkYXRlIjozMDAwMDAwMDAwMDB9fQ=="
        }
      ]
    },
    {
      "mode": "managed",
      "type": "aws_eip",
      "name": "new_york",
      "provider": "provider[\"registry.terraform.io/hashicorp/aws\"].New-York",
      "instances": [
        {
          "schema_version": 0,
          "attributes": {
            "address": null,
            "allocation_id": "eipalloc-0cdc3ee82f0047441",
            "associate_with_private_ip": null,
            "association_id": "eipassoc-0bfef030ae32a712d",
            "carrier_ip": "",
            "customer_owned_ip": "",
            "customer_owned_ipv4_pool": "",
            "domain": "vpc",
            "id": "eipalloc-0cdc3ee82f0047441",
            "instance": "",
            "network_border_group": "us-east-1",
            "network_interface": "eni-0bbda2122a49e8e5a",
            "private_dns": "ip-10-26-1-167.ec2.internal",
            "private_ip": "10.26.1.167",
            "public_dns": "ec2-34-193-37-45.compute-1.amazonaws.com",
            "public_ip": "34.193.37.45",
            "public_ipv4_pool": "amazon",
            "tags": {},
            "tags_all": {},
            "timeouts": null,
            "vpc": true
          },
          "sensitive_attributes": [],
          "private": "eyJlMmJmYjczMC1lY2FhLTExZTYtOGY4OC0zNDM2M2JjN2M0YzAiOnsiZGVsZXRlIjoxODAwMDAwMDAwMDAsInJlYWQiOjkwMDAwMDAwMDAwMCwidXBkYXRlIjozMDAwMDAwMDAwMDB9fQ=="
        }
      ]
    },
    {
      "mode": "managed",
      "type": "aws_eip",
      "name": "sao_paulo",
      "provider": "provider[\"registry.terraform.io/hashicorp/aws\"].Sao-Paulo",
      "instances": [
        {
          "schema_version": 0,
          "attributes": {
            "address": null,
            "allocation_id": "eipalloc-0ee24c27c5e3b5ef2",
            "associate_with_private_ip": null,
            "association_id": "eipassoc-0e938ffde96030dd9",
            "carrier_ip": "",
            "customer_owned_ip": "",
            "customer_owned_ipv4_pool": "",
            "domain": "vpc",
            "id": "eipalloc-0ee24c27c5e3b5ef2",
            "instance": "",
            "network_border_group": "sa-east-1",
            "network_interface": "eni-08cc3804168e94053",
            "private_dns": "ip-10-23-1-29.sa-east-1.compute.internal",
            "private_ip": "10.23.1.29",
            "public_dns": "ec2-15-229-196-229.sa-east-1.compute.amazonaws.com",
            "public_ip": "15.229.196.229",
            "public_ipv4_pool": "amazon",
            "tags": {},
            "tags_all": {},
            "timeouts": null,
            "vpc": true
          },
          "sensitive_attributes": [],
          "private": "eyJlMmJmYjczMC1lY2FhLTExZTYtOGY4OC0zNDM2M2JjN2M0YzAiOnsiZGVsZXRlIjoxODAwMDAwMDAwMDAsInJlYWQiOjkwMDAwMDAwMDAwMCwidXBkYXRlIjozMDAwMDAwMDAwMDB9fQ=="
        }
      ]
    },
    {
      "mode": "managed",
      "type": "aws_eip",
      "name": "tokyo",
      "provider": "provider[\"registry.terraform.io/hashicorp/aws\"].Tokyo",
      "instances": [
        {
          "schema_version": 0,
          "attributes": {
            "address": null,
            "allocation_id": "eipalloc-017f68ff56da23877",
            "associate_with_private_ip": null,
            "association_id": "eipassoc-09b73c1cd545e034c",
            "carrier_ip": "",
            "customer_owned_ip": "",
            "customer_owned_ipv4_pool": "",
            "domain": "vpc",
            "id": "eipalloc-017f68ff56da23877",
            "instance": "",
            "network_border_group": "ap-northeast-1",
            "network_interface": "eni-016c546ea7c194b87",
            "private_dns": "ip-10-20-1-172.ap-northeast-1.compute.internal",
            "private_ip": "10.20.1.172",
            "public_dns": "ec2-13-230-224-156.ap-northeast-1.compute.amazonaws.com",
            "public_ip": "13.230.224.156",
            "public_ipv4_pool": "amazon",
            "tags": {},
            "tags_all": {},
            "timeouts": null,
            "vpc": true
          },
          "sensitive_attributes": [],
          "private": "eyJlMmJmYjczMC1lY2FhLTExZTYtOGY4OC0zNDM2M2JjN2M0YzAiOnsiZGVsZXRlIjoxODAwMDAwMDAwMDAsInJlYWQiOjkwMDAwMDAwMDAwMCwidXBkYXRlIjozMDAwMDAwMDAwMDB9fQ=="
        }
      ]
    },
    {
      "mode": "managed",
      "type": "aws_internet_gateway",
      "name": "australia",
      "provider": "provider[\"registry.terraform.io/hashicorp/aws\"].Australia",
      "instances": [
        {
          "schema_version": 0,
          "attributes": {
            "arn": "arn:aws:ec2:ap-southeast-2:727646505590:internet-gateway/igw-0377bb1433873dcb9",
            "id": "igw-0377bb1433873dcb9",
            "owner_id": "727646505590",
            "tags": {},
            "tags_all": {},
            "vpc_id": "vpc-00f530dc2c9fafbf5"
          },
          "sensitive_attributes": [],
          "private": "bnVsbA==",
          "dependencies": [
            "aws_vpc.australia-vpc"
          ]
        }
      ]
    },
    {
      "mode": "managed",
      "type": "aws_internet_gateway",
      "name": "california",
      "provider": "provider[\"registry.terraform.io/hashicorp/aws\"].California",
      "instances": [
        {
          "schema_version": 0,
          "attributes": {
            "arn": "arn:aws:ec2:us-west-1:727646505590:internet-gateway/igw-00268a2a1051ecf26",
            "id": "igw-00268a2a1051ecf26",
            "owner_id": "727646505590",
            "tags": {},
            "tags_all": {},
            "vpc_id": "vpc-002cade745668b9bd"
          },
          "sensitive_attributes": [],
          "private": "bnVsbA==",
          "dependencies": [
            "aws_vpc.california-vpc"
          ]
        }
      ]
    },
    {
      "mode": "managed",
      "type": "aws_internet_gateway",
      "name": "hong-kong",
      "provider": "provider[\"registry.terraform.io/hashicorp/aws\"].Hong-Kong",
      "instances": [
        {
          "schema_version": 0,
          "attributes": {
            "arn": "arn:aws:ec2:ap-east-1:727646505590:internet-gateway/igw-0d30089599669c4f6",
            "id": "igw-0d30089599669c4f6",
            "owner_id": "727646505590",
            "tags": {},
            "tags_all": {},
            "vpc_id": "vpc-09c410cd86c1117d9"
          },
          "sensitive_attributes": [],
          "private": "bnVsbA==",
          "dependencies": [
            "aws_vpc.hong-kong-vpc"
          ]
        }
      ]
    },
    {
      "mode": "managed",
      "type": "aws_internet_gateway",
      "name": "london",
      "provider": "provider[\"registry.terraform.io/hashicorp/aws\"].London",
      "instances": [
        {
          "schema_version": 0,
          "attributes": {
            "arn": "arn:aws:ec2:eu-west-2:727646505590:internet-gateway/igw-0f29334ce4b041f38",
            "id": "igw-0f29334ce4b041f38",
            "owner_id": "727646505590",
            "tags": {},
            "tags_all": {},
            "vpc_id": "vpc-085861e1f0d0955d0"
          },
          "sensitive_attributes": [],
          "private": "bnVsbA==",
          "dependencies": [
            "aws_vpc.london-vpc"
          ]
        }
      ]
    },
    {
      "mode": "managed",
      "type": "aws_internet_gateway",
      "name": "new_york",
      "provider": "provider[\"registry.terraform.io/hashicorp/aws\"].New-York",
      "instances": [
        {
          "schema_version": 0,
          "attributes": {
            "arn": "arn:aws:ec2:us-east-1:727646505590:internet-gateway/igw-0f633917408d2f1ba",
            "id": "igw-0f633917408d2f1ba",
            "owner_id": "727646505590",
            "tags": {},
            "tags_all": {},
            "vpc_id": "vpc-0a590e9ccfad31ab0"
          },
          "sensitive_attributes": [],
          "private": "bnVsbA==",
          "dependencies": [
            "aws_vpc.new-york-vpc"
          ]
        }
      ]
    },
    {
      "mode": "managed",
      "type": "aws_internet_gateway",
      "name": "sao-paulo",
      "provider": "provider[\"registry.terraform.io/hashicorp/aws\"].Sao-Paulo",
      "instances": [
        {
          "schema_version": 0,
          "attributes": {
            "arn": "arn:aws:ec2:sa-east-1:727646505590:internet-gateway/igw-020a201e5ce5c5a7b",
            "id": "igw-020a201e5ce5c5a7b",
            "owner_id": "727646505590",
            "tags": {},
            "tags_all": {},
            "vpc_id": "vpc-032cae30f2e9d5d7e"
          },
          "sensitive_attributes": [],
          "private": "bnVsbA==",
          "dependencies": [
            "aws_vpc.sao-paulo-vpc"
          ]
        }
      ]
    },
    {
      "mode": "managed",
      "type": "aws_internet_gateway",
      "name": "tokyo",
      "provider": "provider[\"registry.terraform.io/hashicorp/aws\"].Tokyo",
      "instances": [
        {
          "schema_version": 0,
          "attributes": {
            "arn": "arn:aws:ec2:ap-northeast-1:727646505590:internet-gateway/igw-072e39b263638b78d",
            "id": "igw-072e39b263638b78d",
            "owner_id": "727646505590",
            "tags": {},
            "tags_all": {},
            "vpc_id": "vpc-047b581d5bf1390dd"
          },
          "sensitive_attributes": [],
          "private": "bnVsbA==",
          "dependencies": [
            "aws_vpc.tokyo-vpc"
          ]
        }
      ]
    },
    {
      "mode": "managed",
      "type": "aws_key_pair",
      "name": "australia",
      "provider": "provider[\"registry.terraform.io/hashicorp/aws\"].Australia",
      "instances": [
        {
          "schema_version": 1,
          "attributes": {
            "arn": "arn:aws:ec2:ap-southeast-2:727646505590:key-pair/terraform-20250118211623615100000001",
            "fingerprint": "f8:70:43:c8:17:c0:a1:6c:7b:b8:81:67:a7:db:c2:1b",
            "id": "terraform-20250118211623615100000001",
            "key_name": "terraform-20250118211623615100000001",
            "key_name_prefix": "terraform-",
            "key_pair_id": "key-04ac5e55f106d056e",
            "public_key": "ssh-rsa AAAAB3NzaC1yc2EAAAADAQABAAABAQDQONAev+fG5fQ7/RmrqtKkMlmH0UWMXg6aCLKO8LYGc5kBiVhtvH2Ok+5IHmO8MyeA/5V+FmXF6sWJIdya5dobOZnNPyZOfHFV2lLwRlO1pQP1SbpwfugVTCgG58Xj/MfjF7N8VOxtrupQhsuEfG+sFJGYhYAhlYFeAapp9temKTZPpgqqddMZg691HLjDd14sBDAeA8imF5tnB10Vji82jYVafwx1RPGzEmyD1TrNZ5Iqlo7c/f0UtLl3PhotfzbAzPvRr/zzp46sYzoVXZqLDVdz74J/pjZCg+uMziKNBx5OD8hOaANCX9UmTKnredLI/5byIJXrl7odsx5sKCOz",
            "tags": {},
            "tags_all": {}
          },
          "sensitive_attributes": [],
          "private": "eyJzY2hlbWFfdmVyc2lvbiI6IjEifQ==",
          "dependencies": [
            "tls_private_key.australia"
          ],
          "create_before_destroy": true
        }
      ]
    },
    {
      "mode": "managed",
      "type": "aws_key_pair",
      "name": "california",
      "provider": "provider[\"registry.terraform.io/hashicorp/aws\"].California",
      "instances": [
        {
          "schema_version": 1,
          "attributes": {
            "arn": "arn:aws:ec2:us-west-1:727646505590:key-pair/terraform-20250118211616518600000001",
            "fingerprint": "0e:53:b0:41:32:22:dd:c6:f4:b8:9e:45:cd:1d:22:00",
            "id": "terraform-20250118211616518600000001",
            "key_name": "terraform-20250118211616518600000001",
            "key_name_prefix": "terraform-",
            "key_pair_id": "key-0c91b6b4c3525c353",
            "public_key": "ssh-rsa AAAAB3NzaC1yc2EAAAADAQABAAABAQDI+x/NfiXBtyBWmAzXXcRQ1CySfSoyYqYNr7VNlW+pv6M7j0cKosYF551J7sl328PXDZ/MyWFR9UEx6EUi1oWh9CDetjJbPJDg5xlTcNnCPiR2BKnYoC6Lntq9awcOrnWcI3eIL4s8E4nksgM2f7ek7nEkLaOqOD3LV2+T1s38gTRfMTgNSse3EvPZ4rtaWhJN+fPumgiQYuQhZYqJxqJ7UMgoX/ET3ZMT98CHVDfne/aKc0jU5IR1B8lKR45V8ok6O20q+g4F2cEDoJSZhXF2dFZFEpoec+vDExu3Bvx9KO21U6FkcQ0s/aq4CIR3kYPZyU1CwjhS6FMJ2tTEkTPV",
            "tags": {},
            "tags_all": {}
          },
          "sensitive_attributes": [],
          "private": "eyJzY2hlbWFfdmVyc2lvbiI6IjEifQ==",
          "dependencies": [
            "tls_private_key.california"
          ],
          "create_before_destroy": true
        }
      ]
    },
    {
      "mode": "managed",
      "type": "aws_key_pair",
      "name": "hong-kong",
      "provider": "provider[\"registry.terraform.io/hashicorp/aws\"].Hong-Kong",
      "instances": [
        {
          "schema_version": 1,
          "attributes": {
            "arn": "arn:aws:ec2:ap-east-1:727646505590:key-pair/terraform-20250118211629824700000001",
            "fingerprint": "f8:ac:75:bf:10:8b:96:b7:a1:43:23:80:00:13:ec:ef",
            "id": "terraform-20250118211629824700000001",
            "key_name": "terraform-20250118211629824700000001",
            "key_name_prefix": "terraform-",
            "key_pair_id": "key-072feec4e29891150",
            "public_key": "ssh-rsa AAAAB3NzaC1yc2EAAAADAQABAAABAQDP4/xUhnI+yhXq3SgVqmbQYzAefZgEpVmmEB9Io+kYmrMOYCpk8JackMygkPDYeGT8pgap18ijD8QmtLQQDZVj4T8ZWAInL5VZNtfzssmHz7qhkSlKRiNqn9a3PWAVm5EHFlasiUc2ixyuhl7h/zXp5QpuJMmbgfJMYDXw5lp5x/TDWP6TnNs4/7ehG/BdG/cvRlucheb7aOr8QmEdz71x7s2ZdmoVENGN+1RVV9ya7kWMZDiAlOcIqTBA1C33knMrh9u/CPnxlGNvzgRxFbivcS9OcfGi6lUiKyjhX6hCFt1PZ+uwm/Ciaw2UAjAUQYIX+xgVI5E9Y9qCaiy9WHX3",
            "tags": {},
            "tags_all": {}
          },
          "sensitive_attributes": [],
          "private": "eyJzY2hlbWFfdmVyc2lvbiI6IjEifQ==",
          "dependencies": [
            "tls_private_key.hong-kong"
          ],
          "create_before_destroy": true
        }
      ]
    },
    {
      "mode": "managed",
      "type": "aws_key_pair",
      "name": "london",
      "provider": "provider[\"registry.terraform.io/hashicorp/aws\"].London",
      "instances": [
        {
          "schema_version": 1,
          "attributes": {
            "arn": "arn:aws:ec2:eu-west-2:727646505590:key-pair/terraform-20250118211615955600000001",
            "fingerprint": "bb:41:0e:e1:99:be:4c:74:dc:9f:63:0a:2d:23:f3:97",
            "id": "terraform-20250118211615955600000001",
            "key_name": "terraform-20250118211615955600000001",
            "key_name_prefix": "terraform-",
            "key_pair_id": "key-04673238f7228f69a",
            "public_key": "ssh-rsa AAAAB3NzaC1yc2EAAAADAQABAAABAQC4TWO+cWJJ78NleOZbasRrMgGW9I7RubwH0H2h3TG04LDhG9YjC+J+sT3b79dFAgdtyZOy0yflstkAOuY/a9zAd0bj+ziy3eDrS8v+OJNzqGkIPicsWQpLYOUeeMDOivMDFmswebRB9SGfB3YxgB++kPgNb88BoBxTmJahFQ2N59Iv8CVYf2QmkvmGFUv7gV2to1O1xkwkc0jhXQM0r0Q65qOgBjWX7conitzrnM6cpQGnej3/+vKchoN6RMwreHwf+49Tcp3C5UMg+NtqjYDHJruyA/HHy0qbA3ZPTnyM2HWWl6/+L3DzVqSmWWlFsbZ1fBhKyX/QsYIieImuvPDt",
            "tags": {},
            "tags_all": {}
          },
          "sensitive_attributes": [],
          "private": "eyJzY2hlbWFfdmVyc2lvbiI6IjEifQ==",
          "dependencies": [
            "tls_private_key.london"
          ],
          "create_before_destroy": true
        }
      ]
    },
    {
      "mode": "managed",
      "type": "aws_key_pair",
      "name": "new_york",
      "provider": "provider[\"registry.terraform.io/hashicorp/aws\"].New-York",
      "instances": [
        {
          "schema_version": 1,
          "attributes": {
            "arn": "arn:aws:ec2:us-east-1:727646505590:key-pair/terraform-20250118211615339900000001",
            "fingerprint": "fb:ea:b7:7c:b2:7c:23:bc:d1:86:77:1c:8f:35:33:48",
            "id": "terraform-20250118211615339900000001",
            "key_name": "terraform-20250118211615339900000001",
            "key_name_prefix": "terraform-",
            "key_pair_id": "key-0a4521f78a53072fd",
            "public_key": "ssh-rsa AAAAB3NzaC1yc2EAAAADAQABAAABAQC9doSL2xVP2yAZi8BTS7lS6CRKpQNvUNRkIJYbyZcMGtKEmcQpPPMezvKLLCPFy0Hw3z+lnNRRkia6EE8GxtTKRTjJJ+XsdRPFXf35Z71rqRL71dI41JMAHM9trtBWYTYg5ibmuvn2O990VTxHDiZo8muHIF02cHYCgFZMGBYMXVhjBPt4oJb8UvmAIRQVxm5Igybt4eEVYIw+9xhmVW7fmifwsDA4+uYuTbWTSpfuaBZYlu5dI3+nROwHCN7FCaDAiQEbCZpeHQVcGUo5S/qHyQYyLs+I4m2L1EiBJhThtXUtedy+SuGxhFBPWEkoDxVoiTsp7pUCltazuzcl0CTn",
            "tags": {},
            "tags_all": {}
          },
          "sensitive_attributes": [],
          "private": "eyJzY2hlbWFfdmVyc2lvbiI6IjEifQ==",
          "dependencies": [
            "tls_private_key.new_york"
          ]
        }
      ]
    },
    {
      "mode": "managed",
      "type": "aws_key_pair",
      "name": "sao-paulo",
      "provider": "provider[\"registry.terraform.io/hashicorp/aws\"].Sao-Paulo",
      "instances": [
        {
          "schema_version": 1,
          "attributes": {
            "arn": "arn:aws:ec2:sa-east-1:727646505590:key-pair/terraform-20250118211617735900000001",
            "fingerprint": "5e:bf:e3:1a:0e:7c:e6:c3:bf:32:35:0d:7e:24:49:29",
            "id": "terraform-20250118211617735900000001",
            "key_name": "terraform-20250118211617735900000001",
            "key_name_prefix": "terraform-",
            "key_pair_id": "key-0ede2625ca917b9e7",
            "public_key": "ssh-rsa AAAAB3NzaC1yc2EAAAADAQABAAABAQCs7sb0ChDfNUwmgS2I1mGTEPrmOzHsN07QixrSjmRzxtXXBaAIRaAOV93mUdIJOa/qGKo98mVpCQZJ5QOxLDa0B8yF91TnW2Tae1+8oT6racSroi2+EL1d5lmJLQdzqUqMVw4EVSwbjV6oNH2qXUvzGLDBhJiyTzjuEF2BXYT8mxTk+xBh2gEt924dsaS2ISkJ23tKzwWnSanmVyLvQaFA3EoM8uPNF5jtdD2AoL90yNJCwBZYu7aOpTp0pBNZdrJ9JcmUeHNN54PIHdmV+QksrLTm/ml7K0WiZAFJjRBsdc9F0Cy81iTr9mKSWmH3K7slffCW7YUGowTdIMokfF7B",
            "tags": {},
            "tags_all": {}
          },
          "sensitive_attributes": [],
          "private": "eyJzY2hlbWFfdmVyc2lvbiI6IjEifQ==",
          "dependencies": [
            "tls_private_key.sao-paulo"
          ],
          "create_before_destroy": true
        }
      ]
    },
    {
      "mode": "managed",
      "type": "aws_key_pair",
      "name": "tokyo",
      "provider": "provider[\"registry.terraform.io/hashicorp/aws\"].Tokyo",
      "instances": [
        {
          "schema_version": 1,
          "attributes": {
            "arn": "arn:aws:ec2:ap-northeast-1:727646505590:key-pair/terraform-20250118211621422400000001",
            "fingerprint": "00:9b:4b:3d:cc:44:aa:e9:8d:a6:6a:72:2f:b7:54:67",
            "id": "terraform-20250118211621422400000001",
            "key_name": "terraform-20250118211621422400000001",
            "key_name_prefix": "terraform-",
            "key_pair_id": "key-0b47f454e4c26ef45",
            "public_key": "ssh-rsa AAAAB3NzaC1yc2EAAAADAQABAAABAQDxNu6UEnJUVdrAklBjsqKifk5uPw6IvZ/OGDUQNySh53Dfu5iV1wvGJR6+f7wm/LA25JBhSpifgrfQn5eZFVUeQujx8jQM6fNlwpaOcjqF6a9ai6lmlco7dNjzog/9cy9Enm6rKTNXXufENiQXGeUv4D9L/8QYxvoJXD0AeEhoxKWDkeftin81bTzesqw6g+V6IiyNOl7VmfcBKTfE9/GftUTxFO+RjUeSnqgVcb9ohbIH5YEaIn9vksSIl8G1YvL1JjjIGtwkIRD7/aUHUl2Vfi7XxO2lm5+xPhw56HXmzt8kBdK88gfRugYBh17XugI6ypFTRTsypCJH00bR3v+3",
            "tags": {},
            "tags_all": {}
          },
          "sensitive_attributes": [],
          "private": "eyJzY2hlbWFfdmVyc2lvbiI6IjEifQ==",
          "dependencies": [
            "tls_private_key.tokyo"
          ],
          "create_before_destroy": true
        }
      ]
    },
    {
      "mode": "managed",
      "type": "aws_launch_template",
      "name": "launch_australia",
      "provider": "provider[\"registry.terraform.io/hashicorp/aws\"].Australia",
      "instances": [
        {
          "schema_version": 0,
          "attributes": {
            "arn": "arn:aws:ec2:ap-southeast-2:727646505590:launch-template/lt-062fbee8ae72b8043",
            "block_device_mappings": [],
            "capacity_reservation_specification": [],
            "cpu_options": [],
            "credit_specification": [],
            "default_version": 1,
            "description": "",
            "disable_api_termination": false,
            "ebs_optimized": "",
            "elastic_gpu_specifications": [],
            "elastic_inference_accelerator": [],
            "enclave_options": [],
            "hibernation_options": [],
            "iam_instance_profile": [],
            "id": "lt-062fbee8ae72b8043",
            "image_id": "ami-0146fc9ad419e2cfd",
            "instance_initiated_shutdown_behavior": "",
            "instance_market_options": [],
            "instance_type": "t2.micro",
            "kernel_id": "",
            "key_name": "terraform-20250118211623615100000001",
            "latest_version": 1,
            "license_specification": [],
            "metadata_options": [],
            "monitoring": [],
            "name": "launch_australia",
            "name_prefix": "",
            "network_interfaces": [],
            "placement": [],
            "ram_disk_id": "",
            "security_group_names": [],
            "tag_specifications": [],
            "tags": {},
            "tags_all": {},
            "update_default_version": null,
            "user_data": "IyEvYmluL2Jhc2gKeXVtIHVwZGF0ZSAteQp5dW0gaW5zdGFsbCAteSBodHRwZApzeXN0ZW1jdGwgc3RhcnQgaHR0cGQKc3lzdGVtY3RsIGVuYWJsZSBodHRwZAoKIyBHZXQgdGhlIElNRFN2MiB0b2tlbgpUT0tFTj0kKGN1cmwgLVggUFVUICJodHRwOi8vMTY5LjI1NC4xNjkuMjU0L2xhdGVzdC9hcGkvdG9rZW4iIC1IICJYLWF3cy1lYzItbWV0YWRhdGEtdG9rZW4tdHRsLXNlY29uZHM6IDIxNjAwIikKCiMgQmFja2dyb3VuZCB0aGUgY3VybCByZXF1ZXN0cwpjdXJsIC1IICJYLWF3cy1lYzItbWV0YWRhdGEtdG9rZW46ICRUT0tFTiIgLXMgaHR0cDovLzE2OS4yNTQuMTY5LjI1NC9sYXRlc3QvbWV0YS1kYXRhL2xvY2FsLWlwdjQgJj4gL3RtcC9sb2NhbF9pcHY0ICYKY3VybCAtSCAiWC1hd3MtZWMyLW1ldGFkYXRhLXRva2VuOiAkVE9LRU4iIC1zIGh0dHA6Ly8xNjkuMjU0LjE2OS4yNTQvbGF0ZXN0L21ldGEtZGF0YS9wbGFjZW1lbnQvYXZhaWxhYmlsaXR5LXpvbmUgJj4gL3RtcC9heiAmCmN1cmwgLUggIlgtYXdzLWVjMi1tZXRhZGF0YS10b2tlbjogJFRPS0VOIiAtcyBodHRwOi8vMTY5LjI1NC4xNjkuMjU0L2xhdGVzdC9tZXRhLWRhdGEvbmV0d29yay9pbnRlcmZhY2VzL21hY3MvICY+IC90bXAvbWFjaWQgJgp3YWl0CgptYWNpZD0kKGNhdCAvdG1wL21hY2lkKQpsb2NhbF9pcHY0PSQoY2F0IC90bXAvbG9jYWxfaXB2NCkKYXo9JChjYXQgL3RtcC9heikKdnBjPSQoY3VybCAtSCAiWC1hd3MtZWMyLW1ldGFkYXRhLXRva2VuOiAkVE9LRU4iIC1zIGh0dHA6Ly8xNjkuMjU0LjE2OS4yNTQvbGF0ZXN0L21ldGEtZGF0YS9uZXR3b3JrL2ludGVyZmFjZXMvbWFjcy8kbWFjaWQvdnBjLWlkKQoKIyBDcmVhdGUgSFRNTCBmaWxlCmNhdCA8PC1IVE1MID4gL3Zhci93d3cvaHRtbC9pbmRleC5odG1sCjwhZG9jdHlwZSBodG1sPgo8aHRtbCBsYW5nPSJlbiIgY2xhc3M9ImgtMTAwIj4KPGhlYWQ+Cjx0aXRsZT5EZXRhaWxzIEF1c3RyYWxpYSBFQzIgaW5zdGFuY2VzPC90aXRsZT4KPC9oZWFkPgo8Ym9keT4KPGRpdj4KPGgxPkF1c3RyYWxpYS9oMT4KPGgxPkNoYWlucyBCcm9rZW4gaW4gQXVzdHJhbGlhPC9oMT4KPHA+PGI+SW5zdGFuY2UgTmFtZTo8L2I+ICQoaG9zdG5hbWUgLWYpIDwvcD4KPHA+PGI+SW5zdGFuY2UgUHJpdmF0ZSBJcCBBZGRyZXNzOiA8L2I+ICRsb2NhbF9pcHY0PC9wPgo8cD48Yj5BdmFpbGFiaWxpdHkgWm9uZTogPC9iPiAkYXo8L3A+CjxwPjxiPlZpcnR1YWwgUHJpdmF0ZSBDbG91ZCAoVlBDKTo8L2I+ICR2cGM8L3A+CjwvZGl2Pgo8L2JvZHk+CjwvaHRtbD4KSFRNTAoKIyBDbGVhbiB1cCB0aGUgdGVtcCBmaWxlcwpybSAtZiAvdG1wL2xvY2FsX2lwdjQgL3RtcC9heiAvdG1wL21hY2lkCg==",
            "vpc_security_group_ids": [
              "sg-06283c60f8f356de2"
            ]
          },
          "sensitive_attributes": [],
          "private": "bnVsbA==",
          "dependencies": [
            "aws_key_pair.australia",
            "aws_security_group.australia-sg",
            "aws_vpc.australia-vpc",
            "tls_private_key.australia"
          ],
          "create_before_destroy": true
        }
      ]
    },
    {
      "mode": "managed",
      "type": "aws_launch_template",
      "name": "launch_california",
      "provider": "provider[\"registry.terraform.io/hashicorp/aws\"].California",
      "instances": [
        {
          "schema_version": 0,
          "attributes": {
            "arn": "arn:aws:ec2:us-west-1:727646505590:launch-template/lt-0b1096a3e243b7ef3",
            "block_device_mappings": [],
            "capacity_reservation_specification": [],
            "cpu_options": [],
            "credit_specification": [],
            "default_version": 1,
            "description": "",
            "disable_api_termination": false,
            "ebs_optimized": "",
            "elastic_gpu_specifications": [],
            "elastic_inference_accelerator": [],
            "enclave_options": [],
            "hibernation_options": [],
            "iam_instance_profile": [],
            "id": "lt-0b1096a3e243b7ef3",
            "image_id": "ami-038bba9a164eb3dc1",
            "instance_initiated_shutdown_behavior": "",
            "instance_market_options": [],
            "instance_type": "t2.micro",
            "kernel_id": "",
            "key_name": "terraform-20250118211616518600000001",
            "latest_version": 1,
            "license_specification": [],
            "metadata_options": [],
            "monitoring": [],
            "name": "launch_california",
            "name_prefix": "",
            "network_interfaces": [],
            "placement": [],
            "ram_disk_id": "",
            "security_group_names": [],
            "tag_specifications": [],
            "tags": {},
            "tags_all": {},
            "update_default_version": null,
            "user_data": "IyEvYmluL2Jhc2gKeXVtIHVwZGF0ZSAteQp5dW0gaW5zdGFsbCAteSBodHRwZApzeXN0ZW1jdGwgc3RhcnQgaHR0cGQKc3lzdGVtY3RsIGVuYWJsZSBodHRwZAoKIyBHZXQgdGhlIElNRFN2MiB0b2tlbgpUT0tFTj0kKGN1cmwgLVggUFVUICJodHRwOi8vMTY5LjI1NC4xNjkuMjU0L2xhdGVzdC9hcGkvdG9rZW4iIC1IICJYLWF3cy1lYzItbWV0YWRhdGEtdG9rZW4tdHRsLXNlY29uZHM6IDIxNjAwIikKCiMgQmFja2dyb3VuZCB0aGUgY3VybCByZXF1ZXN0cwpjdXJsIC1IICJYLWF3cy1lYzItbWV0YWRhdGEtdG9rZW46ICRUT0tFTiIgLXMgaHR0cDovLzE2OS4yNTQuMTY5LjI1NC9sYXRlc3QvbWV0YS1kYXRhL2xvY2FsLWlwdjQgJj4gL3RtcC9sb2NhbF9pcHY0ICYKY3VybCAtSCAiWC1hd3MtZWMyLW1ldGFkYXRhLXRva2VuOiAkVE9LRU4iIC1zIGh0dHA6Ly8xNjkuMjU0LjE2OS4yNTQvbGF0ZXN0L21ldGEtZGF0YS9wbGFjZW1lbnQvYXZhaWxhYmlsaXR5LXpvbmUgJj4gL3RtcC9heiAmCmN1cmwgLUggIlgtYXdzLWVjMi1tZXRhZGF0YS10b2tlbjogJFRPS0VOIiAtcyBodHRwOi8vMTY5LjI1NC4xNjkuMjU0L2xhdGVzdC9tZXRhLWRhdGEvbmV0d29yay9pbnRlcmZhY2VzL21hY3MvICY+IC90bXAvbWFjaWQgJgp3YWl0CgptYWNpZD0kKGNhdCAvdG1wL21hY2lkKQpsb2NhbF9pcHY0PSQoY2F0IC90bXAvbG9jYWxfaXB2NCkKYXo9JChjYXQgL3RtcC9heikKdnBjPSQoY3VybCAtSCAiWC1hd3MtZWMyLW1ldGFkYXRhLXRva2VuOiAkVE9LRU4iIC1zIGh0dHA6Ly8xNjkuMjU0LjE2OS4yNTQvbGF0ZXN0L21ldGEtZGF0YS9uZXR3b3JrL2ludGVyZmFjZXMvbWFjcy8kbWFjaWQvdnBjLWlkKQoKIyBDcmVhdGUgSFRNTCBmaWxlCmNhdCA8PC1IVE1MID4gL3Zhci93d3cvaHRtbC9pbmRleC5odG1sCjwhZG9jdHlwZSBodG1sPgo8aHRtbCBsYW5nPSJlbiIgY2xhc3M9ImgtMTAwIj4KPGhlYWQ+Cjx0aXRsZT5EZXRhaWxzIENhbGlmb3JuaWEgRUMyIGluc3RhbmNlczwvdGl0bGU+CjwvaGVhZD4KPGJvZHk+CjxkaXY+CjxoMT5DYWxpZm9ybmlhL2gxPgo8aDE+Q2hhaW5zIEJyb2tlbiBpbiBDYWxpZm9ybmlhPC9oMT4KPHA+PGI+SW5zdGFuY2UgTmFtZTo8L2I+ICQoaG9zdG5hbWUgLWYpIDwvcD4KPHA+PGI+SW5zdGFuY2UgUHJpdmF0ZSBJcCBBZGRyZXNzOiA8L2I+ICRsb2NhbF9pcHY0PC9wPgo8cD48Yj5BdmFpbGFiaWxpdHkgWm9uZTogPC9iPiAkYXo8L3A+CjxwPjxiPlZpcnR1YWwgUHJpdmF0ZSBDbG91ZCAoVlBDKTo8L2I+ICR2cGM8L3A+CjwvZGl2Pgo8L2JvZHk+CjwvaHRtbD4KSFRNTAoKIyBDbGVhbiB1cCB0aGUgdGVtcCBmaWxlcwpybSAtZiAvdG1wL2xvY2FsX2lwdjQgL3RtcC9heiAvdG1wL21hY2lkCg==",
            "vpc_security_group_ids": [
              "sg-001bb2145e23d368b"
            ]
          },
          "sensitive_attributes": [],
          "private": "bnVsbA==",
          "dependencies": [
            "aws_key_pair.california",
            "aws_security_group.california-sg",
            "aws_vpc.california-vpc",
            "tls_private_key.california"
          ],
          "create_before_destroy": true
        }
      ]
    },
    {
      "mode": "managed",
      "type": "aws_launch_template",
      "name": "launch_hong-kong",
      "provider": "provider[\"registry.terraform.io/hashicorp/aws\"].Hong-Kong",
      "instances": [
        {
          "schema_version": 0,
          "attributes": {
            "arn": "arn:aws:ec2:ap-east-1:727646505590:launch-template/lt-0d8175b76100c1efc",
            "block_device_mappings": [],
            "capacity_reservation_specification": [],
            "cpu_options": [],
            "credit_specification": [],
            "default_version": 1,
            "description": "",
            "disable_api_termination": false,
            "ebs_optimized": "",
            "elastic_gpu_specifications": [],
            "elastic_inference_accelerator": [],
            "enclave_options": [],
            "hibernation_options": [],
            "iam_instance_profile": [],
            "id": "lt-0d8175b76100c1efc",
            "image_id": "ami-06f707739f2271995",
            "instance_initiated_shutdown_behavior": "",
            "instance_market_options": [],
            "instance_type": "t3.micro",
            "kernel_id": "",
            "key_name": "terraform-20250118211629824700000001",
            "latest_version": 1,
            "license_specification": [],
            "metadata_options": [],
            "monitoring": [],
            "name": "launch_hong-kong",
            "name_prefix": "",
            "network_interfaces": [],
            "placement": [],
            "ram_disk_id": "",
            "security_group_names": [],
            "tag_specifications": [],
            "tags": {},
            "tags_all": {},
            "update_default_version": null,
            "user_data": "IyEvYmluL2Jhc2gKeXVtIHVwZGF0ZSAteQp5dW0gaW5zdGFsbCAteSBodHRwZApzeXN0ZW1jdGwgc3RhcnQgaHR0cGQKc3lzdGVtY3RsIGVuYWJsZSBodHRwZAoKIyBHZXQgdGhlIElNRFN2MiB0b2tlbgpUT0tFTj0kKGN1cmwgLVggUFVUICJodHRwOi8vMTY5LjI1NC4xNjkuMjU0L2xhdGVzdC9hcGkvdG9rZW4iIC1IICJYLWF3cy1lYzItbWV0YWRhdGEtdG9rZW4tdHRsLXNlY29uZHM6IDIxNjAwIikKCiMgQmFja2dyb3VuZCB0aGUgY3VybCByZXF1ZXN0cwpjdXJsIC1IICJYLWF3cy1lYzItbWV0YWRhdGEtdG9rZW46ICRUT0tFTiIgLXMgaHR0cDovLzE2OS4yNTQuMTY5LjI1NC9sYXRlc3QvbWV0YS1kYXRhL2xvY2FsLWlwdjQgJj4gL3RtcC9sb2NhbF9pcHY0ICYKY3VybCAtSCAiWC1hd3MtZWMyLW1ldGFkYXRhLXRva2VuOiAkVE9LRU4iIC1zIGh0dHA6Ly8xNjkuMjU0LjE2OS4yNTQvbGF0ZXN0L21ldGEtZGF0YS9wbGFjZW1lbnQvYXZhaWxhYmlsaXR5LXpvbmUgJj4gL3RtcC9heiAmCmN1cmwgLUggIlgtYXdzLWVjMi1tZXRhZGF0YS10b2tlbjogJFRPS0VOIiAtcyBodHRwOi8vMTY5LjI1NC4xNjkuMjU0L2xhdGVzdC9tZXRhLWRhdGEvbmV0d29yay9pbnRlcmZhY2VzL21hY3MvICY+IC90bXAvbWFjaWQgJgp3YWl0CgptYWNpZD0kKGNhdCAvdG1wL21hY2lkKQpsb2NhbF9pcHY0PSQoY2F0IC90bXAvbG9jYWxfaXB2NCkKYXo9JChjYXQgL3RtcC9heikKdnBjPSQoY3VybCAtSCAiWC1hd3MtZWMyLW1ldGFkYXRhLXRva2VuOiAkVE9LRU4iIC1zIGh0dHA6Ly8xNjkuMjU0LjE2OS4yNTQvbGF0ZXN0L21ldGEtZGF0YS9uZXR3b3JrL2ludGVyZmFjZXMvbWFjcy8kbWFjaWQvdnBjLWlkKQoKIyBDcmVhdGUgSFRNTCBmaWxlCmNhdCA8PC1IVE1MID4gL3Zhci93d3cvaHRtbC9pbmRleC5odG1sCjwhZG9jdHlwZSBodG1sPgo8aHRtbCBsYW5nPSJlbiIgY2xhc3M9ImgtMTAwIj4KPGhlYWQ+Cjx0aXRsZT5EZXRhaWxzIEhvbmcgS29uZyBFQzIgaW5zdGFuY2VzPC90aXRsZT4KPC9oZWFkPgo8Ym9keT4KPGRpdj4KPGgxPk1hbGd1cyBDbGFuPC9oMT4KPGgxPkNoYWlucyBCcm9rZW4gaW4gSG9uZyBLb25nPC9oMT4KPHA+PGI+SW5zdGFuY2UgTmFtZTo8L2I+ICQoaG9zdG5hbWUgLWYpIDwvcD4KPHA+PGI+SW5zdGFuY2UgUHJpdmF0ZSBJcCBBZGRyZXNzOiA8L2I+ICRsb2NhbF9pcHY0PC9wPgo8cD48Yj5BdmFpbGFiaWxpdHkgWm9uZTogPC9iPiAkYXo8L3A+CjxwPjxiPlZpcnR1YWwgUHJpdmF0ZSBDbG91ZCAoVlBDKTo8L2I+ICR2cGM8L3A+CjwvZGl2Pgo8L2JvZHk+CjwvaHRtbD4KSFRNTAoKIyBDbGVhbiB1cCB0aGUgdGVtcCBmaWxlcwpybSAtZiAvdG1wL2xvY2FsX2lwdjQgL3RtcC9heiAvdG1wL21hY2lkCg==",
            "vpc_security_group_ids": [
              "sg-03109a537965868cf"
            ]
          },
          "sensitive_attributes": [],
          "private": "bnVsbA==",
          "dependencies": [
            "aws_key_pair.hong-kong",
            "aws_security_group.hong-kong-sg",
            "aws_vpc.hong-kong-vpc",
            "tls_private_key.hong-kong"
          ],
          "create_before_destroy": true
        }
      ]
    },
    {
      "mode": "managed",
      "type": "aws_launch_template",
      "name": "launch_london",
      "provider": "provider[\"registry.terraform.io/hashicorp/aws\"].London",
      "instances": [
        {
          "schema_version": 0,
          "attributes": {
            "arn": "arn:aws:ec2:eu-west-2:727646505590:launch-template/lt-013abbdfb2afa3b92",
            "block_device_mappings": [],
            "capacity_reservation_specification": [],
            "cpu_options": [],
            "credit_specification": [],
            "default_version": 1,
            "description": "",
            "disable_api_termination": false,
            "ebs_optimized": "",
            "elastic_gpu_specifications": [],
            "elastic_inference_accelerator": [],
            "enclave_options": [],
            "hibernation_options": [],
            "iam_instance_profile": [],
            "id": "lt-013abbdfb2afa3b92",
            "image_id": "ami-0c76bd4bd302b30ec",
            "instance_initiated_shutdown_behavior": "",
            "instance_market_options": [],
            "instance_type": "t2.micro",
            "kernel_id": "",
            "key_name": "terraform-20250118211615955600000001",
            "latest_version": 1,
            "license_specification": [],
            "metadata_options": [],
            "monitoring": [],
            "name": "launch_london",
            "name_prefix": "",
            "network_interfaces": [],
            "placement": [],
            "ram_disk_id": "",
            "security_group_names": [],
            "tag_specifications": [],
            "tags": {},
            "tags_all": {},
            "update_default_version": null,
            "user_data": "IyEvYmluL2Jhc2gKeXVtIHVwZGF0ZSAteQp5dW0gaW5zdGFsbCAteSBodHRwZApzeXN0ZW1jdGwgc3RhcnQgaHR0cGQKc3lzdGVtY3RsIGVuYWJsZSBodHRwZAoKIyBHZXQgdGhlIElNRFN2MiB0b2tlbgpUT0tFTj0kKGN1cmwgLVggUFVUICJodHRwOi8vMTY5LjI1NC4xNjkuMjU0L2xhdGVzdC9hcGkvdG9rZW4iIC1IICJYLWF3cy1lYzItbWV0YWRhdGEtdG9rZW4tdHRsLXNlY29uZHM6IDIxNjAwIikKCiMgQmFja2dyb3VuZCB0aGUgY3VybCByZXF1ZXN0cwpjdXJsIC1IICJYLWF3cy1lYzItbWV0YWRhdGEtdG9rZW46ICRUT0tFTiIgLXMgaHR0cDovLzE2OS4yNTQuMTY5LjI1NC9sYXRlc3QvbWV0YS1kYXRhL2xvY2FsLWlwdjQgJj4gL3RtcC9sb2NhbF9pcHY0ICYKY3VybCAtSCAiWC1hd3MtZWMyLW1ldGFkYXRhLXRva2VuOiAkVE9LRU4iIC1zIGh0dHA6Ly8xNjkuMjU0LjE2OS4yNTQvbGF0ZXN0L21ldGEtZGF0YS9wbGFjZW1lbnQvYXZhaWxhYmlsaXR5LXpvbmUgJj4gL3RtcC9heiAmCmN1cmwgLUggIlgtYXdzLWVjMi1tZXRhZGF0YS10b2tlbjogJFRPS0VOIiAtcyBodHRwOi8vMTY5LjI1NC4xNjkuMjU0L2xhdGVzdC9tZXRhLWRhdGEvbmV0d29yay9pbnRlcmZhY2VzL21hY3MvICY+IC90bXAvbWFjaWQgJgp3YWl0CgptYWNpZD0kKGNhdCAvdG1wL21hY2lkKQpsb2NhbF9pcHY0PSQoY2F0IC90bXAvbG9jYWxfaXB2NCkKYXo9JChjYXQgL3RtcC9heikKdnBjPSQoY3VybCAtSCAiWC1hd3MtZWMyLW1ldGFkYXRhLXRva2VuOiAkVE9LRU4iIC1zIGh0dHA6Ly8xNjkuMjU0LjE2OS4yNTQvbGF0ZXN0L21ldGEtZGF0YS9uZXR3b3JrL2ludGVyZmFjZXMvbWFjcy8kbWFjaWQvdnBjLWlkKQoKIyBDcmVhdGUgSFRNTCBmaWxlCmNhdCA8PC1IVE1MID4gL3Zhci93d3cvaHRtbC9pbmRleC5odG1sCjwhZG9jdHlwZSBodG1sPgo8aHRtbCBsYW5nPSJlbiIgY2xhc3M9ImgtMTAwIj4KPGhlYWQ+Cjx0aXRsZT5EZXRhaWxzIExvbmRvbiBFQzIgaW5zdGFuY2VzPC90aXRsZT4KPC9oZWFkPgo8Ym9keT4KPGRpdj4KPGgxPkxvbmRvbi9oMT4KPGgxPkNoYWlucyBCcm9rZW4gaW4gTG9uZG9uPC9oMT4KPHA+PGI+SW5zdGFuY2UgTmFtZTo8L2I+ICQoaG9zdG5hbWUgLWYpIDwvcD4KPHA+PGI+SW5zdGFuY2UgUHJpdmF0ZSBJcCBBZGRyZXNzOiA8L2I+ICRsb2NhbF9pcHY0PC9wPgo8cD48Yj5BdmFpbGFiaWxpdHkgWm9uZTogPC9iPiAkYXo8L3A+CjxwPjxiPlZpcnR1YWwgUHJpdmF0ZSBDbG91ZCAoVlBDKTo8L2I+ICR2cGM8L3A+CjwvZGl2Pgo8L2JvZHk+CjwvaHRtbD4KSFRNTAoKIyBDbGVhbiB1cCB0aGUgdGVtcCBmaWxlcwpybSAtZiAvdG1wL2xvY2FsX2lwdjQgL3RtcC9heiAvdG1wL21hY2lkCg==",
            "vpc_security_group_ids": [
              "sg-0096fac9bd4ffc173"
            ]
          },
          "sensitive_attributes": [],
          "private": "bnVsbA==",
          "dependencies": [
            "aws_key_pair.london",
            "aws_security_group.london-sg",
            "aws_vpc.london-vpc",
            "tls_private_key.london"
          ],
          "create_before_destroy": true
        }
      ]
    },
    {
      "mode": "managed",
      "type": "aws_launch_template",
      "name": "launch_new-york",
      "provider": "provider[\"registry.terraform.io/hashicorp/aws\"].New-York",
      "instances": [
        {
          "schema_version": 0,
          "attributes": {
            "arn": "arn:aws:ec2:us-east-1:727646505590:launch-template/lt-0978e365ab285964a",
            "block_device_mappings": [],
            "capacity_reservation_specification": [],
            "cpu_options": [],
            "credit_specification": [],
            "default_version": 1,
            "description": "",
            "disable_api_termination": false,
            "ebs_optimized": "",
            "elastic_gpu_specifications": [],
            "elastic_inference_accelerator": [],
            "enclave_options": [],
            "hibernation_options": [],
            "iam_instance_profile": [],
            "id": "lt-0978e365ab285964a",
            "image_id": "ami-0453ec754f44f9a4a",
            "instance_initiated_shutdown_behavior": "",
            "instance_market_options": [],
            "instance_type": "t2.micro",
            "kernel_id": "",
            "key_name": "",
            "latest_version": 1,
            "license_specification": [],
            "metadata_options": [],
            "monitoring": [],
            "name": "launch_new-york",
            "name_prefix": "",
            "network_interfaces": [],
            "placement": [],
            "ram_disk_id": "",
            "security_group_names": [],
            "tag_specifications": [],
            "tags": {},
            "tags_all": {},
            "update_default_version": null,
            "user_data": "IyEvYmluL2Jhc2gKeXVtIHVwZGF0ZSAteQp5dW0gaW5zdGFsbCAteSBodHRwZApzeXN0ZW1jdGwgc3RhcnQgaHR0cGQKc3lzdGVtY3RsIGVuYWJsZSBodHRwZAoKIyBHZXQgdGhlIElNRFN2MiB0b2tlbgpUT0tFTj0kKGN1cmwgLVggUFVUICJodHRwOi8vMTY5LjI1NC4xNjkuMjU0L2xhdGVzdC9hcGkvdG9rZW4iIC1IICJYLWF3cy1lYzItbWV0YWRhdGEtdG9rZW4tdHRsLXNlY29uZHM6IDIxNjAwIikKCiMgQmFja2dyb3VuZCB0aGUgY3VybCByZXF1ZXN0cwpjdXJsIC1IICJYLWF3cy1lYzItbWV0YWRhdGEtdG9rZW46ICRUT0tFTiIgLXMgaHR0cDovLzE2OS4yNTQuMTY5LjI1NC9sYXRlc3QvbWV0YS1kYXRhL2xvY2FsLWlwdjQgJj4gL3RtcC9sb2NhbF9pcHY0ICYKY3VybCAtSCAiWC1hd3MtZWMyLW1ldGFkYXRhLXRva2VuOiAkVE9LRU4iIC1zIGh0dHA6Ly8xNjkuMjU0LjE2OS4yNTQvbGF0ZXN0L21ldGEtZGF0YS9wbGFjZW1lbnQvYXZhaWxhYmlsaXR5LXpvbmUgJj4gL3RtcC9heiAmCmN1cmwgLUggIlgtYXdzLWVjMi1tZXRhZGF0YS10b2tlbjogJFRPS0VOIiAtcyBodHRwOi8vMTY5LjI1NC4xNjkuMjU0L2xhdGVzdC9tZXRhLWRhdGEvbmV0d29yay9pbnRlcmZhY2VzL21hY3MvICY+IC90bXAvbWFjaWQgJgp3YWl0CgptYWNpZD0kKGNhdCAvdG1wL21hY2lkKQpsb2NhbF9pcHY0PSQoY2F0IC90bXAvbG9jYWxfaXB2NCkKYXo9JChjYXQgL3RtcC9heikKdnBjPSQoY3VybCAtSCAiWC1hd3MtZWMyLW1ldGFkYXRhLXRva2VuOiAkVE9LRU4iIC1zIGh0dHA6Ly8xNjkuMjU0LjE2OS4yNTQvbGF0ZXN0L21ldGEtZGF0YS9uZXR3b3JrL2ludGVyZmFjZXMvbWFjcy8kbWFjaWQvdnBjLWlkKQoKIyBDcmVhdGUgSFRNTCBmaWxlCmNhdCA8PC1IVE1MID4gL3Zhci93d3cvaHRtbC9pbmRleC5odG1sCjwhZG9jdHlwZSBodG1sPgo8aHRtbCBsYW5nPSJlbiIgY2xhc3M9ImgtMTAwIj4KPGhlYWQ+Cjx0aXRsZT5OZXcgU3RhdGUgb2YgTWluZDwvdGl0bGU+CjwvaGVhZD4KPGJvZHk+CjxkaXY+CjxoMT5CaWcgQXBwbGUvaDE+CjxwPjxiPkluc3RhbmNlIE5hbWU6PC9iPiAkKGhvc3RuYW1lIC1mKSA8L3A+CjxwPjxiPkluc3RhbmNlIFByaXZhdGUgSXAgQWRkcmVzczogPC9iPiAkbG9jYWxfaXB2NDwvcD4KPHA+PGI+QXZhaWxhYmlsaXR5IFpvbmU6IDwvYj4gJGF6PC9wPgo8cD48Yj5WaXJ0dWFsIFByaXZhdGUgQ2xvdWQgKFZQQyk6PC9iPiAkdnBjPC9wPgo8L2Rpdj4KPC9ib2R5Pgo8L2h0bWw+CkhUTUwKCiMgQ2xlYW4gdXAgdGhlIHRlbXAgZmlsZXMKcm0gLWYgL3RtcC9sb2NhbF9pcHY0IC90bXAvYXogL3RtcC9tYWNpZAo=",
            "vpc_security_group_ids": [
              "sg-01746d26f0987c793"
            ]
          },
          "sensitive_attributes": [],
          "private": "bnVsbA==",
          "dependencies": [
            "aws_security_group.new-york-sg",
            "aws_vpc.new-york-vpc"
          ],
          "create_before_destroy": true
        }
      ]
    },
    {
      "mode": "managed",
      "type": "aws_launch_template",
      "name": "launch_sao-paulo",
      "provider": "provider[\"registry.terraform.io/hashicorp/aws\"].Sao-Paulo",
      "instances": [
        {
          "schema_version": 0,
          "attributes": {
            "arn": "arn:aws:ec2:sa-east-1:727646505590:launch-template/lt-0079cb82d27e7e4e9",
            "block_device_mappings": [],
            "capacity_reservation_specification": [],
            "cpu_options": [],
            "credit_specification": [],
            "default_version": 1,
            "description": "",
            "disable_api_termination": false,
            "ebs_optimized": "",
            "elastic_gpu_specifications": [],
            "elastic_inference_accelerator": [],
            "enclave_options": [],
            "hibernation_options": [],
            "iam_instance_profile": [],
            "id": "lt-0079cb82d27e7e4e9",
            "image_id": "ami-0c820c196a818d66a",
            "instance_initiated_shutdown_behavior": "",
            "instance_market_options": [],
            "instance_type": "t2.micro",
            "kernel_id": "",
            "key_name": "terraform-20250118211617735900000001",
            "latest_version": 1,
            "license_specification": [],
            "metadata_options": [],
            "monitoring": [],
            "name": "launch_sao-paulo",
            "name_prefix": "",
            "network_interfaces": [],
            "placement": [],
            "ram_disk_id": "",
            "security_group_names": [],
            "tag_specifications": [],
            "tags": {},
            "tags_all": {},
            "update_default_version": null,
            "user_data": "IyEvYmluL2Jhc2gKeXVtIHVwZGF0ZSAteQp5dW0gaW5zdGFsbCAteSBodHRwZApzeXN0ZW1jdGwgc3RhcnQgaHR0cGQKc3lzdGVtY3RsIGVuYWJsZSBodHRwZAoKIyBHZXQgdGhlIElNRFN2MiB0b2tlbgpUT0tFTj0kKGN1cmwgLVggUFVUICJodHRwOi8vMTY5LjI1NC4xNjkuMjU0L2xhdGVzdC9hcGkvdG9rZW4iIC1IICJYLWF3cy1lYzItbWV0YWRhdGEtdG9rZW4tdHRsLXNlY29uZHM6IDIxNjAwIikKCiMgQmFja2dyb3VuZCB0aGUgY3VybCByZXF1ZXN0cwpjdXJsIC1IICJYLWF3cy1lYzItbWV0YWRhdGEtdG9rZW46ICRUT0tFTiIgLXMgaHR0cDovLzE2OS4yNTQuMTY5LjI1NC9sYXRlc3QvbWV0YS1kYXRhL2xvY2FsLWlwdjQgJj4gL3RtcC9sb2NhbF9pcHY0ICYKY3VybCAtSCAiWC1hd3MtZWMyLW1ldGFkYXRhLXRva2VuOiAkVE9LRU4iIC1zIGh0dHA6Ly8xNjkuMjU0LjE2OS4yNTQvbGF0ZXN0L21ldGEtZGF0YS9wbGFjZW1lbnQvYXZhaWxhYmlsaXR5LXpvbmUgJj4gL3RtcC9heiAmCmN1cmwgLUggIlgtYXdzLWVjMi1tZXRhZGF0YS10b2tlbjogJFRPS0VOIiAtcyBodHRwOi8vMTY5LjI1NC4xNjkuMjU0L2xhdGVzdC9tZXRhLWRhdGEvbmV0d29yay9pbnRlcmZhY2VzL21hY3MvICY+IC90bXAvbWFjaWQgJgp3YWl0CgptYWNpZD0kKGNhdCAvdG1wL21hY2lkKQpsb2NhbF9pcHY0PSQoY2F0IC90bXAvbG9jYWxfaXB2NCkKYXo9JChjYXQgL3RtcC9heikKdnBjPSQoY3VybCAtSCAiWC1hd3MtZWMyLW1ldGFkYXRhLXRva2VuOiAkVE9LRU4iIC1zIGh0dHA6Ly8xNjkuMjU0LjE2OS4yNTQvbGF0ZXN0L21ldGEtZGF0YS9uZXR3b3JrL2ludGVyZmFjZXMvbWFjcy8kbWFjaWQvdnBjLWlkKQoKIyBDcmVhdGUgSFRNTCBmaWxlCmNhdCA8PC1IVE1MID4gL3Zhci93d3cvaHRtbC9pbmRleC5odG1sCjwhZG9jdHlwZSBodG1sPgo8aHRtbCBsYW5nPSJlbiIgY2xhc3M9ImgtMTAwIj4KPGhlYWQ+Cjx0aXRsZT5EZXRhaWxzIFNhbyBQYXVsbyBFQzIgaW5zdGFuY2VzPC90aXRsZT4KPC9oZWFkPgo8Ym9keT4KPGRpdj4KPGgxPlNhbyBQYXVsby9oMT4KPGgxPkNoYWlucyBCcm9rZW4gaW4gU2FvIFBhdWxvPC9oMT4KPHA+PGI+SW5zdGFuY2UgTmFtZTo8L2I+ICQoaG9zdG5hbWUgLWYpIDwvcD4KPHA+PGI+SW5zdGFuY2UgUHJpdmF0ZSBJcCBBZGRyZXNzOiA8L2I+ICRsb2NhbF9pcHY0PC9wPgo8cD48Yj5BdmFpbGFiaWxpdHkgWm9uZTogPC9iPiAkYXo8L3A+CjxwPjxiPlZpcnR1YWwgUHJpdmF0ZSBDbG91ZCAoVlBDKTo8L2I+ICR2cGM8L3A+CjwvZGl2Pgo8L2JvZHk+CjwvaHRtbD4KSFRNTAoKIyBDbGVhbiB1cCB0aGUgdGVtcCBmaWxlcwpybSAtZiAvdG1wL2xvY2FsX2lwdjQgL3RtcC9heiAvdG1wL21hY2lkCg==",
            "vpc_security_group_ids": [
              "sg-085783d9fe66a219c"
            ]
          },
          "sensitive_attributes": [],
          "private": "bnVsbA==",
          "dependencies": [
            "aws_key_pair.sao-paulo",
            "aws_security_group.sao-paulo-sg",
            "aws_vpc.sao-paulo-vpc",
            "tls_private_key.sao-paulo"
          ],
          "create_before_destroy": true
        }
      ]
    },
    {
      "mode": "managed",
      "type": "aws_launch_template",
      "name": "launch_tokyo",
      "provider": "provider[\"registry.terraform.io/hashicorp/aws\"].Tokyo",
      "instances": [
        {
          "schema_version": 0,
          "attributes": {
            "arn": "arn:aws:ec2:ap-northeast-1:727646505590:launch-template/lt-09a6b99ce5a3b8e48",
            "block_device_mappings": [],
            "capacity_reservation_specification": [],
            "cpu_options": [],
            "credit_specification": [],
            "default_version": 1,
            "description": "",
            "disable_api_termination": false,
            "ebs_optimized": "",
            "elastic_gpu_specifications": [],
            "elastic_inference_accelerator": [],
            "enclave_options": [],
            "hibernation_options": [],
            "iam_instance_profile": [],
            "id": "lt-09a6b99ce5a3b8e48",
            "image_id": "ami-023ff3d4ab11b2525",
            "instance_initiated_shutdown_behavior": "",
            "instance_market_options": [],
            "instance_type": "t2.micro",
            "kernel_id": "",
            "key_name": "terraform-20250118211621422400000001",
            "latest_version": 1,
            "license_specification": [],
            "metadata_options": [],
            "monitoring": [],
            "name": "launch_tokyo",
            "name_prefix": "",
            "network_interfaces": [],
            "placement": [],
            "ram_disk_id": "",
            "security_group_names": [],
            "tag_specifications": [],
            "tags": {},
            "tags_all": {},
            "update_default_version": null,
            "user_data": "IyEvYmluL2Jhc2gKeXVtIHVwZGF0ZSAteQp5dW0gaW5zdGFsbCAteSBodHRwZApzeXN0ZW1jdGwgc3RhcnQgaHR0cGQKc3lzdGVtY3RsIGVuYWJsZSBodHRwZAoKIyBHZXQgdGhlIElNRFN2MiB0b2tlbgpUT0tFTj0kKGN1cmwgLVggUFVUICJodHRwOi8vMTY5LjI1NC4xNjkuMjU0L2xhdGVzdC9hcGkvdG9rZW4iIC1IICJYLWF3cy1lYzItbWV0YWRhdGEtdG9rZW4tdHRsLXNlY29uZHM6IDIxNjAwIikKCiMgQmFja2dyb3VuZCB0aGUgY3VybCByZXF1ZXN0cwpjdXJsIC1IICJYLWF3cy1lYzItbWV0YWRhdGEtdG9rZW46ICRUT0tFTiIgLXMgaHR0cDovLzE2OS4yNTQuMTY5LjI1NC9sYXRlc3QvbWV0YS1kYXRhL2xvY2FsLWlwdjQgJj4gL3RtcC9sb2NhbF9pcHY0ICYKY3VybCAtSCAiWC1hd3MtZWMyLW1ldGFkYXRhLXRva2VuOiAkVE9LRU4iIC1zIGh0dHA6Ly8xNjkuMjU0LjE2OS4yNTQvbGF0ZXN0L21ldGEtZGF0YS9wbGFjZW1lbnQvYXZhaWxhYmlsaXR5LXpvbmUgJj4gL3RtcC9heiAmCmN1cmwgLUggIlgtYXdzLWVjMi1tZXRhZGF0YS10b2tlbjogJFRPS0VOIiAtcyBodHRwOi8vMTY5LjI1NC4xNjkuMjU0L2xhdGVzdC9tZXRhLWRhdGEvbmV0d29yay9pbnRlcmZhY2VzL21hY3MvICY+IC90bXAvbWFjaWQgJgp3YWl0CgptYWNpZD0kKGNhdCAvdG1wL21hY2lkKQpsb2NhbF9pcHY0PSQoY2F0IC90bXAvbG9jYWxfaXB2NCkKYXo9JChjYXQgL3RtcC9heikKdnBjPSQoY3VybCAtSCAiWC1hd3MtZWMyLW1ldGFkYXRhLXRva2VuOiAkVE9LRU4iIC1zIGh0dHA6Ly8xNjkuMjU0LjE2OS4yNTQvbGF0ZXN0L21ldGEtZGF0YS9uZXR3b3JrL2ludGVyZmFjZXMvbWFjcy8kbWFjaWQvdnBjLWlkKQoKIyBDcmVhdGUgSFRNTCBmaWxlCmNhdCA8PC1IVE1MID4gL3Zhci93d3cvaHRtbC9pbmRleC5odG1sCjwhZG9jdHlwZSBodG1sPgo8aHRtbCBsYW5nPSJlbiIgY2xhc3M9ImgtMTAwIj4KPGhlYWQ+Cjx0aXRsZT5EZXRhaWxzIFRva3lvIEVDMiBpbnN0YW5jZXM8L3RpdGxlPgo8L2hlYWQ+Cjxib2R5Pgo8ZGl2Pgo8aDE+VG9reW8vaDE+CjxoMT5DaGFpbnMgQnJva2VuIGluIFRva3lvPC9oMT4KPHA+PGI+SW5zdGFuY2UgTmFtZTo8L2I+ICQoaG9zdG5hbWUgLWYpIDwvcD4KPHA+PGI+SW5zdGFuY2UgUHJpdmF0ZSBJcCBBZGRyZXNzOiA8L2I+ICRsb2NhbF9pcHY0PC9wPgo8cD48Yj5BdmFpbGFiaWxpdHkgWm9uZTogPC9iPiAkYXo8L3A+CjxwPjxiPlZpcnR1YWwgUHJpdmF0ZSBDbG91ZCAoVlBDKTo8L2I+ICR2cGM8L3A+CjwvZGl2Pgo8L2JvZHk+CjwvaHRtbD4KSFRNTAoKIyBDbGVhbiB1cCB0aGUgdGVtcCBmaWxlcwpybSAtZiAvdG1wL2xvY2FsX2lwdjQgL3RtcC9heiAvdG1wL21hY2lkCg==",
            "vpc_security_group_ids": [
              "sg-0150cf02bbbd69905"
            ]
          },
          "sensitive_attributes": [],
          "private": "bnVsbA==",
          "dependencies": [
            "aws_key_pair.tokyo",
            "aws_security_group.tokyo-sg",
            "aws_vpc.tokyo-vpc",
            "tls_private_key.tokyo"
          ],
          "create_before_destroy": true
        }
      ]
    },
    {
      "mode": "managed",
      "type": "aws_lb",
      "name": "australia",
      "provider": "provider[\"registry.terraform.io/hashicorp/aws\"].Australia",
      "instances": [
        {
          "schema_version": 0,
          "attributes": {
            "access_logs": [
              {
                "bucket": "",
                "enabled": false,
                "prefix": ""
              }
            ],
            "arn": "arn:aws:elasticloadbalancing:ap-southeast-2:727646505590:loadbalancer/app/tf-lb-20250118212136786100000003/8f66422a889a7af6",
            "arn_suffix": "app/tf-lb-20250118212136786100000003/8f66422a889a7af6",
            "customer_owned_ipv4_pool": "",
            "desync_mitigation_mode": "defensive",
            "dns_name": "tf-lb-20250118212136786100000003-994629559.ap-southeast-2.elb.amazonaws.com",
            "drop_invalid_header_fields": false,
            "enable_cross_zone_load_balancing": true,
            "enable_deletion_protection": false,
            "enable_http2": true,
            "enable_waf_fail_open": false,
            "id": "arn:aws:elasticloadbalancing:ap-southeast-2:727646505590:loadbalancer/app/tf-lb-20250118212136786100000003/8f66422a889a7af6",
            "idle_timeout": 60,
            "internal": false,
            "ip_address_type": "ipv4",
            "load_balancer_type": "application",
            "name": "tf-lb-20250118212136786100000003",
            "name_prefix": null,
            "security_groups": [
              "sg-096070a9c1c66effe"
            ],
            "subnet_mapping": [
              {
                "allocation_id": "",
                "ipv6_address": "",
                "outpost_id": "",
                "private_ipv4_address": "",
                "subnet_id": "subnet-05c7781ccb710750e"
              },
              {
                "allocation_id": "",
                "ipv6_address": "",
                "outpost_id": "",
                "private_ipv4_address": "",
                "subnet_id": "subnet-0c7b4ce0c8ff5ee7b"
              }
            ],
            "subnets": [
              "subnet-05c7781ccb710750e",
              "subnet-0c7b4ce0c8ff5ee7b"
            ],
            "tags": {},
            "tags_all": {},
            "timeouts": null,
            "vpc_id": "vpc-00f530dc2c9fafbf5",
            "zone_id": "Z1GM3OXH4ZPM65"
          },
          "sensitive_attributes": [],
          "private": "eyJlMmJmYjczMC1lY2FhLTExZTYtOGY4OC0zNDM2M2JjN2M0YzAiOnsiY3JlYXRlIjo2MDAwMDAwMDAwMDAsImRlbGV0ZSI6NjAwMDAwMDAwMDAwLCJ1cGRhdGUiOjYwMDAwMDAwMDAwMH19",
          "dependencies": [
            "aws_security_group.australia-sg-lb",
            "aws_subnet.public-ap-southeast-2a",
            "aws_subnet.public-ap-southeast-2b",
            "aws_vpc.australia-vpc"
          ]
        }
      ]
    },
    {
      "mode": "managed",
      "type": "aws_lb",
      "name": "california",
      "provider": "provider[\"registry.terraform.io/hashicorp/aws\"].California",
      "instances": [
        {
          "schema_version": 0,
          "attributes": {
            "access_logs": [
              {
                "bucket": "",
                "enabled": false,
                "prefix": ""
              }
            ],
            "arn": "arn:aws:elasticloadbalancing:us-west-1:727646505590:loadbalancer/app/tf-lb-20250118211924496000000003/15cf99f30c6f09db",
            "arn_suffix": "app/tf-lb-20250118211924496000000003/15cf99f30c6f09db",
            "customer_owned_ipv4_pool": "",
            "desync_mitigation_mode": "defensive",
            "dns_name": "tf-lb-20250118211924496000000003-971942450.us-west-1.elb.amazonaws.com",
            "drop_invalid_header_fields": false,
            "enable_cross_zone_load_balancing": true,
            "enable_deletion_protection": false,
            "enable_http2": true,
            "enable_waf_fail_open": false,
            "id": "arn:aws:elasticloadbalancing:us-west-1:727646505590:loadbalancer/app/tf-lb-20250118211924496000000003/15cf99f30c6f09db",
            "idle_timeout": 60,
            "internal": false,
            "ip_address_type": "ipv4",
            "load_balancer_type": "application",
            "name": "tf-lb-20250118211924496000000003",
            "name_prefix": null,
            "security_groups": [
              "sg-0217cccfac3dd7673"
            ],
            "subnet_mapping": [
              {
                "allocation_id": "",
                "ipv6_address": "",
                "outpost_id": "",
                "private_ipv4_address": "",
                "subnet_id": "subnet-0444831d3d9cf7a53"
              },
              {
                "allocation_id": "",
                "ipv6_address": "",
                "outpost_id": "",
                "private_ipv4_address": "",
                "subnet_id": "subnet-0b24801f00022ff5a"
              }
            ],
            "subnets": [
              "subnet-0444831d3d9cf7a53",
              "subnet-0b24801f00022ff5a"
            ],
            "tags": {},
            "tags_all": {},
            "timeouts": null,
            "vpc_id": "vpc-002cade745668b9bd",
            "zone_id": "Z368ELLRRE2KJ0"
          },
          "sensitive_attributes": [],
          "private": "eyJlMmJmYjczMC1lY2FhLTExZTYtOGY4OC0zNDM2M2JjN2M0YzAiOnsiY3JlYXRlIjo2MDAwMDAwMDAwMDAsImRlbGV0ZSI6NjAwMDAwMDAwMDAwLCJ1cGRhdGUiOjYwMDAwMDAwMDAwMH19",
          "dependencies": [
            "aws_security_group.california-sg-lb",
            "aws_subnet.public-us-west-1b",
            "aws_subnet.public-us-west-1c",
            "aws_vpc.california-vpc"
          ]
        }
      ]
    },
    {
      "mode": "managed",
      "type": "aws_lb",
      "name": "hongkong",
      "provider": "provider[\"registry.terraform.io/hashicorp/aws\"].Hong-Kong",
      "instances": [
        {
          "schema_version": 0,
          "attributes": {
            "access_logs": [
              {
                "bucket": "",
                "enabled": false,
                "prefix": ""
              }
            ],
            "arn": "arn:aws:elasticloadbalancing:ap-east-1:727646505590:loadbalancer/app/telehealth-alb-hongkong/874775935bd70025",
            "arn_suffix": "app/telehealth-alb-hongkong/874775935bd70025",
            "customer_owned_ipv4_pool": "",
            "desync_mitigation_mode": "defensive",
            "dns_name": "telehealth-alb-hongkong-921415336.ap-east-1.elb.amazonaws.com",
            "drop_invalid_header_fields": false,
            "enable_cross_zone_load_balancing": true,
            "enable_deletion_protection": false,
            "enable_http2": true,
            "enable_waf_fail_open": false,
            "id": "arn:aws:elasticloadbalancing:ap-east-1:727646505590:loadbalancer/app/telehealth-alb-hongkong/874775935bd70025",
            "idle_timeout": 60,
            "internal": false,
            "ip_address_type": "ipv4",
            "load_balancer_type": "application",
            "name": "telehealth-alb-hongkong",
            "name_prefix": null,
            "security_groups": [
              "sg-08e01b11c96e44cfd"
            ],
            "subnet_mapping": [
              {
                "allocation_id": "",
                "ipv6_address": "",
                "outpost_id": "",
                "private_ipv4_address": "",
                "subnet_id": "subnet-07cab4eaddaa9d565"
              },
              {
                "allocation_id": "",
                "ipv6_address": "",
                "outpost_id": "",
                "private_ipv4_address": "",
                "subnet_id": "subnet-0ce9d045b365f6a05"
              }
            ],
            "subnets": [
              "subnet-07cab4eaddaa9d565",
              "subnet-0ce9d045b365f6a05"
            ],
            "tags": {},
            "tags_all": {},
            "timeouts": null,
            "vpc_id": "vpc-09c410cd86c1117d9",
            "zone_id": "Z3DQVH9N71FHZ0"
          },
          "sensitive_attributes": [],
          "private": "eyJlMmJmYjczMC1lY2FhLTExZTYtOGY4OC0zNDM2M2JjN2M0YzAiOnsiY3JlYXRlIjo2MDAwMDAwMDAwMDAsImRlbGV0ZSI6NjAwMDAwMDAwMDAwLCJ1cGRhdGUiOjYwMDAwMDAwMDAwMH19",
          "dependencies": [
            "aws_security_group.hong-kong-sg-lb",
            "aws_subnet.public-ap-east-1a",
            "aws_subnet.public-ap-east-1b",
            "aws_vpc.hong-kong-vpc"
          ]
        }
      ]
    },
    {
      "mode": "managed",
      "type": "aws_lb",
      "name": "london",
      "provider": "provider[\"registry.terraform.io/hashicorp/aws\"].London",
      "instances": [
        {
          "schema_version": 0,
          "attributes": {
            "access_logs": [
              {
                "bucket": "",
                "enabled": false,
                "prefix": ""
              }
            ],
            "arn": "arn:aws:elasticloadbalancing:eu-west-2:727646505590:loadbalancer/app/tf-lb-20250118211841074000000003/94316c255b2844d1",
            "arn_suffix": "app/tf-lb-20250118211841074000000003/94316c255b2844d1",
            "customer_owned_ipv4_pool": "",
            "desync_mitigation_mode": "defensive",
            "dns_name": "tf-lb-20250118211841074000000003-1965836911.eu-west-2.elb.amazonaws.com",
            "drop_invalid_header_fields": false,
            "enable_cross_zone_load_balancing": true,
            "enable_deletion_protection": false,
            "enable_http2": true,
            "enable_waf_fail_open": false,
            "id": "arn:aws:elasticloadbalancing:eu-west-2:727646505590:loadbalancer/app/tf-lb-20250118211841074000000003/94316c255b2844d1",
            "idle_timeout": 60,
            "internal": false,
            "ip_address_type": "ipv4",
            "load_balancer_type": "application",
            "name": "tf-lb-20250118211841074000000003",
            "name_prefix": null,
            "security_groups": [
              "sg-0eb46fc0df0191af0"
            ],
            "subnet_mapping": [
              {
                "allocation_id": "",
                "ipv6_address": "",
                "outpost_id": "",
                "private_ipv4_address": "",
                "subnet_id": "subnet-0c9eb7fc6e92f1800"
              },
              {
                "allocation_id": "",
                "ipv6_address": "",
                "outpost_id": "",
                "private_ipv4_address": "",
                "subnet_id": "subnet-0ea0d29f477d3d8cc"
              }
            ],
            "subnets": [
              "subnet-0c9eb7fc6e92f1800",
              "subnet-0ea0d29f477d3d8cc"
            ],
            "tags": {},
            "tags_all": {},
            "timeouts": null,
            "vpc_id": "vpc-085861e1f0d0955d0",
            "zone_id": "ZHURV8PSTC4K8"
          },
          "sensitive_attributes": [],
          "private": "eyJlMmJmYjczMC1lY2FhLTExZTYtOGY4OC0zNDM2M2JjN2M0YzAiOnsiY3JlYXRlIjo2MDAwMDAwMDAwMDAsImRlbGV0ZSI6NjAwMDAwMDAwMDAwLCJ1cGRhdGUiOjYwMDAwMDAwMDAwMH19",
          "dependencies": [
            "aws_security_group.london-sg-lb",
            "aws_subnet.public-eu-west-2a",
            "aws_subnet.public-eu-west-2b",
            "aws_vpc.london-vpc"
          ]
        }
      ]
    },
    {
      "mode": "managed",
      "type": "aws_lb",
      "name": "newyork",
      "provider": "provider[\"registry.terraform.io/hashicorp/aws\"].New-York",
      "instances": [
        {
          "schema_version": 0,
          "attributes": {
            "access_logs": [
              {
                "bucket": "",
                "enabled": false,
                "prefix": ""
              }
            ],
            "arn": "arn:aws:elasticloadbalancing:us-east-1:727646505590:loadbalancer/app/tf-lb-20250118211749227100000003/c63285e5ee025812",
            "arn_suffix": "app/tf-lb-20250118211749227100000003/c63285e5ee025812",
            "customer_owned_ipv4_pool": "",
            "desync_mitigation_mode": "defensive",
            "dns_name": "tf-lb-20250118211749227100000003-204821060.us-east-1.elb.amazonaws.com",
            "drop_invalid_header_fields": false,
            "enable_cross_zone_load_balancing": true,
            "enable_deletion_protection": false,
            "enable_http2": true,
            "enable_waf_fail_open": false,
            "id": "arn:aws:elasticloadbalancing:us-east-1:727646505590:loadbalancer/app/tf-lb-20250118211749227100000003/c63285e5ee025812",
            "idle_timeout": 60,
            "internal": false,
            "ip_address_type": "ipv4",
            "load_balancer_type": "application",
            "name": "tf-lb-20250118211749227100000003",
            "name_prefix": null,
            "security_groups": [
              "sg-07cc913815722b61f"
            ],
            "subnet_mapping": [
              {
                "allocation_id": "",
                "ipv6_address": "",
                "outpost_id": "",
                "private_ipv4_address": "",
                "subnet_id": "subnet-043a21e9c41079eed"
              },
              {
                "allocation_id": "",
                "ipv6_address": "",
                "outpost_id": "",
                "private_ipv4_address": "",
                "subnet_id": "subnet-083103eeda3635a41"
              }
            ],
            "subnets": [
              "subnet-043a21e9c41079eed",
              "subnet-083103eeda3635a41"
            ],
            "tags": {},
            "tags_all": {},
            "timeouts": null,
            "vpc_id": "vpc-0a590e9ccfad31ab0",
            "zone_id": "Z35SXDOTRQ7X7K"
          },
          "sensitive_attributes": [],
          "private": "eyJlMmJmYjczMC1lY2FhLTExZTYtOGY4OC0zNDM2M2JjN2M0YzAiOnsiY3JlYXRlIjo2MDAwMDAwMDAwMDAsImRlbGV0ZSI6NjAwMDAwMDAwMDAwLCJ1cGRhdGUiOjYwMDAwMDAwMDAwMH19",
          "dependencies": [
            "aws_security_group.new-york-sg-lb",
            "aws_subnet.public-us-east-1a",
            "aws_subnet.public-us-east-1b",
            "aws_vpc.new-york-vpc"
          ]
        }
      ]
    },
    {
      "mode": "managed",
      "type": "aws_lb",
      "name": "saopaulo",
      "provider": "provider[\"registry.terraform.io/hashicorp/aws\"].Sao-Paulo",
      "instances": [
        {
          "schema_version": 0,
          "attributes": {
            "access_logs": [
              {
                "bucket": "",
                "enabled": false,
                "prefix": ""
              }
            ],
            "arn": "arn:aws:elasticloadbalancing:sa-east-1:727646505590:loadbalancer/app/tf-lb-20250118212025759500000003/d6d3e37f96a001ea",
            "arn_suffix": "app/tf-lb-20250118212025759500000003/d6d3e37f96a001ea",
            "customer_owned_ipv4_pool": "",
            "desync_mitigation_mode": "defensive",
            "dns_name": "tf-lb-20250118212025759500000003-1740141150.sa-east-1.elb.amazonaws.com",
            "drop_invalid_header_fields": false,
            "enable_cross_zone_load_balancing": true,
            "enable_deletion_protection": false,
            "enable_http2": true,
            "enable_waf_fail_open": false,
            "id": "arn:aws:elasticloadbalancing:sa-east-1:727646505590:loadbalancer/app/tf-lb-20250118212025759500000003/d6d3e37f96a001ea",
            "idle_timeout": 60,
            "internal": false,
            "ip_address_type": "ipv4",
            "load_balancer_type": "application",
            "name": "tf-lb-20250118212025759500000003",
            "name_prefix": null,
            "security_groups": [
              "sg-0ef3da5d916e15602"
            ],
            "subnet_mapping": [
              {
                "allocation_id": "",
                "ipv6_address": "",
                "outpost_id": "",
                "private_ipv4_address": "",
                "subnet_id": "subnet-05ad8e41d0ac68041"
              },
              {
                "allocation_id": "",
                "ipv6_address": "",
                "outpost_id": "",
                "private_ipv4_address": "",
                "subnet_id": "subnet-0cb7ca4ce683e899d"
              }
            ],
            "subnets": [
              "subnet-05ad8e41d0ac68041",
              "subnet-0cb7ca4ce683e899d"
            ],
            "tags": {},
            "tags_all": {},
            "timeouts": null,
            "vpc_id": "vpc-032cae30f2e9d5d7e",
            "zone_id": "Z2P70J7HTTTPLU"
          },
          "sensitive_attributes": [],
          "private": "eyJlMmJmYjczMC1lY2FhLTExZTYtOGY4OC0zNDM2M2JjN2M0YzAiOnsiY3JlYXRlIjo2MDAwMDAwMDAwMDAsImRlbGV0ZSI6NjAwMDAwMDAwMDAwLCJ1cGRhdGUiOjYwMDAwMDAwMDAwMH19",
          "dependencies": [
            "aws_security_group.sao-paulo-sg-lb",
            "aws_subnet.public-sa-east-1a",
            "aws_subnet.public-sa-east-1c",
            "aws_vpc.sao-paulo-vpc"
          ]
        }
      ]
    },
    {
      "mode": "managed",
      "type": "aws_lb",
      "name": "tokyo",
      "provider": "provider[\"registry.terraform.io/hashicorp/aws\"].Tokyo",
      "instances": [
        {
          "schema_version": 0,
          "attributes": {
            "access_logs": [
              {
                "bucket": "",
                "enabled": false,
                "prefix": ""
              }
            ],
            "arn": "arn:aws:elasticloadbalancing:ap-northeast-1:727646505590:loadbalancer/app/tf-lb-20250118212136329600000003/a05b81b60772bc0c",
            "arn_suffix": "app/tf-lb-20250118212136329600000003/a05b81b60772bc0c",
            "customer_owned_ipv4_pool": "",
            "desync_mitigation_mode": "defensive",
            "dns_name": "tf-lb-20250118212136329600000003-543551620.ap-northeast-1.elb.amazonaws.com",
            "drop_invalid_header_fields": false,
            "enable_cross_zone_load_balancing": true,
            "enable_deletion_protection": false,
            "enable_http2": true,
            "enable_waf_fail_open": false,
            "id": "arn:aws:elasticloadbalancing:ap-northeast-1:727646505590:loadbalancer/app/tf-lb-20250118212136329600000003/a05b81b60772bc0c",
            "idle_timeout": 60,
            "internal": false,
            "ip_address_type": "ipv4",
            "load_balancer_type": "application",
            "name": "tf-lb-20250118212136329600000003",
            "name_prefix": null,
            "security_groups": [
              "sg-02537159d1bef2b16"
            ],
            "subnet_mapping": [
              {
                "allocation_id": "",
                "ipv6_address": "",
                "outpost_id": "",
                "private_ipv4_address": "",
                "subnet_id": "subnet-02af802b2b6480f7a"
              },
              {
                "allocation_id": "",
                "ipv6_address": "",
                "outpost_id": "",
                "private_ipv4_address": "",
                "subnet_id": "subnet-0311e698c3a6b445e"
              }
            ],
            "subnets": [
              "subnet-02af802b2b6480f7a",
              "subnet-0311e698c3a6b445e"
            ],
            "tags": {},
            "tags_all": {},
            "timeouts": null,
            "vpc_id": "vpc-047b581d5bf1390dd",
            "zone_id": "Z14GRHDCWA56QT"
          },
          "sensitive_attributes": [],
          "private": "eyJlMmJmYjczMC1lY2FhLTExZTYtOGY4OC0zNDM2M2JjN2M0YzAiOnsiY3JlYXRlIjo2MDAwMDAwMDAwMDAsImRlbGV0ZSI6NjAwMDAwMDAwMDAwLCJ1cGRhdGUiOjYwMDAwMDAwMDAwMH19",
          "dependencies": [
            "aws_security_group.tokyo-sg-lb",
            "aws_subnet.public-ap-northeast-1a",
            "aws_subnet.public-ap-northeast-1c",
            "aws_vpc.tokyo-vpc"
          ]
        }
      ]
    },
    {
      "mode": "managed",
      "type": "aws_lb_target_group",
      "name": "Australia-TG-80",
      "provider": "provider[\"registry.terraform.io/hashicorp/aws\"].Australia",
      "instances": [
        {
          "schema_version": 0,
          "attributes": {
            "arn": "arn:aws:elasticloadbalancing:ap-southeast-2:727646505590:targetgroup/Australia-TG-80/dc7c0572bb2af72b",
            "arn_suffix": "targetgroup/Australia-TG-80/dc7c0572bb2af72b",
            "connection_termination": false,
            "deregistration_delay": "300",
            "health_check": [
              {
                "enabled": true,
                "healthy_threshold": 5,
                "interval": 30,
                "matcher": "200",
                "path": "/",
                "port": "traffic-port",
                "protocol": "HTTP",
                "timeout": 5,
                "unhealthy_threshold": 2
              }
            ],
            "id": "arn:aws:elasticloadbalancing:ap-southeast-2:727646505590:targetgroup/Australia-TG-80/dc7c0572bb2af72b",
            "lambda_multi_value_headers_enabled": false,
            "load_balancing_algorithm_type": "round_robin",
            "name": "Australia-TG-80",
            "name_prefix": null,
            "port": 80,
            "preserve_client_ip": null,
            "protocol": "HTTP",
            "protocol_version": "HTTP1",
            "proxy_protocol_v2": false,
            "slow_start": 0,
            "stickiness": [
              {
                "cookie_duration": 86400,
                "cookie_name": "",
                "enabled": false,
                "type": "lb_cookie"
              }
            ],
            "tags": {},
            "tags_all": {},
            "target_type": "instance",
            "vpc_id": "vpc-00f530dc2c9fafbf5"
          },
          "sensitive_attributes": [],
          "private": "bnVsbA==",
          "dependencies": [
            "aws_vpc.australia-vpc"
          ]
        }
      ]
    },
    {
      "mode": "managed",
      "type": "aws_lb_target_group",
      "name": "California-TG-80",
      "provider": "provider[\"registry.terraform.io/hashicorp/aws\"].California",
      "instances": [
        {
          "schema_version": 0,
          "attributes": {
            "arn": "arn:aws:elasticloadbalancing:us-west-1:727646505590:targetgroup/California-TG-80/4aa8192a2d83c5bb",
            "arn_suffix": "targetgroup/California-TG-80/4aa8192a2d83c5bb",
            "connection_termination": false,
            "deregistration_delay": "300",
            "health_check": [
              {
                "enabled": true,
                "healthy_threshold": 5,
                "interval": 30,
                "matcher": "200",
                "path": "/",
                "port": "traffic-port",
                "protocol": "HTTP",
                "timeout": 5,
                "unhealthy_threshold": 2
              }
            ],
            "id": "arn:aws:elasticloadbalancing:us-west-1:727646505590:targetgroup/California-TG-80/4aa8192a2d83c5bb",
            "lambda_multi_value_headers_enabled": false,
            "load_balancing_algorithm_type": "round_robin",
            "name": "California-TG-80",
            "name_prefix": null,
            "port": 80,
            "preserve_client_ip": null,
            "protocol": "HTTP",
            "protocol_version": "HTTP1",
            "proxy_protocol_v2": false,
            "slow_start": 0,
            "stickiness": [
              {
                "cookie_duration": 86400,
                "cookie_name": "",
                "enabled": false,
                "type": "lb_cookie"
              }
            ],
            "tags": {},
            "tags_all": {},
            "target_type": "instance",
            "vpc_id": "vpc-002cade745668b9bd"
          },
          "sensitive_attributes": [],
          "private": "bnVsbA==",
          "dependencies": [
            "aws_vpc.california-vpc"
          ]
        }
      ]
    },
    {
      "mode": "managed",
      "type": "aws_lb_target_group",
      "name": "Hong-Kong-TG-80",
      "provider": "provider[\"registry.terraform.io/hashicorp/aws\"].Hong-Kong",
      "instances": [
        {
          "schema_version": 0,
          "attributes": {
            "arn": "arn:aws:elasticloadbalancing:ap-east-1:727646505590:targetgroup/Hong-Kong-TG-80/9fd46ca5304c88c4",
            "arn_suffix": "targetgroup/Hong-Kong-TG-80/9fd46ca5304c88c4",
            "connection_termination": false,
            "deregistration_delay": "300",
            "health_check": [
              {
                "enabled": true,
                "healthy_threshold": 5,
                "interval": 30,
                "matcher": "200",
                "path": "/",
                "port": "traffic-port",
                "protocol": "HTTP",
                "timeout": 5,
                "unhealthy_threshold": 2
              }
            ],
            "id": "arn:aws:elasticloadbalancing:ap-east-1:727646505590:targetgroup/Hong-Kong-TG-80/9fd46ca5304c88c4",
            "lambda_multi_value_headers_enabled": false,
            "load_balancing_algorithm_type": "round_robin",
            "name": "Hong-Kong-TG-80",
            "name_prefix": null,
            "port": 80,
            "preserve_client_ip": null,
            "protocol": "HTTP",
            "protocol_version": "HTTP1",
            "proxy_protocol_v2": false,
            "slow_start": 0,
            "stickiness": [
              {
                "cookie_duration": 86400,
                "cookie_name": "",
                "enabled": false,
                "type": "lb_cookie"
              }
            ],
            "tags": {},
            "tags_all": {},
            "target_type": "instance",
            "vpc_id": "vpc-09c410cd86c1117d9"
          },
          "sensitive_attributes": [],
          "private": "bnVsbA==",
          "dependencies": [
            "aws_vpc.hong-kong-vpc"
          ]
        }
      ]
    },
    {
      "mode": "managed",
      "type": "aws_lb_target_group",
      "name": "London-TG-80",
      "provider": "provider[\"registry.terraform.io/hashicorp/aws\"].London",
      "instances": [
        {
          "schema_version": 0,
          "attributes": {
            "arn": "arn:aws:elasticloadbalancing:eu-west-2:727646505590:targetgroup/London-TG-80/cd9f8b9a4f36f9e4",
            "arn_suffix": "targetgroup/London-TG-80/cd9f8b9a4f36f9e4",
            "connection_termination": false,
            "deregistration_delay": "300",
            "health_check": [
              {
                "enabled": true,
                "healthy_threshold": 5,
                "interval": 30,
                "matcher": "200",
                "path": "/",
                "port": "traffic-port",
                "protocol": "HTTP",
                "timeout": 5,
                "unhealthy_threshold": 2
              }
            ],
            "id": "arn:aws:elasticloadbalancing:eu-west-2:727646505590:targetgroup/London-TG-80/cd9f8b9a4f36f9e4",
            "lambda_multi_value_headers_enabled": false,
            "load_balancing_algorithm_type": "round_robin",
            "name": "London-TG-80",
            "name_prefix": null,
            "port": 80,
            "preserve_client_ip": null,
            "protocol": "HTTP",
            "protocol_version": "HTTP1",
            "proxy_protocol_v2": false,
            "slow_start": 0,
            "stickiness": [
              {
                "cookie_duration": 86400,
                "cookie_name": "",
                "enabled": false,
                "type": "lb_cookie"
              }
            ],
            "tags": {},
            "tags_all": {},
            "target_type": "instance",
            "vpc_id": "vpc-085861e1f0d0955d0"
          },
          "sensitive_attributes": [],
          "private": "bnVsbA==",
          "dependencies": [
            "aws_vpc.london-vpc"
          ]
        }
      ]
    },
    {
      "mode": "managed",
      "type": "aws_lb_target_group",
      "name": "New-York-TG-80",
      "provider": "provider[\"registry.terraform.io/hashicorp/aws\"].New-York",
      "instances": [
        {
          "schema_version": 0,
          "attributes": {
            "arn": "arn:aws:elasticloadbalancing:us-east-1:727646505590:targetgroup/New-York-TG-80/877feb76664a3108",
            "arn_suffix": "targetgroup/New-York-TG-80/877feb76664a3108",
            "connection_termination": false,
            "deregistration_delay": "300",
            "health_check": [
              {
                "enabled": true,
                "healthy_threshold": 5,
                "interval": 30,
                "matcher": "200",
                "path": "/",
                "port": "traffic-port",
                "protocol": "HTTP",
                "timeout": 5,
                "unhealthy_threshold": 2
              }
            ],
            "id": "arn:aws:elasticloadbalancing:us-east-1:727646505590:targetgroup/New-York-TG-80/877feb76664a3108",
            "lambda_multi_value_headers_enabled": false,
            "load_balancing_algorithm_type": "round_robin",
            "name": "New-York-TG-80",
            "name_prefix": null,
            "port": 80,
            "preserve_client_ip": null,
            "protocol": "HTTP",
            "protocol_version": "HTTP1",
            "proxy_protocol_v2": false,
            "slow_start": 0,
            "stickiness": [
              {
                "cookie_duration": 86400,
                "cookie_name": "",
                "enabled": false,
                "type": "lb_cookie"
              }
            ],
            "tags": {},
            "tags_all": {},
            "target_type": "instance",
            "vpc_id": "vpc-0a590e9ccfad31ab0"
          },
          "sensitive_attributes": [],
          "private": "bnVsbA==",
          "dependencies": [
            "aws_vpc.new-york-vpc"
          ]
        }
      ]
    },
    {
      "mode": "managed",
      "type": "aws_lb_target_group",
      "name": "Sao-Paulo-TG-80",
      "provider": "provider[\"registry.terraform.io/hashicorp/aws\"].Sao-Paulo",
      "instances": [
        {
          "schema_version": 0,
          "attributes": {
            "arn": "arn:aws:elasticloadbalancing:sa-east-1:727646505590:targetgroup/Sao-Paulo-TG-80/ceaf88a55d1401d4",
            "arn_suffix": "targetgroup/Sao-Paulo-TG-80/ceaf88a55d1401d4",
            "connection_termination": false,
            "deregistration_delay": "300",
            "health_check": [
              {
                "enabled": true,
                "healthy_threshold": 5,
                "interval": 30,
                "matcher": "200",
                "path": "/",
                "port": "traffic-port",
                "protocol": "HTTP",
                "timeout": 5,
                "unhealthy_threshold": 2
              }
            ],
            "id": "arn:aws:elasticloadbalancing:sa-east-1:727646505590:targetgroup/Sao-Paulo-TG-80/ceaf88a55d1401d4",
            "lambda_multi_value_headers_enabled": false,
            "load_balancing_algorithm_type": "round_robin",
            "name": "Sao-Paulo-TG-80",
            "name_prefix": null,
            "port": 80,
            "preserve_client_ip": null,
            "protocol": "HTTP",
            "protocol_version": "HTTP1",
            "proxy_protocol_v2": false,
            "slow_start": 0,
            "stickiness": [
              {
                "cookie_duration": 86400,
                "cookie_name": "",
                "enabled": false,
                "type": "lb_cookie"
              }
            ],
            "tags": {},
            "tags_all": {},
            "target_type": "instance",
            "vpc_id": "vpc-032cae30f2e9d5d7e"
          },
          "sensitive_attributes": [],
          "private": "bnVsbA==",
          "dependencies": [
            "aws_vpc.sao-paulo-vpc"
          ]
        }
      ]
    },
    {
      "mode": "managed",
      "type": "aws_lb_target_group",
      "name": "Tokyo-TG-80",
      "provider": "provider[\"registry.terraform.io/hashicorp/aws\"].Tokyo",
      "instances": [
        {
          "schema_version": 0,
          "attributes": {
            "arn": "arn:aws:elasticloadbalancing:ap-northeast-1:727646505590:targetgroup/Tokyo-TG-80/826f1dd189bd3f97",
            "arn_suffix": "targetgroup/Tokyo-TG-80/826f1dd189bd3f97",
            "connection_termination": false,
            "deregistration_delay": "300",
            "health_check": [
              {
                "enabled": true,
                "healthy_threshold": 5,
                "interval": 30,
                "matcher": "200",
                "path": "/",
                "port": "traffic-port",
                "protocol": "HTTP",
                "timeout": 5,
                "unhealthy_threshold": 2
              }
            ],
            "id": "arn:aws:elasticloadbalancing:ap-northeast-1:727646505590:targetgroup/Tokyo-TG-80/826f1dd189bd3f97",
            "lambda_multi_value_headers_enabled": false,
            "load_balancing_algorithm_type": "round_robin",
            "name": "Tokyo-TG-80",
            "name_prefix": null,
            "port": 80,
            "preserve_client_ip": null,
            "protocol": "HTTP",
            "protocol_version": "HTTP1",
            "proxy_protocol_v2": false,
            "slow_start": 0,
            "stickiness": [
              {
                "cookie_duration": 86400,
                "cookie_name": "",
                "enabled": false,
                "type": "lb_cookie"
              }
            ],
            "tags": {},
            "tags_all": {},
            "target_type": "instance",
            "vpc_id": "vpc-047b581d5bf1390dd"
          },
          "sensitive_attributes": [],
          "private": "bnVsbA==",
          "dependencies": [
            "aws_vpc.tokyo-vpc"
          ]
        }
      ]
    },
    {
      "mode": "managed",
      "type": "aws_nat_gateway",
      "name": "australia",
      "provider": "provider[\"registry.terraform.io/hashicorp/aws\"].Australia",
      "instances": [
        {
          "schema_version": 0,
          "attributes": {
            "allocation_id": "eipalloc-0dff9731bda9693da",
            "connectivity_type": "public",
            "id": "nat-0f62e1b0022d2964c",
            "network_interface_id": "eni-039de8cbe3b86a852",
            "private_ip": "10.25.1.13",
            "public_ip": "54.79.171.117",
            "subnet_id": "subnet-05c7781ccb710750e",
            "tags": {},
            "tags_all": {}
          },
          "sensitive_attributes": [],
          "private": "bnVsbA==",
          "dependencies": [
            "aws_eip.australia",
            "aws_internet_gateway.australia",
            "aws_subnet.public-ap-southeast-2a",
            "aws_vpc.australia-vpc"
          ]
        }
      ]
    },
    {
      "mode": "managed",
      "type": "aws_nat_gateway",
      "name": "california",
      "provider": "provider[\"registry.terraform.io/hashicorp/aws\"].California",
      "instances": [
        {
          "schema_version": 0,
          "attributes": {
            "allocation_id": "eipalloc-06d9910bd33374a20",
            "connectivity_type": "public",
            "id": "nat-0422f740f7b80bbe9",
            "network_interface_id": "eni-0da2d66d11f1166ae",
            "private_ip": "10.24.1.64",
            "public_ip": "52.9.242.179",
            "subnet_id": "subnet-0b24801f00022ff5a",
            "tags": {},
            "tags_all": {}
          },
          "sensitive_attributes": [],
          "private": "bnVsbA==",
          "dependencies": [
            "aws_eip.california",
            "aws_internet_gateway.california",
            "aws_subnet.public-us-west-1c",
            "aws_vpc.california-vpc"
          ]
        }
      ]
    },
    {
      "mode": "managed",
      "type": "aws_nat_gateway",
      "name": "hong_kong",
      "provider": "provider[\"registry.terraform.io/hashicorp/aws\"].Hong-Kong",
      "instances": [
        {
          "schema_version": 0,
          "attributes": {
            "allocation_id": "eipalloc-0493898a8a89f61fb",
            "connectivity_type": "public",
            "id": "nat-011ca312355ae66d8",
            "network_interface_id": "eni-06f510d8b1370695d",
            "private_ip": "10.21.1.58",
            "public_ip": "16.162.6.240",
            "subnet_id": "subnet-0ce9d045b365f6a05",
            "tags": {},
            "tags_all": {}
          },
          "sensitive_attributes": [],
          "private": "bnVsbA==",
          "dependencies": [
            "aws_eip.hong_kong",
            "aws_internet_gateway.hong-kong",
            "aws_subnet.public-ap-east-1a",
            "aws_vpc.hong-kong-vpc"
          ]
        }
      ]
    },
    {
      "mode": "managed",
      "type": "aws_nat_gateway",
      "name": "london",
      "provider": "provider[\"registry.terraform.io/hashicorp/aws\"].London",
      "instances": [
        {
          "schema_version": 0,
          "attributes": {
            "allocation_id": "eipalloc-09b35fb7dec09c8f8",
            "connectivity_type": "public",
            "id": "nat-0bd02d3698d6f164e",
            "network_interface_id": "eni-049445c570d424889",
            "private_ip": "10.22.1.216",
            "public_ip": "18.170.139.69",
            "subnet_id": "subnet-0ea0d29f477d3d8cc",
            "tags": {},
            "tags_all": {}
          },
          "sensitive_attributes": [],
          "private": "bnVsbA==",
          "dependencies": [
            "aws_eip.london",
            "aws_internet_gateway.london",
            "aws_subnet.public-eu-west-2a",
            "aws_vpc.london-vpc"
          ]
        }
      ]
    },
    {
      "mode": "managed",
      "type": "aws_nat_gateway",
      "name": "new_york",
      "provider": "provider[\"registry.terraform.io/hashicorp/aws\"].New-York",
      "instances": [
        {
          "schema_version": 0,
          "attributes": {
            "allocation_id": "eipalloc-0cdc3ee82f0047441",
            "connectivity_type": "public",
            "id": "nat-0cbaf68e98453987e",
            "network_interface_id": "eni-0bbda2122a49e8e5a",
            "private_ip": "10.26.1.167",
            "public_ip": "34.193.37.45",
            "subnet_id": "subnet-043a21e9c41079eed",
            "tags": {},
            "tags_all": {}
          },
          "sensitive_attributes": [],
          "private": "bnVsbA==",
          "dependencies": [
            "aws_eip.new_york",
            "aws_internet_gateway.new_york",
            "aws_subnet.public-us-east-1a",
            "aws_vpc.new-york-vpc"
          ]
        }
      ]
    },
    {
      "mode": "managed",
      "type": "aws_nat_gateway",
      "name": "sao_paulo",
      "provider": "provider[\"registry.terraform.io/hashicorp/aws\"].Sao-Paulo",
      "instances": [
        {
          "schema_version": 0,
          "attributes": {
            "allocation_id": "eipalloc-0ee24c27c5e3b5ef2",
            "connectivity_type": "public",
            "id": "nat-08f4fd22929f6c368",
            "network_interface_id": "eni-08cc3804168e94053",
            "private_ip": "10.23.1.29",
            "public_ip": "15.229.196.229",
            "subnet_id": "subnet-05ad8e41d0ac68041",
            "tags": {},
            "tags_all": {}
          },
          "sensitive_attributes": [],
          "private": "bnVsbA==",
          "dependencies": [
            "aws_eip.sao_paulo",
            "aws_internet_gateway.sao-paulo",
            "aws_subnet.public-sa-east-1a",
            "aws_vpc.sao-paulo-vpc"
          ]
        }
      ]
    },
    {
      "mode": "managed",
      "type": "aws_nat_gateway",
      "name": "tokyo",
      "provider": "provider[\"registry.terraform.io/hashicorp/aws\"].Tokyo",
      "instances": [
        {
          "schema_version": 0,
          "attributes": {
            "allocation_id": "eipalloc-017f68ff56da23877",
            "connectivity_type": "public",
            "id": "nat-02c822feb6109cd44",
            "network_interface_id": "eni-016c546ea7c194b87",
            "private_ip": "10.20.1.172",
            "public_ip": "13.230.224.156",
            "subnet_id": "subnet-0311e698c3a6b445e",
            "tags": {},
            "tags_all": {}
          },
          "sensitive_attributes": [],
          "private": "bnVsbA==",
          "dependencies": [
            "aws_eip.tokyo",
            "aws_internet_gateway.tokyo",
            "aws_subnet.public-ap-northeast-1a",
            "aws_vpc.tokyo-vpc"
          ]
        }
      ]
    },
    {
      "mode": "managed",
      "type": "aws_route",
      "name": "hong_kong_to_tokyo",
      "provider": "provider[\"registry.terraform.io/hashicorp/aws\"].Hong-Kong",
      "instances": [
        {
          "schema_version": 0,
          "attributes": {
            "carrier_gateway_id": "",
            "destination_cidr_block": "10.20.0.0/16",
            "destination_ipv6_cidr_block": "",
            "destination_prefix_list_id": "",
            "egress_only_gateway_id": "",
            "gateway_id": "",
            "id": "r-rtb-0fe935745f60e3cd8662290444",
            "instance_id": "",
            "instance_owner_id": "",
            "local_gateway_id": "",
            "nat_gateway_id": "",
            "network_interface_id": "",
            "origin": "CreateRoute",
            "route_table_id": "rtb-0fe935745f60e3cd8",
            "state": "active",
            "timeouts": null,
            "transit_gateway_id": "tgw-0dc2e80c24b60718e",
            "vpc_endpoint_id": "",
            "vpc_peering_connection_id": ""
          },
          "sensitive_attributes": [],
          "private": "eyJlMmJmYjczMC1lY2FhLTExZTYtOGY4OC0zNDM2M2JjN2M0YzAiOnsiY3JlYXRlIjozMDAwMDAwMDAwMDAsImRlbGV0ZSI6MzAwMDAwMDAwMDAwLCJ1cGRhdGUiOjEyMDAwMDAwMDAwMH19",
          "dependencies": [
            "aws_ec2_transit_gateway.Hong_Kong_TGW",
            "aws_eip.hong_kong",
            "aws_internet_gateway.hong-kong",
            "aws_nat_gateway.hong_kong",
            "aws_route_table.Hong-Kong-private-rtb",
            "aws_subnet.public-ap-east-1a",
            "aws_vpc.hong-kong-vpc",
            "aws_vpc.tokyo-vpc"
          ]
        }
      ]
    },
    {
      "mode": "managed",
      "type": "aws_route",
      "name": "tokyo-hong_kong",
      "provider": "provider[\"registry.terraform.io/hashicorp/aws\"].Tokyo",
      "instances": [
        {
          "schema_version": 0,
          "attributes": {
            "carrier_gateway_id": "",
            "destination_cidr_block": "10.21.0.0/16",
            "destination_ipv6_cidr_block": "",
            "destination_prefix_list_id": "",
            "egress_only_gateway_id": "",
            "gateway_id": "",
            "id": "r-rtb-0b4e64c3740216f453956523154",
            "instance_id": "",
            "instance_owner_id": "",
            "local_gateway_id": "",
            "nat_gateway_id": "",
            "network_interface_id": "",
            "origin": "CreateRoute",
            "route_table_id": "rtb-0b4e64c3740216f45",
            "state": "active",
            "timeouts": null,
            "transit_gateway_id": "tgw-0c0eeb5b11952368a",
            "vpc_endpoint_id": "",
            "vpc_peering_connection_id": ""
          },
          "sensitive_attributes": [],
          "private": "eyJlMmJmYjczMC1lY2FhLTExZTYtOGY4OC0zNDM2M2JjN2M0YzAiOnsiY3JlYXRlIjozMDAwMDAwMDAwMDAsImRlbGV0ZSI6MzAwMDAwMDAwMDAwLCJ1cGRhdGUiOjEyMDAwMDAwMDAwMH19",
          "dependencies": [
            "aws_ec2_transit_gateway.Tokyo_TGW",
            "aws_route_table.route_tokyo-private",
            "aws_vpc.hong-kong-vpc",
            "aws_vpc.tokyo-vpc"
          ]
        }
      ]
    },
    {
      "mode": "managed",
      "type": "aws_route_table",
      "name": "Australia-private-rtb",
      "provider": "provider[\"registry.terraform.io/hashicorp/aws\"].Australia",
      "instances": [
        {
          "schema_version": 0,
          "attributes": {
            "arn": "arn:aws:ec2:ap-southeast-2:727646505590:route-table/rtb-09e542c41fb117c0f",
            "id": "rtb-09e542c41fb117c0f",
            "owner_id": "727646505590",
            "propagating_vgws": [],
            "route": [
              {
                "carrier_gateway_id": "",
                "cidr_block": "0.0.0.0/0",
                "destination_prefix_list_id": "",
                "egress_only_gateway_id": "",
                "gateway_id": "",
                "instance_id": "",
                "ipv6_cidr_block": "",
                "local_gateway_id": "",
                "nat_gateway_id": "nat-0f62e1b0022d2964c",
                "network_interface_id": "",
                "transit_gateway_id": "",
                "vpc_endpoint_id": "",
                "vpc_peering_connection_id": ""
              }
            ],
            "tags": {},
            "tags_all": {},
            "timeouts": null,
            "vpc_id": "vpc-00f530dc2c9fafbf5"
          },
          "sensitive_attributes": [],
          "private": "eyJlMmJmYjczMC1lY2FhLTExZTYtOGY4OC0zNDM2M2JjN2M0YzAiOnsiY3JlYXRlIjozMDAwMDAwMDAwMDAsImRlbGV0ZSI6MzAwMDAwMDAwMDAwLCJ1cGRhdGUiOjEyMDAwMDAwMDAwMH19",
          "dependencies": [
            "aws_eip.australia",
            "aws_internet_gateway.australia",
            "aws_nat_gateway.australia",
            "aws_subnet.public-ap-southeast-2a",
            "aws_vpc.australia-vpc"
          ]
        }
      ]
    },
    {
      "mode": "managed",
      "type": "aws_route_table",
      "name": "Australia-public-rtb",
      "provider": "provider[\"registry.terraform.io/hashicorp/aws\"].Australia",
      "instances": [
        {
          "schema_version": 0,
          "attributes": {
            "arn": "arn:aws:ec2:ap-southeast-2:727646505590:route-table/rtb-040d139a02453e652",
            "id": "rtb-040d139a02453e652",
            "owner_id": "727646505590",
            "propagating_vgws": [],
            "route": [
              {
                "carrier_gateway_id": "",
                "cidr_block": "0.0.0.0/0",
                "destination_prefix_list_id": "",
                "egress_only_gateway_id": "",
                "gateway_id": "igw-0377bb1433873dcb9",
                "instance_id": "",
                "ipv6_cidr_block": "",
                "local_gateway_id": "",
                "nat_gateway_id": "",
                "network_interface_id": "",
                "transit_gateway_id": "",
                "vpc_endpoint_id": "",
                "vpc_peering_connection_id": ""
              }
            ],
            "tags": {},
            "tags_all": {},
            "timeouts": null,
            "vpc_id": "vpc-00f530dc2c9fafbf5"
          },
          "sensitive_attributes": [],
          "private": "eyJlMmJmYjczMC1lY2FhLTExZTYtOGY4OC0zNDM2M2JjN2M0YzAiOnsiY3JlYXRlIjozMDAwMDAwMDAwMDAsImRlbGV0ZSI6MzAwMDAwMDAwMDAwLCJ1cGRhdGUiOjEyMDAwMDAwMDAwMH19",
          "dependencies": [
            "aws_internet_gateway.australia",
            "aws_vpc.australia-vpc"
          ]
        }
      ]
    },
    {
      "mode": "managed",
      "type": "aws_route_table",
      "name": "California-private-rtb",
      "provider": "provider[\"registry.terraform.io/hashicorp/aws\"].California",
      "instances": [
        {
          "schema_version": 0,
          "attributes": {
            "arn": "arn:aws:ec2:us-west-1:727646505590:route-table/rtb-05c73a53e56ba72ac",
            "id": "rtb-05c73a53e56ba72ac",
            "owner_id": "727646505590",
            "propagating_vgws": [],
            "route": [
              {
                "carrier_gateway_id": "",
                "cidr_block": "0.0.0.0/0",
                "destination_prefix_list_id": "",
                "egress_only_gateway_id": "",
                "gateway_id": "",
                "instance_id": "",
                "ipv6_cidr_block": "",
                "local_gateway_id": "",
                "nat_gateway_id": "nat-0422f740f7b80bbe9",
                "network_interface_id": "",
                "transit_gateway_id": "",
                "vpc_endpoint_id": "",
                "vpc_peering_connection_id": ""
              }
            ],
            "tags": {},
            "tags_all": {},
            "timeouts": null,
            "vpc_id": "vpc-002cade745668b9bd"
          },
          "sensitive_attributes": [],
          "private": "eyJlMmJmYjczMC1lY2FhLTExZTYtOGY4OC0zNDM2M2JjN2M0YzAiOnsiY3JlYXRlIjozMDAwMDAwMDAwMDAsImRlbGV0ZSI6MzAwMDAwMDAwMDAwLCJ1cGRhdGUiOjEyMDAwMDAwMDAwMH19",
          "dependencies": [
            "aws_eip.california",
            "aws_internet_gateway.california",
            "aws_nat_gateway.california",
            "aws_subnet.public-us-west-1c",
            "aws_vpc.california-vpc"
          ]
        }
      ]
    },
    {
      "mode": "managed",
      "type": "aws_route_table",
      "name": "California-public-rtb",
      "provider": "provider[\"registry.terraform.io/hashicorp/aws\"].California",
      "instances": [
        {
          "schema_version": 0,
          "attributes": {
            "arn": "arn:aws:ec2:us-west-1:727646505590:route-table/rtb-005de86522732ce99",
            "id": "rtb-005de86522732ce99",
            "owner_id": "727646505590",
            "propagating_vgws": [],
            "route": [
              {
                "carrier_gateway_id": "",
                "cidr_block": "0.0.0.0/0",
                "destination_prefix_list_id": "",
                "egress_only_gateway_id": "",
                "gateway_id": "igw-00268a2a1051ecf26",
                "instance_id": "",
                "ipv6_cidr_block": "",
                "local_gateway_id": "",
                "nat_gateway_id": "",
                "network_interface_id": "",
                "transit_gateway_id": "",
                "vpc_endpoint_id": "",
                "vpc_peering_connection_id": ""
              }
            ],
            "tags": {},
            "tags_all": {},
            "timeouts": null,
            "vpc_id": "vpc-002cade745668b9bd"
          },
          "sensitive_attributes": [],
          "private": "eyJlMmJmYjczMC1lY2FhLTExZTYtOGY4OC0zNDM2M2JjN2M0YzAiOnsiY3JlYXRlIjozMDAwMDAwMDAwMDAsImRlbGV0ZSI6MzAwMDAwMDAwMDAwLCJ1cGRhdGUiOjEyMDAwMDAwMDAwMH19",
          "dependencies": [
            "aws_internet_gateway.california",
            "aws_vpc.california-vpc"
          ]
        }
      ]
    },
    {
      "mode": "managed",
      "type": "aws_route_table",
      "name": "Hong-Kong-private-rtb",
      "provider": "provider[\"registry.terraform.io/hashicorp/aws\"].Hong-Kong",
      "instances": [
        {
          "schema_version": 0,
          "attributes": {
            "arn": "arn:aws:ec2:ap-east-1:727646505590:route-table/rtb-0fe935745f60e3cd8",
            "id": "rtb-0fe935745f60e3cd8",
            "owner_id": "727646505590",
            "propagating_vgws": [],
            "route": [
              {
                "carrier_gateway_id": null,
                "cidr_block": "0.0.0.0/0",
                "destination_prefix_list_id": null,
                "egress_only_gateway_id": null,
                "gateway_id": null,
                "instance_id": null,
                "ipv6_cidr_block": null,
                "local_gateway_id": null,
                "nat_gateway_id": "nat-011ca312355ae66d8",
                "network_interface_id": null,
                "transit_gateway_id": null,
                "vpc_endpoint_id": null,
                "vpc_peering_connection_id": null
              }
            ],
            "tags": {
              "Name": "Hong-Kong-private"
            },
            "tags_all": {
              "Name": "Hong-Kong-private"
            },
            "timeouts": null,
            "vpc_id": "vpc-09c410cd86c1117d9"
          },
          "sensitive_attributes": [],
          "private": "eyJlMmJmYjczMC1lY2FhLTExZTYtOGY4OC0zNDM2M2JjN2M0YzAiOnsiY3JlYXRlIjozMDAwMDAwMDAwMDAsImRlbGV0ZSI6MzAwMDAwMDAwMDAwLCJ1cGRhdGUiOjEyMDAwMDAwMDAwMH19",
          "dependencies": [
            "aws_eip.hong_kong",
            "aws_internet_gateway.hong-kong",
            "aws_nat_gateway.hong_kong",
            "aws_subnet.public-ap-east-1a",
            "aws_vpc.hong-kong-vpc"
          ]
        }
      ]
    },
    {
      "mode": "managed",
      "type": "aws_route_table",
      "name": "Hong-Kong-public-rtb",
      "provider": "provider[\"registry.terraform.io/hashicorp/aws\"].Hong-Kong",
      "instances": [
        {
          "schema_version": 0,
          "attributes": {
            "arn": "arn:aws:ec2:ap-east-1:727646505590:route-table/rtb-054fb7bab2015dd90",
            "id": "rtb-054fb7bab2015dd90",
            "owner_id": "727646505590",
            "propagating_vgws": [],
            "route": [
              {
                "carrier_gateway_id": "",
                "cidr_block": "0.0.0.0/0",
                "destination_prefix_list_id": "",
                "egress_only_gateway_id": "",
                "gateway_id": "igw-0d30089599669c4f6",
                "instance_id": "",
                "ipv6_cidr_block": "",
                "local_gateway_id": "",
                "nat_gateway_id": "",
                "network_interface_id": "",
                "transit_gateway_id": "",
                "vpc_endpoint_id": "",
                "vpc_peering_connection_id": ""
              }
            ],
            "tags": {
              "Name": "Hong-Kong-public"
            },
            "tags_all": {
              "Name": "Hong-Kong-public"
            },
            "timeouts": null,
            "vpc_id": "vpc-09c410cd86c1117d9"
          },
          "sensitive_attributes": [],
          "private": "eyJlMmJmYjczMC1lY2FhLTExZTYtOGY4OC0zNDM2M2JjN2M0YzAiOnsiY3JlYXRlIjozMDAwMDAwMDAwMDAsImRlbGV0ZSI6MzAwMDAwMDAwMDAwLCJ1cGRhdGUiOjEyMDAwMDAwMDAwMH19",
          "dependencies": [
            "aws_internet_gateway.hong-kong",
            "aws_vpc.hong-kong-vpc"
          ]
        }
      ]
    },
    {
      "mode": "managed",
      "type": "aws_route_table",
      "name": "London-private-rtb",
      "provider": "provider[\"registry.terraform.io/hashicorp/aws\"].London",
      "instances": [
        {
          "schema_version": 0,
          "attributes": {
            "arn": "arn:aws:ec2:eu-west-2:727646505590:route-table/rtb-02b27c4e5007b56fc",
            "id": "rtb-02b27c4e5007b56fc",
            "owner_id": "727646505590",
            "propagating_vgws": [],
            "route": [
              {
                "carrier_gateway_id": "",
                "cidr_block": "0.0.0.0/0",
                "destination_prefix_list_id": "",
                "egress_only_gateway_id": "",
                "gateway_id": "",
                "instance_id": "",
                "ipv6_cidr_block": "",
                "local_gateway_id": "",
                "nat_gateway_id": "nat-0bd02d3698d6f164e",
                "network_interface_id": "",
                "transit_gateway_id": "",
                "vpc_endpoint_id": "",
                "vpc_peering_connection_id": ""
              }
            ],
            "tags": {},
            "tags_all": {},
            "timeouts": null,
            "vpc_id": "vpc-085861e1f0d0955d0"
          },
          "sensitive_attributes": [],
          "private": "eyJlMmJmYjczMC1lY2FhLTExZTYtOGY4OC0zNDM2M2JjN2M0YzAiOnsiY3JlYXRlIjozMDAwMDAwMDAwMDAsImRlbGV0ZSI6MzAwMDAwMDAwMDAwLCJ1cGRhdGUiOjEyMDAwMDAwMDAwMH19",
          "dependencies": [
            "aws_eip.london",
            "aws_internet_gateway.london",
            "aws_nat_gateway.london",
            "aws_subnet.public-eu-west-2a",
            "aws_vpc.london-vpc"
          ]
        }
      ]
    },
    {
      "mode": "managed",
      "type": "aws_route_table",
      "name": "London-public-rtb",
      "provider": "provider[\"registry.terraform.io/hashicorp/aws\"].London",
      "instances": [
        {
          "schema_version": 0,
          "attributes": {
            "arn": "arn:aws:ec2:eu-west-2:727646505590:route-table/rtb-034210b194d703b68",
            "id": "rtb-034210b194d703b68",
            "owner_id": "727646505590",
            "propagating_vgws": [],
            "route": [
              {
                "carrier_gateway_id": "",
                "cidr_block": "0.0.0.0/0",
                "destination_prefix_list_id": "",
                "egress_only_gateway_id": "",
                "gateway_id": "igw-0f29334ce4b041f38",
                "instance_id": "",
                "ipv6_cidr_block": "",
                "local_gateway_id": "",
                "nat_gateway_id": "",
                "network_interface_id": "",
                "transit_gateway_id": "",
                "vpc_endpoint_id": "",
                "vpc_peering_connection_id": ""
              }
            ],
            "tags": {},
            "tags_all": {},
            "timeouts": null,
            "vpc_id": "vpc-085861e1f0d0955d0"
          },
          "sensitive_attributes": [],
          "private": "eyJlMmJmYjczMC1lY2FhLTExZTYtOGY4OC0zNDM2M2JjN2M0YzAiOnsiY3JlYXRlIjozMDAwMDAwMDAwMDAsImRlbGV0ZSI6MzAwMDAwMDAwMDAwLCJ1cGRhdGUiOjEyMDAwMDAwMDAwMH19",
          "dependencies": [
            "aws_internet_gateway.london",
            "aws_vpc.london-vpc"
          ]
        }
      ]
    },
    {
      "mode": "managed",
      "type": "aws_route_table",
      "name": "New-York-private-rtb",
      "provider": "provider[\"registry.terraform.io/hashicorp/aws\"].New-York",
      "instances": [
        {
          "schema_version": 0,
          "attributes": {
            "arn": "arn:aws:ec2:us-east-1:727646505590:route-table/rtb-079cda9417cf6f6b9",
            "id": "rtb-079cda9417cf6f6b9",
            "owner_id": "727646505590",
            "propagating_vgws": [],
            "route": [
              {
                "carrier_gateway_id": "",
                "cidr_block": "0.0.0.0/0",
                "destination_prefix_list_id": "",
                "egress_only_gateway_id": "",
                "gateway_id": "",
                "instance_id": "",
                "ipv6_cidr_block": "",
                "local_gateway_id": "",
                "nat_gateway_id": "nat-0cbaf68e98453987e",
                "network_interface_id": "",
                "transit_gateway_id": "",
                "vpc_endpoint_id": "",
                "vpc_peering_connection_id": ""
              }
            ],
            "tags": {},
            "tags_all": {},
            "timeouts": null,
            "vpc_id": "vpc-0a590e9ccfad31ab0"
          },
          "sensitive_attributes": [],
          "private": "eyJlMmJmYjczMC1lY2FhLTExZTYtOGY4OC0zNDM2M2JjN2M0YzAiOnsiY3JlYXRlIjozMDAwMDAwMDAwMDAsImRlbGV0ZSI6MzAwMDAwMDAwMDAwLCJ1cGRhdGUiOjEyMDAwMDAwMDAwMH19",
          "dependencies": [
            "aws_eip.new_york",
            "aws_internet_gateway.new_york",
            "aws_nat_gateway.new_york",
            "aws_subnet.public-us-east-1a",
            "aws_vpc.new-york-vpc"
          ]
        }
      ]
    },
    {
      "mode": "managed",
      "type": "aws_route_table",
      "name": "New-York-public-rtb",
      "provider": "provider[\"registry.terraform.io/hashicorp/aws\"].New-York",
      "instances": [
        {
          "schema_version": 0,
          "attributes": {
            "arn": "arn:aws:ec2:us-east-1:727646505590:route-table/rtb-0cb9c82a2cdd4cde8",
            "id": "rtb-0cb9c82a2cdd4cde8",
            "owner_id": "727646505590",
            "propagating_vgws": [],
            "route": [
              {
                "carrier_gateway_id": "",
                "cidr_block": "0.0.0.0/0",
                "destination_prefix_list_id": "",
                "egress_only_gateway_id": "",
                "gateway_id": "igw-0f633917408d2f1ba",
                "instance_id": "",
                "ipv6_cidr_block": "",
                "local_gateway_id": "",
                "nat_gateway_id": "",
                "network_interface_id": "",
                "transit_gateway_id": "",
                "vpc_endpoint_id": "",
                "vpc_peering_connection_id": ""
              }
            ],
            "tags": {},
            "tags_all": {},
            "timeouts": null,
            "vpc_id": "vpc-0a590e9ccfad31ab0"
          },
          "sensitive_attributes": [],
          "private": "eyJlMmJmYjczMC1lY2FhLTExZTYtOGY4OC0zNDM2M2JjN2M0YzAiOnsiY3JlYXRlIjozMDAwMDAwMDAwMDAsImRlbGV0ZSI6MzAwMDAwMDAwMDAwLCJ1cGRhdGUiOjEyMDAwMDAwMDAwMH19",
          "dependencies": [
            "aws_internet_gateway.new_york",
            "aws_vpc.new-york-vpc"
          ]
        }
      ]
    },
    {
      "mode": "managed",
      "type": "aws_route_table",
      "name": "Sao-Paulo-private-rtb",
      "provider": "provider[\"registry.terraform.io/hashicorp/aws\"].Sao-Paulo",
      "instances": [
        {
          "schema_version": 0,
          "attributes": {
            "arn": "arn:aws:ec2:sa-east-1:727646505590:route-table/rtb-009adf0cd1e9a375f",
            "id": "rtb-009adf0cd1e9a375f",
            "owner_id": "727646505590",
            "propagating_vgws": [],
            "route": [
              {
                "carrier_gateway_id": "",
                "cidr_block": "0.0.0.0/0",
                "destination_prefix_list_id": "",
                "egress_only_gateway_id": "",
                "gateway_id": "",
                "instance_id": "",
                "ipv6_cidr_block": "",
                "local_gateway_id": "",
                "nat_gateway_id": "nat-08f4fd22929f6c368",
                "network_interface_id": "",
                "transit_gateway_id": "",
                "vpc_endpoint_id": "",
                "vpc_peering_connection_id": ""
              }
            ],
            "tags": {},
            "tags_all": {},
            "timeouts": null,
            "vpc_id": "vpc-032cae30f2e9d5d7e"
          },
          "sensitive_attributes": [],
          "private": "eyJlMmJmYjczMC1lY2FhLTExZTYtOGY4OC0zNDM2M2JjN2M0YzAiOnsiY3JlYXRlIjozMDAwMDAwMDAwMDAsImRlbGV0ZSI6MzAwMDAwMDAwMDAwLCJ1cGRhdGUiOjEyMDAwMDAwMDAwMH19",
          "dependencies": [
            "aws_eip.sao_paulo",
            "aws_internet_gateway.sao-paulo",
            "aws_nat_gateway.sao_paulo",
            "aws_subnet.public-sa-east-1a",
            "aws_vpc.sao-paulo-vpc"
          ]
        }
      ]
    },
    {
      "mode": "managed",
      "type": "aws_route_table",
      "name": "Sao-Paulo-public-rtb",
      "provider": "provider[\"registry.terraform.io/hashicorp/aws\"].Sao-Paulo",
      "instances": [
        {
          "schema_version": 0,
          "attributes": {
            "arn": "arn:aws:ec2:sa-east-1:727646505590:route-table/rtb-0ef2c2a82a2f9bcd2",
            "id": "rtb-0ef2c2a82a2f9bcd2",
            "owner_id": "727646505590",
            "propagating_vgws": [],
            "route": [
              {
                "carrier_gateway_id": "",
                "cidr_block": "0.0.0.0/0",
                "destination_prefix_list_id": "",
                "egress_only_gateway_id": "",
                "gateway_id": "igw-020a201e5ce5c5a7b",
                "instance_id": "",
                "ipv6_cidr_block": "",
                "local_gateway_id": "",
                "nat_gateway_id": "",
                "network_interface_id": "",
                "transit_gateway_id": "",
                "vpc_endpoint_id": "",
                "vpc_peering_connection_id": ""
              }
            ],
            "tags": {},
            "tags_all": {},
            "timeouts": null,
            "vpc_id": "vpc-032cae30f2e9d5d7e"
          },
          "sensitive_attributes": [],
          "private": "eyJlMmJmYjczMC1lY2FhLTExZTYtOGY4OC0zNDM2M2JjN2M0YzAiOnsiY3JlYXRlIjozMDAwMDAwMDAwMDAsImRlbGV0ZSI6MzAwMDAwMDAwMDAwLCJ1cGRhdGUiOjEyMDAwMDAwMDAwMH19",
          "dependencies": [
            "aws_internet_gateway.sao-paulo",
            "aws_vpc.sao-paulo-vpc"
          ]
        }
      ]
    },
    {
      "mode": "managed",
      "type": "aws_route_table",
      "name": "route-tokyo-public",
      "provider": "provider[\"registry.terraform.io/hashicorp/aws\"].Tokyo",
      "instances": [
        {
          "schema_version": 0,
          "attributes": {
            "arn": "arn:aws:ec2:ap-northeast-1:727646505590:route-table/rtb-00c7ba4b838830064",
            "id": "rtb-00c7ba4b838830064",
            "owner_id": "727646505590",
            "propagating_vgws": [],
            "route": [
              {
                "carrier_gateway_id": "",
                "cidr_block": "0.0.0.0/0",
                "destination_prefix_list_id": "",
                "egress_only_gateway_id": "",
                "gateway_id": "igw-072e39b263638b78d",
                "instance_id": "",
                "ipv6_cidr_block": "",
                "local_gateway_id": "",
                "nat_gateway_id": "",
                "network_interface_id": "",
                "transit_gateway_id": "",
                "vpc_endpoint_id": "",
                "vpc_peering_connection_id": ""
              }
            ],
            "tags": {},
            "tags_all": {},
            "timeouts": null,
            "vpc_id": "vpc-047b581d5bf1390dd"
          },
          "sensitive_attributes": [],
          "private": "eyJlMmJmYjczMC1lY2FhLTExZTYtOGY4OC0zNDM2M2JjN2M0YzAiOnsiY3JlYXRlIjozMDAwMDAwMDAwMDAsImRlbGV0ZSI6MzAwMDAwMDAwMDAwLCJ1cGRhdGUiOjEyMDAwMDAwMDAwMH19",
          "dependencies": [
            "aws_internet_gateway.tokyo",
            "aws_vpc.tokyo-vpc"
          ]
        }
      ]
    },
    {
      "mode": "managed",
      "type": "aws_route_table",
      "name": "route_tokyo-private",
      "provider": "provider[\"registry.terraform.io/hashicorp/aws\"].Tokyo",
      "instances": [
        {
          "schema_version": 0,
          "attributes": {
            "arn": "arn:aws:ec2:ap-northeast-1:727646505590:route-table/rtb-0b4e64c3740216f45",
            "id": "rtb-0b4e64c3740216f45",
            "owner_id": "727646505590",
            "propagating_vgws": [],
            "route": [
              {
                "carrier_gateway_id": "",
                "cidr_block": "10.21.0.0/16",
                "destination_prefix_list_id": "",
                "egress_only_gateway_id": "",
                "gateway_id": "",
                "instance_id": "",
                "ipv6_cidr_block": "",
                "local_gateway_id": "",
                "nat_gateway_id": "",
                "network_interface_id": "",
                "transit_gateway_id": "tgw-0c0eeb5b11952368a",
                "vpc_endpoint_id": "",
                "vpc_peering_connection_id": ""
              }
            ],
            "tags": {},
            "tags_all": {},
            "timeouts": null,
            "vpc_id": "vpc-047b581d5bf1390dd"
          },
          "sensitive_attributes": [],
          "private": "eyJlMmJmYjczMC1lY2FhLTExZTYtOGY4OC0zNDM2M2JjN2M0YzAiOnsiY3JlYXRlIjozMDAwMDAwMDAwMDAsImRlbGV0ZSI6MzAwMDAwMDAwMDAwLCJ1cGRhdGUiOjEyMDAwMDAwMDAwMH19",
          "dependencies": [
            "aws_vpc.tokyo-vpc"
          ]
        }
      ]
    },
    {
      "mode": "managed",
      "type": "aws_route_table_association",
      "name": "private-ap-east-1a",
      "provider": "provider[\"registry.terraform.io/hashicorp/aws\"].Hong-Kong",
      "instances": [
        {
          "schema_version": 0,
          "attributes": {
            "gateway_id": "",
            "id": "rtbassoc-03dace7b39e717067",
            "route_table_id": "rtb-0fe935745f60e3cd8",
            "subnet_id": "subnet-0fd6045c44d74544c"
          },
          "sensitive_attributes": [],
          "private": "bnVsbA==",
          "dependencies": [
            "aws_eip.hong_kong",
            "aws_internet_gateway.hong-kong",
            "aws_nat_gateway.hong_kong",
            "aws_route_table.Hong-Kong-private-rtb",
            "aws_subnet.private-ap-east-1a",
            "aws_subnet.public-ap-east-1a",
            "aws_vpc.hong-kong-vpc"
          ]
        }
      ]
    },
    {
      "mode": "managed",
      "type": "aws_route_table_association",
      "name": "private-ap-east-1b",
      "provider": "provider[\"registry.terraform.io/hashicorp/aws\"].Hong-Kong",
      "instances": [
        {
          "schema_version": 0,
          "attributes": {
            "gateway_id": "",
            "id": "rtbassoc-061f3f159dadaad4d",
            "route_table_id": "rtb-0fe935745f60e3cd8",
            "subnet_id": "subnet-079152f2b7c773fb7"
          },
          "sensitive_attributes": [],
          "private": "bnVsbA==",
          "dependencies": [
            "aws_eip.hong_kong",
            "aws_internet_gateway.hong-kong",
            "aws_nat_gateway.hong_kong",
            "aws_route_table.Hong-Kong-private-rtb",
            "aws_subnet.private-ap-east-1b",
            "aws_subnet.public-ap-east-1a",
            "aws_vpc.hong-kong-vpc"
          ]
        }
      ]
    },
    {
      "mode": "managed",
      "type": "aws_route_table_association",
      "name": "private-ap-northeast-1a",
      "provider": "provider[\"registry.terraform.io/hashicorp/aws\"].Tokyo",
      "instances": [
        {
          "schema_version": 0,
          "attributes": {
            "gateway_id": "",
            "id": "rtbassoc-0180b9689f2d39053",
            "route_table_id": "rtb-0b4e64c3740216f45",
            "subnet_id": "subnet-0e7633e230970d84d"
          },
          "sensitive_attributes": [],
          "private": "bnVsbA==",
          "dependencies": [
            "aws_route_table.route_tokyo-private",
            "aws_subnet.private-ap-northeast-1a",
            "aws_vpc.tokyo-vpc"
          ]
        }
      ]
    },
    {
      "mode": "managed",
      "type": "aws_route_table_association",
      "name": "private-ap-northeast-1c",
      "provider": "provider[\"registry.terraform.io/hashicorp/aws\"].Tokyo",
      "instances": [
        {
          "schema_version": 0,
          "attributes": {
            "gateway_id": "",
            "id": "rtbassoc-0b51e9b63705084e3",
            "route_table_id": "rtb-0b4e64c3740216f45",
            "subnet_id": "subnet-0257d7d7b10613472"
          },
          "sensitive_attributes": [],
          "private": "bnVsbA==",
          "dependencies": [
            "aws_route_table.route_tokyo-private",
            "aws_subnet.private-ap-northeast-1c",
            "aws_vpc.tokyo-vpc"
          ]
        }
      ]
    },
    {
      "mode": "managed",
      "type": "aws_route_table_association",
      "name": "private-ap-southeast-2a",
      "provider": "provider[\"registry.terraform.io/hashicorp/aws\"].Australia",
      "instances": [
        {
          "schema_version": 0,
          "attributes": {
            "gateway_id": "",
            "id": "rtbassoc-0c4d2d4ae527b6ec1",
            "route_table_id": "rtb-09e542c41fb117c0f",
            "subnet_id": "subnet-08c6774abac5bae1f"
          },
          "sensitive_attributes": [],
          "private": "bnVsbA==",
          "dependencies": [
            "aws_eip.australia",
            "aws_internet_gateway.australia",
            "aws_nat_gateway.australia",
            "aws_route_table.Australia-private-rtb",
            "aws_subnet.private-ap-southeast-2a",
            "aws_subnet.public-ap-southeast-2a",
            "aws_vpc.australia-vpc"
          ]
        }
      ]
    },
    {
      "mode": "managed",
      "type": "aws_route_table_association",
      "name": "private-ap-southeast-2b",
      "provider": "provider[\"registry.terraform.io/hashicorp/aws\"].Australia",
      "instances": [
        {
          "schema_version": 0,
          "attributes": {
            "gateway_id": "",
            "id": "rtbassoc-0e39f3aec462836e1",
            "route_table_id": "rtb-09e542c41fb117c0f",
            "subnet_id": "subnet-051f4c45518057170"
          },
          "sensitive_attributes": [],
          "private": "bnVsbA==",
          "dependencies": [
            "aws_eip.australia",
            "aws_internet_gateway.australia",
            "aws_nat_gateway.australia",
            "aws_route_table.Australia-private-rtb",
            "aws_subnet.private-ap-southeast-2b",
            "aws_subnet.public-ap-southeast-2a",
            "aws_vpc.australia-vpc"
          ]
        }
      ]
    },
    {
      "mode": "managed",
      "type": "aws_route_table_association",
      "name": "private-eu-west-2a",
      "provider": "provider[\"registry.terraform.io/hashicorp/aws\"].London",
      "instances": [
        {
          "schema_version": 0,
          "attributes": {
            "gateway_id": "",
            "id": "rtbassoc-069d1ac411e261e27",
            "route_table_id": "rtb-02b27c4e5007b56fc",
            "subnet_id": "subnet-062b00e70cf2e67a5"
          },
          "sensitive_attributes": [],
          "private": "bnVsbA==",
          "dependencies": [
            "aws_eip.london",
            "aws_internet_gateway.london",
            "aws_nat_gateway.london",
            "aws_route_table.London-private-rtb",
            "aws_subnet.private-eu-west-2a",
            "aws_subnet.public-eu-west-2a",
            "aws_vpc.london-vpc"
          ]
        }
      ]
    },
    {
      "mode": "managed",
      "type": "aws_route_table_association",
      "name": "private-eu-west-2b",
      "provider": "provider[\"registry.terraform.io/hashicorp/aws\"].London",
      "instances": [
        {
          "schema_version": 0,
          "attributes": {
            "gateway_id": "",
            "id": "rtbassoc-009cc4555d2c04e9a",
            "route_table_id": "rtb-02b27c4e5007b56fc",
            "subnet_id": "subnet-09c516c3e122d3780"
          },
          "sensitive_attributes": [],
          "private": "bnVsbA==",
          "dependencies": [
            "aws_eip.london",
            "aws_internet_gateway.london",
            "aws_nat_gateway.london",
            "aws_route_table.London-private-rtb",
            "aws_subnet.private-eu-west-2b",
            "aws_subnet.public-eu-west-2a",
            "aws_vpc.london-vpc"
          ]
        }
      ]
    },
    {
      "mode": "managed",
      "type": "aws_route_table_association",
      "name": "private-sa-east-1a",
      "provider": "provider[\"registry.terraform.io/hashicorp/aws\"].Sao-Paulo",
      "instances": [
        {
          "schema_version": 0,
          "attributes": {
            "gateway_id": "",
            "id": "rtbassoc-0825b34ca1c9f3365",
            "route_table_id": "rtb-009adf0cd1e9a375f",
            "subnet_id": "subnet-08a0f90f3740b901d"
          },
          "sensitive_attributes": [],
          "private": "bnVsbA==",
          "dependencies": [
            "aws_eip.sao_paulo",
            "aws_internet_gateway.sao-paulo",
            "aws_nat_gateway.sao_paulo",
            "aws_route_table.Sao-Paulo-private-rtb",
            "aws_subnet.private-sa-east-1a",
            "aws_subnet.public-sa-east-1a",
            "aws_vpc.sao-paulo-vpc"
          ]
        }
      ]
    },
    {
      "mode": "managed",
      "type": "aws_route_table_association",
      "name": "private-sa-east-1c",
      "provider": "provider[\"registry.terraform.io/hashicorp/aws\"].Sao-Paulo",
      "instances": [
        {
          "schema_version": 0,
          "attributes": {
            "gateway_id": "",
            "id": "rtbassoc-0779ee75ff576d0eb",
            "route_table_id": "rtb-009adf0cd1e9a375f",
            "subnet_id": "subnet-08da2b177c77d913f"
          },
          "sensitive_attributes": [],
          "private": "bnVsbA==",
          "dependencies": [
            "aws_eip.sao_paulo",
            "aws_internet_gateway.sao-paulo",
            "aws_nat_gateway.sao_paulo",
            "aws_route_table.Sao-Paulo-private-rtb",
            "aws_subnet.private-sa-east-1c",
            "aws_subnet.public-sa-east-1a",
            "aws_vpc.sao-paulo-vpc"
          ]
        }
      ]
    },
    {
      "mode": "managed",
      "type": "aws_route_table_association",
      "name": "private-us-east-1a",
      "provider": "provider[\"registry.terraform.io/hashicorp/aws\"].New-York",
      "instances": [
        {
          "schema_version": 0,
          "attributes": {
            "gateway_id": "",
            "id": "rtbassoc-0b875c79bfc747fd8",
            "route_table_id": "rtb-079cda9417cf6f6b9",
            "subnet_id": "subnet-0d220c0cce3459626"
          },
          "sensitive_attributes": [],
          "private": "bnVsbA==",
          "dependencies": [
            "aws_eip.new_york",
            "aws_internet_gateway.new_york",
            "aws_nat_gateway.new_york",
            "aws_route_table.New-York-private-rtb",
            "aws_subnet.private-us-east-1a",
            "aws_subnet.public-us-east-1a",
            "aws_vpc.new-york-vpc"
          ]
        }
      ]
    },
    {
      "mode": "managed",
      "type": "aws_route_table_association",
      "name": "private-us-east-1b",
      "provider": "provider[\"registry.terraform.io/hashicorp/aws\"].New-York",
      "instances": [
        {
          "schema_version": 0,
          "attributes": {
            "gateway_id": "",
            "id": "rtbassoc-0771ac556364ffc7e",
            "route_table_id": "rtb-079cda9417cf6f6b9",
            "subnet_id": "subnet-0fc9851c0cddb6283"
          },
          "sensitive_attributes": [],
          "private": "bnVsbA==",
          "dependencies": [
            "aws_eip.new_york",
            "aws_internet_gateway.new_york",
            "aws_nat_gateway.new_york",
            "aws_route_table.New-York-private-rtb",
            "aws_subnet.private-us-east-1b",
            "aws_subnet.public-us-east-1a",
            "aws_vpc.new-york-vpc"
          ]
        }
      ]
    },
    {
      "mode": "managed",
      "type": "aws_route_table_association",
      "name": "private-us-west-1b",
      "provider": "provider[\"registry.terraform.io/hashicorp/aws\"].California",
      "instances": [
        {
          "schema_version": 0,
          "attributes": {
            "gateway_id": "",
            "id": "rtbassoc-04f089a73aaa00d30",
            "route_table_id": "rtb-05c73a53e56ba72ac",
            "subnet_id": "subnet-0da65b547b6b8f477"
          },
          "sensitive_attributes": [],
          "private": "bnVsbA==",
          "dependencies": [
            "aws_eip.california",
            "aws_internet_gateway.california",
            "aws_nat_gateway.california",
            "aws_route_table.California-private-rtb",
            "aws_subnet.private-us-west-1b",
            "aws_subnet.public-us-west-1c",
            "aws_vpc.california-vpc"
          ]
        }
      ]
    },
    {
      "mode": "managed",
      "type": "aws_route_table_association",
      "name": "private-us-west-1c",
      "provider": "provider[\"registry.terraform.io/hashicorp/aws\"].California",
      "instances": [
        {
          "schema_version": 0,
          "attributes": {
            "gateway_id": "",
            "id": "rtbassoc-00b37a0e8cafdb383",
            "route_table_id": "rtb-05c73a53e56ba72ac",
            "subnet_id": "subnet-049b7d5a10e04dba6"
          },
          "sensitive_attributes": [],
          "private": "bnVsbA==",
          "dependencies": [
            "aws_eip.california",
            "aws_internet_gateway.california",
            "aws_nat_gateway.california",
            "aws_route_table.California-private-rtb",
            "aws_subnet.private-us-west-1c",
            "aws_subnet.public-us-west-1c",
            "aws_vpc.california-vpc"
          ]
        }
      ]
    },
    {
      "mode": "managed",
      "type": "aws_route_table_association",
      "name": "public-ap-east-1a",
      "provider": "provider[\"registry.terraform.io/hashicorp/aws\"].Hong-Kong",
      "instances": [
        {
          "schema_version": 0,
          "attributes": {
            "gateway_id": "",
            "id": "rtbassoc-055f283a89410743b",
            "route_table_id": "rtb-054fb7bab2015dd90",
            "subnet_id": "subnet-0ce9d045b365f6a05"
          },
          "sensitive_attributes": [],
          "private": "bnVsbA==",
          "dependencies": [
            "aws_internet_gateway.hong-kong",
            "aws_route_table.Hong-Kong-public-rtb",
            "aws_subnet.public-ap-east-1a",
            "aws_vpc.hong-kong-vpc"
          ]
        }
      ]
    },
    {
      "mode": "managed",
      "type": "aws_route_table_association",
      "name": "public-ap-east-1b",
      "provider": "provider[\"registry.terraform.io/hashicorp/aws\"].Hong-Kong",
      "instances": [
        {
          "schema_version": 0,
          "attributes": {
            "gateway_id": "",
            "id": "rtbassoc-0f998b49338eecd67",
            "route_table_id": "rtb-054fb7bab2015dd90",
            "subnet_id": "subnet-07cab4eaddaa9d565"
          },
          "sensitive_attributes": [],
          "private": "bnVsbA==",
          "dependencies": [
            "aws_internet_gateway.hong-kong",
            "aws_route_table.Hong-Kong-public-rtb",
            "aws_subnet.public-ap-east-1b",
            "aws_vpc.hong-kong-vpc"
          ]
        }
      ]
    },
    {
      "mode": "managed",
      "type": "aws_route_table_association",
      "name": "public-ap-northeast-1a",
      "provider": "provider[\"registry.terraform.io/hashicorp/aws\"].Tokyo",
      "instances": [
        {
          "schema_version": 0,
          "attributes": {
            "gateway_id": "",
            "id": "rtbassoc-0e154a0597d42d534",
            "route_table_id": "rtb-00c7ba4b838830064",
            "subnet_id": "subnet-0311e698c3a6b445e"
          },
          "sensitive_attributes": [],
          "private": "bnVsbA==",
          "dependencies": [
            "aws_internet_gateway.tokyo",
            "aws_route_table.route-tokyo-public",
            "aws_subnet.public-ap-northeast-1a",
            "aws_vpc.tokyo-vpc"
          ]
        }
      ]
    },
    {
      "mode": "managed",
      "type": "aws_route_table_association",
      "name": "public-ap-northeast-1c",
      "provider": "provider[\"registry.terraform.io/hashicorp/aws\"].Tokyo",
      "instances": [
        {
          "schema_version": 0,
          "attributes": {
            "gateway_id": "",
            "id": "rtbassoc-0e0c242fdccc628cb",
            "route_table_id": "rtb-00c7ba4b838830064",
            "subnet_id": "subnet-02af802b2b6480f7a"
          },
          "sensitive_attributes": [],
          "private": "bnVsbA==",
          "dependencies": [
            "aws_internet_gateway.tokyo",
            "aws_route_table.route-tokyo-public",
            "aws_subnet.public-ap-northeast-1c",
            "aws_vpc.tokyo-vpc"
          ]
        }
      ]
    },
    {
      "mode": "managed",
      "type": "aws_route_table_association",
      "name": "public-ap-southeast-2a",
      "provider": "provider[\"registry.terraform.io/hashicorp/aws\"].Australia",
      "instances": [
        {
          "schema_version": 0,
          "attributes": {
            "gateway_id": "",
            "id": "rtbassoc-00d9baf1c45978b75",
            "route_table_id": "rtb-040d139a02453e652",
            "subnet_id": "subnet-05c7781ccb710750e"
          },
          "sensitive_attributes": [],
          "private": "bnVsbA==",
          "dependencies": [
            "aws_internet_gateway.australia",
            "aws_route_table.Australia-public-rtb",
            "aws_subnet.public-ap-southeast-2a",
            "aws_vpc.australia-vpc"
          ]
        }
      ]
    },
    {
      "mode": "managed",
      "type": "aws_route_table_association",
      "name": "public-ap-southeast-2b",
      "provider": "provider[\"registry.terraform.io/hashicorp/aws\"].Australia",
      "instances": [
        {
          "schema_version": 0,
          "attributes": {
            "gateway_id": "",
            "id": "rtbassoc-02b9b80ce25ac3210",
            "route_table_id": "rtb-040d139a02453e652",
            "subnet_id": "subnet-0c7b4ce0c8ff5ee7b"
          },
          "sensitive_attributes": [],
          "private": "bnVsbA==",
          "dependencies": [
            "aws_internet_gateway.australia",
            "aws_route_table.Australia-public-rtb",
            "aws_subnet.public-ap-southeast-2b",
            "aws_vpc.australia-vpc"
          ]
        }
      ]
    },
    {
      "mode": "managed",
      "type": "aws_route_table_association",
      "name": "public-eu-west-2a",
      "provider": "provider[\"registry.terraform.io/hashicorp/aws\"].London",
      "instances": [
        {
          "schema_version": 0,
          "attributes": {
            "gateway_id": "",
            "id": "rtbassoc-05a0df96905c6ac24",
            "route_table_id": "rtb-034210b194d703b68",
            "subnet_id": "subnet-0ea0d29f477d3d8cc"
          },
          "sensitive_attributes": [],
          "private": "bnVsbA==",
          "dependencies": [
            "aws_internet_gateway.london",
            "aws_route_table.London-public-rtb",
            "aws_subnet.public-eu-west-2a",
            "aws_vpc.london-vpc"
          ]
        }
      ]
    },
    {
      "mode": "managed",
      "type": "aws_route_table_association",
      "name": "public-eu-west-2b",
      "provider": "provider[\"registry.terraform.io/hashicorp/aws\"].London",
      "instances": [
        {
          "schema_version": 0,
          "attributes": {
            "gateway_id": "",
            "id": "rtbassoc-08074e3f8c491b9ff",
            "route_table_id": "rtb-034210b194d703b68",
            "subnet_id": "subnet-0c9eb7fc6e92f1800"
          },
          "sensitive_attributes": [],
          "private": "bnVsbA==",
          "dependencies": [
            "aws_internet_gateway.london",
            "aws_route_table.London-public-rtb",
            "aws_subnet.public-eu-west-2b",
            "aws_vpc.london-vpc"
          ]
        }
      ]
    },
    {
      "mode": "managed",
      "type": "aws_route_table_association",
      "name": "public-sa-east-1a",
      "provider": "provider[\"registry.terraform.io/hashicorp/aws\"].Sao-Paulo",
      "instances": [
        {
          "schema_version": 0,
          "attributes": {
            "gateway_id": "",
            "id": "rtbassoc-064db110b1cfdf7a2",
            "route_table_id": "rtb-0ef2c2a82a2f9bcd2",
            "subnet_id": "subnet-05ad8e41d0ac68041"
          },
          "sensitive_attributes": [],
          "private": "bnVsbA==",
          "dependencies": [
            "aws_internet_gateway.sao-paulo",
            "aws_route_table.Sao-Paulo-public-rtb",
            "aws_subnet.public-sa-east-1a",
            "aws_vpc.sao-paulo-vpc"
          ]
        }
      ]
    },
    {
      "mode": "managed",
      "type": "aws_route_table_association",
      "name": "public-sa-east-1c",
      "provider": "provider[\"registry.terraform.io/hashicorp/aws\"].Sao-Paulo",
      "instances": [
        {
          "schema_version": 0,
          "attributes": {
            "gateway_id": "",
            "id": "rtbassoc-00f0616ef5c038264",
            "route_table_id": "rtb-0ef2c2a82a2f9bcd2",
            "subnet_id": "subnet-0cb7ca4ce683e899d"
          },
          "sensitive_attributes": [],
          "private": "bnVsbA==",
          "dependencies": [
            "aws_internet_gateway.sao-paulo",
            "aws_route_table.Sao-Paulo-public-rtb",
            "aws_subnet.public-sa-east-1c",
            "aws_vpc.sao-paulo-vpc"
          ]
        }
      ]
    },
    {
      "mode": "managed",
      "type": "aws_route_table_association",
      "name": "public-us-east-1a",
      "provider": "provider[\"registry.terraform.io/hashicorp/aws\"].New-York",
      "instances": [
        {
          "schema_version": 0,
          "attributes": {
            "gateway_id": "",
            "id": "rtbassoc-09497e99a9a5e3646",
            "route_table_id": "rtb-0cb9c82a2cdd4cde8",
            "subnet_id": "subnet-043a21e9c41079eed"
          },
          "sensitive_attributes": [],
          "private": "bnVsbA==",
          "dependencies": [
            "aws_internet_gateway.new_york",
            "aws_route_table.New-York-public-rtb",
            "aws_subnet.public-us-east-1a",
            "aws_vpc.new-york-vpc"
          ]
        }
      ]
    },
    {
      "mode": "managed",
      "type": "aws_route_table_association",
      "name": "public-us-east-1b",
      "provider": "provider[\"registry.terraform.io/hashicorp/aws\"].New-York",
      "instances": [
        {
          "schema_version": 0,
          "attributes": {
            "gateway_id": "",
            "id": "rtbassoc-06db15014a5651465",
            "route_table_id": "rtb-0cb9c82a2cdd4cde8",
            "subnet_id": "subnet-083103eeda3635a41"
          },
          "sensitive_attributes": [],
          "private": "bnVsbA==",
          "dependencies": [
            "aws_internet_gateway.new_york",
            "aws_route_table.New-York-public-rtb",
            "aws_subnet.public-us-east-1b",
            "aws_vpc.new-york-vpc"
          ]
        }
      ]
    },
    {
      "mode": "managed",
      "type": "aws_route_table_association",
      "name": "public-us-west-1b",
      "provider": "provider[\"registry.terraform.io/hashicorp/aws\"].California",
      "instances": [
        {
          "schema_version": 0,
          "attributes": {
            "gateway_id": "",
            "id": "rtbassoc-07d2b884f81f93622",
            "route_table_id": "rtb-005de86522732ce99",
            "subnet_id": "subnet-0444831d3d9cf7a53"
          },
          "sensitive_attributes": [],
          "private": "bnVsbA==",
          "dependencies": [
            "aws_internet_gateway.california",
            "aws_route_table.California-public-rtb",
            "aws_subnet.public-us-west-1b",
            "aws_vpc.california-vpc"
          ]
        }
      ]
    },
    {
      "mode": "managed",
      "type": "aws_route_table_association",
      "name": "public-us-west-1c",
      "provider": "provider[\"registry.terraform.io/hashicorp/aws\"].California",
      "instances": [
        {
          "schema_version": 0,
          "attributes": {
            "gateway_id": "",
            "id": "rtbassoc-07e788260e440f59f",
            "route_table_id": "rtb-005de86522732ce99",
            "subnet_id": "subnet-0b24801f00022ff5a"
          },
          "sensitive_attributes": [],
          "private": "bnVsbA==",
          "dependencies": [
            "aws_internet_gateway.california",
            "aws_route_table.California-public-rtb",
            "aws_subnet.public-us-west-1c",
            "aws_vpc.california-vpc"
          ]
        }
      ]
    },
    {
      "mode": "managed",
      "type": "aws_security_group",
      "name": "australia-sg",
      "provider": "provider[\"registry.terraform.io/hashicorp/aws\"].Australia",
      "instances": [
        {
          "schema_version": 1,
          "attributes": {
            "arn": "arn:aws:ec2:ap-southeast-2:727646505590:security-group/sg-06283c60f8f356de2",
            "description": "australia-sg",
            "egress": [
              {
                "cidr_blocks": [
                  "0.0.0.0/0"
                ],
                "description": "",
                "from_port": 0,
                "ipv6_cidr_blocks": [],
                "prefix_list_ids": [],
                "protocol": "-1",
                "security_groups": [],
                "self": false,
                "to_port": 0
              }
            ],
            "id": "sg-06283c60f8f356de2",
            "ingress": [
              {
                "cidr_blocks": [
                  "0.0.0.0/0"
                ],
                "description": "HTTP",
                "from_port": 80,
                "ipv6_cidr_blocks": [],
                "prefix_list_ids": [],
                "protocol": "tcp",
                "security_groups": [],
                "self": false,
                "to_port": 80
              },
              {
                "cidr_blocks": [
                  "0.0.0.0/0"
                ],
                "description": "SSH",
                "from_port": 22,
                "ipv6_cidr_blocks": [],
                "prefix_list_ids": [],
                "protocol": "tcp",
                "security_groups": [],
                "self": false,
                "to_port": 22
              }
            ],
            "name": "australia-sg",
            "name_prefix": "",
            "owner_id": "727646505590",
            "revoke_rules_on_delete": false,
            "tags": {},
            "tags_all": {},
            "timeouts": null,
            "vpc_id": "vpc-00f530dc2c9fafbf5"
          },
          "sensitive_attributes": [],
          "private": "eyJlMmJmYjczMC1lY2FhLTExZTYtOGY4OC0zNDM2M2JjN2M0YzAiOnsiY3JlYXRlIjo2MDAwMDAwMDAwMDAsImRlbGV0ZSI6OTAwMDAwMDAwMDAwfSwic2NoZW1hX3ZlcnNpb24iOiIxIn0=",
          "dependencies": [
            "aws_vpc.australia-vpc"
          ],
          "create_before_destroy": true
        }
      ]
    },
    {
      "mode": "managed",
      "type": "aws_security_group",
      "name": "australia-sg-lb",
      "provider": "provider[\"registry.terraform.io/hashicorp/aws\"].Australia",
      "instances": [
        {
          "schema_version": 1,
          "attributes": {
            "arn": "arn:aws:ec2:ap-southeast-2:727646505590:security-group/sg-096070a9c1c66effe",
            "description": "australia-sg-lb",
            "egress": [
              {
                "cidr_blocks": [
                  "0.0.0.0/0"
                ],
                "description": "",
                "from_port": 0,
                "ipv6_cidr_blocks": [],
                "prefix_list_ids": [],
                "protocol": "-1",
                "security_groups": [],
                "self": false,
                "to_port": 0
              }
            ],
            "id": "sg-096070a9c1c66effe",
            "ingress": [
              {
                "cidr_blocks": [
                  "0.0.0.0/0"
                ],
                "description": "HTTP",
                "from_port": 80,
                "ipv6_cidr_blocks": [],
                "prefix_list_ids": [],
                "protocol": "tcp",
                "security_groups": [],
                "self": false,
                "to_port": 80
              },
              {
                "cidr_blocks": [
                  "0.0.0.0/0"
                ],
                "description": "SSH",
                "from_port": 22,
                "ipv6_cidr_blocks": [],
                "prefix_list_ids": [],
                "protocol": "tcp",
                "security_groups": [],
                "self": false,
                "to_port": 22
              }
            ],
            "name": "australia-sg-lb",
            "name_prefix": "",
            "owner_id": "727646505590",
            "revoke_rules_on_delete": false,
            "tags": {},
            "tags_all": {},
            "timeouts": null,
            "vpc_id": "vpc-00f530dc2c9fafbf5"
          },
          "sensitive_attributes": [],
          "private": "eyJlMmJmYjczMC1lY2FhLTExZTYtOGY4OC0zNDM2M2JjN2M0YzAiOnsiY3JlYXRlIjo2MDAwMDAwMDAwMDAsImRlbGV0ZSI6OTAwMDAwMDAwMDAwfSwic2NoZW1hX3ZlcnNpb24iOiIxIn0=",
          "dependencies": [
            "aws_vpc.australia-vpc"
          ]
        }
      ]
    },
    {
      "mode": "managed",
      "type": "aws_security_group",
      "name": "california-sg",
      "provider": "provider[\"registry.terraform.io/hashicorp/aws\"].California",
      "instances": [
        {
          "schema_version": 1,
          "attributes": {
            "arn": "arn:aws:ec2:us-west-1:727646505590:security-group/sg-001bb2145e23d368b",
            "description": "california-sg",
            "egress": [
              {
                "cidr_blocks": [
                  "0.0.0.0/0"
                ],
                "description": "",
                "from_port": 0,
                "ipv6_cidr_blocks": [],
                "prefix_list_ids": [],
                "protocol": "-1",
                "security_groups": [],
                "self": false,
                "to_port": 0
              }
            ],
            "id": "sg-001bb2145e23d368b",
            "ingress": [
              {
                "cidr_blocks": [
                  "0.0.0.0/0"
                ],
                "description": "HTTP",
                "from_port": 80,
                "ipv6_cidr_blocks": [],
                "prefix_list_ids": [],
                "protocol": "tcp",
                "security_groups": [],
                "self": false,
                "to_port": 80
              },
              {
                "cidr_blocks": [
                  "0.0.0.0/0"
                ],
                "description": "SSH",
                "from_port": 22,
                "ipv6_cidr_blocks": [],
                "prefix_list_ids": [],
                "protocol": "tcp",
                "security_groups": [],
                "self": false,
                "to_port": 22
              }
            ],
            "name": "california-sg",
            "name_prefix": "",
            "owner_id": "727646505590",
            "revoke_rules_on_delete": false,
            "tags": {},
            "tags_all": {},
            "timeouts": null,
            "vpc_id": "vpc-002cade745668b9bd"
          },
          "sensitive_attributes": [],
          "private": "eyJlMmJmYjczMC1lY2FhLTExZTYtOGY4OC0zNDM2M2JjN2M0YzAiOnsiY3JlYXRlIjo2MDAwMDAwMDAwMDAsImRlbGV0ZSI6OTAwMDAwMDAwMDAwfSwic2NoZW1hX3ZlcnNpb24iOiIxIn0=",
          "dependencies": [
            "aws_vpc.california-vpc"
          ],
          "create_before_destroy": true
        }
      ]
    },
    {
      "mode": "managed",
      "type": "aws_security_group",
      "name": "california-sg-lb",
      "provider": "provider[\"registry.terraform.io/hashicorp/aws\"].California",
      "instances": [
        {
          "schema_version": 1,
          "attributes": {
            "arn": "arn:aws:ec2:us-west-1:727646505590:security-group/sg-0217cccfac3dd7673",
            "description": "california-sg-lb",
            "egress": [
              {
                "cidr_blocks": [
                  "0.0.0.0/0"
                ],
                "description": "",
                "from_port": 0,
                "ipv6_cidr_blocks": [],
                "prefix_list_ids": [],
                "protocol": "-1",
                "security_groups": [],
                "self": false,
                "to_port": 0
              }
            ],
            "id": "sg-0217cccfac3dd7673",
            "ingress": [
              {
                "cidr_blocks": [
                  "0.0.0.0/0"
                ],
                "description": "HTTP",
                "from_port": 80,
                "ipv6_cidr_blocks": [],
                "prefix_list_ids": [],
                "protocol": "tcp",
                "security_groups": [],
                "self": false,
                "to_port": 80
              },
              {
                "cidr_blocks": [
                  "0.0.0.0/0"
                ],
                "description": "SSH",
                "from_port": 22,
                "ipv6_cidr_blocks": [],
                "prefix_list_ids": [],
                "protocol": "tcp",
                "security_groups": [],
                "self": false,
                "to_port": 22
              }
            ],
            "name": "california-sg-lb",
            "name_prefix": "",
            "owner_id": "727646505590",
            "revoke_rules_on_delete": false,
            "tags": {},
            "tags_all": {},
            "timeouts": null,
            "vpc_id": "vpc-002cade745668b9bd"
          },
          "sensitive_attributes": [],
          "private": "eyJlMmJmYjczMC1lY2FhLTExZTYtOGY4OC0zNDM2M2JjN2M0YzAiOnsiY3JlYXRlIjo2MDAwMDAwMDAwMDAsImRlbGV0ZSI6OTAwMDAwMDAwMDAwfSwic2NoZW1hX3ZlcnNpb24iOiIxIn0=",
          "dependencies": [
            "aws_vpc.california-vpc"
          ]
        }
      ]
    },
    {
      "mode": "managed",
      "type": "aws_security_group",
      "name": "hong-kong-sg",
      "provider": "provider[\"registry.terraform.io/hashicorp/aws\"].Hong-Kong",
      "instances": [
        {
          "schema_version": 1,
          "attributes": {
            "arn": "arn:aws:ec2:ap-east-1:727646505590:security-group/sg-03109a537965868cf",
            "description": "Hong-Kong-sg01-servers",
            "egress": [
              {
                "cidr_blocks": [
                  "0.0.0.0/0"
                ],
                "description": "",
                "from_port": 0,
                "ipv6_cidr_blocks": [],
                "prefix_list_ids": [],
                "protocol": "-1",
                "security_groups": [],
                "self": false,
                "to_port": 0
              }
            ],
            "id": "sg-03109a537965868cf",
            "ingress": [
              {
                "cidr_blocks": [
                  "0.0.0.0/0"
                ],
                "description": "HTTP",
                "from_port": 80,
                "ipv6_cidr_blocks": [],
                "prefix_list_ids": [],
                "protocol": "tcp",
                "security_groups": [],
                "self": false,
                "to_port": 80
              },
              {
                "cidr_blocks": [
                  "0.0.0.0/0"
                ],
                "description": "SSH",
                "from_port": 22,
                "ipv6_cidr_blocks": [],
                "prefix_list_ids": [],
                "protocol": "tcp",
                "security_groups": [],
                "self": false,
                "to_port": 22
              }
            ],
            "name": "Hong-Kong-sg01-servers",
            "name_prefix": "",
            "owner_id": "727646505590",
            "revoke_rules_on_delete": false,
            "tags": {},
            "tags_all": {},
            "timeouts": null,
            "vpc_id": "vpc-09c410cd86c1117d9"
          },
          "sensitive_attributes": [],
          "private": "eyJlMmJmYjczMC1lY2FhLTExZTYtOGY4OC0zNDM2M2JjN2M0YzAiOnsiY3JlYXRlIjo2MDAwMDAwMDAwMDAsImRlbGV0ZSI6OTAwMDAwMDAwMDAwfSwic2NoZW1hX3ZlcnNpb24iOiIxIn0=",
          "dependencies": [
            "aws_vpc.hong-kong-vpc"
          ],
          "create_before_destroy": true
        }
      ]
    },
    {
      "mode": "managed",
      "type": "aws_security_group",
      "name": "hong-kong-sg-lb",
      "provider": "provider[\"registry.terraform.io/hashicorp/aws\"].Hong-Kong",
      "instances": [
        {
          "schema_version": 1,
          "attributes": {
            "arn": "arn:aws:ec2:ap-east-1:727646505590:security-group/sg-08e01b11c96e44cfd",
            "description": "Hong-Kong-sg02-LB",
            "egress": [
              {
                "cidr_blocks": [
                  "0.0.0.0/0"
                ],
                "description": "",
                "from_port": 0,
                "ipv6_cidr_blocks": [],
                "prefix_list_ids": [],
                "protocol": "-1",
                "security_groups": [],
                "self": false,
                "to_port": 0
              }
            ],
            "id": "sg-08e01b11c96e44cfd",
            "ingress": [
              {
                "cidr_blocks": [
                  "0.0.0.0/0"
                ],
                "description": "HTTP",
                "from_port": 80,
                "ipv6_cidr_blocks": [],
                "prefix_list_ids": [],
                "protocol": "tcp",
                "security_groups": [],
                "self": false,
                "to_port": 80
              },
              {
                "cidr_blocks": [
                  "0.0.0.0/0"
                ],
                "description": "SSH",
                "from_port": 22,
                "ipv6_cidr_blocks": [],
                "prefix_list_ids": [],
                "protocol": "tcp",
                "security_groups": [],
                "self": false,
                "to_port": 22
              }
            ],
            "name": "Hong-Kong-sg02-LB",
            "name_prefix": "",
            "owner_id": "727646505590",
            "revoke_rules_on_delete": false,
            "tags": {},
            "tags_all": {},
            "timeouts": null,
            "vpc_id": "vpc-09c410cd86c1117d9"
          },
          "sensitive_attributes": [],
          "private": "eyJlMmJmYjczMC1lY2FhLTExZTYtOGY4OC0zNDM2M2JjN2M0YzAiOnsiY3JlYXRlIjo2MDAwMDAwMDAwMDAsImRlbGV0ZSI6OTAwMDAwMDAwMDAwfSwic2NoZW1hX3ZlcnNpb24iOiIxIn0=",
          "dependencies": [
            "aws_vpc.hong-kong-vpc"
          ]
        }
      ]
    },
    {
      "mode": "managed",
      "type": "aws_security_group",
      "name": "london-sg",
      "provider": "provider[\"registry.terraform.io/hashicorp/aws\"].London",
      "instances": [
        {
          "schema_version": 1,
          "attributes": {
            "arn": "arn:aws:ec2:eu-west-2:727646505590:security-group/sg-0096fac9bd4ffc173",
            "description": "london-sg",
            "egress": [
              {
                "cidr_blocks": [
                  "0.0.0.0/0"
                ],
                "description": "",
                "from_port": 0,
                "ipv6_cidr_blocks": [],
                "prefix_list_ids": [],
                "protocol": "-1",
                "security_groups": [],
                "self": false,
                "to_port": 0
              }
            ],
            "id": "sg-0096fac9bd4ffc173",
            "ingress": [
              {
                "cidr_blocks": [
                  "0.0.0.0/0"
                ],
                "description": "HTTP",
                "from_port": 80,
                "ipv6_cidr_blocks": [],
                "prefix_list_ids": [],
                "protocol": "tcp",
                "security_groups": [],
                "self": false,
                "to_port": 80
              },
              {
                "cidr_blocks": [
                  "0.0.0.0/0"
                ],
                "description": "SSH",
                "from_port": 22,
                "ipv6_cidr_blocks": [],
                "prefix_list_ids": [],
                "protocol": "tcp",
                "security_groups": [],
                "self": false,
                "to_port": 22
              }
            ],
            "name": "london-sg",
            "name_prefix": "",
            "owner_id": "727646505590",
            "revoke_rules_on_delete": false,
            "tags": {},
            "tags_all": {},
            "timeouts": null,
            "vpc_id": "vpc-085861e1f0d0955d0"
          },
          "sensitive_attributes": [],
          "private": "eyJlMmJmYjczMC1lY2FhLTExZTYtOGY4OC0zNDM2M2JjN2M0YzAiOnsiY3JlYXRlIjo2MDAwMDAwMDAwMDAsImRlbGV0ZSI6OTAwMDAwMDAwMDAwfSwic2NoZW1hX3ZlcnNpb24iOiIxIn0=",
          "dependencies": [
            "aws_vpc.london-vpc"
          ],
          "create_before_destroy": true
        }
      ]
    },
    {
      "mode": "managed",
      "type": "aws_security_group",
      "name": "london-sg-lb",
      "provider": "provider[\"registry.terraform.io/hashicorp/aws\"].London",
      "instances": [
        {
          "schema_version": 1,
          "attributes": {
            "arn": "arn:aws:ec2:eu-west-2:727646505590:security-group/sg-0eb46fc0df0191af0",
            "description": "london-sg-lb",
            "egress": [
              {
                "cidr_blocks": [
                  "0.0.0.0/0"
                ],
                "description": "",
                "from_port": 0,
                "ipv6_cidr_blocks": [],
                "prefix_list_ids": [],
                "protocol": "-1",
                "security_groups": [],
                "self": false,
                "to_port": 0
              }
            ],
            "id": "sg-0eb46fc0df0191af0",
            "ingress": [
              {
                "cidr_blocks": [
                  "0.0.0.0/0"
                ],
                "description": "HTTP",
                "from_port": 80,
                "ipv6_cidr_blocks": [],
                "prefix_list_ids": [],
                "protocol": "tcp",
                "security_groups": [],
                "self": false,
                "to_port": 80
              },
              {
                "cidr_blocks": [
                  "0.0.0.0/0"
                ],
                "description": "SSH",
                "from_port": 22,
                "ipv6_cidr_blocks": [],
                "prefix_list_ids": [],
                "protocol": "tcp",
                "security_groups": [],
                "self": false,
                "to_port": 22
              }
            ],
            "name": "london-sg-lb",
            "name_prefix": "",
            "owner_id": "727646505590",
            "revoke_rules_on_delete": false,
            "tags": {},
            "tags_all": {},
            "timeouts": null,
            "vpc_id": "vpc-085861e1f0d0955d0"
          },
          "sensitive_attributes": [],
          "private": "eyJlMmJmYjczMC1lY2FhLTExZTYtOGY4OC0zNDM2M2JjN2M0YzAiOnsiY3JlYXRlIjo2MDAwMDAwMDAwMDAsImRlbGV0ZSI6OTAwMDAwMDAwMDAwfSwic2NoZW1hX3ZlcnNpb24iOiIxIn0=",
          "dependencies": [
            "aws_vpc.london-vpc"
          ]
        }
      ]
    },
    {
      "mode": "managed",
      "type": "aws_security_group",
      "name": "new-york-sg",
      "provider": "provider[\"registry.terraform.io/hashicorp/aws\"].New-York",
      "instances": [
        {
          "schema_version": 1,
          "attributes": {
            "arn": "arn:aws:ec2:us-east-1:727646505590:security-group/sg-01746d26f0987c793",
            "description": "new-york-sg",
            "egress": [
              {
                "cidr_blocks": [
                  "0.0.0.0/0"
                ],
                "description": "",
                "from_port": 0,
                "ipv6_cidr_blocks": [],
                "prefix_list_ids": [],
                "protocol": "-1",
                "security_groups": [],
                "self": false,
                "to_port": 0
              }
            ],
            "id": "sg-01746d26f0987c793",
            "ingress": [
              {
                "cidr_blocks": [
                  "0.0.0.0/0"
                ],
                "description": "HTTP",
                "from_port": 80,
                "ipv6_cidr_blocks": [],
                "prefix_list_ids": [],
                "protocol": "tcp",
                "security_groups": [],
                "self": false,
                "to_port": 80
              },
              {
                "cidr_blocks": [
                  "0.0.0.0/0"
                ],
                "description": "SSH",
                "from_port": 22,
                "ipv6_cidr_blocks": [],
                "prefix_list_ids": [],
                "protocol": "tcp",
                "security_groups": [],
                "self": false,
                "to_port": 22
              }
            ],
            "name": "new-york-sg",
            "name_prefix": "",
            "owner_id": "727646505590",
            "revoke_rules_on_delete": false,
            "tags": {},
            "tags_all": {},
            "timeouts": null,
            "vpc_id": "vpc-0a590e9ccfad31ab0"
          },
          "sensitive_attributes": [],
          "private": "eyJlMmJmYjczMC1lY2FhLTExZTYtOGY4OC0zNDM2M2JjN2M0YzAiOnsiY3JlYXRlIjo2MDAwMDAwMDAwMDAsImRlbGV0ZSI6OTAwMDAwMDAwMDAwfSwic2NoZW1hX3ZlcnNpb24iOiIxIn0=",
          "dependencies": [
            "aws_vpc.new-york-vpc"
          ],
          "create_before_destroy": true
        }
      ]
    },
    {
      "mode": "managed",
      "type": "aws_security_group",
      "name": "new-york-sg-lb",
      "provider": "provider[\"registry.terraform.io/hashicorp/aws\"].New-York",
      "instances": [
        {
          "schema_version": 1,
          "attributes": {
            "arn": "arn:aws:ec2:us-east-1:727646505590:security-group/sg-07cc913815722b61f",
            "description": "new-york-sg-lb",
            "egress": [
              {
                "cidr_blocks": [
                  "0.0.0.0/0"
                ],
                "description": "",
                "from_port": 0,
                "ipv6_cidr_blocks": [],
                "prefix_list_ids": [],
                "protocol": "-1",
                "security_groups": [],
                "self": false,
                "to_port": 0
              }
            ],
            "id": "sg-07cc913815722b61f",
            "ingress": [
              {
                "cidr_blocks": [
                  "0.0.0.0/0"
                ],
                "description": "HTTP",
                "from_port": 80,
                "ipv6_cidr_blocks": [],
                "prefix_list_ids": [],
                "protocol": "tcp",
                "security_groups": [],
                "self": false,
                "to_port": 80
              },
              {
                "cidr_blocks": [
                  "0.0.0.0/0"
                ],
                "description": "SSH",
                "from_port": 22,
                "ipv6_cidr_blocks": [],
                "prefix_list_ids": [],
                "protocol": "tcp",
                "security_groups": [],
                "self": false,
                "to_port": 22
              }
            ],
            "name": "new-york-sg-lb",
            "name_prefix": "",
            "owner_id": "727646505590",
            "revoke_rules_on_delete": false,
            "tags": {},
            "tags_all": {},
            "timeouts": null,
            "vpc_id": "vpc-0a590e9ccfad31ab0"
          },
          "sensitive_attributes": [],
          "private": "eyJlMmJmYjczMC1lY2FhLTExZTYtOGY4OC0zNDM2M2JjN2M0YzAiOnsiY3JlYXRlIjo2MDAwMDAwMDAwMDAsImRlbGV0ZSI6OTAwMDAwMDAwMDAwfSwic2NoZW1hX3ZlcnNpb24iOiIxIn0=",
          "dependencies": [
            "aws_vpc.new-york-vpc"
          ]
        }
      ]
    },
    {
      "mode": "managed",
      "type": "aws_security_group",
      "name": "sao-paulo-sg",
      "provider": "provider[\"registry.terraform.io/hashicorp/aws\"].Sao-Paulo",
      "instances": [
        {
          "schema_version": 1,
          "attributes": {
            "arn": "arn:aws:ec2:sa-east-1:727646505590:security-group/sg-085783d9fe66a219c",
            "description": "sao-paulo-sg",
            "egress": [
              {
                "cidr_blocks": [
                  "0.0.0.0/0"
                ],
                "description": "",
                "from_port": 0,
                "ipv6_cidr_blocks": [],
                "prefix_list_ids": [],
                "protocol": "-1",
                "security_groups": [],
                "self": false,
                "to_port": 0
              }
            ],
            "id": "sg-085783d9fe66a219c",
            "ingress": [
              {
                "cidr_blocks": [
                  "0.0.0.0/0"
                ],
                "description": "HTTP",
                "from_port": 80,
                "ipv6_cidr_blocks": [],
                "prefix_list_ids": [],
                "protocol": "tcp",
                "security_groups": [],
                "self": false,
                "to_port": 80
              },
              {
                "cidr_blocks": [
                  "0.0.0.0/0"
                ],
                "description": "SSH",
                "from_port": 22,
                "ipv6_cidr_blocks": [],
                "prefix_list_ids": [],
                "protocol": "tcp",
                "security_groups": [],
                "self": false,
                "to_port": 22
              }
            ],
            "name": "sao-paulo-sg",
            "name_prefix": "",
            "owner_id": "727646505590",
            "revoke_rules_on_delete": false,
            "tags": {},
            "tags_all": {},
            "timeouts": null,
            "vpc_id": "vpc-032cae30f2e9d5d7e"
          },
          "sensitive_attributes": [],
          "private": "eyJlMmJmYjczMC1lY2FhLTExZTYtOGY4OC0zNDM2M2JjN2M0YzAiOnsiY3JlYXRlIjo2MDAwMDAwMDAwMDAsImRlbGV0ZSI6OTAwMDAwMDAwMDAwfSwic2NoZW1hX3ZlcnNpb24iOiIxIn0=",
          "dependencies": [
            "aws_vpc.sao-paulo-vpc"
          ],
          "create_before_destroy": true
        }
      ]
    },
    {
      "mode": "managed",
      "type": "aws_security_group",
      "name": "sao-paulo-sg-lb",
      "provider": "provider[\"registry.terraform.io/hashicorp/aws\"].Sao-Paulo",
      "instances": [
        {
          "schema_version": 1,
          "attributes": {
            "arn": "arn:aws:ec2:sa-east-1:727646505590:security-group/sg-0ef3da5d916e15602",
            "description": "sao-paulo-sg-lb",
            "egress": [
              {
                "cidr_blocks": [
                  "0.0.0.0/0"
                ],
                "description": "",
                "from_port": 0,
                "ipv6_cidr_blocks": [],
                "prefix_list_ids": [],
                "protocol": "-1",
                "security_groups": [],
                "self": false,
                "to_port": 0
              }
            ],
            "id": "sg-0ef3da5d916e15602",
            "ingress": [
              {
                "cidr_blocks": [
                  "0.0.0.0/0"
                ],
                "description": "HTTP",
                "from_port": 80,
                "ipv6_cidr_blocks": [],
                "prefix_list_ids": [],
                "protocol": "tcp",
                "security_groups": [],
                "self": false,
                "to_port": 80
              },
              {
                "cidr_blocks": [
                  "0.0.0.0/0"
                ],
                "description": "SSH",
                "from_port": 22,
                "ipv6_cidr_blocks": [],
                "prefix_list_ids": [],
                "protocol": "tcp",
                "security_groups": [],
                "self": false,
                "to_port": 22
              }
            ],
            "name": "sao-paulo-sg-lb",
            "name_prefix": "",
            "owner_id": "727646505590",
            "revoke_rules_on_delete": false,
            "tags": {},
            "tags_all": {},
            "timeouts": null,
            "vpc_id": "vpc-032cae30f2e9d5d7e"
          },
          "sensitive_attributes": [],
          "private": "eyJlMmJmYjczMC1lY2FhLTExZTYtOGY4OC0zNDM2M2JjN2M0YzAiOnsiY3JlYXRlIjo2MDAwMDAwMDAwMDAsImRlbGV0ZSI6OTAwMDAwMDAwMDAwfSwic2NoZW1hX3ZlcnNpb24iOiIxIn0=",
          "dependencies": [
            "aws_vpc.sao-paulo-vpc"
          ]
        }
      ]
    },
    {
      "mode": "managed",
      "type": "aws_security_group",
      "name": "tokyo-sg",
      "provider": "provider[\"registry.terraform.io/hashicorp/aws\"].Tokyo",
      "instances": [
        {
          "schema_version": 1,
          "attributes": {
            "arn": "arn:aws:ec2:ap-northeast-1:727646505590:security-group/sg-0150cf02bbbd69905",
            "description": "tokyo-sg",
            "egress": [
              {
                "cidr_blocks": [
                  "0.0.0.0/0"
                ],
                "description": "",
                "from_port": 0,
                "ipv6_cidr_blocks": [],
                "prefix_list_ids": [],
                "protocol": "-1",
                "security_groups": [],
                "self": false,
                "to_port": 0
              }
            ],
            "id": "sg-0150cf02bbbd69905",
            "ingress": [
              {
                "cidr_blocks": [
                  "0.0.0.0/0"
                ],
                "description": "HTTP",
                "from_port": 80,
                "ipv6_cidr_blocks": [],
                "prefix_list_ids": [],
                "protocol": "tcp",
                "security_groups": [],
                "self": false,
                "to_port": 80
              },
              {
                "cidr_blocks": [
                  "0.0.0.0/0"
                ],
                "description": "SSH",
                "from_port": 22,
                "ipv6_cidr_blocks": [],
                "prefix_list_ids": [],
                "protocol": "tcp",
                "security_groups": [],
                "self": false,
                "to_port": 22
              }
            ],
            "name": "tokyo-sg",
            "name_prefix": "",
            "owner_id": "727646505590",
            "revoke_rules_on_delete": false,
            "tags": {},
            "tags_all": {},
            "timeouts": null,
            "vpc_id": "vpc-047b581d5bf1390dd"
          },
          "sensitive_attributes": [],
          "private": "eyJlMmJmYjczMC1lY2FhLTExZTYtOGY4OC0zNDM2M2JjN2M0YzAiOnsiY3JlYXRlIjo2MDAwMDAwMDAwMDAsImRlbGV0ZSI6OTAwMDAwMDAwMDAwfSwic2NoZW1hX3ZlcnNpb24iOiIxIn0=",
          "dependencies": [
            "aws_vpc.tokyo-vpc"
          ],
          "create_before_destroy": true
        }
      ]
    },
    {
      "mode": "managed",
      "type": "aws_security_group",
      "name": "tokyo-sg-lb",
      "provider": "provider[\"registry.terraform.io/hashicorp/aws\"].Tokyo",
      "instances": [
        {
          "schema_version": 1,
          "attributes": {
            "arn": "arn:aws:ec2:ap-northeast-1:727646505590:security-group/sg-02537159d1bef2b16",
            "description": "tokyo-sg-lb",
            "egress": [
              {
                "cidr_blocks": [
                  "0.0.0.0/0"
                ],
                "description": "",
                "from_port": 0,
                "ipv6_cidr_blocks": [],
                "prefix_list_ids": [],
                "protocol": "-1",
                "security_groups": [],
                "self": false,
                "to_port": 0
              }
            ],
            "id": "sg-02537159d1bef2b16",
            "ingress": [
              {
                "cidr_blocks": [
                  "0.0.0.0/0"
                ],
                "description": "HTTP",
                "from_port": 80,
                "ipv6_cidr_blocks": [],
                "prefix_list_ids": [],
                "protocol": "tcp",
                "security_groups": [],
                "self": false,
                "to_port": 80
              },
              {
                "cidr_blocks": [
                  "0.0.0.0/0"
                ],
                "description": "SSH",
                "from_port": 22,
                "ipv6_cidr_blocks": [],
                "prefix_list_ids": [],
                "protocol": "tcp",
                "security_groups": [],
                "self": false,
                "to_port": 22
              }
            ],
            "name": "tokyo-sg-lb",
            "name_prefix": "",
            "owner_id": "727646505590",
            "revoke_rules_on_delete": false,
            "tags": {},
            "tags_all": {},
            "timeouts": null,
            "vpc_id": "vpc-047b581d5bf1390dd"
          },
          "sensitive_attributes": [],
          "private": "eyJlMmJmYjczMC1lY2FhLTExZTYtOGY4OC0zNDM2M2JjN2M0YzAiOnsiY3JlYXRlIjo2MDAwMDAwMDAwMDAsImRlbGV0ZSI6OTAwMDAwMDAwMDAwfSwic2NoZW1hX3ZlcnNpb24iOiIxIn0=",
          "dependencies": [
            "aws_vpc.tokyo-vpc"
          ]
        }
      ]
    },
    {
      "mode": "managed",
      "type": "aws_subnet",
      "name": "private-ap-east-1a",
      "provider": "provider[\"registry.terraform.io/hashicorp/aws\"].Hong-Kong",
      "instances": [
        {
          "schema_version": 1,
          "attributes": {
            "arn": "arn:aws:ec2:ap-east-1:727646505590:subnet/subnet-0fd6045c44d74544c",
            "assign_ipv6_address_on_creation": false,
            "availability_zone": "ap-east-1a",
            "availability_zone_id": "ape1-az1",
            "cidr_block": "10.21.11.0/24",
            "customer_owned_ipv4_pool": "",
            "enable_dns64": false,
            "enable_resource_name_dns_a_record_on_launch": false,
            "enable_resource_name_dns_aaaa_record_on_launch": false,
            "id": "subnet-0fd6045c44d74544c",
            "ipv6_cidr_block": "",
            "ipv6_cidr_block_association_id": "",
            "ipv6_native": false,
            "map_customer_owned_ip_on_launch": false,
            "map_public_ip_on_launch": false,
            "outpost_arn": "",
            "owner_id": "727646505590",
            "private_dns_hostname_type_on_launch": "ip-name",
            "tags": {},
            "tags_all": {},
            "timeouts": null,
            "vpc_id": "vpc-09c410cd86c1117d9"
          },
          "sensitive_attributes": [],
          "private": "eyJlMmJmYjczMC1lY2FhLTExZTYtOGY4OC0zNDM2M2JjN2M0YzAiOnsiY3JlYXRlIjo2MDAwMDAwMDAwMDAsImRlbGV0ZSI6MTIwMDAwMDAwMDAwMH0sInNjaGVtYV92ZXJzaW9uIjoiMSJ9",
          "dependencies": [
            "aws_vpc.hong-kong-vpc"
          ]
        }
      ]
    },
    {
      "mode": "managed",
      "type": "aws_subnet",
      "name": "private-ap-east-1b",
      "provider": "provider[\"registry.terraform.io/hashicorp/aws\"].Hong-Kong",
      "instances": [
        {
          "schema_version": 1,
          "attributes": {
            "arn": "arn:aws:ec2:ap-east-1:727646505590:subnet/subnet-079152f2b7c773fb7",
            "assign_ipv6_address_on_creation": false,
            "availability_zone": "ap-east-1b",
            "availability_zone_id": "ape1-az2",
            "cidr_block": "10.21.12.0/24",
            "customer_owned_ipv4_pool": "",
            "enable_dns64": false,
            "enable_resource_name_dns_a_record_on_launch": false,
            "enable_resource_name_dns_aaaa_record_on_launch": false,
            "id": "subnet-079152f2b7c773fb7",
            "ipv6_cidr_block": "",
            "ipv6_cidr_block_association_id": "",
            "ipv6_native": false,
            "map_customer_owned_ip_on_launch": false,
            "map_public_ip_on_launch": false,
            "outpost_arn": "",
            "owner_id": "727646505590",
            "private_dns_hostname_type_on_launch": "ip-name",
            "tags": {},
            "tags_all": {},
            "timeouts": null,
            "vpc_id": "vpc-09c410cd86c1117d9"
          },
          "sensitive_attributes": [],
          "private": "eyJlMmJmYjczMC1lY2FhLTExZTYtOGY4OC0zNDM2M2JjN2M0YzAiOnsiY3JlYXRlIjo2MDAwMDAwMDAwMDAsImRlbGV0ZSI6MTIwMDAwMDAwMDAwMH0sInNjaGVtYV92ZXJzaW9uIjoiMSJ9",
          "dependencies": [
            "aws_vpc.hong-kong-vpc"
          ]
        }
      ]
    },
    {
      "mode": "managed",
      "type": "aws_subnet",
      "name": "private-ap-northeast-1a",
      "provider": "provider[\"registry.terraform.io/hashicorp/aws\"].Tokyo",
      "instances": [
        {
          "schema_version": 1,
          "attributes": {
            "arn": "arn:aws:ec2:ap-northeast-1:727646505590:subnet/subnet-0e7633e230970d84d",
            "assign_ipv6_address_on_creation": false,
            "availability_zone": "ap-northeast-1a",
            "availability_zone_id": "apne1-az4",
            "cidr_block": "10.20.11.0/24",
            "customer_owned_ipv4_pool": "",
            "enable_dns64": false,
            "enable_resource_name_dns_a_record_on_launch": false,
            "enable_resource_name_dns_aaaa_record_on_launch": false,
            "id": "subnet-0e7633e230970d84d",
            "ipv6_cidr_block": "",
            "ipv6_cidr_block_association_id": "",
            "ipv6_native": false,
            "map_customer_owned_ip_on_launch": false,
            "map_public_ip_on_launch": false,
            "outpost_arn": "",
            "owner_id": "727646505590",
            "private_dns_hostname_type_on_launch": "ip-name",
            "tags": {},
            "tags_all": {},
            "timeouts": null,
            "vpc_id": "vpc-047b581d5bf1390dd"
          },
          "sensitive_attributes": [],
          "private": "eyJlMmJmYjczMC1lY2FhLTExZTYtOGY4OC0zNDM2M2JjN2M0YzAiOnsiY3JlYXRlIjo2MDAwMDAwMDAwMDAsImRlbGV0ZSI6MTIwMDAwMDAwMDAwMH0sInNjaGVtYV92ZXJzaW9uIjoiMSJ9",
          "dependencies": [
            "aws_vpc.tokyo-vpc"
          ]
        }
      ]
    },
    {
      "mode": "managed",
      "type": "aws_subnet",
      "name": "private-ap-northeast-1c",
      "provider": "provider[\"registry.terraform.io/hashicorp/aws\"].Tokyo",
      "instances": [
        {
          "schema_version": 1,
          "attributes": {
            "arn": "arn:aws:ec2:ap-northeast-1:727646505590:subnet/subnet-0257d7d7b10613472",
            "assign_ipv6_address_on_creation": false,
            "availability_zone": "ap-northeast-1c",
            "availability_zone_id": "apne1-az1",
            "cidr_block": "10.20.13.0/24",
            "customer_owned_ipv4_pool": "",
            "enable_dns64": false,
            "enable_resource_name_dns_a_record_on_launch": false,
            "enable_resource_name_dns_aaaa_record_on_launch": false,
            "id": "subnet-0257d7d7b10613472",
            "ipv6_cidr_block": "",
            "ipv6_cidr_block_association_id": "",
            "ipv6_native": false,
            "map_customer_owned_ip_on_launch": false,
            "map_public_ip_on_launch": false,
            "outpost_arn": "",
            "owner_id": "727646505590",
            "private_dns_hostname_type_on_launch": "ip-name",
            "tags": {},
            "tags_all": {},
            "timeouts": null,
            "vpc_id": "vpc-047b581d5bf1390dd"
          },
          "sensitive_attributes": [],
          "private": "eyJlMmJmYjczMC1lY2FhLTExZTYtOGY4OC0zNDM2M2JjN2M0YzAiOnsiY3JlYXRlIjo2MDAwMDAwMDAwMDAsImRlbGV0ZSI6MTIwMDAwMDAwMDAwMH0sInNjaGVtYV92ZXJzaW9uIjoiMSJ9",
          "dependencies": [
            "aws_vpc.tokyo-vpc"
          ]
        }
      ]
    },
    {
      "mode": "managed",
      "type": "aws_subnet",
      "name": "private-ap-southeast-2a",
      "provider": "provider[\"registry.terraform.io/hashicorp/aws\"].Australia",
      "instances": [
        {
          "schema_version": 1,
          "attributes": {
            "arn": "arn:aws:ec2:ap-southeast-2:727646505590:subnet/subnet-08c6774abac5bae1f",
            "assign_ipv6_address_on_creation": false,
            "availability_zone": "ap-southeast-2a",
            "availability_zone_id": "apse2-az3",
            "cidr_block": "10.25.11.0/24",
            "customer_owned_ipv4_pool": "",
            "enable_dns64": false,
            "enable_resource_name_dns_a_record_on_launch": false,
            "enable_resource_name_dns_aaaa_record_on_launch": false,
            "id": "subnet-08c6774abac5bae1f",
            "ipv6_cidr_block": "",
            "ipv6_cidr_block_association_id": "",
            "ipv6_native": false,
            "map_customer_owned_ip_on_launch": false,
            "map_public_ip_on_launch": false,
            "outpost_arn": "",
            "owner_id": "727646505590",
            "private_dns_hostname_type_on_launch": "ip-name",
            "tags": {},
            "tags_all": {},
            "timeouts": null,
            "vpc_id": "vpc-00f530dc2c9fafbf5"
          },
          "sensitive_attributes": [],
          "private": "eyJlMmJmYjczMC1lY2FhLTExZTYtOGY4OC0zNDM2M2JjN2M0YzAiOnsiY3JlYXRlIjo2MDAwMDAwMDAwMDAsImRlbGV0ZSI6MTIwMDAwMDAwMDAwMH0sInNjaGVtYV92ZXJzaW9uIjoiMSJ9",
          "dependencies": [
            "aws_vpc.australia-vpc"
          ]
        }
      ]
    },
    {
      "mode": "managed",
      "type": "aws_subnet",
      "name": "private-ap-southeast-2b",
      "provider": "provider[\"registry.terraform.io/hashicorp/aws\"].Australia",
      "instances": [
        {
          "schema_version": 1,
          "attributes": {
            "arn": "arn:aws:ec2:ap-southeast-2:727646505590:subnet/subnet-051f4c45518057170",
            "assign_ipv6_address_on_creation": false,
            "availability_zone": "ap-southeast-2b",
            "availability_zone_id": "apse2-az1",
            "cidr_block": "10.25.12.0/24",
            "customer_owned_ipv4_pool": "",
            "enable_dns64": false,
            "enable_resource_name_dns_a_record_on_launch": false,
            "enable_resource_name_dns_aaaa_record_on_launch": false,
            "id": "subnet-051f4c45518057170",
            "ipv6_cidr_block": "",
            "ipv6_cidr_block_association_id": "",
            "ipv6_native": false,
            "map_customer_owned_ip_on_launch": false,
            "map_public_ip_on_launch": false,
            "outpost_arn": "",
            "owner_id": "727646505590",
            "private_dns_hostname_type_on_launch": "ip-name",
            "tags": {},
            "tags_all": {},
            "timeouts": null,
            "vpc_id": "vpc-00f530dc2c9fafbf5"
          },
          "sensitive_attributes": [],
          "private": "eyJlMmJmYjczMC1lY2FhLTExZTYtOGY4OC0zNDM2M2JjN2M0YzAiOnsiY3JlYXRlIjo2MDAwMDAwMDAwMDAsImRlbGV0ZSI6MTIwMDAwMDAwMDAwMH0sInNjaGVtYV92ZXJzaW9uIjoiMSJ9",
          "dependencies": [
            "aws_vpc.australia-vpc"
          ]
        }
      ]
    },
    {
      "mode": "managed",
      "type": "aws_subnet",
      "name": "private-eu-west-2a",
      "provider": "provider[\"registry.terraform.io/hashicorp/aws\"].London",
      "instances": [
        {
          "schema_version": 1,
          "attributes": {
            "arn": "arn:aws:ec2:eu-west-2:727646505590:subnet/subnet-062b00e70cf2e67a5",
            "assign_ipv6_address_on_creation": false,
            "availability_zone": "eu-west-2a",
            "availability_zone_id": "euw2-az2",
            "cidr_block": "10.22.11.0/24",
            "customer_owned_ipv4_pool": "",
            "enable_dns64": false,
            "enable_resource_name_dns_a_record_on_launch": false,
            "enable_resource_name_dns_aaaa_record_on_launch": false,
            "id": "subnet-062b00e70cf2e67a5",
            "ipv6_cidr_block": "",
            "ipv6_cidr_block_association_id": "",
            "ipv6_native": false,
            "map_customer_owned_ip_on_launch": false,
            "map_public_ip_on_launch": false,
            "outpost_arn": "",
            "owner_id": "727646505590",
            "private_dns_hostname_type_on_launch": "ip-name",
            "tags": {},
            "tags_all": {},
            "timeouts": null,
            "vpc_id": "vpc-085861e1f0d0955d0"
          },
          "sensitive_attributes": [],
          "private": "eyJlMmJmYjczMC1lY2FhLTExZTYtOGY4OC0zNDM2M2JjN2M0YzAiOnsiY3JlYXRlIjo2MDAwMDAwMDAwMDAsImRlbGV0ZSI6MTIwMDAwMDAwMDAwMH0sInNjaGVtYV92ZXJzaW9uIjoiMSJ9",
          "dependencies": [
            "aws_vpc.london-vpc"
          ]
        }
      ]
    },
    {
      "mode": "managed",
      "type": "aws_subnet",
      "name": "private-eu-west-2b",
      "provider": "provider[\"registry.terraform.io/hashicorp/aws\"].London",
      "instances": [
        {
          "schema_version": 1,
          "attributes": {
            "arn": "arn:aws:ec2:eu-west-2:727646505590:subnet/subnet-09c516c3e122d3780",
            "assign_ipv6_address_on_creation": false,
            "availability_zone": "eu-west-2b",
            "availability_zone_id": "euw2-az3",
            "cidr_block": "10.22.12.0/24",
            "customer_owned_ipv4_pool": "",
            "enable_dns64": false,
            "enable_resource_name_dns_a_record_on_launch": false,
            "enable_resource_name_dns_aaaa_record_on_launch": false,
            "id": "subnet-09c516c3e122d3780",
            "ipv6_cidr_block": "",
            "ipv6_cidr_block_association_id": "",
            "ipv6_native": false,
            "map_customer_owned_ip_on_launch": false,
            "map_public_ip_on_launch": false,
            "outpost_arn": "",
            "owner_id": "727646505590",
            "private_dns_hostname_type_on_launch": "ip-name",
            "tags": {},
            "tags_all": {},
            "timeouts": null,
            "vpc_id": "vpc-085861e1f0d0955d0"
          },
          "sensitive_attributes": [],
          "private": "eyJlMmJmYjczMC1lY2FhLTExZTYtOGY4OC0zNDM2M2JjN2M0YzAiOnsiY3JlYXRlIjo2MDAwMDAwMDAwMDAsImRlbGV0ZSI6MTIwMDAwMDAwMDAwMH0sInNjaGVtYV92ZXJzaW9uIjoiMSJ9",
          "dependencies": [
            "aws_vpc.london-vpc"
          ]
        }
      ]
    },
    {
      "mode": "managed",
      "type": "aws_subnet",
      "name": "private-sa-east-1a",
      "provider": "provider[\"registry.terraform.io/hashicorp/aws\"].Sao-Paulo",
      "instances": [
        {
          "schema_version": 1,
          "attributes": {
            "arn": "arn:aws:ec2:sa-east-1:727646505590:subnet/subnet-08a0f90f3740b901d",
            "assign_ipv6_address_on_creation": false,
            "availability_zone": "sa-east-1a",
            "availability_zone_id": "sae1-az1",
            "cidr_block": "10.23.11.0/24",
            "customer_owned_ipv4_pool": "",
            "enable_dns64": false,
            "enable_resource_name_dns_a_record_on_launch": false,
            "enable_resource_name_dns_aaaa_record_on_launch": false,
            "id": "subnet-08a0f90f3740b901d",
            "ipv6_cidr_block": "",
            "ipv6_cidr_block_association_id": "",
            "ipv6_native": false,
            "map_customer_owned_ip_on_launch": false,
            "map_public_ip_on_launch": false,
            "outpost_arn": "",
            "owner_id": "727646505590",
            "private_dns_hostname_type_on_launch": "ip-name",
            "tags": {},
            "tags_all": {},
            "timeouts": null,
            "vpc_id": "vpc-032cae30f2e9d5d7e"
          },
          "sensitive_attributes": [],
          "private": "eyJlMmJmYjczMC1lY2FhLTExZTYtOGY4OC0zNDM2M2JjN2M0YzAiOnsiY3JlYXRlIjo2MDAwMDAwMDAwMDAsImRlbGV0ZSI6MTIwMDAwMDAwMDAwMH0sInNjaGVtYV92ZXJzaW9uIjoiMSJ9",
          "dependencies": [
            "aws_vpc.sao-paulo-vpc"
          ]
        }
      ]
    },
    {
      "mode": "managed",
      "type": "aws_subnet",
      "name": "private-sa-east-1c",
      "provider": "provider[\"registry.terraform.io/hashicorp/aws\"].Sao-Paulo",
      "instances": [
        {
          "schema_version": 1,
          "attributes": {
            "arn": "arn:aws:ec2:sa-east-1:727646505590:subnet/subnet-08da2b177c77d913f",
            "assign_ipv6_address_on_creation": false,
            "availability_zone": "sa-east-1c",
            "availability_zone_id": "sae1-az3",
            "cidr_block": "10.23.13.0/24",
            "customer_owned_ipv4_pool": "",
            "enable_dns64": false,
            "enable_resource_name_dns_a_record_on_launch": false,
            "enable_resource_name_dns_aaaa_record_on_launch": false,
            "id": "subnet-08da2b177c77d913f",
            "ipv6_cidr_block": "",
            "ipv6_cidr_block_association_id": "",
            "ipv6_native": false,
            "map_customer_owned_ip_on_launch": false,
            "map_public_ip_on_launch": false,
            "outpost_arn": "",
            "owner_id": "727646505590",
            "private_dns_hostname_type_on_launch": "ip-name",
            "tags": {},
            "tags_all": {},
            "timeouts": null,
            "vpc_id": "vpc-032cae30f2e9d5d7e"
          },
          "sensitive_attributes": [],
          "private": "eyJlMmJmYjczMC1lY2FhLTExZTYtOGY4OC0zNDM2M2JjN2M0YzAiOnsiY3JlYXRlIjo2MDAwMDAwMDAwMDAsImRlbGV0ZSI6MTIwMDAwMDAwMDAwMH0sInNjaGVtYV92ZXJzaW9uIjoiMSJ9",
          "dependencies": [
            "aws_vpc.sao-paulo-vpc"
          ]
        }
      ]
    },
    {
      "mode": "managed",
      "type": "aws_subnet",
      "name": "private-us-east-1a",
      "provider": "provider[\"registry.terraform.io/hashicorp/aws\"].New-York",
      "instances": [
        {
          "schema_version": 1,
          "attributes": {
            "arn": "arn:aws:ec2:us-east-1:727646505590:subnet/subnet-0d220c0cce3459626",
            "assign_ipv6_address_on_creation": false,
            "availability_zone": "us-east-1a",
            "availability_zone_id": "use1-az4",
            "cidr_block": "10.26.11.0/24",
            "customer_owned_ipv4_pool": "",
            "enable_dns64": false,
            "enable_resource_name_dns_a_record_on_launch": false,
            "enable_resource_name_dns_aaaa_record_on_launch": false,
            "id": "subnet-0d220c0cce3459626",
            "ipv6_cidr_block": "",
            "ipv6_cidr_block_association_id": "",
            "ipv6_native": false,
            "map_customer_owned_ip_on_launch": false,
            "map_public_ip_on_launch": false,
            "outpost_arn": "",
            "owner_id": "727646505590",
            "private_dns_hostname_type_on_launch": "ip-name",
            "tags": {},
            "tags_all": {},
            "timeouts": null,
            "vpc_id": "vpc-0a590e9ccfad31ab0"
          },
          "sensitive_attributes": [],
          "private": "eyJlMmJmYjczMC1lY2FhLTExZTYtOGY4OC0zNDM2M2JjN2M0YzAiOnsiY3JlYXRlIjo2MDAwMDAwMDAwMDAsImRlbGV0ZSI6MTIwMDAwMDAwMDAwMH0sInNjaGVtYV92ZXJzaW9uIjoiMSJ9",
          "dependencies": [
            "aws_vpc.new-york-vpc"
          ]
        }
      ]
    },
    {
      "mode": "managed",
      "type": "aws_subnet",
      "name": "private-us-east-1b",
      "provider": "provider[\"registry.terraform.io/hashicorp/aws\"].New-York",
      "instances": [
        {
          "schema_version": 1,
          "attributes": {
            "arn": "arn:aws:ec2:us-east-1:727646505590:subnet/subnet-0fc9851c0cddb6283",
            "assign_ipv6_address_on_creation": false,
            "availability_zone": "us-east-1b",
            "availability_zone_id": "use1-az6",
            "cidr_block": "10.26.12.0/24",
            "customer_owned_ipv4_pool": "",
            "enable_dns64": false,
            "enable_resource_name_dns_a_record_on_launch": false,
            "enable_resource_name_dns_aaaa_record_on_launch": false,
            "id": "subnet-0fc9851c0cddb6283",
            "ipv6_cidr_block": "",
            "ipv6_cidr_block_association_id": "",
            "ipv6_native": false,
            "map_customer_owned_ip_on_launch": false,
            "map_public_ip_on_launch": false,
            "outpost_arn": "",
            "owner_id": "727646505590",
            "private_dns_hostname_type_on_launch": "ip-name",
            "tags": {},
            "tags_all": {},
            "timeouts": null,
            "vpc_id": "vpc-0a590e9ccfad31ab0"
          },
          "sensitive_attributes": [],
          "private": "eyJlMmJmYjczMC1lY2FhLTExZTYtOGY4OC0zNDM2M2JjN2M0YzAiOnsiY3JlYXRlIjo2MDAwMDAwMDAwMDAsImRlbGV0ZSI6MTIwMDAwMDAwMDAwMH0sInNjaGVtYV92ZXJzaW9uIjoiMSJ9",
          "dependencies": [
            "aws_vpc.new-york-vpc"
          ]
        }
      ]
    },
    {
      "mode": "managed",
      "type": "aws_subnet",
      "name": "private-us-west-1b",
      "provider": "provider[\"registry.terraform.io/hashicorp/aws\"].California",
      "instances": [
        {
          "schema_version": 1,
          "attributes": {
            "arn": "arn:aws:ec2:us-west-1:727646505590:subnet/subnet-0da65b547b6b8f477",
            "assign_ipv6_address_on_creation": false,
            "availability_zone": "us-west-1b",
            "availability_zone_id": "usw1-az3",
            "cidr_block": "10.24.12.0/24",
            "customer_owned_ipv4_pool": "",
            "enable_dns64": false,
            "enable_resource_name_dns_a_record_on_launch": false,
            "enable_resource_name_dns_aaaa_record_on_launch": false,
            "id": "subnet-0da65b547b6b8f477",
            "ipv6_cidr_block": "",
            "ipv6_cidr_block_association_id": "",
            "ipv6_native": false,
            "map_customer_owned_ip_on_launch": false,
            "map_public_ip_on_launch": false,
            "outpost_arn": "",
            "owner_id": "727646505590",
            "private_dns_hostname_type_on_launch": "ip-name",
            "tags": {},
            "tags_all": {},
            "timeouts": null,
            "vpc_id": "vpc-002cade745668b9bd"
          },
          "sensitive_attributes": [],
          "private": "eyJlMmJmYjczMC1lY2FhLTExZTYtOGY4OC0zNDM2M2JjN2M0YzAiOnsiY3JlYXRlIjo2MDAwMDAwMDAwMDAsImRlbGV0ZSI6MTIwMDAwMDAwMDAwMH0sInNjaGVtYV92ZXJzaW9uIjoiMSJ9",
          "dependencies": [
            "aws_vpc.california-vpc"
          ]
        }
      ]
    },
    {
      "mode": "managed",
      "type": "aws_subnet",
      "name": "private-us-west-1c",
      "provider": "provider[\"registry.terraform.io/hashicorp/aws\"].California",
      "instances": [
        {
          "schema_version": 1,
          "attributes": {
            "arn": "arn:aws:ec2:us-west-1:727646505590:subnet/subnet-049b7d5a10e04dba6",
            "assign_ipv6_address_on_creation": false,
            "availability_zone": "us-west-1c",
            "availability_zone_id": "usw1-az1",
            "cidr_block": "10.24.11.0/24",
            "customer_owned_ipv4_pool": "",
            "enable_dns64": false,
            "enable_resource_name_dns_a_record_on_launch": false,
            "enable_resource_name_dns_aaaa_record_on_launch": false,
            "id": "subnet-049b7d5a10e04dba6",
            "ipv6_cidr_block": "",
            "ipv6_cidr_block_association_id": "",
            "ipv6_native": false,
            "map_customer_owned_ip_on_launch": false,
            "map_public_ip_on_launch": false,
            "outpost_arn": "",
            "owner_id": "727646505590",
            "private_dns_hostname_type_on_launch": "ip-name",
            "tags": {},
            "tags_all": {},
            "timeouts": null,
            "vpc_id": "vpc-002cade745668b9bd"
          },
          "sensitive_attributes": [],
          "private": "eyJlMmJmYjczMC1lY2FhLTExZTYtOGY4OC0zNDM2M2JjN2M0YzAiOnsiY3JlYXRlIjo2MDAwMDAwMDAwMDAsImRlbGV0ZSI6MTIwMDAwMDAwMDAwMH0sInNjaGVtYV92ZXJzaW9uIjoiMSJ9",
          "dependencies": [
            "aws_vpc.california-vpc"
          ]
        }
      ]
    },
    {
      "mode": "managed",
      "type": "aws_subnet",
      "name": "public-ap-east-1a",
      "provider": "provider[\"registry.terraform.io/hashicorp/aws\"].Hong-Kong",
      "instances": [
        {
          "schema_version": 1,
          "attributes": {
            "arn": "arn:aws:ec2:ap-east-1:727646505590:subnet/subnet-0ce9d045b365f6a05",
            "assign_ipv6_address_on_creation": false,
            "availability_zone": "ap-east-1a",
            "availability_zone_id": "ape1-az1",
            "cidr_block": "10.21.1.0/24",
            "customer_owned_ipv4_pool": "",
            "enable_dns64": false,
            "enable_resource_name_dns_a_record_on_launch": false,
            "enable_resource_name_dns_aaaa_record_on_launch": false,
            "id": "subnet-0ce9d045b365f6a05",
            "ipv6_cidr_block": "",
            "ipv6_cidr_block_association_id": "",
            "ipv6_native": false,
            "map_customer_owned_ip_on_launch": false,
            "map_public_ip_on_launch": true,
            "outpost_arn": "",
            "owner_id": "727646505590",
            "private_dns_hostname_type_on_launch": "ip-name",
            "tags": {},
            "tags_all": {},
            "timeouts": null,
            "vpc_id": "vpc-09c410cd86c1117d9"
          },
          "sensitive_attributes": [],
          "private": "eyJlMmJmYjczMC1lY2FhLTExZTYtOGY4OC0zNDM2M2JjN2M0YzAiOnsiY3JlYXRlIjo2MDAwMDAwMDAwMDAsImRlbGV0ZSI6MTIwMDAwMDAwMDAwMH0sInNjaGVtYV92ZXJzaW9uIjoiMSJ9",
          "dependencies": [
            "aws_vpc.hong-kong-vpc"
          ]
        }
      ]
    },
    {
      "mode": "managed",
      "type": "aws_subnet",
      "name": "public-ap-east-1b",
      "provider": "provider[\"registry.terraform.io/hashicorp/aws\"].Hong-Kong",
      "instances": [
        {
          "schema_version": 1,
          "attributes": {
            "arn": "arn:aws:ec2:ap-east-1:727646505590:subnet/subnet-07cab4eaddaa9d565",
            "assign_ipv6_address_on_creation": false,
            "availability_zone": "ap-east-1b",
            "availability_zone_id": "ape1-az2",
            "cidr_block": "10.21.2.0/24",
            "customer_owned_ipv4_pool": "",
            "enable_dns64": false,
            "enable_resource_name_dns_a_record_on_launch": false,
            "enable_resource_name_dns_aaaa_record_on_launch": false,
            "id": "subnet-07cab4eaddaa9d565",
            "ipv6_cidr_block": "",
            "ipv6_cidr_block_association_id": "",
            "ipv6_native": false,
            "map_customer_owned_ip_on_launch": false,
            "map_public_ip_on_launch": true,
            "outpost_arn": "",
            "owner_id": "727646505590",
            "private_dns_hostname_type_on_launch": "ip-name",
            "tags": {},
            "tags_all": {},
            "timeouts": null,
            "vpc_id": "vpc-09c410cd86c1117d9"
          },
          "sensitive_attributes": [],
          "private": "eyJlMmJmYjczMC1lY2FhLTExZTYtOGY4OC0zNDM2M2JjN2M0YzAiOnsiY3JlYXRlIjo2MDAwMDAwMDAwMDAsImRlbGV0ZSI6MTIwMDAwMDAwMDAwMH0sInNjaGVtYV92ZXJzaW9uIjoiMSJ9",
          "dependencies": [
            "aws_vpc.hong-kong-vpc"
          ]
        }
      ]
    },
    {
      "mode": "managed",
      "type": "aws_subnet",
      "name": "public-ap-northeast-1a",
      "provider": "provider[\"registry.terraform.io/hashicorp/aws\"].Tokyo",
      "instances": [
        {
          "schema_version": 1,
          "attributes": {
            "arn": "arn:aws:ec2:ap-northeast-1:727646505590:subnet/subnet-0311e698c3a6b445e",
            "assign_ipv6_address_on_creation": false,
            "availability_zone": "ap-northeast-1a",
            "availability_zone_id": "apne1-az4",
            "cidr_block": "10.20.1.0/24",
            "customer_owned_ipv4_pool": "",
            "enable_dns64": false,
            "enable_resource_name_dns_a_record_on_launch": false,
            "enable_resource_name_dns_aaaa_record_on_launch": false,
            "id": "subnet-0311e698c3a6b445e",
            "ipv6_cidr_block": "",
            "ipv6_cidr_block_association_id": "",
            "ipv6_native": false,
            "map_customer_owned_ip_on_launch": false,
            "map_public_ip_on_launch": true,
            "outpost_arn": "",
            "owner_id": "727646505590",
            "private_dns_hostname_type_on_launch": "ip-name",
            "tags": {},
            "tags_all": {},
            "timeouts": null,
            "vpc_id": "vpc-047b581d5bf1390dd"
          },
          "sensitive_attributes": [],
          "private": "eyJlMmJmYjczMC1lY2FhLTExZTYtOGY4OC0zNDM2M2JjN2M0YzAiOnsiY3JlYXRlIjo2MDAwMDAwMDAwMDAsImRlbGV0ZSI6MTIwMDAwMDAwMDAwMH0sInNjaGVtYV92ZXJzaW9uIjoiMSJ9",
          "dependencies": [
            "aws_vpc.tokyo-vpc"
          ]
        }
      ]
    },
    {
      "mode": "managed",
      "type": "aws_subnet",
      "name": "public-ap-northeast-1c",
      "provider": "provider[\"registry.terraform.io/hashicorp/aws\"].Tokyo",
      "instances": [
        {
          "schema_version": 1,
          "attributes": {
            "arn": "arn:aws:ec2:ap-northeast-1:727646505590:subnet/subnet-02af802b2b6480f7a",
            "assign_ipv6_address_on_creation": false,
            "availability_zone": "ap-northeast-1c",
            "availability_zone_id": "apne1-az1",
            "cidr_block": "10.20.3.0/24",
            "customer_owned_ipv4_pool": "",
            "enable_dns64": false,
            "enable_resource_name_dns_a_record_on_launch": false,
            "enable_resource_name_dns_aaaa_record_on_launch": false,
            "id": "subnet-02af802b2b6480f7a",
            "ipv6_cidr_block": "",
            "ipv6_cidr_block_association_id": "",
            "ipv6_native": false,
            "map_customer_owned_ip_on_launch": false,
            "map_public_ip_on_launch": true,
            "outpost_arn": "",
            "owner_id": "727646505590",
            "private_dns_hostname_type_on_launch": "ip-name",
            "tags": {},
            "tags_all": {},
            "timeouts": null,
            "vpc_id": "vpc-047b581d5bf1390dd"
          },
          "sensitive_attributes": [],
          "private": "eyJlMmJmYjczMC1lY2FhLTExZTYtOGY4OC0zNDM2M2JjN2M0YzAiOnsiY3JlYXRlIjo2MDAwMDAwMDAwMDAsImRlbGV0ZSI6MTIwMDAwMDAwMDAwMH0sInNjaGVtYV92ZXJzaW9uIjoiMSJ9",
          "dependencies": [
            "aws_vpc.tokyo-vpc"
          ]
        }
      ]
    },
    {
      "mode": "managed",
      "type": "aws_subnet",
      "name": "public-ap-southeast-2a",
      "provider": "provider[\"registry.terraform.io/hashicorp/aws\"].Australia",
      "instances": [
        {
          "schema_version": 1,
          "attributes": {
            "arn": "arn:aws:ec2:ap-southeast-2:727646505590:subnet/subnet-05c7781ccb710750e",
            "assign_ipv6_address_on_creation": false,
            "availability_zone": "ap-southeast-2a",
            "availability_zone_id": "apse2-az3",
            "cidr_block": "10.25.1.0/24",
            "customer_owned_ipv4_pool": "",
            "enable_dns64": false,
            "enable_resource_name_dns_a_record_on_launch": false,
            "enable_resource_name_dns_aaaa_record_on_launch": false,
            "id": "subnet-05c7781ccb710750e",
            "ipv6_cidr_block": "",
            "ipv6_cidr_block_association_id": "",
            "ipv6_native": false,
            "map_customer_owned_ip_on_launch": false,
            "map_public_ip_on_launch": true,
            "outpost_arn": "",
            "owner_id": "727646505590",
            "private_dns_hostname_type_on_launch": "ip-name",
            "tags": {},
            "tags_all": {},
            "timeouts": null,
            "vpc_id": "vpc-00f530dc2c9fafbf5"
          },
          "sensitive_attributes": [],
          "private": "eyJlMmJmYjczMC1lY2FhLTExZTYtOGY4OC0zNDM2M2JjN2M0YzAiOnsiY3JlYXRlIjo2MDAwMDAwMDAwMDAsImRlbGV0ZSI6MTIwMDAwMDAwMDAwMH0sInNjaGVtYV92ZXJzaW9uIjoiMSJ9",
          "dependencies": [
            "aws_vpc.australia-vpc"
          ]
        }
      ]
    },
    {
      "mode": "managed",
      "type": "aws_subnet",
      "name": "public-ap-southeast-2b",
      "provider": "provider[\"registry.terraform.io/hashicorp/aws\"].Australia",
      "instances": [
        {
          "schema_version": 1,
          "attributes": {
            "arn": "arn:aws:ec2:ap-southeast-2:727646505590:subnet/subnet-0c7b4ce0c8ff5ee7b",
            "assign_ipv6_address_on_creation": false,
            "availability_zone": "ap-southeast-2b",
            "availability_zone_id": "apse2-az1",
            "cidr_block": "10.25.2.0/24",
            "customer_owned_ipv4_pool": "",
            "enable_dns64": false,
            "enable_resource_name_dns_a_record_on_launch": false,
            "enable_resource_name_dns_aaaa_record_on_launch": false,
            "id": "subnet-0c7b4ce0c8ff5ee7b",
            "ipv6_cidr_block": "",
            "ipv6_cidr_block_association_id": "",
            "ipv6_native": false,
            "map_customer_owned_ip_on_launch": false,
            "map_public_ip_on_launch": true,
            "outpost_arn": "",
            "owner_id": "727646505590",
            "private_dns_hostname_type_on_launch": "ip-name",
            "tags": {},
            "tags_all": {},
            "timeouts": null,
            "vpc_id": "vpc-00f530dc2c9fafbf5"
          },
          "sensitive_attributes": [],
          "private": "eyJlMmJmYjczMC1lY2FhLTExZTYtOGY4OC0zNDM2M2JjN2M0YzAiOnsiY3JlYXRlIjo2MDAwMDAwMDAwMDAsImRlbGV0ZSI6MTIwMDAwMDAwMDAwMH0sInNjaGVtYV92ZXJzaW9uIjoiMSJ9",
          "dependencies": [
            "aws_vpc.australia-vpc"
          ]
        }
      ]
    },
    {
      "mode": "managed",
      "type": "aws_subnet",
      "name": "public-eu-west-2a",
      "provider": "provider[\"registry.terraform.io/hashicorp/aws\"].London",
      "instances": [
        {
          "schema_version": 1,
          "attributes": {
            "arn": "arn:aws:ec2:eu-west-2:727646505590:subnet/subnet-0ea0d29f477d3d8cc",
            "assign_ipv6_address_on_creation": false,
            "availability_zone": "eu-west-2a",
            "availability_zone_id": "euw2-az2",
            "cidr_block": "10.22.1.0/24",
            "customer_owned_ipv4_pool": "",
            "enable_dns64": false,
            "enable_resource_name_dns_a_record_on_launch": false,
            "enable_resource_name_dns_aaaa_record_on_launch": false,
            "id": "subnet-0ea0d29f477d3d8cc",
            "ipv6_cidr_block": "",
            "ipv6_cidr_block_association_id": "",
            "ipv6_native": false,
            "map_customer_owned_ip_on_launch": false,
            "map_public_ip_on_launch": true,
            "outpost_arn": "",
            "owner_id": "727646505590",
            "private_dns_hostname_type_on_launch": "ip-name",
            "tags": {},
            "tags_all": {},
            "timeouts": null,
            "vpc_id": "vpc-085861e1f0d0955d0"
          },
          "sensitive_attributes": [],
          "private": "eyJlMmJmYjczMC1lY2FhLTExZTYtOGY4OC0zNDM2M2JjN2M0YzAiOnsiY3JlYXRlIjo2MDAwMDAwMDAwMDAsImRlbGV0ZSI6MTIwMDAwMDAwMDAwMH0sInNjaGVtYV92ZXJzaW9uIjoiMSJ9",
          "dependencies": [
            "aws_vpc.london-vpc"
          ]
        }
      ]
    },
    {
      "mode": "managed",
      "type": "aws_subnet",
      "name": "public-eu-west-2b",
      "provider": "provider[\"registry.terraform.io/hashicorp/aws\"].London",
      "instances": [
        {
          "schema_version": 1,
          "attributes": {
            "arn": "arn:aws:ec2:eu-west-2:727646505590:subnet/subnet-0c9eb7fc6e92f1800",
            "assign_ipv6_address_on_creation": false,
            "availability_zone": "eu-west-2b",
            "availability_zone_id": "euw2-az3",
            "cidr_block": "10.22.2.0/24",
            "customer_owned_ipv4_pool": "",
            "enable_dns64": false,
            "enable_resource_name_dns_a_record_on_launch": false,
            "enable_resource_name_dns_aaaa_record_on_launch": false,
            "id": "subnet-0c9eb7fc6e92f1800",
            "ipv6_cidr_block": "",
            "ipv6_cidr_block_association_id": "",
            "ipv6_native": false,
            "map_customer_owned_ip_on_launch": false,
            "map_public_ip_on_launch": true,
            "outpost_arn": "",
            "owner_id": "727646505590",
            "private_dns_hostname_type_on_launch": "ip-name",
            "tags": {},
            "tags_all": {},
            "timeouts": null,
            "vpc_id": "vpc-085861e1f0d0955d0"
          },
          "sensitive_attributes": [],
          "private": "eyJlMmJmYjczMC1lY2FhLTExZTYtOGY4OC0zNDM2M2JjN2M0YzAiOnsiY3JlYXRlIjo2MDAwMDAwMDAwMDAsImRlbGV0ZSI6MTIwMDAwMDAwMDAwMH0sInNjaGVtYV92ZXJzaW9uIjoiMSJ9",
          "dependencies": [
            "aws_vpc.london-vpc"
          ]
        }
      ]
    },
    {
      "mode": "managed",
      "type": "aws_subnet",
      "name": "public-sa-east-1a",
      "provider": "provider[\"registry.terraform.io/hashicorp/aws\"].Sao-Paulo",
      "instances": [
        {
          "schema_version": 1,
          "attributes": {
            "arn": "arn:aws:ec2:sa-east-1:727646505590:subnet/subnet-05ad8e41d0ac68041",
            "assign_ipv6_address_on_creation": false,
            "availability_zone": "sa-east-1a",
            "availability_zone_id": "sae1-az1",
            "cidr_block": "10.23.1.0/24",
            "customer_owned_ipv4_pool": "",
            "enable_dns64": false,
            "enable_resource_name_dns_a_record_on_launch": false,
            "enable_resource_name_dns_aaaa_record_on_launch": false,
            "id": "subnet-05ad8e41d0ac68041",
            "ipv6_cidr_block": "",
            "ipv6_cidr_block_association_id": "",
            "ipv6_native": false,
            "map_customer_owned_ip_on_launch": false,
            "map_public_ip_on_launch": true,
            "outpost_arn": "",
            "owner_id": "727646505590",
            "private_dns_hostname_type_on_launch": "ip-name",
            "tags": {},
            "tags_all": {},
            "timeouts": null,
            "vpc_id": "vpc-032cae30f2e9d5d7e"
          },
          "sensitive_attributes": [],
          "private": "eyJlMmJmYjczMC1lY2FhLTExZTYtOGY4OC0zNDM2M2JjN2M0YzAiOnsiY3JlYXRlIjo2MDAwMDAwMDAwMDAsImRlbGV0ZSI6MTIwMDAwMDAwMDAwMH0sInNjaGVtYV92ZXJzaW9uIjoiMSJ9",
          "dependencies": [
            "aws_vpc.sao-paulo-vpc"
          ]
        }
      ]
    },
    {
      "mode": "managed",
      "type": "aws_subnet",
      "name": "public-sa-east-1c",
      "provider": "provider[\"registry.terraform.io/hashicorp/aws\"].Sao-Paulo",
      "instances": [
        {
          "schema_version": 1,
          "attributes": {
            "arn": "arn:aws:ec2:sa-east-1:727646505590:subnet/subnet-0cb7ca4ce683e899d",
            "assign_ipv6_address_on_creation": false,
            "availability_zone": "sa-east-1c",
            "availability_zone_id": "sae1-az3",
            "cidr_block": "10.23.3.0/24",
            "customer_owned_ipv4_pool": "",
            "enable_dns64": false,
            "enable_resource_name_dns_a_record_on_launch": false,
            "enable_resource_name_dns_aaaa_record_on_launch": false,
            "id": "subnet-0cb7ca4ce683e899d",
            "ipv6_cidr_block": "",
            "ipv6_cidr_block_association_id": "",
            "ipv6_native": false,
            "map_customer_owned_ip_on_launch": false,
            "map_public_ip_on_launch": true,
            "outpost_arn": "",
            "owner_id": "727646505590",
            "private_dns_hostname_type_on_launch": "ip-name",
            "tags": {},
            "tags_all": {},
            "timeouts": null,
            "vpc_id": "vpc-032cae30f2e9d5d7e"
          },
          "sensitive_attributes": [],
          "private": "eyJlMmJmYjczMC1lY2FhLTExZTYtOGY4OC0zNDM2M2JjN2M0YzAiOnsiY3JlYXRlIjo2MDAwMDAwMDAwMDAsImRlbGV0ZSI6MTIwMDAwMDAwMDAwMH0sInNjaGVtYV92ZXJzaW9uIjoiMSJ9",
          "dependencies": [
            "aws_vpc.sao-paulo-vpc"
          ]
        }
      ]
    },
    {
      "mode": "managed",
      "type": "aws_subnet",
      "name": "public-us-east-1a",
      "provider": "provider[\"registry.terraform.io/hashicorp/aws\"].New-York",
      "instances": [
        {
          "schema_version": 1,
          "attributes": {
            "arn": "arn:aws:ec2:us-east-1:727646505590:subnet/subnet-043a21e9c41079eed",
            "assign_ipv6_address_on_creation": false,
            "availability_zone": "us-east-1a",
            "availability_zone_id": "use1-az4",
            "cidr_block": "10.26.1.0/24",
            "customer_owned_ipv4_pool": "",
            "enable_dns64": false,
            "enable_resource_name_dns_a_record_on_launch": false,
            "enable_resource_name_dns_aaaa_record_on_launch": false,
            "id": "subnet-043a21e9c41079eed",
            "ipv6_cidr_block": "",
            "ipv6_cidr_block_association_id": "",
            "ipv6_native": false,
            "map_customer_owned_ip_on_launch": false,
            "map_public_ip_on_launch": true,
            "outpost_arn": "",
            "owner_id": "727646505590",
            "private_dns_hostname_type_on_launch": "ip-name",
            "tags": {},
            "tags_all": {},
            "timeouts": null,
            "vpc_id": "vpc-0a590e9ccfad31ab0"
          },
          "sensitive_attributes": [],
          "private": "eyJlMmJmYjczMC1lY2FhLTExZTYtOGY4OC0zNDM2M2JjN2M0YzAiOnsiY3JlYXRlIjo2MDAwMDAwMDAwMDAsImRlbGV0ZSI6MTIwMDAwMDAwMDAwMH0sInNjaGVtYV92ZXJzaW9uIjoiMSJ9",
          "dependencies": [
            "aws_vpc.new-york-vpc"
          ]
        }
      ]
    },
    {
      "mode": "managed",
      "type": "aws_subnet",
      "name": "public-us-east-1b",
      "provider": "provider[\"registry.terraform.io/hashicorp/aws\"].New-York",
      "instances": [
        {
          "schema_version": 1,
          "attributes": {
            "arn": "arn:aws:ec2:us-east-1:727646505590:subnet/subnet-083103eeda3635a41",
            "assign_ipv6_address_on_creation": false,
            "availability_zone": "us-east-1b",
            "availability_zone_id": "use1-az6",
            "cidr_block": "10.26.2.0/24",
            "customer_owned_ipv4_pool": "",
            "enable_dns64": false,
            "enable_resource_name_dns_a_record_on_launch": false,
            "enable_resource_name_dns_aaaa_record_on_launch": false,
            "id": "subnet-083103eeda3635a41",
            "ipv6_cidr_block": "",
            "ipv6_cidr_block_association_id": "",
            "ipv6_native": false,
            "map_customer_owned_ip_on_launch": false,
            "map_public_ip_on_launch": true,
            "outpost_arn": "",
            "owner_id": "727646505590",
            "private_dns_hostname_type_on_launch": "ip-name",
            "tags": {},
            "tags_all": {},
            "timeouts": null,
            "vpc_id": "vpc-0a590e9ccfad31ab0"
          },
          "sensitive_attributes": [],
          "private": "eyJlMmJmYjczMC1lY2FhLTExZTYtOGY4OC0zNDM2M2JjN2M0YzAiOnsiY3JlYXRlIjo2MDAwMDAwMDAwMDAsImRlbGV0ZSI6MTIwMDAwMDAwMDAwMH0sInNjaGVtYV92ZXJzaW9uIjoiMSJ9",
          "dependencies": [
            "aws_vpc.new-york-vpc"
          ]
        }
      ]
    },
    {
      "mode": "managed",
      "type": "aws_subnet",
      "name": "public-us-west-1b",
      "provider": "provider[\"registry.terraform.io/hashicorp/aws\"].California",
      "instances": [
        {
          "schema_version": 1,
          "attributes": {
            "arn": "arn:aws:ec2:us-west-1:727646505590:subnet/subnet-0444831d3d9cf7a53",
            "assign_ipv6_address_on_creation": false,
            "availability_zone": "us-west-1b",
            "availability_zone_id": "usw1-az3",
            "cidr_block": "10.24.2.0/24",
            "customer_owned_ipv4_pool": "",
            "enable_dns64": false,
            "enable_resource_name_dns_a_record_on_launch": false,
            "enable_resource_name_dns_aaaa_record_on_launch": false,
            "id": "subnet-0444831d3d9cf7a53",
            "ipv6_cidr_block": "",
            "ipv6_cidr_block_association_id": "",
            "ipv6_native": false,
            "map_customer_owned_ip_on_launch": false,
            "map_public_ip_on_launch": true,
            "outpost_arn": "",
            "owner_id": "727646505590",
            "private_dns_hostname_type_on_launch": "ip-name",
            "tags": {},
            "tags_all": {},
            "timeouts": null,
            "vpc_id": "vpc-002cade745668b9bd"
          },
          "sensitive_attributes": [],
          "private": "eyJlMmJmYjczMC1lY2FhLTExZTYtOGY4OC0zNDM2M2JjN2M0YzAiOnsiY3JlYXRlIjo2MDAwMDAwMDAwMDAsImRlbGV0ZSI6MTIwMDAwMDAwMDAwMH0sInNjaGVtYV92ZXJzaW9uIjoiMSJ9",
          "dependencies": [
            "aws_vpc.california-vpc"
          ]
        }
      ]
    },
    {
      "mode": "managed",
      "type": "aws_subnet",
      "name": "public-us-west-1c",
      "provider": "provider[\"registry.terraform.io/hashicorp/aws\"].California",
      "instances": [
        {
          "schema_version": 1,
          "attributes": {
            "arn": "arn:aws:ec2:us-west-1:727646505590:subnet/subnet-0b24801f00022ff5a",
            "assign_ipv6_address_on_creation": false,
            "availability_zone": "us-west-1c",
            "availability_zone_id": "usw1-az1",
            "cidr_block": "10.24.1.0/24",
            "customer_owned_ipv4_pool": "",
            "enable_dns64": false,
            "enable_resource_name_dns_a_record_on_launch": false,
            "enable_resource_name_dns_aaaa_record_on_launch": false,
            "id": "subnet-0b24801f00022ff5a",
            "ipv6_cidr_block": "",
            "ipv6_cidr_block_association_id": "",
            "ipv6_native": false,
            "map_customer_owned_ip_on_launch": false,
            "map_public_ip_on_launch": true,
            "outpost_arn": "",
            "owner_id": "727646505590",
            "private_dns_hostname_type_on_launch": "ip-name",
            "tags": {},
            "tags_all": {},
            "timeouts": null,
            "vpc_id": "vpc-002cade745668b9bd"
          },
          "sensitive_attributes": [],
          "private": "eyJlMmJmYjczMC1lY2FhLTExZTYtOGY4OC0zNDM2M2JjN2M0YzAiOnsiY3JlYXRlIjo2MDAwMDAwMDAwMDAsImRlbGV0ZSI6MTIwMDAwMDAwMDAwMH0sInNjaGVtYV92ZXJzaW9uIjoiMSJ9",
          "dependencies": [
            "aws_vpc.california-vpc"
          ]
        }
      ]
    },
    {
      "mode": "managed",
      "type": "aws_vpc",
      "name": "australia-vpc",
      "provider": "provider[\"registry.terraform.io/hashicorp/aws\"].Australia",
      "instances": [
        {
          "schema_version": 1,
          "attributes": {
            "arn": "arn:aws:ec2:ap-southeast-2:727646505590:vpc/vpc-00f530dc2c9fafbf5",
            "assign_generated_ipv6_cidr_block": false,
            "cidr_block": "10.25.0.0/16",
            "default_network_acl_id": "acl-09cd35c5e7f0009f2",
            "default_route_table_id": "rtb-0809b457899fb5aa3",
            "default_security_group_id": "sg-046f2dcec42f21865",
            "dhcp_options_id": "dopt-08c99236fa1052362",
            "enable_classiclink": false,
            "enable_classiclink_dns_support": false,
            "enable_dns_hostnames": false,
            "enable_dns_support": true,
            "id": "vpc-00f530dc2c9fafbf5",
            "instance_tenancy": "default",
            "ipv4_ipam_pool_id": null,
            "ipv4_netmask_length": null,
            "ipv6_association_id": "",
            "ipv6_cidr_block": "",
            "ipv6_cidr_block_network_border_group": "",
            "ipv6_ipam_pool_id": "",
            "ipv6_netmask_length": 0,
            "main_route_table_id": "rtb-0809b457899fb5aa3",
            "owner_id": "727646505590",
            "tags": {},
            "tags_all": {}
          },
          "sensitive_attributes": [],
          "private": "eyJzY2hlbWFfdmVyc2lvbiI6IjEifQ==",
          "create_before_destroy": true
        }
      ]
    },
    {
      "mode": "managed",
      "type": "aws_vpc",
      "name": "california-vpc",
      "provider": "provider[\"registry.terraform.io/hashicorp/aws\"].California",
      "instances": [
        {
          "schema_version": 1,
          "attributes": {
            "arn": "arn:aws:ec2:us-west-1:727646505590:vpc/vpc-002cade745668b9bd",
            "assign_generated_ipv6_cidr_block": false,
            "cidr_block": "10.24.0.0/16",
            "default_network_acl_id": "acl-06cce09e4805f02b8",
            "default_route_table_id": "rtb-0dc449139db6184f0",
            "default_security_group_id": "sg-00f063216a34f8153",
            "dhcp_options_id": "dopt-00e022b0bb5d9dec5",
            "enable_classiclink": false,
            "enable_classiclink_dns_support": false,
            "enable_dns_hostnames": false,
            "enable_dns_support": true,
            "id": "vpc-002cade745668b9bd",
            "instance_tenancy": "default",
            "ipv4_ipam_pool_id": null,
            "ipv4_netmask_length": null,
            "ipv6_association_id": "",
            "ipv6_cidr_block": "",
            "ipv6_cidr_block_network_border_group": "",
            "ipv6_ipam_pool_id": "",
            "ipv6_netmask_length": 0,
            "main_route_table_id": "rtb-0dc449139db6184f0",
            "owner_id": "727646505590",
            "tags": {},
            "tags_all": {}
          },
          "sensitive_attributes": [],
          "private": "eyJzY2hlbWFfdmVyc2lvbiI6IjEifQ==",
          "create_before_destroy": true
        }
      ]
    },
    {
      "mode": "managed",
      "type": "aws_vpc",
      "name": "hong-kong-vpc",
      "provider": "provider[\"registry.terraform.io/hashicorp/aws\"].Hong-Kong",
      "instances": [
        {
          "schema_version": 1,
          "attributes": {
            "arn": "arn:aws:ec2:ap-east-1:727646505590:vpc/vpc-09c410cd86c1117d9",
            "assign_generated_ipv6_cidr_block": false,
            "cidr_block": "10.21.0.0/16",
            "default_network_acl_id": "acl-0047871cabc575d2b",
            "default_route_table_id": "rtb-08a661c3c0d2ff270",
            "default_security_group_id": "sg-09dc27c6a39a2873d",
            "dhcp_options_id": "dopt-04d207697d677468e",
            "enable_classiclink": false,
            "enable_classiclink_dns_support": false,
            "enable_dns_hostnames": false,
            "enable_dns_support": true,
            "id": "vpc-09c410cd86c1117d9",
            "instance_tenancy": "default",
            "ipv4_ipam_pool_id": null,
            "ipv4_netmask_length": null,
            "ipv6_association_id": "",
            "ipv6_cidr_block": "",
            "ipv6_cidr_block_network_border_group": "",
            "ipv6_ipam_pool_id": "",
            "ipv6_netmask_length": 0,
            "main_route_table_id": "rtb-08a661c3c0d2ff270",
            "owner_id": "727646505590",
            "tags": {},
            "tags_all": {}
          },
          "sensitive_attributes": [],
          "private": "eyJzY2hlbWFfdmVyc2lvbiI6IjEifQ==",
          "create_before_destroy": true
        }
      ]
    },
    {
      "mode": "managed",
      "type": "aws_vpc",
      "name": "london-vpc",
      "provider": "provider[\"registry.terraform.io/hashicorp/aws\"].London",
      "instances": [
        {
          "schema_version": 1,
          "attributes": {
            "arn": "arn:aws:ec2:eu-west-2:727646505590:vpc/vpc-085861e1f0d0955d0",
            "assign_generated_ipv6_cidr_block": false,
            "cidr_block": "10.22.0.0/16",
            "default_network_acl_id": "acl-0711334f4fdb7678d",
            "default_route_table_id": "rtb-056c0a7040351e480",
            "default_security_group_id": "sg-0aaecd3bcb4648de9",
            "dhcp_options_id": "dopt-0413a0a617ee33f49",
            "enable_classiclink": false,
            "enable_classiclink_dns_support": false,
            "enable_dns_hostnames": false,
            "enable_dns_support": true,
            "id": "vpc-085861e1f0d0955d0",
            "instance_tenancy": "default",
            "ipv4_ipam_pool_id": null,
            "ipv4_netmask_length": null,
            "ipv6_association_id": "",
            "ipv6_cidr_block": "",
            "ipv6_cidr_block_network_border_group": "",
            "ipv6_ipam_pool_id": "",
            "ipv6_netmask_length": 0,
            "main_route_table_id": "rtb-056c0a7040351e480",
            "owner_id": "727646505590",
            "tags": {},
            "tags_all": {}
          },
          "sensitive_attributes": [],
          "private": "eyJzY2hlbWFfdmVyc2lvbiI6IjEifQ==",
          "create_before_destroy": true
        }
      ]
    },
    {
      "mode": "managed",
      "type": "aws_vpc",
      "name": "new-york-vpc",
      "provider": "provider[\"registry.terraform.io/hashicorp/aws\"].New-York",
      "instances": [
        {
          "schema_version": 1,
          "attributes": {
            "arn": "arn:aws:ec2:us-east-1:727646505590:vpc/vpc-0a590e9ccfad31ab0",
            "assign_generated_ipv6_cidr_block": false,
            "cidr_block": "10.26.0.0/16",
            "default_network_acl_id": "acl-0213212151ec48cbf",
            "default_route_table_id": "rtb-0f7a8286ae6e30de5",
            "default_security_group_id": "sg-0a3293ff7752c1071",
            "dhcp_options_id": "dopt-0e12e99323a7448e1",
            "enable_classiclink": false,
            "enable_classiclink_dns_support": false,
            "enable_dns_hostnames": false,
            "enable_dns_support": true,
            "id": "vpc-0a590e9ccfad31ab0",
            "instance_tenancy": "default",
            "ipv4_ipam_pool_id": null,
            "ipv4_netmask_length": null,
            "ipv6_association_id": "",
            "ipv6_cidr_block": "",
            "ipv6_cidr_block_network_border_group": "",
            "ipv6_ipam_pool_id": "",
            "ipv6_netmask_length": 0,
            "main_route_table_id": "rtb-0f7a8286ae6e30de5",
            "owner_id": "727646505590",
            "tags": {},
            "tags_all": {}
          },
          "sensitive_attributes": [],
          "private": "eyJzY2hlbWFfdmVyc2lvbiI6IjEifQ==",
          "create_before_destroy": true
        }
      ]
    },
    {
      "mode": "managed",
      "type": "aws_vpc",
      "name": "sao-paulo-vpc",
      "provider": "provider[\"registry.terraform.io/hashicorp/aws\"].Sao-Paulo",
      "instances": [
        {
          "schema_version": 1,
          "attributes": {
            "arn": "arn:aws:ec2:sa-east-1:727646505590:vpc/vpc-032cae30f2e9d5d7e",
            "assign_generated_ipv6_cidr_block": false,
            "cidr_block": "10.23.0.0/16",
            "default_network_acl_id": "acl-08d696f9ffcba0862",
            "default_route_table_id": "rtb-0155f9bf61cdfa319",
            "default_security_group_id": "sg-0cbb8950f20bfd2cb",
            "dhcp_options_id": "dopt-0cf17e48682931e4e",
            "enable_classiclink": false,
            "enable_classiclink_dns_support": false,
            "enable_dns_hostnames": false,
            "enable_dns_support": true,
            "id": "vpc-032cae30f2e9d5d7e",
            "instance_tenancy": "default",
            "ipv4_ipam_pool_id": null,
            "ipv4_netmask_length": null,
            "ipv6_association_id": "",
            "ipv6_cidr_block": "",
            "ipv6_cidr_block_network_border_group": "",
            "ipv6_ipam_pool_id": "",
            "ipv6_netmask_length": 0,
            "main_route_table_id": "rtb-0155f9bf61cdfa319",
            "owner_id": "727646505590",
            "tags": {},
            "tags_all": {}
          },
          "sensitive_attributes": [],
          "private": "eyJzY2hlbWFfdmVyc2lvbiI6IjEifQ==",
          "create_before_destroy": true
        }
      ]
    },
    {
      "mode": "managed",
      "type": "aws_vpc",
      "name": "tokyo-vpc",
      "provider": "provider[\"registry.terraform.io/hashicorp/aws\"].Tokyo",
      "instances": [
        {
          "schema_version": 1,
          "attributes": {
            "arn": "arn:aws:ec2:ap-northeast-1:727646505590:vpc/vpc-047b581d5bf1390dd",
            "assign_generated_ipv6_cidr_block": false,
            "cidr_block": "10.20.0.0/16",
            "default_network_acl_id": "acl-02d4178e2ba27048f",
            "default_route_table_id": "rtb-003c0fd66fd2948f8",
            "default_security_group_id": "sg-035b1c28ea5180aac",
            "dhcp_options_id": "dopt-0ba05918b87d28880",
            "enable_classiclink": false,
            "enable_classiclink_dns_support": false,
            "enable_dns_hostnames": false,
            "enable_dns_support": true,
            "id": "vpc-047b581d5bf1390dd",
            "instance_tenancy": "default",
            "ipv4_ipam_pool_id": null,
            "ipv4_netmask_length": null,
            "ipv6_association_id": "",
            "ipv6_cidr_block": "",
            "ipv6_cidr_block_network_border_group": "",
            "ipv6_ipam_pool_id": "",
            "ipv6_netmask_length": 0,
            "main_route_table_id": "rtb-003c0fd66fd2948f8",
            "owner_id": "727646505590",
            "tags": {},
            "tags_all": {}
          },
          "sensitive_attributes": [],
          "private": "eyJzY2hlbWFfdmVyc2lvbiI6IjEifQ==",
          "create_before_destroy": true
        }
      ]
    },
    {
      "mode": "managed",
      "type": "tls_private_key",
      "name": "australia",
      "provider": "provider[\"registry.terraform.io/hashicorp/tls\"]",
      "instances": [
        {
          "schema_version": 1,
          "attributes": {
            "algorithm": "RSA",
            "ecdsa_curve": "P224",
            "id": "a836d1d5ac459e1f568787491a4a58ef51882d79",
            "private_key_openssh": "-----BEGIN OPENSSH PRIVATE KEY-----\nb3BlbnNzaC1rZXktdjEAAAAABG5vbmUAAAAEbm9uZQAAAAAAAAABAAABFwAAAAdz\nc2gtcnNhAAAAAwEAAQAAAQEA0DjQHr/nxuX0O/0Zq6rSpDJZh9FFjF4OmgiyjvC2\nBnOZAYlYbbx9jpPuSB5jvDMngP+VfhZlxerFiSHcmuXaGzmZzT8mTnxxVdpS8EZT\ntaUD9Um6cH7oFUwoBufF4/zH4xezfFTsba7qUIbLhHxvrBSRmIWAIZWBXgGqafbX\npik2T6YKqnXTGYOvdRy4w3deLAQwHgPIphebZwddFY4vNo2FWn8MdUTxsxJsg9U6\nzWeSKpaO3P39FLS5dz4aLX82wMz70a/886eOrGM6FV2aiw1Xc++Cf6Y2QoPrjM4i\njQceTg/ITmgDQl/VJkyp63nSyP+W8iCV65e6HbMebCgjswAAA7gq5P7gKuT+4AAA\nAAdzc2gtcnNhAAABAQDQONAev+fG5fQ7/RmrqtKkMlmH0UWMXg6aCLKO8LYGc5kB\niVhtvH2Ok+5IHmO8MyeA/5V+FmXF6sWJIdya5dobOZnNPyZOfHFV2lLwRlO1pQP1\nSbpwfugVTCgG58Xj/MfjF7N8VOxtrupQhsuEfG+sFJGYhYAhlYFeAapp9temKTZP\npgqqddMZg691HLjDd14sBDAeA8imF5tnB10Vji82jYVafwx1RPGzEmyD1TrNZ5Iq\nlo7c/f0UtLl3PhotfzbAzPvRr/zzp46sYzoVXZqLDVdz74J/pjZCg+uMziKNBx5O\nD8hOaANCX9UmTKnredLI/5byIJXrl7odsx5sKCOzAAAAAwEAAQAAAQEAiffrJ0Tf\nbjJ2p70oYlBZLIVUP6NR4xV7tWLn9cDXy+SS0KrSFjxcMbohnFXOniiDF33C734l\nx4OtihUO2PBOmdWL7KzYVA8vBcUZSa4/z09dFQ3aZKoiW+JPb2vp+wxG4lmVC2A2\nHONWzS7T8aCGWk5yvs5OvXIT+1c9NONjtuvLwn60QxOHUfIgXg4heBPEyP64rKHM\nxThQzNGR/WdY9K8+JL3JoZcsWwdd1pF9TQ680zPzpaHoKcD2Q44uD85Txk0KAlFl\nSPvf+YkHu5gUg7naelCyOldHMayBPakpAcoujKEErsHohAxvKFaeR2lesZTFSO62\nUuv+Bi+59KZHAQAAAIEAyAFNzWgPmBIgHhDBvoQGDWxB/JeNNxlodii6Fpv6OYjV\n2cLFfgjFO7Nl4xEUBqw5a46hPqVfBHxWatk5ID7cidc3Zk9JpLkiKfdEDTS3kgDy\njUWuEMVfRwVImDNA3PjWQNX4k6gK0fNItYu1CtUe5h+ldfv86frokPaCrGymcLEA\nAACBAO2XEGTI+i01qWNGcmYPHPl0mN6EHgrgE7IwnQL0EDSbPRUIRPeFX/ivwMZ7\nRLjHb0thNFNY/RM9tDJe+9dEjhOBbg4dlgdFLPbOWBfpMyOfgOoM6nZm3dlcw37R\nVe9i0wiJBBw9Q7/Tpd1dU3DSA4f/nPLe3IljGSYL52sdcv0zAAAAgQDgWzCR5zbi\nQRtKYhehEYaSsdhh3rEeQSv+EzB2TeMUcfzPZkDb7ZWrphZwECZS7dcoaK+LFf1U\nkaZiPx+YBPKmOtIgDvNFjb3ksQQIuBuVmBZ09Yefir8BBtBXo2KbjUWD5MCtW/1j\ngjjkDJfRjLo+6HfUQjcjDJe7zuLrvX0/gQAAAAAB\n-----END OPENSSH PRIVATE KEY-----\n",
            "private_key_pem": "-----BEGIN RSA PRIVATE KEY-----\nMIIEpQIBAAKCAQEA0DjQHr/nxuX0O/0Zq6rSpDJZh9FFjF4OmgiyjvC2BnOZAYlY\nbbx9jpPuSB5jvDMngP+VfhZlxerFiSHcmuXaGzmZzT8mTnxxVdpS8EZTtaUD9Um6\ncH7oFUwoBufF4/zH4xezfFTsba7qUIbLhHxvrBSRmIWAIZWBXgGqafbXpik2T6YK\nqnXTGYOvdRy4w3deLAQwHgPIphebZwddFY4vNo2FWn8MdUTxsxJsg9U6zWeSKpaO\n3P39FLS5dz4aLX82wMz70a/886eOrGM6FV2aiw1Xc++Cf6Y2QoPrjM4ijQceTg/I\nTmgDQl/VJkyp63nSyP+W8iCV65e6HbMebCgjswIDAQABAoIBAQCJ9+snRN9uMnan\nvShiUFkshVQ/o1HjFXu1Yuf1wNfL5JLQqtIWPFwxuiGcVc6eKIMXfcLvfiXHg62K\nFQ7Y8E6Z1YvsrNhUDy8FxRlJrj/PT10VDdpkqiJb4k9va+n7DEbiWZULYDYc41bN\nLtPxoIZaTnK+zk69chP7Vz0042O268vCfrRDE4dR8iBeDiF4E8TI/risoczFOFDM\n0ZH9Z1j0rz4kvcmhlyxbB13WkX1NDrzTM/OloegpwPZDji4PzlPGTQoCUWVI+9/5\niQe7mBSDudp6ULI6V0cxrIE9qSkByi6MoQSuweiEDG8oVp5HaV6xlMVI7rZS6/4G\nL7n0pkcBAoGBAO2XEGTI+i01qWNGcmYPHPl0mN6EHgrgE7IwnQL0EDSbPRUIRPeF\nX/ivwMZ7RLjHb0thNFNY/RM9tDJe+9dEjhOBbg4dlgdFLPbOWBfpMyOfgOoM6nZm\n3dlcw37RVe9i0wiJBBw9Q7/Tpd1dU3DSA4f/nPLe3IljGSYL52sdcv0zAoGBAOBb\nMJHnNuJBG0piF6ERhpKx2GHesR5BK/4TMHZN4xRx/M9mQNvtlaumFnAQJlLt1yho\nr4sV/VSRpmI/H5gE8qY60iAO80WNveSxBAi4G5WYFnT1h5+KvwEG0FejYpuNRYPk\nwK1b/WOCOOQMl9GMuj7od9RCNyMMl7vO4uu9fT+BAoGBAMtNW5LSQvkSlPpFGrjo\nL8PpmLG3Xbmymkf8vy36yC8rsy3fIJyo/UFgqtVsP5bZ2Qsoh0zWtd+UCjCcBGXk\n3KomM5VSjcF02Q/r64eyXbca0oX0PWDJjwZjEUngOOeZqbkA/YpohiOMKL7uD+tX\nWfwypwtP1midarSatRB8Z5vvAoGAKMrrzduIcyL7X07ulO6m1U1Y1pKzCZk38n5y\ntU/8Fd+T4/HnoRVVvVv5gG6vSSzNjh9aq6NX6GSDKCHqEK31oJvZUNLnEKJxAH/f\nB+bRvSVmD+YEvtFvYTRn9UdTyoypMw4IqnyrWch3p59Si1tXEdEa2JEhjVHg1NkN\nEWfmugECgYEAyAFNzWgPmBIgHhDBvoQGDWxB/JeNNxlodii6Fpv6OYjV2cLFfgjF\nO7Nl4xEUBqw5a46hPqVfBHxWatk5ID7cidc3Zk9JpLkiKfdEDTS3kgDyjUWuEMVf\nRwVImDNA3PjWQNX4k6gK0fNItYu1CtUe5h+ldfv86frokPaCrGymcLE=\n-----END RSA PRIVATE KEY-----\n",
            "private_key_pem_pkcs8": "-----BEGIN PRIVATE KEY-----\nMIIEvwIBADANBgkqhkiG9w0BAQEFAASCBKkwggSlAgEAAoIBAQDQONAev+fG5fQ7\n/RmrqtKkMlmH0UWMXg6aCLKO8LYGc5kBiVhtvH2Ok+5IHmO8MyeA/5V+FmXF6sWJ\nIdya5dobOZnNPyZOfHFV2lLwRlO1pQP1SbpwfugVTCgG58Xj/MfjF7N8VOxtrupQ\nhsuEfG+sFJGYhYAhlYFeAapp9temKTZPpgqqddMZg691HLjDd14sBDAeA8imF5tn\nB10Vji82jYVafwx1RPGzEmyD1TrNZ5Iqlo7c/f0UtLl3PhotfzbAzPvRr/zzp46s\nYzoVXZqLDVdz74J/pjZCg+uMziKNBx5OD8hOaANCX9UmTKnredLI/5byIJXrl7od\nsx5sKCOzAgMBAAECggEBAIn36ydE324ydqe9KGJQWSyFVD+jUeMVe7Vi5/XA18vk\nktCq0hY8XDG6IZxVzp4ogxd9wu9+JceDrYoVDtjwTpnVi+ys2FQPLwXFGUmuP89P\nXRUN2mSqIlviT29r6fsMRuJZlQtgNhzjVs0u0/GghlpOcr7OTr1yE/tXPTTjY7br\ny8J+tEMTh1HyIF4OIXgTxMj+uKyhzMU4UMzRkf1nWPSvPiS9yaGXLFsHXdaRfU0O\nvNMz86Wh6CnA9kOOLg/OU8ZNCgJRZUj73/mJB7uYFIO52npQsjpXRzGsgT2pKQHK\nLoyhBK7B6IQMbyhWnkdpXrGUxUjutlLr/gYvufSmRwECgYEA7ZcQZMj6LTWpY0Zy\nZg8c+XSY3oQeCuATsjCdAvQQNJs9FQhE94Vf+K/AxntEuMdvS2E0U1j9Ez20Ml77\n10SOE4FuDh2WB0Us9s5YF+kzI5+A6gzqdmbd2VzDftFV72LTCIkEHD1Dv9Ol3V1T\ncNIDh/+c8t7ciWMZJgvnax1y/TMCgYEA4Fswkec24kEbSmIXoRGGkrHYYd6xHkEr\n/hMwdk3jFHH8z2ZA2+2Vq6YWcBAmUu3XKGivixX9VJGmYj8fmATypjrSIA7zRY29\n5LEECLgblZgWdPWHn4q/AQbQV6Nim41Fg+TArVv9Y4I45AyX0Yy6Puh31EI3IwyX\nu87i6719P4ECgYEAy01bktJC+RKU+kUauOgvw+mYsbddubKaR/y/LfrILyuzLd8g\nnKj9QWCq1Ww/ltnZCyiHTNa135QKMJwEZeTcqiYzlVKNwXTZD+vrh7JdtxrShfQ9\nYMmPBmMRSeA455mpuQD9imiGI4wovu4P61dZ/DKnC0/WaJ1qtJq1EHxnm+8CgYAo\nyuvN24hzIvtfTu6U7qbVTVjWkrMJmTfyfnK1T/wV35Pj8eehFVW9W/mAbq9JLM2O\nH1qro1foZIMoIeoQrfWgm9lQ0ucQonEAf98H5tG9JWYP5gS+0W9hNGf1R1PKjKkz\nDgiqfKtZyHenn1KLW1cR0RrYkSGNUeDU2Q0RZ+a6AQKBgQDIAU3NaA+YEiAeEMG+\nhAYNbEH8l403GWh2KLoWm/o5iNXZwsV+CMU7s2XjERQGrDlrjqE+pV8EfFZq2Tkg\nPtyJ1zdmT0mkuSIp90QNNLeSAPKNRa4QxV9HBUiYM0Dc+NZA1fiTqArR80i1i7UK\n1R7mH6V1+/zp+uiQ9oKsbKZwsQ==\n-----END PRIVATE KEY-----\n",
            "public_key_fingerprint_md5": "8d:cf:d4:1c:aa:87:ae:1c:e0:ed:1c:0b:bd:47:df:3b",
            "public_key_fingerprint_sha256": "SHA256:GKTIIyBw32hXz2w2uVlrBjsT5kyCCCuz053dq71iwKQ",
            "public_key_openssh": "ssh-rsa AAAAB3NzaC1yc2EAAAADAQABAAABAQDQONAev+fG5fQ7/RmrqtKkMlmH0UWMXg6aCLKO8LYGc5kBiVhtvH2Ok+5IHmO8MyeA/5V+FmXF6sWJIdya5dobOZnNPyZOfHFV2lLwRlO1pQP1SbpwfugVTCgG58Xj/MfjF7N8VOxtrupQhsuEfG+sFJGYhYAhlYFeAapp9temKTZPpgqqddMZg691HLjDd14sBDAeA8imF5tnB10Vji82jYVafwx1RPGzEmyD1TrNZ5Iqlo7c/f0UtLl3PhotfzbAzPvRr/zzp46sYzoVXZqLDVdz74J/pjZCg+uMziKNBx5OD8hOaANCX9UmTKnredLI/5byIJXrl7odsx5sKCOz\n",
            "public_key_pem": "-----BEGIN PUBLIC KEY-----\nMIIBIjANBgkqhkiG9w0BAQEFAAOCAQ8AMIIBCgKCAQEA0DjQHr/nxuX0O/0Zq6rS\npDJZh9FFjF4OmgiyjvC2BnOZAYlYbbx9jpPuSB5jvDMngP+VfhZlxerFiSHcmuXa\nGzmZzT8mTnxxVdpS8EZTtaUD9Um6cH7oFUwoBufF4/zH4xezfFTsba7qUIbLhHxv\nrBSRmIWAIZWBXgGqafbXpik2T6YKqnXTGYOvdRy4w3deLAQwHgPIphebZwddFY4v\nNo2FWn8MdUTxsxJsg9U6zWeSKpaO3P39FLS5dz4aLX82wMz70a/886eOrGM6FV2a\niw1Xc++Cf6Y2QoPrjM4ijQceTg/ITmgDQl/VJkyp63nSyP+W8iCV65e6HbMebCgj\nswIDAQAB\n-----END PUBLIC KEY-----\n",
            "rsa_bits": 2048
          },
          "sensitive_attributes": [
            [
              {
                "type": "get_attr",
                "value": "private_key_pem_pkcs8"
              }
            ],
            [
              {
                "type": "get_attr",
                "value": "private_key_openssh"
              }
            ],
            [
              {
                "type": "get_attr",
                "value": "private_key_pem"
              }
            ]
          ],
          "create_before_destroy": true
        }
      ]
    },
    {
      "mode": "managed",
      "type": "tls_private_key",
      "name": "california",
      "provider": "provider[\"registry.terraform.io/hashicorp/tls\"]",
      "instances": [
        {
          "schema_version": 1,
          "attributes": {
            "algorithm": "RSA",
            "ecdsa_curve": "P224",
            "id": "1b86a7beb22a2924644247b4bfd5b587726abf11",
            "private_key_openssh": "-----BEGIN OPENSSH PRIVATE KEY-----\nb3BlbnNzaC1rZXktdjEAAAAABG5vbmUAAAAEbm9uZQAAAAAAAAABAAABFwAAAAdz\nc2gtcnNhAAAAAwEAAQAAAQEAyPsfzX4lwbcgVpgM113EUNQskn0qMmKmDa+1TZVv\nqb+jO49HCqLGBeedSe7Jd9vD1w2fzMlhUfVBMehFItaFofQg3rYyWzyQ4OcZU3DZ\nwj4kdgSp2KAui57avWsHDq51nCN3iC+LPBOJ5LIDNn+3pO5xJC2jqjg9y1dvk9bN\n/IE0XzE4DUrHtxLz2eK7WloSTfnz7poIkGLkIWWKicaie1DIKF/xE92TE/fAh1Q3\n53v2inNI1OSEdQfJSkeOVfKJOjttKvoOBdnBA6CUmYVxdnRWRRKaHnPrwxMbtwb8\nfSjttVOhZHENLP2quAiEd5GD2clNQsI4UuhTCdrUxJEz1QAAA7ipJpRXqSaUVwAA\nAAdzc2gtcnNhAAABAQDI+x/NfiXBtyBWmAzXXcRQ1CySfSoyYqYNr7VNlW+pv6M7\nj0cKosYF551J7sl328PXDZ/MyWFR9UEx6EUi1oWh9CDetjJbPJDg5xlTcNnCPiR2\nBKnYoC6Lntq9awcOrnWcI3eIL4s8E4nksgM2f7ek7nEkLaOqOD3LV2+T1s38gTRf\nMTgNSse3EvPZ4rtaWhJN+fPumgiQYuQhZYqJxqJ7UMgoX/ET3ZMT98CHVDfne/aK\nc0jU5IR1B8lKR45V8ok6O20q+g4F2cEDoJSZhXF2dFZFEpoec+vDExu3Bvx9KO21\nU6FkcQ0s/aq4CIR3kYPZyU1CwjhS6FMJ2tTEkTPVAAAAAwEAAQAAAQAFCd6rPS1f\nJOMnqJox0AT67cbMSV0EdFqrXytRbZymCcri1F24k4oZXcwgrV7ZpWXMf2fxL19E\nObzPrn4FOJGTFNa6HqE2jlcnfEOzRtH+v6YUW1uStblVAL+FHijIInGKX41AmciI\n0giT9i6EcEE/Xkbx3D8NJmnOLjv63di+Ksere5467LUKhkOjDjRkZD5elXc8KVMw\n1hCjPImeokEW62W9HT6A8Y4qqm9NiwajKYV5q3jhbz+f8I5dDMAJ554uC5yuFZrV\nf+tzRseP01OdYEe3ge3zw3eZOwtMz7ZFS1yVZsO5veOZ2CkPMTBL6umvt3So5mND\nys3tl2G/jIIlAAAAgQC9Klw1wsR1ewmHhM1jYRSEdrLw45FKdDcI7jsmTBJBtFRo\nYtS9LyqKt8DCttTmn5T1ur6ZPcUrt3GCSesBiUEWXJ4ee8z7i+GuqR779ykebj74\nAllSm5/oZhXop9R1IsheMmGr82AEICuoPMKZr06pIXUxfJhHQU6QwolOXGMtQAAA\nAIEA1YuYf0TMFhrbfmLQXxn41Y/SaP2Zl/K9+LUmPBzj9hENToqSDHXEuOX5qaxt\nAEfbRe8sQSxoMV5qaHkiQEqQf7mNOaufWj8SIEjH2REHV/2hJQZ/+1Or2pdJ5XC2\naubPLU9w0xArZPKyM6lvyyG3BTt6Y82LDCgQW3eyiPw2VnsAAACBAPDwEL3/Cf7b\nbc/xQODpLnrIdrlGnIJacvxcA/bU/OSi50mL43RnPesg92TrrgGG/A1w55Y9u+MH\noOomM6A2IQzTws+rP8JoFYq6z5CXKAW65+akr1+8YaROHtODFGmK4LRIEk8bdefX\nPDXfWMPCHE8nPs36vU0r7GwOmnQmHTXvAAAAAAEC\n-----END OPENSSH PRIVATE KEY-----\n",
            "private_key_pem": "-----BEGIN RSA PRIVATE KEY-----\nMIIEpQIBAAKCAQEAyPsfzX4lwbcgVpgM113EUNQskn0qMmKmDa+1TZVvqb+jO49H\nCqLGBeedSe7Jd9vD1w2fzMlhUfVBMehFItaFofQg3rYyWzyQ4OcZU3DZwj4kdgSp\n2KAui57avWsHDq51nCN3iC+LPBOJ5LIDNn+3pO5xJC2jqjg9y1dvk9bN/IE0XzE4\nDUrHtxLz2eK7WloSTfnz7poIkGLkIWWKicaie1DIKF/xE92TE/fAh1Q353v2inNI\n1OSEdQfJSkeOVfKJOjttKvoOBdnBA6CUmYVxdnRWRRKaHnPrwxMbtwb8fSjttVOh\nZHENLP2quAiEd5GD2clNQsI4UuhTCdrUxJEz1QIDAQABAoIBAAUJ3qs9LV8k4yeo\nmjHQBPrtxsxJXQR0WqtfK1FtnKYJyuLUXbiTihldzCCtXtmlZcx/Z/EvX0Q5vM+u\nfgU4kZMU1roeoTaOVyd8Q7NG0f6/phRbW5K1uVUAv4UeKMgicYpfjUCZyIjSCJP2\nLoRwQT9eRvHcPw0mac4uO/rd2L4qx6t7njrstQqGQ6MONGRkPl6VdzwpUzDWEKM8\niZ6iQRbrZb0dPoDxjiqqb02LBqMphXmreOFvP5/wjl0MwAnnni4LnK4VmtV/63NG\nx4/TU51gR7eB7fPDd5k7C0zPtkVLXJVmw7m945nYKQ8xMEvq6a+3dKjmY0PKze2X\nYb+MgiUCgYEA1YuYf0TMFhrbfmLQXxn41Y/SaP2Zl/K9+LUmPBzj9hENToqSDHXE\nuOX5qaxtAEfbRe8sQSxoMV5qaHkiQEqQf7mNOaufWj8SIEjH2REHV/2hJQZ/+1Or\n2pdJ5XC2aubPLU9w0xArZPKyM6lvyyG3BTt6Y82LDCgQW3eyiPw2VnsCgYEA8PAQ\nvf8J/tttz/FA4Okuesh2uUacglpy/FwD9tT85KLnSYvjdGc96yD3ZOuuAYb8DXDn\nlj274weg6iYzoDYhDNPCz6s/wmgVirrPkJcoBbrn5qSvX7xhpE4e04MUaYrgtEgS\nTxt159c8Nd9Yw8IcTyc+zfq9TSvsbA6adCYdNe8CgYEAv7bM2O2V3/6KsiPaeJbj\nnC+7skCDJTRrsx5Gzk8NpbtXW/zx87fDPlBRXTAMx+S7CkUYUQaiIDhohZTC2D9Z\nDSIzlOPsc2QOTOeqa8lq82cjxg7Y1XUf42ZRlGgljUHcHAym+QYaP03YCKOEVzTU\nkCD+1x0QSYCqdsO2iF8OFYMCgYEAhz/r1gv123foA+PE7LxZGBmx8718m/wUMi+h\nFg1nzRzZQsLhMvXFn1kJJ0DZlAfnM9BeYEtVTlN49BfvwQ7BrMauxA64ovP0q8TE\nQcFoeRb7mNB3lgFUunwT993MNpb8Hpeal4etvzBmn0M6O+GaLKC2M8B+RXTTqbDk\n6TCAE0cCgYEAvSpcNcLEdXsJh4TNY2EUhHay8OORSnQ3CO47JkwSQbRUaGLUvS8q\nirfAwrbU5p+U9bq+mT3FK7dxgknrAYlBFlyeHnvM+4vhrqke+/cpHm4++AJZUpuf\n6GYV6KfUdSLIXjJhq/NgBCArqDzCma9OqSF1MXyYR0FOkMKJTlxjLUA=\n-----END RSA PRIVATE KEY-----\n",
            "private_key_pem_pkcs8": "-----BEGIN PRIVATE KEY-----\nMIIEvwIBADANBgkqhkiG9w0BAQEFAASCBKkwggSlAgEAAoIBAQDI+x/NfiXBtyBW\nmAzXXcRQ1CySfSoyYqYNr7VNlW+pv6M7j0cKosYF551J7sl328PXDZ/MyWFR9UEx\n6EUi1oWh9CDetjJbPJDg5xlTcNnCPiR2BKnYoC6Lntq9awcOrnWcI3eIL4s8E4nk\nsgM2f7ek7nEkLaOqOD3LV2+T1s38gTRfMTgNSse3EvPZ4rtaWhJN+fPumgiQYuQh\nZYqJxqJ7UMgoX/ET3ZMT98CHVDfne/aKc0jU5IR1B8lKR45V8ok6O20q+g4F2cED\noJSZhXF2dFZFEpoec+vDExu3Bvx9KO21U6FkcQ0s/aq4CIR3kYPZyU1CwjhS6FMJ\n2tTEkTPVAgMBAAECggEABQneqz0tXyTjJ6iaMdAE+u3GzEldBHRaq18rUW2cpgnK\n4tRduJOKGV3MIK1e2aVlzH9n8S9fRDm8z65+BTiRkxTWuh6hNo5XJ3xDs0bR/r+m\nFFtbkrW5VQC/hR4oyCJxil+NQJnIiNIIk/YuhHBBP15G8dw/DSZpzi47+t3YvirH\nq3ueOuy1CoZDow40ZGQ+XpV3PClTMNYQozyJnqJBFutlvR0+gPGOKqpvTYsGoymF\neat44W8/n/COXQzACeeeLgucrhWa1X/rc0bHj9NTnWBHt4Ht88N3mTsLTM+2RUtc\nlWbDub3jmdgpDzEwS+rpr7d0qOZjQ8rN7Zdhv4yCJQKBgQDVi5h/RMwWGtt+YtBf\nGfjVj9Jo/ZmX8r34tSY8HOP2EQ1OipIMdcS45fmprG0AR9tF7yxBLGgxXmpoeSJA\nSpB/uY05q59aPxIgSMfZEQdX/aElBn/7U6val0nlcLZq5s8tT3DTECtk8rIzqW/L\nIbcFO3pjzYsMKBBbd7KI/DZWewKBgQDw8BC9/wn+223P8UDg6S56yHa5RpyCWnL8\nXAP21PzkoudJi+N0Zz3rIPdk664BhvwNcOeWPbvjB6DqJjOgNiEM08LPqz/CaBWK\nus+QlygFuufmpK9fvGGkTh7TgxRpiuC0SBJPG3Xn1zw131jDwhxPJz7N+r1NK+xs\nDpp0Jh017wKBgQC/tszY7ZXf/oqyI9p4luOcL7uyQIMlNGuzHkbOTw2lu1db/PHz\nt8M+UFFdMAzH5LsKRRhRBqIgOGiFlMLYP1kNIjOU4+xzZA5M56pryWrzZyPGDtjV\ndR/jZlGUaCWNQdwcDKb5Bho/TdgIo4RXNNSQIP7XHRBJgKp2w7aIXw4VgwKBgQCH\nP+vWC/Xbd+gD48TsvFkYGbHzvXyb/BQyL6EWDWfNHNlCwuEy9cWfWQknQNmUB+cz\n0F5gS1VOU3j0F+/BDsGsxq7EDrii8/SrxMRBwWh5FvuY0HeWAVS6fBP33cw2lvwe\nl5qXh62/MGafQzo74ZosoLYzwH5FdNOpsOTpMIATRwKBgQC9Klw1wsR1ewmHhM1j\nYRSEdrLw45FKdDcI7jsmTBJBtFRoYtS9LyqKt8DCttTmn5T1ur6ZPcUrt3GCSesB\niUEWXJ4ee8z7i+GuqR779ykebj74AllSm5/oZhXop9R1IsheMmGr82AEICuoPMKZ\nr06pIXUxfJhHQU6QwolOXGMtQA==\n-----END PRIVATE KEY-----\n",
            "public_key_fingerprint_md5": "d8:b0:65:11:7e:3b:8e:e7:d7:c9:0e:e0:58:0f:56:3a",
            "public_key_fingerprint_sha256": "SHA256:1zwYQHvHUR1FjF8zYf5Ic/j+43AajFSkiap2iTa6s8Y",
            "public_key_openssh": "ssh-rsa AAAAB3NzaC1yc2EAAAADAQABAAABAQDI+x/NfiXBtyBWmAzXXcRQ1CySfSoyYqYNr7VNlW+pv6M7j0cKosYF551J7sl328PXDZ/MyWFR9UEx6EUi1oWh9CDetjJbPJDg5xlTcNnCPiR2BKnYoC6Lntq9awcOrnWcI3eIL4s8E4nksgM2f7ek7nEkLaOqOD3LV2+T1s38gTRfMTgNSse3EvPZ4rtaWhJN+fPumgiQYuQhZYqJxqJ7UMgoX/ET3ZMT98CHVDfne/aKc0jU5IR1B8lKR45V8ok6O20q+g4F2cEDoJSZhXF2dFZFEpoec+vDExu3Bvx9KO21U6FkcQ0s/aq4CIR3kYPZyU1CwjhS6FMJ2tTEkTPV\n",
            "public_key_pem": "-----BEGIN PUBLIC KEY-----\nMIIBIjANBgkqhkiG9w0BAQEFAAOCAQ8AMIIBCgKCAQEAyPsfzX4lwbcgVpgM113E\nUNQskn0qMmKmDa+1TZVvqb+jO49HCqLGBeedSe7Jd9vD1w2fzMlhUfVBMehFItaF\nofQg3rYyWzyQ4OcZU3DZwj4kdgSp2KAui57avWsHDq51nCN3iC+LPBOJ5LIDNn+3\npO5xJC2jqjg9y1dvk9bN/IE0XzE4DUrHtxLz2eK7WloSTfnz7poIkGLkIWWKicai\ne1DIKF/xE92TE/fAh1Q353v2inNI1OSEdQfJSkeOVfKJOjttKvoOBdnBA6CUmYVx\ndnRWRRKaHnPrwxMbtwb8fSjttVOhZHENLP2quAiEd5GD2clNQsI4UuhTCdrUxJEz\n1QIDAQAB\n-----END PUBLIC KEY-----\n",
            "rsa_bits": 2048
          },
          "sensitive_attributes": [
            [
              {
                "type": "get_attr",
                "value": "private_key_pem_pkcs8"
              }
            ],
            [
              {
                "type": "get_attr",
                "value": "private_key_openssh"
              }
            ],
            [
              {
                "type": "get_attr",
                "value": "private_key_pem"
              }
            ]
          ],
          "create_before_destroy": true
        }
      ]
    },
    {
      "mode": "managed",
      "type": "tls_private_key",
      "name": "hong-kong",
      "provider": "provider[\"registry.terraform.io/hashicorp/tls\"]",
      "instances": [
        {
          "schema_version": 1,
          "attributes": {
            "algorithm": "RSA",
            "ecdsa_curve": "P224",
            "id": "ae8041f55e462ea143f9e133992af99ec7019694",
            "private_key_openssh": "-----BEGIN OPENSSH PRIVATE KEY-----\nb3BlbnNzaC1rZXktdjEAAAAABG5vbmUAAAAEbm9uZQAAAAAAAAABAAABFwAAAAdz\nc2gtcnNhAAAAAwEAAQAAAQEAz+P8VIZyPsoV6t0oFapm0GMwHn2YBKVZphAfSKPp\nGJqzDmAqZPCWnJDMoJDw2Hhk/KYGqdfIow/EJrS0EA2VY+E/GVgCJy+VWTbX87LJ\nh8+6oZEpSkYjap/Wtz1gFZuRBxZWrIlHNoscroZe4f816eUKbiTJm4HyTGA18OZa\necf0w1j+k5zbOP+3oRvwXRv3L0ZbnIXm+2jq/EJhHc+9ce7NmXZqFRDRjftUVVfc\nmu5FjGQ4gJTnCKkwQNQt95JzK4fbvwj58ZRjb84EcRW4r3EvTnHxoupVIiso4V+o\nQhbdT2frsJvwomsNlAIwFEGCF/sYFSORPWPagmosvVh19wAAA7jnhDtF54Q7RQAA\nAAdzc2gtcnNhAAABAQDP4/xUhnI+yhXq3SgVqmbQYzAefZgEpVmmEB9Io+kYmrMO\nYCpk8JackMygkPDYeGT8pgap18ijD8QmtLQQDZVj4T8ZWAInL5VZNtfzssmHz7qh\nkSlKRiNqn9a3PWAVm5EHFlasiUc2ixyuhl7h/zXp5QpuJMmbgfJMYDXw5lp5x/TD\nWP6TnNs4/7ehG/BdG/cvRlucheb7aOr8QmEdz71x7s2ZdmoVENGN+1RVV9ya7kWM\nZDiAlOcIqTBA1C33knMrh9u/CPnxlGNvzgRxFbivcS9OcfGi6lUiKyjhX6hCFt1P\nZ+uwm/Ciaw2UAjAUQYIX+xgVI5E9Y9qCaiy9WHX3AAAAAwEAAQAAAQEAxpPG7tJy\nBIoyf2L7LB7WEM3+I9HiSOXNCXQy/cccHBWBXgT72el6ZFloLSPl+1CdXjwU912Y\nWDHyMuq/aOogvgRlqobHn7izF0Hs6+rm2GTTqAsp/rmakPnXNrdYtasg0D1FU4/Z\nxz8AibDupz+Jtz7CRM29Cl8JHG12eQMAf3uJENigzZ5sMmb5b57zHWrCfzXOWuP3\nGmdFPP4UQW7kwi/lG8UtJ4J+4CaZ5JjZlQouuyel+Vmxd1XYd3w2nPjTIKjb5J1o\nrKwqgIsB+V9m8+iQNnJjcxrLZ2StUFfhCjbVHlKHOoAtpoCSUf4iYKXJtOBF3IHN\nD17ljSXHNJqJmQAAAIEAvtMoovCETZ5PALRPc7cJqxxp5+m1I8oz7Cg7jiZctfXt\nqDKC8ZXKp0/0KgRHcxuDjbKTu4v1R9T8vzixyb4d3YVE6PQOS8DAczBfhcfqvTz9\nBc+qVuylCGwERf18XZdnP35K2v6qlJzr+I//Nffsv1qrwsFo8/M6FLsmCVsj3+YA\nAACBAOkSX/tLclmGq4a2zHBTowX1/xN9Vxev//1ta6HRDakow/CFNjwIw0Ov1dkS\n/BcPGh9aEOd1LuxDSUm81oBqIKFcRzv8vTux/GEm6H+dJkjhmIAbDeJkVuhMmHBF\nxFcI/zvtdFIQDrkxaT8um+140jNQlgQlur85t8P4aRC+kkwTAAAAgQDkV3P9jTkB\nGBjF204T/3Q1BZqJC9WqRZS6EDKBB1DIKEk67pgr72Ry+ByygY6W/SrKxdQIo0R3\nvyx/Y1FoZ3wugpBrCFJF0dCRjspUmaGdQaO31E5TKcKHXIO48W4TJD6/h2uF+j4a\nQsaMLrTBKZbsn2JiUDkceB0ddD0/GuwjDQAAAAAB\n-----END OPENSSH PRIVATE KEY-----\n",
            "private_key_pem": "-----BEGIN RSA PRIVATE KEY-----\nMIIEpgIBAAKCAQEAz+P8VIZyPsoV6t0oFapm0GMwHn2YBKVZphAfSKPpGJqzDmAq\nZPCWnJDMoJDw2Hhk/KYGqdfIow/EJrS0EA2VY+E/GVgCJy+VWTbX87LJh8+6oZEp\nSkYjap/Wtz1gFZuRBxZWrIlHNoscroZe4f816eUKbiTJm4HyTGA18OZaecf0w1j+\nk5zbOP+3oRvwXRv3L0ZbnIXm+2jq/EJhHc+9ce7NmXZqFRDRjftUVVfcmu5FjGQ4\ngJTnCKkwQNQt95JzK4fbvwj58ZRjb84EcRW4r3EvTnHxoupVIiso4V+oQhbdT2fr\nsJvwomsNlAIwFEGCF/sYFSORPWPagmosvVh19wIDAQABAoIBAQDGk8bu0nIEijJ/\nYvssHtYQzf4j0eJI5c0JdDL9xxwcFYFeBPvZ6XpkWWgtI+X7UJ1ePBT3XZhYMfIy\n6r9o6iC+BGWqhsefuLMXQezr6ubYZNOoCyn+uZqQ+dc2t1i1qyDQPUVTj9nHPwCJ\nsO6nP4m3PsJEzb0KXwkcbXZ5AwB/e4kQ2KDNnmwyZvlvnvMdasJ/Nc5a4/caZ0U8\n/hRBbuTCL+UbxS0ngn7gJpnkmNmVCi67J6X5WbF3Vdh3fDac+NMgqNvknWisrCqA\niwH5X2bz6JA2cmNzGstnZK1QV+EKNtUeUoc6gC2mgJJR/iJgpcm04EXcgc0PXuWN\nJcc0momZAoGBAOkSX/tLclmGq4a2zHBTowX1/xN9Vxev//1ta6HRDakow/CFNjwI\nw0Ov1dkS/BcPGh9aEOd1LuxDSUm81oBqIKFcRzv8vTux/GEm6H+dJkjhmIAbDeJk\nVuhMmHBFxFcI/zvtdFIQDrkxaT8um+140jNQlgQlur85t8P4aRC+kkwTAoGBAORX\nc/2NOQEYGMXbThP/dDUFmokL1apFlLoQMoEHUMgoSTrumCvvZHL4HLKBjpb9KsrF\n1AijRHe/LH9jUWhnfC6CkGsIUkXR0JGOylSZoZ1Bo7fUTlMpwodcg7jxbhMkPr+H\na4X6PhpCxowutMEpluyfYmJQORx4HR10PT8a7CMNAoGBALglsHgX0C0z3en+G+DT\n9AYNqo93hIxOnm9ZOKUNS0HP15/9YDBmrACauNddzJdbc0Q6IQj+6Sf6sbj03nVv\nZICZLB8VPV4g7krENwY837bNp3Pv7DRnGtNHUVnDhbFOhnqOzkzYKwnfJEyrQr+J\nqmqozR5RwQ69R5gqeLimGWjJAoGBAMekftFtLC38t4wmVnm9nAjPwXGZW1LoS0Ty\n7HVLxCF8t6pC+eFQCW9L5ytbgyQYbdWkaeKzfSWFjI5Ec+TotfakSUiLmgNZkxXw\n1o5pVJh9z3rmsSSdGmvnQ3PsAuXRhttGt4gIZ0vmnlnqbDeG+WIhaI+0vHpbunkK\nLJKEI3nxAoGBAL7TKKLwhE2eTwC0T3O3CascaefptSPKM+woO44mXLX17agygvGV\nyqdP9CoER3Mbg42yk7uL9UfU/L84scm+Hd2FROj0DkvAwHMwX4XH6r08/QXPqlbs\npQhsBEX9fF2XZz9+Str+qpSc6/iP/zX37L9aq8LBaPPzOhS7JglbI9/m\n-----END RSA PRIVATE KEY-----\n",
            "private_key_pem_pkcs8": "-----BEGIN PRIVATE KEY-----\nMIIEwAIBADANBgkqhkiG9w0BAQEFAASCBKowggSmAgEAAoIBAQDP4/xUhnI+yhXq\n3SgVqmbQYzAefZgEpVmmEB9Io+kYmrMOYCpk8JackMygkPDYeGT8pgap18ijD8Qm\ntLQQDZVj4T8ZWAInL5VZNtfzssmHz7qhkSlKRiNqn9a3PWAVm5EHFlasiUc2ixyu\nhl7h/zXp5QpuJMmbgfJMYDXw5lp5x/TDWP6TnNs4/7ehG/BdG/cvRlucheb7aOr8\nQmEdz71x7s2ZdmoVENGN+1RVV9ya7kWMZDiAlOcIqTBA1C33knMrh9u/CPnxlGNv\nzgRxFbivcS9OcfGi6lUiKyjhX6hCFt1PZ+uwm/Ciaw2UAjAUQYIX+xgVI5E9Y9qC\naiy9WHX3AgMBAAECggEBAMaTxu7ScgSKMn9i+ywe1hDN/iPR4kjlzQl0Mv3HHBwV\ngV4E+9npemRZaC0j5ftQnV48FPddmFgx8jLqv2jqIL4EZaqGx5+4sxdB7Ovq5thk\n06gLKf65mpD51za3WLWrINA9RVOP2cc/AImw7qc/ibc+wkTNvQpfCRxtdnkDAH97\niRDYoM2ebDJm+W+e8x1qwn81zlrj9xpnRTz+FEFu5MIv5RvFLSeCfuAmmeSY2ZUK\nLrsnpflZsXdV2Hd8Npz40yCo2+SdaKysKoCLAflfZvPokDZyY3May2dkrVBX4Qo2\n1R5ShzqALaaAklH+ImClybTgRdyBzQ9e5Y0lxzSaiZkCgYEA6RJf+0tyWYarhrbM\ncFOjBfX/E31XF6///W1rodENqSjD8IU2PAjDQ6/V2RL8Fw8aH1oQ53Uu7ENJSbzW\ngGogoVxHO/y9O7H8YSbof50mSOGYgBsN4mRW6EyYcEXEVwj/O+10UhAOuTFpPy6b\n7XjSM1CWBCW6vzm3w/hpEL6STBMCgYEA5Fdz/Y05ARgYxdtOE/90NQWaiQvVqkWU\nuhAygQdQyChJOu6YK+9kcvgcsoGOlv0qysXUCKNEd78sf2NRaGd8LoKQawhSRdHQ\nkY7KVJmhnUGjt9ROUynCh1yDuPFuEyQ+v4drhfo+GkLGjC60wSmW7J9iYlA5HHgd\nHXQ9PxrsIw0CgYEAuCWweBfQLTPd6f4b4NP0Bg2qj3eEjE6eb1k4pQ1LQc/Xn/1g\nMGasAJq4113Ml1tzRDohCP7pJ/qxuPTedW9kgJksHxU9XiDuSsQ3Bjzfts2nc+/s\nNGca00dRWcOFsU6Geo7OTNgrCd8kTKtCv4mqaqjNHlHBDr1HmCp4uKYZaMkCgYEA\nx6R+0W0sLfy3jCZWeb2cCM/BcZlbUuhLRPLsdUvEIXy3qkL54VAJb0vnK1uDJBht\n1aRp4rN9JYWMjkRz5Oi19qRJSIuaA1mTFfDWjmlUmH3PeuaxJJ0aa+dDc+wC5dGG\n20a3iAhnS+aeWepsN4b5YiFoj7S8elu6eQoskoQjefECgYEAvtMoovCETZ5PALRP\nc7cJqxxp5+m1I8oz7Cg7jiZctfXtqDKC8ZXKp0/0KgRHcxuDjbKTu4v1R9T8vzix\nyb4d3YVE6PQOS8DAczBfhcfqvTz9Bc+qVuylCGwERf18XZdnP35K2v6qlJzr+I//\nNffsv1qrwsFo8/M6FLsmCVsj3+Y=\n-----END PRIVATE KEY-----\n",
            "public_key_fingerprint_md5": "97:c2:9b:5a:04:6c:12:64:4b:5d:53:3f:0c:76:a1:83",
            "public_key_fingerprint_sha256": "SHA256:oVXxhfPeXwn63b3Emkz4Sw3eriLICyUTmVlt6mHI7tw",
            "public_key_openssh": "ssh-rsa AAAAB3NzaC1yc2EAAAADAQABAAABAQDP4/xUhnI+yhXq3SgVqmbQYzAefZgEpVmmEB9Io+kYmrMOYCpk8JackMygkPDYeGT8pgap18ijD8QmtLQQDZVj4T8ZWAInL5VZNtfzssmHz7qhkSlKRiNqn9a3PWAVm5EHFlasiUc2ixyuhl7h/zXp5QpuJMmbgfJMYDXw5lp5x/TDWP6TnNs4/7ehG/BdG/cvRlucheb7aOr8QmEdz71x7s2ZdmoVENGN+1RVV9ya7kWMZDiAlOcIqTBA1C33knMrh9u/CPnxlGNvzgRxFbivcS9OcfGi6lUiKyjhX6hCFt1PZ+uwm/Ciaw2UAjAUQYIX+xgVI5E9Y9qCaiy9WHX3\n",
            "public_key_pem": "-----BEGIN PUBLIC KEY-----\nMIIBIjANBgkqhkiG9w0BAQEFAAOCAQ8AMIIBCgKCAQEAz+P8VIZyPsoV6t0oFapm\n0GMwHn2YBKVZphAfSKPpGJqzDmAqZPCWnJDMoJDw2Hhk/KYGqdfIow/EJrS0EA2V\nY+E/GVgCJy+VWTbX87LJh8+6oZEpSkYjap/Wtz1gFZuRBxZWrIlHNoscroZe4f81\n6eUKbiTJm4HyTGA18OZaecf0w1j+k5zbOP+3oRvwXRv3L0ZbnIXm+2jq/EJhHc+9\nce7NmXZqFRDRjftUVVfcmu5FjGQ4gJTnCKkwQNQt95JzK4fbvwj58ZRjb84EcRW4\nr3EvTnHxoupVIiso4V+oQhbdT2frsJvwomsNlAIwFEGCF/sYFSORPWPagmosvVh1\n9wIDAQAB\n-----END PUBLIC KEY-----\n",
            "rsa_bits": 2048
          },
          "sensitive_attributes": [
            [
              {
                "type": "get_attr",
                "value": "private_key_pem"
              }
            ],
            [
              {
                "type": "get_attr",
                "value": "private_key_pem_pkcs8"
              }
            ],
            [
              {
                "type": "get_attr",
                "value": "private_key_openssh"
              }
            ]
          ],
          "create_before_destroy": true
        }
      ]
    },
    {
      "mode": "managed",
      "type": "tls_private_key",
      "name": "london",
      "provider": "provider[\"registry.terraform.io/hashicorp/tls\"]",
      "instances": [
        {
          "schema_version": 1,
          "attributes": {
            "algorithm": "RSA",
            "ecdsa_curve": "P224",
            "id": "fd1817186ee9dc57bbd35b29f4e9e219d2694502",
            "private_key_openssh": "-----BEGIN OPENSSH PRIVATE KEY-----\nb3BlbnNzaC1rZXktdjEAAAAABG5vbmUAAAAEbm9uZQAAAAAAAAABAAABFwAAAAdz\nc2gtcnNhAAAAAwEAAQAAAQEAuE1jvnFiSe/DZXjmW2rEazIBlvSO0bm8B9B9od0x\ntOCw4RvWIwvifrE92+/XRQIHbcmTstMn5bLZADrmP2vcwHdG4/s4st3g60vL/jiT\nc6hpCD4nLFkKS2DlHnjAzorzAxZrMHm0QfUhnwd2MYAfvpD4DW/PAaAcU5iWoRUN\njefSL/AlWH9kJpL5hhVL+4FdraNTtcZMJHNI4V0DNK9EOuajoAY1l+3KJ4rc65zO\nnKUBp3o9//rynIaDekTMK3h8H/uPU3KdwuVDIPjbao2Axya7sgPxx8tKmwN2T058\njNh1lpev/i9w81akpllpRbG2dXwYSsl/0LGCIniJrrzw7QAAA7gBL3z3AS989wAA\nAAdzc2gtcnNhAAABAQC4TWO+cWJJ78NleOZbasRrMgGW9I7RubwH0H2h3TG04LDh\nG9YjC+J+sT3b79dFAgdtyZOy0yflstkAOuY/a9zAd0bj+ziy3eDrS8v+OJNzqGkI\nPicsWQpLYOUeeMDOivMDFmswebRB9SGfB3YxgB++kPgNb88BoBxTmJahFQ2N59Iv\n8CVYf2QmkvmGFUv7gV2to1O1xkwkc0jhXQM0r0Q65qOgBjWX7conitzrnM6cpQGn\nej3/+vKchoN6RMwreHwf+49Tcp3C5UMg+NtqjYDHJruyA/HHy0qbA3ZPTnyM2HWW\nl6/+L3DzVqSmWWlFsbZ1fBhKyX/QsYIieImuvPDtAAAAAwEAAQAAAQAKlcdIxNJU\nVMTwKwVv8q3dSj31IY6iVPyLplnQ1hdowA7onuSplqEnjZ5z506B1CABGja1apM8\nCg2Uic13jwZat38G0QLsovmsCeppa25skhuWMZumXGbO9X2zRlQsiKZ0YvE9E4Ba\n2W1Y6ODM7wLjuwfEHcvR2BRIaNcd4Uup/rGL7OgqoR4O+WXUywRX/i3tzqOdChll\nt8jWFFCnZ4IiUkM1Jg38+pu/+nN6ad37IEWtCWsxjXFFO/zlMKH19I9SQl2Robgt\ngfds6yw0h2h5IDlH909Ntb8in919cpCp1k/gY8xPulltDRk7SY3tOX68qhQ3P9pE\n0msevO/rj9IBAAAAgDm9tvJqgYvAnzYcZHfH/R8oZFlTDOPN9ZqcXuKhsm8EI5Is\nyHYI6VOrpFnL/B6RxV4DFY+dmZrpPy2V9tB4F3UHHTncik2Vjl5UQ1MyVZV+WF/A\nqa2wgLyf4rB2MHyappVLfsXo6UX8FkEKAV18eVdqrp7PTowslRReyNB/qCEXAAAA\ngQDblj6fDx/SsH7sGyYDGMTxhXwCigrVF3c1KwtNhfcZRZxrRjvzhf/du5hQVCP4\nUzK1W3DQHipQFqYk/6COEmeQxb5A+1oXU5Z4Qq0Io8vwLU57K4Fs3zvTxne7tFOJ\nEE0Ms0hgwHP3r7pxSUT6XeuOTvlExL4qAmCTN259PJQsjQAAAIEA1t1EbQR1A3HD\nMs/O1VTTaoaEQwvJLIVsQqZ2QCzwplhKHbrTkQfSqzm9iUStUOoTTDU/AfKjje/k\nCG5LnJh8kJFZ4hFpM4MFjBmy2q+od87Y541FW3zBvHM4M5Qs3WxKi4bVp7ChAZo5\nBNEOXZO/5vu+WHdZT4C8IBSovuChLeEAAAAAAQID\n-----END OPENSSH PRIVATE KEY-----\n",
            "private_key_pem": "-----BEGIN RSA PRIVATE KEY-----\nMIIEpAIBAAKCAQEAuE1jvnFiSe/DZXjmW2rEazIBlvSO0bm8B9B9od0xtOCw4RvW\nIwvifrE92+/XRQIHbcmTstMn5bLZADrmP2vcwHdG4/s4st3g60vL/jiTc6hpCD4n\nLFkKS2DlHnjAzorzAxZrMHm0QfUhnwd2MYAfvpD4DW/PAaAcU5iWoRUNjefSL/Al\nWH9kJpL5hhVL+4FdraNTtcZMJHNI4V0DNK9EOuajoAY1l+3KJ4rc65zOnKUBp3o9\n//rynIaDekTMK3h8H/uPU3KdwuVDIPjbao2Axya7sgPxx8tKmwN2T058jNh1lpev\n/i9w81akpllpRbG2dXwYSsl/0LGCIniJrrzw7QIDAQABAoIBAAqVx0jE0lRUxPAr\nBW/yrd1KPfUhjqJU/IumWdDWF2jADuie5KmWoSeNnnPnToHUIAEaNrVqkzwKDZSJ\nzXePBlq3fwbRAuyi+awJ6mlrbmySG5Yxm6ZcZs71fbNGVCyIpnRi8T0TgFrZbVjo\n4MzvAuO7B8Qdy9HYFEho1x3hS6n+sYvs6CqhHg75ZdTLBFf+Le3Oo50KGWW3yNYU\nUKdngiJSQzUmDfz6m7/6c3pp3fsgRa0JazGNcUU7/OUwofX0j1JCXZGhuC2B92zr\nLDSHaHkgOUf3T021vyKf3X1ykKnWT+BjzE+6WW0NGTtJje05fryqFDc/2kTSax68\n7+uP0gECgYEA25Y+nw8f0rB+7BsmAxjE8YV8AooK1Rd3NSsLTYX3GUWca0Y784X/\n3buYUFQj+FMytVtw0B4qUBamJP+gjhJnkMW+QPtaF1OWeEKtCKPL8C1OeyuBbN87\n08Z3u7RTiRBNDLNIYMBz96+6cUlE+l3rjk75RMS+KgJgkzdufTyULI0CgYEA1t1E\nbQR1A3HDMs/O1VTTaoaEQwvJLIVsQqZ2QCzwplhKHbrTkQfSqzm9iUStUOoTTDU/\nAfKjje/kCG5LnJh8kJFZ4hFpM4MFjBmy2q+od87Y541FW3zBvHM4M5Qs3WxKi4bV\np7ChAZo5BNEOXZO/5vu+WHdZT4C8IBSovuChLeECgYEAzyf/rcjz6a0OICpAgx1j\n9sJKSo72Ry/bCzKveBRRF+te9KkOt+ALkaB/whCO2p+KsCMy23QJ0QJ8/VyXmFBu\nmdqjcORviqAVzSCB4yu7orrrVjGl6RL0ewa6QD+PqzfQqJGeT4BgJyQGTQelZlki\nd1+zs5e0Gyeg+mGJ/+Ydl6UCgYEAwL6A8WK8LTjSKDSukESl2ruMzjA2aQ/PTALT\ntUIbJr2wzvaXb1SbMSp80jSfXSR95zEksnSdL2hxIPcAMRvBMlaRUPDZdHImecVb\n4j0NXVxay2y5ORazHIAnfG2ByaepP3zXELSr2iok2CNJRbySu3w9BlMZ9O3A1O5z\nabdMH0ECgYA5vbbyaoGLwJ82HGR3x/0fKGRZUwzjzfWanF7iobJvBCOSLMh2COlT\nq6RZy/wekcVeAxWPnZma6T8tlfbQeBd1Bx053IpNlY5eVENTMlWVflhfwKmtsIC8\nn+KwdjB8mqaVS37F6OlF/BZBCgFdfHlXaq6ez06MLJUUXsjQf6ghFw==\n-----END RSA PRIVATE KEY-----\n",
            "private_key_pem_pkcs8": "-----BEGIN PRIVATE KEY-----\nMIIEvgIBADANBgkqhkiG9w0BAQEFAASCBKgwggSkAgEAAoIBAQC4TWO+cWJJ78Nl\neOZbasRrMgGW9I7RubwH0H2h3TG04LDhG9YjC+J+sT3b79dFAgdtyZOy0yflstkA\nOuY/a9zAd0bj+ziy3eDrS8v+OJNzqGkIPicsWQpLYOUeeMDOivMDFmswebRB9SGf\nB3YxgB++kPgNb88BoBxTmJahFQ2N59Iv8CVYf2QmkvmGFUv7gV2to1O1xkwkc0jh\nXQM0r0Q65qOgBjWX7conitzrnM6cpQGnej3/+vKchoN6RMwreHwf+49Tcp3C5UMg\n+NtqjYDHJruyA/HHy0qbA3ZPTnyM2HWWl6/+L3DzVqSmWWlFsbZ1fBhKyX/QsYIi\neImuvPDtAgMBAAECggEACpXHSMTSVFTE8CsFb/Kt3Uo99SGOolT8i6ZZ0NYXaMAO\n6J7kqZahJ42ec+dOgdQgARo2tWqTPAoNlInNd48GWrd/BtEC7KL5rAnqaWtubJIb\nljGbplxmzvV9s0ZULIimdGLxPROAWtltWOjgzO8C47sHxB3L0dgUSGjXHeFLqf6x\ni+zoKqEeDvll1MsEV/4t7c6jnQoZZbfI1hRQp2eCIlJDNSYN/Pqbv/pzemnd+yBF\nrQlrMY1xRTv85TCh9fSPUkJdkaG4LYH3bOssNIdoeSA5R/dPTbW/Ip/dfXKQqdZP\n4GPMT7pZbQ0ZO0mN7Tl+vKoUNz/aRNJrHrzv64/SAQKBgQDblj6fDx/SsH7sGyYD\nGMTxhXwCigrVF3c1KwtNhfcZRZxrRjvzhf/du5hQVCP4UzK1W3DQHipQFqYk/6CO\nEmeQxb5A+1oXU5Z4Qq0Io8vwLU57K4Fs3zvTxne7tFOJEE0Ms0hgwHP3r7pxSUT6\nXeuOTvlExL4qAmCTN259PJQsjQKBgQDW3URtBHUDccMyz87VVNNqhoRDC8kshWxC\npnZALPCmWEodutORB9KrOb2JRK1Q6hNMNT8B8qON7+QIbkucmHyQkVniEWkzgwWM\nGbLar6h3ztjnjUVbfMG8czgzlCzdbEqLhtWnsKEBmjkE0Q5dk7/m+75Yd1lPgLwg\nFKi+4KEt4QKBgQDPJ/+tyPPprQ4gKkCDHWP2wkpKjvZHL9sLMq94FFEX6170qQ63\n4AuRoH/CEI7an4qwIzLbdAnRAnz9XJeYUG6Z2qNw5G+KoBXNIIHjK7uiuutWMaXp\nEvR7BrpAP4+rN9CokZ5PgGAnJAZNB6VmWSJ3X7Ozl7QbJ6D6YYn/5h2XpQKBgQDA\nvoDxYrwtONIoNK6QRKXau4zOMDZpD89MAtO1QhsmvbDO9pdvVJsxKnzSNJ9dJH3n\nMSSydJ0vaHEg9wAxG8EyVpFQ8Nl0ciZ5xVviPQ1dXFrLbLk5FrMcgCd8bYHJp6k/\nfNcQtKvaKiTYI0lFvJK7fD0GUxn07cDU7nNpt0wfQQKBgDm9tvJqgYvAnzYcZHfH\n/R8oZFlTDOPN9ZqcXuKhsm8EI5IsyHYI6VOrpFnL/B6RxV4DFY+dmZrpPy2V9tB4\nF3UHHTncik2Vjl5UQ1MyVZV+WF/Aqa2wgLyf4rB2MHyappVLfsXo6UX8FkEKAV18\neVdqrp7PTowslRReyNB/qCEX\n-----END PRIVATE KEY-----\n",
            "public_key_fingerprint_md5": "0d:22:3f:20:44:2f:2a:a1:f7:bd:44:6d:53:1b:11:bb",
            "public_key_fingerprint_sha256": "SHA256:2Jv4uV33g92uEvROoXJ36IBo0Ft3W0B9xldSvaLP6jA",
            "public_key_openssh": "ssh-rsa AAAAB3NzaC1yc2EAAAADAQABAAABAQC4TWO+cWJJ78NleOZbasRrMgGW9I7RubwH0H2h3TG04LDhG9YjC+J+sT3b79dFAgdtyZOy0yflstkAOuY/a9zAd0bj+ziy3eDrS8v+OJNzqGkIPicsWQpLYOUeeMDOivMDFmswebRB9SGfB3YxgB++kPgNb88BoBxTmJahFQ2N59Iv8CVYf2QmkvmGFUv7gV2to1O1xkwkc0jhXQM0r0Q65qOgBjWX7conitzrnM6cpQGnej3/+vKchoN6RMwreHwf+49Tcp3C5UMg+NtqjYDHJruyA/HHy0qbA3ZPTnyM2HWWl6/+L3DzVqSmWWlFsbZ1fBhKyX/QsYIieImuvPDt\n",
            "public_key_pem": "-----BEGIN PUBLIC KEY-----\nMIIBIjANBgkqhkiG9w0BAQEFAAOCAQ8AMIIBCgKCAQEAuE1jvnFiSe/DZXjmW2rE\nazIBlvSO0bm8B9B9od0xtOCw4RvWIwvifrE92+/XRQIHbcmTstMn5bLZADrmP2vc\nwHdG4/s4st3g60vL/jiTc6hpCD4nLFkKS2DlHnjAzorzAxZrMHm0QfUhnwd2MYAf\nvpD4DW/PAaAcU5iWoRUNjefSL/AlWH9kJpL5hhVL+4FdraNTtcZMJHNI4V0DNK9E\nOuajoAY1l+3KJ4rc65zOnKUBp3o9//rynIaDekTMK3h8H/uPU3KdwuVDIPjbao2A\nxya7sgPxx8tKmwN2T058jNh1lpev/i9w81akpllpRbG2dXwYSsl/0LGCIniJrrzw\n7QIDAQAB\n-----END PUBLIC KEY-----\n",
            "rsa_bits": 2048
          },
          "sensitive_attributes": [
            [
              {
                "type": "get_attr",
                "value": "private_key_pem_pkcs8"
              }
            ],
            [
              {
                "type": "get_attr",
                "value": "private_key_openssh"
              }
            ],
            [
              {
                "type": "get_attr",
                "value": "private_key_pem"
              }
            ]
          ],
          "create_before_destroy": true
        }
      ]
    },
    {
      "mode": "managed",
      "type": "tls_private_key",
      "name": "new_york",
      "provider": "provider[\"registry.terraform.io/hashicorp/tls\"]",
      "instances": [
        {
          "schema_version": 1,
          "attributes": {
            "algorithm": "RSA",
            "ecdsa_curve": "P224",
            "id": "d5a0be0bb31fc07a2f50406fdb9bbba952a6a446",
            "private_key_openssh": "-----BEGIN OPENSSH PRIVATE KEY-----\nb3BlbnNzaC1rZXktdjEAAAAABG5vbmUAAAAEbm9uZQAAAAAAAAABAAABFwAAAAdz\nc2gtcnNhAAAAAwEAAQAAAQEAvXaEi9sVT9sgGYvAU0u5UugkSqUDb1DUZCCWG8mX\nDBrShJnEKTzzHs7yiywjxctB8N8/pZzUUZImuhBPBsbUykU4ySfl7HUTxV39+We9\na6kS+9XSONSTABzPba7QVmE2IOYm5rr59jvfdFU8Rw4maPJrhyBdNnB2AoBWTBgW\nDF1YYwT7eKCW/FL5gCEUFcZuSIMm7eHhFWCMPvcYZlVu35on8LAwOPrmLk21k0qX\n7mgWWJbuXSN/p0TsBwjexQmgwIkBGwmaXh0FXBlKOUv6h8kGMi7PiOJti9RIgSYU\n4bV1LXncvkrhsYRQT1hJKA8VaIk7Ke6VApbWs7s3JdAk5wAAA7gKxDdxCsQ3cQAA\nAAdzc2gtcnNhAAABAQC9doSL2xVP2yAZi8BTS7lS6CRKpQNvUNRkIJYbyZcMGtKE\nmcQpPPMezvKLLCPFy0Hw3z+lnNRRkia6EE8GxtTKRTjJJ+XsdRPFXf35Z71rqRL7\n1dI41JMAHM9trtBWYTYg5ibmuvn2O990VTxHDiZo8muHIF02cHYCgFZMGBYMXVhj\nBPt4oJb8UvmAIRQVxm5Igybt4eEVYIw+9xhmVW7fmifwsDA4+uYuTbWTSpfuaBZY\nlu5dI3+nROwHCN7FCaDAiQEbCZpeHQVcGUo5S/qHyQYyLs+I4m2L1EiBJhThtXUt\nedy+SuGxhFBPWEkoDxVoiTsp7pUCltazuzcl0CTnAAAAAwEAAQAAAQEArW+F7GT0\nQHLOErSMrXN/Rba+KhqeZ1Mt6i6uWueSPwF6vunn2PwzbntxKheQ86qaRX6IS/mh\nnr5UdzUgsopnFnaBghrk7i1KmPzu1lWx35EZkLFuzJlDq/GzrKs/iiNZIoqtB8AX\nu+GZL2wrTrxUSvPHnR3yVjhivu1ukh/mZw+j+xF2rf1+/AHNqOudbzNpiJWYcesl\n46IS9Px4koEXHC8AhtOF9OHEeh9xusLtltdvCZLvEin7OPsXagIYYQAv4CZXV/w+\nEBKVqSRj40POqqQyGaAFkthcKbyqORNEJ39acNO6D3uqjqOUEjAQmPQBbep7iJuP\nNqAR8bzFlUbtcQAAAIEAuCIZHxIzhpWCI+Wiw8pfmZMrDJADP/FqRR3nwDBSEPci\nUKCUdpa3LAmoa+F8eplY5WNRP6X2llFKqr21tLzZo7ATePBSNDI4Tpgq4ETJnyck\nX2GKNvhUBRina3kUzv3oya41St+QB51WuLtCXjGWQy/R2e5JfRcMU2X3wh8z6+EA\nAACBAOw3FklH7Z3sQ/PW3809/ATRpCYcvceyGW8DRYLM7wkadnLxXrhPzu2Ji+vZ\n9JSPY1aeM6V3Y1SmtdCxH31AwZC0j2ioauDHkJVgrLeiq+sliUHvf8b/tnt3V/om\nzcqeDvfSQ2KY2yxJEdJyUvyAukQ7FNgHENnhRJH+pCsITBNJAAAAgQDNVPjbdL8w\nnWNY0znD134cp8fiMY8wUgr5enUkUaP5cDsgX2s4vxyLPys/UDdCGo5aSxQ3OPKE\n1Ja8GtfnvW74oaP9Y/A/uZ0GaMzDTcXy03UiBg4qJzKmOOO1SnOuF2BYpj3cHGQh\nsuRAUJVeTFyAKViCCMsZ7tbvtebpj0FGrwAAAAAB\n-----END OPENSSH PRIVATE KEY-----\n",
            "private_key_pem": "-----BEGIN RSA PRIVATE KEY-----\nMIIEpQIBAAKCAQEAvXaEi9sVT9sgGYvAU0u5UugkSqUDb1DUZCCWG8mXDBrShJnE\nKTzzHs7yiywjxctB8N8/pZzUUZImuhBPBsbUykU4ySfl7HUTxV39+We9a6kS+9XS\nONSTABzPba7QVmE2IOYm5rr59jvfdFU8Rw4maPJrhyBdNnB2AoBWTBgWDF1YYwT7\neKCW/FL5gCEUFcZuSIMm7eHhFWCMPvcYZlVu35on8LAwOPrmLk21k0qX7mgWWJbu\nXSN/p0TsBwjexQmgwIkBGwmaXh0FXBlKOUv6h8kGMi7PiOJti9RIgSYU4bV1LXnc\nvkrhsYRQT1hJKA8VaIk7Ke6VApbWs7s3JdAk5wIDAQABAoIBAQCtb4XsZPRAcs4S\ntIytc39Ftr4qGp5nUy3qLq5a55I/AXq+6efY/DNue3EqF5DzqppFfohL+aGevlR3\nNSCyimcWdoGCGuTuLUqY/O7WVbHfkRmQsW7MmUOr8bOsqz+KI1kiiq0HwBe74Zkv\nbCtOvFRK88edHfJWOGK+7W6SH+ZnD6P7EXat/X78Ac2o651vM2mIlZhx6yXjohL0\n/HiSgRccLwCG04X04cR6H3G6wu2W128Jku8SKfs4+xdqAhhhAC/gJldX/D4QEpWp\nJGPjQ86qpDIZoAWS2FwpvKo5E0Qnf1pw07oPe6qOo5QSMBCY9AFt6nuIm482oBHx\nvMWVRu1xAoGBAOw3FklH7Z3sQ/PW3809/ATRpCYcvceyGW8DRYLM7wkadnLxXrhP\nzu2Ji+vZ9JSPY1aeM6V3Y1SmtdCxH31AwZC0j2ioauDHkJVgrLeiq+sliUHvf8b/\ntnt3V/omzcqeDvfSQ2KY2yxJEdJyUvyAukQ7FNgHENnhRJH+pCsITBNJAoGBAM1U\n+Nt0vzCdY1jTOcPXfhynx+IxjzBSCvl6dSRRo/lwOyBfazi/HIs/Kz9QN0IajlpL\nFDc48oTUlrwa1+e9bviho/1j8D+5nQZozMNNxfLTdSIGDionMqY447VKc64XYFim\nPdwcZCGy5EBQlV5MXIApWIIIyxnu1u+15umPQUavAoGBAISQCa7Icf59eEkgnmqF\nTai6qf9Fg+/M8F8Pm/Pi5IbcVfr9oCWZjExcM60BnTO+IIacs+k5TgJUqJZcwIo/\nTCHUYuLeGVTaSja6kVNhNE/7ucLKEJByM0uo1zOokTcTat0DIBP2KpH408qhpBbW\nezINYg42MOvFcwDnwePwfRkZAoGAHotWXab3Te8LuUnqnORwgSjARjijGUgLE+OQ\ni2+NmeyFDyLCm3VqdJhYAZoYLkAvDuV+Q1y4TuQk7CR+G54FZPz+nRIByij9X9e1\nJhRqrt2f3gjSkJi2Ix3xWaWSocIedfF84EJk7tJiu+KA5b8sP3BnFyjhtaDe3lfL\n2tCRoEcCgYEAuCIZHxIzhpWCI+Wiw8pfmZMrDJADP/FqRR3nwDBSEPciUKCUdpa3\nLAmoa+F8eplY5WNRP6X2llFKqr21tLzZo7ATePBSNDI4Tpgq4ETJnyckX2GKNvhU\nBRina3kUzv3oya41St+QB51WuLtCXjGWQy/R2e5JfRcMU2X3wh8z6+E=\n-----END RSA PRIVATE KEY-----\n",
            "private_key_pem_pkcs8": "-----BEGIN PRIVATE KEY-----\nMIIEvwIBADANBgkqhkiG9w0BAQEFAASCBKkwggSlAgEAAoIBAQC9doSL2xVP2yAZ\ni8BTS7lS6CRKpQNvUNRkIJYbyZcMGtKEmcQpPPMezvKLLCPFy0Hw3z+lnNRRkia6\nEE8GxtTKRTjJJ+XsdRPFXf35Z71rqRL71dI41JMAHM9trtBWYTYg5ibmuvn2O990\nVTxHDiZo8muHIF02cHYCgFZMGBYMXVhjBPt4oJb8UvmAIRQVxm5Igybt4eEVYIw+\n9xhmVW7fmifwsDA4+uYuTbWTSpfuaBZYlu5dI3+nROwHCN7FCaDAiQEbCZpeHQVc\nGUo5S/qHyQYyLs+I4m2L1EiBJhThtXUtedy+SuGxhFBPWEkoDxVoiTsp7pUCltaz\nuzcl0CTnAgMBAAECggEBAK1vhexk9EByzhK0jK1zf0W2vioanmdTLeourlrnkj8B\ner7p59j8M257cSoXkPOqmkV+iEv5oZ6+VHc1ILKKZxZ2gYIa5O4tSpj87tZVsd+R\nGZCxbsyZQ6vxs6yrP4ojWSKKrQfAF7vhmS9sK068VErzx50d8lY4Yr7tbpIf5mcP\no/sRdq39fvwBzajrnW8zaYiVmHHrJeOiEvT8eJKBFxwvAIbThfThxHofcbrC7ZbX\nbwmS7xIp+zj7F2oCGGEAL+AmV1f8PhASlakkY+NDzqqkMhmgBZLYXCm8qjkTRCd/\nWnDTug97qo6jlBIwEJj0AW3qe4ibjzagEfG8xZVG7XECgYEA7DcWSUftnexD89bf\nzT38BNGkJhy9x7IZbwNFgszvCRp2cvFeuE/O7YmL69n0lI9jVp4zpXdjVKa10LEf\nfUDBkLSPaKhq4MeQlWCst6Kr6yWJQe9/xv+2e3dX+ibNyp4O99JDYpjbLEkR0nJS\n/IC6RDsU2AcQ2eFEkf6kKwhME0kCgYEAzVT423S/MJ1jWNM5w9d+HKfH4jGPMFIK\n+Xp1JFGj+XA7IF9rOL8ciz8rP1A3QhqOWksUNzjyhNSWvBrX571u+KGj/WPwP7md\nBmjMw03F8tN1IgYOKicypjjjtUpzrhdgWKY93BxkIbLkQFCVXkxcgClYggjLGe7W\n77Xm6Y9BRq8CgYEAhJAJrshx/n14SSCeaoVNqLqp/0WD78zwXw+b8+LkhtxV+v2g\nJZmMTFwzrQGdM74ghpyz6TlOAlSollzAij9MIdRi4t4ZVNpKNrqRU2E0T/u5wsoQ\nkHIzS6jXM6iRNxNq3QMgE/YqkfjTyqGkFtZ7Mg1iDjYw68VzAOfB4/B9GRkCgYAe\ni1ZdpvdN7wu5Seqc5HCBKMBGOKMZSAsT45CLb42Z7IUPIsKbdWp0mFgBmhguQC8O\n5X5DXLhO5CTsJH4bngVk/P6dEgHKKP1f17UmFGqu3Z/eCNKQmLYjHfFZpZKhwh51\n8XzgQmTu0mK74oDlvyw/cGcXKOG1oN7eV8va0JGgRwKBgQC4IhkfEjOGlYIj5aLD\nyl+ZkysMkAM/8WpFHefAMFIQ9yJQoJR2lrcsCahr4Xx6mVjlY1E/pfaWUUqqvbW0\nvNmjsBN48FI0MjhOmCrgRMmfJyRfYYo2+FQFGKdreRTO/ejJrjVK35AHnVa4u0Je\nMZZDL9HZ7kl9FwxTZffCHzPr4Q==\n-----END PRIVATE KEY-----\n",
            "public_key_fingerprint_md5": "43:a6:15:2a:86:39:dc:8a:06:84:21:bb:bf:0d:42:2d",
            "public_key_fingerprint_sha256": "SHA256:abxJdliua1C37ODPQD+5mQDUfxBc/J/z2yVh1MV+kBA",
            "public_key_openssh": "ssh-rsa AAAAB3NzaC1yc2EAAAADAQABAAABAQC9doSL2xVP2yAZi8BTS7lS6CRKpQNvUNRkIJYbyZcMGtKEmcQpPPMezvKLLCPFy0Hw3z+lnNRRkia6EE8GxtTKRTjJJ+XsdRPFXf35Z71rqRL71dI41JMAHM9trtBWYTYg5ibmuvn2O990VTxHDiZo8muHIF02cHYCgFZMGBYMXVhjBPt4oJb8UvmAIRQVxm5Igybt4eEVYIw+9xhmVW7fmifwsDA4+uYuTbWTSpfuaBZYlu5dI3+nROwHCN7FCaDAiQEbCZpeHQVcGUo5S/qHyQYyLs+I4m2L1EiBJhThtXUtedy+SuGxhFBPWEkoDxVoiTsp7pUCltazuzcl0CTn\n",
            "public_key_pem": "-----BEGIN PUBLIC KEY-----\nMIIBIjANBgkqhkiG9w0BAQEFAAOCAQ8AMIIBCgKCAQEAvXaEi9sVT9sgGYvAU0u5\nUugkSqUDb1DUZCCWG8mXDBrShJnEKTzzHs7yiywjxctB8N8/pZzUUZImuhBPBsbU\nykU4ySfl7HUTxV39+We9a6kS+9XSONSTABzPba7QVmE2IOYm5rr59jvfdFU8Rw4m\naPJrhyBdNnB2AoBWTBgWDF1YYwT7eKCW/FL5gCEUFcZuSIMm7eHhFWCMPvcYZlVu\n35on8LAwOPrmLk21k0qX7mgWWJbuXSN/p0TsBwjexQmgwIkBGwmaXh0FXBlKOUv6\nh8kGMi7PiOJti9RIgSYU4bV1LXncvkrhsYRQT1hJKA8VaIk7Ke6VApbWs7s3JdAk\n5wIDAQAB\n-----END PUBLIC KEY-----\n",
            "rsa_bits": 2048
          },
          "sensitive_attributes": [
            [
              {
                "type": "get_attr",
                "value": "private_key_pem_pkcs8"
              }
            ],
            [
              {
                "type": "get_attr",
                "value": "private_key_pem"
              }
            ],
            [
              {
                "type": "get_attr",
                "value": "private_key_openssh"
              }
            ]
          ]
        }
      ]
    },
    {
      "mode": "managed",
      "type": "tls_private_key",
      "name": "sao-paulo",
      "provider": "provider[\"registry.terraform.io/hashicorp/tls\"]",
      "instances": [
        {
          "schema_version": 1,
          "attributes": {
            "algorithm": "RSA",
            "ecdsa_curve": "P224",
            "id": "3946f0928174e75f362e1e078566b26aaf48b40c",
            "private_key_openssh": "-----BEGIN OPENSSH PRIVATE KEY-----\nb3BlbnNzaC1rZXktdjEAAAAABG5vbmUAAAAEbm9uZQAAAAAAAAABAAABFwAAAAdz\nc2gtcnNhAAAAAwEAAQAAAQEArO7G9AoQ3zVMJoEtiNZhkxD65jsx7DdO0Isa0o5k\nc8bV1wWgCEWgDlfd5lHSCTmv6hiqPfJlaQkGSeUDsSw2tAfMhfdU51tk2ntfvKE+\nq2nEq6ItvhC9XeZZiS0Hc6lKjFcOBFUsG41eqDR9ql1L8xiwwYSYsk847hBdgV2E\n/JsU5PsQYdoBLfduHbGktiEpCdt7Ss8Fp0mp5lci70GhQNxKDPLjzReY7XQ9gKC/\ndMjSQsAWWLu2jqU6dKQTWXayfSXJlHhzTeeDyB3ZlfkJLKy05v5peytFomQBSY0Q\nbHXPRdAsvNYk6/Ziklph9yu7JX3wlu2FBqME3SDKJHxewQAAA7hSQs3bUkLN2wAA\nAAdzc2gtcnNhAAABAQCs7sb0ChDfNUwmgS2I1mGTEPrmOzHsN07QixrSjmRzxtXX\nBaAIRaAOV93mUdIJOa/qGKo98mVpCQZJ5QOxLDa0B8yF91TnW2Tae1+8oT6racSr\noi2+EL1d5lmJLQdzqUqMVw4EVSwbjV6oNH2qXUvzGLDBhJiyTzjuEF2BXYT8mxTk\n+xBh2gEt924dsaS2ISkJ23tKzwWnSanmVyLvQaFA3EoM8uPNF5jtdD2AoL90yNJC\nwBZYu7aOpTp0pBNZdrJ9JcmUeHNN54PIHdmV+QksrLTm/ml7K0WiZAFJjRBsdc9F\n0Cy81iTr9mKSWmH3K7slffCW7YUGowTdIMokfF7BAAAAAwEAAQAAAQBpe3AhlS47\naEAd0Hec2t9DnHzeCEdoRUguzlq7Ch3dvO/cq1K1GPsLJK92eHv8IpLZ4Nee14bh\n7Z5HXojE/ioT4BnxsS65vDalSdHYtiYK2oYbBt6N65oGd6YvlSbRdvbA6azkGavA\n1pdhVDs+uo/EJVBTifS19rrMA3F1ojym81SFCjJ5E1TxT+OYwHg093Qx53SD20/3\nTiDfpr5WVwWIEGYIn2fdgsNVHc+MlnspbvIipli9ZsQs3XHs75Iaa2a/LBup81FM\nR21gmd7im91oU45DhLNARPF6XM9VY/hzMy6zIAPw4WPmI/Zel8KB6IdaR3vA8unF\nWK7tu6gJoWRBAAAAgFxScH7zmqMTnTtX8JF7J53w7ezXE59hhQM2Z+pxzOAzsoCn\ndgk9vxwhI979vPSsTMJADDi23zbqpcOEXYgReT+VydFoUYgIJrqScdUwFiVcjiKd\nruf4ShK0I1cI3ZyD7ERTVea0Uaz1UU/mqSe2c2AvjddFB5sfKxKJZQzlo3/vAAAA\ngQDa/Johe2GHVnTzg8ne3DoVrhoLjwHk/8D8Ny2SxzN8KJPHR/vFLltoNCLIrm9O\nUuj3pg0AoFc50R5xCG1jCte6ozqHb93/jHPZqVnxOLNjc0QBD1B4OP1gDCLgE29P\nIuuMjW/tpLMheN81zGQGbNACMY4HntJW4hA93UinUA5K2QAAAIEAyilzl1fPVVQY\nHy+1Fd9wGDkhpB9sTNgw3z1kLDB/9SkMo6DRfI+Xj3jNqF7oeEyH4or4XgRFMzSe\nJmMd5GQT2lttlLP4SDK/LSO1Iw3QE4Ac1Jx+cGJyo5XXvA8TUu0OSucOes/xPJA/\ns9sTVCIWjRl42Lt0vFEDo8Svz7+0MikAAAAAAQID\n-----END OPENSSH PRIVATE KEY-----\n",
            "private_key_pem": "-----BEGIN RSA PRIVATE KEY-----\nMIIEowIBAAKCAQEArO7G9AoQ3zVMJoEtiNZhkxD65jsx7DdO0Isa0o5kc8bV1wWg\nCEWgDlfd5lHSCTmv6hiqPfJlaQkGSeUDsSw2tAfMhfdU51tk2ntfvKE+q2nEq6It\nvhC9XeZZiS0Hc6lKjFcOBFUsG41eqDR9ql1L8xiwwYSYsk847hBdgV2E/JsU5PsQ\nYdoBLfduHbGktiEpCdt7Ss8Fp0mp5lci70GhQNxKDPLjzReY7XQ9gKC/dMjSQsAW\nWLu2jqU6dKQTWXayfSXJlHhzTeeDyB3ZlfkJLKy05v5peytFomQBSY0QbHXPRdAs\nvNYk6/Ziklph9yu7JX3wlu2FBqME3SDKJHxewQIDAQABAoIBAGl7cCGVLjtoQB3Q\nd5za30OcfN4IR2hFSC7OWrsKHd2879yrUrUY+wskr3Z4e/wiktng157XhuHtnkde\niMT+KhPgGfGxLrm8NqVJ0di2JgrahhsG3o3rmgZ3pi+VJtF29sDprOQZq8DWl2FU\nOz66j8QlUFOJ9LX2uswDcXWiPKbzVIUKMnkTVPFP45jAeDT3dDHndIPbT/dOIN+m\nvlZXBYgQZgifZ92Cw1Udz4yWeylu8iKmWL1mxCzdcezvkhprZr8sG6nzUUxHbWCZ\n3uKb3WhTjkOEs0BE8Xpcz1Vj+HMzLrMgA/DhY+Yj9l6XwoHoh1pHe8Dy6cVYru27\nqAmhZEECgYEA2vyaIXthh1Z084PJ3tw6Fa4aC48B5P/A/DctksczfCiTx0f7xS5b\naDQiyK5vTlLo96YNAKBXOdEecQhtYwrXuqM6h2/d/4xz2alZ8TizY3NEAQ9QeDj9\nYAwi4BNvTyLrjI1v7aSzIXjfNcxkBmzQAjGOB57SVuIQPd1Ip1AOStkCgYEAyilz\nl1fPVVQYHy+1Fd9wGDkhpB9sTNgw3z1kLDB/9SkMo6DRfI+Xj3jNqF7oeEyH4or4\nXgRFMzSeJmMd5GQT2lttlLP4SDK/LSO1Iw3QE4Ac1Jx+cGJyo5XXvA8TUu0OSucO\nes/xPJA/s9sTVCIWjRl42Lt0vFEDo8Svz7+0MikCgYEA1+A4mVUl+eLS+9QpR1dW\ns1SkPEzIE1XEi15hwNY6/OSLeeKOYf2nAnyS5b5/33iATNIW800db9Ok7Mzf+MkR\njd2nrygqcuektSfrkI7S2PEiUuEj9MBJl0uffcHq8tp71lz/wAeixxZ/BGvvFx5h\nmCf92alJtXi5hiMEolubG1ECgYBmn/ZK7MuWoHMCWeCOcvffhBkczMrYk6LzoKGa\ngSBj3uvIoNnXZrlknsmf4FYYw5jzmuKML5TFcr+Z8xT4nQkq/uC47Udrtz8vdgH9\nAoUPcSixkaPp/z/85RM4J1sC7M4lnffOxoLK4NtFvT+ppQhXpoefVkHjWykC2NT7\nHHEoSQKBgFxScH7zmqMTnTtX8JF7J53w7ezXE59hhQM2Z+pxzOAzsoCndgk9vxwh\nI979vPSsTMJADDi23zbqpcOEXYgReT+VydFoUYgIJrqScdUwFiVcjiKdruf4ShK0\nI1cI3ZyD7ERTVea0Uaz1UU/mqSe2c2AvjddFB5sfKxKJZQzlo3/v\n-----END RSA PRIVATE KEY-----\n",
            "private_key_pem_pkcs8": "-----BEGIN PRIVATE KEY-----\nMIIEvQIBADANBgkqhkiG9w0BAQEFAASCBKcwggSjAgEAAoIBAQCs7sb0ChDfNUwm\ngS2I1mGTEPrmOzHsN07QixrSjmRzxtXXBaAIRaAOV93mUdIJOa/qGKo98mVpCQZJ\n5QOxLDa0B8yF91TnW2Tae1+8oT6racSroi2+EL1d5lmJLQdzqUqMVw4EVSwbjV6o\nNH2qXUvzGLDBhJiyTzjuEF2BXYT8mxTk+xBh2gEt924dsaS2ISkJ23tKzwWnSanm\nVyLvQaFA3EoM8uPNF5jtdD2AoL90yNJCwBZYu7aOpTp0pBNZdrJ9JcmUeHNN54PI\nHdmV+QksrLTm/ml7K0WiZAFJjRBsdc9F0Cy81iTr9mKSWmH3K7slffCW7YUGowTd\nIMokfF7BAgMBAAECggEAaXtwIZUuO2hAHdB3nNrfQ5x83ghHaEVILs5auwod3bzv\n3KtStRj7CySvdnh7/CKS2eDXnteG4e2eR16IxP4qE+AZ8bEuubw2pUnR2LYmCtqG\nGwbejeuaBnemL5Um0Xb2wOms5BmrwNaXYVQ7PrqPxCVQU4n0tfa6zANxdaI8pvNU\nhQoyeRNU8U/jmMB4NPd0Med0g9tP904g36a+VlcFiBBmCJ9n3YLDVR3PjJZ7KW7y\nIqZYvWbELN1x7O+SGmtmvywbqfNRTEdtYJne4pvdaFOOQ4SzQETxelzPVWP4czMu\nsyAD8OFj5iP2XpfCgeiHWkd7wPLpxViu7buoCaFkQQKBgQDa/Johe2GHVnTzg8ne\n3DoVrhoLjwHk/8D8Ny2SxzN8KJPHR/vFLltoNCLIrm9OUuj3pg0AoFc50R5xCG1j\nCte6ozqHb93/jHPZqVnxOLNjc0QBD1B4OP1gDCLgE29PIuuMjW/tpLMheN81zGQG\nbNACMY4HntJW4hA93UinUA5K2QKBgQDKKXOXV89VVBgfL7UV33AYOSGkH2xM2DDf\nPWQsMH/1KQyjoNF8j5ePeM2oXuh4TIfiivheBEUzNJ4mYx3kZBPaW22Us/hIMr8t\nI7UjDdATgBzUnH5wYnKjlde8DxNS7Q5K5w56z/E8kD+z2xNUIhaNGXjYu3S8UQOj\nxK/Pv7QyKQKBgQDX4DiZVSX54tL71ClHV1azVKQ8TMgTVcSLXmHA1jr85It54o5h\n/acCfJLlvn/feIBM0hbzTR1v06TszN/4yRGN3aevKCpy56S1J+uQjtLY8SJS4SP0\nwEmXS599wery2nvWXP/AB6LHFn8Ea+8XHmGYJ/3ZqUm1eLmGIwSiW5sbUQKBgGaf\n9krsy5agcwJZ4I5y99+EGRzMytiTovOgoZqBIGPe68ig2ddmuWSeyZ/gVhjDmPOa\n4owvlMVyv5nzFPidCSr+4LjtR2u3Py92Af0ChQ9xKLGRo+n/P/zlEzgnWwLsziWd\n987Ggsrg20W9P6mlCFemh59WQeNbKQLY1PsccShJAoGAXFJwfvOaoxOdO1fwkXsn\nnfDt7NcTn2GFAzZn6nHM4DOygKd2CT2/HCEj3v289KxMwkAMOLbfNuqlw4RdiBF5\nP5XJ0WhRiAgmupJx1TAWJVyOIp2u5/hKErQjVwjdnIPsRFNV5rRRrPVRT+apJ7Zz\nYC+N10UHmx8rEollDOWjf+8=\n-----END PRIVATE KEY-----\n",
            "public_key_fingerprint_md5": "4e:ff:ea:e8:a3:a6:8a:5f:ac:7b:d5:01:05:56:e2:d8",
            "public_key_fingerprint_sha256": "SHA256:EW9VUtiNmGMcwITgf/qvoaFkQp4CrFHrhf3wUC8NPOQ",
            "public_key_openssh": "ssh-rsa AAAAB3NzaC1yc2EAAAADAQABAAABAQCs7sb0ChDfNUwmgS2I1mGTEPrmOzHsN07QixrSjmRzxtXXBaAIRaAOV93mUdIJOa/qGKo98mVpCQZJ5QOxLDa0B8yF91TnW2Tae1+8oT6racSroi2+EL1d5lmJLQdzqUqMVw4EVSwbjV6oNH2qXUvzGLDBhJiyTzjuEF2BXYT8mxTk+xBh2gEt924dsaS2ISkJ23tKzwWnSanmVyLvQaFA3EoM8uPNF5jtdD2AoL90yNJCwBZYu7aOpTp0pBNZdrJ9JcmUeHNN54PIHdmV+QksrLTm/ml7K0WiZAFJjRBsdc9F0Cy81iTr9mKSWmH3K7slffCW7YUGowTdIMokfF7B\n",
            "public_key_pem": "-----BEGIN PUBLIC KEY-----\nMIIBIjANBgkqhkiG9w0BAQEFAAOCAQ8AMIIBCgKCAQEArO7G9AoQ3zVMJoEtiNZh\nkxD65jsx7DdO0Isa0o5kc8bV1wWgCEWgDlfd5lHSCTmv6hiqPfJlaQkGSeUDsSw2\ntAfMhfdU51tk2ntfvKE+q2nEq6ItvhC9XeZZiS0Hc6lKjFcOBFUsG41eqDR9ql1L\n8xiwwYSYsk847hBdgV2E/JsU5PsQYdoBLfduHbGktiEpCdt7Ss8Fp0mp5lci70Gh\nQNxKDPLjzReY7XQ9gKC/dMjSQsAWWLu2jqU6dKQTWXayfSXJlHhzTeeDyB3ZlfkJ\nLKy05v5peytFomQBSY0QbHXPRdAsvNYk6/Ziklph9yu7JX3wlu2FBqME3SDKJHxe\nwQIDAQAB\n-----END PUBLIC KEY-----\n",
            "rsa_bits": 2048
          },
          "sensitive_attributes": [
            [
              {
                "type": "get_attr",
                "value": "private_key_openssh"
              }
            ],
            [
              {
                "type": "get_attr",
                "value": "private_key_pem_pkcs8"
              }
            ],
            [
              {
                "type": "get_attr",
                "value": "private_key_pem"
              }
            ]
          ],
          "create_before_destroy": true
        }
      ]
    },
    {
      "mode": "managed",
      "type": "tls_private_key",
      "name": "tokyo",
      "provider": "provider[\"registry.terraform.io/hashicorp/tls\"]",
      "instances": [
        {
          "schema_version": 1,
          "attributes": {
            "algorithm": "RSA",
            "ecdsa_curve": "P224",
            "id": "6035231908e75fb6c520d7e6e4c379b7fc5f5b57",
            "private_key_openssh": "-----BEGIN OPENSSH PRIVATE KEY-----\nb3BlbnNzaC1rZXktdjEAAAAABG5vbmUAAAAEbm9uZQAAAAAAAAABAAABFwAAAAdz\nc2gtcnNhAAAAAwEAAQAAAQEA8TbulBJyVFXawJJQY7Kion5Obj8OiL2fzhg1EDck\noedw37uYldcLxiUevn+8JvywNuSQYUqYn4K30J+XmRVVHkLo8fI0DOnzZcKWjnI6\nhemvWoupZpXKO3TY86IP/XMvRJ5uqykzV17nxDYkFxnlL+A/S//EGMb6CVw9AHhI\naMSlg5Hn7Yp/NW083rKsOoPleiIsjTpe1Zn3ASk3xPfxn7VE8RTvkY1Hkp6oFXG/\naIWyB+WBGiJ/b5LEiJfBtWLy9SY4yBrcJCEQ+/2lB1JdlX4u18TtpZufsT4cOeh1\n5s7fJAXSvPIH0boGAYde17oCOsqRU0U7MqQiR9NG0d7/twAAA7jLH9fLyx/XywAA\nAAdzc2gtcnNhAAABAQDxNu6UEnJUVdrAklBjsqKifk5uPw6IvZ/OGDUQNySh53Df\nu5iV1wvGJR6+f7wm/LA25JBhSpifgrfQn5eZFVUeQujx8jQM6fNlwpaOcjqF6a9a\ni6lmlco7dNjzog/9cy9Enm6rKTNXXufENiQXGeUv4D9L/8QYxvoJXD0AeEhoxKWD\nkeftin81bTzesqw6g+V6IiyNOl7VmfcBKTfE9/GftUTxFO+RjUeSnqgVcb9ohbIH\n5YEaIn9vksSIl8G1YvL1JjjIGtwkIRD7/aUHUl2Vfi7XxO2lm5+xPhw56HXmzt8k\nBdK88gfRugYBh17XugI6ypFTRTsypCJH00bR3v+3AAAAAwEAAQAAAQEA3GiBYDPq\n3D0HAeewJSlZink3WW2s7i23FC7ybbq1cmt0rDtSlbhGPew1R4SYfFdw/PelJgFv\nrHFZXPw3Hd5sRJaHHG1gOlyb12QTBl5CM5LwdCAhzmcYv3NpulVfnwvdKSpLnYKs\nMy25QYTnPWSgEzspG1y95pYKavspkoBWScN/7ijQ6aYKnpUZo8uMkE2WKFTTn3Rc\nhJ3nuANazucbsQ8p1zCNgy/dLdQt6wV+NQv6cj2uv8Ni40dBA/7+poDupa6xbDpj\nzSKBNkv5yUvbrwSXkaY2IpBEps8NbztUqY1/5+Ok+SQ0Gej5Ny9WSe4ZDmgHiguu\n5Y0mL2eq8rP2AQAAAIEAtL4CGpcHHBocTspt6o2loXLmBiSKEoNjNgjtoi9LAJsK\ncI/SyFSutiI7HSk7QPseYReH3UPBgXD5L1ZmY4nT+2Pk+HOiOymQH/ZwlqsDzT87\neg+AJOiZM/AzHzem+tKVQaJ+FUhm9XaUk2TcGGnLFXbKRmPMylOKr8BwwYaCSaIA\nAACBAP3IMW5fb2IBPLDI2dwdmydOswZmQZhGxgsG0OqEUHu64PXPjNkG6OeWSy2h\n+WqdlaceB7hLIKXA3AIYw6dwLrHQXkHwQ0pDoPv6TI6KA4/vpoPKwPgzg0JneZre\nTbUm718IlJmdMaTcUvVFcS5pmOARh06Ova8onOOQnCBy+wJ3AAAAgQDzUp7o7qNq\nM4YhYRSksoXGthmmjYk3lTrX9okgY+w1Gi90kb8yjVIkCzsyorgXQc49F3zkpAso\niPc1BnohMHbEeboQ5AAy2xZCSIOESAj/f5J0WzjVARKjrLDW7qRLhvBWYL/YEAgm\nF3Xtw91cSRtbqlgLtv1k8aTWUcn+BbP8wQAAAAAB\n-----END OPENSSH PRIVATE KEY-----\n",
            "private_key_pem": "-----BEGIN RSA PRIVATE KEY-----\nMIIEpQIBAAKCAQEA8TbulBJyVFXawJJQY7Kion5Obj8OiL2fzhg1EDckoedw37uY\nldcLxiUevn+8JvywNuSQYUqYn4K30J+XmRVVHkLo8fI0DOnzZcKWjnI6hemvWoup\nZpXKO3TY86IP/XMvRJ5uqykzV17nxDYkFxnlL+A/S//EGMb6CVw9AHhIaMSlg5Hn\n7Yp/NW083rKsOoPleiIsjTpe1Zn3ASk3xPfxn7VE8RTvkY1Hkp6oFXG/aIWyB+WB\nGiJ/b5LEiJfBtWLy9SY4yBrcJCEQ+/2lB1JdlX4u18TtpZufsT4cOeh15s7fJAXS\nvPIH0boGAYde17oCOsqRU0U7MqQiR9NG0d7/twIDAQABAoIBAQDcaIFgM+rcPQcB\n57AlKVmKeTdZbazuLbcULvJturVya3SsO1KVuEY97DVHhJh8V3D896UmAW+scVlc\n/Dcd3mxEloccbWA6XJvXZBMGXkIzkvB0ICHOZxi/c2m6VV+fC90pKkudgqwzLblB\nhOc9ZKATOykbXL3mlgpq+ymSgFZJw3/uKNDppgqelRmjy4yQTZYoVNOfdFyEnee4\nA1rO5xuxDynXMI2DL90t1C3rBX41C/pyPa6/w2LjR0ED/v6mgO6lrrFsOmPNIoE2\nS/nJS9uvBJeRpjYikESmzw1vO1SpjX/n46T5JDQZ6Pk3L1ZJ7hkOaAeKC67ljSYv\nZ6rys/YBAoGBAP3IMW5fb2IBPLDI2dwdmydOswZmQZhGxgsG0OqEUHu64PXPjNkG\n6OeWSy2h+WqdlaceB7hLIKXA3AIYw6dwLrHQXkHwQ0pDoPv6TI6KA4/vpoPKwPgz\ng0JneZreTbUm718IlJmdMaTcUvVFcS5pmOARh06Ova8onOOQnCBy+wJ3AoGBAPNS\nnujuo2ozhiFhFKSyhca2GaaNiTeVOtf2iSBj7DUaL3SRvzKNUiQLOzKiuBdBzj0X\nfOSkCyiI9zUGeiEwdsR5uhDkADLbFkJIg4RICP9/knRbONUBEqOssNbupEuG8FZg\nv9gQCCYXde3D3VxJG1uqWAu2/WTxpNZRyf4Fs/zBAoGAUC1MOKOcC+l6JBwAgEM2\nPm/lrXLm7FYHwXoQzNaqmryKz/4XcIV3VZss+yi+JMnOevLI25eYo+VPXLY4MhEG\nH5VGAi0HBVJibNlCEJJX18SN5ftLhd64bGVGjQAIqt+3Jl4OnI2GHqCg8O5UeKZR\n7xB6n/4GvWzmTBrmyHWrCbcCgYEAs4XUyuUu2m9TWhNHaNByVQ8L089/WuwWczpp\nJ+WxY+iC9M2HtKOB5CgJMC3QBxC9OmO2+PZzaR/MzGmP+CbKqeFpv4aJAvyT6qmX\npySCxwd3pbOcNcPJ3crO2nVN8I+JiSFuydniOUB7+MXW73zc23/N4C7NvAlxZdMI\nZgwNJMECgYEAtL4CGpcHHBocTspt6o2loXLmBiSKEoNjNgjtoi9LAJsKcI/SyFSu\ntiI7HSk7QPseYReH3UPBgXD5L1ZmY4nT+2Pk+HOiOymQH/ZwlqsDzT87eg+AJOiZ\nM/AzHzem+tKVQaJ+FUhm9XaUk2TcGGnLFXbKRmPMylOKr8BwwYaCSaI=\n-----END RSA PRIVATE KEY-----\n",
            "private_key_pem_pkcs8": "-----BEGIN PRIVATE KEY-----\nMIIEvwIBADANBgkqhkiG9w0BAQEFAASCBKkwggSlAgEAAoIBAQDxNu6UEnJUVdrA\nklBjsqKifk5uPw6IvZ/OGDUQNySh53Dfu5iV1wvGJR6+f7wm/LA25JBhSpifgrfQ\nn5eZFVUeQujx8jQM6fNlwpaOcjqF6a9ai6lmlco7dNjzog/9cy9Enm6rKTNXXufE\nNiQXGeUv4D9L/8QYxvoJXD0AeEhoxKWDkeftin81bTzesqw6g+V6IiyNOl7VmfcB\nKTfE9/GftUTxFO+RjUeSnqgVcb9ohbIH5YEaIn9vksSIl8G1YvL1JjjIGtwkIRD7\n/aUHUl2Vfi7XxO2lm5+xPhw56HXmzt8kBdK88gfRugYBh17XugI6ypFTRTsypCJH\n00bR3v+3AgMBAAECggEBANxogWAz6tw9BwHnsCUpWYp5N1ltrO4ttxQu8m26tXJr\ndKw7UpW4Rj3sNUeEmHxXcPz3pSYBb6xxWVz8Nx3ebESWhxxtYDpcm9dkEwZeQjOS\n8HQgIc5nGL9zabpVX58L3SkqS52CrDMtuUGE5z1koBM7KRtcveaWCmr7KZKAVknD\nf+4o0OmmCp6VGaPLjJBNlihU0590XISd57gDWs7nG7EPKdcwjYMv3S3ULesFfjUL\n+nI9rr/DYuNHQQP+/qaA7qWusWw6Y80igTZL+clL268El5GmNiKQRKbPDW87VKmN\nf+fjpPkkNBno+TcvVknuGQ5oB4oLruWNJi9nqvKz9gECgYEA/cgxbl9vYgE8sMjZ\n3B2bJ06zBmZBmEbGCwbQ6oRQe7rg9c+M2Qbo55ZLLaH5ap2Vpx4HuEsgpcDcAhjD\np3AusdBeQfBDSkOg+/pMjooDj++mg8rA+DODQmd5mt5NtSbvXwiUmZ0xpNxS9UVx\nLmmY4BGHTo69ryic45CcIHL7AncCgYEA81Ke6O6jajOGIWEUpLKFxrYZpo2JN5U6\n1/aJIGPsNRovdJG/Mo1SJAs7MqK4F0HOPRd85KQLKIj3NQZ6ITB2xHm6EOQAMtsW\nQkiDhEgI/3+SdFs41QESo6yw1u6kS4bwVmC/2BAIJhd17cPdXEkbW6pYC7b9ZPGk\n1lHJ/gWz/MECgYBQLUw4o5wL6XokHACAQzY+b+WtcubsVgfBehDM1qqavIrP/hdw\nhXdVmyz7KL4kyc568sjbl5ij5U9ctjgyEQYflUYCLQcFUmJs2UIQklfXxI3l+0uF\n3rhsZUaNAAiq37cmXg6cjYYeoKDw7lR4plHvEHqf/ga9bOZMGubIdasJtwKBgQCz\nhdTK5S7ab1NaE0do0HJVDwvTz39a7BZzOmkn5bFj6IL0zYe0o4HkKAkwLdAHEL06\nY7b49nNpH8zMaY/4Jsqp4Wm/hokC/JPqqZenJILHB3els5w1w8ndys7adU3wj4mJ\nIW7J2eI5QHv4xdbvfNzbf83gLs28CXFl0whmDA0kwQKBgQC0vgIalwccGhxOym3q\njaWhcuYGJIoSg2M2CO2iL0sAmwpwj9LIVK62IjsdKTtA+x5hF4fdQ8GBcPkvVmZj\nidP7Y+T4c6I7KZAf9nCWqwPNPzt6D4Ak6Jkz8DMfN6b60pVBon4VSGb1dpSTZNwY\nacsVdspGY8zKU4qvwHDBhoJJog==\n-----END PRIVATE KEY-----\n",
            "public_key_fingerprint_md5": "6a:67:b7:ae:20:6a:04:f2:cb:f2:a3:e8:58:22:ce:99",
            "public_key_fingerprint_sha256": "SHA256:olSHVZoq1iKzJpGNnTlT+BwqtXYmC/mhs0viVK5iW44",
            "public_key_openssh": "ssh-rsa AAAAB3NzaC1yc2EAAAADAQABAAABAQDxNu6UEnJUVdrAklBjsqKifk5uPw6IvZ/OGDUQNySh53Dfu5iV1wvGJR6+f7wm/LA25JBhSpifgrfQn5eZFVUeQujx8jQM6fNlwpaOcjqF6a9ai6lmlco7dNjzog/9cy9Enm6rKTNXXufENiQXGeUv4D9L/8QYxvoJXD0AeEhoxKWDkeftin81bTzesqw6g+V6IiyNOl7VmfcBKTfE9/GftUTxFO+RjUeSnqgVcb9ohbIH5YEaIn9vksSIl8G1YvL1JjjIGtwkIRD7/aUHUl2Vfi7XxO2lm5+xPhw56HXmzt8kBdK88gfRugYBh17XugI6ypFTRTsypCJH00bR3v+3\n",
            "public_key_pem": "-----BEGIN PUBLIC KEY-----\nMIIBIjANBgkqhkiG9w0BAQEFAAOCAQ8AMIIBCgKCAQEA8TbulBJyVFXawJJQY7Ki\non5Obj8OiL2fzhg1EDckoedw37uYldcLxiUevn+8JvywNuSQYUqYn4K30J+XmRVV\nHkLo8fI0DOnzZcKWjnI6hemvWoupZpXKO3TY86IP/XMvRJ5uqykzV17nxDYkFxnl\nL+A/S//EGMb6CVw9AHhIaMSlg5Hn7Yp/NW083rKsOoPleiIsjTpe1Zn3ASk3xPfx\nn7VE8RTvkY1Hkp6oFXG/aIWyB+WBGiJ/b5LEiJfBtWLy9SY4yBrcJCEQ+/2lB1Jd\nlX4u18TtpZufsT4cOeh15s7fJAXSvPIH0boGAYde17oCOsqRU0U7MqQiR9NG0d7/\ntwIDAQAB\n-----END PUBLIC KEY-----\n",
            "rsa_bits": 2048
          },
          "sensitive_attributes": [
            [
              {
                "type": "get_attr",
                "value": "private_key_pem_pkcs8"
              }
            ],
            [
              {
                "type": "get_attr",
                "value": "private_key_pem"
              }
            ],
            [
              {
                "type": "get_attr",
                "value": "private_key_openssh"
              }
            ]
          ],
          "create_before_destroy": true
        }
      ]
    }
  ],
  "check_results": null
}
