{
  "version": 4,
  "terraform_version": "1.9.8",
  "serial": 2622,
  "lineage": "93c4d01a-4d63-be6f-581c-abe39d02d689",
  "outputs": {},
  "resources": [
    {
      "mode": "managed",
      "type": "aws_autoscaling_group",
      "name": "hong-kong",
      "provider": "provider[\"registry.terraform.io/hashicorp/aws\"].Hong-Kong",
      "instances": [
        {
          "schema_version": 0,
          "attributes": {
            "arn": "arn:aws:autoscaling:ap-east-1:727646505590:autoScalingGroup:24fd0054-f587-482a-b3f5-d842820f3c0e:autoScalingGroupName/hong-kong20250118212625107300000003",
            "availability_zones": [
              "ap-east-1a",
              "ap-east-1b"
            ],
            "capacity_rebalance": false,
            "default_cooldown": 300,
            "desired_capacity": 3,
            "enabled_metrics": [
              "GroupDesiredCapacity",
              "GroupInServiceInstances",
              "GroupMaxSize",
              "GroupMinSize",
              "GroupTotalInstances"
            ],
            "force_delete": true,
            "force_delete_warm_pool": false,
            "health_check_grace_period": 300,
            "health_check_type": "ELB",
            "id": "hong-kong20250118212625107300000003",
            "initial_lifecycle_hook": [
              {
                "default_result": "CONTINUE",
                "heartbeat_timeout": 300,
                "lifecycle_transition": "autoscaling:EC2_INSTANCE_TERMINATING",
                "name": "scale-in-protection",
                "notification_metadata": "",
                "notification_target_arn": "",
                "role_arn": ""
              },
              {
                "default_result": "CONTINUE",
                "heartbeat_timeout": 60,
                "lifecycle_transition": "autoscaling:EC2_INSTANCE_LAUNCHING",
                "name": "instance-protection-launch",
                "notification_metadata": "{\"foo\":\"bar\"}",
                "notification_target_arn": "",
                "role_arn": ""
              }
            ],
            "instance_refresh": [],
            "launch_configuration": "",
            "launch_template": [
              {
                "id": "lt-0d8175b76100c1efc",
                "name": "launch_hong-kong",
                "version": "$Latest"
              }
            ],
            "load_balancers": [],
            "max_instance_lifetime": 0,
            "max_size": 6,
            "metrics_granularity": "1Minute",
            "min_elb_capacity": null,
            "min_size": 3,
            "mixed_instances_policy": [],
            "name": "hong-kong20250118212625107300000003",
            "name_prefix": "hong-kong",
            "placement_group": "",
            "protect_from_scale_in": false,
            "service_linked_role_arn": "arn:aws:iam::727646505590:role/aws-service-role/autoscaling.amazonaws.com/AWSServiceRoleForAutoScaling",
            "suspended_processes": [],
            "tag": [],
            "tags": null,
            "target_group_arns": [
              "arn:aws:elasticloadbalancing:ap-east-1:727646505590:targetgroup/Hong-Kong-TG-80/9fd46ca5304c88c4"
            ],
            "termination_policies": [],
            "timeouts": null,
            "vpc_zone_identifier": [
              "subnet-079152f2b7c773fb7",
              "subnet-0fd6045c44d74544c"
            ],
            "wait_for_capacity_timeout": "10m",
            "wait_for_elb_capacity": null,
            "warm_pool": []
          },
          "sensitive_attributes": [],
          "private": "eyJlMmJmYjczMC1lY2FhLTExZTYtOGY4OC0zNDM2M2JjN2M0YzAiOnsiZGVsZXRlIjo2MDAwMDAwMDAwMDB9fQ==",
          "dependencies": [
            "aws_key_pair.hong-kong",
            "aws_launch_template.launch_hong-kong",
            "aws_lb_target_group.Hong-Kong-TG-80",
            "aws_security_group.hong-kong-sg",
            "aws_subnet.private-ap-east-1a",
            "aws_subnet.private-ap-east-1b",
            "aws_vpc.hong-kong-vpc",
            "tls_private_key.hong-kong"
          ]
        }
      ]
    },
    {
      "mode": "managed",
      "type": "aws_ec2_transit_gateway",
      "name": "Australia_TGW",
      "provider": "provider[\"registry.terraform.io/hashicorp/aws\"].Australia",
      "instances": [
        {
          "schema_version": 0,
          "attributes": {
            "amazon_side_asn": 64512,
            "arn": "arn:aws:ec2:ap-southeast-2:727646505590:transit-gateway/tgw-036c913473859d4af",
            "association_default_route_table_id": "tgw-rtb-0d5ab51c9a6290e5a",
            "auto_accept_shared_attachments": "enable",
            "default_route_table_association": "enable",
            "default_route_table_propagation": "enable",
            "description": "TGW for Australia",
            "dns_support": "enable",
            "id": "tgw-036c913473859d4af",
            "owner_id": "727646505590",
            "propagation_default_route_table_id": "tgw-rtb-0d5ab51c9a6290e5a",
            "tags": {},
            "tags_all": {},
            "vpn_ecmp_support": "enable"
          },
          "sensitive_attributes": [],
          "private": "bnVsbA=="
        }
      ]
    },
    {
      "mode": "managed",
      "type": "aws_key_pair",
      "name": "hong-kong",
      "provider": "provider[\"registry.terraform.io/hashicorp/aws\"].Hong-Kong",
      "instances": [
        {
          "schema_version": 1,
          "attributes": {
            "arn": "arn:aws:ec2:ap-east-1:727646505590:key-pair/terraform-20250118211629824700000001",
            "fingerprint": "f8:ac:75:bf:10:8b:96:b7:a1:43:23:80:00:13:ec:ef",
            "id": "terraform-20250118211629824700000001",
            "key_name": "terraform-20250118211629824700000001",
            "key_name_prefix": "terraform-",
            "key_pair_id": "key-072feec4e29891150",
            "public_key": "ssh-rsa AAAAB3NzaC1yc2EAAAADAQABAAABAQDP4/xUhnI+yhXq3SgVqmbQYzAefZgEpVmmEB9Io+kYmrMOYCpk8JackMygkPDYeGT8pgap18ijD8QmtLQQDZVj4T8ZWAInL5VZNtfzssmHz7qhkSlKRiNqn9a3PWAVm5EHFlasiUc2ixyuhl7h/zXp5QpuJMmbgfJMYDXw5lp5x/TDWP6TnNs4/7ehG/BdG/cvRlucheb7aOr8QmEdz71x7s2ZdmoVENGN+1RVV9ya7kWMZDiAlOcIqTBA1C33knMrh9u/CPnxlGNvzgRxFbivcS9OcfGi6lUiKyjhX6hCFt1PZ+uwm/Ciaw2UAjAUQYIX+xgVI5E9Y9qCaiy9WHX3",
            "tags": {},
            "tags_all": {}
          },
          "sensitive_attributes": [],
          "private": "eyJzY2hlbWFfdmVyc2lvbiI6IjEifQ==",
          "dependencies": [
            "tls_private_key.hong-kong"
          ],
          "create_before_destroy": true
        }
      ]
    },
    {
      "mode": "managed",
      "type": "aws_launch_template",
      "name": "launch_hong-kong",
      "provider": "provider[\"registry.terraform.io/hashicorp/aws\"].Hong-Kong",
      "instances": [
        {
          "schema_version": 0,
          "attributes": {
            "arn": "arn:aws:ec2:ap-east-1:727646505590:launch-template/lt-0d8175b76100c1efc",
            "block_device_mappings": [],
            "capacity_reservation_specification": [],
            "cpu_options": [],
            "credit_specification": [],
            "default_version": 1,
            "description": "",
            "disable_api_termination": false,
            "ebs_optimized": "",
            "elastic_gpu_specifications": [],
            "elastic_inference_accelerator": [],
            "enclave_options": [],
            "hibernation_options": [],
            "iam_instance_profile": [],
            "id": "lt-0d8175b76100c1efc",
            "image_id": "ami-06f707739f2271995",
            "instance_initiated_shutdown_behavior": "",
            "instance_market_options": [],
            "instance_type": "t3.micro",
            "kernel_id": "",
            "key_name": "terraform-20250118211629824700000001",
            "latest_version": 1,
            "license_specification": [],
            "metadata_options": [],
            "monitoring": [],
            "name": "launch_hong-kong",
            "name_prefix": "",
            "network_interfaces": [],
            "placement": [],
            "ram_disk_id": "",
            "security_group_names": [],
            "tag_specifications": [],
            "tags": {},
            "tags_all": {},
            "update_default_version": null,
            "user_data": "IyEvYmluL2Jhc2gKeXVtIHVwZGF0ZSAteQp5dW0gaW5zdGFsbCAteSBodHRwZApzeXN0ZW1jdGwgc3RhcnQgaHR0cGQKc3lzdGVtY3RsIGVuYWJsZSBodHRwZAoKIyBHZXQgdGhlIElNRFN2MiB0b2tlbgpUT0tFTj0kKGN1cmwgLVggUFVUICJodHRwOi8vMTY5LjI1NC4xNjkuMjU0L2xhdGVzdC9hcGkvdG9rZW4iIC1IICJYLWF3cy1lYzItbWV0YWRhdGEtdG9rZW4tdHRsLXNlY29uZHM6IDIxNjAwIikKCiMgQmFja2dyb3VuZCB0aGUgY3VybCByZXF1ZXN0cwpjdXJsIC1IICJYLWF3cy1lYzItbWV0YWRhdGEtdG9rZW46ICRUT0tFTiIgLXMgaHR0cDovLzE2OS4yNTQuMTY5LjI1NC9sYXRlc3QvbWV0YS1kYXRhL2xvY2FsLWlwdjQgJj4gL3RtcC9sb2NhbF9pcHY0ICYKY3VybCAtSCAiWC1hd3MtZWMyLW1ldGFkYXRhLXRva2VuOiAkVE9LRU4iIC1zIGh0dHA6Ly8xNjkuMjU0LjE2OS4yNTQvbGF0ZXN0L21ldGEtZGF0YS9wbGFjZW1lbnQvYXZhaWxhYmlsaXR5LXpvbmUgJj4gL3RtcC9heiAmCmN1cmwgLUggIlgtYXdzLWVjMi1tZXRhZGF0YS10b2tlbjogJFRPS0VOIiAtcyBodHRwOi8vMTY5LjI1NC4xNjkuMjU0L2xhdGVzdC9tZXRhLWRhdGEvbmV0d29yay9pbnRlcmZhY2VzL21hY3MvICY+IC90bXAvbWFjaWQgJgp3YWl0CgptYWNpZD0kKGNhdCAvdG1wL21hY2lkKQpsb2NhbF9pcHY0PSQoY2F0IC90bXAvbG9jYWxfaXB2NCkKYXo9JChjYXQgL3RtcC9heikKdnBjPSQoY3VybCAtSCAiWC1hd3MtZWMyLW1ldGFkYXRhLXRva2VuOiAkVE9LRU4iIC1zIGh0dHA6Ly8xNjkuMjU0LjE2OS4yNTQvbGF0ZXN0L21ldGEtZGF0YS9uZXR3b3JrL2ludGVyZmFjZXMvbWFjcy8kbWFjaWQvdnBjLWlkKQoKIyBDcmVhdGUgSFRNTCBmaWxlCmNhdCA8PC1IVE1MID4gL3Zhci93d3cvaHRtbC9pbmRleC5odG1sCjwhZG9jdHlwZSBodG1sPgo8aHRtbCBsYW5nPSJlbiIgY2xhc3M9ImgtMTAwIj4KPGhlYWQ+Cjx0aXRsZT5EZXRhaWxzIEhvbmcgS29uZyBFQzIgaW5zdGFuY2VzPC90aXRsZT4KPC9oZWFkPgo8Ym9keT4KPGRpdj4KPGgxPk1hbGd1cyBDbGFuPC9oMT4KPGgxPkNoYWlucyBCcm9rZW4gaW4gSG9uZyBLb25nPC9oMT4KPHA+PGI+SW5zdGFuY2UgTmFtZTo8L2I+ICQoaG9zdG5hbWUgLWYpIDwvcD4KPHA+PGI+SW5zdGFuY2UgUHJpdmF0ZSBJcCBBZGRyZXNzOiA8L2I+ICRsb2NhbF9pcHY0PC9wPgo8cD48Yj5BdmFpbGFiaWxpdHkgWm9uZTogPC9iPiAkYXo8L3A+CjxwPjxiPlZpcnR1YWwgUHJpdmF0ZSBDbG91ZCAoVlBDKTo8L2I+ICR2cGM8L3A+CjwvZGl2Pgo8L2JvZHk+CjwvaHRtbD4KSFRNTAoKIyBDbGVhbiB1cCB0aGUgdGVtcCBmaWxlcwpybSAtZiAvdG1wL2xvY2FsX2lwdjQgL3RtcC9heiAvdG1wL21hY2lkCg==",
            "vpc_security_group_ids": [
              "sg-03109a537965868cf"
            ]
          },
          "sensitive_attributes": [],
          "private": "bnVsbA==",
          "dependencies": [
            "aws_key_pair.hong-kong",
            "aws_security_group.hong-kong-sg",
            "aws_vpc.hong-kong-vpc",
            "tls_private_key.hong-kong"
          ],
          "create_before_destroy": true
        }
      ]
    },
    {
      "mode": "managed",
      "type": "aws_lb_target_group",
      "name": "Hong-Kong-TG-80",
      "provider": "provider[\"registry.terraform.io/hashicorp/aws\"].Hong-Kong",
      "instances": [
        {
          "schema_version": 0,
          "attributes": {
            "arn": "arn:aws:elasticloadbalancing:ap-east-1:727646505590:targetgroup/Hong-Kong-TG-80/9fd46ca5304c88c4",
            "arn_suffix": "targetgroup/Hong-Kong-TG-80/9fd46ca5304c88c4",
            "connection_termination": false,
            "deregistration_delay": "300",
            "health_check": [
              {
                "enabled": true,
                "healthy_threshold": 5,
                "interval": 30,
                "matcher": "200",
                "path": "/",
                "port": "traffic-port",
                "protocol": "HTTP",
                "timeout": 5,
                "unhealthy_threshold": 2
              }
            ],
            "id": "arn:aws:elasticloadbalancing:ap-east-1:727646505590:targetgroup/Hong-Kong-TG-80/9fd46ca5304c88c4",
            "lambda_multi_value_headers_enabled": false,
            "load_balancing_algorithm_type": "round_robin",
            "name": "Hong-Kong-TG-80",
            "name_prefix": null,
            "port": 80,
            "preserve_client_ip": null,
            "protocol": "HTTP",
            "protocol_version": "HTTP1",
            "proxy_protocol_v2": false,
            "slow_start": 0,
            "stickiness": [
              {
                "cookie_duration": 86400,
                "cookie_name": "",
                "enabled": false,
                "type": "lb_cookie"
              }
            ],
            "tags": {},
            "tags_all": {},
            "target_type": "instance",
            "vpc_id": "vpc-09c410cd86c1117d9"
          },
          "sensitive_attributes": [],
          "private": "bnVsbA==",
          "dependencies": [
            "aws_vpc.hong-kong-vpc"
          ]
        }
      ]
    },
    {
      "mode": "managed",
      "type": "aws_security_group",
      "name": "hong-kong-sg",
      "provider": "provider[\"registry.terraform.io/hashicorp/aws\"].Hong-Kong",
      "instances": [
        {
          "schema_version": 1,
          "attributes": {
            "arn": "arn:aws:ec2:ap-east-1:727646505590:security-group/sg-03109a537965868cf",
            "description": "Hong-Kong-sg01-servers",
            "egress": [
              {
                "cidr_blocks": [
                  "0.0.0.0/0"
                ],
                "description": "",
                "from_port": 0,
                "ipv6_cidr_blocks": [],
                "prefix_list_ids": [],
                "protocol": "-1",
                "security_groups": [],
                "self": false,
                "to_port": 0
              }
            ],
            "id": "sg-03109a537965868cf",
            "ingress": [
              {
                "cidr_blocks": [
                  "0.0.0.0/0"
                ],
                "description": "HTTP",
                "from_port": 80,
                "ipv6_cidr_blocks": [],
                "prefix_list_ids": [],
                "protocol": "tcp",
                "security_groups": [],
                "self": false,
                "to_port": 80
              },
              {
                "cidr_blocks": [
                  "0.0.0.0/0"
                ],
                "description": "SSH",
                "from_port": 22,
                "ipv6_cidr_blocks": [],
                "prefix_list_ids": [],
                "protocol": "tcp",
                "security_groups": [],
                "self": false,
                "to_port": 22
              }
            ],
            "name": "Hong-Kong-sg01-servers",
            "name_prefix": "",
            "owner_id": "727646505590",
            "revoke_rules_on_delete": false,
            "tags": {},
            "tags_all": {},
            "timeouts": null,
            "vpc_id": "vpc-09c410cd86c1117d9"
          },
          "sensitive_attributes": [],
          "private": "eyJlMmJmYjczMC1lY2FhLTExZTYtOGY4OC0zNDM2M2JjN2M0YzAiOnsiY3JlYXRlIjo2MDAwMDAwMDAwMDAsImRlbGV0ZSI6OTAwMDAwMDAwMDAwfSwic2NoZW1hX3ZlcnNpb24iOiIxIn0=",
          "dependencies": [
            "aws_vpc.hong-kong-vpc"
          ],
          "create_before_destroy": true
        }
      ]
    },
    {
      "mode": "managed",
      "type": "aws_subnet",
      "name": "private-ap-east-1a",
      "provider": "provider[\"registry.terraform.io/hashicorp/aws\"].Hong-Kong",
      "instances": [
        {
          "schema_version": 1,
          "attributes": {
            "arn": "arn:aws:ec2:ap-east-1:727646505590:subnet/subnet-0fd6045c44d74544c",
            "assign_ipv6_address_on_creation": false,
            "availability_zone": "ap-east-1a",
            "availability_zone_id": "ape1-az1",
            "cidr_block": "10.21.11.0/24",
            "customer_owned_ipv4_pool": "",
            "enable_dns64": false,
            "enable_resource_name_dns_a_record_on_launch": false,
            "enable_resource_name_dns_aaaa_record_on_launch": false,
            "id": "subnet-0fd6045c44d74544c",
            "ipv6_cidr_block": "",
            "ipv6_cidr_block_association_id": "",
            "ipv6_native": false,
            "map_customer_owned_ip_on_launch": false,
            "map_public_ip_on_launch": false,
            "outpost_arn": "",
            "owner_id": "727646505590",
            "private_dns_hostname_type_on_launch": "ip-name",
            "tags": {},
            "tags_all": {},
            "timeouts": null,
            "vpc_id": "vpc-09c410cd86c1117d9"
          },
          "sensitive_attributes": [],
          "private": "eyJlMmJmYjczMC1lY2FhLTExZTYtOGY4OC0zNDM2M2JjN2M0YzAiOnsiY3JlYXRlIjo2MDAwMDAwMDAwMDAsImRlbGV0ZSI6MTIwMDAwMDAwMDAwMH0sInNjaGVtYV92ZXJzaW9uIjoiMSJ9",
          "dependencies": [
            "aws_vpc.hong-kong-vpc"
          ]
        }
      ]
    },
    {
      "mode": "managed",
      "type": "aws_subnet",
      "name": "private-ap-east-1b",
      "provider": "provider[\"registry.terraform.io/hashicorp/aws\"].Hong-Kong",
      "instances": [
        {
          "schema_version": 1,
          "attributes": {
            "arn": "arn:aws:ec2:ap-east-1:727646505590:subnet/subnet-079152f2b7c773fb7",
            "assign_ipv6_address_on_creation": false,
            "availability_zone": "ap-east-1b",
            "availability_zone_id": "ape1-az2",
            "cidr_block": "10.21.12.0/24",
            "customer_owned_ipv4_pool": "",
            "enable_dns64": false,
            "enable_resource_name_dns_a_record_on_launch": false,
            "enable_resource_name_dns_aaaa_record_on_launch": false,
            "id": "subnet-079152f2b7c773fb7",
            "ipv6_cidr_block": "",
            "ipv6_cidr_block_association_id": "",
            "ipv6_native": false,
            "map_customer_owned_ip_on_launch": false,
            "map_public_ip_on_launch": false,
            "outpost_arn": "",
            "owner_id": "727646505590",
            "private_dns_hostname_type_on_launch": "ip-name",
            "tags": {},
            "tags_all": {},
            "timeouts": null,
            "vpc_id": "vpc-09c410cd86c1117d9"
          },
          "sensitive_attributes": [],
          "private": "eyJlMmJmYjczMC1lY2FhLTExZTYtOGY4OC0zNDM2M2JjN2M0YzAiOnsiY3JlYXRlIjo2MDAwMDAwMDAwMDAsImRlbGV0ZSI6MTIwMDAwMDAwMDAwMH0sInNjaGVtYV92ZXJzaW9uIjoiMSJ9",
          "dependencies": [
            "aws_vpc.hong-kong-vpc"
          ]
        }
      ]
    },
    {
      "mode": "managed",
      "type": "aws_vpc",
      "name": "hong-kong-vpc",
      "provider": "provider[\"registry.terraform.io/hashicorp/aws\"].Hong-Kong",
      "instances": [
        {
          "schema_version": 1,
          "attributes": {
            "arn": "arn:aws:ec2:ap-east-1:727646505590:vpc/vpc-09c410cd86c1117d9",
            "assign_generated_ipv6_cidr_block": false,
            "cidr_block": "10.21.0.0/16",
            "default_network_acl_id": "acl-0047871cabc575d2b",
            "default_route_table_id": "rtb-08a661c3c0d2ff270",
            "default_security_group_id": "sg-09dc27c6a39a2873d",
            "dhcp_options_id": "dopt-04d207697d677468e",
            "enable_classiclink": false,
            "enable_classiclink_dns_support": false,
            "enable_dns_hostnames": false,
            "enable_dns_support": true,
            "id": "vpc-09c410cd86c1117d9",
            "instance_tenancy": "default",
            "ipv4_ipam_pool_id": null,
            "ipv4_netmask_length": null,
            "ipv6_association_id": "",
            "ipv6_cidr_block": "",
            "ipv6_cidr_block_network_border_group": "",
            "ipv6_ipam_pool_id": "",
            "ipv6_netmask_length": 0,
            "main_route_table_id": "rtb-08a661c3c0d2ff270",
            "owner_id": "727646505590",
            "tags": {},
            "tags_all": {}
          },
          "sensitive_attributes": [],
          "private": "eyJzY2hlbWFfdmVyc2lvbiI6IjEifQ==",
          "create_before_destroy": true
        }
      ]
    },
    {
      "mode": "managed",
      "type": "tls_private_key",
      "name": "hong-kong",
      "provider": "provider[\"registry.terraform.io/hashicorp/tls\"]",
      "instances": [
        {
          "schema_version": 1,
          "attributes": {
            "algorithm": "RSA",
            "ecdsa_curve": "P224",
            "id": "ae8041f55e462ea143f9e133992af99ec7019694",
            "private_key_openssh": "-----BEGIN OPENSSH PRIVATE KEY-----\nb3BlbnNzaC1rZXktdjEAAAAABG5vbmUAAAAEbm9uZQAAAAAAAAABAAABFwAAAAdz\nc2gtcnNhAAAAAwEAAQAAAQEAz+P8VIZyPsoV6t0oFapm0GMwHn2YBKVZphAfSKPp\nGJqzDmAqZPCWnJDMoJDw2Hhk/KYGqdfIow/EJrS0EA2VY+E/GVgCJy+VWTbX87LJ\nh8+6oZEpSkYjap/Wtz1gFZuRBxZWrIlHNoscroZe4f816eUKbiTJm4HyTGA18OZa\necf0w1j+k5zbOP+3oRvwXRv3L0ZbnIXm+2jq/EJhHc+9ce7NmXZqFRDRjftUVVfc\nmu5FjGQ4gJTnCKkwQNQt95JzK4fbvwj58ZRjb84EcRW4r3EvTnHxoupVIiso4V+o\nQhbdT2frsJvwomsNlAIwFEGCF/sYFSORPWPagmosvVh19wAAA7jnhDtF54Q7RQAA\nAAdzc2gtcnNhAAABAQDP4/xUhnI+yhXq3SgVqmbQYzAefZgEpVmmEB9Io+kYmrMO\nYCpk8JackMygkPDYeGT8pgap18ijD8QmtLQQDZVj4T8ZWAInL5VZNtfzssmHz7qh\nkSlKRiNqn9a3PWAVm5EHFlasiUc2ixyuhl7h/zXp5QpuJMmbgfJMYDXw5lp5x/TD\nWP6TnNs4/7ehG/BdG/cvRlucheb7aOr8QmEdz71x7s2ZdmoVENGN+1RVV9ya7kWM\nZDiAlOcIqTBA1C33knMrh9u/CPnxlGNvzgRxFbivcS9OcfGi6lUiKyjhX6hCFt1P\nZ+uwm/Ciaw2UAjAUQYIX+xgVI5E9Y9qCaiy9WHX3AAAAAwEAAQAAAQEAxpPG7tJy\nBIoyf2L7LB7WEM3+I9HiSOXNCXQy/cccHBWBXgT72el6ZFloLSPl+1CdXjwU912Y\nWDHyMuq/aOogvgRlqobHn7izF0Hs6+rm2GTTqAsp/rmakPnXNrdYtasg0D1FU4/Z\nxz8AibDupz+Jtz7CRM29Cl8JHG12eQMAf3uJENigzZ5sMmb5b57zHWrCfzXOWuP3\nGmdFPP4UQW7kwi/lG8UtJ4J+4CaZ5JjZlQouuyel+Vmxd1XYd3w2nPjTIKjb5J1o\nrKwqgIsB+V9m8+iQNnJjcxrLZ2StUFfhCjbVHlKHOoAtpoCSUf4iYKXJtOBF3IHN\nD17ljSXHNJqJmQAAAIEAvtMoovCETZ5PALRPc7cJqxxp5+m1I8oz7Cg7jiZctfXt\nqDKC8ZXKp0/0KgRHcxuDjbKTu4v1R9T8vzixyb4d3YVE6PQOS8DAczBfhcfqvTz9\nBc+qVuylCGwERf18XZdnP35K2v6qlJzr+I//Nffsv1qrwsFo8/M6FLsmCVsj3+YA\nAACBAOkSX/tLclmGq4a2zHBTowX1/xN9Vxev//1ta6HRDakow/CFNjwIw0Ov1dkS\n/BcPGh9aEOd1LuxDSUm81oBqIKFcRzv8vTux/GEm6H+dJkjhmIAbDeJkVuhMmHBF\nxFcI/zvtdFIQDrkxaT8um+140jNQlgQlur85t8P4aRC+kkwTAAAAgQDkV3P9jTkB\nGBjF204T/3Q1BZqJC9WqRZS6EDKBB1DIKEk67pgr72Ry+ByygY6W/SrKxdQIo0R3\nvyx/Y1FoZ3wugpBrCFJF0dCRjspUmaGdQaO31E5TKcKHXIO48W4TJD6/h2uF+j4a\nQsaMLrTBKZbsn2JiUDkceB0ddD0/GuwjDQAAAAAB\n-----END OPENSSH PRIVATE KEY-----\n",
            "private_key_pem": "-----BEGIN RSA PRIVATE KEY-----\nMIIEpgIBAAKCAQEAz+P8VIZyPsoV6t0oFapm0GMwHn2YBKVZphAfSKPpGJqzDmAq\nZPCWnJDMoJDw2Hhk/KYGqdfIow/EJrS0EA2VY+E/GVgCJy+VWTbX87LJh8+6oZEp\nSkYjap/Wtz1gFZuRBxZWrIlHNoscroZe4f816eUKbiTJm4HyTGA18OZaecf0w1j+\nk5zbOP+3oRvwXRv3L0ZbnIXm+2jq/EJhHc+9ce7NmXZqFRDRjftUVVfcmu5FjGQ4\ngJTnCKkwQNQt95JzK4fbvwj58ZRjb84EcRW4r3EvTnHxoupVIiso4V+oQhbdT2fr\nsJvwomsNlAIwFEGCF/sYFSORPWPagmosvVh19wIDAQABAoIBAQDGk8bu0nIEijJ/\nYvssHtYQzf4j0eJI5c0JdDL9xxwcFYFeBPvZ6XpkWWgtI+X7UJ1ePBT3XZhYMfIy\n6r9o6iC+BGWqhsefuLMXQezr6ubYZNOoCyn+uZqQ+dc2t1i1qyDQPUVTj9nHPwCJ\nsO6nP4m3PsJEzb0KXwkcbXZ5AwB/e4kQ2KDNnmwyZvlvnvMdasJ/Nc5a4/caZ0U8\n/hRBbuTCL+UbxS0ngn7gJpnkmNmVCi67J6X5WbF3Vdh3fDac+NMgqNvknWisrCqA\niwH5X2bz6JA2cmNzGstnZK1QV+EKNtUeUoc6gC2mgJJR/iJgpcm04EXcgc0PXuWN\nJcc0momZAoGBAOkSX/tLclmGq4a2zHBTowX1/xN9Vxev//1ta6HRDakow/CFNjwI\nw0Ov1dkS/BcPGh9aEOd1LuxDSUm81oBqIKFcRzv8vTux/GEm6H+dJkjhmIAbDeJk\nVuhMmHBFxFcI/zvtdFIQDrkxaT8um+140jNQlgQlur85t8P4aRC+kkwTAoGBAORX\nc/2NOQEYGMXbThP/dDUFmokL1apFlLoQMoEHUMgoSTrumCvvZHL4HLKBjpb9KsrF\n1AijRHe/LH9jUWhnfC6CkGsIUkXR0JGOylSZoZ1Bo7fUTlMpwodcg7jxbhMkPr+H\na4X6PhpCxowutMEpluyfYmJQORx4HR10PT8a7CMNAoGBALglsHgX0C0z3en+G+DT\n9AYNqo93hIxOnm9ZOKUNS0HP15/9YDBmrACauNddzJdbc0Q6IQj+6Sf6sbj03nVv\nZICZLB8VPV4g7krENwY837bNp3Pv7DRnGtNHUVnDhbFOhnqOzkzYKwnfJEyrQr+J\nqmqozR5RwQ69R5gqeLimGWjJAoGBAMekftFtLC38t4wmVnm9nAjPwXGZW1LoS0Ty\n7HVLxCF8t6pC+eFQCW9L5ytbgyQYbdWkaeKzfSWFjI5Ec+TotfakSUiLmgNZkxXw\n1o5pVJh9z3rmsSSdGmvnQ3PsAuXRhttGt4gIZ0vmnlnqbDeG+WIhaI+0vHpbunkK\nLJKEI3nxAoGBAL7TKKLwhE2eTwC0T3O3CascaefptSPKM+woO44mXLX17agygvGV\nyqdP9CoER3Mbg42yk7uL9UfU/L84scm+Hd2FROj0DkvAwHMwX4XH6r08/QXPqlbs\npQhsBEX9fF2XZz9+Str+qpSc6/iP/zX37L9aq8LBaPPzOhS7JglbI9/m\n-----END RSA PRIVATE KEY-----\n",
            "private_key_pem_pkcs8": "-----BEGIN PRIVATE KEY-----\nMIIEwAIBADANBgkqhkiG9w0BAQEFAASCBKowggSmAgEAAoIBAQDP4/xUhnI+yhXq\n3SgVqmbQYzAefZgEpVmmEB9Io+kYmrMOYCpk8JackMygkPDYeGT8pgap18ijD8Qm\ntLQQDZVj4T8ZWAInL5VZNtfzssmHz7qhkSlKRiNqn9a3PWAVm5EHFlasiUc2ixyu\nhl7h/zXp5QpuJMmbgfJMYDXw5lp5x/TDWP6TnNs4/7ehG/BdG/cvRlucheb7aOr8\nQmEdz71x7s2ZdmoVENGN+1RVV9ya7kWMZDiAlOcIqTBA1C33knMrh9u/CPnxlGNv\nzgRxFbivcS9OcfGi6lUiKyjhX6hCFt1PZ+uwm/Ciaw2UAjAUQYIX+xgVI5E9Y9qC\naiy9WHX3AgMBAAECggEBAMaTxu7ScgSKMn9i+ywe1hDN/iPR4kjlzQl0Mv3HHBwV\ngV4E+9npemRZaC0j5ftQnV48FPddmFgx8jLqv2jqIL4EZaqGx5+4sxdB7Ovq5thk\n06gLKf65mpD51za3WLWrINA9RVOP2cc/AImw7qc/ibc+wkTNvQpfCRxtdnkDAH97\niRDYoM2ebDJm+W+e8x1qwn81zlrj9xpnRTz+FEFu5MIv5RvFLSeCfuAmmeSY2ZUK\nLrsnpflZsXdV2Hd8Npz40yCo2+SdaKysKoCLAflfZvPokDZyY3May2dkrVBX4Qo2\n1R5ShzqALaaAklH+ImClybTgRdyBzQ9e5Y0lxzSaiZkCgYEA6RJf+0tyWYarhrbM\ncFOjBfX/E31XF6///W1rodENqSjD8IU2PAjDQ6/V2RL8Fw8aH1oQ53Uu7ENJSbzW\ngGogoVxHO/y9O7H8YSbof50mSOGYgBsN4mRW6EyYcEXEVwj/O+10UhAOuTFpPy6b\n7XjSM1CWBCW6vzm3w/hpEL6STBMCgYEA5Fdz/Y05ARgYxdtOE/90NQWaiQvVqkWU\nuhAygQdQyChJOu6YK+9kcvgcsoGOlv0qysXUCKNEd78sf2NRaGd8LoKQawhSRdHQ\nkY7KVJmhnUGjt9ROUynCh1yDuPFuEyQ+v4drhfo+GkLGjC60wSmW7J9iYlA5HHgd\nHXQ9PxrsIw0CgYEAuCWweBfQLTPd6f4b4NP0Bg2qj3eEjE6eb1k4pQ1LQc/Xn/1g\nMGasAJq4113Ml1tzRDohCP7pJ/qxuPTedW9kgJksHxU9XiDuSsQ3Bjzfts2nc+/s\nNGca00dRWcOFsU6Geo7OTNgrCd8kTKtCv4mqaqjNHlHBDr1HmCp4uKYZaMkCgYEA\nx6R+0W0sLfy3jCZWeb2cCM/BcZlbUuhLRPLsdUvEIXy3qkL54VAJb0vnK1uDJBht\n1aRp4rN9JYWMjkRz5Oi19qRJSIuaA1mTFfDWjmlUmH3PeuaxJJ0aa+dDc+wC5dGG\n20a3iAhnS+aeWepsN4b5YiFoj7S8elu6eQoskoQjefECgYEAvtMoovCETZ5PALRP\nc7cJqxxp5+m1I8oz7Cg7jiZctfXtqDKC8ZXKp0/0KgRHcxuDjbKTu4v1R9T8vzix\nyb4d3YVE6PQOS8DAczBfhcfqvTz9Bc+qVuylCGwERf18XZdnP35K2v6qlJzr+I//\nNffsv1qrwsFo8/M6FLsmCVsj3+Y=\n-----END PRIVATE KEY-----\n",
            "public_key_fingerprint_md5": "97:c2:9b:5a:04:6c:12:64:4b:5d:53:3f:0c:76:a1:83",
            "public_key_fingerprint_sha256": "SHA256:oVXxhfPeXwn63b3Emkz4Sw3eriLICyUTmVlt6mHI7tw",
            "public_key_openssh": "ssh-rsa AAAAB3NzaC1yc2EAAAADAQABAAABAQDP4/xUhnI+yhXq3SgVqmbQYzAefZgEpVmmEB9Io+kYmrMOYCpk8JackMygkPDYeGT8pgap18ijD8QmtLQQDZVj4T8ZWAInL5VZNtfzssmHz7qhkSlKRiNqn9a3PWAVm5EHFlasiUc2ixyuhl7h/zXp5QpuJMmbgfJMYDXw5lp5x/TDWP6TnNs4/7ehG/BdG/cvRlucheb7aOr8QmEdz71x7s2ZdmoVENGN+1RVV9ya7kWMZDiAlOcIqTBA1C33knMrh9u/CPnxlGNvzgRxFbivcS9OcfGi6lUiKyjhX6hCFt1PZ+uwm/Ciaw2UAjAUQYIX+xgVI5E9Y9qCaiy9WHX3\n",
            "public_key_pem": "-----BEGIN PUBLIC KEY-----\nMIIBIjANBgkqhkiG9w0BAQEFAAOCAQ8AMIIBCgKCAQEAz+P8VIZyPsoV6t0oFapm\n0GMwHn2YBKVZphAfSKPpGJqzDmAqZPCWnJDMoJDw2Hhk/KYGqdfIow/EJrS0EA2V\nY+E/GVgCJy+VWTbX87LJh8+6oZEpSkYjap/Wtz1gFZuRBxZWrIlHNoscroZe4f81\n6eUKbiTJm4HyTGA18OZaecf0w1j+k5zbOP+3oRvwXRv3L0ZbnIXm+2jq/EJhHc+9\nce7NmXZqFRDRjftUVVfcmu5FjGQ4gJTnCKkwQNQt95JzK4fbvwj58ZRjb84EcRW4\nr3EvTnHxoupVIiso4V+oQhbdT2frsJvwomsNlAIwFEGCF/sYFSORPWPagmosvVh1\n9wIDAQAB\n-----END PUBLIC KEY-----\n",
            "rsa_bits": 2048
          },
          "sensitive_attributes": [
            [
              {
                "type": "get_attr",
                "value": "private_key_pem_pkcs8"
              }
            ],
            [
              {
                "type": "get_attr",
                "value": "private_key_openssh"
              }
            ],
            [
              {
                "type": "get_attr",
                "value": "private_key_pem"
              }
            ]
          ],
          "create_before_destroy": true
        }
      ]
    }
  ],
  "check_results": null
}
