{
  "version": 4,
  "terraform_version": "1.9.8",
  "serial": 1499,
  "lineage": "93c4d01a-4d63-be6f-581c-abe39d02d689",
  "outputs": {
    "australia_private_key": {
      "value": "-----BEGIN RSA PRIVATE KEY-----\nMIIEpQIBAAKCAQEAq0ZQ+vb8QaMWbx5Dy/VqUq5LhrUbxE4X81Sg29H08bGZAuiF\no2/5BWXRLZsNDpT8NwMAlhfZs0o8EyjGdGu1OH/FdiuiNnCAFLVQNLfLOnMkSjPE\nkzUHydYJf6X9zcxJNptoJ+k2TiAvAvDkMnr/QmNMYuJ4DvL/q5mbWUuPoa9eVgRt\n2Iu6tSpJBu7esi5mkLKqNQLlcSKWbm6qoLqQZk4jxpEjJab45nykJPU/3x3mmUin\nGN/f/UAlari6DFzZb5d98xFPcTR3z4vmTF+SgAgHyP6a+3DWq5Tig3d92/tyyACd\nKE4s+SVq13AwVuhwbwxsnFL27smgUnKppikjCwIDAQABAoIBAQCgHY1JAKqUZfVs\nDdwNiTFLeDuNBDSgEO2dAkmbFq2pYYEM0flU8DHZlPS3cNMFBcy/VOQwbL2NOeHt\ne1oDrkltNy2PKn1r7UIfmd0QW53213tejwS/JX1Rd/HLTo912/u5vBDj9sZYxQeN\n9Usv0gJdutzHOLZKK2tOrbwn/1aYLAQTQGRjf50dWJggimQ5Q1tVp4MQVNmTttB+\ntGuxfHHQEX85Mvl7M9khcqu3sNQPuD0hVZOIo+7FqFYA6RqODeZL6H0FbVom5ye2\nOjPAOUHRIY5tdmWMoAVkt20nlYphnvIvXGeuLT5ay7CEwfhbHO4XtcKcWRDyRc6N\nJ8k5gIP5AoGBAOI8ESkqA71fBB7X1azVpklPpjWe3fbB0YsVAoLLhbiLGVza/9Ri\nWA8t1bzN74KJFZ34eZRlhKBqvUiFvx7sS96ucU7nDENgu+1rHQIeKko8cQYezGzD\nwJMmPrm3L1ybq6oFMC8pLUYlSVkdLlpWCn+R1bBbxdl4UeOKD2xSQXsHAoGBAMHP\nHNMFQBjcKkdPrxBG0ww7KoMWGLkujFbvWnQ/lraebwo07XGEtKKw3k4III26mPzU\nOchLW4SpBAlNQXXj/blM1tb+xcQ7WlLje6GnZjuBciEnRiDZw2roaG6j8tklw8QJ\nv7uEQPGf3gLKv1Wt4L9327LSK8K0r4QcYH0SnSLdAoGAJ1+o5O8pA3Zb8zpBN/lf\nHXc9SCvEGcQVwg0ACN9/AGVFHsIGsGIFTW7+ugNlYeSV3I54KnmYoYqyMsMERk99\nzN2zXrYbjkZxrpprzAiP96eZTCVkErHm/DU1yYC2P3ngYJDSmAKknIa0w0uu244J\n+bXZ6P2v629jYSSQFpwiRVUCgYEAhiKAApSJrisCn+RId21tN/PjEmLCrbfHrYtv\nATHZb37rvxaul3iPRGJBGaSKU00oASQo8bUmHASWJJHxklQ/EHZb4uTln1CszN1g\nfZtMKDcI9GUoJihRFbbQQHL76so2WYGdz3xTLmfE0g3cqsHy4NFlnrfTTaicKUUy\nip3NX4kCgYEAzthY4x7sAKLHj3dG5efx4B4bv5vWoBc7XQjDBj8r95mB6QZ3IQuH\njVC4IdQpfRAKudHxQlHsk4thE5xo/wOEcZwEJ1mi2vaxyAsUbAbp6YbJ3Jijwesp\nfuNLZF6o6cBcxQYXck1nY9Zn0A5A91P2eijqh9VcZX4xTHysuGjSAUU=\n-----END RSA PRIVATE KEY-----\n",
      "type": "string",
      "sensitive": true
    },
    "california_private_key": {
      "value": "-----BEGIN RSA PRIVATE KEY-----\nMIIEpAIBAAKCAQEAw3qNf/6p2je4HcfeO10QKRMU9c+y9orHZ8aqPNVr6avD57hY\ntSvtzR3BU3jePfCNCP8cbxAW+7hlxwQu73ftnaNbiYHHEHtm4fF8xysh6HWYa76S\na1nmhAeJvwG8KG0AUtglQOzXRoWnTH0RLLziJjTU3QSQFYAB/JppBPZu+AMmuou6\n31RWBSt0CO3/GQ32srHlv1ZInisC7XY4q3jFDRowZO+3edRAv0cbCtw8PJ4LFOgg\n3S/BttLhHMfWXLQbnufuwPo7u9djrBOo41Nxa6Y/a6SXY7C8g0j6v3OUzuT+LrHQ\nLb9ahCz7u7JxvVgoicDkSyt7zz5BTJ84zR8A/QIDAQABAoIBAGLy6CmAKU5SohpB\nD9cQ1ptUE2oSRs7RlPqM76N3jPZtge8Lu6uJnwgTJccxCZ5k459IM4ZsqJWm064Y\nCgIhvN/szuseDDvlm0CH0teml7VpwUvY3ZkFms/+WNWc9TepZV6KFuF0gcwq33Ky\nZD03J2qbl5yBMMYRU/Af4UUn0Sgs3D1GqEaEISvhX/o0IrfSG3U45VWkkB9W1U7Q\nHL6F8pKixfRSgJ4pYPrd56TNgf1YZtpnOnaiDfhV5tPig4etH3OzD62gs52zOoDi\npVf3kS1W7OFDeiu9IzyRKvrW8AVeAXxzM7fzPzeYXgHDMTksoa46xfimT1zGwTFy\nwzlOMqkCgYEAx5hHqubWjgKEjcIYxb82gQvHyskVsYEwErMMYUqbO/b8R6zawJNu\n+O+mPonyYaC3NS16Q9vHUo9CQGka7FJpyjNJk5/X/v26dyX3Kw3+gEkLN4bty7p8\nR0gMJ76k/CCTsoBDRdSRGK0q8zpZu5J5JTVkXgesBA9anHTgi4UPB2MCgYEA+rh9\nxdFZIOS0yn/IXE8MDEpysJ57MbLZqH6mj6sM2NQE3vTbR/vhJKapCYyebEgjvFbo\nG4defX1Q5IjxxM/97XcFKka2SKt6V82basiHucRpmEJs112lgLdmMLOXrSjA5AJa\n+BbK5qaQhVkZ9zfORrTtUpSVtS7bbvJKkDwPNB8CgYEAg/8MHlSsvZuip9Ed6uDK\nncr5pP0Y0Jvb+/HXFRxuzthG/Ouuez7FW/G44pD971yG7K8XtXrKNaoyKUCZIoJa\nHfOPDAbgpGyN/S/pZtrJXXNw7JbZ+ipo+AcIqtwkZezxYFH8q1ipYEVdKx+Cqk5y\nuY22w4yVUNYKmX+d5Abp6nsCgYEAh59i0a4T83oj3eJPhLdxwfhHoAiqhVDE8qNI\nADE76tKNq/lx4Ld8q3HHwJWjYNmJEylDtxh74Y/3QRhfB+Km7lxSm/LSSe8QaAyd\nhJ7i5Hc905IjBEDw9PbAPZn4cz+3T9+CS+8wZKI3TRrMs/EpERBvzBr5/J9TLem8\nsdb7NmsCgYBuJKkPjnW+68/7Fx8VPbid+XplGMrAiZfOJqTtwqAOXbldNYT957ke\nq4CNXYiWK4XQ3svCf0x0E4djq3UnpVDs8jcA9OysBZjaK+oLqYuOy7wwB3MELYN8\nAQS6LEBvBBaLX0O75SOHZ8tO4H9hI5hKMIvJzulqmwAn/XXDkdEDpg==\n-----END RSA PRIVATE KEY-----\n",
      "type": "string",
      "sensitive": true
    },
    "hong_kong_private_key": {
      "value": "-----BEGIN RSA PRIVATE KEY-----\nMIIEogIBAAKCAQEAvi/fobpspzqzZCwLbJ0xpXZQVv+U/XRDEfuTLxPxWdJbsGC5\n89kMJtWqdlO24XR+3wSPyx8B0YU5NbBvLJ545DEW+zKPVH5gVnVk7M7koP1FevvJ\nKsTUacXal7k2Gu24/ZNQZW3pv3OqTAkzAgJHO14Q1hyXsOg0UAMjZEHXLFBV9qkF\n9LjGmnKCwVPHU2k+DDW+BNECChxgXqwPOsC99GHcWlRhUpKpjqziKtZssknzfKit\nNVMu5OE48xxIXsSPZbj+IMWhvnsRGeFh1jUdR+AN1E8SUfuWojQiqwqGxX0Jsa3o\nJsD+2NSeLc0HNlYgURU9Z0kr4WS4C3uiWcNRtwIDAQABAoIBAHpv+Yl1qeNS8BBK\nJqSq4j5CV+BaM8GjqlYWXp/NN/B6c1quOqhYj/EkVtRMeozUYaUTm7rJYHNRUA5X\nYosYDn3heIkI+KsNnNmsQ+gMHbXit2tAUza8dn8Nx/crXkCh0Bk3UGesBfKh9P10\nYqklbFQ076PXznQuWRc1ngA6PtsgVLIADScbfWtKoUgXQUySdfZcKrfyuTID6sOX\nsAgkVX94B7vOmjhp4x8FY/xE6ShFHIjeYUTTHo7P66MLqDa8uThaSC2tCotxzcKo\n9iq0pCw4TBmbhj8uTxgOhT+RFt2kaWWaEFjQ/5taNXp7tM4PKKIysojrE8WjeDsy\n4zEFqokCgYEA1tKrBoYoh6d/oNpsMsPO5AsRwxTegnc26t078AzFat1WjzD7rpi1\n/+X/pafZawwtlh940tUoGVIz5b8522YGS5oc9o9VTYAkPExTLvpnkkP8SsKFcKJd\n5t/9Xmp1cnz34YyoXkqq4kHnH/t8hAo8nZr4CkEg+Yhf8a8guBV6y8MCgYEA4qRT\nDAocFW3wivwSRRgT7oqe1mEIiP+ag0atGQvXy2y7+lVEo2rRbzEOWVdTf4Vkdi5I\n2EZnGNZ3yyRbB9oaHGwESvGJbGuNm9S9wgbV9zVNPv1Ubgo9KreduHZaDPFsaagq\nN72t50PVGh/vOmRtAmJ1GnfcNqOnwKjAi7ijJv0CgYAsFmw3GI102bFdx7Xw7TKm\npobsrHnF+MVyihjk+RoDBo3fMURV3s1rST6gNsRuLb+lUawwSMLD/5TbD9XF6zhb\nh7Nt/piZITVOkrN3rrhW0lES3r0YEpqG6W1MVTjpWDBfP8jGITjU2oWekLRLPPaX\nudgx8o/b5lsadMCYRwA+lQKBgErbV4qsdCYnz8E4DJjBoSOyqU/JcNY/BjvBxj51\niOrpmRTPwQHwsAf3vfOIQk3mMw5Nr0WvyzGK9Lol4eMwCFvG2YwfRvKGe5kypRJG\ny7kA4+igJ5jIzPck+nUIsimAO/yRzI/omF3AK8ybK5qvvMmC14bMe/GYEDo0ApSj\ngU/JAoGAYXZoaaoY7uMcqd/+dH1HADtXNvVk5JmPc2w6RtGGK1HLAeUgiZpHrhno\njUYtqmyc44TApNcDO/1X0MY50em4FZQiFFmkMocSQHPSOooZj8v+cuKeHrqJp/5L\nn/fGOu6wHig0SfcU2+xMPFASlfaNARMnOrjYNRVPGj9h9ExPg3w=\n-----END RSA PRIVATE KEY-----\n",
      "type": "string",
      "sensitive": true
    },
    "london_private_key": {
      "value": "-----BEGIN RSA PRIVATE KEY-----\nMIIEpAIBAAKCAQEA0ZYYNSVecP9B2NsRZbbqskkBoeRCfodjxj179X/UW0Cd2jxF\nZTQPmfFC4+hILTw+WXzntdTfvlAnWPR3nRbztMAOcDguO3USFm9LccSkZmSnu/Vk\n9n4jjG7lqNtGks8q75LjCol2Ii7Vh5A2d98hfVAbPvB/oGcnXmQxJYMtLdnVytSt\nFEI50yLus552XgAcgfu2+AlYdOGfo1NEfSHuBXtr0X99Nn989g9Jh/ZsXwhoySp9\n4nUD5WQ1Q4hvXx5QiYltZqREy/5peu5XZow0AicNpNSmeRhT/SKEpNBOS+ovOprd\nG9nxLaiiPo+XDUpvde9UxZwmOSb+9F7qOFWvPwIDAQABAoIBAF7Bm4Q7tu0jmuOu\nd7ki8A1XEJPfHWkTUTrJhYfDGYGAP13xrfZJiVwyRenAlRFOkWnoHOKKsfXbS07e\niE3PmLN5uY1m+RAMp/bYrqVrIGDi1SsXkWQYN35AjTjAmrG5VFIoeNnEuFJQFl5K\nBzY+/WcolojoNuuQd64nYkjxe7WkW2ojnwk2WuzuGCIFam4+lxFeKDujf7k+rzQD\nOj0v9qcJa6MMkybmJNNM1mWBYT2vfB/3dg1L9jvDhZbP7mAnBS4YyO4mpssjbM+L\niXXuAnuetApT7GfqYU3WIV/2q2UdowI4SwOj5SCUvNUgwQP9FsAYScgwRapbrmIV\nKtG73DECgYEA8iNyskB2Vhb3gkcu+F2ka7Syo7ySE0yFwx2mMS/u0QzbSvbreZGh\n9oZn6Zd5ajqBwyH7neUvTObJXs0NYmL5Wz6QU+oG5McA9aHjOLSsEIiyEAQHkkvG\nY6ZdFmW4kP7CnCeDT1LAPvQmeGWkslaLWyjs55fnSqsTPD2W7nSDDSMCgYEA3ZWX\nx2U+4qcP7BXrZtCa9TaCPXdBmsoyoMM9f2Z6bZ/kp3WTdaSubD6rJPXmGPozlbVk\nApgdyQl51sVd9WW2N8Ivw5BIYotNzdC2Ke5pRHKNV0RJEnwpMyhy8ZtHrdrotacV\nBTTrGm9WDaFvjJAxvdb/MjurBtXc8VY+L8ldHTUCgYEA7A6Y26QyeX1McIqbBPCt\nwX7ZBP1qXzwjz3MROTSkmtLw2uVb7RmID0E6/qR4bpJ5PNXdajIraco4mJ5JJRie\nRlD4/YXSkKhdjBn13attb3UEOs7i3sHWuAFREOu8AkcLTJbM0cE3wGffNVLKPD5Y\n/1cnliQmDUo4p2rXwMJ/nIcCgYA2LZVm04KEuIRUHSfpg6ffvOwrSzVnO3kVhadL\ntyrIEwg9Sao8YX+kR85gwx73jHWAbVF+sOLXfNGliaxni+75wykaj/Si45yqbhWc\nOwbSDZAxfii/tEv+ji1MlcL450Vu5ONm2oGBfSd1PbugisEewaq0BZLToQbcm1Gp\nLXru4QKBgQCPakyxF915r6C67w/ndbcf0cqgFL2+HdOvWm0JmKC60LGIfiw2qpQi\nRx1wKyjp0kWJLe7wpE5wdUYjpFMkj/ygex02UvTmi34MlnGGGcdDPUrQ6hY08is+\nqURI3w5QPX1yjcXcMlDcp7F1L7sok7dGyQHqybVMT/kC3EuITvkwxg==\n-----END RSA PRIVATE KEY-----\n",
      "type": "string",
      "sensitive": true
    },
    "new_york_private_key": {
      "value": "-----BEGIN RSA PRIVATE KEY-----\nMIIEowIBAAKCAQEA0BxWqHv3roGc/YWMPTrk/duZNBmloZzuotRr33NgTENAelMg\nYQV064BJZMXqb8XCAFNcL1Ktpnb8kCPB1W2bpsUb9X3z4+kL2Fv+ebxRKRr/NvB5\njI9An//MyYgvoqJlCJCHOoZuNghqK9qnKo0oAwrHR+/wbkNLPoDzJzr6vZzmohOM\nuwvc/Dz6N1u4uvn4L5rVnaM3+3utsIjrbeHw136gKp/ZpKNkRtnNuPjidmLszuEs\ncfd9lokPR25ZYKHWFk0ZFNX5E5V8jb2ytj0vXyDYuTeZZR+r6w4L28CKb24bfzhA\nKEFwoJLuL4ZfvjtgHvnN8qurhaC32ImHUL7A2QIDAQABAoIBABQUF9xLkZr5kF75\nao1hyEQh0scvDkbocDGvkvTNGeZhuq/So1YZA63RA8PAQJ0mFFCZulQqguyDoFx7\nxrDD0Xemnsrxqv07N9RZE9VE8QOpQiRX0TJZg9+r+2MaS5ZCWsMXxqRD4hA+gZfX\nkbdORST9/joXkTfiMDlIka0gSJ7Qfs6nqIr1/Jko2I8rJTiyxF4Um+Gfs47QWeww\nKmr7Y2bvd/XJVY9kPoEntmjHcfxpphkjZwm07Uo/1qJX8qzj8n6vi9DuLVtXxJZn\ns2b41FCEOYSDVN44h5Vu2Xn6vzXxOnVomlVPNdu2jtydTOQvHNJ2y7oNomXcs4s4\nyqMYwK0CgYEA+9WMVWlK8ec/pSF+Q2qawYYib4dRtgacQIox1EggJ+tWe+KunVsb\nEuXwKdfqwYv/cbzy1bVdwjD7Lzjh8xpeBc4yal75XTqnXay3VH69r96HLXnWelTs\n1kL6dgncGTzbh/i+SWDwXQsNsFO2OU2rq6fdgL4+gT6Gykra30jDczsCgYEA042i\nArOW6Reabwl869N4O11bAbXQYwtEDClKzFyf9mq5iQCsT/mebZT4ZSUJ98lTTkJq\nD287J316FOz2B5Tn+SXkFeSLLXVeB6Hkz+Cac2xVuu08tT+DDCdZtms/nIgF6Gam\nrBValY0AVvQjp5LvS3V3TxLEWyqDa8E/zvGd8vsCgYBZaAhJbndICIRk+M4d2yQU\nHq3tEIqm6BPjKezk47Je2cM7ek/p16V2ASJRiLF0g2JuG9nOm3Qs9DzJGBXHvA2z\nW/A0KYG4YpF2xVHU8qYfYQ52y7GkfrASpXbMH1X/s8ZwsJPF81+CeOEkP6QLFhMj\nfxY5ldEVC4DJIugvq2KQbwKBgCW94uVwfL/hAiBFJRA9jfmpUg8gDKle3Sj+ROXo\nsHEZ4Tfb8uHhuq36IcaJsRmPxVj06E8QnREShbEuBUac/jWo2OQ+/cWCZuAdteCQ\nRX3KGhFbObVsO0jzzEGLKLIYYlVv2tRgiuSbXzAkJihDQoXH0x08T+Oj1gZnV6bn\n3DH5AoGBAMCxMcOsEeRlJ4qMabrPP19ajIxfDrR5ycC8PR9m0SEg1YBafJoqb1zm\ni+pAQ9xtB23sjJP/57UDqb/m+dNPSkQGuhjls80kSuc7xKftYqNub4j52SvNwkcA\nTlUfG7f6o+rL3hWHFBnmACZcRVrVqIKv9KtHBI18DQRfBBnGd661\n-----END RSA PRIVATE KEY-----\n",
      "type": "string",
      "sensitive": true
    },
    "sao_paulo_private_key": {
      "value": "-----BEGIN RSA PRIVATE KEY-----\nMIIEpAIBAAKCAQEA1wIILT4Y74x151VDkwdRf/Gr2IeDQ6DGMgSELNlDe+9QRTL9\nlCH28aaTPEsSBRmBGvh4ElWtC8mRIkxqR2BubXrYUmaCL9YdpSDJKgbEXkY4A1Uw\nT+NkA8/yZpgPWfX2+0ZcqXS4Kq+G8UPa7C4iwaKQgEqMJ+sbCwZoV4ZqCpSvwOE3\n5iM5dpz3tpbxGVTgycQRAWxBSsHy4DlGU/Yt2htFbdRO11aBW5L/Quzo7TMybgpr\nyogo9UQxMWug9dneDsn1/rjwnjcrfyIZADnJWnDpKtttd4EIRdbQcitTGwc4U5U+\nbcjSzOoO+1Q1CqdsHR3B+xFXSB2nfL3ZRc1ZqQIDAQABAoIBAQC4bNbEsApFmC8e\nQkXXXSSsYYktD3gpz0OSbctOiQJY0XsCEG3w3X1r5J1Qz3fihfD3SH/+Ah2QCdMD\nH5beKLowEHpzm9g53ijJlqjW8r0HvKWZPj5VmFAW8Q0UsYQhf1jeSol7FVJP0wYl\n9zVW92/6tk3KracxKnqk51cjFHnrHfJGusGvRJdItjRQyF/fpVPqaJgzKasFFItK\nZjd/wT+z4R8q4C+tdZzH+5jfTRZsXNgKLvIpheT2OUiQzNJrRK1KzOLhsIDUJ0j3\njGYHLlO1ZXh0eOFf5HQoOttKmI/46uIpCUoZTj+5yPwBZhspoMb6iGaO4JLrTIk0\nvCPmKdpdAoGBAOPJjTExu3sebZxr1odDq8XlUGmAMEu2uRdGIYzdE4QiMzqnTB/L\nMQ02JClp3EprrrSBwVggYCniWazkVU2vDRlnIeWEY5loLDd6Zz/RZYVMtsOyUZGY\nxt1JKYf/Mi5i2Wzz6Plhi42qBuaQkxlmMrQmz1xDc/SW7/SsNN5vFm7LAoGBAPGj\nSPeitkBDOJCHFWxoUcarGy6bmPyHWpX1bcfkNDjW1Bh5SniDZ1f336H18jtgz1WJ\n2h0jqOcWdTsdQonebEt8ZdQlA3HZQ8babAyA1Jb0c7FmcbSX4d1LKf/gGZ1yZ2yb\nQ4huCKGA9/YUnITfIj+awa4WVz3155HrkyevQXbbAoGBAM6IiwqVyyXA2yW+6U7P\n3smaOCTQY/nifURLBFSShwWBdO2zjuQs+ha+hl8+aszXghqMo9/hyw9u+lw209mR\n5NCpoCRYu2329FCBHWjR1bjda8FYx3i6C2XM1mlGzBse6YFOTmj/NueFyKf5Ykbf\nUQ3jOpSvXE3jJUK1eWJNWwutAoGASVXXJWD6kxJTrnlw5Q/cEcGIZGLQ0YN62Jw+\nDzaRKtb4U90r3ttyl94gvxTXyXGeO0W1LrbN4iSMu74rnZAlqds9RF9fZkQcL9PG\nixzmaFIUcri2taqK4BCZ1JB89a3s+ac9ncBXWjy8BLFIt4LI8CjVszIQlDt3Zm/q\nn1avNZUCgYAJhMFt6QN0+V3S1wtd7W7F50G6OXTVnD/1KnYMJk4bu7Cw4yHFki4v\n90Yn5T8P46glVnYPG4xhFiv7sfQSdLToeInmNaoRxIFjb7L9eyJUONwbSXME5yWo\n0AlTuS0rz3+tFDjUeHmXV0WsOZDz/JYXv3DXbDWRDRdrHgNbL6U6Pw==\n-----END RSA PRIVATE KEY-----\n",
      "type": "string",
      "sensitive": true
    },
    "tokyo_private_key": {
      "value": "-----BEGIN RSA PRIVATE KEY-----\nMIIEowIBAAKCAQEA2bf2mDzN5WYx2p5yQ6/xT6QKp+SahRYu8rxribtM81pf9V+M\n0DLP7WkN8zQoLR0lpTVTfiXozd+LXVG/gh1wIhNSD7UfcXnRyXZA743x1Qvf9EMb\n3M5XCqsh4bsrhKz6UExlIqaLXSniuTpKynmT26acpviurGzEhVWUUnqCRcq5JWES\njTXNQCKqCwZGnHBh2ij14MdQuinJ34MOM/u4Rs1AdrweaqO/3UdQWPgZl4n7CTAQ\nbTVjz9+NkUvf32wWRbr91R7ZBxcrGG1jyHTG74Lsyds5FSG4NZy25mXD4ya9i4Ng\ngNV0eqAGfbE5OQmS85uwSqWg0r28C7/IRNuGrQIDAQABAoIBADrd+tb+2c0E7MXn\nwY17rQuTly3+KamCbf9D4u/CrPO/o+J8i15f3siadyMjHxnTn7Ij0QdyyJehsdTx\nnY5Y11DfWHjWyEGuZoLKbpRXFOQ96bfpzUbOo8pGq0qViRa+jo/XmCDeVyBBiwP6\nNu64ILprOkALTW9hmWFT2l7SsRadUfHRyFnvLzUCtZXyLS4V9vvZxRqxK5EMhNBe\n/WhdtFt8F8BNsUY/QX02snc5+Z821SZ1V1TPKr53b45dm3cKFGvPx7Zj2eJCyz04\nY+bVN/FAoTJV7YCDvg7OX70XS5/1RwnAYDb11+soRX8KizgSRoJps7RFHCkP7AIN\ny1wNRAECgYEA8HFB8q5N/ccDMBZjBPAsmWVjRJ8f9zcoz3rq6mnxqW4zYIGt8hXw\nw7B+3bjsq+7RF+QcX+uAJqLcGNLRHU9vYdL61OJxS8LdYb2paycNJhOPqSsTfj9N\n5XJIe4/lG3xiE5+tnGzz2uTLwoDgQyW1zMd854FCXIPykwR4NJm4gY0CgYEA585N\nq4xGkOLY0nohiRhIVTN2DAjQwDn1c4+mKBMnWJDwDCjBLVBqSrOoNPATC0l7OPDq\nk5TqS20CyohuXfHMsOVXSC4IRlSR5Cr6+BBXWZI0adU6nUU5b1TGU3FyFb8rp/hw\n9KEG8nLOl8oxjL+SNJhLxTuuJ1MgYb9dktUygaECgYA+NU9Wtno/Ooo8ms4rrOgd\nF/pC+tiOYZsRcz/sPlTj/TsVsPeMNtkACF4Kh5nUMgmvILmmp4uUc3Z2hbTM3Ix4\nxtlW0u91JomYjDWVH5lrTIxSvG5ir4Y74wGV1nj0T44gfaOxYQ8Gh0Ogoy9isBMF\nVGegjfTZctoD55giI9N00QKBgFGVwKxyEJwJ2zopFgiEbWDfXdrad25Qd90WX+qW\n4zA+wt3ksijatq5YEQmgvXMph58A2+7ZaKTnVyYlYoLaCarw7QlQekUWmsptfis0\nxSmXVa8yBxE3PgG7GppfwUF6KUlTHZ5b1nAajC/MUCgzfKfaOkDOwnrAvRLqIWr+\ncmpBAoGBALdaUTHrFEIAG/LRIjv4fCbV3QtmUSOxWFWaP5SzOko9gA6i3idD2WWx\nfJJUVQE1uEVI9Wk8Lr+teIGxNJZcw/AsIr9Dnl4VQ7SnX7HO319be1vDC18M2sI4\nMrfUOCz2jqFZvXZTHXio9jSaQA0NF/3jmsw1FNZdVekpMLDoPtGM\n-----END RSA PRIVATE KEY-----\n",
      "type": "string",
      "sensitive": true
    }
  },
  "resources": [
    {
      "mode": "managed",
      "type": "aws_autoscaling_group",
      "name": "australia",
      "provider": "provider[\"registry.terraform.io/hashicorp/aws\"].Australia",
      "instances": [
        {
          "schema_version": 0,
          "attributes": {
            "arn": "arn:aws:autoscaling:ap-southeast-2:727646505590:autoScalingGroup:b85563e3-df5f-411e-8e9f-358c707de897:autoScalingGroupName/australia",
            "availability_zones": [
              "ap-southeast-2a",
              "ap-southeast-2b"
            ],
            "capacity_rebalance": false,
            "default_cooldown": 300,
            "desired_capacity": 3,
            "enabled_metrics": [
              "GroupDesiredCapacity",
              "GroupInServiceInstances",
              "GroupMaxSize",
              "GroupMinSize",
              "GroupTotalInstances"
            ],
            "force_delete": true,
            "force_delete_warm_pool": false,
            "health_check_grace_period": 300,
            "health_check_type": "ELB",
            "id": "australia",
            "initial_lifecycle_hook": [
              {
                "default_result": "CONTINUE",
                "heartbeat_timeout": 120,
                "lifecycle_transition": "autoscaling:EC2_INSTANCE_LAUNCHING",
                "name": "launch_australia",
                "notification_metadata": "{\"foo\":\"bar\"}",
                "notification_target_arn": "",
                "role_arn": ""
              },
              {
                "default_result": "CONTINUE",
                "heartbeat_timeout": 120,
                "lifecycle_transition": "autoscaling:EC2_INSTANCE_TERMINATING",
                "name": "terminate_australia",
                "notification_metadata": "",
                "notification_target_arn": "",
                "role_arn": ""
              }
            ],
            "instance_refresh": [],
            "launch_configuration": "",
            "launch_template": [
              {
                "id": "lt-09b27bce457611cd7",
                "name": "launch_australia",
                "version": "$Latest"
              }
            ],
            "load_balancers": [],
            "max_instance_lifetime": 0,
            "max_size": 6,
            "metrics_granularity": "1Minute",
            "min_elb_capacity": null,
            "min_size": 3,
            "mixed_instances_policy": [],
            "name": "australia",
            "name_prefix": "",
            "placement_group": "",
            "protect_from_scale_in": false,
            "service_linked_role_arn": "arn:aws:iam::727646505590:role/aws-service-role/autoscaling.amazonaws.com/AWSServiceRoleForAutoScaling",
            "suspended_processes": [],
            "tag": [],
            "tags": null,
            "target_group_arns": [
              "arn:aws:elasticloadbalancing:ap-southeast-2:727646505590:targetgroup/Australia-TG-80/61114e0f6104b0aa"
            ],
            "termination_policies": [],
            "timeouts": null,
            "vpc_zone_identifier": [
              "subnet-03641916264499a74",
              "subnet-053ce636ffce2f984"
            ],
            "wait_for_capacity_timeout": "10m",
            "wait_for_elb_capacity": null,
            "warm_pool": []
          },
          "sensitive_attributes": [],
          "private": "eyJlMmJmYjczMC1lY2FhLTExZTYtOGY4OC0zNDM2M2JjN2M0YzAiOnsiZGVsZXRlIjo2MDAwMDAwMDAwMDB9fQ==",
          "dependencies": [
            "aws_key_pair.australia",
            "aws_launch_template.launch_australia",
            "aws_lb_target_group.Australia-TG-80",
            "aws_security_group.australia-sg",
            "aws_subnet.private-ap-southeast-2a",
            "aws_subnet.private-ap-southeast-2b",
            "aws_vpc.australia-vpc",
            "tls_private_key.australia"
          ]
        }
      ]
    },
    {
      "mode": "managed",
      "type": "aws_autoscaling_group",
      "name": "california",
      "provider": "provider[\"registry.terraform.io/hashicorp/aws\"].California",
      "instances": [
        {
          "schema_version": 0,
          "attributes": {
            "arn": "arn:aws:autoscaling:us-west-1:727646505590:autoScalingGroup:a69dee03-0ab6-4f39-81ea-0e1b4787da02:autoScalingGroupName/california",
            "availability_zones": [
              "us-west-1b",
              "us-west-1c"
            ],
            "capacity_rebalance": false,
            "default_cooldown": 300,
            "desired_capacity": 3,
            "enabled_metrics": [
              "GroupDesiredCapacity",
              "GroupInServiceInstances",
              "GroupMaxSize",
              "GroupMinSize",
              "GroupTotalInstances"
            ],
            "force_delete": true,
            "force_delete_warm_pool": false,
            "health_check_grace_period": 300,
            "health_check_type": "ELB",
            "id": "california",
            "initial_lifecycle_hook": [
              {
                "default_result": "CONTINUE",
                "heartbeat_timeout": 120,
                "lifecycle_transition": "autoscaling:EC2_INSTANCE_LAUNCHING",
                "name": "launch_california",
                "notification_metadata": "{\"foo\":\"bar\"}",
                "notification_target_arn": "",
                "role_arn": ""
              },
              {
                "default_result": "CONTINUE",
                "heartbeat_timeout": 120,
                "lifecycle_transition": "autoscaling:EC2_INSTANCE_TERMINATING",
                "name": "terminate_california",
                "notification_metadata": "",
                "notification_target_arn": "",
                "role_arn": ""
              }
            ],
            "instance_refresh": [],
            "launch_configuration": "",
            "launch_template": [
              {
                "id": "lt-06abcfdbe23252e50",
                "name": "launch_california",
                "version": "$Latest"
              }
            ],
            "load_balancers": [],
            "max_instance_lifetime": 0,
            "max_size": 6,
            "metrics_granularity": "1Minute",
            "min_elb_capacity": null,
            "min_size": 3,
            "mixed_instances_policy": [],
            "name": "california",
            "name_prefix": "",
            "placement_group": "",
            "protect_from_scale_in": false,
            "service_linked_role_arn": "arn:aws:iam::727646505590:role/aws-service-role/autoscaling.amazonaws.com/AWSServiceRoleForAutoScaling",
            "suspended_processes": [],
            "tag": [],
            "tags": null,
            "target_group_arns": [
              "arn:aws:elasticloadbalancing:us-west-1:727646505590:targetgroup/California-TG-80/7425f5d1aca0d5bc"
            ],
            "termination_policies": [],
            "timeouts": null,
            "vpc_zone_identifier": [
              "subnet-0ebba28149890985c",
              "subnet-0f4f2e6f8c51797b9"
            ],
            "wait_for_capacity_timeout": "10m",
            "wait_for_elb_capacity": null,
            "warm_pool": []
          },
          "sensitive_attributes": [],
          "private": "eyJlMmJmYjczMC1lY2FhLTExZTYtOGY4OC0zNDM2M2JjN2M0YzAiOnsiZGVsZXRlIjo2MDAwMDAwMDAwMDB9fQ==",
          "dependencies": [
            "aws_key_pair.california",
            "aws_launch_template.launch_california",
            "aws_lb_target_group.California-TG-80",
            "aws_security_group.california-sg",
            "aws_subnet.private-us-west-1b",
            "aws_subnet.private-us-west-1c",
            "aws_vpc.california-vpc",
            "tls_private_key.california"
          ]
        }
      ]
    },
    {
      "mode": "managed",
      "type": "aws_autoscaling_group",
      "name": "hong-kong",
      "provider": "provider[\"registry.terraform.io/hashicorp/aws\"].Hong-Kong",
      "instances": [
        {
          "schema_version": 0,
          "attributes": {
            "arn": "arn:aws:autoscaling:ap-east-1:727646505590:autoScalingGroup:4fbc4b5d-d43e-4f86-b14a-e9f1152996c1:autoScalingGroupName/hong-kong20250105083859923300000003",
            "availability_zones": [
              "ap-east-1a",
              "ap-east-1b"
            ],
            "capacity_rebalance": false,
            "default_cooldown": 300,
            "desired_capacity": 3,
            "enabled_metrics": [
              "GroupDesiredCapacity",
              "GroupInServiceInstances",
              "GroupMaxSize",
              "GroupMinSize",
              "GroupTotalInstances"
            ],
            "force_delete": true,
            "force_delete_warm_pool": false,
            "health_check_grace_period": 300,
            "health_check_type": "ELB",
            "id": "hong-kong20250105083859923300000003",
            "initial_lifecycle_hook": [
              {
                "default_result": "CONTINUE",
                "heartbeat_timeout": 300,
                "lifecycle_transition": "autoscaling:EC2_INSTANCE_TERMINATING",
                "name": "scale-in-protection",
                "notification_metadata": "",
                "notification_target_arn": "",
                "role_arn": ""
              },
              {
                "default_result": "CONTINUE",
                "heartbeat_timeout": 60,
                "lifecycle_transition": "autoscaling:EC2_INSTANCE_LAUNCHING",
                "name": "instance-protection-launch",
                "notification_metadata": "{\"foo\":\"bar\"}",
                "notification_target_arn": "",
                "role_arn": ""
              }
            ],
            "instance_refresh": [],
            "launch_configuration": "",
            "launch_template": [
              {
                "id": "lt-0e441bd1fd43b5f68",
                "name": "launch_hong-kong",
                "version": "$Latest"
              }
            ],
            "load_balancers": [],
            "max_instance_lifetime": 0,
            "max_size": 6,
            "metrics_granularity": "1Minute",
            "min_elb_capacity": null,
            "min_size": 3,
            "mixed_instances_policy": [],
            "name": "hong-kong20250105083859923300000003",
            "name_prefix": "hong-kong",
            "placement_group": "",
            "protect_from_scale_in": false,
            "service_linked_role_arn": "arn:aws:iam::727646505590:role/aws-service-role/autoscaling.amazonaws.com/AWSServiceRoleForAutoScaling",
            "suspended_processes": [],
            "tag": [],
            "tags": null,
            "target_group_arns": [
              "arn:aws:elasticloadbalancing:ap-east-1:727646505590:targetgroup/Hong-Kong-TG-80/2838fb6ffb6f27be"
            ],
            "termination_policies": [],
            "timeouts": null,
            "vpc_zone_identifier": [
              "subnet-0307f24307704f237",
              "subnet-0316d0bfbe177fbbe"
            ],
            "wait_for_capacity_timeout": "10m",
            "wait_for_elb_capacity": null,
            "warm_pool": []
          },
          "sensitive_attributes": [],
          "private": "eyJlMmJmYjczMC1lY2FhLTExZTYtOGY4OC0zNDM2M2JjN2M0YzAiOnsiZGVsZXRlIjo2MDAwMDAwMDAwMDB9fQ==",
          "dependencies": [
            "aws_key_pair.hong-kong",
            "aws_launch_template.launch_hong-kong",
            "aws_lb_target_group.Hong-Kong-TG-80",
            "aws_security_group.hong-kong-sg",
            "aws_subnet.private-ap-east-1a",
            "aws_subnet.private-ap-east-1b",
            "aws_vpc.hong-kong-vpc",
            "tls_private_key.hong-kong"
          ]
        }
      ]
    },
    {
      "mode": "managed",
      "type": "aws_autoscaling_group",
      "name": "london",
      "provider": "provider[\"registry.terraform.io/hashicorp/aws\"].London",
      "instances": [
        {
          "schema_version": 0,
          "attributes": {
            "arn": "arn:aws:autoscaling:eu-west-2:727646505590:autoScalingGroup:dbdc197f-5392-4abc-bfb6-2d8ed42a2f74:autoScalingGroupName/london",
            "availability_zones": [
              "eu-west-2a",
              "eu-west-2b"
            ],
            "capacity_rebalance": false,
            "default_cooldown": 300,
            "desired_capacity": 3,
            "enabled_metrics": [
              "GroupDesiredCapacity",
              "GroupInServiceInstances",
              "GroupMaxSize",
              "GroupMinSize",
              "GroupTotalInstances"
            ],
            "force_delete": true,
            "force_delete_warm_pool": false,
            "health_check_grace_period": 300,
            "health_check_type": "ELB",
            "id": "london",
            "initial_lifecycle_hook": [
              {
                "default_result": "CONTINUE",
                "heartbeat_timeout": 120,
                "lifecycle_transition": "autoscaling:EC2_INSTANCE_LAUNCHING",
                "name": "launch_london",
                "notification_metadata": "{\"foo\":\"bar\"}",
                "notification_target_arn": "",
                "role_arn": ""
              },
              {
                "default_result": "CONTINUE",
                "heartbeat_timeout": 120,
                "lifecycle_transition": "autoscaling:EC2_INSTANCE_TERMINATING",
                "name": "terminate_london",
                "notification_metadata": "",
                "notification_target_arn": "",
                "role_arn": ""
              }
            ],
            "instance_refresh": [],
            "launch_configuration": "",
            "launch_template": [
              {
                "id": "lt-062ae2cfb83aa37fc",
                "name": "launch_london",
                "version": "$Latest"
              }
            ],
            "load_balancers": [],
            "max_instance_lifetime": 0,
            "max_size": 6,
            "metrics_granularity": "1Minute",
            "min_elb_capacity": null,
            "min_size": 3,
            "mixed_instances_policy": [],
            "name": "london",
            "name_prefix": "",
            "placement_group": "",
            "protect_from_scale_in": false,
            "service_linked_role_arn": "arn:aws:iam::727646505590:role/aws-service-role/autoscaling.amazonaws.com/AWSServiceRoleForAutoScaling",
            "suspended_processes": [],
            "tag": [],
            "tags": null,
            "target_group_arns": [
              "arn:aws:elasticloadbalancing:eu-west-2:727646505590:targetgroup/London-TG-80/1f9e4c3ccccd9a51"
            ],
            "termination_policies": [],
            "timeouts": null,
            "vpc_zone_identifier": [
              "subnet-059f08ffa54fe9b78",
              "subnet-07b88da6311283451"
            ],
            "wait_for_capacity_timeout": "10m",
            "wait_for_elb_capacity": null,
            "warm_pool": []
          },
          "sensitive_attributes": [],
          "private": "eyJlMmJmYjczMC1lY2FhLTExZTYtOGY4OC0zNDM2M2JjN2M0YzAiOnsiZGVsZXRlIjo2MDAwMDAwMDAwMDB9fQ==",
          "dependencies": [
            "aws_key_pair.london",
            "aws_launch_template.launch_london",
            "aws_lb_target_group.London-TG-80",
            "aws_security_group.london-sg",
            "aws_subnet.private-eu-west-2a",
            "aws_subnet.private-eu-west-2b",
            "aws_vpc.london-vpc",
            "tls_private_key.london"
          ]
        }
      ]
    },
    {
      "mode": "managed",
      "type": "aws_autoscaling_group",
      "name": "new_york",
      "provider": "provider[\"registry.terraform.io/hashicorp/aws\"].New-York",
      "instances": [
        {
          "schema_version": 0,
          "attributes": {
            "arn": "arn:aws:autoscaling:us-east-1:727646505590:autoScalingGroup:9df54d82-2209-4d57-9f5f-678322478c5d:autoScalingGroupName/new_york20250105083447029900000004",
            "availability_zones": [
              "us-east-1a",
              "us-east-1b"
            ],
            "capacity_rebalance": false,
            "default_cooldown": 300,
            "desired_capacity": 3,
            "enabled_metrics": [
              "GroupDesiredCapacity",
              "GroupInServiceInstances",
              "GroupMaxSize",
              "GroupMinSize",
              "GroupTotalInstances"
            ],
            "force_delete": true,
            "force_delete_warm_pool": false,
            "health_check_grace_period": 300,
            "health_check_type": "ELB",
            "id": "new_york20250105083447029900000004",
            "initial_lifecycle_hook": [
              {
                "default_result": "CONTINUE",
                "heartbeat_timeout": 120,
                "lifecycle_transition": "autoscaling:EC2_INSTANCE_LAUNCHING",
                "name": "launch_new-york",
                "notification_metadata": "{\"foo\":\"bar\"}",
                "notification_target_arn": "",
                "role_arn": ""
              },
              {
                "default_result": "CONTINUE",
                "heartbeat_timeout": 120,
                "lifecycle_transition": "autoscaling:EC2_INSTANCE_TERMINATING",
                "name": "terminate_new-york",
                "notification_metadata": "",
                "notification_target_arn": "",
                "role_arn": ""
              }
            ],
            "instance_refresh": [],
            "launch_configuration": "",
            "launch_template": [
              {
                "id": "lt-01485c795cdefa80a",
                "name": "launch_new-york",
                "version": "$Latest"
              }
            ],
            "load_balancers": [],
            "max_instance_lifetime": 0,
            "max_size": 6,
            "metrics_granularity": "1Minute",
            "min_elb_capacity": null,
            "min_size": 3,
            "mixed_instances_policy": [],
            "name": "new_york20250105083447029900000004",
            "name_prefix": "new_york",
            "placement_group": "",
            "protect_from_scale_in": false,
            "service_linked_role_arn": "arn:aws:iam::727646505590:role/aws-service-role/autoscaling.amazonaws.com/AWSServiceRoleForAutoScaling",
            "suspended_processes": [],
            "tag": [],
            "tags": null,
            "target_group_arns": [
              "arn:aws:elasticloadbalancing:us-east-1:727646505590:targetgroup/New-York-TG-80/0f9963396302f0d8"
            ],
            "termination_policies": [],
            "timeouts": null,
            "vpc_zone_identifier": [
              "subnet-031fe210e0169c98e",
              "subnet-0bd38b299d954d7b1"
            ],
            "wait_for_capacity_timeout": "10m",
            "wait_for_elb_capacity": null,
            "warm_pool": []
          },
          "sensitive_attributes": [],
          "private": "eyJlMmJmYjczMC1lY2FhLTExZTYtOGY4OC0zNDM2M2JjN2M0YzAiOnsiZGVsZXRlIjo2MDAwMDAwMDAwMDB9fQ==",
          "dependencies": [
            "aws_launch_template.launch_new-york",
            "aws_lb_target_group.New-York-TG-80",
            "aws_security_group.new-york-sg",
            "aws_subnet.private-us-east-1a",
            "aws_subnet.private-us-east-1b",
            "aws_vpc.new-york-vpc"
          ]
        }
      ]
    },
    {
      "mode": "managed",
      "type": "aws_autoscaling_group",
      "name": "sao_paulo",
      "provider": "provider[\"registry.terraform.io/hashicorp/aws\"].Sao-Paulo",
      "instances": [
        {
          "schema_version": 0,
          "attributes": {
            "arn": "arn:aws:autoscaling:sa-east-1:727646505590:autoScalingGroup:9ec14e90-5e5f-4f7f-809f-8f5e45e9d074:autoScalingGroupName/sao_paulo",
            "availability_zones": [
              "sa-east-1a",
              "sa-east-1c"
            ],
            "capacity_rebalance": false,
            "default_cooldown": 300,
            "desired_capacity": 3,
            "enabled_metrics": [
              "GroupDesiredCapacity",
              "GroupInServiceInstances",
              "GroupMaxSize",
              "GroupMinSize",
              "GroupTotalInstances"
            ],
            "force_delete": true,
            "force_delete_warm_pool": false,
            "health_check_grace_period": 300,
            "health_check_type": "ELB",
            "id": "sao_paulo",
            "initial_lifecycle_hook": [
              {
                "default_result": "CONTINUE",
                "heartbeat_timeout": 120,
                "lifecycle_transition": "autoscaling:EC2_INSTANCE_LAUNCHING",
                "name": "launch_sao-paulo",
                "notification_metadata": "{\"foo\":\"bar\"}",
                "notification_target_arn": "",
                "role_arn": ""
              },
              {
                "default_result": "CONTINUE",
                "heartbeat_timeout": 120,
                "lifecycle_transition": "autoscaling:EC2_INSTANCE_TERMINATING",
                "name": "term_sao-paulo",
                "notification_metadata": "",
                "notification_target_arn": "",
                "role_arn": ""
              }
            ],
            "instance_refresh": [],
            "launch_configuration": "",
            "launch_template": [
              {
                "id": "lt-07b53e8a6aa20e2ca",
                "name": "launch_sao-paulo",
                "version": "$Latest"
              }
            ],
            "load_balancers": [],
            "max_instance_lifetime": 0,
            "max_size": 6,
            "metrics_granularity": "1Minute",
            "min_elb_capacity": null,
            "min_size": 3,
            "mixed_instances_policy": [],
            "name": "sao_paulo",
            "name_prefix": "",
            "placement_group": "",
            "protect_from_scale_in": false,
            "service_linked_role_arn": "arn:aws:iam::727646505590:role/aws-service-role/autoscaling.amazonaws.com/AWSServiceRoleForAutoScaling",
            "suspended_processes": [],
            "tag": [],
            "tags": null,
            "target_group_arns": [
              "arn:aws:elasticloadbalancing:sa-east-1:727646505590:targetgroup/Sao-Paulo-TG-80/80d1a26cf76e6b9f"
            ],
            "termination_policies": [],
            "timeouts": null,
            "vpc_zone_identifier": [
              "subnet-053f85cbae8284e44",
              "subnet-0c3ffd7a711ae988f"
            ],
            "wait_for_capacity_timeout": "10m",
            "wait_for_elb_capacity": null,
            "warm_pool": []
          },
          "sensitive_attributes": [],
          "private": "eyJlMmJmYjczMC1lY2FhLTExZTYtOGY4OC0zNDM2M2JjN2M0YzAiOnsiZGVsZXRlIjo2MDAwMDAwMDAwMDB9fQ==",
          "dependencies": [
            "aws_key_pair.sao-paulo",
            "aws_launch_template.launch_sao-paulo",
            "aws_lb_target_group.Sao-Paulo-TG-80",
            "aws_security_group.sao-paulo-sg",
            "aws_subnet.private-sa-east-1a",
            "aws_subnet.private-sa-east-1c",
            "aws_vpc.sao-paulo-vpc",
            "tls_private_key.sao-paulo"
          ]
        }
      ]
    },
    {
      "mode": "managed",
      "type": "aws_autoscaling_group",
      "name": "tokyo",
      "provider": "provider[\"registry.terraform.io/hashicorp/aws\"].Tokyo",
      "instances": [
        {
          "schema_version": 0,
          "attributes": {
            "arn": "arn:aws:autoscaling:ap-northeast-1:727646505590:autoScalingGroup:45a1163c-26ef-48bc-995f-e3cd86991729:autoScalingGroupName/tokyo20250105083726134300000004",
            "availability_zones": [
              "ap-northeast-1a",
              "ap-northeast-1c"
            ],
            "capacity_rebalance": false,
            "default_cooldown": 300,
            "desired_capacity": 3,
            "enabled_metrics": [
              "GroupDesiredCapacity",
              "GroupInServiceInstances",
              "GroupMaxSize",
              "GroupMinSize",
              "GroupTotalInstances"
            ],
            "force_delete": true,
            "force_delete_warm_pool": false,
            "health_check_grace_period": 300,
            "health_check_type": "ELB",
            "id": "tokyo20250105083726134300000004",
            "initial_lifecycle_hook": [
              {
                "default_result": "CONTINUE",
                "heartbeat_timeout": 120,
                "lifecycle_transition": "autoscaling:EC2_INSTANCE_LAUNCHING",
                "name": "launch_tokyo",
                "notification_metadata": "{\"foo\":\"bar\"}",
                "notification_target_arn": "",
                "role_arn": ""
              },
              {
                "default_result": "CONTINUE",
                "heartbeat_timeout": 120,
                "lifecycle_transition": "autoscaling:EC2_INSTANCE_TERMINATING",
                "name": "terminate_tokyo",
                "notification_metadata": "",
                "notification_target_arn": "",
                "role_arn": ""
              }
            ],
            "instance_refresh": [],
            "launch_configuration": "",
            "launch_template": [
              {
                "id": "lt-068c52313185f336e",
                "name": "launch_tokyo",
                "version": "$Latest"
              }
            ],
            "load_balancers": [],
            "max_instance_lifetime": 0,
            "max_size": 6,
            "metrics_granularity": "1Minute",
            "min_elb_capacity": null,
            "min_size": 3,
            "mixed_instances_policy": [],
            "name": "tokyo20250105083726134300000004",
            "name_prefix": "tokyo",
            "placement_group": "",
            "protect_from_scale_in": false,
            "service_linked_role_arn": "arn:aws:iam::727646505590:role/aws-service-role/autoscaling.amazonaws.com/AWSServiceRoleForAutoScaling",
            "suspended_processes": [],
            "tag": [],
            "tags": null,
            "target_group_arns": [
              "arn:aws:elasticloadbalancing:ap-northeast-1:727646505590:targetgroup/Tokyo-TG-80/3b504fcac34c2b08"
            ],
            "termination_policies": [],
            "timeouts": null,
            "vpc_zone_identifier": [
              "subnet-0473863854caa4fe9",
              "subnet-0af9f1fcacad7482b"
            ],
            "wait_for_capacity_timeout": "10m",
            "wait_for_elb_capacity": null,
            "warm_pool": []
          },
          "sensitive_attributes": [],
          "private": "eyJlMmJmYjczMC1lY2FhLTExZTYtOGY4OC0zNDM2M2JjN2M0YzAiOnsiZGVsZXRlIjo2MDAwMDAwMDAwMDB9fQ==",
          "dependencies": [
            "aws_key_pair.tokyo",
            "aws_launch_template.launch_tokyo",
            "aws_lb_target_group.Tokyo-TG-80",
            "aws_security_group.tokyo-sg",
            "aws_subnet.private-ap-northeast-1a",
            "aws_subnet.private-ap-northeast-1c",
            "aws_vpc.tokyo-vpc",
            "tls_private_key.tokyo"
          ]
        }
      ]
    },
    {
      "mode": "managed",
      "type": "aws_autoscaling_policy",
      "name": "Australia-Scaling-Policy",
      "provider": "provider[\"registry.terraform.io/hashicorp/aws\"].Australia",
      "instances": [
        {
          "schema_version": 0,
          "attributes": {
            "adjustment_type": "",
            "arn": "arn:aws:autoscaling:ap-southeast-2:727646505590:scalingPolicy:3c3319fc-7a20-431f-b330-4950e2da437e:autoScalingGroupName/australia:policyName/Australia-cpu-target",
            "autoscaling_group_name": "australia",
            "cooldown": 0,
            "estimated_instance_warmup": 120,
            "id": "Australia-cpu-target",
            "metric_aggregation_type": "",
            "min_adjustment_magnitude": null,
            "name": "Australia-cpu-target",
            "policy_type": "TargetTrackingScaling",
            "predictive_scaling_configuration": [],
            "scaling_adjustment": 0,
            "step_adjustment": [],
            "target_tracking_configuration": [
              {
                "customized_metric_specification": [],
                "disable_scale_in": false,
                "predefined_metric_specification": [
                  {
                    "predefined_metric_type": "ASGAverageCPUUtilization",
                    "resource_label": ""
                  }
                ],
                "target_value": 40
              }
            ]
          },
          "sensitive_attributes": [],
          "private": "bnVsbA==",
          "dependencies": [
            "aws_autoscaling_group.australia",
            "aws_key_pair.australia",
            "aws_launch_template.launch_australia",
            "aws_lb_target_group.Australia-TG-80",
            "aws_security_group.australia-sg",
            "aws_subnet.private-ap-southeast-2a",
            "aws_subnet.private-ap-southeast-2b",
            "aws_vpc.australia-vpc",
            "tls_private_key.australia"
          ]
        }
      ]
    },
    {
      "mode": "managed",
      "type": "aws_autoscaling_policy",
      "name": "California-Scaling-Policy",
      "provider": "provider[\"registry.terraform.io/hashicorp/aws\"].California",
      "instances": [
        {
          "schema_version": 0,
          "attributes": {
            "adjustment_type": "",
            "arn": "arn:aws:autoscaling:us-west-1:727646505590:scalingPolicy:95754e6d-8f48-4ac4-956c-566a9fbef8c2:autoScalingGroupName/california:policyName/California-cpu-target",
            "autoscaling_group_name": "california",
            "cooldown": 0,
            "estimated_instance_warmup": 120,
            "id": "California-cpu-target",
            "metric_aggregation_type": "",
            "min_adjustment_magnitude": null,
            "name": "California-cpu-target",
            "policy_type": "TargetTrackingScaling",
            "predictive_scaling_configuration": [],
            "scaling_adjustment": 0,
            "step_adjustment": [],
            "target_tracking_configuration": [
              {
                "customized_metric_specification": [],
                "disable_scale_in": false,
                "predefined_metric_specification": [
                  {
                    "predefined_metric_type": "ASGAverageCPUUtilization",
                    "resource_label": ""
                  }
                ],
                "target_value": 40
              }
            ]
          },
          "sensitive_attributes": [],
          "private": "bnVsbA==",
          "dependencies": [
            "aws_autoscaling_group.california",
            "aws_key_pair.california",
            "aws_launch_template.launch_california",
            "aws_lb_target_group.California-TG-80",
            "aws_security_group.california-sg",
            "aws_subnet.private-us-west-1b",
            "aws_subnet.private-us-west-1c",
            "aws_vpc.california-vpc",
            "tls_private_key.california"
          ]
        }
      ]
    },
    {
      "mode": "managed",
      "type": "aws_autoscaling_policy",
      "name": "Hong-Kong-Scaling-Policy",
      "provider": "provider[\"registry.terraform.io/hashicorp/aws\"].Hong-Kong",
      "instances": [
        {
          "schema_version": 0,
          "attributes": {
            "adjustment_type": "",
            "arn": "arn:aws:autoscaling:ap-east-1:727646505590:scalingPolicy:53ea8071-d603-458c-946d-f9f1422fa34a:autoScalingGroupName/hong-kong20250105083859923300000003:policyName/Hong-Kong-cpu-target",
            "autoscaling_group_name": "hong-kong20250105083859923300000003",
            "cooldown": 0,
            "estimated_instance_warmup": 120,
            "id": "Hong-Kong-cpu-target",
            "metric_aggregation_type": "",
            "min_adjustment_magnitude": null,
            "name": "Hong-Kong-cpu-target",
            "policy_type": "TargetTrackingScaling",
            "predictive_scaling_configuration": [],
            "scaling_adjustment": 0,
            "step_adjustment": [],
            "target_tracking_configuration": [
              {
                "customized_metric_specification": [],
                "disable_scale_in": false,
                "predefined_metric_specification": [
                  {
                    "predefined_metric_type": "ASGAverageCPUUtilization",
                    "resource_label": ""
                  }
                ],
                "target_value": 75
              }
            ]
          },
          "sensitive_attributes": [],
          "private": "bnVsbA==",
          "dependencies": [
            "aws_autoscaling_group.hong-kong",
            "aws_key_pair.hong-kong",
            "aws_launch_template.launch_hong-kong",
            "aws_lb_target_group.Hong-Kong-TG-80",
            "aws_security_group.hong-kong-sg",
            "aws_subnet.private-ap-east-1a",
            "aws_subnet.private-ap-east-1b",
            "aws_vpc.hong-kong-vpc",
            "tls_private_key.hong-kong"
          ]
        }
      ]
    },
    {
      "mode": "managed",
      "type": "aws_autoscaling_policy",
      "name": "London-Scaling-Policy",
      "provider": "provider[\"registry.terraform.io/hashicorp/aws\"].London",
      "instances": [
        {
          "schema_version": 0,
          "attributes": {
            "adjustment_type": "",
            "arn": "arn:aws:autoscaling:eu-west-2:727646505590:scalingPolicy:5d5ceee4-b909-4c7f-bf89-fc065a136ce7:autoScalingGroupName/london:policyName/London-cpu-target",
            "autoscaling_group_name": "london",
            "cooldown": 0,
            "estimated_instance_warmup": 120,
            "id": "London-cpu-target",
            "metric_aggregation_type": "",
            "min_adjustment_magnitude": null,
            "name": "London-cpu-target",
            "policy_type": "TargetTrackingScaling",
            "predictive_scaling_configuration": [],
            "scaling_adjustment": 0,
            "step_adjustment": [],
            "target_tracking_configuration": [
              {
                "customized_metric_specification": [],
                "disable_scale_in": false,
                "predefined_metric_specification": [
                  {
                    "predefined_metric_type": "ASGAverageCPUUtilization",
                    "resource_label": ""
                  }
                ],
                "target_value": 40
              }
            ]
          },
          "sensitive_attributes": [],
          "private": "bnVsbA==",
          "dependencies": [
            "aws_autoscaling_group.london",
            "aws_key_pair.london",
            "aws_launch_template.launch_london",
            "aws_lb_target_group.London-TG-80",
            "aws_security_group.london-sg",
            "aws_subnet.private-eu-west-2a",
            "aws_subnet.private-eu-west-2b",
            "aws_vpc.london-vpc",
            "tls_private_key.london"
          ]
        }
      ]
    },
    {
      "mode": "managed",
      "type": "aws_autoscaling_policy",
      "name": "New-York-Scaling-Policy",
      "provider": "provider[\"registry.terraform.io/hashicorp/aws\"].New-York",
      "instances": [
        {
          "schema_version": 0,
          "attributes": {
            "adjustment_type": "",
            "arn": "arn:aws:autoscaling:us-east-1:727646505590:scalingPolicy:f6546c59-42a9-464c-99bd-089984c880a3:autoScalingGroupName/new_york20250105083447029900000004:policyName/New-York-cpu-target",
            "autoscaling_group_name": "new_york20250105083447029900000004",
            "cooldown": 0,
            "estimated_instance_warmup": 120,
            "id": "New-York-cpu-target",
            "metric_aggregation_type": "",
            "min_adjustment_magnitude": null,
            "name": "New-York-cpu-target",
            "policy_type": "TargetTrackingScaling",
            "predictive_scaling_configuration": [],
            "scaling_adjustment": 0,
            "step_adjustment": [],
            "target_tracking_configuration": [
              {
                "customized_metric_specification": [],
                "disable_scale_in": false,
                "predefined_metric_specification": [
                  {
                    "predefined_metric_type": "ASGAverageCPUUtilization",
                    "resource_label": ""
                  }
                ],
                "target_value": 40
              }
            ]
          },
          "sensitive_attributes": [],
          "private": "bnVsbA==",
          "dependencies": [
            "aws_autoscaling_group.new_york",
            "aws_launch_template.launch_new-york",
            "aws_lb_target_group.New-York-TG-80",
            "aws_security_group.new-york-sg",
            "aws_subnet.private-us-east-1a",
            "aws_subnet.private-us-east-1b",
            "aws_vpc.new-york-vpc"
          ]
        }
      ]
    },
    {
      "mode": "managed",
      "type": "aws_autoscaling_policy",
      "name": "Sao-Paulo-Scaling-Policy",
      "provider": "provider[\"registry.terraform.io/hashicorp/aws\"].Sao-Paulo",
      "instances": [
        {
          "schema_version": 0,
          "attributes": {
            "adjustment_type": "",
            "arn": "arn:aws:autoscaling:sa-east-1:727646505590:scalingPolicy:eff8c81a-065d-436f-bdc6-35e206b1d502:autoScalingGroupName/sao_paulo:policyName/Sao-Paulo",
            "autoscaling_group_name": "sao_paulo",
            "cooldown": 0,
            "estimated_instance_warmup": 120,
            "id": "Sao-Paulo",
            "metric_aggregation_type": "",
            "min_adjustment_magnitude": null,
            "name": "Sao-Paulo",
            "policy_type": "TargetTrackingScaling",
            "predictive_scaling_configuration": [],
            "scaling_adjustment": 0,
            "step_adjustment": [],
            "target_tracking_configuration": [
              {
                "customized_metric_specification": [],
                "disable_scale_in": false,
                "predefined_metric_specification": [
                  {
                    "predefined_metric_type": "ASGAverageCPUUtilization",
                    "resource_label": ""
                  }
                ],
                "target_value": 40
              }
            ]
          },
          "sensitive_attributes": [],
          "private": "bnVsbA==",
          "dependencies": [
            "aws_autoscaling_group.sao_paulo",
            "aws_key_pair.sao-paulo",
            "aws_launch_template.launch_sao-paulo",
            "aws_lb_target_group.Sao-Paulo-TG-80",
            "aws_security_group.sao-paulo-sg",
            "aws_subnet.private-sa-east-1a",
            "aws_subnet.private-sa-east-1c",
            "aws_vpc.sao-paulo-vpc",
            "tls_private_key.sao-paulo"
          ]
        }
      ]
    },
    {
      "mode": "managed",
      "type": "aws_autoscaling_policy",
      "name": "Tokyo-Scaling-Policy",
      "provider": "provider[\"registry.terraform.io/hashicorp/aws\"].Tokyo",
      "instances": [
        {
          "schema_version": 0,
          "attributes": {
            "adjustment_type": "",
            "arn": "arn:aws:autoscaling:ap-northeast-1:727646505590:scalingPolicy:0d96a67f-e3a2-4eba-abc7-ab127f37395d:autoScalingGroupName/tokyo20250105083726134300000004:policyName/Tokyo-cpu-target",
            "autoscaling_group_name": "tokyo20250105083726134300000004",
            "cooldown": 0,
            "estimated_instance_warmup": 120,
            "id": "Tokyo-cpu-target",
            "metric_aggregation_type": "",
            "min_adjustment_magnitude": null,
            "name": "Tokyo-cpu-target",
            "policy_type": "TargetTrackingScaling",
            "predictive_scaling_configuration": [],
            "scaling_adjustment": 0,
            "step_adjustment": [],
            "target_tracking_configuration": [
              {
                "customized_metric_specification": [],
                "disable_scale_in": false,
                "predefined_metric_specification": [
                  {
                    "predefined_metric_type": "ASGAverageCPUUtilization",
                    "resource_label": ""
                  }
                ],
                "target_value": 40
              }
            ]
          },
          "sensitive_attributes": [],
          "private": "bnVsbA==",
          "dependencies": [
            "aws_autoscaling_group.tokyo",
            "aws_key_pair.tokyo",
            "aws_launch_template.launch_tokyo",
            "aws_lb_target_group.Tokyo-TG-80",
            "aws_security_group.tokyo-sg",
            "aws_subnet.private-ap-northeast-1a",
            "aws_subnet.private-ap-northeast-1c",
            "aws_vpc.tokyo-vpc",
            "tls_private_key.tokyo"
          ]
        }
      ]
    },
    {
      "mode": "managed",
      "type": "aws_ec2_transit_gateway",
      "name": "Australia_TGW",
      "provider": "provider[\"registry.terraform.io/hashicorp/aws\"].Australia",
      "instances": [
        {
          "schema_version": 0,
          "attributes": {
            "amazon_side_asn": 64512,
            "arn": "arn:aws:ec2:ap-southeast-2:727646505590:transit-gateway/tgw-09771599acd1b1812",
            "association_default_route_table_id": "tgw-rtb-07e07ea3557a9183a",
            "auto_accept_shared_attachments": "enable",
            "default_route_table_association": "enable",
            "default_route_table_propagation": "enable",
            "description": "TGW for Australia",
            "dns_support": "enable",
            "id": "tgw-09771599acd1b1812",
            "owner_id": "727646505590",
            "propagation_default_route_table_id": "tgw-rtb-07e07ea3557a9183a",
            "tags": {},
            "tags_all": {},
            "vpn_ecmp_support": "enable"
          },
          "sensitive_attributes": [],
          "private": "bnVsbA=="
        }
      ]
    },
    {
      "mode": "managed",
      "type": "aws_ec2_transit_gateway",
      "name": "California_TGW",
      "provider": "provider[\"registry.terraform.io/hashicorp/aws\"].California",
      "instances": [
        {
          "schema_version": 0,
          "attributes": {
            "amazon_side_asn": 64512,
            "arn": "arn:aws:ec2:us-west-1:727646505590:transit-gateway/tgw-07746400d574a4801",
            "association_default_route_table_id": "tgw-rtb-0f5e45708c0d90d77",
            "auto_accept_shared_attachments": "enable",
            "default_route_table_association": "enable",
            "default_route_table_propagation": "enable",
            "description": "TGW for California",
            "dns_support": "enable",
            "id": "tgw-07746400d574a4801",
            "owner_id": "727646505590",
            "propagation_default_route_table_id": "tgw-rtb-0f5e45708c0d90d77",
            "tags": {},
            "tags_all": {},
            "vpn_ecmp_support": "enable"
          },
          "sensitive_attributes": [],
          "private": "bnVsbA=="
        }
      ]
    },
    {
      "mode": "managed",
      "type": "aws_ec2_transit_gateway",
      "name": "Hong_Kong_TGW",
      "provider": "provider[\"registry.terraform.io/hashicorp/aws\"].Hong-Kong",
      "instances": [
        {
          "schema_version": 0,
          "attributes": {
            "amazon_side_asn": 64512,
            "arn": "arn:aws:ec2:ap-east-1:727646505590:transit-gateway/tgw-06a2bbbacff310665",
            "association_default_route_table_id": "tgw-rtb-0d339b689d69a1234",
            "auto_accept_shared_attachments": "enable",
            "default_route_table_association": "enable",
            "default_route_table_propagation": "enable",
            "description": "TGW for Hong Kong",
            "dns_support": "enable",
            "id": "tgw-06a2bbbacff310665",
            "owner_id": "727646505590",
            "propagation_default_route_table_id": "tgw-rtb-0d339b689d69a1234",
            "tags": {},
            "tags_all": {},
            "vpn_ecmp_support": "enable"
          },
          "sensitive_attributes": [],
          "private": "bnVsbA=="
        }
      ]
    },
    {
      "mode": "managed",
      "type": "aws_ec2_transit_gateway",
      "name": "London_TGW",
      "provider": "provider[\"registry.terraform.io/hashicorp/aws\"].London",
      "instances": [
        {
          "schema_version": 0,
          "attributes": {
            "amazon_side_asn": 64512,
            "arn": "arn:aws:ec2:eu-west-2:727646505590:transit-gateway/tgw-0284fb360a1165f6c",
            "association_default_route_table_id": "tgw-rtb-00406e8a5d4b2c52d",
            "auto_accept_shared_attachments": "enable",
            "default_route_table_association": "enable",
            "default_route_table_propagation": "enable",
            "description": "TGW for London",
            "dns_support": "enable",
            "id": "tgw-0284fb360a1165f6c",
            "owner_id": "727646505590",
            "propagation_default_route_table_id": "tgw-rtb-00406e8a5d4b2c52d",
            "tags": {},
            "tags_all": {},
            "vpn_ecmp_support": "enable"
          },
          "sensitive_attributes": [],
          "private": "bnVsbA=="
        }
      ]
    },
    {
      "mode": "managed",
      "type": "aws_ec2_transit_gateway",
      "name": "New_York_TGW",
      "provider": "provider[\"registry.terraform.io/hashicorp/aws\"].New-York",
      "instances": [
        {
          "schema_version": 0,
          "attributes": {
            "amazon_side_asn": 64512,
            "arn": "arn:aws:ec2:us-east-1:727646505590:transit-gateway/tgw-05f3046bb95d710b4",
            "association_default_route_table_id": "tgw-rtb-0644cf770ac0b71b6",
            "auto_accept_shared_attachments": "enable",
            "default_route_table_association": "enable",
            "default_route_table_propagation": "enable",
            "description": "TGW for New York",
            "dns_support": "enable",
            "id": "tgw-05f3046bb95d710b4",
            "owner_id": "727646505590",
            "propagation_default_route_table_id": "tgw-rtb-0644cf770ac0b71b6",
            "tags": {},
            "tags_all": {},
            "vpn_ecmp_support": "enable"
          },
          "sensitive_attributes": [],
          "private": "bnVsbA=="
        }
      ]
    },
    {
      "mode": "managed",
      "type": "aws_ec2_transit_gateway",
      "name": "Sao_Paulo_TGW",
      "provider": "provider[\"registry.terraform.io/hashicorp/aws\"].Sao-Paulo",
      "instances": [
        {
          "schema_version": 0,
          "attributes": {
            "amazon_side_asn": 64512,
            "arn": "arn:aws:ec2:sa-east-1:727646505590:transit-gateway/tgw-09e2bf8ed8f326ccf",
            "association_default_route_table_id": "tgw-rtb-0a193357bc5ecb88a",
            "auto_accept_shared_attachments": "enable",
            "default_route_table_association": "enable",
            "default_route_table_propagation": "enable",
            "description": "TGW for Sao Paulo",
            "dns_support": "enable",
            "id": "tgw-09e2bf8ed8f326ccf",
            "owner_id": "727646505590",
            "propagation_default_route_table_id": "tgw-rtb-0a193357bc5ecb88a",
            "tags": {},
            "tags_all": {},
            "vpn_ecmp_support": "enable"
          },
          "sensitive_attributes": [],
          "private": "bnVsbA=="
        }
      ]
    },
    {
      "mode": "managed",
      "type": "aws_ec2_transit_gateway",
      "name": "Tokyo_TGW",
      "provider": "provider[\"registry.terraform.io/hashicorp/aws\"].Tokyo",
      "instances": [
        {
          "schema_version": 0,
          "attributes": {
            "amazon_side_asn": 64512,
            "arn": "arn:aws:ec2:ap-northeast-1:727646505590:transit-gateway/tgw-0d8e3be57da505805",
            "association_default_route_table_id": "tgw-rtb-0d8beb73f456fd60b",
            "auto_accept_shared_attachments": "enable",
            "default_route_table_association": "enable",
            "default_route_table_propagation": "enable",
            "description": "TGW for Tokyo",
            "dns_support": "enable",
            "id": "tgw-0d8e3be57da505805",
            "owner_id": "727646505590",
            "propagation_default_route_table_id": "tgw-rtb-0d8beb73f456fd60b",
            "tags": {},
            "tags_all": {},
            "vpn_ecmp_support": "enable"
          },
          "sensitive_attributes": [],
          "private": "bnVsbA=="
        }
      ]
    },
    {
      "mode": "managed",
      "type": "aws_ec2_transit_gateway_peering_attachment",
      "name": "Australia_to_tokyo",
      "provider": "provider[\"registry.terraform.io/hashicorp/aws\"].Australia",
      "instances": [
        {
          "schema_version": 0,
          "attributes": {
            "id": "tgw-attach-0f77e57b77108c682",
            "peer_account_id": "727646505590",
            "peer_region": "ap-northeast-1",
            "peer_transit_gateway_id": "tgw-0d8e3be57da505805",
            "tags": {
              "Name": "Australia_to_tokyo"
            },
            "tags_all": {
              "Name": "Australia_to_tokyo"
            },
            "transit_gateway_id": "tgw-09771599acd1b1812"
          },
          "sensitive_attributes": [],
          "private": "bnVsbA==",
          "dependencies": [
            "aws_ec2_transit_gateway.Australia_TGW",
            "aws_ec2_transit_gateway.Tokyo_TGW"
          ]
        }
      ]
    },
    {
      "mode": "managed",
      "type": "aws_ec2_transit_gateway_peering_attachment",
      "name": "California_to_tokyo",
      "provider": "provider[\"registry.terraform.io/hashicorp/aws\"].California",
      "instances": [
        {
          "schema_version": 0,
          "attributes": {
            "id": "tgw-attach-0994f77bc978b9e25",
            "peer_account_id": "727646505590",
            "peer_region": "ap-northeast-1",
            "peer_transit_gateway_id": "tgw-0d8e3be57da505805",
            "tags": {
              "Name": "California_to_tokyo"
            },
            "tags_all": {
              "Name": "California_to_tokyo"
            },
            "transit_gateway_id": "tgw-07746400d574a4801"
          },
          "sensitive_attributes": [],
          "private": "bnVsbA==",
          "dependencies": [
            "aws_ec2_transit_gateway.California_TGW",
            "aws_ec2_transit_gateway.Tokyo_TGW"
          ]
        }
      ]
    },
    {
      "mode": "managed",
      "type": "aws_ec2_transit_gateway_peering_attachment",
      "name": "London_to_tokyo",
      "provider": "provider[\"registry.terraform.io/hashicorp/aws\"].London",
      "instances": [
        {
          "schema_version": 0,
          "attributes": {
            "id": "tgw-attach-01faa6f6394b3e6c9",
            "peer_account_id": "727646505590",
            "peer_region": "ap-northeast-1",
            "peer_transit_gateway_id": "tgw-0d8e3be57da505805",
            "tags": {},
            "tags_all": {},
            "transit_gateway_id": "tgw-0284fb360a1165f6c"
          },
          "sensitive_attributes": [],
          "private": "bnVsbA==",
          "dependencies": [
            "aws_ec2_transit_gateway.London_TGW",
            "aws_ec2_transit_gateway.Tokyo_TGW"
          ]
        }
      ]
    },
    {
      "mode": "managed",
      "type": "aws_ec2_transit_gateway_peering_attachment",
      "name": "New_York_to_tokyo",
      "provider": "provider[\"registry.terraform.io/hashicorp/aws\"].New-York",
      "instances": [
        {
          "schema_version": 0,
          "attributes": {
            "id": "tgw-attach-04b34a3142874a804",
            "peer_account_id": "727646505590",
            "peer_region": "ap-northeast-1",
            "peer_transit_gateway_id": "tgw-0d8e3be57da505805",
            "tags": {
              "Name": "New-York_to_tokyo"
            },
            "tags_all": {
              "Name": "New-York_to_tokyo"
            },
            "transit_gateway_id": "tgw-05f3046bb95d710b4"
          },
          "sensitive_attributes": [],
          "private": "bnVsbA==",
          "dependencies": [
            "aws_ec2_transit_gateway.New_York_TGW",
            "aws_ec2_transit_gateway.Tokyo_TGW"
          ]
        }
      ]
    },
    {
      "mode": "managed",
      "type": "aws_ec2_transit_gateway_peering_attachment",
      "name": "Sao_Paulo_to_tokyo",
      "provider": "provider[\"registry.terraform.io/hashicorp/aws\"].Sao-Paulo",
      "instances": [
        {
          "schema_version": 0,
          "attributes": {
            "id": "tgw-attach-03f094ec3355ca044",
            "peer_account_id": "727646505590",
            "peer_region": "ap-northeast-1",
            "peer_transit_gateway_id": "tgw-0d8e3be57da505805",
            "tags": {
              "Name": "Sao-Paulo_to_tokyo"
            },
            "tags_all": {
              "Name": "Sao-Paulo_to_tokyo"
            },
            "transit_gateway_id": "tgw-09e2bf8ed8f326ccf"
          },
          "sensitive_attributes": [],
          "private": "bnVsbA==",
          "dependencies": [
            "aws_ec2_transit_gateway.Sao_Paulo_TGW",
            "aws_ec2_transit_gateway.Tokyo_TGW"
          ]
        }
      ]
    },
    {
      "mode": "managed",
      "type": "aws_ec2_transit_gateway_peering_attachment",
      "name": "hong_kong_to_tokyo",
      "provider": "provider[\"registry.terraform.io/hashicorp/aws\"].Hong-Kong",
      "instances": [
        {
          "schema_version": 0,
          "attributes": {
            "id": "tgw-attach-0e798d0c4156191f1",
            "peer_account_id": "727646505590",
            "peer_region": "ap-northeast-1",
            "peer_transit_gateway_id": "tgw-0d8e3be57da505805",
            "tags": {},
            "tags_all": {},
            "transit_gateway_id": "tgw-06a2bbbacff310665"
          },
          "sensitive_attributes": [],
          "private": "bnVsbA==",
          "dependencies": [
            "aws_ec2_transit_gateway.Hong_Kong_TGW",
            "aws_ec2_transit_gateway.Tokyo_TGW"
          ]
        }
      ]
    },
    {
      "mode": "managed",
      "type": "aws_ec2_transit_gateway_peering_attachment_accepter",
      "name": "accept_Australia_to_tokyo",
      "provider": "provider[\"registry.terraform.io/hashicorp/aws\"].Tokyo",
      "instances": [
        {
          "schema_version": 0,
          "attributes": {
            "id": "tgw-attach-0f77e57b77108c682",
            "peer_account_id": "727646505590",
            "peer_region": "ap-southeast-2",
            "peer_transit_gateway_id": "tgw-09771599acd1b1812",
            "tags": {
              "Name": "accept_Australia_to_tokyo"
            },
            "tags_all": {
              "Name": "accept_Australia_to_tokyo"
            },
            "transit_gateway_attachment_id": "tgw-attach-0f77e57b77108c682",
            "transit_gateway_id": "tgw-0d8e3be57da505805"
          },
          "sensitive_attributes": [],
          "private": "bnVsbA==",
          "dependencies": [
            "aws_ec2_transit_gateway.Australia_TGW",
            "aws_ec2_transit_gateway.Tokyo_TGW",
            "aws_ec2_transit_gateway_peering_attachment.Australia_to_tokyo"
          ]
        }
      ]
    },
    {
      "mode": "managed",
      "type": "aws_ec2_transit_gateway_peering_attachment_accepter",
      "name": "accept_California_to_tokyo",
      "provider": "provider[\"registry.terraform.io/hashicorp/aws\"].Tokyo",
      "instances": [
        {
          "schema_version": 0,
          "attributes": {
            "id": "tgw-attach-0994f77bc978b9e25",
            "peer_account_id": "727646505590",
            "peer_region": "us-west-1",
            "peer_transit_gateway_id": "tgw-07746400d574a4801",
            "tags": {
              "Name": "accept_California_to_tokyo"
            },
            "tags_all": {
              "Name": "accept_California_to_tokyo"
            },
            "transit_gateway_attachment_id": "tgw-attach-0994f77bc978b9e25",
            "transit_gateway_id": "tgw-0d8e3be57da505805"
          },
          "sensitive_attributes": [],
          "private": "bnVsbA==",
          "dependencies": [
            "aws_ec2_transit_gateway.California_TGW",
            "aws_ec2_transit_gateway.Tokyo_TGW",
            "aws_ec2_transit_gateway_peering_attachment.California_to_tokyo"
          ]
        }
      ]
    },
    {
      "mode": "managed",
      "type": "aws_ec2_transit_gateway_peering_attachment_accepter",
      "name": "accept_London_to_tokyo",
      "provider": "provider[\"registry.terraform.io/hashicorp/aws\"].Tokyo",
      "instances": [
        {
          "schema_version": 0,
          "attributes": {
            "id": "tgw-attach-01faa6f6394b3e6c9",
            "peer_account_id": "727646505590",
            "peer_region": "eu-west-2",
            "peer_transit_gateway_id": "tgw-0284fb360a1165f6c",
            "tags": {},
            "tags_all": {},
            "transit_gateway_attachment_id": "tgw-attach-01faa6f6394b3e6c9",
            "transit_gateway_id": "tgw-0d8e3be57da505805"
          },
          "sensitive_attributes": [],
          "private": "bnVsbA==",
          "dependencies": [
            "aws_ec2_transit_gateway.London_TGW",
            "aws_ec2_transit_gateway.Tokyo_TGW",
            "aws_ec2_transit_gateway_peering_attachment.London_to_tokyo"
          ]
        }
      ]
    },
    {
      "mode": "managed",
      "type": "aws_ec2_transit_gateway_peering_attachment_accepter",
      "name": "accept_New_York_to_tokyo",
      "provider": "provider[\"registry.terraform.io/hashicorp/aws\"].Tokyo",
      "instances": [
        {
          "schema_version": 0,
          "attributes": {
            "id": "tgw-attach-04b34a3142874a804",
            "peer_account_id": "727646505590",
            "peer_region": "us-east-1",
            "peer_transit_gateway_id": "tgw-05f3046bb95d710b4",
            "tags": {
              "Name": "accept_New-York_to_tokyo"
            },
            "tags_all": {
              "Name": "accept_New-York_to_tokyo"
            },
            "transit_gateway_attachment_id": "tgw-attach-04b34a3142874a804",
            "transit_gateway_id": "tgw-0d8e3be57da505805"
          },
          "sensitive_attributes": [],
          "private": "bnVsbA==",
          "dependencies": [
            "aws_ec2_transit_gateway.New_York_TGW",
            "aws_ec2_transit_gateway.Tokyo_TGW",
            "aws_ec2_transit_gateway_peering_attachment.New_York_to_tokyo"
          ]
        }
      ]
    },
    {
      "mode": "managed",
      "type": "aws_ec2_transit_gateway_peering_attachment_accepter",
      "name": "accept_Sao_Paulo_to_tokyo",
      "provider": "provider[\"registry.terraform.io/hashicorp/aws\"].Tokyo",
      "instances": [
        {
          "schema_version": 0,
          "attributes": {
            "id": "tgw-attach-03f094ec3355ca044",
            "peer_account_id": "727646505590",
            "peer_region": "sa-east-1",
            "peer_transit_gateway_id": "tgw-09e2bf8ed8f326ccf",
            "tags": {
              "Name": "accept_Sao-Paulo_to_tokyo"
            },
            "tags_all": {
              "Name": "accept_Sao-Paulo_to_tokyo"
            },
            "transit_gateway_attachment_id": "tgw-attach-03f094ec3355ca044",
            "transit_gateway_id": "tgw-0d8e3be57da505805"
          },
          "sensitive_attributes": [],
          "private": "bnVsbA==",
          "dependencies": [
            "aws_ec2_transit_gateway.Sao_Paulo_TGW",
            "aws_ec2_transit_gateway.Tokyo_TGW",
            "aws_ec2_transit_gateway_peering_attachment.Sao_Paulo_to_tokyo"
          ]
        }
      ]
    },
    {
      "mode": "managed",
      "type": "aws_ec2_transit_gateway_peering_attachment_accepter",
      "name": "accept_hong_kong_to_tokyo",
      "provider": "provider[\"registry.terraform.io/hashicorp/aws\"].Tokyo",
      "instances": [
        {
          "schema_version": 0,
          "attributes": {
            "id": "tgw-attach-0e798d0c4156191f1",
            "peer_account_id": "727646505590",
            "peer_region": "ap-east-1",
            "peer_transit_gateway_id": "tgw-06a2bbbacff310665",
            "tags": {},
            "tags_all": {},
            "transit_gateway_attachment_id": "tgw-attach-0e798d0c4156191f1",
            "transit_gateway_id": "tgw-0d8e3be57da505805"
          },
          "sensitive_attributes": [],
          "private": "bnVsbA==",
          "dependencies": [
            "aws_ec2_transit_gateway.Hong_Kong_TGW",
            "aws_ec2_transit_gateway.Tokyo_TGW",
            "aws_ec2_transit_gateway_peering_attachment.hong_kong_to_tokyo"
          ]
        }
      ]
    },
    {
      "mode": "managed",
      "type": "aws_ec2_transit_gateway_route",
      "name": "Australia_local_vpc_route",
      "provider": "provider[\"registry.terraform.io/hashicorp/aws\"].Australia",
      "instances": [
        {
          "schema_version": 0,
          "attributes": {
            "blackhole": false,
            "destination_cidr_block": "10.25.0.0/16",
            "id": "tgw-rtb-0b71bc06acfdab5de_10.25.0.0/16",
            "transit_gateway_attachment_id": "tgw-attach-013397b4c13a1ffef",
            "transit_gateway_route_table_id": "tgw-rtb-0b71bc06acfdab5de"
          },
          "sensitive_attributes": [],
          "private": "bnVsbA==",
          "dependencies": [
            "aws_ec2_transit_gateway.Australia_TGW",
            "aws_ec2_transit_gateway_route_table.Australia",
            "aws_ec2_transit_gateway_vpc_attachment.australia_vpc_attachment",
            "aws_subnet.private-ap-southeast-2a",
            "aws_subnet.private-ap-southeast-2b",
            "aws_vpc.australia-vpc"
          ]
        }
      ]
    },
    {
      "mode": "managed",
      "type": "aws_ec2_transit_gateway_route",
      "name": "Australia_to_tokyo_route",
      "provider": "provider[\"registry.terraform.io/hashicorp/aws\"].Australia",
      "instances": [
        {
          "schema_version": 0,
          "attributes": {
            "blackhole": false,
            "destination_cidr_block": "10.20.0.0/16",
            "id": "tgw-rtb-0b71bc06acfdab5de_10.20.0.0/16",
            "transit_gateway_attachment_id": "tgw-attach-0f77e57b77108c682",
            "transit_gateway_route_table_id": "tgw-rtb-0b71bc06acfdab5de"
          },
          "sensitive_attributes": [],
          "private": "bnVsbA==",
          "dependencies": [
            "aws_ec2_transit_gateway.Australia_TGW",
            "aws_ec2_transit_gateway.Tokyo_TGW",
            "aws_ec2_transit_gateway_peering_attachment.Australia_to_tokyo",
            "aws_ec2_transit_gateway_route_table.Australia",
            "aws_vpc.tokyo-vpc"
          ]
        }
      ]
    },
    {
      "mode": "managed",
      "type": "aws_ec2_transit_gateway_route",
      "name": "California_local_vpc_route",
      "provider": "provider[\"registry.terraform.io/hashicorp/aws\"].California",
      "instances": [
        {
          "schema_version": 0,
          "attributes": {
            "blackhole": false,
            "destination_cidr_block": "10.24.0.0/16",
            "id": "tgw-rtb-02a1aeb358a1f568f_10.24.0.0/16",
            "transit_gateway_attachment_id": "tgw-attach-005b1c86c14ec3e2f",
            "transit_gateway_route_table_id": "tgw-rtb-02a1aeb358a1f568f"
          },
          "sensitive_attributes": [],
          "private": "bnVsbA==",
          "dependencies": [
            "aws_ec2_transit_gateway.California_TGW",
            "aws_ec2_transit_gateway_route_table.California",
            "aws_ec2_transit_gateway_vpc_attachment.california_vpc_attachment",
            "aws_subnet.private-us-west-1b",
            "aws_subnet.private-us-west-1c",
            "aws_vpc.california-vpc"
          ]
        }
      ]
    },
    {
      "mode": "managed",
      "type": "aws_ec2_transit_gateway_route",
      "name": "California_to_tokyo_route",
      "provider": "provider[\"registry.terraform.io/hashicorp/aws\"].California",
      "instances": [
        {
          "schema_version": 0,
          "attributes": {
            "blackhole": false,
            "destination_cidr_block": "10.20.0.0/16",
            "id": "tgw-rtb-02a1aeb358a1f568f_10.20.0.0/16",
            "transit_gateway_attachment_id": "tgw-attach-0994f77bc978b9e25",
            "transit_gateway_route_table_id": "tgw-rtb-02a1aeb358a1f568f"
          },
          "sensitive_attributes": [],
          "private": "bnVsbA==",
          "dependencies": [
            "aws_ec2_transit_gateway.California_TGW",
            "aws_ec2_transit_gateway.Tokyo_TGW",
            "aws_ec2_transit_gateway_peering_attachment.California_to_tokyo",
            "aws_ec2_transit_gateway_route_table.California",
            "aws_vpc.tokyo-vpc"
          ]
        }
      ]
    },
    {
      "mode": "managed",
      "type": "aws_ec2_transit_gateway_route",
      "name": "New_York_local_vpc_route",
      "provider": "provider[\"registry.terraform.io/hashicorp/aws\"].New-York",
      "instances": [
        {
          "schema_version": 0,
          "attributes": {
            "blackhole": false,
            "destination_cidr_block": "10.26.0.0/16",
            "id": "tgw-rtb-0394a94492c864571_10.26.0.0/16",
            "transit_gateway_attachment_id": "tgw-attach-006a377f127b83912",
            "transit_gateway_route_table_id": "tgw-rtb-0394a94492c864571"
          },
          "sensitive_attributes": [],
          "private": "bnVsbA==",
          "dependencies": [
            "aws_ec2_transit_gateway.New_York_TGW",
            "aws_ec2_transit_gateway_route_table.New_York",
            "aws_ec2_transit_gateway_vpc_attachment.new_york_vpc_attachment",
            "aws_subnet.private-us-east-1a",
            "aws_subnet.private-us-east-1b",
            "aws_vpc.new-york-vpc"
          ]
        }
      ]
    },
    {
      "mode": "managed",
      "type": "aws_ec2_transit_gateway_route",
      "name": "New_York_to_tokyo_route",
      "provider": "provider[\"registry.terraform.io/hashicorp/aws\"].New-York",
      "instances": [
        {
          "schema_version": 0,
          "attributes": {
            "blackhole": false,
            "destination_cidr_block": "10.20.0.0/16",
            "id": "tgw-rtb-0394a94492c864571_10.20.0.0/16",
            "transit_gateway_attachment_id": "tgw-attach-04b34a3142874a804",
            "transit_gateway_route_table_id": "tgw-rtb-0394a94492c864571"
          },
          "sensitive_attributes": [],
          "private": "bnVsbA==",
          "dependencies": [
            "aws_ec2_transit_gateway.New_York_TGW",
            "aws_ec2_transit_gateway.Tokyo_TGW",
            "aws_ec2_transit_gateway_peering_attachment.New_York_to_tokyo",
            "aws_ec2_transit_gateway_route_table.New_York",
            "aws_vpc.tokyo-vpc"
          ]
        }
      ]
    },
    {
      "mode": "managed",
      "type": "aws_ec2_transit_gateway_route",
      "name": "Sao-Paulo_to_tokyo_route",
      "provider": "provider[\"registry.terraform.io/hashicorp/aws\"].Sao-Paulo",
      "instances": [
        {
          "schema_version": 0,
          "attributes": {
            "blackhole": false,
            "destination_cidr_block": "10.20.0.0/16",
            "id": "tgw-rtb-091567cd708d86c60_10.20.0.0/16",
            "transit_gateway_attachment_id": "tgw-attach-03f094ec3355ca044",
            "transit_gateway_route_table_id": "tgw-rtb-091567cd708d86c60"
          },
          "sensitive_attributes": [],
          "private": "bnVsbA==",
          "dependencies": [
            "aws_ec2_transit_gateway.Sao_Paulo_TGW",
            "aws_ec2_transit_gateway.Tokyo_TGW",
            "aws_ec2_transit_gateway_peering_attachment.Sao_Paulo_to_tokyo",
            "aws_ec2_transit_gateway_route_table.Sao_Paulo",
            "aws_vpc.tokyo-vpc"
          ]
        }
      ]
    },
    {
      "mode": "managed",
      "type": "aws_ec2_transit_gateway_route",
      "name": "Sao_Paulo_local_vpc_route",
      "provider": "provider[\"registry.terraform.io/hashicorp/aws\"].Sao-Paulo",
      "instances": [
        {
          "schema_version": 0,
          "attributes": {
            "blackhole": false,
            "destination_cidr_block": "10.23.0.0/16",
            "id": "tgw-rtb-091567cd708d86c60_10.23.0.0/16",
            "transit_gateway_attachment_id": "tgw-attach-04e4f82300566783e",
            "transit_gateway_route_table_id": "tgw-rtb-091567cd708d86c60"
          },
          "sensitive_attributes": [],
          "private": "bnVsbA==",
          "dependencies": [
            "aws_ec2_transit_gateway.Sao_Paulo_TGW",
            "aws_ec2_transit_gateway_route_table.Sao_Paulo",
            "aws_ec2_transit_gateway_vpc_attachment.sao_paulo_vpc_attachment",
            "aws_subnet.private-sa-east-1a",
            "aws_subnet.private-sa-east-1c",
            "aws_vpc.sao-paulo-vpc"
          ]
        }
      ]
    },
    {
      "mode": "managed",
      "type": "aws_ec2_transit_gateway_route",
      "name": "hong_kong_local_vpc_route",
      "provider": "provider[\"registry.terraform.io/hashicorp/aws\"].Hong-Kong",
      "instances": [
        {
          "schema_version": 0,
          "attributes": {
            "blackhole": false,
            "destination_cidr_block": "10.21.0.0/16",
            "id": "tgw-rtb-05d9423387ca0cfc7_10.21.0.0/16",
            "transit_gateway_attachment_id": "tgw-attach-02aee241d4e75db83",
            "transit_gateway_route_table_id": "tgw-rtb-05d9423387ca0cfc7"
          },
          "sensitive_attributes": [],
          "private": "bnVsbA==",
          "dependencies": [
            "aws_ec2_transit_gateway.Hong_Kong_TGW",
            "aws_ec2_transit_gateway_route_table.hong_kong",
            "aws_ec2_transit_gateway_vpc_attachment.hong_kong_vpc_attachment",
            "aws_subnet.private-ap-east-1a",
            "aws_subnet.private-ap-east-1b",
            "aws_vpc.hong-kong-vpc"
          ]
        }
      ]
    },
    {
      "mode": "managed",
      "type": "aws_ec2_transit_gateway_route",
      "name": "hong_kong_to_tokyo_route",
      "provider": "provider[\"registry.terraform.io/hashicorp/aws\"].Hong-Kong",
      "instances": [
        {
          "schema_version": 0,
          "attributes": {
            "blackhole": false,
            "destination_cidr_block": "10.20.0.0/16",
            "id": "tgw-rtb-05d9423387ca0cfc7_10.20.0.0/16",
            "transit_gateway_attachment_id": "tgw-attach-0e798d0c4156191f1",
            "transit_gateway_route_table_id": "tgw-rtb-05d9423387ca0cfc7"
          },
          "sensitive_attributes": [],
          "private": "bnVsbA==",
          "dependencies": [
            "aws_ec2_transit_gateway.Hong_Kong_TGW",
            "aws_ec2_transit_gateway.Tokyo_TGW",
            "aws_ec2_transit_gateway_peering_attachment.hong_kong_to_tokyo",
            "aws_ec2_transit_gateway_route_table.hong_kong",
            "aws_vpc.tokyo-vpc"
          ]
        }
      ]
    },
    {
      "mode": "managed",
      "type": "aws_ec2_transit_gateway_route",
      "name": "london_local_vpc_route",
      "provider": "provider[\"registry.terraform.io/hashicorp/aws\"].London",
      "instances": [
        {
          "schema_version": 0,
          "attributes": {
            "blackhole": false,
            "destination_cidr_block": "10.22.0.0/16",
            "id": "tgw-rtb-0b8bb8288bf91c163_10.22.0.0/16",
            "transit_gateway_attachment_id": "tgw-attach-07c6a18f4576ab12b",
            "transit_gateway_route_table_id": "tgw-rtb-0b8bb8288bf91c163"
          },
          "sensitive_attributes": [],
          "private": "bnVsbA==",
          "dependencies": [
            "aws_ec2_transit_gateway.London_TGW",
            "aws_ec2_transit_gateway_route_table.London",
            "aws_ec2_transit_gateway_vpc_attachment.london_vpc_attachment",
            "aws_subnet.private-eu-west-2a",
            "aws_subnet.private-eu-west-2b",
            "aws_vpc.london-vpc"
          ]
        }
      ]
    },
    {
      "mode": "managed",
      "type": "aws_ec2_transit_gateway_route",
      "name": "london_to_tokyo_route",
      "provider": "provider[\"registry.terraform.io/hashicorp/aws\"].London",
      "instances": [
        {
          "schema_version": 0,
          "attributes": {
            "blackhole": false,
            "destination_cidr_block": "10.20.0.0/16",
            "id": "tgw-rtb-0b8bb8288bf91c163_10.20.0.0/16",
            "transit_gateway_attachment_id": "tgw-attach-01faa6f6394b3e6c9",
            "transit_gateway_route_table_id": "tgw-rtb-0b8bb8288bf91c163"
          },
          "sensitive_attributes": [],
          "private": "bnVsbA==",
          "dependencies": [
            "aws_ec2_transit_gateway.London_TGW",
            "aws_ec2_transit_gateway.Tokyo_TGW",
            "aws_ec2_transit_gateway_peering_attachment.London_to_tokyo",
            "aws_ec2_transit_gateway_route_table.London",
            "aws_vpc.tokyo-vpc"
          ]
        }
      ]
    },
    {
      "mode": "managed",
      "type": "aws_ec2_transit_gateway_route",
      "name": "tokyo-hong_kong_route",
      "provider": "provider[\"registry.terraform.io/hashicorp/aws\"].Tokyo",
      "instances": [
        {
          "schema_version": 0,
          "attributes": {
            "blackhole": false,
            "destination_cidr_block": "10.21.0.0/16",
            "id": "tgw-rtb-012bb4f80684f1c2c_10.21.0.0/16",
            "transit_gateway_attachment_id": "tgw-attach-0e798d0c4156191f1",
            "transit_gateway_route_table_id": "tgw-rtb-012bb4f80684f1c2c"
          },
          "sensitive_attributes": [],
          "private": "bnVsbA==",
          "dependencies": [
            "aws_ec2_transit_gateway.Hong_Kong_TGW",
            "aws_ec2_transit_gateway.Tokyo_TGW",
            "aws_ec2_transit_gateway_peering_attachment.hong_kong_to_tokyo",
            "aws_ec2_transit_gateway_route_table.tokyo",
            "aws_vpc.hong-kong-vpc"
          ]
        }
      ]
    },
    {
      "mode": "managed",
      "type": "aws_ec2_transit_gateway_route",
      "name": "tokyo_local_vpc_route",
      "provider": "provider[\"registry.terraform.io/hashicorp/aws\"].Tokyo",
      "instances": [
        {
          "schema_version": 0,
          "attributes": {
            "blackhole": false,
            "destination_cidr_block": "10.20.0.0/16",
            "id": "tgw-rtb-012bb4f80684f1c2c_10.20.0.0/16",
            "transit_gateway_attachment_id": "tgw-attach-073cb8dbde51121df",
            "transit_gateway_route_table_id": "tgw-rtb-012bb4f80684f1c2c"
          },
          "sensitive_attributes": [],
          "private": "bnVsbA==",
          "dependencies": [
            "aws_ec2_transit_gateway.Tokyo_TGW",
            "aws_ec2_transit_gateway_route_table.tokyo",
            "aws_ec2_transit_gateway_vpc_attachment.tokyo_vpc_attachment",
            "aws_subnet.private-ap-northeast-1a",
            "aws_subnet.private-ap-northeast-1c",
            "aws_vpc.tokyo-vpc"
          ]
        }
      ]
    },
    {
      "mode": "managed",
      "type": "aws_ec2_transit_gateway_route_table",
      "name": "Australia",
      "provider": "provider[\"registry.terraform.io/hashicorp/aws\"].Australia",
      "instances": [
        {
          "schema_version": 0,
          "attributes": {
            "arn": "arn:aws:ec2:ap-southeast-2:727646505590:transit-gateway-route-table/tgw-rtb-0b71bc06acfdab5de",
            "default_association_route_table": false,
            "default_propagation_route_table": false,
            "id": "tgw-rtb-0b71bc06acfdab5de",
            "tags": {
              "Name": "Australia-TGW-RTB"
            },
            "tags_all": {
              "Name": "Australia-TGW-RTB"
            },
            "transit_gateway_id": "tgw-09771599acd1b1812"
          },
          "sensitive_attributes": [],
          "private": "bnVsbA==",
          "dependencies": [
            "aws_ec2_transit_gateway.Australia_TGW"
          ]
        }
      ]
    },
    {
      "mode": "managed",
      "type": "aws_ec2_transit_gateway_route_table",
      "name": "California",
      "provider": "provider[\"registry.terraform.io/hashicorp/aws\"].California",
      "instances": [
        {
          "schema_version": 0,
          "attributes": {
            "arn": "arn:aws:ec2:us-west-1:727646505590:transit-gateway-route-table/tgw-rtb-02a1aeb358a1f568f",
            "default_association_route_table": false,
            "default_propagation_route_table": false,
            "id": "tgw-rtb-02a1aeb358a1f568f",
            "tags": {
              "Name": "California-TGW-RTB"
            },
            "tags_all": {
              "Name": "California-TGW-RTB"
            },
            "transit_gateway_id": "tgw-07746400d574a4801"
          },
          "sensitive_attributes": [],
          "private": "bnVsbA==",
          "dependencies": [
            "aws_ec2_transit_gateway.California_TGW"
          ]
        }
      ]
    },
    {
      "mode": "managed",
      "type": "aws_ec2_transit_gateway_route_table",
      "name": "London",
      "provider": "provider[\"registry.terraform.io/hashicorp/aws\"].London",
      "instances": [
        {
          "schema_version": 0,
          "attributes": {
            "arn": "arn:aws:ec2:eu-west-2:727646505590:transit-gateway-route-table/tgw-rtb-0b8bb8288bf91c163",
            "default_association_route_table": false,
            "default_propagation_route_table": false,
            "id": "tgw-rtb-0b8bb8288bf91c163",
            "tags": {
              "Name": "London-TGW-RTB"
            },
            "tags_all": {
              "Name": "London-TGW-RTB"
            },
            "transit_gateway_id": "tgw-0284fb360a1165f6c"
          },
          "sensitive_attributes": [],
          "private": "bnVsbA==",
          "dependencies": [
            "aws_ec2_transit_gateway.London_TGW"
          ]
        }
      ]
    },
    {
      "mode": "managed",
      "type": "aws_ec2_transit_gateway_route_table",
      "name": "New_York",
      "provider": "provider[\"registry.terraform.io/hashicorp/aws\"].New-York",
      "instances": [
        {
          "schema_version": 0,
          "attributes": {
            "arn": "arn:aws:ec2:us-east-1:727646505590:transit-gateway-route-table/tgw-rtb-0394a94492c864571",
            "default_association_route_table": false,
            "default_propagation_route_table": false,
            "id": "tgw-rtb-0394a94492c864571",
            "tags": {
              "Name": "New-York-TGW-RTB"
            },
            "tags_all": {
              "Name": "New-York-TGW-RTB"
            },
            "transit_gateway_id": "tgw-05f3046bb95d710b4"
          },
          "sensitive_attributes": [],
          "private": "bnVsbA==",
          "dependencies": [
            "aws_ec2_transit_gateway.New_York_TGW"
          ]
        }
      ]
    },
    {
      "mode": "managed",
      "type": "aws_ec2_transit_gateway_route_table",
      "name": "Sao_Paulo",
      "provider": "provider[\"registry.terraform.io/hashicorp/aws\"].Sao-Paulo",
      "instances": [
        {
          "schema_version": 0,
          "attributes": {
            "arn": "arn:aws:ec2:sa-east-1:727646505590:transit-gateway-route-table/tgw-rtb-091567cd708d86c60",
            "default_association_route_table": false,
            "default_propagation_route_table": false,
            "id": "tgw-rtb-091567cd708d86c60",
            "tags": {
              "Name": "Sao-Paulo-TGW-RTB"
            },
            "tags_all": {
              "Name": "Sao-Paulo-TGW-RTB"
            },
            "transit_gateway_id": "tgw-09e2bf8ed8f326ccf"
          },
          "sensitive_attributes": [],
          "private": "bnVsbA==",
          "dependencies": [
            "aws_ec2_transit_gateway.Sao_Paulo_TGW"
          ]
        }
      ]
    },
    {
      "mode": "managed",
      "type": "aws_ec2_transit_gateway_route_table",
      "name": "hong_kong",
      "provider": "provider[\"registry.terraform.io/hashicorp/aws\"].Hong-Kong",
      "instances": [
        {
          "schema_version": 0,
          "attributes": {
            "arn": "arn:aws:ec2:ap-east-1:727646505590:transit-gateway-route-table/tgw-rtb-05d9423387ca0cfc7",
            "default_association_route_table": false,
            "default_propagation_route_table": false,
            "id": "tgw-rtb-05d9423387ca0cfc7",
            "tags": {
              "Name": "Hong-Kong-TGW-RTB"
            },
            "tags_all": {
              "Name": "Hong-Kong-TGW-RTB"
            },
            "transit_gateway_id": "tgw-06a2bbbacff310665"
          },
          "sensitive_attributes": [],
          "private": "bnVsbA==",
          "dependencies": [
            "aws_ec2_transit_gateway.Hong_Kong_TGW"
          ]
        }
      ]
    },
    {
      "mode": "managed",
      "type": "aws_ec2_transit_gateway_route_table",
      "name": "tokyo",
      "provider": "provider[\"registry.terraform.io/hashicorp/aws\"].Tokyo",
      "instances": [
        {
          "schema_version": 0,
          "attributes": {
            "arn": "arn:aws:ec2:ap-northeast-1:727646505590:transit-gateway-route-table/tgw-rtb-012bb4f80684f1c2c",
            "default_association_route_table": false,
            "default_propagation_route_table": false,
            "id": "tgw-rtb-012bb4f80684f1c2c",
            "tags": {
              "Name": "Tokyo-TGW-RTB"
            },
            "tags_all": {
              "Name": "Tokyo-TGW-RTB"
            },
            "transit_gateway_id": "tgw-0d8e3be57da505805"
          },
          "sensitive_attributes": [],
          "private": "bnVsbA==",
          "dependencies": [
            "aws_ec2_transit_gateway.Tokyo_TGW"
          ]
        }
      ]
    },
    {
      "mode": "managed",
      "type": "aws_ec2_transit_gateway_route_table_association",
      "name": "California_vpc_association",
      "provider": "provider[\"registry.terraform.io/hashicorp/aws\"].California",
      "instances": [
        {
          "schema_version": 0,
          "attributes": {
            "id": "tgw-rtb-02a1aeb358a1f568f_tgw-attach-005b1c86c14ec3e2f",
            "resource_id": "vpc-0f0abcf0d22a20812",
            "resource_type": "vpc",
            "transit_gateway_attachment_id": "tgw-attach-005b1c86c14ec3e2f",
            "transit_gateway_route_table_id": "tgw-rtb-02a1aeb358a1f568f"
          },
          "sensitive_attributes": [],
          "private": "bnVsbA==",
          "dependencies": [
            "aws_ec2_transit_gateway.California_TGW",
            "aws_ec2_transit_gateway_route_table.California",
            "aws_ec2_transit_gateway_vpc_attachment.california_vpc_attachment",
            "aws_subnet.private-us-west-1b",
            "aws_subnet.private-us-west-1c",
            "aws_vpc.california-vpc"
          ]
        }
      ]
    },
    {
      "mode": "managed",
      "type": "aws_ec2_transit_gateway_route_table_association",
      "name": "New_York_vpc_association",
      "provider": "provider[\"registry.terraform.io/hashicorp/aws\"].New-York",
      "instances": [
        {
          "schema_version": 0,
          "attributes": {
            "id": "tgw-rtb-0394a94492c864571_tgw-attach-006a377f127b83912",
            "resource_id": "vpc-09d81cb6d1255e2c1",
            "resource_type": "vpc",
            "transit_gateway_attachment_id": "tgw-attach-006a377f127b83912",
            "transit_gateway_route_table_id": "tgw-rtb-0394a94492c864571"
          },
          "sensitive_attributes": [],
          "private": "bnVsbA==",
          "dependencies": [
            "aws_ec2_transit_gateway.New_York_TGW",
            "aws_ec2_transit_gateway_route_table.New_York",
            "aws_ec2_transit_gateway_vpc_attachment.new_york_vpc_attachment",
            "aws_subnet.private-us-east-1a",
            "aws_subnet.private-us-east-1b",
            "aws_vpc.new-york-vpc"
          ]
        }
      ]
    },
    {
      "mode": "managed",
      "type": "aws_ec2_transit_gateway_route_table_association",
      "name": "Sao_Paulo_vpc_association",
      "provider": "provider[\"registry.terraform.io/hashicorp/aws\"].Sao-Paulo",
      "instances": [
        {
          "schema_version": 0,
          "attributes": {
            "id": "tgw-rtb-091567cd708d86c60_tgw-attach-04e4f82300566783e",
            "resource_id": "vpc-0cdaf5c6895d799c8",
            "resource_type": "vpc",
            "transit_gateway_attachment_id": "tgw-attach-04e4f82300566783e",
            "transit_gateway_route_table_id": "tgw-rtb-091567cd708d86c60"
          },
          "sensitive_attributes": [],
          "private": "bnVsbA==",
          "dependencies": [
            "aws_ec2_transit_gateway.Sao_Paulo_TGW",
            "aws_ec2_transit_gateway_route_table.Sao_Paulo",
            "aws_ec2_transit_gateway_vpc_attachment.sao_paulo_vpc_attachment",
            "aws_subnet.private-sa-east-1a",
            "aws_subnet.private-sa-east-1c",
            "aws_vpc.sao-paulo-vpc"
          ]
        }
      ]
    },
    {
      "mode": "managed",
      "type": "aws_ec2_transit_gateway_route_table_association",
      "name": "australia_vpc_association",
      "provider": "provider[\"registry.terraform.io/hashicorp/aws\"].Australia",
      "instances": [
        {
          "schema_version": 0,
          "attributes": {
            "id": "tgw-rtb-0b71bc06acfdab5de_tgw-attach-013397b4c13a1ffef",
            "resource_id": "vpc-01969a43c335d6ce9",
            "resource_type": "vpc",
            "transit_gateway_attachment_id": "tgw-attach-013397b4c13a1ffef",
            "transit_gateway_route_table_id": "tgw-rtb-0b71bc06acfdab5de"
          },
          "sensitive_attributes": [],
          "private": "bnVsbA==",
          "dependencies": [
            "aws_ec2_transit_gateway.Australia_TGW",
            "aws_ec2_transit_gateway_route_table.Australia",
            "aws_ec2_transit_gateway_vpc_attachment.australia_vpc_attachment",
            "aws_subnet.private-ap-southeast-2a",
            "aws_subnet.private-ap-southeast-2b",
            "aws_vpc.australia-vpc"
          ]
        }
      ]
    },
    {
      "mode": "managed",
      "type": "aws_ec2_transit_gateway_route_table_association",
      "name": "hong_kong_vpc_association",
      "provider": "provider[\"registry.terraform.io/hashicorp/aws\"].Hong-Kong",
      "instances": [
        {
          "schema_version": 0,
          "attributes": {
            "id": "tgw-rtb-05d9423387ca0cfc7_tgw-attach-02aee241d4e75db83",
            "resource_id": "vpc-083ab13a5cb6a6581",
            "resource_type": "vpc",
            "transit_gateway_attachment_id": "tgw-attach-02aee241d4e75db83",
            "transit_gateway_route_table_id": "tgw-rtb-05d9423387ca0cfc7"
          },
          "sensitive_attributes": [],
          "private": "bnVsbA==",
          "dependencies": [
            "aws_ec2_transit_gateway.Hong_Kong_TGW",
            "aws_ec2_transit_gateway_route_table.hong_kong",
            "aws_ec2_transit_gateway_vpc_attachment.hong_kong_vpc_attachment",
            "aws_subnet.private-ap-east-1a",
            "aws_subnet.private-ap-east-1b",
            "aws_vpc.hong-kong-vpc"
          ]
        }
      ]
    },
    {
      "mode": "managed",
      "type": "aws_ec2_transit_gateway_route_table_association",
      "name": "london_vpc_association",
      "provider": "provider[\"registry.terraform.io/hashicorp/aws\"].London",
      "instances": [
        {
          "schema_version": 0,
          "attributes": {
            "id": "tgw-rtb-0b8bb8288bf91c163_tgw-attach-07c6a18f4576ab12b",
            "resource_id": "vpc-0fa641f7665343eb3",
            "resource_type": "vpc",
            "transit_gateway_attachment_id": "tgw-attach-07c6a18f4576ab12b",
            "transit_gateway_route_table_id": "tgw-rtb-0b8bb8288bf91c163"
          },
          "sensitive_attributes": [],
          "private": "bnVsbA==",
          "dependencies": [
            "aws_ec2_transit_gateway.London_TGW",
            "aws_ec2_transit_gateway_route_table.London",
            "aws_ec2_transit_gateway_vpc_attachment.london_vpc_attachment",
            "aws_subnet.private-eu-west-2a",
            "aws_subnet.private-eu-west-2b",
            "aws_vpc.london-vpc"
          ]
        }
      ]
    },
    {
      "mode": "managed",
      "type": "aws_ec2_transit_gateway_route_table_association",
      "name": "tokyo_vpc_association",
      "provider": "provider[\"registry.terraform.io/hashicorp/aws\"].Tokyo",
      "instances": [
        {
          "schema_version": 0,
          "attributes": {
            "id": "tgw-rtb-012bb4f80684f1c2c_tgw-attach-073cb8dbde51121df",
            "resource_id": "vpc-0fd227e4815650e4e",
            "resource_type": "vpc",
            "transit_gateway_attachment_id": "tgw-attach-073cb8dbde51121df",
            "transit_gateway_route_table_id": "tgw-rtb-012bb4f80684f1c2c"
          },
          "sensitive_attributes": [],
          "private": "bnVsbA==",
          "dependencies": [
            "aws_ec2_transit_gateway.Tokyo_TGW",
            "aws_ec2_transit_gateway_route_table.tokyo",
            "aws_ec2_transit_gateway_vpc_attachment.tokyo_vpc_attachment",
            "aws_subnet.private-ap-northeast-1a",
            "aws_subnet.private-ap-northeast-1c",
            "aws_vpc.tokyo-vpc"
          ]
        }
      ]
    },
    {
      "mode": "managed",
      "type": "aws_ec2_transit_gateway_vpc_attachment",
      "name": "australia_vpc_attachment",
      "provider": "provider[\"registry.terraform.io/hashicorp/aws\"].Australia",
      "instances": [
        {
          "schema_version": 0,
          "attributes": {
            "appliance_mode_support": "disable",
            "dns_support": "enable",
            "id": "tgw-attach-013397b4c13a1ffef",
            "ipv6_support": "disable",
            "subnet_ids": [
              "subnet-03641916264499a74",
              "subnet-053ce636ffce2f984"
            ],
            "tags": {
              "Name": "Australia_VPC_Attachment"
            },
            "tags_all": {
              "Name": "Australia_VPC_Attachment"
            },
            "transit_gateway_default_route_table_association": false,
            "transit_gateway_default_route_table_propagation": false,
            "transit_gateway_id": "tgw-09771599acd1b1812",
            "vpc_id": "vpc-01969a43c335d6ce9",
            "vpc_owner_id": "727646505590"
          },
          "sensitive_attributes": [],
          "private": "bnVsbA==",
          "dependencies": [
            "aws_ec2_transit_gateway.Australia_TGW",
            "aws_subnet.private-ap-southeast-2a",
            "aws_subnet.private-ap-southeast-2b",
            "aws_vpc.australia-vpc"
          ]
        }
      ]
    },
    {
      "mode": "managed",
      "type": "aws_ec2_transit_gateway_vpc_attachment",
      "name": "california_vpc_attachment",
      "provider": "provider[\"registry.terraform.io/hashicorp/aws\"].California",
      "instances": [
        {
          "schema_version": 0,
          "attributes": {
            "appliance_mode_support": "disable",
            "dns_support": "enable",
            "id": "tgw-attach-005b1c86c14ec3e2f",
            "ipv6_support": "disable",
            "subnet_ids": [
              "subnet-0ebba28149890985c",
              "subnet-0f4f2e6f8c51797b9"
            ],
            "tags": {
              "Name": "California_VPC_Attachment"
            },
            "tags_all": {
              "Name": "California_VPC_Attachment"
            },
            "transit_gateway_default_route_table_association": false,
            "transit_gateway_default_route_table_propagation": false,
            "transit_gateway_id": "tgw-07746400d574a4801",
            "vpc_id": "vpc-0f0abcf0d22a20812",
            "vpc_owner_id": "727646505590"
          },
          "sensitive_attributes": [],
          "private": "bnVsbA==",
          "dependencies": [
            "aws_ec2_transit_gateway.California_TGW",
            "aws_subnet.private-us-west-1b",
            "aws_subnet.private-us-west-1c",
            "aws_vpc.california-vpc"
          ]
        }
      ]
    },
    {
      "mode": "managed",
      "type": "aws_ec2_transit_gateway_vpc_attachment",
      "name": "hong_kong_vpc_attachment",
      "provider": "provider[\"registry.terraform.io/hashicorp/aws\"].Hong-Kong",
      "instances": [
        {
          "schema_version": 0,
          "attributes": {
            "appliance_mode_support": "disable",
            "dns_support": "enable",
            "id": "tgw-attach-02aee241d4e75db83",
            "ipv6_support": "disable",
            "subnet_ids": [
              "subnet-0307f24307704f237",
              "subnet-0316d0bfbe177fbbe"
            ],
            "tags": {
              "Name": "Hong_Kong_VPC_Attachment"
            },
            "tags_all": {
              "Name": "Hong_Kong_VPC_Attachment"
            },
            "transit_gateway_default_route_table_association": false,
            "transit_gateway_default_route_table_propagation": false,
            "transit_gateway_id": "tgw-06a2bbbacff310665",
            "vpc_id": "vpc-083ab13a5cb6a6581",
            "vpc_owner_id": "727646505590"
          },
          "sensitive_attributes": [],
          "private": "bnVsbA==",
          "dependencies": [
            "aws_ec2_transit_gateway.Hong_Kong_TGW",
            "aws_subnet.private-ap-east-1a",
            "aws_subnet.private-ap-east-1b",
            "aws_vpc.hong-kong-vpc"
          ]
        }
      ]
    },
    {
      "mode": "managed",
      "type": "aws_ec2_transit_gateway_vpc_attachment",
      "name": "london_vpc_attachment",
      "provider": "provider[\"registry.terraform.io/hashicorp/aws\"].London",
      "instances": [
        {
          "schema_version": 0,
          "attributes": {
            "appliance_mode_support": "disable",
            "dns_support": "enable",
            "id": "tgw-attach-07c6a18f4576ab12b",
            "ipv6_support": "disable",
            "subnet_ids": [
              "subnet-059f08ffa54fe9b78",
              "subnet-07b88da6311283451"
            ],
            "tags": {
              "Name": "London_VPC_Attachment"
            },
            "tags_all": {
              "Name": "London_VPC_Attachment"
            },
            "transit_gateway_default_route_table_association": false,
            "transit_gateway_default_route_table_propagation": false,
            "transit_gateway_id": "tgw-0284fb360a1165f6c",
            "vpc_id": "vpc-0fa641f7665343eb3",
            "vpc_owner_id": "727646505590"
          },
          "sensitive_attributes": [],
          "private": "bnVsbA==",
          "dependencies": [
            "aws_ec2_transit_gateway.London_TGW",
            "aws_subnet.private-eu-west-2a",
            "aws_subnet.private-eu-west-2b",
            "aws_vpc.london-vpc"
          ]
        }
      ]
    },
    {
      "mode": "managed",
      "type": "aws_ec2_transit_gateway_vpc_attachment",
      "name": "new_york_vpc_attachment",
      "provider": "provider[\"registry.terraform.io/hashicorp/aws\"].New-York",
      "instances": [
        {
          "schema_version": 0,
          "attributes": {
            "appliance_mode_support": "disable",
            "dns_support": "enable",
            "id": "tgw-attach-006a377f127b83912",
            "ipv6_support": "disable",
            "subnet_ids": [
              "subnet-031fe210e0169c98e",
              "subnet-0bd38b299d954d7b1"
            ],
            "tags": {
              "Name": "New_York_VPC_Attachment"
            },
            "tags_all": {
              "Name": "New_York_VPC_Attachment"
            },
            "transit_gateway_default_route_table_association": false,
            "transit_gateway_default_route_table_propagation": false,
            "transit_gateway_id": "tgw-05f3046bb95d710b4",
            "vpc_id": "vpc-09d81cb6d1255e2c1",
            "vpc_owner_id": "727646505590"
          },
          "sensitive_attributes": [],
          "private": "bnVsbA==",
          "dependencies": [
            "aws_ec2_transit_gateway.New_York_TGW",
            "aws_subnet.private-us-east-1a",
            "aws_subnet.private-us-east-1b",
            "aws_vpc.new-york-vpc"
          ]
        }
      ]
    },
    {
      "mode": "managed",
      "type": "aws_ec2_transit_gateway_vpc_attachment",
      "name": "sao_paulo_vpc_attachment",
      "provider": "provider[\"registry.terraform.io/hashicorp/aws\"].Sao-Paulo",
      "instances": [
        {
          "schema_version": 0,
          "attributes": {
            "appliance_mode_support": "disable",
            "dns_support": "enable",
            "id": "tgw-attach-04e4f82300566783e",
            "ipv6_support": "disable",
            "subnet_ids": [
              "subnet-053f85cbae8284e44",
              "subnet-0c3ffd7a711ae988f"
            ],
            "tags": {
              "Name": "Sao_Paulo_VPC_Attachment"
            },
            "tags_all": {
              "Name": "Sao_Paulo_VPC_Attachment"
            },
            "transit_gateway_default_route_table_association": false,
            "transit_gateway_default_route_table_propagation": false,
            "transit_gateway_id": "tgw-09e2bf8ed8f326ccf",
            "vpc_id": "vpc-0cdaf5c6895d799c8",
            "vpc_owner_id": "727646505590"
          },
          "sensitive_attributes": [],
          "private": "bnVsbA==",
          "dependencies": [
            "aws_ec2_transit_gateway.Sao_Paulo_TGW",
            "aws_subnet.private-sa-east-1a",
            "aws_subnet.private-sa-east-1c",
            "aws_vpc.sao-paulo-vpc"
          ]
        }
      ]
    },
    {
      "mode": "managed",
      "type": "aws_ec2_transit_gateway_vpc_attachment",
      "name": "tokyo_vpc_attachment",
      "provider": "provider[\"registry.terraform.io/hashicorp/aws\"].Tokyo",
      "instances": [
        {
          "schema_version": 0,
          "attributes": {
            "appliance_mode_support": "disable",
            "dns_support": "enable",
            "id": "tgw-attach-073cb8dbde51121df",
            "ipv6_support": "disable",
            "subnet_ids": [
              "subnet-0473863854caa4fe9",
              "subnet-0af9f1fcacad7482b"
            ],
            "tags": {
              "Name": "Tokyo_VPC_Attachment"
            },
            "tags_all": {
              "Name": "Tokyo_VPC_Attachment"
            },
            "transit_gateway_default_route_table_association": false,
            "transit_gateway_default_route_table_propagation": false,
            "transit_gateway_id": "tgw-0d8e3be57da505805",
            "vpc_id": "vpc-0fd227e4815650e4e",
            "vpc_owner_id": "727646505590"
          },
          "sensitive_attributes": [],
          "private": "bnVsbA==",
          "dependencies": [
            "aws_ec2_transit_gateway.Tokyo_TGW",
            "aws_subnet.private-ap-northeast-1a",
            "aws_subnet.private-ap-northeast-1c",
            "aws_vpc.tokyo-vpc"
          ]
        }
      ]
    },
    {
      "mode": "managed",
      "type": "aws_eip",
      "name": "australia",
      "provider": "provider[\"registry.terraform.io/hashicorp/aws\"].Australia",
      "instances": [
        {
          "schema_version": 0,
          "attributes": {
            "address": null,
            "allocation_id": "eipalloc-04d603b9ebfff341a",
            "associate_with_private_ip": null,
            "association_id": "eipassoc-0bee0273041033545",
            "carrier_ip": "",
            "customer_owned_ip": "",
            "customer_owned_ipv4_pool": "",
            "domain": "vpc",
            "id": "eipalloc-04d603b9ebfff341a",
            "instance": "",
            "network_border_group": "ap-southeast-2",
            "network_interface": "eni-0adf152900b8b1a6b",
            "private_dns": "ip-10-25-1-80.ap-southeast-2.compute.internal",
            "private_ip": "10.25.1.80",
            "public_dns": "ec2-3-105-113-3.ap-southeast-2.compute.amazonaws.com",
            "public_ip": "3.105.113.3",
            "public_ipv4_pool": "amazon",
            "tags": {},
            "tags_all": {},
            "timeouts": null,
            "vpc": true
          },
          "sensitive_attributes": [],
          "private": "eyJlMmJmYjczMC1lY2FhLTExZTYtOGY4OC0zNDM2M2JjN2M0YzAiOnsiZGVsZXRlIjoxODAwMDAwMDAwMDAsInJlYWQiOjkwMDAwMDAwMDAwMCwidXBkYXRlIjozMDAwMDAwMDAwMDB9fQ=="
        }
      ]
    },
    {
      "mode": "managed",
      "type": "aws_eip",
      "name": "california",
      "provider": "provider[\"registry.terraform.io/hashicorp/aws\"].California",
      "instances": [
        {
          "schema_version": 0,
          "attributes": {
            "address": null,
            "allocation_id": "eipalloc-0604514dc4b9633cb",
            "associate_with_private_ip": null,
            "association_id": "eipassoc-0f56bf8a839f93102",
            "carrier_ip": "",
            "customer_owned_ip": "",
            "customer_owned_ipv4_pool": "",
            "domain": "vpc",
            "id": "eipalloc-0604514dc4b9633cb",
            "instance": "",
            "network_border_group": "us-west-1",
            "network_interface": "eni-0558c426473b16d8e",
            "private_dns": "ip-10-24-1-247.us-west-1.compute.internal",
            "private_ip": "10.24.1.247",
            "public_dns": "ec2-52-53-87-191.us-west-1.compute.amazonaws.com",
            "public_ip": "52.53.87.191",
            "public_ipv4_pool": "amazon",
            "tags": {},
            "tags_all": {},
            "timeouts": null,
            "vpc": true
          },
          "sensitive_attributes": [],
          "private": "eyJlMmJmYjczMC1lY2FhLTExZTYtOGY4OC0zNDM2M2JjN2M0YzAiOnsiZGVsZXRlIjoxODAwMDAwMDAwMDAsInJlYWQiOjkwMDAwMDAwMDAwMCwidXBkYXRlIjozMDAwMDAwMDAwMDB9fQ=="
        }
      ]
    },
    {
      "mode": "managed",
      "type": "aws_eip",
      "name": "hong_kong",
      "provider": "provider[\"registry.terraform.io/hashicorp/aws\"].Hong-Kong",
      "instances": [
        {
          "schema_version": 0,
          "attributes": {
            "address": null,
            "allocation_id": "eipalloc-049855e1b88da6273",
            "associate_with_private_ip": null,
            "association_id": "eipassoc-069969e552bfd7987",
            "carrier_ip": "",
            "customer_owned_ip": "",
            "customer_owned_ipv4_pool": "",
            "domain": "vpc",
            "id": "eipalloc-049855e1b88da6273",
            "instance": "",
            "network_border_group": "ap-east-1",
            "network_interface": "eni-04087c62c42b8d076",
            "private_dns": "ip-10-21-1-150.ap-east-1.compute.internal",
            "private_ip": "10.21.1.150",
            "public_dns": "ec2-16-163-2-172.ap-east-1.compute.amazonaws.com",
            "public_ip": "16.163.2.172",
            "public_ipv4_pool": "amazon",
            "tags": {},
            "tags_all": {},
            "timeouts": null,
            "vpc": true
          },
          "sensitive_attributes": [],
          "private": "eyJlMmJmYjczMC1lY2FhLTExZTYtOGY4OC0zNDM2M2JjN2M0YzAiOnsiZGVsZXRlIjoxODAwMDAwMDAwMDAsInJlYWQiOjkwMDAwMDAwMDAwMCwidXBkYXRlIjozMDAwMDAwMDAwMDB9fQ=="
        }
      ]
    },
    {
      "mode": "managed",
      "type": "aws_eip",
      "name": "london",
      "provider": "provider[\"registry.terraform.io/hashicorp/aws\"].London",
      "instances": [
        {
          "schema_version": 0,
          "attributes": {
            "address": null,
            "allocation_id": "eipalloc-0ee29a9b44d2733bb",
            "associate_with_private_ip": null,
            "association_id": "eipassoc-0683249ecce0cdb38",
            "carrier_ip": "",
            "customer_owned_ip": "",
            "customer_owned_ipv4_pool": "",
            "domain": "vpc",
            "id": "eipalloc-0ee29a9b44d2733bb",
            "instance": "",
            "network_border_group": "eu-west-2",
            "network_interface": "eni-0da897d54bdd8ed54",
            "private_dns": "ip-10-22-1-75.eu-west-2.compute.internal",
            "private_ip": "10.22.1.75",
            "public_dns": "ec2-18-175-98-215.eu-west-2.compute.amazonaws.com",
            "public_ip": "18.175.98.215",
            "public_ipv4_pool": "amazon",
            "tags": {},
            "tags_all": {},
            "timeouts": null,
            "vpc": true
          },
          "sensitive_attributes": [],
          "private": "eyJlMmJmYjczMC1lY2FhLTExZTYtOGY4OC0zNDM2M2JjN2M0YzAiOnsiZGVsZXRlIjoxODAwMDAwMDAwMDAsInJlYWQiOjkwMDAwMDAwMDAwMCwidXBkYXRlIjozMDAwMDAwMDAwMDB9fQ=="
        }
      ]
    },
    {
      "mode": "managed",
      "type": "aws_eip",
      "name": "new_york",
      "provider": "provider[\"registry.terraform.io/hashicorp/aws\"].New-York",
      "instances": [
        {
          "schema_version": 0,
          "attributes": {
            "address": null,
            "allocation_id": "eipalloc-0649cceb14323303c",
            "associate_with_private_ip": null,
            "association_id": "eipassoc-0682c925b703feca6",
            "carrier_ip": "",
            "customer_owned_ip": "",
            "customer_owned_ipv4_pool": "",
            "domain": "vpc",
            "id": "eipalloc-0649cceb14323303c",
            "instance": "",
            "network_border_group": "us-east-1",
            "network_interface": "eni-094f046d126b06890",
            "private_dns": "ip-10-26-1-5.ec2.internal",
            "private_ip": "10.26.1.5",
            "public_dns": "ec2-44-223-240-212.compute-1.amazonaws.com",
            "public_ip": "44.223.240.212",
            "public_ipv4_pool": "amazon",
            "tags": {},
            "tags_all": {},
            "timeouts": null,
            "vpc": true
          },
          "sensitive_attributes": [],
          "private": "eyJlMmJmYjczMC1lY2FhLTExZTYtOGY4OC0zNDM2M2JjN2M0YzAiOnsiZGVsZXRlIjoxODAwMDAwMDAwMDAsInJlYWQiOjkwMDAwMDAwMDAwMCwidXBkYXRlIjozMDAwMDAwMDAwMDB9fQ=="
        }
      ]
    },
    {
      "mode": "managed",
      "type": "aws_eip",
      "name": "sao_paulo",
      "provider": "provider[\"registry.terraform.io/hashicorp/aws\"].Sao-Paulo",
      "instances": [
        {
          "schema_version": 0,
          "attributes": {
            "address": null,
            "allocation_id": "eipalloc-0c55cac93b74b50c4",
            "associate_with_private_ip": null,
            "association_id": "eipassoc-09dd544c7535a767c",
            "carrier_ip": "",
            "customer_owned_ip": "",
            "customer_owned_ipv4_pool": "",
            "domain": "vpc",
            "id": "eipalloc-0c55cac93b74b50c4",
            "instance": "",
            "network_border_group": "sa-east-1",
            "network_interface": "eni-0d8244fa1e6f01750",
            "private_dns": "ip-10-23-1-16.sa-east-1.compute.internal",
            "private_ip": "10.23.1.16",
            "public_dns": "ec2-18-230-236-77.sa-east-1.compute.amazonaws.com",
            "public_ip": "18.230.236.77",
            "public_ipv4_pool": "amazon",
            "tags": {},
            "tags_all": {},
            "timeouts": null,
            "vpc": true
          },
          "sensitive_attributes": [],
          "private": "eyJlMmJmYjczMC1lY2FhLTExZTYtOGY4OC0zNDM2M2JjN2M0YzAiOnsiZGVsZXRlIjoxODAwMDAwMDAwMDAsInJlYWQiOjkwMDAwMDAwMDAwMCwidXBkYXRlIjozMDAwMDAwMDAwMDB9fQ=="
        }
      ]
    },
    {
      "mode": "managed",
      "type": "aws_eip",
      "name": "tokyo",
      "provider": "provider[\"registry.terraform.io/hashicorp/aws\"].Tokyo",
      "instances": [
        {
          "schema_version": 0,
          "attributes": {
            "address": null,
            "allocation_id": "eipalloc-03ff43c78903edb93",
            "associate_with_private_ip": null,
            "association_id": "eipassoc-00ce8300c6c7f5627",
            "carrier_ip": "",
            "customer_owned_ip": "",
            "customer_owned_ipv4_pool": "",
            "domain": "vpc",
            "id": "eipalloc-03ff43c78903edb93",
            "instance": "",
            "network_border_group": "ap-northeast-1",
            "network_interface": "eni-0c717b6671e994f44",
            "private_dns": "ip-10-20-1-92.ap-northeast-1.compute.internal",
            "private_ip": "10.20.1.92",
            "public_dns": "ec2-35-73-77-113.ap-northeast-1.compute.amazonaws.com",
            "public_ip": "35.73.77.113",
            "public_ipv4_pool": "amazon",
            "tags": {},
            "tags_all": {},
            "timeouts": null,
            "vpc": true
          },
          "sensitive_attributes": [],
          "private": "eyJlMmJmYjczMC1lY2FhLTExZTYtOGY4OC0zNDM2M2JjN2M0YzAiOnsiZGVsZXRlIjoxODAwMDAwMDAwMDAsInJlYWQiOjkwMDAwMDAwMDAwMCwidXBkYXRlIjozMDAwMDAwMDAwMDB9fQ=="
        }
      ]
    },
    {
      "mode": "managed",
      "type": "aws_internet_gateway",
      "name": "australia",
      "provider": "provider[\"registry.terraform.io/hashicorp/aws\"].Australia",
      "instances": [
        {
          "schema_version": 0,
          "attributes": {
            "arn": "arn:aws:ec2:ap-southeast-2:727646505590:internet-gateway/igw-08a059808def8ab03",
            "id": "igw-08a059808def8ab03",
            "owner_id": "727646505590",
            "tags": {},
            "tags_all": {},
            "vpc_id": "vpc-01969a43c335d6ce9"
          },
          "sensitive_attributes": [],
          "private": "bnVsbA==",
          "dependencies": [
            "aws_vpc.australia-vpc"
          ]
        }
      ]
    },
    {
      "mode": "managed",
      "type": "aws_internet_gateway",
      "name": "california",
      "provider": "provider[\"registry.terraform.io/hashicorp/aws\"].California",
      "instances": [
        {
          "schema_version": 0,
          "attributes": {
            "arn": "arn:aws:ec2:us-west-1:727646505590:internet-gateway/igw-0d6ef451cb1bd989c",
            "id": "igw-0d6ef451cb1bd989c",
            "owner_id": "727646505590",
            "tags": {},
            "tags_all": {},
            "vpc_id": "vpc-0f0abcf0d22a20812"
          },
          "sensitive_attributes": [],
          "private": "bnVsbA==",
          "dependencies": [
            "aws_vpc.california-vpc"
          ]
        }
      ]
    },
    {
      "mode": "managed",
      "type": "aws_internet_gateway",
      "name": "hong-kong",
      "provider": "provider[\"registry.terraform.io/hashicorp/aws\"].Hong-Kong",
      "instances": [
        {
          "schema_version": 0,
          "attributes": {
            "arn": "arn:aws:ec2:ap-east-1:727646505590:internet-gateway/igw-0660b4dddd771145e",
            "id": "igw-0660b4dddd771145e",
            "owner_id": "727646505590",
            "tags": {},
            "tags_all": {},
            "vpc_id": "vpc-083ab13a5cb6a6581"
          },
          "sensitive_attributes": [],
          "private": "bnVsbA==",
          "dependencies": [
            "aws_vpc.hong-kong-vpc"
          ]
        }
      ]
    },
    {
      "mode": "managed",
      "type": "aws_internet_gateway",
      "name": "london",
      "provider": "provider[\"registry.terraform.io/hashicorp/aws\"].London",
      "instances": [
        {
          "schema_version": 0,
          "attributes": {
            "arn": "arn:aws:ec2:eu-west-2:727646505590:internet-gateway/igw-09d5d8341026b427f",
            "id": "igw-09d5d8341026b427f",
            "owner_id": "727646505590",
            "tags": {},
            "tags_all": {},
            "vpc_id": "vpc-0fa641f7665343eb3"
          },
          "sensitive_attributes": [],
          "private": "bnVsbA==",
          "dependencies": [
            "aws_vpc.london-vpc"
          ]
        }
      ]
    },
    {
      "mode": "managed",
      "type": "aws_internet_gateway",
      "name": "new_york",
      "provider": "provider[\"registry.terraform.io/hashicorp/aws\"].New-York",
      "instances": [
        {
          "schema_version": 0,
          "attributes": {
            "arn": "arn:aws:ec2:us-east-1:727646505590:internet-gateway/igw-05a2442b668a1161a",
            "id": "igw-05a2442b668a1161a",
            "owner_id": "727646505590",
            "tags": {},
            "tags_all": {},
            "vpc_id": "vpc-09d81cb6d1255e2c1"
          },
          "sensitive_attributes": [],
          "private": "bnVsbA==",
          "dependencies": [
            "aws_vpc.new-york-vpc"
          ]
        }
      ]
    },
    {
      "mode": "managed",
      "type": "aws_internet_gateway",
      "name": "sao-paulo",
      "provider": "provider[\"registry.terraform.io/hashicorp/aws\"].Sao-Paulo",
      "instances": [
        {
          "schema_version": 0,
          "attributes": {
            "arn": "arn:aws:ec2:sa-east-1:727646505590:internet-gateway/igw-0e40c5230985e291b",
            "id": "igw-0e40c5230985e291b",
            "owner_id": "727646505590",
            "tags": {},
            "tags_all": {},
            "vpc_id": "vpc-0cdaf5c6895d799c8"
          },
          "sensitive_attributes": [],
          "private": "bnVsbA==",
          "dependencies": [
            "aws_vpc.sao-paulo-vpc"
          ]
        }
      ]
    },
    {
      "mode": "managed",
      "type": "aws_internet_gateway",
      "name": "tokyo",
      "provider": "provider[\"registry.terraform.io/hashicorp/aws\"].Tokyo",
      "instances": [
        {
          "schema_version": 0,
          "attributes": {
            "arn": "arn:aws:ec2:ap-northeast-1:727646505590:internet-gateway/igw-09e431a71825b6d87",
            "id": "igw-09e431a71825b6d87",
            "owner_id": "727646505590",
            "tags": {},
            "tags_all": {},
            "vpc_id": "vpc-0fd227e4815650e4e"
          },
          "sensitive_attributes": [],
          "private": "bnVsbA==",
          "dependencies": [
            "aws_vpc.tokyo-vpc"
          ]
        }
      ]
    },
    {
      "mode": "managed",
      "type": "aws_key_pair",
      "name": "australia",
      "provider": "provider[\"registry.terraform.io/hashicorp/aws\"].Australia",
      "instances": [
        {
          "schema_version": 1,
          "attributes": {
            "arn": "arn:aws:ec2:ap-southeast-2:727646505590:key-pair/terraform-20250105082912014200000001",
            "fingerprint": "58:ba:dc:da:89:ea:28:8d:02:cd:30:30:e7:86:20:31",
            "id": "terraform-20250105082912014200000001",
            "key_name": "terraform-20250105082912014200000001",
            "key_name_prefix": "terraform-",
            "key_pair_id": "key-0b98994116775aaf5",
            "public_key": "ssh-rsa AAAAB3NzaC1yc2EAAAADAQABAAABAQCrRlD69vxBoxZvHkPL9WpSrkuGtRvEThfzVKDb0fTxsZkC6IWjb/kFZdEtmw0OlPw3AwCWF9mzSjwTKMZ0a7U4f8V2K6I2cIAUtVA0t8s6cyRKM8STNQfJ1gl/pf3NzEk2m2gn6TZOIC8C8OQyev9CY0xi4ngO8v+rmZtZS4+hr15WBG3Yi7q1KkkG7t6yLmaQsqo1AuVxIpZubqqgupBmTiPGkSMlpvjmfKQk9T/fHeaZSKcY39/9QCVquLoMXNlvl33zEU9xNHfPi+ZMX5KACAfI/pr7cNarlOKDd33b+3LIAJ0oTiz5JWrXcDBW6HBvDGycUvbuyaBScqmmKSML",
            "tags": {},
            "tags_all": {}
          },
          "sensitive_attributes": [],
          "private": "eyJzY2hlbWFfdmVyc2lvbiI6IjEifQ==",
          "dependencies": [
            "tls_private_key.australia"
          ],
          "create_before_destroy": true
        }
      ]
    },
    {
      "mode": "managed",
      "type": "aws_key_pair",
      "name": "california",
      "provider": "provider[\"registry.terraform.io/hashicorp/aws\"].California",
      "instances": [
        {
          "schema_version": 1,
          "attributes": {
            "arn": "arn:aws:ec2:us-west-1:727646505590:key-pair/terraform-20250105082903503700000001",
            "fingerprint": "80:50:d9:f2:51:03:e4:b5:4e:ca:8a:ae:3f:8e:cc:34",
            "id": "terraform-20250105082903503700000001",
            "key_name": "terraform-20250105082903503700000001",
            "key_name_prefix": "terraform-",
            "key_pair_id": "key-08dab5c0bde5dfb73",
            "public_key": "ssh-rsa AAAAB3NzaC1yc2EAAAADAQABAAABAQDDeo1//qnaN7gdx947XRApExT1z7L2isdnxqo81Wvpq8PnuFi1K+3NHcFTeN498I0I/xxvEBb7uGXHBC7vd+2do1uJgccQe2bh8XzHKyHodZhrvpJrWeaEB4m/AbwobQBS2CVA7NdGhadMfREsvOImNNTdBJAVgAH8mmkE9m74Aya6i7rfVFYFK3QI7f8ZDfayseW/VkieKwLtdjireMUNGjBk77d51EC/RxsK3Dw8ngsU6CDdL8G20uEcx9ZctBue5+7A+ju712OsE6jjU3Frpj9rpJdjsLyDSPq/c5TO5P4usdAtv1qELPu7snG9WCiJwORLK3vPPkFMnzjNHwD9",
            "tags": {},
            "tags_all": {}
          },
          "sensitive_attributes": [],
          "private": "eyJzY2hlbWFfdmVyc2lvbiI6IjEifQ==",
          "dependencies": [
            "tls_private_key.california"
          ],
          "create_before_destroy": true
        }
      ]
    },
    {
      "mode": "managed",
      "type": "aws_key_pair",
      "name": "hong-kong",
      "provider": "provider[\"registry.terraform.io/hashicorp/aws\"].Hong-Kong",
      "instances": [
        {
          "schema_version": 1,
          "attributes": {
            "arn": "arn:aws:ec2:ap-east-1:727646505590:key-pair/terraform-20250105082914134200000001",
            "fingerprint": "01:13:f1:d5:9c:ee:d3:1f:43:68:e9:75:08:9f:be:d7",
            "id": "terraform-20250105082914134200000001",
            "key_name": "terraform-20250105082914134200000001",
            "key_name_prefix": "terraform-",
            "key_pair_id": "key-0899a36983769bae9",
            "public_key": "ssh-rsa AAAAB3NzaC1yc2EAAAADAQABAAABAQC+L9+humynOrNkLAtsnTGldlBW/5T9dEMR+5MvE/FZ0luwYLnz2Qwm1ap2U7bhdH7fBI/LHwHRhTk1sG8snnjkMRb7Mo9UfmBWdWTszuSg/UV6+8kqxNRpxdqXuTYa7bj9k1Blbem/c6pMCTMCAkc7XhDWHJew6DRQAyNkQdcsUFX2qQX0uMaacoLBU8dTaT4MNb4E0QIKHGBerA86wL30YdxaVGFSkqmOrOIq1myySfN8qK01Uy7k4TjzHEhexI9luP4gxaG+exEZ4WHWNR1H4A3UTxJR+5aiNCKrCobFfQmxregmwP7Y1J4tzQc2ViBRFT1nSSvhZLgLe6JZw1G3",
            "tags": {},
            "tags_all": {}
          },
          "sensitive_attributes": [],
          "private": "eyJzY2hlbWFfdmVyc2lvbiI6IjEifQ==",
          "dependencies": [
            "tls_private_key.hong-kong"
          ],
          "create_before_destroy": true
        }
      ]
    },
    {
      "mode": "managed",
      "type": "aws_key_pair",
      "name": "london",
      "provider": "provider[\"registry.terraform.io/hashicorp/aws\"].London",
      "instances": [
        {
          "schema_version": 1,
          "attributes": {
            "arn": "arn:aws:ec2:eu-west-2:727646505590:key-pair/terraform-20250105082904559200000001",
            "fingerprint": "ca:8e:d2:54:5f:fc:48:89:b6:b3:1b:a8:59:b7:bd:da",
            "id": "terraform-20250105082904559200000001",
            "key_name": "terraform-20250105082904559200000001",
            "key_name_prefix": "terraform-",
            "key_pair_id": "key-0ae28b1bd77ad5528",
            "public_key": "ssh-rsa AAAAB3NzaC1yc2EAAAADAQABAAABAQDRlhg1JV5w/0HY2xFltuqySQGh5EJ+h2PGPXv1f9RbQJ3aPEVlNA+Z8ULj6EgtPD5ZfOe11N++UCdY9HedFvO0wA5wOC47dRIWb0txxKRmZKe79WT2fiOMbuWo20aSzyrvkuMKiXYiLtWHkDZ33yF9UBs+8H+gZydeZDElgy0t2dXK1K0UQjnTIu6znnZeAByB+7b4CVh04Z+jU0R9Ie4Fe2vRf302f3z2D0mH9mxfCGjJKn3idQPlZDVDiG9fHlCJiW1mpETL/ml67ldmjDQCJw2k1KZ5GFP9IoSk0E5L6i86mt0b2fEtqKI+j5cNSm9171TFnCY5Jv70Xuo4Va8/",
            "tags": {},
            "tags_all": {}
          },
          "sensitive_attributes": [],
          "private": "eyJzY2hlbWFfdmVyc2lvbiI6IjEifQ==",
          "dependencies": [
            "tls_private_key.london"
          ],
          "create_before_destroy": true
        }
      ]
    },
    {
      "mode": "managed",
      "type": "aws_key_pair",
      "name": "new_york",
      "provider": "provider[\"registry.terraform.io/hashicorp/aws\"].New-York",
      "instances": [
        {
          "schema_version": 1,
          "attributes": {
            "arn": "arn:aws:ec2:us-east-1:727646505590:key-pair/terraform-20250105082902566600000001",
            "fingerprint": "59:75:52:a8:fe:23:05:a7:06:b4:2b:b8:23:90:23:52",
            "id": "terraform-20250105082902566600000001",
            "key_name": "terraform-20250105082902566600000001",
            "key_name_prefix": "terraform-",
            "key_pair_id": "key-081ad37098f3e65b5",
            "public_key": "ssh-rsa AAAAB3NzaC1yc2EAAAADAQABAAABAQDQHFaoe/eugZz9hYw9OuT925k0GaWhnO6i1Gvfc2BMQ0B6UyBhBXTrgElkxepvxcIAU1wvUq2mdvyQI8HVbZumxRv1ffPj6QvYW/55vFEpGv828HmMj0Cf/8zJiC+iomUIkIc6hm42CGor2qcqjSgDCsdH7/BuQ0s+gPMnOvq9nOaiE4y7C9z8PPo3W7i6+fgvmtWdozf7e62wiOtt4fDXfqAqn9mko2RG2c24+OJ2YuzO4Sxx932WiQ9HbllgodYWTRkU1fkTlXyNvbK2PS9fINi5N5llH6vrDgvbwIpvbht/OEAoQXCgku4vhl++O2Ae+c3yq6uFoLfYiYdQvsDZ",
            "tags": {},
            "tags_all": {}
          },
          "sensitive_attributes": [],
          "private": "eyJzY2hlbWFfdmVyc2lvbiI6IjEifQ==",
          "dependencies": [
            "tls_private_key.new_york"
          ]
        }
      ]
    },
    {
      "mode": "managed",
      "type": "aws_key_pair",
      "name": "sao-paulo",
      "provider": "provider[\"registry.terraform.io/hashicorp/aws\"].Sao-Paulo",
      "instances": [
        {
          "schema_version": 1,
          "attributes": {
            "arn": "arn:aws:ec2:sa-east-1:727646505590:key-pair/terraform-20250105082902757100000001",
            "fingerprint": "76:22:3e:5d:d5:a7:00:e9:68:14:3f:9d:e7:9e:5f:c7",
            "id": "terraform-20250105082902757100000001",
            "key_name": "terraform-20250105082902757100000001",
            "key_name_prefix": "terraform-",
            "key_pair_id": "key-07f932b2b98c2cb3c",
            "public_key": "ssh-rsa AAAAB3NzaC1yc2EAAAADAQABAAABAQDXAggtPhjvjHXnVUOTB1F/8avYh4NDoMYyBIQs2UN771BFMv2UIfbxppM8SxIFGYEa+HgSVa0LyZEiTGpHYG5tethSZoIv1h2lIMkqBsReRjgDVTBP42QDz/JmmA9Z9fb7RlypdLgqr4bxQ9rsLiLBopCASown6xsLBmhXhmoKlK/A4TfmIzl2nPe2lvEZVODJxBEBbEFKwfLgOUZT9i3aG0Vt1E7XVoFbkv9C7OjtMzJuCmvKiCj1RDExa6D12d4OyfX+uPCeNyt/IhkAOclacOkq2213gQhF1tByK1MbBzhTlT5tyNLM6g77VDUKp2wdHcH7EVdIHad8vdlFzVmp",
            "tags": {},
            "tags_all": {}
          },
          "sensitive_attributes": [],
          "private": "eyJzY2hlbWFfdmVyc2lvbiI6IjEifQ==",
          "dependencies": [
            "tls_private_key.sao-paulo"
          ],
          "create_before_destroy": true
        }
      ]
    },
    {
      "mode": "managed",
      "type": "aws_key_pair",
      "name": "tokyo",
      "provider": "provider[\"registry.terraform.io/hashicorp/aws\"].Tokyo",
      "instances": [
        {
          "schema_version": 1,
          "attributes": {
            "arn": "arn:aws:ec2:ap-northeast-1:727646505590:key-pair/terraform-20250105082906032100000001",
            "fingerprint": "ba:53:c7:02:f3:b7:9e:c8:50:88:2e:b2:35:cf:47:05",
            "id": "terraform-20250105082906032100000001",
            "key_name": "terraform-20250105082906032100000001",
            "key_name_prefix": "terraform-",
            "key_pair_id": "key-073a2affa78fb8e9d",
            "public_key": "ssh-rsa AAAAB3NzaC1yc2EAAAADAQABAAABAQDZt/aYPM3lZjHannJDr/FPpAqn5JqFFi7yvGuJu0zzWl/1X4zQMs/taQ3zNCgtHSWlNVN+JejN34tdUb+CHXAiE1IPtR9xedHJdkDvjfHVC9/0QxvczlcKqyHhuyuErPpQTGUipotdKeK5OkrKeZPbppym+K6sbMSFVZRSeoJFyrklYRKNNc1AIqoLBkaccGHaKPXgx1C6Kcnfgw4z+7hGzUB2vB5qo7/dR1BY+BmXifsJMBBtNWPP342RS9/fbBZFuv3VHtkHFysYbWPIdMbvguzJ2zkVIbg1nLbmZcPjJr2Lg2CA1XR6oAZ9sTk5CZLzm7BKpaDSvbwLv8hE24at",
            "tags": {},
            "tags_all": {}
          },
          "sensitive_attributes": [],
          "private": "eyJzY2hlbWFfdmVyc2lvbiI6IjEifQ==",
          "dependencies": [
            "tls_private_key.tokyo"
          ],
          "create_before_destroy": true
        }
      ]
    },
    {
      "mode": "managed",
      "type": "aws_launch_template",
      "name": "launch_australia",
      "provider": "provider[\"registry.terraform.io/hashicorp/aws\"].Australia",
      "instances": [
        {
          "schema_version": 0,
          "attributes": {
            "arn": "arn:aws:ec2:ap-southeast-2:727646505590:launch-template/lt-09b27bce457611cd7",
            "block_device_mappings": [],
            "capacity_reservation_specification": [],
            "cpu_options": [],
            "credit_specification": [],
            "default_version": 1,
            "description": "",
            "disable_api_termination": false,
            "ebs_optimized": "",
            "elastic_gpu_specifications": [],
            "elastic_inference_accelerator": [],
            "enclave_options": [],
            "hibernation_options": [],
            "iam_instance_profile": [],
            "id": "lt-09b27bce457611cd7",
            "image_id": "ami-0146fc9ad419e2cfd",
            "instance_initiated_shutdown_behavior": "",
            "instance_market_options": [],
            "instance_type": "t2.micro",
            "kernel_id": "",
            "key_name": "terraform-20250105082912014200000001",
            "latest_version": 1,
            "license_specification": [],
            "metadata_options": [],
            "monitoring": [],
            "name": "launch_australia",
            "name_prefix": "",
            "network_interfaces": [],
            "placement": [],
            "ram_disk_id": "",
            "security_group_names": [],
            "tag_specifications": [],
            "tags": {},
            "tags_all": {},
            "update_default_version": null,
            "user_data": "IyEvYmluL2Jhc2gKeXVtIHVwZGF0ZSAteQp5dW0gaW5zdGFsbCAteSBodHRwZApzeXN0ZW1jdGwgc3RhcnQgaHR0cGQKc3lzdGVtY3RsIGVuYWJsZSBodHRwZAoKIyBHZXQgdGhlIElNRFN2MiB0b2tlbgpUT0tFTj0kKGN1cmwgLVggUFVUICJodHRwOi8vMTY5LjI1NC4xNjkuMjU0L2xhdGVzdC9hcGkvdG9rZW4iIC1IICJYLWF3cy1lYzItbWV0YWRhdGEtdG9rZW4tdHRsLXNlY29uZHM6IDIxNjAwIikKCiMgQmFja2dyb3VuZCB0aGUgY3VybCByZXF1ZXN0cwpjdXJsIC1IICJYLWF3cy1lYzItbWV0YWRhdGEtdG9rZW46ICRUT0tFTiIgLXMgaHR0cDovLzE2OS4yNTQuMTY5LjI1NC9sYXRlc3QvbWV0YS1kYXRhL2xvY2FsLWlwdjQgJj4gL3RtcC9sb2NhbF9pcHY0ICYKY3VybCAtSCAiWC1hd3MtZWMyLW1ldGFkYXRhLXRva2VuOiAkVE9LRU4iIC1zIGh0dHA6Ly8xNjkuMjU0LjE2OS4yNTQvbGF0ZXN0L21ldGEtZGF0YS9wbGFjZW1lbnQvYXZhaWxhYmlsaXR5LXpvbmUgJj4gL3RtcC9heiAmCmN1cmwgLUggIlgtYXdzLWVjMi1tZXRhZGF0YS10b2tlbjogJFRPS0VOIiAtcyBodHRwOi8vMTY5LjI1NC4xNjkuMjU0L2xhdGVzdC9tZXRhLWRhdGEvbmV0d29yay9pbnRlcmZhY2VzL21hY3MvICY+IC90bXAvbWFjaWQgJgp3YWl0CgptYWNpZD0kKGNhdCAvdG1wL21hY2lkKQpsb2NhbF9pcHY0PSQoY2F0IC90bXAvbG9jYWxfaXB2NCkKYXo9JChjYXQgL3RtcC9heikKdnBjPSQoY3VybCAtSCAiWC1hd3MtZWMyLW1ldGFkYXRhLXRva2VuOiAkVE9LRU4iIC1zIGh0dHA6Ly8xNjkuMjU0LjE2OS4yNTQvbGF0ZXN0L21ldGEtZGF0YS9uZXR3b3JrL2ludGVyZmFjZXMvbWFjcy8kbWFjaWQvdnBjLWlkKQoKIyBDcmVhdGUgSFRNTCBmaWxlCmNhdCA8PC1IVE1MID4gL3Zhci93d3cvaHRtbC9pbmRleC5odG1sCjwhZG9jdHlwZSBodG1sPgo8aHRtbCBsYW5nPSJlbiIgY2xhc3M9ImgtMTAwIj4KPGhlYWQ+Cjx0aXRsZT5EZXRhaWxzIEF1c3RyYWxpYSBFQzIgaW5zdGFuY2VzPC90aXRsZT4KPC9oZWFkPgo8Ym9keT4KPGRpdj4KPGgxPkF1c3RyYWxpYS9oMT4KPGgxPkNoYWlucyBCcm9rZW4gaW4gQXVzdHJhbGlhPC9oMT4KPHA+PGI+SW5zdGFuY2UgTmFtZTo8L2I+ICQoaG9zdG5hbWUgLWYpIDwvcD4KPHA+PGI+SW5zdGFuY2UgUHJpdmF0ZSBJcCBBZGRyZXNzOiA8L2I+ICRsb2NhbF9pcHY0PC9wPgo8cD48Yj5BdmFpbGFiaWxpdHkgWm9uZTogPC9iPiAkYXo8L3A+CjxwPjxiPlZpcnR1YWwgUHJpdmF0ZSBDbG91ZCAoVlBDKTo8L2I+ICR2cGM8L3A+CjwvZGl2Pgo8L2JvZHk+CjwvaHRtbD4KSFRNTAoKIyBDbGVhbiB1cCB0aGUgdGVtcCBmaWxlcwpybSAtZiAvdG1wL2xvY2FsX2lwdjQgL3RtcC9heiAvdG1wL21hY2lkCg==",
            "vpc_security_group_ids": [
              "sg-0a23332bebc2a8f9e"
            ]
          },
          "sensitive_attributes": [],
          "private": "bnVsbA==",
          "dependencies": [
            "aws_key_pair.australia",
            "aws_security_group.australia-sg",
            "aws_vpc.australia-vpc",
            "tls_private_key.australia"
          ],
          "create_before_destroy": true
        }
      ]
    },
    {
      "mode": "managed",
      "type": "aws_launch_template",
      "name": "launch_california",
      "provider": "provider[\"registry.terraform.io/hashicorp/aws\"].California",
      "instances": [
        {
          "schema_version": 0,
          "attributes": {
            "arn": "arn:aws:ec2:us-west-1:727646505590:launch-template/lt-06abcfdbe23252e50",
            "block_device_mappings": [],
            "capacity_reservation_specification": [],
            "cpu_options": [],
            "credit_specification": [],
            "default_version": 1,
            "description": "",
            "disable_api_termination": false,
            "ebs_optimized": "",
            "elastic_gpu_specifications": [],
            "elastic_inference_accelerator": [],
            "enclave_options": [],
            "hibernation_options": [],
            "iam_instance_profile": [],
            "id": "lt-06abcfdbe23252e50",
            "image_id": "ami-038bba9a164eb3dc1",
            "instance_initiated_shutdown_behavior": "",
            "instance_market_options": [],
            "instance_type": "t2.micro",
            "kernel_id": "",
            "key_name": "terraform-20250105082903503700000001",
            "latest_version": 1,
            "license_specification": [],
            "metadata_options": [],
            "monitoring": [],
            "name": "launch_california",
            "name_prefix": "",
            "network_interfaces": [],
            "placement": [],
            "ram_disk_id": "",
            "security_group_names": [],
            "tag_specifications": [],
            "tags": {},
            "tags_all": {},
            "update_default_version": null,
            "user_data": "IyEvYmluL2Jhc2gKeXVtIHVwZGF0ZSAteQp5dW0gaW5zdGFsbCAteSBodHRwZApzeXN0ZW1jdGwgc3RhcnQgaHR0cGQKc3lzdGVtY3RsIGVuYWJsZSBodHRwZAoKIyBHZXQgdGhlIElNRFN2MiB0b2tlbgpUT0tFTj0kKGN1cmwgLVggUFVUICJodHRwOi8vMTY5LjI1NC4xNjkuMjU0L2xhdGVzdC9hcGkvdG9rZW4iIC1IICJYLWF3cy1lYzItbWV0YWRhdGEtdG9rZW4tdHRsLXNlY29uZHM6IDIxNjAwIikKCiMgQmFja2dyb3VuZCB0aGUgY3VybCByZXF1ZXN0cwpjdXJsIC1IICJYLWF3cy1lYzItbWV0YWRhdGEtdG9rZW46ICRUT0tFTiIgLXMgaHR0cDovLzE2OS4yNTQuMTY5LjI1NC9sYXRlc3QvbWV0YS1kYXRhL2xvY2FsLWlwdjQgJj4gL3RtcC9sb2NhbF9pcHY0ICYKY3VybCAtSCAiWC1hd3MtZWMyLW1ldGFkYXRhLXRva2VuOiAkVE9LRU4iIC1zIGh0dHA6Ly8xNjkuMjU0LjE2OS4yNTQvbGF0ZXN0L21ldGEtZGF0YS9wbGFjZW1lbnQvYXZhaWxhYmlsaXR5LXpvbmUgJj4gL3RtcC9heiAmCmN1cmwgLUggIlgtYXdzLWVjMi1tZXRhZGF0YS10b2tlbjogJFRPS0VOIiAtcyBodHRwOi8vMTY5LjI1NC4xNjkuMjU0L2xhdGVzdC9tZXRhLWRhdGEvbmV0d29yay9pbnRlcmZhY2VzL21hY3MvICY+IC90bXAvbWFjaWQgJgp3YWl0CgptYWNpZD0kKGNhdCAvdG1wL21hY2lkKQpsb2NhbF9pcHY0PSQoY2F0IC90bXAvbG9jYWxfaXB2NCkKYXo9JChjYXQgL3RtcC9heikKdnBjPSQoY3VybCAtSCAiWC1hd3MtZWMyLW1ldGFkYXRhLXRva2VuOiAkVE9LRU4iIC1zIGh0dHA6Ly8xNjkuMjU0LjE2OS4yNTQvbGF0ZXN0L21ldGEtZGF0YS9uZXR3b3JrL2ludGVyZmFjZXMvbWFjcy8kbWFjaWQvdnBjLWlkKQoKIyBDcmVhdGUgSFRNTCBmaWxlCmNhdCA8PC1IVE1MID4gL3Zhci93d3cvaHRtbC9pbmRleC5odG1sCjwhZG9jdHlwZSBodG1sPgo8aHRtbCBsYW5nPSJlbiIgY2xhc3M9ImgtMTAwIj4KPGhlYWQ+Cjx0aXRsZT5EZXRhaWxzIENhbGlmb3JuaWEgRUMyIGluc3RhbmNlczwvdGl0bGU+CjwvaGVhZD4KPGJvZHk+CjxkaXY+CjxoMT5DYWxpZm9ybmlhL2gxPgo8aDE+Q2hhaW5zIEJyb2tlbiBpbiBDYWxpZm9ybmlhPC9oMT4KPHA+PGI+SW5zdGFuY2UgTmFtZTo8L2I+ICQoaG9zdG5hbWUgLWYpIDwvcD4KPHA+PGI+SW5zdGFuY2UgUHJpdmF0ZSBJcCBBZGRyZXNzOiA8L2I+ICRsb2NhbF9pcHY0PC9wPgo8cD48Yj5BdmFpbGFiaWxpdHkgWm9uZTogPC9iPiAkYXo8L3A+CjxwPjxiPlZpcnR1YWwgUHJpdmF0ZSBDbG91ZCAoVlBDKTo8L2I+ICR2cGM8L3A+CjwvZGl2Pgo8L2JvZHk+CjwvaHRtbD4KSFRNTAoKIyBDbGVhbiB1cCB0aGUgdGVtcCBmaWxlcwpybSAtZiAvdG1wL2xvY2FsX2lwdjQgL3RtcC9heiAvdG1wL21hY2lkCg==",
            "vpc_security_group_ids": [
              "sg-02700bc0544c1ef73"
            ]
          },
          "sensitive_attributes": [],
          "private": "bnVsbA==",
          "dependencies": [
            "aws_key_pair.california",
            "aws_security_group.california-sg",
            "aws_vpc.california-vpc",
            "tls_private_key.california"
          ],
          "create_before_destroy": true
        }
      ]
    },
    {
      "mode": "managed",
      "type": "aws_launch_template",
      "name": "launch_hong-kong",
      "provider": "provider[\"registry.terraform.io/hashicorp/aws\"].Hong-Kong",
      "instances": [
        {
          "schema_version": 0,
          "attributes": {
            "arn": "arn:aws:ec2:ap-east-1:727646505590:launch-template/lt-0e441bd1fd43b5f68",
            "block_device_mappings": [],
            "capacity_reservation_specification": [],
            "cpu_options": [],
            "credit_specification": [],
            "default_version": 1,
            "description": "",
            "disable_api_termination": false,
            "ebs_optimized": "",
            "elastic_gpu_specifications": [],
            "elastic_inference_accelerator": [],
            "enclave_options": [],
            "hibernation_options": [],
            "iam_instance_profile": [],
            "id": "lt-0e441bd1fd43b5f68",
            "image_id": "ami-06f707739f2271995",
            "instance_initiated_shutdown_behavior": "",
            "instance_market_options": [],
            "instance_type": "t3.micro",
            "kernel_id": "",
            "key_name": "terraform-20250105082914134200000001",
            "latest_version": 1,
            "license_specification": [],
            "metadata_options": [],
            "monitoring": [],
            "name": "launch_hong-kong",
            "name_prefix": "",
            "network_interfaces": [],
            "placement": [],
            "ram_disk_id": "",
            "security_group_names": [],
            "tag_specifications": [],
            "tags": {},
            "tags_all": {},
            "update_default_version": null,
            "user_data": "IyEvYmluL2Jhc2gKeXVtIHVwZGF0ZSAteQp5dW0gaW5zdGFsbCAteSBodHRwZApzeXN0ZW1jdGwgc3RhcnQgaHR0cGQKc3lzdGVtY3RsIGVuYWJsZSBodHRwZAoKIyBHZXQgdGhlIElNRFN2MiB0b2tlbgpUT0tFTj0kKGN1cmwgLVggUFVUICJodHRwOi8vMTY5LjI1NC4xNjkuMjU0L2xhdGVzdC9hcGkvdG9rZW4iIC1IICJYLWF3cy1lYzItbWV0YWRhdGEtdG9rZW4tdHRsLXNlY29uZHM6IDIxNjAwIikKCiMgQmFja2dyb3VuZCB0aGUgY3VybCByZXF1ZXN0cwpjdXJsIC1IICJYLWF3cy1lYzItbWV0YWRhdGEtdG9rZW46ICRUT0tFTiIgLXMgaHR0cDovLzE2OS4yNTQuMTY5LjI1NC9sYXRlc3QvbWV0YS1kYXRhL2xvY2FsLWlwdjQgJj4gL3RtcC9sb2NhbF9pcHY0ICYKY3VybCAtSCAiWC1hd3MtZWMyLW1ldGFkYXRhLXRva2VuOiAkVE9LRU4iIC1zIGh0dHA6Ly8xNjkuMjU0LjE2OS4yNTQvbGF0ZXN0L21ldGEtZGF0YS9wbGFjZW1lbnQvYXZhaWxhYmlsaXR5LXpvbmUgJj4gL3RtcC9heiAmCmN1cmwgLUggIlgtYXdzLWVjMi1tZXRhZGF0YS10b2tlbjogJFRPS0VOIiAtcyBodHRwOi8vMTY5LjI1NC4xNjkuMjU0L2xhdGVzdC9tZXRhLWRhdGEvbmV0d29yay9pbnRlcmZhY2VzL21hY3MvICY+IC90bXAvbWFjaWQgJgp3YWl0CgptYWNpZD0kKGNhdCAvdG1wL21hY2lkKQpsb2NhbF9pcHY0PSQoY2F0IC90bXAvbG9jYWxfaXB2NCkKYXo9JChjYXQgL3RtcC9heikKdnBjPSQoY3VybCAtSCAiWC1hd3MtZWMyLW1ldGFkYXRhLXRva2VuOiAkVE9LRU4iIC1zIGh0dHA6Ly8xNjkuMjU0LjE2OS4yNTQvbGF0ZXN0L21ldGEtZGF0YS9uZXR3b3JrL2ludGVyZmFjZXMvbWFjcy8kbWFjaWQvdnBjLWlkKQoKIyBDcmVhdGUgSFRNTCBmaWxlCmNhdCA8PC1IVE1MID4gL3Zhci93d3cvaHRtbC9pbmRleC5odG1sCjwhZG9jdHlwZSBodG1sPgo8aHRtbCBsYW5nPSJlbiIgY2xhc3M9ImgtMTAwIj4KPGhlYWQ+Cjx0aXRsZT5EZXRhaWxzIEhvbmcgS29uZyBFQzIgaW5zdGFuY2VzPC90aXRsZT4KPC9oZWFkPgo8Ym9keT4KPGRpdj4KPGgxPk1hbGd1cyBDbGFuPC9oMT4KPGgxPkNoYWlucyBCcm9rZW4gaW4gSG9uZyBLb25nPC9oMT4KPHA+PGI+SW5zdGFuY2UgTmFtZTo8L2I+ICQoaG9zdG5hbWUgLWYpIDwvcD4KPHA+PGI+SW5zdGFuY2UgUHJpdmF0ZSBJcCBBZGRyZXNzOiA8L2I+ICRsb2NhbF9pcHY0PC9wPgo8cD48Yj5BdmFpbGFiaWxpdHkgWm9uZTogPC9iPiAkYXo8L3A+CjxwPjxiPlZpcnR1YWwgUHJpdmF0ZSBDbG91ZCAoVlBDKTo8L2I+ICR2cGM8L3A+CjwvZGl2Pgo8L2JvZHk+CjwvaHRtbD4KSFRNTAoKIyBDbGVhbiB1cCB0aGUgdGVtcCBmaWxlcwpybSAtZiAvdG1wL2xvY2FsX2lwdjQgL3RtcC9heiAvdG1wL21hY2lkCg==",
            "vpc_security_group_ids": [
              "sg-00a1ee0b97ae728c2"
            ]
          },
          "sensitive_attributes": [],
          "private": "bnVsbA==",
          "dependencies": [
            "aws_key_pair.hong-kong",
            "aws_security_group.hong-kong-sg",
            "aws_vpc.hong-kong-vpc",
            "tls_private_key.hong-kong"
          ],
          "create_before_destroy": true
        }
      ]
    },
    {
      "mode": "managed",
      "type": "aws_launch_template",
      "name": "launch_london",
      "provider": "provider[\"registry.terraform.io/hashicorp/aws\"].London",
      "instances": [
        {
          "schema_version": 0,
          "attributes": {
            "arn": "arn:aws:ec2:eu-west-2:727646505590:launch-template/lt-062ae2cfb83aa37fc",
            "block_device_mappings": [],
            "capacity_reservation_specification": [],
            "cpu_options": [],
            "credit_specification": [],
            "default_version": 1,
            "description": "",
            "disable_api_termination": false,
            "ebs_optimized": "",
            "elastic_gpu_specifications": [],
            "elastic_inference_accelerator": [],
            "enclave_options": [],
            "hibernation_options": [],
            "iam_instance_profile": [],
            "id": "lt-062ae2cfb83aa37fc",
            "image_id": "ami-0c76bd4bd302b30ec",
            "instance_initiated_shutdown_behavior": "",
            "instance_market_options": [],
            "instance_type": "t2.micro",
            "kernel_id": "",
            "key_name": "terraform-20250105082904559200000001",
            "latest_version": 1,
            "license_specification": [],
            "metadata_options": [],
            "monitoring": [],
            "name": "launch_london",
            "name_prefix": "",
            "network_interfaces": [],
            "placement": [],
            "ram_disk_id": "",
            "security_group_names": [],
            "tag_specifications": [],
            "tags": {},
            "tags_all": {},
            "update_default_version": null,
            "user_data": "IyEvYmluL2Jhc2gKeXVtIHVwZGF0ZSAteQp5dW0gaW5zdGFsbCAteSBodHRwZApzeXN0ZW1jdGwgc3RhcnQgaHR0cGQKc3lzdGVtY3RsIGVuYWJsZSBodHRwZAoKIyBHZXQgdGhlIElNRFN2MiB0b2tlbgpUT0tFTj0kKGN1cmwgLVggUFVUICJodHRwOi8vMTY5LjI1NC4xNjkuMjU0L2xhdGVzdC9hcGkvdG9rZW4iIC1IICJYLWF3cy1lYzItbWV0YWRhdGEtdG9rZW4tdHRsLXNlY29uZHM6IDIxNjAwIikKCiMgQmFja2dyb3VuZCB0aGUgY3VybCByZXF1ZXN0cwpjdXJsIC1IICJYLWF3cy1lYzItbWV0YWRhdGEtdG9rZW46ICRUT0tFTiIgLXMgaHR0cDovLzE2OS4yNTQuMTY5LjI1NC9sYXRlc3QvbWV0YS1kYXRhL2xvY2FsLWlwdjQgJj4gL3RtcC9sb2NhbF9pcHY0ICYKY3VybCAtSCAiWC1hd3MtZWMyLW1ldGFkYXRhLXRva2VuOiAkVE9LRU4iIC1zIGh0dHA6Ly8xNjkuMjU0LjE2OS4yNTQvbGF0ZXN0L21ldGEtZGF0YS9wbGFjZW1lbnQvYXZhaWxhYmlsaXR5LXpvbmUgJj4gL3RtcC9heiAmCmN1cmwgLUggIlgtYXdzLWVjMi1tZXRhZGF0YS10b2tlbjogJFRPS0VOIiAtcyBodHRwOi8vMTY5LjI1NC4xNjkuMjU0L2xhdGVzdC9tZXRhLWRhdGEvbmV0d29yay9pbnRlcmZhY2VzL21hY3MvICY+IC90bXAvbWFjaWQgJgp3YWl0CgptYWNpZD0kKGNhdCAvdG1wL21hY2lkKQpsb2NhbF9pcHY0PSQoY2F0IC90bXAvbG9jYWxfaXB2NCkKYXo9JChjYXQgL3RtcC9heikKdnBjPSQoY3VybCAtSCAiWC1hd3MtZWMyLW1ldGFkYXRhLXRva2VuOiAkVE9LRU4iIC1zIGh0dHA6Ly8xNjkuMjU0LjE2OS4yNTQvbGF0ZXN0L21ldGEtZGF0YS9uZXR3b3JrL2ludGVyZmFjZXMvbWFjcy8kbWFjaWQvdnBjLWlkKQoKIyBDcmVhdGUgSFRNTCBmaWxlCmNhdCA8PC1IVE1MID4gL3Zhci93d3cvaHRtbC9pbmRleC5odG1sCjwhZG9jdHlwZSBodG1sPgo8aHRtbCBsYW5nPSJlbiIgY2xhc3M9ImgtMTAwIj4KPGhlYWQ+Cjx0aXRsZT5EZXRhaWxzIExvbmRvbiBFQzIgaW5zdGFuY2VzPC90aXRsZT4KPC9oZWFkPgo8Ym9keT4KPGRpdj4KPGgxPkxvbmRvbi9oMT4KPGgxPkNoYWlucyBCcm9rZW4gaW4gTG9uZG9uPC9oMT4KPHA+PGI+SW5zdGFuY2UgTmFtZTo8L2I+ICQoaG9zdG5hbWUgLWYpIDwvcD4KPHA+PGI+SW5zdGFuY2UgUHJpdmF0ZSBJcCBBZGRyZXNzOiA8L2I+ICRsb2NhbF9pcHY0PC9wPgo8cD48Yj5BdmFpbGFiaWxpdHkgWm9uZTogPC9iPiAkYXo8L3A+CjxwPjxiPlZpcnR1YWwgUHJpdmF0ZSBDbG91ZCAoVlBDKTo8L2I+ICR2cGM8L3A+CjwvZGl2Pgo8L2JvZHk+CjwvaHRtbD4KSFRNTAoKIyBDbGVhbiB1cCB0aGUgdGVtcCBmaWxlcwpybSAtZiAvdG1wL2xvY2FsX2lwdjQgL3RtcC9heiAvdG1wL21hY2lkCg==",
            "vpc_security_group_ids": [
              "sg-000dade172a5c012a"
            ]
          },
          "sensitive_attributes": [],
          "private": "bnVsbA==",
          "dependencies": [
            "aws_key_pair.london",
            "aws_security_group.london-sg",
            "aws_vpc.london-vpc",
            "tls_private_key.london"
          ],
          "create_before_destroy": true
        }
      ]
    },
    {
      "mode": "managed",
      "type": "aws_launch_template",
      "name": "launch_new-york",
      "provider": "provider[\"registry.terraform.io/hashicorp/aws\"].New-York",
      "instances": [
        {
          "schema_version": 0,
          "attributes": {
            "arn": "arn:aws:ec2:us-east-1:727646505590:launch-template/lt-01485c795cdefa80a",
            "block_device_mappings": [],
            "capacity_reservation_specification": [],
            "cpu_options": [],
            "credit_specification": [],
            "default_version": 1,
            "description": "",
            "disable_api_termination": false,
            "ebs_optimized": "",
            "elastic_gpu_specifications": [],
            "elastic_inference_accelerator": [],
            "enclave_options": [],
            "hibernation_options": [],
            "iam_instance_profile": [],
            "id": "lt-01485c795cdefa80a",
            "image_id": "ami-0453ec754f44f9a4a",
            "instance_initiated_shutdown_behavior": "",
            "instance_market_options": [],
            "instance_type": "t2.micro",
            "kernel_id": "",
            "key_name": "",
            "latest_version": 1,
            "license_specification": [],
            "metadata_options": [],
            "monitoring": [],
            "name": "launch_new-york",
            "name_prefix": "",
            "network_interfaces": [],
            "placement": [],
            "ram_disk_id": "",
            "security_group_names": [],
            "tag_specifications": [],
            "tags": {},
            "tags_all": {},
            "update_default_version": null,
            "user_data": "IyEvYmluL2Jhc2gKeXVtIHVwZGF0ZSAteQp5dW0gaW5zdGFsbCAteSBodHRwZApzeXN0ZW1jdGwgc3RhcnQgaHR0cGQKc3lzdGVtY3RsIGVuYWJsZSBodHRwZAoKIyBHZXQgdGhlIElNRFN2MiB0b2tlbgpUT0tFTj0kKGN1cmwgLVggUFVUICJodHRwOi8vMTY5LjI1NC4xNjkuMjU0L2xhdGVzdC9hcGkvdG9rZW4iIC1IICJYLWF3cy1lYzItbWV0YWRhdGEtdG9rZW4tdHRsLXNlY29uZHM6IDIxNjAwIikKCiMgQmFja2dyb3VuZCB0aGUgY3VybCByZXF1ZXN0cwpjdXJsIC1IICJYLWF3cy1lYzItbWV0YWRhdGEtdG9rZW46ICRUT0tFTiIgLXMgaHR0cDovLzE2OS4yNTQuMTY5LjI1NC9sYXRlc3QvbWV0YS1kYXRhL2xvY2FsLWlwdjQgJj4gL3RtcC9sb2NhbF9pcHY0ICYKY3VybCAtSCAiWC1hd3MtZWMyLW1ldGFkYXRhLXRva2VuOiAkVE9LRU4iIC1zIGh0dHA6Ly8xNjkuMjU0LjE2OS4yNTQvbGF0ZXN0L21ldGEtZGF0YS9wbGFjZW1lbnQvYXZhaWxhYmlsaXR5LXpvbmUgJj4gL3RtcC9heiAmCmN1cmwgLUggIlgtYXdzLWVjMi1tZXRhZGF0YS10b2tlbjogJFRPS0VOIiAtcyBodHRwOi8vMTY5LjI1NC4xNjkuMjU0L2xhdGVzdC9tZXRhLWRhdGEvbmV0d29yay9pbnRlcmZhY2VzL21hY3MvICY+IC90bXAvbWFjaWQgJgp3YWl0CgptYWNpZD0kKGNhdCAvdG1wL21hY2lkKQpsb2NhbF9pcHY0PSQoY2F0IC90bXAvbG9jYWxfaXB2NCkKYXo9JChjYXQgL3RtcC9heikKdnBjPSQoY3VybCAtSCAiWC1hd3MtZWMyLW1ldGFkYXRhLXRva2VuOiAkVE9LRU4iIC1zIGh0dHA6Ly8xNjkuMjU0LjE2OS4yNTQvbGF0ZXN0L21ldGEtZGF0YS9uZXR3b3JrL2ludGVyZmFjZXMvbWFjcy8kbWFjaWQvdnBjLWlkKQoKIyBDcmVhdGUgSFRNTCBmaWxlCmNhdCA8PC1IVE1MID4gL3Zhci93d3cvaHRtbC9pbmRleC5odG1sCjwhZG9jdHlwZSBodG1sPgo8aHRtbCBsYW5nPSJlbiIgY2xhc3M9ImgtMTAwIj4KPGhlYWQ+Cjx0aXRsZT5OZXcgU3RhdGUgb2YgTWluZDwvdGl0bGU+CjwvaGVhZD4KPGJvZHk+CjxkaXY+CjxoMT5CaWcgQXBwbGUvaDE+CjxwPjxiPkluc3RhbmNlIE5hbWU6PC9iPiAkKGhvc3RuYW1lIC1mKSA8L3A+CjxwPjxiPkluc3RhbmNlIFByaXZhdGUgSXAgQWRkcmVzczogPC9iPiAkbG9jYWxfaXB2NDwvcD4KPHA+PGI+QXZhaWxhYmlsaXR5IFpvbmU6IDwvYj4gJGF6PC9wPgo8cD48Yj5WaXJ0dWFsIFByaXZhdGUgQ2xvdWQgKFZQQyk6PC9iPiAkdnBjPC9wPgo8L2Rpdj4KPC9ib2R5Pgo8L2h0bWw+CkhUTUwKCiMgQ2xlYW4gdXAgdGhlIHRlbXAgZmlsZXMKcm0gLWYgL3RtcC9sb2NhbF9pcHY0IC90bXAvYXogL3RtcC9tYWNpZAo=",
            "vpc_security_group_ids": [
              "sg-09e2d71080d04caed"
            ]
          },
          "sensitive_attributes": [],
          "private": "bnVsbA==",
          "dependencies": [
            "aws_security_group.new-york-sg",
            "aws_vpc.new-york-vpc"
          ],
          "create_before_destroy": true
        }
      ]
    },
    {
      "mode": "managed",
      "type": "aws_launch_template",
      "name": "launch_sao-paulo",
      "provider": "provider[\"registry.terraform.io/hashicorp/aws\"].Sao-Paulo",
      "instances": [
        {
          "schema_version": 0,
          "attributes": {
            "arn": "arn:aws:ec2:sa-east-1:727646505590:launch-template/lt-07b53e8a6aa20e2ca",
            "block_device_mappings": [],
            "capacity_reservation_specification": [],
            "cpu_options": [],
            "credit_specification": [],
            "default_version": 1,
            "description": "",
            "disable_api_termination": false,
            "ebs_optimized": "",
            "elastic_gpu_specifications": [],
            "elastic_inference_accelerator": [],
            "enclave_options": [],
            "hibernation_options": [],
            "iam_instance_profile": [],
            "id": "lt-07b53e8a6aa20e2ca",
            "image_id": "ami-0c820c196a818d66a",
            "instance_initiated_shutdown_behavior": "",
            "instance_market_options": [],
            "instance_type": "t2.micro",
            "kernel_id": "",
            "key_name": "terraform-20250105082902757100000001",
            "latest_version": 1,
            "license_specification": [],
            "metadata_options": [],
            "monitoring": [],
            "name": "launch_sao-paulo",
            "name_prefix": "",
            "network_interfaces": [],
            "placement": [],
            "ram_disk_id": "",
            "security_group_names": [],
            "tag_specifications": [],
            "tags": {},
            "tags_all": {},
            "update_default_version": null,
            "user_data": "IyEvYmluL2Jhc2gKeXVtIHVwZGF0ZSAteQp5dW0gaW5zdGFsbCAteSBodHRwZApzeXN0ZW1jdGwgc3RhcnQgaHR0cGQKc3lzdGVtY3RsIGVuYWJsZSBodHRwZAoKIyBHZXQgdGhlIElNRFN2MiB0b2tlbgpUT0tFTj0kKGN1cmwgLVggUFVUICJodHRwOi8vMTY5LjI1NC4xNjkuMjU0L2xhdGVzdC9hcGkvdG9rZW4iIC1IICJYLWF3cy1lYzItbWV0YWRhdGEtdG9rZW4tdHRsLXNlY29uZHM6IDIxNjAwIikKCiMgQmFja2dyb3VuZCB0aGUgY3VybCByZXF1ZXN0cwpjdXJsIC1IICJYLWF3cy1lYzItbWV0YWRhdGEtdG9rZW46ICRUT0tFTiIgLXMgaHR0cDovLzE2OS4yNTQuMTY5LjI1NC9sYXRlc3QvbWV0YS1kYXRhL2xvY2FsLWlwdjQgJj4gL3RtcC9sb2NhbF9pcHY0ICYKY3VybCAtSCAiWC1hd3MtZWMyLW1ldGFkYXRhLXRva2VuOiAkVE9LRU4iIC1zIGh0dHA6Ly8xNjkuMjU0LjE2OS4yNTQvbGF0ZXN0L21ldGEtZGF0YS9wbGFjZW1lbnQvYXZhaWxhYmlsaXR5LXpvbmUgJj4gL3RtcC9heiAmCmN1cmwgLUggIlgtYXdzLWVjMi1tZXRhZGF0YS10b2tlbjogJFRPS0VOIiAtcyBodHRwOi8vMTY5LjI1NC4xNjkuMjU0L2xhdGVzdC9tZXRhLWRhdGEvbmV0d29yay9pbnRlcmZhY2VzL21hY3MvICY+IC90bXAvbWFjaWQgJgp3YWl0CgptYWNpZD0kKGNhdCAvdG1wL21hY2lkKQpsb2NhbF9pcHY0PSQoY2F0IC90bXAvbG9jYWxfaXB2NCkKYXo9JChjYXQgL3RtcC9heikKdnBjPSQoY3VybCAtSCAiWC1hd3MtZWMyLW1ldGFkYXRhLXRva2VuOiAkVE9LRU4iIC1zIGh0dHA6Ly8xNjkuMjU0LjE2OS4yNTQvbGF0ZXN0L21ldGEtZGF0YS9uZXR3b3JrL2ludGVyZmFjZXMvbWFjcy8kbWFjaWQvdnBjLWlkKQoKIyBDcmVhdGUgSFRNTCBmaWxlCmNhdCA8PC1IVE1MID4gL3Zhci93d3cvaHRtbC9pbmRleC5odG1sCjwhZG9jdHlwZSBodG1sPgo8aHRtbCBsYW5nPSJlbiIgY2xhc3M9ImgtMTAwIj4KPGhlYWQ+Cjx0aXRsZT5EZXRhaWxzIFNhbyBQYXVsbyBFQzIgaW5zdGFuY2VzPC90aXRsZT4KPC9oZWFkPgo8Ym9keT4KPGRpdj4KPGgxPlNhbyBQYXVsby9oMT4KPGgxPkNoYWlucyBCcm9rZW4gaW4gU2FvIFBhdWxvPC9oMT4KPHA+PGI+SW5zdGFuY2UgTmFtZTo8L2I+ICQoaG9zdG5hbWUgLWYpIDwvcD4KPHA+PGI+SW5zdGFuY2UgUHJpdmF0ZSBJcCBBZGRyZXNzOiA8L2I+ICRsb2NhbF9pcHY0PC9wPgo8cD48Yj5BdmFpbGFiaWxpdHkgWm9uZTogPC9iPiAkYXo8L3A+CjxwPjxiPlZpcnR1YWwgUHJpdmF0ZSBDbG91ZCAoVlBDKTo8L2I+ICR2cGM8L3A+CjwvZGl2Pgo8L2JvZHk+CjwvaHRtbD4KSFRNTAoKIyBDbGVhbiB1cCB0aGUgdGVtcCBmaWxlcwpybSAtZiAvdG1wL2xvY2FsX2lwdjQgL3RtcC9heiAvdG1wL21hY2lkCg==",
            "vpc_security_group_ids": [
              "sg-0415babd077bdc830"
            ]
          },
          "sensitive_attributes": [],
          "private": "bnVsbA==",
          "dependencies": [
            "aws_key_pair.sao-paulo",
            "aws_security_group.sao-paulo-sg",
            "aws_vpc.sao-paulo-vpc",
            "tls_private_key.sao-paulo"
          ],
          "create_before_destroy": true
        }
      ]
    },
    {
      "mode": "managed",
      "type": "aws_launch_template",
      "name": "launch_tokyo",
      "provider": "provider[\"registry.terraform.io/hashicorp/aws\"].Tokyo",
      "instances": [
        {
          "schema_version": 0,
          "attributes": {
            "arn": "arn:aws:ec2:ap-northeast-1:727646505590:launch-template/lt-068c52313185f336e",
            "block_device_mappings": [],
            "capacity_reservation_specification": [],
            "cpu_options": [],
            "credit_specification": [],
            "default_version": 1,
            "description": "",
            "disable_api_termination": false,
            "ebs_optimized": "",
            "elastic_gpu_specifications": [],
            "elastic_inference_accelerator": [],
            "enclave_options": [],
            "hibernation_options": [],
            "iam_instance_profile": [],
            "id": "lt-068c52313185f336e",
            "image_id": "ami-023ff3d4ab11b2525",
            "instance_initiated_shutdown_behavior": "",
            "instance_market_options": [],
            "instance_type": "t2.micro",
            "kernel_id": "",
            "key_name": "terraform-20250105082906032100000001",
            "latest_version": 1,
            "license_specification": [],
            "metadata_options": [],
            "monitoring": [],
            "name": "launch_tokyo",
            "name_prefix": "",
            "network_interfaces": [],
            "placement": [],
            "ram_disk_id": "",
            "security_group_names": [],
            "tag_specifications": [],
            "tags": {},
            "tags_all": {},
            "update_default_version": null,
            "user_data": "IyEvYmluL2Jhc2gKeXVtIHVwZGF0ZSAteQp5dW0gaW5zdGFsbCAteSBodHRwZApzeXN0ZW1jdGwgc3RhcnQgaHR0cGQKc3lzdGVtY3RsIGVuYWJsZSBodHRwZAoKIyBHZXQgdGhlIElNRFN2MiB0b2tlbgpUT0tFTj0kKGN1cmwgLVggUFVUICJodHRwOi8vMTY5LjI1NC4xNjkuMjU0L2xhdGVzdC9hcGkvdG9rZW4iIC1IICJYLWF3cy1lYzItbWV0YWRhdGEtdG9rZW4tdHRsLXNlY29uZHM6IDIxNjAwIikKCiMgQmFja2dyb3VuZCB0aGUgY3VybCByZXF1ZXN0cwpjdXJsIC1IICJYLWF3cy1lYzItbWV0YWRhdGEtdG9rZW46ICRUT0tFTiIgLXMgaHR0cDovLzE2OS4yNTQuMTY5LjI1NC9sYXRlc3QvbWV0YS1kYXRhL2xvY2FsLWlwdjQgJj4gL3RtcC9sb2NhbF9pcHY0ICYKY3VybCAtSCAiWC1hd3MtZWMyLW1ldGFkYXRhLXRva2VuOiAkVE9LRU4iIC1zIGh0dHA6Ly8xNjkuMjU0LjE2OS4yNTQvbGF0ZXN0L21ldGEtZGF0YS9wbGFjZW1lbnQvYXZhaWxhYmlsaXR5LXpvbmUgJj4gL3RtcC9heiAmCmN1cmwgLUggIlgtYXdzLWVjMi1tZXRhZGF0YS10b2tlbjogJFRPS0VOIiAtcyBodHRwOi8vMTY5LjI1NC4xNjkuMjU0L2xhdGVzdC9tZXRhLWRhdGEvbmV0d29yay9pbnRlcmZhY2VzL21hY3MvICY+IC90bXAvbWFjaWQgJgp3YWl0CgptYWNpZD0kKGNhdCAvdG1wL21hY2lkKQpsb2NhbF9pcHY0PSQoY2F0IC90bXAvbG9jYWxfaXB2NCkKYXo9JChjYXQgL3RtcC9heikKdnBjPSQoY3VybCAtSCAiWC1hd3MtZWMyLW1ldGFkYXRhLXRva2VuOiAkVE9LRU4iIC1zIGh0dHA6Ly8xNjkuMjU0LjE2OS4yNTQvbGF0ZXN0L21ldGEtZGF0YS9uZXR3b3JrL2ludGVyZmFjZXMvbWFjcy8kbWFjaWQvdnBjLWlkKQoKIyBDcmVhdGUgSFRNTCBmaWxlCmNhdCA8PC1IVE1MID4gL3Zhci93d3cvaHRtbC9pbmRleC5odG1sCjwhZG9jdHlwZSBodG1sPgo8aHRtbCBsYW5nPSJlbiIgY2xhc3M9ImgtMTAwIj4KPGhlYWQ+Cjx0aXRsZT5EZXRhaWxzIFRva3lvIEVDMiBpbnN0YW5jZXM8L3RpdGxlPgo8L2hlYWQ+Cjxib2R5Pgo8ZGl2Pgo8aDE+VG9reW8vaDE+CjxoMT5DaGFpbnMgQnJva2VuIGluIFRva3lvPC9oMT4KPHA+PGI+SW5zdGFuY2UgTmFtZTo8L2I+ICQoaG9zdG5hbWUgLWYpIDwvcD4KPHA+PGI+SW5zdGFuY2UgUHJpdmF0ZSBJcCBBZGRyZXNzOiA8L2I+ICRsb2NhbF9pcHY0PC9wPgo8cD48Yj5BdmFpbGFiaWxpdHkgWm9uZTogPC9iPiAkYXo8L3A+CjxwPjxiPlZpcnR1YWwgUHJpdmF0ZSBDbG91ZCAoVlBDKTo8L2I+ICR2cGM8L3A+CjwvZGl2Pgo8L2JvZHk+CjwvaHRtbD4KSFRNTAoKIyBDbGVhbiB1cCB0aGUgdGVtcCBmaWxlcwpybSAtZiAvdG1wL2xvY2FsX2lwdjQgL3RtcC9heiAvdG1wL21hY2lkCg==",
            "vpc_security_group_ids": [
              "sg-05ad0a8e647820959"
            ]
          },
          "sensitive_attributes": [],
          "private": "bnVsbA==",
          "dependencies": [
            "aws_key_pair.tokyo",
            "aws_security_group.tokyo-sg",
            "aws_vpc.tokyo-vpc",
            "tls_private_key.tokyo"
          ],
          "create_before_destroy": true
        }
      ]
    },
    {
      "mode": "managed",
      "type": "aws_lb",
      "name": "australia",
      "provider": "provider[\"registry.terraform.io/hashicorp/aws\"].Australia",
      "instances": [
        {
          "schema_version": 0,
          "attributes": {
            "access_logs": [
              {
                "bucket": "",
                "enabled": false,
                "prefix": ""
              }
            ],
            "arn": "arn:aws:elasticloadbalancing:ap-southeast-2:727646505590:loadbalancer/app/tf-lb-20250105083415312700000003/6cca59506edaf56c",
            "arn_suffix": "app/tf-lb-20250105083415312700000003/6cca59506edaf56c",
            "customer_owned_ipv4_pool": "",
            "desync_mitigation_mode": "defensive",
            "dns_name": "tf-lb-20250105083415312700000003-267167023.ap-southeast-2.elb.amazonaws.com",
            "drop_invalid_header_fields": false,
            "enable_cross_zone_load_balancing": true,
            "enable_deletion_protection": false,
            "enable_http2": true,
            "enable_waf_fail_open": false,
            "id": "arn:aws:elasticloadbalancing:ap-southeast-2:727646505590:loadbalancer/app/tf-lb-20250105083415312700000003/6cca59506edaf56c",
            "idle_timeout": 60,
            "internal": false,
            "ip_address_type": "ipv4",
            "load_balancer_type": "application",
            "name": "tf-lb-20250105083415312700000003",
            "name_prefix": null,
            "security_groups": [
              "sg-0f7ca530675317fde"
            ],
            "subnet_mapping": [
              {
                "allocation_id": "",
                "ipv6_address": "",
                "outpost_id": "",
                "private_ipv4_address": "",
                "subnet_id": "subnet-08f447b24c6d9af0b"
              },
              {
                "allocation_id": "",
                "ipv6_address": "",
                "outpost_id": "",
                "private_ipv4_address": "",
                "subnet_id": "subnet-0a637560095a48a4c"
              }
            ],
            "subnets": [
              "subnet-08f447b24c6d9af0b",
              "subnet-0a637560095a48a4c"
            ],
            "tags": {},
            "tags_all": {},
            "timeouts": null,
            "vpc_id": "vpc-01969a43c335d6ce9",
            "zone_id": "Z1GM3OXH4ZPM65"
          },
          "sensitive_attributes": [],
          "private": "eyJlMmJmYjczMC1lY2FhLTExZTYtOGY4OC0zNDM2M2JjN2M0YzAiOnsiY3JlYXRlIjo2MDAwMDAwMDAwMDAsImRlbGV0ZSI6NjAwMDAwMDAwMDAwLCJ1cGRhdGUiOjYwMDAwMDAwMDAwMH19",
          "dependencies": [
            "aws_security_group.australia-sg-lb",
            "aws_subnet.public-ap-southeast-2a",
            "aws_subnet.public-ap-southeast-2b",
            "aws_vpc.australia-vpc"
          ]
        }
      ]
    },
    {
      "mode": "managed",
      "type": "aws_lb",
      "name": "california",
      "provider": "provider[\"registry.terraform.io/hashicorp/aws\"].California",
      "instances": [
        {
          "schema_version": 0,
          "attributes": {
            "access_logs": [
              {
                "bucket": "",
                "enabled": false,
                "prefix": ""
              }
            ],
            "arn": "arn:aws:elasticloadbalancing:us-west-1:727646505590:loadbalancer/app/tf-lb-20250105083039700000000003/20e6dd8432d2d568",
            "arn_suffix": "app/tf-lb-20250105083039700000000003/20e6dd8432d2d568",
            "customer_owned_ipv4_pool": "",
            "desync_mitigation_mode": "defensive",
            "dns_name": "tf-lb-20250105083039700000000003-924632900.us-west-1.elb.amazonaws.com",
            "drop_invalid_header_fields": false,
            "enable_cross_zone_load_balancing": true,
            "enable_deletion_protection": false,
            "enable_http2": true,
            "enable_waf_fail_open": false,
            "id": "arn:aws:elasticloadbalancing:us-west-1:727646505590:loadbalancer/app/tf-lb-20250105083039700000000003/20e6dd8432d2d568",
            "idle_timeout": 60,
            "internal": false,
            "ip_address_type": "ipv4",
            "load_balancer_type": "application",
            "name": "tf-lb-20250105083039700000000003",
            "name_prefix": null,
            "security_groups": [
              "sg-0ba4bdc69565536d0"
            ],
            "subnet_mapping": [
              {
                "allocation_id": "",
                "ipv6_address": "",
                "outpost_id": "",
                "private_ipv4_address": "",
                "subnet_id": "subnet-06ccc207d887f3498"
              },
              {
                "allocation_id": "",
                "ipv6_address": "",
                "outpost_id": "",
                "private_ipv4_address": "",
                "subnet_id": "subnet-09f4eb4537dbdb4fb"
              }
            ],
            "subnets": [
              "subnet-06ccc207d887f3498",
              "subnet-09f4eb4537dbdb4fb"
            ],
            "tags": {},
            "tags_all": {},
            "timeouts": null,
            "vpc_id": "vpc-0f0abcf0d22a20812",
            "zone_id": "Z368ELLRRE2KJ0"
          },
          "sensitive_attributes": [],
          "private": "eyJlMmJmYjczMC1lY2FhLTExZTYtOGY4OC0zNDM2M2JjN2M0YzAiOnsiY3JlYXRlIjo2MDAwMDAwMDAwMDAsImRlbGV0ZSI6NjAwMDAwMDAwMDAwLCJ1cGRhdGUiOjYwMDAwMDAwMDAwMH19",
          "dependencies": [
            "aws_security_group.california-sg-lb",
            "aws_subnet.public-us-west-1b",
            "aws_subnet.public-us-west-1c",
            "aws_vpc.california-vpc"
          ]
        }
      ]
    },
    {
      "mode": "managed",
      "type": "aws_lb",
      "name": "hongkong",
      "provider": "provider[\"registry.terraform.io/hashicorp/aws\"].Hong-Kong",
      "instances": [
        {
          "schema_version": 0,
          "attributes": {
            "access_logs": [
              {
                "bucket": "",
                "enabled": false,
                "prefix": ""
              }
            ],
            "arn": "arn:aws:elasticloadbalancing:ap-east-1:727646505590:loadbalancer/app/telehealth-alb-hongkong/dea1f729ed1f752f",
            "arn_suffix": "app/telehealth-alb-hongkong/dea1f729ed1f752f",
            "customer_owned_ipv4_pool": "",
            "desync_mitigation_mode": "defensive",
            "dns_name": "telehealth-alb-hongkong-1390543585.ap-east-1.elb.amazonaws.com",
            "drop_invalid_header_fields": false,
            "enable_cross_zone_load_balancing": true,
            "enable_deletion_protection": false,
            "enable_http2": true,
            "enable_waf_fail_open": false,
            "id": "arn:aws:elasticloadbalancing:ap-east-1:727646505590:loadbalancer/app/telehealth-alb-hongkong/dea1f729ed1f752f",
            "idle_timeout": 60,
            "internal": false,
            "ip_address_type": "ipv4",
            "load_balancer_type": "application",
            "name": "telehealth-alb-hongkong",
            "name_prefix": null,
            "security_groups": [
              "sg-0cc97d84b66d25807"
            ],
            "subnet_mapping": [
              {
                "allocation_id": "",
                "ipv6_address": "",
                "outpost_id": "",
                "private_ipv4_address": "",
                "subnet_id": "subnet-02bdf93f6f13eafb9"
              },
              {
                "allocation_id": "",
                "ipv6_address": "",
                "outpost_id": "",
                "private_ipv4_address": "",
                "subnet_id": "subnet-0921f88865e432ba5"
              }
            ],
            "subnets": [
              "subnet-02bdf93f6f13eafb9",
              "subnet-0921f88865e432ba5"
            ],
            "tags": {},
            "tags_all": {},
            "timeouts": null,
            "vpc_id": "vpc-083ab13a5cb6a6581",
            "zone_id": "Z3DQVH9N71FHZ0"
          },
          "sensitive_attributes": [],
          "private": "eyJlMmJmYjczMC1lY2FhLTExZTYtOGY4OC0zNDM2M2JjN2M0YzAiOnsiY3JlYXRlIjo2MDAwMDAwMDAwMDAsImRlbGV0ZSI6NjAwMDAwMDAwMDAwLCJ1cGRhdGUiOjYwMDAwMDAwMDAwMH19",
          "dependencies": [
            "aws_security_group.hong-kong-sg-lb",
            "aws_subnet.public-ap-east-1a",
            "aws_subnet.public-ap-east-1b",
            "aws_vpc.hong-kong-vpc"
          ]
        }
      ]
    },
    {
      "mode": "managed",
      "type": "aws_lb",
      "name": "london",
      "provider": "provider[\"registry.terraform.io/hashicorp/aws\"].London",
      "instances": [
        {
          "schema_version": 0,
          "attributes": {
            "access_logs": [
              {
                "bucket": "",
                "enabled": false,
                "prefix": ""
              }
            ],
            "arn": "arn:aws:elasticloadbalancing:eu-west-2:727646505590:loadbalancer/app/tf-lb-20250105083052250100000003/3fb97b8a2d2d1212",
            "arn_suffix": "app/tf-lb-20250105083052250100000003/3fb97b8a2d2d1212",
            "customer_owned_ipv4_pool": "",
            "desync_mitigation_mode": "defensive",
            "dns_name": "tf-lb-20250105083052250100000003-438587799.eu-west-2.elb.amazonaws.com",
            "drop_invalid_header_fields": false,
            "enable_cross_zone_load_balancing": true,
            "enable_deletion_protection": false,
            "enable_http2": true,
            "enable_waf_fail_open": false,
            "id": "arn:aws:elasticloadbalancing:eu-west-2:727646505590:loadbalancer/app/tf-lb-20250105083052250100000003/3fb97b8a2d2d1212",
            "idle_timeout": 60,
            "internal": false,
            "ip_address_type": "ipv4",
            "load_balancer_type": "application",
            "name": "tf-lb-20250105083052250100000003",
            "name_prefix": null,
            "security_groups": [
              "sg-02b6dd4e01cf10637"
            ],
            "subnet_mapping": [
              {
                "allocation_id": "",
                "ipv6_address": "",
                "outpost_id": "",
                "private_ipv4_address": "",
                "subnet_id": "subnet-09b84d855348f83ef"
              },
              {
                "allocation_id": "",
                "ipv6_address": "",
                "outpost_id": "",
                "private_ipv4_address": "",
                "subnet_id": "subnet-0e80ace851abc2452"
              }
            ],
            "subnets": [
              "subnet-09b84d855348f83ef",
              "subnet-0e80ace851abc2452"
            ],
            "tags": {},
            "tags_all": {},
            "timeouts": null,
            "vpc_id": "vpc-0fa641f7665343eb3",
            "zone_id": "ZHURV8PSTC4K8"
          },
          "sensitive_attributes": [],
          "private": "eyJlMmJmYjczMC1lY2FhLTExZTYtOGY4OC0zNDM2M2JjN2M0YzAiOnsiY3JlYXRlIjo2MDAwMDAwMDAwMDAsImRlbGV0ZSI6NjAwMDAwMDAwMDAwLCJ1cGRhdGUiOjYwMDAwMDAwMDAwMH19",
          "dependencies": [
            "aws_security_group.london-sg-lb",
            "aws_subnet.public-eu-west-2a",
            "aws_subnet.public-eu-west-2b",
            "aws_vpc.london-vpc"
          ]
        }
      ]
    },
    {
      "mode": "managed",
      "type": "aws_lb",
      "name": "newyork",
      "provider": "provider[\"registry.terraform.io/hashicorp/aws\"].New-York",
      "instances": [
        {
          "schema_version": 0,
          "attributes": {
            "access_logs": [
              {
                "bucket": "",
                "enabled": false,
                "prefix": ""
              }
            ],
            "arn": "arn:aws:elasticloadbalancing:us-east-1:727646505590:loadbalancer/app/tf-lb-20250105083031711300000003/582e93cc6be7f890",
            "arn_suffix": "app/tf-lb-20250105083031711300000003/582e93cc6be7f890",
            "customer_owned_ipv4_pool": "",
            "desync_mitigation_mode": "defensive",
            "dns_name": "tf-lb-20250105083031711300000003-527960884.us-east-1.elb.amazonaws.com",
            "drop_invalid_header_fields": false,
            "enable_cross_zone_load_balancing": true,
            "enable_deletion_protection": false,
            "enable_http2": true,
            "enable_waf_fail_open": false,
            "id": "arn:aws:elasticloadbalancing:us-east-1:727646505590:loadbalancer/app/tf-lb-20250105083031711300000003/582e93cc6be7f890",
            "idle_timeout": 60,
            "internal": false,
            "ip_address_type": "ipv4",
            "load_balancer_type": "application",
            "name": "tf-lb-20250105083031711300000003",
            "name_prefix": null,
            "security_groups": [
              "sg-067436b11a2c616ab"
            ],
            "subnet_mapping": [
              {
                "allocation_id": "",
                "ipv6_address": "",
                "outpost_id": "",
                "private_ipv4_address": "",
                "subnet_id": "subnet-04dec5ca2f6d5d8a9"
              },
              {
                "allocation_id": "",
                "ipv6_address": "",
                "outpost_id": "",
                "private_ipv4_address": "",
                "subnet_id": "subnet-06607f51ad6ad0c60"
              }
            ],
            "subnets": [
              "subnet-04dec5ca2f6d5d8a9",
              "subnet-06607f51ad6ad0c60"
            ],
            "tags": {},
            "tags_all": {},
            "timeouts": null,
            "vpc_id": "vpc-09d81cb6d1255e2c1",
            "zone_id": "Z35SXDOTRQ7X7K"
          },
          "sensitive_attributes": [],
          "private": "eyJlMmJmYjczMC1lY2FhLTExZTYtOGY4OC0zNDM2M2JjN2M0YzAiOnsiY3JlYXRlIjo2MDAwMDAwMDAwMDAsImRlbGV0ZSI6NjAwMDAwMDAwMDAwLCJ1cGRhdGUiOjYwMDAwMDAwMDAwMH19",
          "dependencies": [
            "aws_security_group.new-york-sg-lb",
            "aws_subnet.public-us-east-1a",
            "aws_subnet.public-us-east-1b",
            "aws_vpc.new-york-vpc"
          ]
        }
      ]
    },
    {
      "mode": "managed",
      "type": "aws_lb",
      "name": "saopaulo",
      "provider": "provider[\"registry.terraform.io/hashicorp/aws\"].Sao-Paulo",
      "instances": [
        {
          "schema_version": 0,
          "attributes": {
            "access_logs": [
              {
                "bucket": "",
                "enabled": false,
                "prefix": ""
              }
            ],
            "arn": "arn:aws:elasticloadbalancing:sa-east-1:727646505590:loadbalancer/app/tf-lb-20250105083048680700000003/7136608a81ba0e54",
            "arn_suffix": "app/tf-lb-20250105083048680700000003/7136608a81ba0e54",
            "customer_owned_ipv4_pool": "",
            "desync_mitigation_mode": "defensive",
            "dns_name": "tf-lb-20250105083048680700000003-1466065224.sa-east-1.elb.amazonaws.com",
            "drop_invalid_header_fields": false,
            "enable_cross_zone_load_balancing": true,
            "enable_deletion_protection": false,
            "enable_http2": true,
            "enable_waf_fail_open": false,
            "id": "arn:aws:elasticloadbalancing:sa-east-1:727646505590:loadbalancer/app/tf-lb-20250105083048680700000003/7136608a81ba0e54",
            "idle_timeout": 60,
            "internal": false,
            "ip_address_type": "ipv4",
            "load_balancer_type": "application",
            "name": "tf-lb-20250105083048680700000003",
            "name_prefix": null,
            "security_groups": [
              "sg-0a6336f82799b99ac"
            ],
            "subnet_mapping": [
              {
                "allocation_id": "",
                "ipv6_address": "",
                "outpost_id": "",
                "private_ipv4_address": "",
                "subnet_id": "subnet-07d8904fe9c18d30e"
              },
              {
                "allocation_id": "",
                "ipv6_address": "",
                "outpost_id": "",
                "private_ipv4_address": "",
                "subnet_id": "subnet-0d3db8d24c83fedbb"
              }
            ],
            "subnets": [
              "subnet-07d8904fe9c18d30e",
              "subnet-0d3db8d24c83fedbb"
            ],
            "tags": {},
            "tags_all": {},
            "timeouts": null,
            "vpc_id": "vpc-0cdaf5c6895d799c8",
            "zone_id": "Z2P70J7HTTTPLU"
          },
          "sensitive_attributes": [],
          "private": "eyJlMmJmYjczMC1lY2FhLTExZTYtOGY4OC0zNDM2M2JjN2M0YzAiOnsiY3JlYXRlIjo2MDAwMDAwMDAwMDAsImRlbGV0ZSI6NjAwMDAwMDAwMDAwLCJ1cGRhdGUiOjYwMDAwMDAwMDAwMH19",
          "dependencies": [
            "aws_security_group.sao-paulo-sg-lb",
            "aws_subnet.public-sa-east-1a",
            "aws_subnet.public-sa-east-1c",
            "aws_vpc.sao-paulo-vpc"
          ]
        }
      ]
    },
    {
      "mode": "managed",
      "type": "aws_lb",
      "name": "tokyo",
      "provider": "provider[\"registry.terraform.io/hashicorp/aws\"].Tokyo",
      "instances": [
        {
          "schema_version": 0,
          "attributes": {
            "access_logs": [
              {
                "bucket": "",
                "enabled": false,
                "prefix": ""
              }
            ],
            "arn": "arn:aws:elasticloadbalancing:ap-northeast-1:727646505590:loadbalancer/app/tf-lb-20250105083405348600000003/1bcaec18f8152b6a",
            "arn_suffix": "app/tf-lb-20250105083405348600000003/1bcaec18f8152b6a",
            "customer_owned_ipv4_pool": "",
            "desync_mitigation_mode": "defensive",
            "dns_name": "tf-lb-20250105083405348600000003-1346860591.ap-northeast-1.elb.amazonaws.com",
            "drop_invalid_header_fields": false,
            "enable_cross_zone_load_balancing": true,
            "enable_deletion_protection": false,
            "enable_http2": true,
            "enable_waf_fail_open": false,
            "id": "arn:aws:elasticloadbalancing:ap-northeast-1:727646505590:loadbalancer/app/tf-lb-20250105083405348600000003/1bcaec18f8152b6a",
            "idle_timeout": 60,
            "internal": false,
            "ip_address_type": "ipv4",
            "load_balancer_type": "application",
            "name": "tf-lb-20250105083405348600000003",
            "name_prefix": null,
            "security_groups": [
              "sg-0e8e5ebfa08fd4b09"
            ],
            "subnet_mapping": [
              {
                "allocation_id": "",
                "ipv6_address": "",
                "outpost_id": "",
                "private_ipv4_address": "",
                "subnet_id": "subnet-019f9c237b29d1ccb"
              },
              {
                "allocation_id": "",
                "ipv6_address": "",
                "outpost_id": "",
                "private_ipv4_address": "",
                "subnet_id": "subnet-0993c62f95d23ac60"
              }
            ],
            "subnets": [
              "subnet-019f9c237b29d1ccb",
              "subnet-0993c62f95d23ac60"
            ],
            "tags": {},
            "tags_all": {},
            "timeouts": null,
            "vpc_id": "vpc-0fd227e4815650e4e",
            "zone_id": "Z14GRHDCWA56QT"
          },
          "sensitive_attributes": [],
          "private": "eyJlMmJmYjczMC1lY2FhLTExZTYtOGY4OC0zNDM2M2JjN2M0YzAiOnsiY3JlYXRlIjo2MDAwMDAwMDAwMDAsImRlbGV0ZSI6NjAwMDAwMDAwMDAwLCJ1cGRhdGUiOjYwMDAwMDAwMDAwMH19",
          "dependencies": [
            "aws_security_group.tokyo-sg-lb",
            "aws_subnet.public-ap-northeast-1a",
            "aws_subnet.public-ap-northeast-1c",
            "aws_vpc.tokyo-vpc"
          ]
        }
      ]
    },
    {
      "mode": "managed",
      "type": "aws_lb_target_group",
      "name": "Australia-TG-80",
      "provider": "provider[\"registry.terraform.io/hashicorp/aws\"].Australia",
      "instances": [
        {
          "schema_version": 0,
          "attributes": {
            "arn": "arn:aws:elasticloadbalancing:ap-southeast-2:727646505590:targetgroup/Australia-TG-80/61114e0f6104b0aa",
            "arn_suffix": "targetgroup/Australia-TG-80/61114e0f6104b0aa",
            "connection_termination": false,
            "deregistration_delay": "300",
            "health_check": [
              {
                "enabled": true,
                "healthy_threshold": 5,
                "interval": 30,
                "matcher": "200",
                "path": "/",
                "port": "traffic-port",
                "protocol": "HTTP",
                "timeout": 5,
                "unhealthy_threshold": 2
              }
            ],
            "id": "arn:aws:elasticloadbalancing:ap-southeast-2:727646505590:targetgroup/Australia-TG-80/61114e0f6104b0aa",
            "lambda_multi_value_headers_enabled": false,
            "load_balancing_algorithm_type": "round_robin",
            "name": "Australia-TG-80",
            "name_prefix": null,
            "port": 80,
            "preserve_client_ip": null,
            "protocol": "HTTP",
            "protocol_version": "HTTP1",
            "proxy_protocol_v2": false,
            "slow_start": 0,
            "stickiness": [
              {
                "cookie_duration": 86400,
                "cookie_name": "",
                "enabled": false,
                "type": "lb_cookie"
              }
            ],
            "tags": {},
            "tags_all": {},
            "target_type": "instance",
            "vpc_id": "vpc-01969a43c335d6ce9"
          },
          "sensitive_attributes": [],
          "private": "bnVsbA==",
          "dependencies": [
            "aws_vpc.australia-vpc"
          ]
        }
      ]
    },
    {
      "mode": "managed",
      "type": "aws_lb_target_group",
      "name": "California-TG-80",
      "provider": "provider[\"registry.terraform.io/hashicorp/aws\"].California",
      "instances": [
        {
          "schema_version": 0,
          "attributes": {
            "arn": "arn:aws:elasticloadbalancing:us-west-1:727646505590:targetgroup/California-TG-80/7425f5d1aca0d5bc",
            "arn_suffix": "targetgroup/California-TG-80/7425f5d1aca0d5bc",
            "connection_termination": false,
            "deregistration_delay": "300",
            "health_check": [
              {
                "enabled": true,
                "healthy_threshold": 5,
                "interval": 30,
                "matcher": "200",
                "path": "/",
                "port": "traffic-port",
                "protocol": "HTTP",
                "timeout": 5,
                "unhealthy_threshold": 2
              }
            ],
            "id": "arn:aws:elasticloadbalancing:us-west-1:727646505590:targetgroup/California-TG-80/7425f5d1aca0d5bc",
            "lambda_multi_value_headers_enabled": false,
            "load_balancing_algorithm_type": "round_robin",
            "name": "California-TG-80",
            "name_prefix": null,
            "port": 80,
            "preserve_client_ip": null,
            "protocol": "HTTP",
            "protocol_version": "HTTP1",
            "proxy_protocol_v2": false,
            "slow_start": 0,
            "stickiness": [
              {
                "cookie_duration": 86400,
                "cookie_name": "",
                "enabled": false,
                "type": "lb_cookie"
              }
            ],
            "tags": {},
            "tags_all": {},
            "target_type": "instance",
            "vpc_id": "vpc-0f0abcf0d22a20812"
          },
          "sensitive_attributes": [],
          "private": "bnVsbA==",
          "dependencies": [
            "aws_vpc.california-vpc"
          ]
        }
      ]
    },
    {
      "mode": "managed",
      "type": "aws_lb_target_group",
      "name": "Hong-Kong-TG-80",
      "provider": "provider[\"registry.terraform.io/hashicorp/aws\"].Hong-Kong",
      "instances": [
        {
          "schema_version": 0,
          "attributes": {
            "arn": "arn:aws:elasticloadbalancing:ap-east-1:727646505590:targetgroup/Hong-Kong-TG-80/2838fb6ffb6f27be",
            "arn_suffix": "targetgroup/Hong-Kong-TG-80/2838fb6ffb6f27be",
            "connection_termination": false,
            "deregistration_delay": "300",
            "health_check": [
              {
                "enabled": true,
                "healthy_threshold": 5,
                "interval": 30,
                "matcher": "200",
                "path": "/",
                "port": "traffic-port",
                "protocol": "HTTP",
                "timeout": 5,
                "unhealthy_threshold": 2
              }
            ],
            "id": "arn:aws:elasticloadbalancing:ap-east-1:727646505590:targetgroup/Hong-Kong-TG-80/2838fb6ffb6f27be",
            "lambda_multi_value_headers_enabled": false,
            "load_balancing_algorithm_type": "round_robin",
            "name": "Hong-Kong-TG-80",
            "name_prefix": null,
            "port": 80,
            "preserve_client_ip": null,
            "protocol": "HTTP",
            "protocol_version": "HTTP1",
            "proxy_protocol_v2": false,
            "slow_start": 0,
            "stickiness": [
              {
                "cookie_duration": 86400,
                "cookie_name": "",
                "enabled": false,
                "type": "lb_cookie"
              }
            ],
            "tags": {},
            "tags_all": {},
            "target_type": "instance",
            "vpc_id": "vpc-083ab13a5cb6a6581"
          },
          "sensitive_attributes": [],
          "private": "bnVsbA==",
          "dependencies": [
            "aws_vpc.hong-kong-vpc"
          ]
        }
      ]
    },
    {
      "mode": "managed",
      "type": "aws_lb_target_group",
      "name": "London-TG-80",
      "provider": "provider[\"registry.terraform.io/hashicorp/aws\"].London",
      "instances": [
        {
          "schema_version": 0,
          "attributes": {
            "arn": "arn:aws:elasticloadbalancing:eu-west-2:727646505590:targetgroup/London-TG-80/1f9e4c3ccccd9a51",
            "arn_suffix": "targetgroup/London-TG-80/1f9e4c3ccccd9a51",
            "connection_termination": false,
            "deregistration_delay": "300",
            "health_check": [
              {
                "enabled": true,
                "healthy_threshold": 5,
                "interval": 30,
                "matcher": "200",
                "path": "/",
                "port": "traffic-port",
                "protocol": "HTTP",
                "timeout": 5,
                "unhealthy_threshold": 2
              }
            ],
            "id": "arn:aws:elasticloadbalancing:eu-west-2:727646505590:targetgroup/London-TG-80/1f9e4c3ccccd9a51",
            "lambda_multi_value_headers_enabled": false,
            "load_balancing_algorithm_type": "round_robin",
            "name": "London-TG-80",
            "name_prefix": null,
            "port": 80,
            "preserve_client_ip": null,
            "protocol": "HTTP",
            "protocol_version": "HTTP1",
            "proxy_protocol_v2": false,
            "slow_start": 0,
            "stickiness": [
              {
                "cookie_duration": 86400,
                "cookie_name": "",
                "enabled": false,
                "type": "lb_cookie"
              }
            ],
            "tags": {},
            "tags_all": {},
            "target_type": "instance",
            "vpc_id": "vpc-0fa641f7665343eb3"
          },
          "sensitive_attributes": [],
          "private": "bnVsbA==",
          "dependencies": [
            "aws_vpc.london-vpc"
          ]
        }
      ]
    },
    {
      "mode": "managed",
      "type": "aws_lb_target_group",
      "name": "New-York-TG-80",
      "provider": "provider[\"registry.terraform.io/hashicorp/aws\"].New-York",
      "instances": [
        {
          "schema_version": 0,
          "attributes": {
            "arn": "arn:aws:elasticloadbalancing:us-east-1:727646505590:targetgroup/New-York-TG-80/0f9963396302f0d8",
            "arn_suffix": "targetgroup/New-York-TG-80/0f9963396302f0d8",
            "connection_termination": false,
            "deregistration_delay": "300",
            "health_check": [
              {
                "enabled": true,
                "healthy_threshold": 5,
                "interval": 30,
                "matcher": "200",
                "path": "/",
                "port": "traffic-port",
                "protocol": "HTTP",
                "timeout": 5,
                "unhealthy_threshold": 2
              }
            ],
            "id": "arn:aws:elasticloadbalancing:us-east-1:727646505590:targetgroup/New-York-TG-80/0f9963396302f0d8",
            "lambda_multi_value_headers_enabled": false,
            "load_balancing_algorithm_type": "round_robin",
            "name": "New-York-TG-80",
            "name_prefix": null,
            "port": 80,
            "preserve_client_ip": null,
            "protocol": "HTTP",
            "protocol_version": "HTTP1",
            "proxy_protocol_v2": false,
            "slow_start": 0,
            "stickiness": [
              {
                "cookie_duration": 86400,
                "cookie_name": "",
                "enabled": false,
                "type": "lb_cookie"
              }
            ],
            "tags": {},
            "tags_all": {},
            "target_type": "instance",
            "vpc_id": "vpc-09d81cb6d1255e2c1"
          },
          "sensitive_attributes": [],
          "private": "bnVsbA==",
          "dependencies": [
            "aws_vpc.new-york-vpc"
          ]
        }
      ]
    },
    {
      "mode": "managed",
      "type": "aws_lb_target_group",
      "name": "Sao-Paulo-TG-80",
      "provider": "provider[\"registry.terraform.io/hashicorp/aws\"].Sao-Paulo",
      "instances": [
        {
          "schema_version": 0,
          "attributes": {
            "arn": "arn:aws:elasticloadbalancing:sa-east-1:727646505590:targetgroup/Sao-Paulo-TG-80/80d1a26cf76e6b9f",
            "arn_suffix": "targetgroup/Sao-Paulo-TG-80/80d1a26cf76e6b9f",
            "connection_termination": false,
            "deregistration_delay": "300",
            "health_check": [
              {
                "enabled": true,
                "healthy_threshold": 5,
                "interval": 30,
                "matcher": "200",
                "path": "/",
                "port": "traffic-port",
                "protocol": "HTTP",
                "timeout": 5,
                "unhealthy_threshold": 2
              }
            ],
            "id": "arn:aws:elasticloadbalancing:sa-east-1:727646505590:targetgroup/Sao-Paulo-TG-80/80d1a26cf76e6b9f",
            "lambda_multi_value_headers_enabled": false,
            "load_balancing_algorithm_type": "round_robin",
            "name": "Sao-Paulo-TG-80",
            "name_prefix": null,
            "port": 80,
            "preserve_client_ip": null,
            "protocol": "HTTP",
            "protocol_version": "HTTP1",
            "proxy_protocol_v2": false,
            "slow_start": 0,
            "stickiness": [
              {
                "cookie_duration": 86400,
                "cookie_name": "",
                "enabled": false,
                "type": "lb_cookie"
              }
            ],
            "tags": {},
            "tags_all": {},
            "target_type": "instance",
            "vpc_id": "vpc-0cdaf5c6895d799c8"
          },
          "sensitive_attributes": [],
          "private": "bnVsbA==",
          "dependencies": [
            "aws_vpc.sao-paulo-vpc"
          ]
        }
      ]
    },
    {
      "mode": "managed",
      "type": "aws_lb_target_group",
      "name": "Tokyo-TG-80",
      "provider": "provider[\"registry.terraform.io/hashicorp/aws\"].Tokyo",
      "instances": [
        {
          "schema_version": 0,
          "attributes": {
            "arn": "arn:aws:elasticloadbalancing:ap-northeast-1:727646505590:targetgroup/Tokyo-TG-80/3b504fcac34c2b08",
            "arn_suffix": "targetgroup/Tokyo-TG-80/3b504fcac34c2b08",
            "connection_termination": false,
            "deregistration_delay": "300",
            "health_check": [
              {
                "enabled": true,
                "healthy_threshold": 5,
                "interval": 30,
                "matcher": "200",
                "path": "/",
                "port": "traffic-port",
                "protocol": "HTTP",
                "timeout": 5,
                "unhealthy_threshold": 2
              }
            ],
            "id": "arn:aws:elasticloadbalancing:ap-northeast-1:727646505590:targetgroup/Tokyo-TG-80/3b504fcac34c2b08",
            "lambda_multi_value_headers_enabled": false,
            "load_balancing_algorithm_type": "round_robin",
            "name": "Tokyo-TG-80",
            "name_prefix": null,
            "port": 80,
            "preserve_client_ip": null,
            "protocol": "HTTP",
            "protocol_version": "HTTP1",
            "proxy_protocol_v2": false,
            "slow_start": 0,
            "stickiness": [
              {
                "cookie_duration": 86400,
                "cookie_name": "",
                "enabled": false,
                "type": "lb_cookie"
              }
            ],
            "tags": {},
            "tags_all": {},
            "target_type": "instance",
            "vpc_id": "vpc-0fd227e4815650e4e"
          },
          "sensitive_attributes": [],
          "private": "bnVsbA==",
          "dependencies": [
            "aws_vpc.tokyo-vpc"
          ]
        }
      ]
    },
    {
      "mode": "managed",
      "type": "aws_nat_gateway",
      "name": "australia",
      "provider": "provider[\"registry.terraform.io/hashicorp/aws\"].Australia",
      "instances": [
        {
          "schema_version": 0,
          "attributes": {
            "allocation_id": "eipalloc-04d603b9ebfff341a",
            "connectivity_type": "public",
            "id": "nat-08e0269ba162cfe8b",
            "network_interface_id": "eni-0adf152900b8b1a6b",
            "private_ip": "10.25.1.80",
            "public_ip": "3.105.113.3",
            "subnet_id": "subnet-0a637560095a48a4c",
            "tags": {},
            "tags_all": {}
          },
          "sensitive_attributes": [],
          "private": "bnVsbA==",
          "dependencies": [
            "aws_eip.australia",
            "aws_internet_gateway.australia",
            "aws_subnet.public-ap-southeast-2a",
            "aws_vpc.australia-vpc"
          ]
        }
      ]
    },
    {
      "mode": "managed",
      "type": "aws_nat_gateway",
      "name": "california",
      "provider": "provider[\"registry.terraform.io/hashicorp/aws\"].California",
      "instances": [
        {
          "schema_version": 0,
          "attributes": {
            "allocation_id": "eipalloc-0604514dc4b9633cb",
            "connectivity_type": "public",
            "id": "nat-0b1ba0304b0e623ac",
            "network_interface_id": "eni-0558c426473b16d8e",
            "private_ip": "10.24.1.247",
            "public_ip": "52.53.87.191",
            "subnet_id": "subnet-09f4eb4537dbdb4fb",
            "tags": {},
            "tags_all": {}
          },
          "sensitive_attributes": [],
          "private": "bnVsbA==",
          "dependencies": [
            "aws_eip.california",
            "aws_internet_gateway.california",
            "aws_subnet.public-us-west-1c",
            "aws_vpc.california-vpc"
          ]
        }
      ]
    },
    {
      "mode": "managed",
      "type": "aws_nat_gateway",
      "name": "hong_kong",
      "provider": "provider[\"registry.terraform.io/hashicorp/aws\"].Hong-Kong",
      "instances": [
        {
          "schema_version": 0,
          "attributes": {
            "allocation_id": "eipalloc-049855e1b88da6273",
            "connectivity_type": "public",
            "id": "nat-02b93617b9df7832a",
            "network_interface_id": "eni-04087c62c42b8d076",
            "private_ip": "10.21.1.150",
            "public_ip": "16.163.2.172",
            "subnet_id": "subnet-0921f88865e432ba5",
            "tags": {},
            "tags_all": {}
          },
          "sensitive_attributes": [],
          "private": "bnVsbA==",
          "dependencies": [
            "aws_eip.hong_kong",
            "aws_internet_gateway.hong-kong",
            "aws_subnet.public-ap-east-1a",
            "aws_vpc.hong-kong-vpc"
          ]
        }
      ]
    },
    {
      "mode": "managed",
      "type": "aws_nat_gateway",
      "name": "london",
      "provider": "provider[\"registry.terraform.io/hashicorp/aws\"].London",
      "instances": [
        {
          "schema_version": 0,
          "attributes": {
            "allocation_id": "eipalloc-0ee29a9b44d2733bb",
            "connectivity_type": "public",
            "id": "nat-09269937c65813106",
            "network_interface_id": "eni-0da897d54bdd8ed54",
            "private_ip": "10.22.1.75",
            "public_ip": "18.175.98.215",
            "subnet_id": "subnet-09b84d855348f83ef",
            "tags": {},
            "tags_all": {}
          },
          "sensitive_attributes": [],
          "private": "bnVsbA==",
          "dependencies": [
            "aws_eip.london",
            "aws_internet_gateway.london",
            "aws_subnet.public-eu-west-2a",
            "aws_vpc.london-vpc"
          ]
        }
      ]
    },
    {
      "mode": "managed",
      "type": "aws_nat_gateway",
      "name": "new_york",
      "provider": "provider[\"registry.terraform.io/hashicorp/aws\"].New-York",
      "instances": [
        {
          "schema_version": 0,
          "attributes": {
            "allocation_id": "eipalloc-0649cceb14323303c",
            "connectivity_type": "public",
            "id": "nat-0f0164ed3e113def4",
            "network_interface_id": "eni-094f046d126b06890",
            "private_ip": "10.26.1.5",
            "public_ip": "44.223.240.212",
            "subnet_id": "subnet-06607f51ad6ad0c60",
            "tags": {},
            "tags_all": {}
          },
          "sensitive_attributes": [],
          "private": "bnVsbA==",
          "dependencies": [
            "aws_eip.new_york",
            "aws_internet_gateway.new_york",
            "aws_subnet.public-us-east-1a",
            "aws_vpc.new-york-vpc"
          ]
        }
      ]
    },
    {
      "mode": "managed",
      "type": "aws_nat_gateway",
      "name": "sao_paulo",
      "provider": "provider[\"registry.terraform.io/hashicorp/aws\"].Sao-Paulo",
      "instances": [
        {
          "schema_version": 0,
          "attributes": {
            "allocation_id": "eipalloc-0c55cac93b74b50c4",
            "connectivity_type": "public",
            "id": "nat-020f7d222fb15ed00",
            "network_interface_id": "eni-0d8244fa1e6f01750",
            "private_ip": "10.23.1.16",
            "public_ip": "18.230.236.77",
            "subnet_id": "subnet-0d3db8d24c83fedbb",
            "tags": {},
            "tags_all": {}
          },
          "sensitive_attributes": [],
          "private": "bnVsbA==",
          "dependencies": [
            "aws_eip.sao_paulo",
            "aws_internet_gateway.sao-paulo",
            "aws_subnet.public-sa-east-1a",
            "aws_vpc.sao-paulo-vpc"
          ]
        }
      ]
    },
    {
      "mode": "managed",
      "type": "aws_nat_gateway",
      "name": "tokyo",
      "provider": "provider[\"registry.terraform.io/hashicorp/aws\"].Tokyo",
      "instances": [
        {
          "schema_version": 0,
          "attributes": {
            "allocation_id": "eipalloc-03ff43c78903edb93",
            "connectivity_type": "public",
            "id": "nat-07338b09b805b373e",
            "network_interface_id": "eni-0c717b6671e994f44",
            "private_ip": "10.20.1.92",
            "public_ip": "35.73.77.113",
            "subnet_id": "subnet-019f9c237b29d1ccb",
            "tags": {},
            "tags_all": {}
          },
          "sensitive_attributes": [],
          "private": "bnVsbA==",
          "dependencies": [
            "aws_eip.tokyo",
            "aws_internet_gateway.tokyo",
            "aws_subnet.public-ap-northeast-1a",
            "aws_vpc.tokyo-vpc"
          ]
        }
      ]
    },
    {
      "mode": "managed",
      "type": "aws_route",
      "name": "hong_kong_to_tokyo",
      "provider": "provider[\"registry.terraform.io/hashicorp/aws\"].Hong-Kong",
      "instances": [
        {
          "schema_version": 0,
          "attributes": {
            "carrier_gateway_id": "",
            "destination_cidr_block": "10.20.0.0/16",
            "destination_ipv6_cidr_block": "",
            "destination_prefix_list_id": "",
            "egress_only_gateway_id": "",
            "gateway_id": "",
            "id": "r-rtb-085af25bcae9bdd4f662290444",
            "instance_id": "",
            "instance_owner_id": "",
            "local_gateway_id": "",
            "nat_gateway_id": "",
            "network_interface_id": "",
            "origin": "CreateRoute",
            "route_table_id": "rtb-085af25bcae9bdd4f",
            "state": "active",
            "timeouts": null,
            "transit_gateway_id": "tgw-06a2bbbacff310665",
            "vpc_endpoint_id": "",
            "vpc_peering_connection_id": ""
          },
          "sensitive_attributes": [],
          "private": "eyJlMmJmYjczMC1lY2FhLTExZTYtOGY4OC0zNDM2M2JjN2M0YzAiOnsiY3JlYXRlIjozMDAwMDAwMDAwMDAsImRlbGV0ZSI6MzAwMDAwMDAwMDAwLCJ1cGRhdGUiOjEyMDAwMDAwMDAwMH19",
          "dependencies": [
            "aws_ec2_transit_gateway.Hong_Kong_TGW",
            "aws_eip.hong_kong",
            "aws_internet_gateway.hong-kong",
            "aws_nat_gateway.hong_kong",
            "aws_route_table.Hong-Kong-private-rtb",
            "aws_subnet.public-ap-east-1a",
            "aws_vpc.hong-kong-vpc",
            "aws_vpc.tokyo-vpc"
          ]
        }
      ]
    },
    {
      "mode": "managed",
      "type": "aws_route",
      "name": "tokyo-hong_kong",
      "provider": "provider[\"registry.terraform.io/hashicorp/aws\"].Tokyo",
      "instances": [
        {
          "schema_version": 0,
          "attributes": {
            "carrier_gateway_id": "",
            "destination_cidr_block": "10.21.0.0/16",
            "destination_ipv6_cidr_block": "",
            "destination_prefix_list_id": "",
            "egress_only_gateway_id": "",
            "gateway_id": "",
            "id": "r-rtb-07427f1f558c5c9db3956523154",
            "instance_id": "",
            "instance_owner_id": "",
            "local_gateway_id": "",
            "nat_gateway_id": "",
            "network_interface_id": "",
            "origin": "CreateRoute",
            "route_table_id": "rtb-07427f1f558c5c9db",
            "state": "active",
            "timeouts": null,
            "transit_gateway_id": "tgw-0d8e3be57da505805",
            "vpc_endpoint_id": "",
            "vpc_peering_connection_id": ""
          },
          "sensitive_attributes": [],
          "private": "eyJlMmJmYjczMC1lY2FhLTExZTYtOGY4OC0zNDM2M2JjN2M0YzAiOnsiY3JlYXRlIjozMDAwMDAwMDAwMDAsImRlbGV0ZSI6MzAwMDAwMDAwMDAwLCJ1cGRhdGUiOjEyMDAwMDAwMDAwMH19",
          "dependencies": [
            "aws_ec2_transit_gateway.Tokyo_TGW",
            "aws_route_table.route_tokyo-private",
            "aws_vpc.hong-kong-vpc",
            "aws_vpc.tokyo-vpc"
          ]
        }
      ]
    },
    {
      "mode": "managed",
      "type": "aws_route_table",
      "name": "Australia-private-rtb",
      "provider": "provider[\"registry.terraform.io/hashicorp/aws\"].Australia",
      "instances": [
        {
          "schema_version": 0,
          "attributes": {
            "arn": "arn:aws:ec2:ap-southeast-2:727646505590:route-table/rtb-0d687bff22a6f0da0",
            "id": "rtb-0d687bff22a6f0da0",
            "owner_id": "727646505590",
            "propagating_vgws": [],
            "route": [
              {
                "carrier_gateway_id": "",
                "cidr_block": "0.0.0.0/0",
                "destination_prefix_list_id": "",
                "egress_only_gateway_id": "",
                "gateway_id": "",
                "instance_id": "",
                "ipv6_cidr_block": "",
                "local_gateway_id": "",
                "nat_gateway_id": "nat-08e0269ba162cfe8b",
                "network_interface_id": "",
                "transit_gateway_id": "",
                "vpc_endpoint_id": "",
                "vpc_peering_connection_id": ""
              }
            ],
            "tags": {},
            "tags_all": {},
            "timeouts": null,
            "vpc_id": "vpc-01969a43c335d6ce9"
          },
          "sensitive_attributes": [],
          "private": "eyJlMmJmYjczMC1lY2FhLTExZTYtOGY4OC0zNDM2M2JjN2M0YzAiOnsiY3JlYXRlIjozMDAwMDAwMDAwMDAsImRlbGV0ZSI6MzAwMDAwMDAwMDAwLCJ1cGRhdGUiOjEyMDAwMDAwMDAwMH19",
          "dependencies": [
            "aws_eip.australia",
            "aws_internet_gateway.australia",
            "aws_nat_gateway.australia",
            "aws_subnet.public-ap-southeast-2a",
            "aws_vpc.australia-vpc"
          ]
        }
      ]
    },
    {
      "mode": "managed",
      "type": "aws_route_table",
      "name": "Australia-public-rtb",
      "provider": "provider[\"registry.terraform.io/hashicorp/aws\"].Australia",
      "instances": [
        {
          "schema_version": 0,
          "attributes": {
            "arn": "arn:aws:ec2:ap-southeast-2:727646505590:route-table/rtb-0f2a781ff0fb14e15",
            "id": "rtb-0f2a781ff0fb14e15",
            "owner_id": "727646505590",
            "propagating_vgws": [],
            "route": [
              {
                "carrier_gateway_id": "",
                "cidr_block": "0.0.0.0/0",
                "destination_prefix_list_id": "",
                "egress_only_gateway_id": "",
                "gateway_id": "igw-08a059808def8ab03",
                "instance_id": "",
                "ipv6_cidr_block": "",
                "local_gateway_id": "",
                "nat_gateway_id": "",
                "network_interface_id": "",
                "transit_gateway_id": "",
                "vpc_endpoint_id": "",
                "vpc_peering_connection_id": ""
              }
            ],
            "tags": {},
            "tags_all": {},
            "timeouts": null,
            "vpc_id": "vpc-01969a43c335d6ce9"
          },
          "sensitive_attributes": [],
          "private": "eyJlMmJmYjczMC1lY2FhLTExZTYtOGY4OC0zNDM2M2JjN2M0YzAiOnsiY3JlYXRlIjozMDAwMDAwMDAwMDAsImRlbGV0ZSI6MzAwMDAwMDAwMDAwLCJ1cGRhdGUiOjEyMDAwMDAwMDAwMH19",
          "dependencies": [
            "aws_internet_gateway.australia",
            "aws_vpc.australia-vpc"
          ]
        }
      ]
    },
    {
      "mode": "managed",
      "type": "aws_route_table",
      "name": "California-private-rtb",
      "provider": "provider[\"registry.terraform.io/hashicorp/aws\"].California",
      "instances": [
        {
          "schema_version": 0,
          "attributes": {
            "arn": "arn:aws:ec2:us-west-1:727646505590:route-table/rtb-04ea29f4032778e37",
            "id": "rtb-04ea29f4032778e37",
            "owner_id": "727646505590",
            "propagating_vgws": [],
            "route": [
              {
                "carrier_gateway_id": "",
                "cidr_block": "0.0.0.0/0",
                "destination_prefix_list_id": "",
                "egress_only_gateway_id": "",
                "gateway_id": "",
                "instance_id": "",
                "ipv6_cidr_block": "",
                "local_gateway_id": "",
                "nat_gateway_id": "nat-0b1ba0304b0e623ac",
                "network_interface_id": "",
                "transit_gateway_id": "",
                "vpc_endpoint_id": "",
                "vpc_peering_connection_id": ""
              }
            ],
            "tags": {},
            "tags_all": {},
            "timeouts": null,
            "vpc_id": "vpc-0f0abcf0d22a20812"
          },
          "sensitive_attributes": [],
          "private": "eyJlMmJmYjczMC1lY2FhLTExZTYtOGY4OC0zNDM2M2JjN2M0YzAiOnsiY3JlYXRlIjozMDAwMDAwMDAwMDAsImRlbGV0ZSI6MzAwMDAwMDAwMDAwLCJ1cGRhdGUiOjEyMDAwMDAwMDAwMH19",
          "dependencies": [
            "aws_eip.california",
            "aws_internet_gateway.california",
            "aws_nat_gateway.california",
            "aws_subnet.public-us-west-1c",
            "aws_vpc.california-vpc"
          ]
        }
      ]
    },
    {
      "mode": "managed",
      "type": "aws_route_table",
      "name": "California-public-rtb",
      "provider": "provider[\"registry.terraform.io/hashicorp/aws\"].California",
      "instances": [
        {
          "schema_version": 0,
          "attributes": {
            "arn": "arn:aws:ec2:us-west-1:727646505590:route-table/rtb-084a54e6bb54fba40",
            "id": "rtb-084a54e6bb54fba40",
            "owner_id": "727646505590",
            "propagating_vgws": [],
            "route": [
              {
                "carrier_gateway_id": "",
                "cidr_block": "0.0.0.0/0",
                "destination_prefix_list_id": "",
                "egress_only_gateway_id": "",
                "gateway_id": "igw-0d6ef451cb1bd989c",
                "instance_id": "",
                "ipv6_cidr_block": "",
                "local_gateway_id": "",
                "nat_gateway_id": "",
                "network_interface_id": "",
                "transit_gateway_id": "",
                "vpc_endpoint_id": "",
                "vpc_peering_connection_id": ""
              }
            ],
            "tags": {},
            "tags_all": {},
            "timeouts": null,
            "vpc_id": "vpc-0f0abcf0d22a20812"
          },
          "sensitive_attributes": [],
          "private": "eyJlMmJmYjczMC1lY2FhLTExZTYtOGY4OC0zNDM2M2JjN2M0YzAiOnsiY3JlYXRlIjozMDAwMDAwMDAwMDAsImRlbGV0ZSI6MzAwMDAwMDAwMDAwLCJ1cGRhdGUiOjEyMDAwMDAwMDAwMH19",
          "dependencies": [
            "aws_internet_gateway.california",
            "aws_vpc.california-vpc"
          ]
        }
      ]
    },
    {
      "mode": "managed",
      "type": "aws_route_table",
      "name": "Hong-Kong-private-rtb",
      "provider": "provider[\"registry.terraform.io/hashicorp/aws\"].Hong-Kong",
      "instances": [
        {
          "schema_version": 0,
          "attributes": {
            "arn": "arn:aws:ec2:ap-east-1:727646505590:route-table/rtb-085af25bcae9bdd4f",
            "id": "rtb-085af25bcae9bdd4f",
            "owner_id": "727646505590",
            "propagating_vgws": [],
            "route": [
              {
                "carrier_gateway_id": null,
                "cidr_block": "0.0.0.0/0",
                "destination_prefix_list_id": null,
                "egress_only_gateway_id": null,
                "gateway_id": null,
                "instance_id": null,
                "ipv6_cidr_block": null,
                "local_gateway_id": null,
                "nat_gateway_id": "nat-02b93617b9df7832a",
                "network_interface_id": null,
                "transit_gateway_id": null,
                "vpc_endpoint_id": null,
                "vpc_peering_connection_id": null
              }
            ],
            "tags": {
              "Name": "Hong-Kong-private"
            },
            "tags_all": {
              "Name": "Hong-Kong-private"
            },
            "timeouts": null,
            "vpc_id": "vpc-083ab13a5cb6a6581"
          },
          "sensitive_attributes": [],
          "private": "eyJlMmJmYjczMC1lY2FhLTExZTYtOGY4OC0zNDM2M2JjN2M0YzAiOnsiY3JlYXRlIjozMDAwMDAwMDAwMDAsImRlbGV0ZSI6MzAwMDAwMDAwMDAwLCJ1cGRhdGUiOjEyMDAwMDAwMDAwMH19",
          "dependencies": [
            "aws_eip.hong_kong",
            "aws_internet_gateway.hong-kong",
            "aws_nat_gateway.hong_kong",
            "aws_subnet.public-ap-east-1a",
            "aws_vpc.hong-kong-vpc"
          ]
        }
      ]
    },
    {
      "mode": "managed",
      "type": "aws_route_table",
      "name": "Hong-Kong-public-rtb",
      "provider": "provider[\"registry.terraform.io/hashicorp/aws\"].Hong-Kong",
      "instances": [
        {
          "schema_version": 0,
          "attributes": {
            "arn": "arn:aws:ec2:ap-east-1:727646505590:route-table/rtb-09a9232406aafbb79",
            "id": "rtb-09a9232406aafbb79",
            "owner_id": "727646505590",
            "propagating_vgws": [],
            "route": [
              {
                "carrier_gateway_id": "",
                "cidr_block": "0.0.0.0/0",
                "destination_prefix_list_id": "",
                "egress_only_gateway_id": "",
                "gateway_id": "igw-0660b4dddd771145e",
                "instance_id": "",
                "ipv6_cidr_block": "",
                "local_gateway_id": "",
                "nat_gateway_id": "",
                "network_interface_id": "",
                "transit_gateway_id": "",
                "vpc_endpoint_id": "",
                "vpc_peering_connection_id": ""
              }
            ],
            "tags": {
              "Name": "Hong-Kong-public"
            },
            "tags_all": {
              "Name": "Hong-Kong-public"
            },
            "timeouts": null,
            "vpc_id": "vpc-083ab13a5cb6a6581"
          },
          "sensitive_attributes": [],
          "private": "eyJlMmJmYjczMC1lY2FhLTExZTYtOGY4OC0zNDM2M2JjN2M0YzAiOnsiY3JlYXRlIjozMDAwMDAwMDAwMDAsImRlbGV0ZSI6MzAwMDAwMDAwMDAwLCJ1cGRhdGUiOjEyMDAwMDAwMDAwMH19",
          "dependencies": [
            "aws_internet_gateway.hong-kong",
            "aws_vpc.hong-kong-vpc"
          ]
        }
      ]
    },
    {
      "mode": "managed",
      "type": "aws_route_table",
      "name": "London-private-rtb",
      "provider": "provider[\"registry.terraform.io/hashicorp/aws\"].London",
      "instances": [
        {
          "schema_version": 0,
          "attributes": {
            "arn": "arn:aws:ec2:eu-west-2:727646505590:route-table/rtb-030897ead9b914a8d",
            "id": "rtb-030897ead9b914a8d",
            "owner_id": "727646505590",
            "propagating_vgws": [],
            "route": [
              {
                "carrier_gateway_id": "",
                "cidr_block": "0.0.0.0/0",
                "destination_prefix_list_id": "",
                "egress_only_gateway_id": "",
                "gateway_id": "",
                "instance_id": "",
                "ipv6_cidr_block": "",
                "local_gateway_id": "",
                "nat_gateway_id": "nat-09269937c65813106",
                "network_interface_id": "",
                "transit_gateway_id": "",
                "vpc_endpoint_id": "",
                "vpc_peering_connection_id": ""
              }
            ],
            "tags": {},
            "tags_all": {},
            "timeouts": null,
            "vpc_id": "vpc-0fa641f7665343eb3"
          },
          "sensitive_attributes": [],
          "private": "eyJlMmJmYjczMC1lY2FhLTExZTYtOGY4OC0zNDM2M2JjN2M0YzAiOnsiY3JlYXRlIjozMDAwMDAwMDAwMDAsImRlbGV0ZSI6MzAwMDAwMDAwMDAwLCJ1cGRhdGUiOjEyMDAwMDAwMDAwMH19",
          "dependencies": [
            "aws_eip.london",
            "aws_internet_gateway.london",
            "aws_nat_gateway.london",
            "aws_subnet.public-eu-west-2a",
            "aws_vpc.london-vpc"
          ]
        }
      ]
    },
    {
      "mode": "managed",
      "type": "aws_route_table",
      "name": "London-public-rtb",
      "provider": "provider[\"registry.terraform.io/hashicorp/aws\"].London",
      "instances": [
        {
          "schema_version": 0,
          "attributes": {
            "arn": "arn:aws:ec2:eu-west-2:727646505590:route-table/rtb-0ce25c54f8c26e55b",
            "id": "rtb-0ce25c54f8c26e55b",
            "owner_id": "727646505590",
            "propagating_vgws": [],
            "route": [
              {
                "carrier_gateway_id": "",
                "cidr_block": "0.0.0.0/0",
                "destination_prefix_list_id": "",
                "egress_only_gateway_id": "",
                "gateway_id": "igw-09d5d8341026b427f",
                "instance_id": "",
                "ipv6_cidr_block": "",
                "local_gateway_id": "",
                "nat_gateway_id": "",
                "network_interface_id": "",
                "transit_gateway_id": "",
                "vpc_endpoint_id": "",
                "vpc_peering_connection_id": ""
              }
            ],
            "tags": {},
            "tags_all": {},
            "timeouts": null,
            "vpc_id": "vpc-0fa641f7665343eb3"
          },
          "sensitive_attributes": [],
          "private": "eyJlMmJmYjczMC1lY2FhLTExZTYtOGY4OC0zNDM2M2JjN2M0YzAiOnsiY3JlYXRlIjozMDAwMDAwMDAwMDAsImRlbGV0ZSI6MzAwMDAwMDAwMDAwLCJ1cGRhdGUiOjEyMDAwMDAwMDAwMH19",
          "dependencies": [
            "aws_internet_gateway.london",
            "aws_vpc.london-vpc"
          ]
        }
      ]
    },
    {
      "mode": "managed",
      "type": "aws_route_table",
      "name": "New-York-private-rtb",
      "provider": "provider[\"registry.terraform.io/hashicorp/aws\"].New-York",
      "instances": [
        {
          "schema_version": 0,
          "attributes": {
            "arn": "arn:aws:ec2:us-east-1:727646505590:route-table/rtb-0d61bcc27fc2fe4fc",
            "id": "rtb-0d61bcc27fc2fe4fc",
            "owner_id": "727646505590",
            "propagating_vgws": [],
            "route": [
              {
                "carrier_gateway_id": "",
                "cidr_block": "0.0.0.0/0",
                "destination_prefix_list_id": "",
                "egress_only_gateway_id": "",
                "gateway_id": "",
                "instance_id": "",
                "ipv6_cidr_block": "",
                "local_gateway_id": "",
                "nat_gateway_id": "nat-0f0164ed3e113def4",
                "network_interface_id": "",
                "transit_gateway_id": "",
                "vpc_endpoint_id": "",
                "vpc_peering_connection_id": ""
              }
            ],
            "tags": {},
            "tags_all": {},
            "timeouts": null,
            "vpc_id": "vpc-09d81cb6d1255e2c1"
          },
          "sensitive_attributes": [],
          "private": "eyJlMmJmYjczMC1lY2FhLTExZTYtOGY4OC0zNDM2M2JjN2M0YzAiOnsiY3JlYXRlIjozMDAwMDAwMDAwMDAsImRlbGV0ZSI6MzAwMDAwMDAwMDAwLCJ1cGRhdGUiOjEyMDAwMDAwMDAwMH19",
          "dependencies": [
            "aws_eip.new_york",
            "aws_internet_gateway.new_york",
            "aws_nat_gateway.new_york",
            "aws_subnet.public-us-east-1a",
            "aws_vpc.new-york-vpc"
          ]
        }
      ]
    },
    {
      "mode": "managed",
      "type": "aws_route_table",
      "name": "New-York-public-rtb",
      "provider": "provider[\"registry.terraform.io/hashicorp/aws\"].New-York",
      "instances": [
        {
          "schema_version": 0,
          "attributes": {
            "arn": "arn:aws:ec2:us-east-1:727646505590:route-table/rtb-0ec9796339b898f57",
            "id": "rtb-0ec9796339b898f57",
            "owner_id": "727646505590",
            "propagating_vgws": [],
            "route": [
              {
                "carrier_gateway_id": "",
                "cidr_block": "0.0.0.0/0",
                "destination_prefix_list_id": "",
                "egress_only_gateway_id": "",
                "gateway_id": "igw-05a2442b668a1161a",
                "instance_id": "",
                "ipv6_cidr_block": "",
                "local_gateway_id": "",
                "nat_gateway_id": "",
                "network_interface_id": "",
                "transit_gateway_id": "",
                "vpc_endpoint_id": "",
                "vpc_peering_connection_id": ""
              }
            ],
            "tags": {},
            "tags_all": {},
            "timeouts": null,
            "vpc_id": "vpc-09d81cb6d1255e2c1"
          },
          "sensitive_attributes": [],
          "private": "eyJlMmJmYjczMC1lY2FhLTExZTYtOGY4OC0zNDM2M2JjN2M0YzAiOnsiY3JlYXRlIjozMDAwMDAwMDAwMDAsImRlbGV0ZSI6MzAwMDAwMDAwMDAwLCJ1cGRhdGUiOjEyMDAwMDAwMDAwMH19",
          "dependencies": [
            "aws_internet_gateway.new_york",
            "aws_vpc.new-york-vpc"
          ]
        }
      ]
    },
    {
      "mode": "managed",
      "type": "aws_route_table",
      "name": "Sao-Paulo-private-rtb",
      "provider": "provider[\"registry.terraform.io/hashicorp/aws\"].Sao-Paulo",
      "instances": [
        {
          "schema_version": 0,
          "attributes": {
            "arn": "arn:aws:ec2:sa-east-1:727646505590:route-table/rtb-086a3cf0ec11af069",
            "id": "rtb-086a3cf0ec11af069",
            "owner_id": "727646505590",
            "propagating_vgws": [],
            "route": [
              {
                "carrier_gateway_id": "",
                "cidr_block": "0.0.0.0/0",
                "destination_prefix_list_id": "",
                "egress_only_gateway_id": "",
                "gateway_id": "",
                "instance_id": "",
                "ipv6_cidr_block": "",
                "local_gateway_id": "",
                "nat_gateway_id": "nat-020f7d222fb15ed00",
                "network_interface_id": "",
                "transit_gateway_id": "",
                "vpc_endpoint_id": "",
                "vpc_peering_connection_id": ""
              }
            ],
            "tags": {},
            "tags_all": {},
            "timeouts": null,
            "vpc_id": "vpc-0cdaf5c6895d799c8"
          },
          "sensitive_attributes": [],
          "private": "eyJlMmJmYjczMC1lY2FhLTExZTYtOGY4OC0zNDM2M2JjN2M0YzAiOnsiY3JlYXRlIjozMDAwMDAwMDAwMDAsImRlbGV0ZSI6MzAwMDAwMDAwMDAwLCJ1cGRhdGUiOjEyMDAwMDAwMDAwMH19",
          "dependencies": [
            "aws_eip.sao_paulo",
            "aws_internet_gateway.sao-paulo",
            "aws_nat_gateway.sao_paulo",
            "aws_subnet.public-sa-east-1a",
            "aws_vpc.sao-paulo-vpc"
          ]
        }
      ]
    },
    {
      "mode": "managed",
      "type": "aws_route_table",
      "name": "Sao-Paulo-public-rtb",
      "provider": "provider[\"registry.terraform.io/hashicorp/aws\"].Sao-Paulo",
      "instances": [
        {
          "schema_version": 0,
          "attributes": {
            "arn": "arn:aws:ec2:sa-east-1:727646505590:route-table/rtb-0b29b1bc7cc908d31",
            "id": "rtb-0b29b1bc7cc908d31",
            "owner_id": "727646505590",
            "propagating_vgws": [],
            "route": [
              {
                "carrier_gateway_id": "",
                "cidr_block": "0.0.0.0/0",
                "destination_prefix_list_id": "",
                "egress_only_gateway_id": "",
                "gateway_id": "igw-0e40c5230985e291b",
                "instance_id": "",
                "ipv6_cidr_block": "",
                "local_gateway_id": "",
                "nat_gateway_id": "",
                "network_interface_id": "",
                "transit_gateway_id": "",
                "vpc_endpoint_id": "",
                "vpc_peering_connection_id": ""
              }
            ],
            "tags": {},
            "tags_all": {},
            "timeouts": null,
            "vpc_id": "vpc-0cdaf5c6895d799c8"
          },
          "sensitive_attributes": [],
          "private": "eyJlMmJmYjczMC1lY2FhLTExZTYtOGY4OC0zNDM2M2JjN2M0YzAiOnsiY3JlYXRlIjozMDAwMDAwMDAwMDAsImRlbGV0ZSI6MzAwMDAwMDAwMDAwLCJ1cGRhdGUiOjEyMDAwMDAwMDAwMH19",
          "dependencies": [
            "aws_internet_gateway.sao-paulo",
            "aws_vpc.sao-paulo-vpc"
          ]
        }
      ]
    },
    {
      "mode": "managed",
      "type": "aws_route_table",
      "name": "route-tokyo-public",
      "provider": "provider[\"registry.terraform.io/hashicorp/aws\"].Tokyo",
      "instances": [
        {
          "schema_version": 0,
          "attributes": {
            "arn": "arn:aws:ec2:ap-northeast-1:727646505590:route-table/rtb-023405b88514f1dbb",
            "id": "rtb-023405b88514f1dbb",
            "owner_id": "727646505590",
            "propagating_vgws": [],
            "route": [
              {
                "carrier_gateway_id": "",
                "cidr_block": "0.0.0.0/0",
                "destination_prefix_list_id": "",
                "egress_only_gateway_id": "",
                "gateway_id": "igw-09e431a71825b6d87",
                "instance_id": "",
                "ipv6_cidr_block": "",
                "local_gateway_id": "",
                "nat_gateway_id": "",
                "network_interface_id": "",
                "transit_gateway_id": "",
                "vpc_endpoint_id": "",
                "vpc_peering_connection_id": ""
              }
            ],
            "tags": {},
            "tags_all": {},
            "timeouts": null,
            "vpc_id": "vpc-0fd227e4815650e4e"
          },
          "sensitive_attributes": [],
          "private": "eyJlMmJmYjczMC1lY2FhLTExZTYtOGY4OC0zNDM2M2JjN2M0YzAiOnsiY3JlYXRlIjozMDAwMDAwMDAwMDAsImRlbGV0ZSI6MzAwMDAwMDAwMDAwLCJ1cGRhdGUiOjEyMDAwMDAwMDAwMH19",
          "dependencies": [
            "aws_internet_gateway.tokyo",
            "aws_vpc.tokyo-vpc"
          ]
        }
      ]
    },
    {
      "mode": "managed",
      "type": "aws_route_table",
      "name": "route_tokyo-private",
      "provider": "provider[\"registry.terraform.io/hashicorp/aws\"].Tokyo",
      "instances": [
        {
          "schema_version": 0,
          "attributes": {
            "arn": "arn:aws:ec2:ap-northeast-1:727646505590:route-table/rtb-07427f1f558c5c9db",
            "id": "rtb-07427f1f558c5c9db",
            "owner_id": "727646505590",
            "propagating_vgws": [],
            "route": [
              {
                "carrier_gateway_id": "",
                "cidr_block": "10.21.0.0/16",
                "destination_prefix_list_id": "",
                "egress_only_gateway_id": "",
                "gateway_id": "",
                "instance_id": "",
                "ipv6_cidr_block": "",
                "local_gateway_id": "",
                "nat_gateway_id": "",
                "network_interface_id": "",
                "transit_gateway_id": "tgw-0d8e3be57da505805",
                "vpc_endpoint_id": "",
                "vpc_peering_connection_id": ""
              }
            ],
            "tags": {},
            "tags_all": {},
            "timeouts": null,
            "vpc_id": "vpc-0fd227e4815650e4e"
          },
          "sensitive_attributes": [],
          "private": "eyJlMmJmYjczMC1lY2FhLTExZTYtOGY4OC0zNDM2M2JjN2M0YzAiOnsiY3JlYXRlIjozMDAwMDAwMDAwMDAsImRlbGV0ZSI6MzAwMDAwMDAwMDAwLCJ1cGRhdGUiOjEyMDAwMDAwMDAwMH19",
          "dependencies": [
            "aws_vpc.tokyo-vpc"
          ]
        }
      ]
    },
    {
      "mode": "managed",
      "type": "aws_route_table_association",
      "name": "private-ap-east-1a",
      "provider": "provider[\"registry.terraform.io/hashicorp/aws\"].Hong-Kong",
      "instances": [
        {
          "schema_version": 0,
          "attributes": {
            "gateway_id": "",
            "id": "rtbassoc-0acf2a63f424e4cb5",
            "route_table_id": "rtb-085af25bcae9bdd4f",
            "subnet_id": "subnet-0307f24307704f237"
          },
          "sensitive_attributes": [],
          "private": "bnVsbA==",
          "dependencies": [
            "aws_eip.hong_kong",
            "aws_internet_gateway.hong-kong",
            "aws_nat_gateway.hong_kong",
            "aws_route_table.Hong-Kong-private-rtb",
            "aws_subnet.private-ap-east-1a",
            "aws_subnet.public-ap-east-1a",
            "aws_vpc.hong-kong-vpc"
          ]
        }
      ]
    },
    {
      "mode": "managed",
      "type": "aws_route_table_association",
      "name": "private-ap-east-1b",
      "provider": "provider[\"registry.terraform.io/hashicorp/aws\"].Hong-Kong",
      "instances": [
        {
          "schema_version": 0,
          "attributes": {
            "gateway_id": "",
            "id": "rtbassoc-086a3cf99b72ad97f",
            "route_table_id": "rtb-085af25bcae9bdd4f",
            "subnet_id": "subnet-0316d0bfbe177fbbe"
          },
          "sensitive_attributes": [],
          "private": "bnVsbA==",
          "dependencies": [
            "aws_eip.hong_kong",
            "aws_internet_gateway.hong-kong",
            "aws_nat_gateway.hong_kong",
            "aws_route_table.Hong-Kong-private-rtb",
            "aws_subnet.private-ap-east-1b",
            "aws_subnet.public-ap-east-1a",
            "aws_vpc.hong-kong-vpc"
          ]
        }
      ]
    },
    {
      "mode": "managed",
      "type": "aws_route_table_association",
      "name": "private-ap-northeast-1a",
      "provider": "provider[\"registry.terraform.io/hashicorp/aws\"].Tokyo",
      "instances": [
        {
          "schema_version": 0,
          "attributes": {
            "gateway_id": "",
            "id": "rtbassoc-0997d25ec3373403f",
            "route_table_id": "rtb-07427f1f558c5c9db",
            "subnet_id": "subnet-0473863854caa4fe9"
          },
          "sensitive_attributes": [],
          "private": "bnVsbA==",
          "dependencies": [
            "aws_route_table.route_tokyo-private",
            "aws_subnet.private-ap-northeast-1a",
            "aws_vpc.tokyo-vpc"
          ]
        }
      ]
    },
    {
      "mode": "managed",
      "type": "aws_route_table_association",
      "name": "private-ap-northeast-1c",
      "provider": "provider[\"registry.terraform.io/hashicorp/aws\"].Tokyo",
      "instances": [
        {
          "schema_version": 0,
          "attributes": {
            "gateway_id": "",
            "id": "rtbassoc-0b430b23bbf9ea38d",
            "route_table_id": "rtb-07427f1f558c5c9db",
            "subnet_id": "subnet-0af9f1fcacad7482b"
          },
          "sensitive_attributes": [],
          "private": "bnVsbA==",
          "dependencies": [
            "aws_route_table.route_tokyo-private",
            "aws_subnet.private-ap-northeast-1c",
            "aws_vpc.tokyo-vpc"
          ]
        }
      ]
    },
    {
      "mode": "managed",
      "type": "aws_route_table_association",
      "name": "private-ap-southeast-2a",
      "provider": "provider[\"registry.terraform.io/hashicorp/aws\"].Australia",
      "instances": [
        {
          "schema_version": 0,
          "attributes": {
            "gateway_id": "",
            "id": "rtbassoc-0f5f3f29ea0c543f9",
            "route_table_id": "rtb-0d687bff22a6f0da0",
            "subnet_id": "subnet-03641916264499a74"
          },
          "sensitive_attributes": [],
          "private": "bnVsbA==",
          "dependencies": [
            "aws_eip.australia",
            "aws_internet_gateway.australia",
            "aws_nat_gateway.australia",
            "aws_route_table.Australia-private-rtb",
            "aws_subnet.private-ap-southeast-2a",
            "aws_subnet.public-ap-southeast-2a",
            "aws_vpc.australia-vpc"
          ]
        }
      ]
    },
    {
      "mode": "managed",
      "type": "aws_route_table_association",
      "name": "private-ap-southeast-2b",
      "provider": "provider[\"registry.terraform.io/hashicorp/aws\"].Australia",
      "instances": [
        {
          "schema_version": 0,
          "attributes": {
            "gateway_id": "",
            "id": "rtbassoc-0c9cf9b2f0e27359d",
            "route_table_id": "rtb-0d687bff22a6f0da0",
            "subnet_id": "subnet-053ce636ffce2f984"
          },
          "sensitive_attributes": [],
          "private": "bnVsbA==",
          "dependencies": [
            "aws_eip.australia",
            "aws_internet_gateway.australia",
            "aws_nat_gateway.australia",
            "aws_route_table.Australia-private-rtb",
            "aws_subnet.private-ap-southeast-2b",
            "aws_subnet.public-ap-southeast-2a",
            "aws_vpc.australia-vpc"
          ]
        }
      ]
    },
    {
      "mode": "managed",
      "type": "aws_route_table_association",
      "name": "private-eu-west-2a",
      "provider": "provider[\"registry.terraform.io/hashicorp/aws\"].London",
      "instances": [
        {
          "schema_version": 0,
          "attributes": {
            "gateway_id": "",
            "id": "rtbassoc-069668fa27c21bd08",
            "route_table_id": "rtb-030897ead9b914a8d",
            "subnet_id": "subnet-07b88da6311283451"
          },
          "sensitive_attributes": [],
          "private": "bnVsbA==",
          "dependencies": [
            "aws_eip.london",
            "aws_internet_gateway.london",
            "aws_nat_gateway.london",
            "aws_route_table.London-private-rtb",
            "aws_subnet.private-eu-west-2a",
            "aws_subnet.public-eu-west-2a",
            "aws_vpc.london-vpc"
          ]
        }
      ]
    },
    {
      "mode": "managed",
      "type": "aws_route_table_association",
      "name": "private-eu-west-2b",
      "provider": "provider[\"registry.terraform.io/hashicorp/aws\"].London",
      "instances": [
        {
          "schema_version": 0,
          "attributes": {
            "gateway_id": "",
            "id": "rtbassoc-0d924bd9d4a55902f",
            "route_table_id": "rtb-030897ead9b914a8d",
            "subnet_id": "subnet-059f08ffa54fe9b78"
          },
          "sensitive_attributes": [],
          "private": "bnVsbA==",
          "dependencies": [
            "aws_eip.london",
            "aws_internet_gateway.london",
            "aws_nat_gateway.london",
            "aws_route_table.London-private-rtb",
            "aws_subnet.private-eu-west-2b",
            "aws_subnet.public-eu-west-2a",
            "aws_vpc.london-vpc"
          ]
        }
      ]
    },
    {
      "mode": "managed",
      "type": "aws_route_table_association",
      "name": "private-sa-east-1a",
      "provider": "provider[\"registry.terraform.io/hashicorp/aws\"].Sao-Paulo",
      "instances": [
        {
          "schema_version": 0,
          "attributes": {
            "gateway_id": "",
            "id": "rtbassoc-06dd390c29a63cd63",
            "route_table_id": "rtb-086a3cf0ec11af069",
            "subnet_id": "subnet-0c3ffd7a711ae988f"
          },
          "sensitive_attributes": [],
          "private": "bnVsbA==",
          "dependencies": [
            "aws_eip.sao_paulo",
            "aws_internet_gateway.sao-paulo",
            "aws_nat_gateway.sao_paulo",
            "aws_route_table.Sao-Paulo-private-rtb",
            "aws_subnet.private-sa-east-1a",
            "aws_subnet.public-sa-east-1a",
            "aws_vpc.sao-paulo-vpc"
          ]
        }
      ]
    },
    {
      "mode": "managed",
      "type": "aws_route_table_association",
      "name": "private-sa-east-1c",
      "provider": "provider[\"registry.terraform.io/hashicorp/aws\"].Sao-Paulo",
      "instances": [
        {
          "schema_version": 0,
          "attributes": {
            "gateway_id": "",
            "id": "rtbassoc-0bd4bcb0bdd73de1d",
            "route_table_id": "rtb-086a3cf0ec11af069",
            "subnet_id": "subnet-053f85cbae8284e44"
          },
          "sensitive_attributes": [],
          "private": "bnVsbA==",
          "dependencies": [
            "aws_eip.sao_paulo",
            "aws_internet_gateway.sao-paulo",
            "aws_nat_gateway.sao_paulo",
            "aws_route_table.Sao-Paulo-private-rtb",
            "aws_subnet.private-sa-east-1c",
            "aws_subnet.public-sa-east-1a",
            "aws_vpc.sao-paulo-vpc"
          ]
        }
      ]
    },
    {
      "mode": "managed",
      "type": "aws_route_table_association",
      "name": "private-us-east-1a",
      "provider": "provider[\"registry.terraform.io/hashicorp/aws\"].New-York",
      "instances": [
        {
          "schema_version": 0,
          "attributes": {
            "gateway_id": "",
            "id": "rtbassoc-09dcb6873c7cfede9",
            "route_table_id": "rtb-0d61bcc27fc2fe4fc",
            "subnet_id": "subnet-0bd38b299d954d7b1"
          },
          "sensitive_attributes": [],
          "private": "bnVsbA==",
          "dependencies": [
            "aws_eip.new_york",
            "aws_internet_gateway.new_york",
            "aws_nat_gateway.new_york",
            "aws_route_table.New-York-private-rtb",
            "aws_subnet.private-us-east-1a",
            "aws_subnet.public-us-east-1a",
            "aws_vpc.new-york-vpc"
          ]
        }
      ]
    },
    {
      "mode": "managed",
      "type": "aws_route_table_association",
      "name": "private-us-east-1b",
      "provider": "provider[\"registry.terraform.io/hashicorp/aws\"].New-York",
      "instances": [
        {
          "schema_version": 0,
          "attributes": {
            "gateway_id": "",
            "id": "rtbassoc-051a92bc868cf1821",
            "route_table_id": "rtb-0d61bcc27fc2fe4fc",
            "subnet_id": "subnet-031fe210e0169c98e"
          },
          "sensitive_attributes": [],
          "private": "bnVsbA==",
          "dependencies": [
            "aws_eip.new_york",
            "aws_internet_gateway.new_york",
            "aws_nat_gateway.new_york",
            "aws_route_table.New-York-private-rtb",
            "aws_subnet.private-us-east-1b",
            "aws_subnet.public-us-east-1a",
            "aws_vpc.new-york-vpc"
          ]
        }
      ]
    },
    {
      "mode": "managed",
      "type": "aws_route_table_association",
      "name": "private-us-west-1b",
      "provider": "provider[\"registry.terraform.io/hashicorp/aws\"].California",
      "instances": [
        {
          "schema_version": 0,
          "attributes": {
            "gateway_id": "",
            "id": "rtbassoc-02b587311ff80fc26",
            "route_table_id": "rtb-04ea29f4032778e37",
            "subnet_id": "subnet-0ebba28149890985c"
          },
          "sensitive_attributes": [],
          "private": "bnVsbA==",
          "dependencies": [
            "aws_eip.california",
            "aws_internet_gateway.california",
            "aws_nat_gateway.california",
            "aws_route_table.California-private-rtb",
            "aws_subnet.private-us-west-1b",
            "aws_subnet.public-us-west-1c",
            "aws_vpc.california-vpc"
          ]
        }
      ]
    },
    {
      "mode": "managed",
      "type": "aws_route_table_association",
      "name": "private-us-west-1c",
      "provider": "provider[\"registry.terraform.io/hashicorp/aws\"].California",
      "instances": [
        {
          "schema_version": 0,
          "attributes": {
            "gateway_id": "",
            "id": "rtbassoc-02fa252723065f3ca",
            "route_table_id": "rtb-04ea29f4032778e37",
            "subnet_id": "subnet-0f4f2e6f8c51797b9"
          },
          "sensitive_attributes": [],
          "private": "bnVsbA==",
          "dependencies": [
            "aws_eip.california",
            "aws_internet_gateway.california",
            "aws_nat_gateway.california",
            "aws_route_table.California-private-rtb",
            "aws_subnet.private-us-west-1c",
            "aws_subnet.public-us-west-1c",
            "aws_vpc.california-vpc"
          ]
        }
      ]
    },
    {
      "mode": "managed",
      "type": "aws_route_table_association",
      "name": "public-ap-east-1a",
      "provider": "provider[\"registry.terraform.io/hashicorp/aws\"].Hong-Kong",
      "instances": [
        {
          "schema_version": 0,
          "attributes": {
            "gateway_id": "",
            "id": "rtbassoc-0bc970a7a61c5ce96",
            "route_table_id": "rtb-09a9232406aafbb79",
            "subnet_id": "subnet-0921f88865e432ba5"
          },
          "sensitive_attributes": [],
          "private": "bnVsbA==",
          "dependencies": [
            "aws_internet_gateway.hong-kong",
            "aws_route_table.Hong-Kong-public-rtb",
            "aws_subnet.public-ap-east-1a",
            "aws_vpc.hong-kong-vpc"
          ]
        }
      ]
    },
    {
      "mode": "managed",
      "type": "aws_route_table_association",
      "name": "public-ap-east-1b",
      "provider": "provider[\"registry.terraform.io/hashicorp/aws\"].Hong-Kong",
      "instances": [
        {
          "schema_version": 0,
          "attributes": {
            "gateway_id": "",
            "id": "rtbassoc-0014a53fb158e8697",
            "route_table_id": "rtb-09a9232406aafbb79",
            "subnet_id": "subnet-02bdf93f6f13eafb9"
          },
          "sensitive_attributes": [],
          "private": "bnVsbA==",
          "dependencies": [
            "aws_internet_gateway.hong-kong",
            "aws_route_table.Hong-Kong-public-rtb",
            "aws_subnet.public-ap-east-1b",
            "aws_vpc.hong-kong-vpc"
          ]
        }
      ]
    },
    {
      "mode": "managed",
      "type": "aws_route_table_association",
      "name": "public-ap-northeast-1a",
      "provider": "provider[\"registry.terraform.io/hashicorp/aws\"].Tokyo",
      "instances": [
        {
          "schema_version": 0,
          "attributes": {
            "gateway_id": "",
            "id": "rtbassoc-0bff609110dd1c040",
            "route_table_id": "rtb-023405b88514f1dbb",
            "subnet_id": "subnet-019f9c237b29d1ccb"
          },
          "sensitive_attributes": [],
          "private": "bnVsbA==",
          "dependencies": [
            "aws_internet_gateway.tokyo",
            "aws_route_table.route-tokyo-public",
            "aws_subnet.public-ap-northeast-1a",
            "aws_vpc.tokyo-vpc"
          ]
        }
      ]
    },
    {
      "mode": "managed",
      "type": "aws_route_table_association",
      "name": "public-ap-northeast-1c",
      "provider": "provider[\"registry.terraform.io/hashicorp/aws\"].Tokyo",
      "instances": [
        {
          "schema_version": 0,
          "attributes": {
            "gateway_id": "",
            "id": "rtbassoc-0983cb37a83aca8b8",
            "route_table_id": "rtb-023405b88514f1dbb",
            "subnet_id": "subnet-0993c62f95d23ac60"
          },
          "sensitive_attributes": [],
          "private": "bnVsbA==",
          "dependencies": [
            "aws_internet_gateway.tokyo",
            "aws_route_table.route-tokyo-public",
            "aws_subnet.public-ap-northeast-1c",
            "aws_vpc.tokyo-vpc"
          ]
        }
      ]
    },
    {
      "mode": "managed",
      "type": "aws_route_table_association",
      "name": "public-ap-southeast-2a",
      "provider": "provider[\"registry.terraform.io/hashicorp/aws\"].Australia",
      "instances": [
        {
          "schema_version": 0,
          "attributes": {
            "gateway_id": "",
            "id": "rtbassoc-0dcc171856cbb0976",
            "route_table_id": "rtb-0f2a781ff0fb14e15",
            "subnet_id": "subnet-0a637560095a48a4c"
          },
          "sensitive_attributes": [],
          "private": "bnVsbA==",
          "dependencies": [
            "aws_internet_gateway.australia",
            "aws_route_table.Australia-public-rtb",
            "aws_subnet.public-ap-southeast-2a",
            "aws_vpc.australia-vpc"
          ]
        }
      ]
    },
    {
      "mode": "managed",
      "type": "aws_route_table_association",
      "name": "public-ap-southeast-2b",
      "provider": "provider[\"registry.terraform.io/hashicorp/aws\"].Australia",
      "instances": [
        {
          "schema_version": 0,
          "attributes": {
            "gateway_id": "",
            "id": "rtbassoc-06a74f0d25d090f5b",
            "route_table_id": "rtb-0f2a781ff0fb14e15",
            "subnet_id": "subnet-08f447b24c6d9af0b"
          },
          "sensitive_attributes": [],
          "private": "bnVsbA==",
          "dependencies": [
            "aws_internet_gateway.australia",
            "aws_route_table.Australia-public-rtb",
            "aws_subnet.public-ap-southeast-2b",
            "aws_vpc.australia-vpc"
          ]
        }
      ]
    },
    {
      "mode": "managed",
      "type": "aws_route_table_association",
      "name": "public-eu-west-2a",
      "provider": "provider[\"registry.terraform.io/hashicorp/aws\"].London",
      "instances": [
        {
          "schema_version": 0,
          "attributes": {
            "gateway_id": "",
            "id": "rtbassoc-03edf0b623b835cfa",
            "route_table_id": "rtb-0ce25c54f8c26e55b",
            "subnet_id": "subnet-09b84d855348f83ef"
          },
          "sensitive_attributes": [],
          "private": "bnVsbA==",
          "dependencies": [
            "aws_internet_gateway.london",
            "aws_route_table.London-public-rtb",
            "aws_subnet.public-eu-west-2a",
            "aws_vpc.london-vpc"
          ]
        }
      ]
    },
    {
      "mode": "managed",
      "type": "aws_route_table_association",
      "name": "public-eu-west-2b",
      "provider": "provider[\"registry.terraform.io/hashicorp/aws\"].London",
      "instances": [
        {
          "schema_version": 0,
          "attributes": {
            "gateway_id": "",
            "id": "rtbassoc-00a96dd0f2e6bda0d",
            "route_table_id": "rtb-0ce25c54f8c26e55b",
            "subnet_id": "subnet-0e80ace851abc2452"
          },
          "sensitive_attributes": [],
          "private": "bnVsbA==",
          "dependencies": [
            "aws_internet_gateway.london",
            "aws_route_table.London-public-rtb",
            "aws_subnet.public-eu-west-2b",
            "aws_vpc.london-vpc"
          ]
        }
      ]
    },
    {
      "mode": "managed",
      "type": "aws_route_table_association",
      "name": "public-sa-east-1a",
      "provider": "provider[\"registry.terraform.io/hashicorp/aws\"].Sao-Paulo",
      "instances": [
        {
          "schema_version": 0,
          "attributes": {
            "gateway_id": "",
            "id": "rtbassoc-0198a2a889a054c83",
            "route_table_id": "rtb-0b29b1bc7cc908d31",
            "subnet_id": "subnet-0d3db8d24c83fedbb"
          },
          "sensitive_attributes": [],
          "private": "bnVsbA==",
          "dependencies": [
            "aws_internet_gateway.sao-paulo",
            "aws_route_table.Sao-Paulo-public-rtb",
            "aws_subnet.public-sa-east-1a",
            "aws_vpc.sao-paulo-vpc"
          ]
        }
      ]
    },
    {
      "mode": "managed",
      "type": "aws_route_table_association",
      "name": "public-sa-east-1c",
      "provider": "provider[\"registry.terraform.io/hashicorp/aws\"].Sao-Paulo",
      "instances": [
        {
          "schema_version": 0,
          "attributes": {
            "gateway_id": "",
            "id": "rtbassoc-0d7dc2decd6da4c9e",
            "route_table_id": "rtb-0b29b1bc7cc908d31",
            "subnet_id": "subnet-07d8904fe9c18d30e"
          },
          "sensitive_attributes": [],
          "private": "bnVsbA==",
          "dependencies": [
            "aws_internet_gateway.sao-paulo",
            "aws_route_table.Sao-Paulo-public-rtb",
            "aws_subnet.public-sa-east-1c",
            "aws_vpc.sao-paulo-vpc"
          ]
        }
      ]
    },
    {
      "mode": "managed",
      "type": "aws_route_table_association",
      "name": "public-us-east-1a",
      "provider": "provider[\"registry.terraform.io/hashicorp/aws\"].New-York",
      "instances": [
        {
          "schema_version": 0,
          "attributes": {
            "gateway_id": "",
            "id": "rtbassoc-03fe256eb2b22155f",
            "route_table_id": "rtb-0ec9796339b898f57",
            "subnet_id": "subnet-06607f51ad6ad0c60"
          },
          "sensitive_attributes": [],
          "private": "bnVsbA==",
          "dependencies": [
            "aws_internet_gateway.new_york",
            "aws_route_table.New-York-public-rtb",
            "aws_subnet.public-us-east-1a",
            "aws_vpc.new-york-vpc"
          ]
        }
      ]
    },
    {
      "mode": "managed",
      "type": "aws_route_table_association",
      "name": "public-us-east-1b",
      "provider": "provider[\"registry.terraform.io/hashicorp/aws\"].New-York",
      "instances": [
        {
          "schema_version": 0,
          "attributes": {
            "gateway_id": "",
            "id": "rtbassoc-01703b90bcd48209d",
            "route_table_id": "rtb-0ec9796339b898f57",
            "subnet_id": "subnet-04dec5ca2f6d5d8a9"
          },
          "sensitive_attributes": [],
          "private": "bnVsbA==",
          "dependencies": [
            "aws_internet_gateway.new_york",
            "aws_route_table.New-York-public-rtb",
            "aws_subnet.public-us-east-1b",
            "aws_vpc.new-york-vpc"
          ]
        }
      ]
    },
    {
      "mode": "managed",
      "type": "aws_route_table_association",
      "name": "public-us-west-1b",
      "provider": "provider[\"registry.terraform.io/hashicorp/aws\"].California",
      "instances": [
        {
          "schema_version": 0,
          "attributes": {
            "gateway_id": "",
            "id": "rtbassoc-00996fa5aac75b831",
            "route_table_id": "rtb-084a54e6bb54fba40",
            "subnet_id": "subnet-06ccc207d887f3498"
          },
          "sensitive_attributes": [],
          "private": "bnVsbA==",
          "dependencies": [
            "aws_internet_gateway.california",
            "aws_route_table.California-public-rtb",
            "aws_subnet.public-us-west-1b",
            "aws_vpc.california-vpc"
          ]
        }
      ]
    },
    {
      "mode": "managed",
      "type": "aws_route_table_association",
      "name": "public-us-west-1c",
      "provider": "provider[\"registry.terraform.io/hashicorp/aws\"].California",
      "instances": [
        {
          "schema_version": 0,
          "attributes": {
            "gateway_id": "",
            "id": "rtbassoc-0cacd3b8247c14d7a",
            "route_table_id": "rtb-084a54e6bb54fba40",
            "subnet_id": "subnet-09f4eb4537dbdb4fb"
          },
          "sensitive_attributes": [],
          "private": "bnVsbA==",
          "dependencies": [
            "aws_internet_gateway.california",
            "aws_route_table.California-public-rtb",
            "aws_subnet.public-us-west-1c",
            "aws_vpc.california-vpc"
          ]
        }
      ]
    },
    {
      "mode": "managed",
      "type": "aws_security_group",
      "name": "australia-sg",
      "provider": "provider[\"registry.terraform.io/hashicorp/aws\"].Australia",
      "instances": [
        {
          "schema_version": 1,
          "attributes": {
            "arn": "arn:aws:ec2:ap-southeast-2:727646505590:security-group/sg-0a23332bebc2a8f9e",
            "description": "australia-sg",
            "egress": [
              {
                "cidr_blocks": [
                  "0.0.0.0/0"
                ],
                "description": "",
                "from_port": 0,
                "ipv6_cidr_blocks": [],
                "prefix_list_ids": [],
                "protocol": "-1",
                "security_groups": [],
                "self": false,
                "to_port": 0
              }
            ],
            "id": "sg-0a23332bebc2a8f9e",
            "ingress": [
              {
                "cidr_blocks": [
                  "0.0.0.0/0"
                ],
                "description": "HTTP",
                "from_port": 80,
                "ipv6_cidr_blocks": [],
                "prefix_list_ids": [],
                "protocol": "tcp",
                "security_groups": [],
                "self": false,
                "to_port": 80
              },
              {
                "cidr_blocks": [
                  "0.0.0.0/0"
                ],
                "description": "SSH",
                "from_port": 22,
                "ipv6_cidr_blocks": [],
                "prefix_list_ids": [],
                "protocol": "tcp",
                "security_groups": [],
                "self": false,
                "to_port": 22
              }
            ],
            "name": "australia-sg",
            "name_prefix": "",
            "owner_id": "727646505590",
            "revoke_rules_on_delete": false,
            "tags": {},
            "tags_all": {},
            "timeouts": null,
            "vpc_id": "vpc-01969a43c335d6ce9"
          },
          "sensitive_attributes": [],
          "private": "eyJlMmJmYjczMC1lY2FhLTExZTYtOGY4OC0zNDM2M2JjN2M0YzAiOnsiY3JlYXRlIjo2MDAwMDAwMDAwMDAsImRlbGV0ZSI6OTAwMDAwMDAwMDAwfSwic2NoZW1hX3ZlcnNpb24iOiIxIn0=",
          "dependencies": [
            "aws_vpc.australia-vpc"
          ],
          "create_before_destroy": true
        }
      ]
    },
    {
      "mode": "managed",
      "type": "aws_security_group",
      "name": "australia-sg-lb",
      "provider": "provider[\"registry.terraform.io/hashicorp/aws\"].Australia",
      "instances": [
        {
          "schema_version": 1,
          "attributes": {
            "arn": "arn:aws:ec2:ap-southeast-2:727646505590:security-group/sg-0f7ca530675317fde",
            "description": "australia-sg-lb",
            "egress": [
              {
                "cidr_blocks": [
                  "0.0.0.0/0"
                ],
                "description": "",
                "from_port": 0,
                "ipv6_cidr_blocks": [],
                "prefix_list_ids": [],
                "protocol": "-1",
                "security_groups": [],
                "self": false,
                "to_port": 0
              }
            ],
            "id": "sg-0f7ca530675317fde",
            "ingress": [
              {
                "cidr_blocks": [
                  "0.0.0.0/0"
                ],
                "description": "HTTP",
                "from_port": 80,
                "ipv6_cidr_blocks": [],
                "prefix_list_ids": [],
                "protocol": "tcp",
                "security_groups": [],
                "self": false,
                "to_port": 80
              },
              {
                "cidr_blocks": [
                  "0.0.0.0/0"
                ],
                "description": "SSH",
                "from_port": 22,
                "ipv6_cidr_blocks": [],
                "prefix_list_ids": [],
                "protocol": "tcp",
                "security_groups": [],
                "self": false,
                "to_port": 22
              }
            ],
            "name": "australia-sg-lb",
            "name_prefix": "",
            "owner_id": "727646505590",
            "revoke_rules_on_delete": false,
            "tags": {},
            "tags_all": {},
            "timeouts": null,
            "vpc_id": "vpc-01969a43c335d6ce9"
          },
          "sensitive_attributes": [],
          "private": "eyJlMmJmYjczMC1lY2FhLTExZTYtOGY4OC0zNDM2M2JjN2M0YzAiOnsiY3JlYXRlIjo2MDAwMDAwMDAwMDAsImRlbGV0ZSI6OTAwMDAwMDAwMDAwfSwic2NoZW1hX3ZlcnNpb24iOiIxIn0=",
          "dependencies": [
            "aws_vpc.australia-vpc"
          ]
        }
      ]
    },
    {
      "mode": "managed",
      "type": "aws_security_group",
      "name": "california-sg",
      "provider": "provider[\"registry.terraform.io/hashicorp/aws\"].California",
      "instances": [
        {
          "schema_version": 1,
          "attributes": {
            "arn": "arn:aws:ec2:us-west-1:727646505590:security-group/sg-02700bc0544c1ef73",
            "description": "california-sg",
            "egress": [
              {
                "cidr_blocks": [
                  "0.0.0.0/0"
                ],
                "description": "",
                "from_port": 0,
                "ipv6_cidr_blocks": [],
                "prefix_list_ids": [],
                "protocol": "-1",
                "security_groups": [],
                "self": false,
                "to_port": 0
              }
            ],
            "id": "sg-02700bc0544c1ef73",
            "ingress": [
              {
                "cidr_blocks": [
                  "0.0.0.0/0"
                ],
                "description": "HTTP",
                "from_port": 80,
                "ipv6_cidr_blocks": [],
                "prefix_list_ids": [],
                "protocol": "tcp",
                "security_groups": [],
                "self": false,
                "to_port": 80
              },
              {
                "cidr_blocks": [
                  "0.0.0.0/0"
                ],
                "description": "SSH",
                "from_port": 22,
                "ipv6_cidr_blocks": [],
                "prefix_list_ids": [],
                "protocol": "tcp",
                "security_groups": [],
                "self": false,
                "to_port": 22
              }
            ],
            "name": "california-sg",
            "name_prefix": "",
            "owner_id": "727646505590",
            "revoke_rules_on_delete": false,
            "tags": {},
            "tags_all": {},
            "timeouts": null,
            "vpc_id": "vpc-0f0abcf0d22a20812"
          },
          "sensitive_attributes": [],
          "private": "eyJlMmJmYjczMC1lY2FhLTExZTYtOGY4OC0zNDM2M2JjN2M0YzAiOnsiY3JlYXRlIjo2MDAwMDAwMDAwMDAsImRlbGV0ZSI6OTAwMDAwMDAwMDAwfSwic2NoZW1hX3ZlcnNpb24iOiIxIn0=",
          "dependencies": [
            "aws_vpc.california-vpc"
          ],
          "create_before_destroy": true
        }
      ]
    },
    {
      "mode": "managed",
      "type": "aws_security_group",
      "name": "california-sg-lb",
      "provider": "provider[\"registry.terraform.io/hashicorp/aws\"].California",
      "instances": [
        {
          "schema_version": 1,
          "attributes": {
            "arn": "arn:aws:ec2:us-west-1:727646505590:security-group/sg-0ba4bdc69565536d0",
            "description": "california-sg-lb",
            "egress": [
              {
                "cidr_blocks": [
                  "0.0.0.0/0"
                ],
                "description": "",
                "from_port": 0,
                "ipv6_cidr_blocks": [],
                "prefix_list_ids": [],
                "protocol": "-1",
                "security_groups": [],
                "self": false,
                "to_port": 0
              }
            ],
            "id": "sg-0ba4bdc69565536d0",
            "ingress": [
              {
                "cidr_blocks": [
                  "0.0.0.0/0"
                ],
                "description": "HTTP",
                "from_port": 80,
                "ipv6_cidr_blocks": [],
                "prefix_list_ids": [],
                "protocol": "tcp",
                "security_groups": [],
                "self": false,
                "to_port": 80
              },
              {
                "cidr_blocks": [
                  "0.0.0.0/0"
                ],
                "description": "SSH",
                "from_port": 22,
                "ipv6_cidr_blocks": [],
                "prefix_list_ids": [],
                "protocol": "tcp",
                "security_groups": [],
                "self": false,
                "to_port": 22
              }
            ],
            "name": "california-sg-lb",
            "name_prefix": "",
            "owner_id": "727646505590",
            "revoke_rules_on_delete": false,
            "tags": {},
            "tags_all": {},
            "timeouts": null,
            "vpc_id": "vpc-0f0abcf0d22a20812"
          },
          "sensitive_attributes": [],
          "private": "eyJlMmJmYjczMC1lY2FhLTExZTYtOGY4OC0zNDM2M2JjN2M0YzAiOnsiY3JlYXRlIjo2MDAwMDAwMDAwMDAsImRlbGV0ZSI6OTAwMDAwMDAwMDAwfSwic2NoZW1hX3ZlcnNpb24iOiIxIn0=",
          "dependencies": [
            "aws_vpc.california-vpc"
          ]
        }
      ]
    },
    {
      "mode": "managed",
      "type": "aws_security_group",
      "name": "hong-kong-sg",
      "provider": "provider[\"registry.terraform.io/hashicorp/aws\"].Hong-Kong",
      "instances": [
        {
          "schema_version": 1,
          "attributes": {
            "arn": "arn:aws:ec2:ap-east-1:727646505590:security-group/sg-00a1ee0b97ae728c2",
            "description": "Hong-Kong-sg01-servers",
            "egress": [
              {
                "cidr_blocks": [
                  "0.0.0.0/0"
                ],
                "description": "",
                "from_port": 0,
                "ipv6_cidr_blocks": [],
                "prefix_list_ids": [],
                "protocol": "-1",
                "security_groups": [],
                "self": false,
                "to_port": 0
              }
            ],
            "id": "sg-00a1ee0b97ae728c2",
            "ingress": [
              {
                "cidr_blocks": [
                  "0.0.0.0/0"
                ],
                "description": "HTTP",
                "from_port": 80,
                "ipv6_cidr_blocks": [],
                "prefix_list_ids": [],
                "protocol": "tcp",
                "security_groups": [],
                "self": false,
                "to_port": 80
              },
              {
                "cidr_blocks": [
                  "0.0.0.0/0"
                ],
                "description": "SSH",
                "from_port": 22,
                "ipv6_cidr_blocks": [],
                "prefix_list_ids": [],
                "protocol": "tcp",
                "security_groups": [],
                "self": false,
                "to_port": 22
              }
            ],
            "name": "Hong-Kong-sg01-servers",
            "name_prefix": "",
            "owner_id": "727646505590",
            "revoke_rules_on_delete": false,
            "tags": {},
            "tags_all": {},
            "timeouts": null,
            "vpc_id": "vpc-083ab13a5cb6a6581"
          },
          "sensitive_attributes": [],
          "private": "eyJlMmJmYjczMC1lY2FhLTExZTYtOGY4OC0zNDM2M2JjN2M0YzAiOnsiY3JlYXRlIjo2MDAwMDAwMDAwMDAsImRlbGV0ZSI6OTAwMDAwMDAwMDAwfSwic2NoZW1hX3ZlcnNpb24iOiIxIn0=",
          "dependencies": [
            "aws_vpc.hong-kong-vpc"
          ],
          "create_before_destroy": true
        }
      ]
    },
    {
      "mode": "managed",
      "type": "aws_security_group",
      "name": "hong-kong-sg-lb",
      "provider": "provider[\"registry.terraform.io/hashicorp/aws\"].Hong-Kong",
      "instances": [
        {
          "schema_version": 1,
          "attributes": {
            "arn": "arn:aws:ec2:ap-east-1:727646505590:security-group/sg-0cc97d84b66d25807",
            "description": "Hong-Kong-sg02-LB",
            "egress": [
              {
                "cidr_blocks": [
                  "0.0.0.0/0"
                ],
                "description": "",
                "from_port": 0,
                "ipv6_cidr_blocks": [],
                "prefix_list_ids": [],
                "protocol": "-1",
                "security_groups": [],
                "self": false,
                "to_port": 0
              }
            ],
            "id": "sg-0cc97d84b66d25807",
            "ingress": [
              {
                "cidr_blocks": [
                  "0.0.0.0/0"
                ],
                "description": "HTTP",
                "from_port": 80,
                "ipv6_cidr_blocks": [],
                "prefix_list_ids": [],
                "protocol": "tcp",
                "security_groups": [],
                "self": false,
                "to_port": 80
              },
              {
                "cidr_blocks": [
                  "0.0.0.0/0"
                ],
                "description": "SSH",
                "from_port": 22,
                "ipv6_cidr_blocks": [],
                "prefix_list_ids": [],
                "protocol": "tcp",
                "security_groups": [],
                "self": false,
                "to_port": 22
              }
            ],
            "name": "Hong-Kong-sg02-LB",
            "name_prefix": "",
            "owner_id": "727646505590",
            "revoke_rules_on_delete": false,
            "tags": {},
            "tags_all": {},
            "timeouts": null,
            "vpc_id": "vpc-083ab13a5cb6a6581"
          },
          "sensitive_attributes": [],
          "private": "eyJlMmJmYjczMC1lY2FhLTExZTYtOGY4OC0zNDM2M2JjN2M0YzAiOnsiY3JlYXRlIjo2MDAwMDAwMDAwMDAsImRlbGV0ZSI6OTAwMDAwMDAwMDAwfSwic2NoZW1hX3ZlcnNpb24iOiIxIn0=",
          "dependencies": [
            "aws_vpc.hong-kong-vpc"
          ]
        }
      ]
    },
    {
      "mode": "managed",
      "type": "aws_security_group",
      "name": "london-sg",
      "provider": "provider[\"registry.terraform.io/hashicorp/aws\"].London",
      "instances": [
        {
          "schema_version": 1,
          "attributes": {
            "arn": "arn:aws:ec2:eu-west-2:727646505590:security-group/sg-000dade172a5c012a",
            "description": "london-sg",
            "egress": [
              {
                "cidr_blocks": [
                  "0.0.0.0/0"
                ],
                "description": "",
                "from_port": 0,
                "ipv6_cidr_blocks": [],
                "prefix_list_ids": [],
                "protocol": "-1",
                "security_groups": [],
                "self": false,
                "to_port": 0
              }
            ],
            "id": "sg-000dade172a5c012a",
            "ingress": [
              {
                "cidr_blocks": [
                  "0.0.0.0/0"
                ],
                "description": "HTTP",
                "from_port": 80,
                "ipv6_cidr_blocks": [],
                "prefix_list_ids": [],
                "protocol": "tcp",
                "security_groups": [],
                "self": false,
                "to_port": 80
              },
              {
                "cidr_blocks": [
                  "0.0.0.0/0"
                ],
                "description": "SSH",
                "from_port": 22,
                "ipv6_cidr_blocks": [],
                "prefix_list_ids": [],
                "protocol": "tcp",
                "security_groups": [],
                "self": false,
                "to_port": 22
              }
            ],
            "name": "london-sg",
            "name_prefix": "",
            "owner_id": "727646505590",
            "revoke_rules_on_delete": false,
            "tags": {},
            "tags_all": {},
            "timeouts": null,
            "vpc_id": "vpc-0fa641f7665343eb3"
          },
          "sensitive_attributes": [],
          "private": "eyJlMmJmYjczMC1lY2FhLTExZTYtOGY4OC0zNDM2M2JjN2M0YzAiOnsiY3JlYXRlIjo2MDAwMDAwMDAwMDAsImRlbGV0ZSI6OTAwMDAwMDAwMDAwfSwic2NoZW1hX3ZlcnNpb24iOiIxIn0=",
          "dependencies": [
            "aws_vpc.london-vpc"
          ],
          "create_before_destroy": true
        }
      ]
    },
    {
      "mode": "managed",
      "type": "aws_security_group",
      "name": "london-sg-lb",
      "provider": "provider[\"registry.terraform.io/hashicorp/aws\"].London",
      "instances": [
        {
          "schema_version": 1,
          "attributes": {
            "arn": "arn:aws:ec2:eu-west-2:727646505590:security-group/sg-02b6dd4e01cf10637",
            "description": "london-sg-lb",
            "egress": [
              {
                "cidr_blocks": [
                  "0.0.0.0/0"
                ],
                "description": "",
                "from_port": 0,
                "ipv6_cidr_blocks": [],
                "prefix_list_ids": [],
                "protocol": "-1",
                "security_groups": [],
                "self": false,
                "to_port": 0
              }
            ],
            "id": "sg-02b6dd4e01cf10637",
            "ingress": [
              {
                "cidr_blocks": [
                  "0.0.0.0/0"
                ],
                "description": "HTTP",
                "from_port": 80,
                "ipv6_cidr_blocks": [],
                "prefix_list_ids": [],
                "protocol": "tcp",
                "security_groups": [],
                "self": false,
                "to_port": 80
              },
              {
                "cidr_blocks": [
                  "0.0.0.0/0"
                ],
                "description": "SSH",
                "from_port": 22,
                "ipv6_cidr_blocks": [],
                "prefix_list_ids": [],
                "protocol": "tcp",
                "security_groups": [],
                "self": false,
                "to_port": 22
              }
            ],
            "name": "london-sg-lb",
            "name_prefix": "",
            "owner_id": "727646505590",
            "revoke_rules_on_delete": false,
            "tags": {},
            "tags_all": {},
            "timeouts": null,
            "vpc_id": "vpc-0fa641f7665343eb3"
          },
          "sensitive_attributes": [],
          "private": "eyJlMmJmYjczMC1lY2FhLTExZTYtOGY4OC0zNDM2M2JjN2M0YzAiOnsiY3JlYXRlIjo2MDAwMDAwMDAwMDAsImRlbGV0ZSI6OTAwMDAwMDAwMDAwfSwic2NoZW1hX3ZlcnNpb24iOiIxIn0=",
          "dependencies": [
            "aws_vpc.london-vpc"
          ]
        }
      ]
    },
    {
      "mode": "managed",
      "type": "aws_security_group",
      "name": "new-york-sg",
      "provider": "provider[\"registry.terraform.io/hashicorp/aws\"].New-York",
      "instances": [
        {
          "schema_version": 1,
          "attributes": {
            "arn": "arn:aws:ec2:us-east-1:727646505590:security-group/sg-09e2d71080d04caed",
            "description": "new-york-sg",
            "egress": [
              {
                "cidr_blocks": [
                  "0.0.0.0/0"
                ],
                "description": "",
                "from_port": 0,
                "ipv6_cidr_blocks": [],
                "prefix_list_ids": [],
                "protocol": "-1",
                "security_groups": [],
                "self": false,
                "to_port": 0
              }
            ],
            "id": "sg-09e2d71080d04caed",
            "ingress": [
              {
                "cidr_blocks": [
                  "0.0.0.0/0"
                ],
                "description": "HTTP",
                "from_port": 80,
                "ipv6_cidr_blocks": [],
                "prefix_list_ids": [],
                "protocol": "tcp",
                "security_groups": [],
                "self": false,
                "to_port": 80
              },
              {
                "cidr_blocks": [
                  "0.0.0.0/0"
                ],
                "description": "SSH",
                "from_port": 22,
                "ipv6_cidr_blocks": [],
                "prefix_list_ids": [],
                "protocol": "tcp",
                "security_groups": [],
                "self": false,
                "to_port": 22
              }
            ],
            "name": "new-york-sg",
            "name_prefix": "",
            "owner_id": "727646505590",
            "revoke_rules_on_delete": false,
            "tags": {},
            "tags_all": {},
            "timeouts": null,
            "vpc_id": "vpc-09d81cb6d1255e2c1"
          },
          "sensitive_attributes": [],
          "private": "eyJlMmJmYjczMC1lY2FhLTExZTYtOGY4OC0zNDM2M2JjN2M0YzAiOnsiY3JlYXRlIjo2MDAwMDAwMDAwMDAsImRlbGV0ZSI6OTAwMDAwMDAwMDAwfSwic2NoZW1hX3ZlcnNpb24iOiIxIn0=",
          "dependencies": [
            "aws_vpc.new-york-vpc"
          ],
          "create_before_destroy": true
        }
      ]
    },
    {
      "mode": "managed",
      "type": "aws_security_group",
      "name": "new-york-sg-lb",
      "provider": "provider[\"registry.terraform.io/hashicorp/aws\"].New-York",
      "instances": [
        {
          "schema_version": 1,
          "attributes": {
            "arn": "arn:aws:ec2:us-east-1:727646505590:security-group/sg-067436b11a2c616ab",
            "description": "new-york-sg-lb",
            "egress": [
              {
                "cidr_blocks": [
                  "0.0.0.0/0"
                ],
                "description": "",
                "from_port": 0,
                "ipv6_cidr_blocks": [],
                "prefix_list_ids": [],
                "protocol": "-1",
                "security_groups": [],
                "self": false,
                "to_port": 0
              }
            ],
            "id": "sg-067436b11a2c616ab",
            "ingress": [
              {
                "cidr_blocks": [
                  "0.0.0.0/0"
                ],
                "description": "HTTP",
                "from_port": 80,
                "ipv6_cidr_blocks": [],
                "prefix_list_ids": [],
                "protocol": "tcp",
                "security_groups": [],
                "self": false,
                "to_port": 80
              },
              {
                "cidr_blocks": [
                  "0.0.0.0/0"
                ],
                "description": "SSH",
                "from_port": 22,
                "ipv6_cidr_blocks": [],
                "prefix_list_ids": [],
                "protocol": "tcp",
                "security_groups": [],
                "self": false,
                "to_port": 22
              }
            ],
            "name": "new-york-sg-lb",
            "name_prefix": "",
            "owner_id": "727646505590",
            "revoke_rules_on_delete": false,
            "tags": {},
            "tags_all": {},
            "timeouts": null,
            "vpc_id": "vpc-09d81cb6d1255e2c1"
          },
          "sensitive_attributes": [],
          "private": "eyJlMmJmYjczMC1lY2FhLTExZTYtOGY4OC0zNDM2M2JjN2M0YzAiOnsiY3JlYXRlIjo2MDAwMDAwMDAwMDAsImRlbGV0ZSI6OTAwMDAwMDAwMDAwfSwic2NoZW1hX3ZlcnNpb24iOiIxIn0=",
          "dependencies": [
            "aws_vpc.new-york-vpc"
          ]
        }
      ]
    },
    {
      "mode": "managed",
      "type": "aws_security_group",
      "name": "sao-paulo-sg",
      "provider": "provider[\"registry.terraform.io/hashicorp/aws\"].Sao-Paulo",
      "instances": [
        {
          "schema_version": 1,
          "attributes": {
            "arn": "arn:aws:ec2:sa-east-1:727646505590:security-group/sg-0415babd077bdc830",
            "description": "sao-paulo-sg",
            "egress": [
              {
                "cidr_blocks": [
                  "0.0.0.0/0"
                ],
                "description": "",
                "from_port": 0,
                "ipv6_cidr_blocks": [],
                "prefix_list_ids": [],
                "protocol": "-1",
                "security_groups": [],
                "self": false,
                "to_port": 0
              }
            ],
            "id": "sg-0415babd077bdc830",
            "ingress": [
              {
                "cidr_blocks": [
                  "0.0.0.0/0"
                ],
                "description": "HTTP",
                "from_port": 80,
                "ipv6_cidr_blocks": [],
                "prefix_list_ids": [],
                "protocol": "tcp",
                "security_groups": [],
                "self": false,
                "to_port": 80
              },
              {
                "cidr_blocks": [
                  "0.0.0.0/0"
                ],
                "description": "SSH",
                "from_port": 22,
                "ipv6_cidr_blocks": [],
                "prefix_list_ids": [],
                "protocol": "tcp",
                "security_groups": [],
                "self": false,
                "to_port": 22
              }
            ],
            "name": "sao-paulo-sg",
            "name_prefix": "",
            "owner_id": "727646505590",
            "revoke_rules_on_delete": false,
            "tags": {},
            "tags_all": {},
            "timeouts": null,
            "vpc_id": "vpc-0cdaf5c6895d799c8"
          },
          "sensitive_attributes": [],
          "private": "eyJlMmJmYjczMC1lY2FhLTExZTYtOGY4OC0zNDM2M2JjN2M0YzAiOnsiY3JlYXRlIjo2MDAwMDAwMDAwMDAsImRlbGV0ZSI6OTAwMDAwMDAwMDAwfSwic2NoZW1hX3ZlcnNpb24iOiIxIn0=",
          "dependencies": [
            "aws_vpc.sao-paulo-vpc"
          ],
          "create_before_destroy": true
        }
      ]
    },
    {
      "mode": "managed",
      "type": "aws_security_group",
      "name": "sao-paulo-sg-lb",
      "provider": "provider[\"registry.terraform.io/hashicorp/aws\"].Sao-Paulo",
      "instances": [
        {
          "schema_version": 1,
          "attributes": {
            "arn": "arn:aws:ec2:sa-east-1:727646505590:security-group/sg-0a6336f82799b99ac",
            "description": "sao-paulo-sg-lb",
            "egress": [
              {
                "cidr_blocks": [
                  "0.0.0.0/0"
                ],
                "description": "",
                "from_port": 0,
                "ipv6_cidr_blocks": [],
                "prefix_list_ids": [],
                "protocol": "-1",
                "security_groups": [],
                "self": false,
                "to_port": 0
              }
            ],
            "id": "sg-0a6336f82799b99ac",
            "ingress": [
              {
                "cidr_blocks": [
                  "0.0.0.0/0"
                ],
                "description": "HTTP",
                "from_port": 80,
                "ipv6_cidr_blocks": [],
                "prefix_list_ids": [],
                "protocol": "tcp",
                "security_groups": [],
                "self": false,
                "to_port": 80
              },
              {
                "cidr_blocks": [
                  "0.0.0.0/0"
                ],
                "description": "SSH",
                "from_port": 22,
                "ipv6_cidr_blocks": [],
                "prefix_list_ids": [],
                "protocol": "tcp",
                "security_groups": [],
                "self": false,
                "to_port": 22
              }
            ],
            "name": "sao-paulo-sg-lb",
            "name_prefix": "",
            "owner_id": "727646505590",
            "revoke_rules_on_delete": false,
            "tags": {},
            "tags_all": {},
            "timeouts": null,
            "vpc_id": "vpc-0cdaf5c6895d799c8"
          },
          "sensitive_attributes": [],
          "private": "eyJlMmJmYjczMC1lY2FhLTExZTYtOGY4OC0zNDM2M2JjN2M0YzAiOnsiY3JlYXRlIjo2MDAwMDAwMDAwMDAsImRlbGV0ZSI6OTAwMDAwMDAwMDAwfSwic2NoZW1hX3ZlcnNpb24iOiIxIn0=",
          "dependencies": [
            "aws_vpc.sao-paulo-vpc"
          ]
        }
      ]
    },
    {
      "mode": "managed",
      "type": "aws_security_group",
      "name": "tokyo-sg",
      "provider": "provider[\"registry.terraform.io/hashicorp/aws\"].Tokyo",
      "instances": [
        {
          "schema_version": 1,
          "attributes": {
            "arn": "arn:aws:ec2:ap-northeast-1:727646505590:security-group/sg-05ad0a8e647820959",
            "description": "tokyo-sg",
            "egress": [
              {
                "cidr_blocks": [
                  "0.0.0.0/0"
                ],
                "description": "",
                "from_port": 0,
                "ipv6_cidr_blocks": [],
                "prefix_list_ids": [],
                "protocol": "-1",
                "security_groups": [],
                "self": false,
                "to_port": 0
              }
            ],
            "id": "sg-05ad0a8e647820959",
            "ingress": [
              {
                "cidr_blocks": [
                  "0.0.0.0/0"
                ],
                "description": "HTTP",
                "from_port": 80,
                "ipv6_cidr_blocks": [],
                "prefix_list_ids": [],
                "protocol": "tcp",
                "security_groups": [],
                "self": false,
                "to_port": 80
              },
              {
                "cidr_blocks": [
                  "0.0.0.0/0"
                ],
                "description": "SSH",
                "from_port": 22,
                "ipv6_cidr_blocks": [],
                "prefix_list_ids": [],
                "protocol": "tcp",
                "security_groups": [],
                "self": false,
                "to_port": 22
              }
            ],
            "name": "tokyo-sg",
            "name_prefix": "",
            "owner_id": "727646505590",
            "revoke_rules_on_delete": false,
            "tags": {},
            "tags_all": {},
            "timeouts": null,
            "vpc_id": "vpc-0fd227e4815650e4e"
          },
          "sensitive_attributes": [],
          "private": "eyJlMmJmYjczMC1lY2FhLTExZTYtOGY4OC0zNDM2M2JjN2M0YzAiOnsiY3JlYXRlIjo2MDAwMDAwMDAwMDAsImRlbGV0ZSI6OTAwMDAwMDAwMDAwfSwic2NoZW1hX3ZlcnNpb24iOiIxIn0=",
          "dependencies": [
            "aws_vpc.tokyo-vpc"
          ],
          "create_before_destroy": true
        }
      ]
    },
    {
      "mode": "managed",
      "type": "aws_security_group",
      "name": "tokyo-sg-lb",
      "provider": "provider[\"registry.terraform.io/hashicorp/aws\"].Tokyo",
      "instances": [
        {
          "schema_version": 1,
          "attributes": {
            "arn": "arn:aws:ec2:ap-northeast-1:727646505590:security-group/sg-0e8e5ebfa08fd4b09",
            "description": "tokyo-sg-lb",
            "egress": [
              {
                "cidr_blocks": [
                  "0.0.0.0/0"
                ],
                "description": "",
                "from_port": 0,
                "ipv6_cidr_blocks": [],
                "prefix_list_ids": [],
                "protocol": "-1",
                "security_groups": [],
                "self": false,
                "to_port": 0
              }
            ],
            "id": "sg-0e8e5ebfa08fd4b09",
            "ingress": [
              {
                "cidr_blocks": [
                  "0.0.0.0/0"
                ],
                "description": "HTTP",
                "from_port": 80,
                "ipv6_cidr_blocks": [],
                "prefix_list_ids": [],
                "protocol": "tcp",
                "security_groups": [],
                "self": false,
                "to_port": 80
              },
              {
                "cidr_blocks": [
                  "0.0.0.0/0"
                ],
                "description": "SSH",
                "from_port": 22,
                "ipv6_cidr_blocks": [],
                "prefix_list_ids": [],
                "protocol": "tcp",
                "security_groups": [],
                "self": false,
                "to_port": 22
              }
            ],
            "name": "tokyo-sg-lb",
            "name_prefix": "",
            "owner_id": "727646505590",
            "revoke_rules_on_delete": false,
            "tags": {},
            "tags_all": {},
            "timeouts": null,
            "vpc_id": "vpc-0fd227e4815650e4e"
          },
          "sensitive_attributes": [],
          "private": "eyJlMmJmYjczMC1lY2FhLTExZTYtOGY4OC0zNDM2M2JjN2M0YzAiOnsiY3JlYXRlIjo2MDAwMDAwMDAwMDAsImRlbGV0ZSI6OTAwMDAwMDAwMDAwfSwic2NoZW1hX3ZlcnNpb24iOiIxIn0=",
          "dependencies": [
            "aws_vpc.tokyo-vpc"
          ]
        }
      ]
    },
    {
      "mode": "managed",
      "type": "aws_subnet",
      "name": "private-ap-east-1a",
      "provider": "provider[\"registry.terraform.io/hashicorp/aws\"].Hong-Kong",
      "instances": [
        {
          "schema_version": 1,
          "attributes": {
            "arn": "arn:aws:ec2:ap-east-1:727646505590:subnet/subnet-0307f24307704f237",
            "assign_ipv6_address_on_creation": false,
            "availability_zone": "ap-east-1a",
            "availability_zone_id": "ape1-az1",
            "cidr_block": "10.21.11.0/24",
            "customer_owned_ipv4_pool": "",
            "enable_dns64": false,
            "enable_resource_name_dns_a_record_on_launch": false,
            "enable_resource_name_dns_aaaa_record_on_launch": false,
            "id": "subnet-0307f24307704f237",
            "ipv6_cidr_block": "",
            "ipv6_cidr_block_association_id": "",
            "ipv6_native": false,
            "map_customer_owned_ip_on_launch": false,
            "map_public_ip_on_launch": false,
            "outpost_arn": "",
            "owner_id": "727646505590",
            "private_dns_hostname_type_on_launch": "ip-name",
            "tags": {},
            "tags_all": {},
            "timeouts": null,
            "vpc_id": "vpc-083ab13a5cb6a6581"
          },
          "sensitive_attributes": [],
          "private": "eyJlMmJmYjczMC1lY2FhLTExZTYtOGY4OC0zNDM2M2JjN2M0YzAiOnsiY3JlYXRlIjo2MDAwMDAwMDAwMDAsImRlbGV0ZSI6MTIwMDAwMDAwMDAwMH0sInNjaGVtYV92ZXJzaW9uIjoiMSJ9",
          "dependencies": [
            "aws_vpc.hong-kong-vpc"
          ]
        }
      ]
    },
    {
      "mode": "managed",
      "type": "aws_subnet",
      "name": "private-ap-east-1b",
      "provider": "provider[\"registry.terraform.io/hashicorp/aws\"].Hong-Kong",
      "instances": [
        {
          "schema_version": 1,
          "attributes": {
            "arn": "arn:aws:ec2:ap-east-1:727646505590:subnet/subnet-0316d0bfbe177fbbe",
            "assign_ipv6_address_on_creation": false,
            "availability_zone": "ap-east-1b",
            "availability_zone_id": "ape1-az2",
            "cidr_block": "10.21.12.0/24",
            "customer_owned_ipv4_pool": "",
            "enable_dns64": false,
            "enable_resource_name_dns_a_record_on_launch": false,
            "enable_resource_name_dns_aaaa_record_on_launch": false,
            "id": "subnet-0316d0bfbe177fbbe",
            "ipv6_cidr_block": "",
            "ipv6_cidr_block_association_id": "",
            "ipv6_native": false,
            "map_customer_owned_ip_on_launch": false,
            "map_public_ip_on_launch": false,
            "outpost_arn": "",
            "owner_id": "727646505590",
            "private_dns_hostname_type_on_launch": "ip-name",
            "tags": {},
            "tags_all": {},
            "timeouts": null,
            "vpc_id": "vpc-083ab13a5cb6a6581"
          },
          "sensitive_attributes": [],
          "private": "eyJlMmJmYjczMC1lY2FhLTExZTYtOGY4OC0zNDM2M2JjN2M0YzAiOnsiY3JlYXRlIjo2MDAwMDAwMDAwMDAsImRlbGV0ZSI6MTIwMDAwMDAwMDAwMH0sInNjaGVtYV92ZXJzaW9uIjoiMSJ9",
          "dependencies": [
            "aws_vpc.hong-kong-vpc"
          ]
        }
      ]
    },
    {
      "mode": "managed",
      "type": "aws_subnet",
      "name": "private-ap-northeast-1a",
      "provider": "provider[\"registry.terraform.io/hashicorp/aws\"].Tokyo",
      "instances": [
        {
          "schema_version": 1,
          "attributes": {
            "arn": "arn:aws:ec2:ap-northeast-1:727646505590:subnet/subnet-0473863854caa4fe9",
            "assign_ipv6_address_on_creation": false,
            "availability_zone": "ap-northeast-1a",
            "availability_zone_id": "apne1-az4",
            "cidr_block": "10.20.11.0/24",
            "customer_owned_ipv4_pool": "",
            "enable_dns64": false,
            "enable_resource_name_dns_a_record_on_launch": false,
            "enable_resource_name_dns_aaaa_record_on_launch": false,
            "id": "subnet-0473863854caa4fe9",
            "ipv6_cidr_block": "",
            "ipv6_cidr_block_association_id": "",
            "ipv6_native": false,
            "map_customer_owned_ip_on_launch": false,
            "map_public_ip_on_launch": false,
            "outpost_arn": "",
            "owner_id": "727646505590",
            "private_dns_hostname_type_on_launch": "ip-name",
            "tags": {},
            "tags_all": {},
            "timeouts": null,
            "vpc_id": "vpc-0fd227e4815650e4e"
          },
          "sensitive_attributes": [],
          "private": "eyJlMmJmYjczMC1lY2FhLTExZTYtOGY4OC0zNDM2M2JjN2M0YzAiOnsiY3JlYXRlIjo2MDAwMDAwMDAwMDAsImRlbGV0ZSI6MTIwMDAwMDAwMDAwMH0sInNjaGVtYV92ZXJzaW9uIjoiMSJ9",
          "dependencies": [
            "aws_vpc.tokyo-vpc"
          ]
        }
      ]
    },
    {
      "mode": "managed",
      "type": "aws_subnet",
      "name": "private-ap-northeast-1c",
      "provider": "provider[\"registry.terraform.io/hashicorp/aws\"].Tokyo",
      "instances": [
        {
          "schema_version": 1,
          "attributes": {
            "arn": "arn:aws:ec2:ap-northeast-1:727646505590:subnet/subnet-0af9f1fcacad7482b",
            "assign_ipv6_address_on_creation": false,
            "availability_zone": "ap-northeast-1c",
            "availability_zone_id": "apne1-az1",
            "cidr_block": "10.20.13.0/24",
            "customer_owned_ipv4_pool": "",
            "enable_dns64": false,
            "enable_resource_name_dns_a_record_on_launch": false,
            "enable_resource_name_dns_aaaa_record_on_launch": false,
            "id": "subnet-0af9f1fcacad7482b",
            "ipv6_cidr_block": "",
            "ipv6_cidr_block_association_id": "",
            "ipv6_native": false,
            "map_customer_owned_ip_on_launch": false,
            "map_public_ip_on_launch": false,
            "outpost_arn": "",
            "owner_id": "727646505590",
            "private_dns_hostname_type_on_launch": "ip-name",
            "tags": {},
            "tags_all": {},
            "timeouts": null,
            "vpc_id": "vpc-0fd227e4815650e4e"
          },
          "sensitive_attributes": [],
          "private": "eyJlMmJmYjczMC1lY2FhLTExZTYtOGY4OC0zNDM2M2JjN2M0YzAiOnsiY3JlYXRlIjo2MDAwMDAwMDAwMDAsImRlbGV0ZSI6MTIwMDAwMDAwMDAwMH0sInNjaGVtYV92ZXJzaW9uIjoiMSJ9",
          "dependencies": [
            "aws_vpc.tokyo-vpc"
          ]
        }
      ]
    },
    {
      "mode": "managed",
      "type": "aws_subnet",
      "name": "private-ap-southeast-2a",
      "provider": "provider[\"registry.terraform.io/hashicorp/aws\"].Australia",
      "instances": [
        {
          "schema_version": 1,
          "attributes": {
            "arn": "arn:aws:ec2:ap-southeast-2:727646505590:subnet/subnet-03641916264499a74",
            "assign_ipv6_address_on_creation": false,
            "availability_zone": "ap-southeast-2a",
            "availability_zone_id": "apse2-az3",
            "cidr_block": "10.25.11.0/24",
            "customer_owned_ipv4_pool": "",
            "enable_dns64": false,
            "enable_resource_name_dns_a_record_on_launch": false,
            "enable_resource_name_dns_aaaa_record_on_launch": false,
            "id": "subnet-03641916264499a74",
            "ipv6_cidr_block": "",
            "ipv6_cidr_block_association_id": "",
            "ipv6_native": false,
            "map_customer_owned_ip_on_launch": false,
            "map_public_ip_on_launch": false,
            "outpost_arn": "",
            "owner_id": "727646505590",
            "private_dns_hostname_type_on_launch": "ip-name",
            "tags": {},
            "tags_all": {},
            "timeouts": null,
            "vpc_id": "vpc-01969a43c335d6ce9"
          },
          "sensitive_attributes": [],
          "private": "eyJlMmJmYjczMC1lY2FhLTExZTYtOGY4OC0zNDM2M2JjN2M0YzAiOnsiY3JlYXRlIjo2MDAwMDAwMDAwMDAsImRlbGV0ZSI6MTIwMDAwMDAwMDAwMH0sInNjaGVtYV92ZXJzaW9uIjoiMSJ9",
          "dependencies": [
            "aws_vpc.australia-vpc"
          ]
        }
      ]
    },
    {
      "mode": "managed",
      "type": "aws_subnet",
      "name": "private-ap-southeast-2b",
      "provider": "provider[\"registry.terraform.io/hashicorp/aws\"].Australia",
      "instances": [
        {
          "schema_version": 1,
          "attributes": {
            "arn": "arn:aws:ec2:ap-southeast-2:727646505590:subnet/subnet-053ce636ffce2f984",
            "assign_ipv6_address_on_creation": false,
            "availability_zone": "ap-southeast-2b",
            "availability_zone_id": "apse2-az1",
            "cidr_block": "10.25.12.0/24",
            "customer_owned_ipv4_pool": "",
            "enable_dns64": false,
            "enable_resource_name_dns_a_record_on_launch": false,
            "enable_resource_name_dns_aaaa_record_on_launch": false,
            "id": "subnet-053ce636ffce2f984",
            "ipv6_cidr_block": "",
            "ipv6_cidr_block_association_id": "",
            "ipv6_native": false,
            "map_customer_owned_ip_on_launch": false,
            "map_public_ip_on_launch": false,
            "outpost_arn": "",
            "owner_id": "727646505590",
            "private_dns_hostname_type_on_launch": "ip-name",
            "tags": {},
            "tags_all": {},
            "timeouts": null,
            "vpc_id": "vpc-01969a43c335d6ce9"
          },
          "sensitive_attributes": [],
          "private": "eyJlMmJmYjczMC1lY2FhLTExZTYtOGY4OC0zNDM2M2JjN2M0YzAiOnsiY3JlYXRlIjo2MDAwMDAwMDAwMDAsImRlbGV0ZSI6MTIwMDAwMDAwMDAwMH0sInNjaGVtYV92ZXJzaW9uIjoiMSJ9",
          "dependencies": [
            "aws_vpc.australia-vpc"
          ]
        }
      ]
    },
    {
      "mode": "managed",
      "type": "aws_subnet",
      "name": "private-eu-west-2a",
      "provider": "provider[\"registry.terraform.io/hashicorp/aws\"].London",
      "instances": [
        {
          "schema_version": 1,
          "attributes": {
            "arn": "arn:aws:ec2:eu-west-2:727646505590:subnet/subnet-07b88da6311283451",
            "assign_ipv6_address_on_creation": false,
            "availability_zone": "eu-west-2a",
            "availability_zone_id": "euw2-az2",
            "cidr_block": "10.22.11.0/24",
            "customer_owned_ipv4_pool": "",
            "enable_dns64": false,
            "enable_resource_name_dns_a_record_on_launch": false,
            "enable_resource_name_dns_aaaa_record_on_launch": false,
            "id": "subnet-07b88da6311283451",
            "ipv6_cidr_block": "",
            "ipv6_cidr_block_association_id": "",
            "ipv6_native": false,
            "map_customer_owned_ip_on_launch": false,
            "map_public_ip_on_launch": false,
            "outpost_arn": "",
            "owner_id": "727646505590",
            "private_dns_hostname_type_on_launch": "ip-name",
            "tags": {},
            "tags_all": {},
            "timeouts": null,
            "vpc_id": "vpc-0fa641f7665343eb3"
          },
          "sensitive_attributes": [],
          "private": "eyJlMmJmYjczMC1lY2FhLTExZTYtOGY4OC0zNDM2M2JjN2M0YzAiOnsiY3JlYXRlIjo2MDAwMDAwMDAwMDAsImRlbGV0ZSI6MTIwMDAwMDAwMDAwMH0sInNjaGVtYV92ZXJzaW9uIjoiMSJ9",
          "dependencies": [
            "aws_vpc.london-vpc"
          ]
        }
      ]
    },
    {
      "mode": "managed",
      "type": "aws_subnet",
      "name": "private-eu-west-2b",
      "provider": "provider[\"registry.terraform.io/hashicorp/aws\"].London",
      "instances": [
        {
          "schema_version": 1,
          "attributes": {
            "arn": "arn:aws:ec2:eu-west-2:727646505590:subnet/subnet-059f08ffa54fe9b78",
            "assign_ipv6_address_on_creation": false,
            "availability_zone": "eu-west-2b",
            "availability_zone_id": "euw2-az3",
            "cidr_block": "10.22.12.0/24",
            "customer_owned_ipv4_pool": "",
            "enable_dns64": false,
            "enable_resource_name_dns_a_record_on_launch": false,
            "enable_resource_name_dns_aaaa_record_on_launch": false,
            "id": "subnet-059f08ffa54fe9b78",
            "ipv6_cidr_block": "",
            "ipv6_cidr_block_association_id": "",
            "ipv6_native": false,
            "map_customer_owned_ip_on_launch": false,
            "map_public_ip_on_launch": false,
            "outpost_arn": "",
            "owner_id": "727646505590",
            "private_dns_hostname_type_on_launch": "ip-name",
            "tags": {},
            "tags_all": {},
            "timeouts": null,
            "vpc_id": "vpc-0fa641f7665343eb3"
          },
          "sensitive_attributes": [],
          "private": "eyJlMmJmYjczMC1lY2FhLTExZTYtOGY4OC0zNDM2M2JjN2M0YzAiOnsiY3JlYXRlIjo2MDAwMDAwMDAwMDAsImRlbGV0ZSI6MTIwMDAwMDAwMDAwMH0sInNjaGVtYV92ZXJzaW9uIjoiMSJ9",
          "dependencies": [
            "aws_vpc.london-vpc"
          ]
        }
      ]
    },
    {
      "mode": "managed",
      "type": "aws_subnet",
      "name": "private-sa-east-1a",
      "provider": "provider[\"registry.terraform.io/hashicorp/aws\"].Sao-Paulo",
      "instances": [
        {
          "schema_version": 1,
          "attributes": {
            "arn": "arn:aws:ec2:sa-east-1:727646505590:subnet/subnet-0c3ffd7a711ae988f",
            "assign_ipv6_address_on_creation": false,
            "availability_zone": "sa-east-1a",
            "availability_zone_id": "sae1-az1",
            "cidr_block": "10.23.11.0/24",
            "customer_owned_ipv4_pool": "",
            "enable_dns64": false,
            "enable_resource_name_dns_a_record_on_launch": false,
            "enable_resource_name_dns_aaaa_record_on_launch": false,
            "id": "subnet-0c3ffd7a711ae988f",
            "ipv6_cidr_block": "",
            "ipv6_cidr_block_association_id": "",
            "ipv6_native": false,
            "map_customer_owned_ip_on_launch": false,
            "map_public_ip_on_launch": false,
            "outpost_arn": "",
            "owner_id": "727646505590",
            "private_dns_hostname_type_on_launch": "ip-name",
            "tags": {},
            "tags_all": {},
            "timeouts": null,
            "vpc_id": "vpc-0cdaf5c6895d799c8"
          },
          "sensitive_attributes": [],
          "private": "eyJlMmJmYjczMC1lY2FhLTExZTYtOGY4OC0zNDM2M2JjN2M0YzAiOnsiY3JlYXRlIjo2MDAwMDAwMDAwMDAsImRlbGV0ZSI6MTIwMDAwMDAwMDAwMH0sInNjaGVtYV92ZXJzaW9uIjoiMSJ9",
          "dependencies": [
            "aws_vpc.sao-paulo-vpc"
          ]
        }
      ]
    },
    {
      "mode": "managed",
      "type": "aws_subnet",
      "name": "private-sa-east-1c",
      "provider": "provider[\"registry.terraform.io/hashicorp/aws\"].Sao-Paulo",
      "instances": [
        {
          "schema_version": 1,
          "attributes": {
            "arn": "arn:aws:ec2:sa-east-1:727646505590:subnet/subnet-053f85cbae8284e44",
            "assign_ipv6_address_on_creation": false,
            "availability_zone": "sa-east-1c",
            "availability_zone_id": "sae1-az3",
            "cidr_block": "10.23.13.0/24",
            "customer_owned_ipv4_pool": "",
            "enable_dns64": false,
            "enable_resource_name_dns_a_record_on_launch": false,
            "enable_resource_name_dns_aaaa_record_on_launch": false,
            "id": "subnet-053f85cbae8284e44",
            "ipv6_cidr_block": "",
            "ipv6_cidr_block_association_id": "",
            "ipv6_native": false,
            "map_customer_owned_ip_on_launch": false,
            "map_public_ip_on_launch": false,
            "outpost_arn": "",
            "owner_id": "727646505590",
            "private_dns_hostname_type_on_launch": "ip-name",
            "tags": {},
            "tags_all": {},
            "timeouts": null,
            "vpc_id": "vpc-0cdaf5c6895d799c8"
          },
          "sensitive_attributes": [],
          "private": "eyJlMmJmYjczMC1lY2FhLTExZTYtOGY4OC0zNDM2M2JjN2M0YzAiOnsiY3JlYXRlIjo2MDAwMDAwMDAwMDAsImRlbGV0ZSI6MTIwMDAwMDAwMDAwMH0sInNjaGVtYV92ZXJzaW9uIjoiMSJ9",
          "dependencies": [
            "aws_vpc.sao-paulo-vpc"
          ]
        }
      ]
    },
    {
      "mode": "managed",
      "type": "aws_subnet",
      "name": "private-us-east-1a",
      "provider": "provider[\"registry.terraform.io/hashicorp/aws\"].New-York",
      "instances": [
        {
          "schema_version": 1,
          "attributes": {
            "arn": "arn:aws:ec2:us-east-1:727646505590:subnet/subnet-0bd38b299d954d7b1",
            "assign_ipv6_address_on_creation": false,
            "availability_zone": "us-east-1a",
            "availability_zone_id": "use1-az4",
            "cidr_block": "10.26.11.0/24",
            "customer_owned_ipv4_pool": "",
            "enable_dns64": false,
            "enable_resource_name_dns_a_record_on_launch": false,
            "enable_resource_name_dns_aaaa_record_on_launch": false,
            "id": "subnet-0bd38b299d954d7b1",
            "ipv6_cidr_block": "",
            "ipv6_cidr_block_association_id": "",
            "ipv6_native": false,
            "map_customer_owned_ip_on_launch": false,
            "map_public_ip_on_launch": false,
            "outpost_arn": "",
            "owner_id": "727646505590",
            "private_dns_hostname_type_on_launch": "ip-name",
            "tags": {},
            "tags_all": {},
            "timeouts": null,
            "vpc_id": "vpc-09d81cb6d1255e2c1"
          },
          "sensitive_attributes": [],
          "private": "eyJlMmJmYjczMC1lY2FhLTExZTYtOGY4OC0zNDM2M2JjN2M0YzAiOnsiY3JlYXRlIjo2MDAwMDAwMDAwMDAsImRlbGV0ZSI6MTIwMDAwMDAwMDAwMH0sInNjaGVtYV92ZXJzaW9uIjoiMSJ9",
          "dependencies": [
            "aws_vpc.new-york-vpc"
          ]
        }
      ]
    },
    {
      "mode": "managed",
      "type": "aws_subnet",
      "name": "private-us-east-1b",
      "provider": "provider[\"registry.terraform.io/hashicorp/aws\"].New-York",
      "instances": [
        {
          "schema_version": 1,
          "attributes": {
            "arn": "arn:aws:ec2:us-east-1:727646505590:subnet/subnet-031fe210e0169c98e",
            "assign_ipv6_address_on_creation": false,
            "availability_zone": "us-east-1b",
            "availability_zone_id": "use1-az6",
            "cidr_block": "10.26.12.0/24",
            "customer_owned_ipv4_pool": "",
            "enable_dns64": false,
            "enable_resource_name_dns_a_record_on_launch": false,
            "enable_resource_name_dns_aaaa_record_on_launch": false,
            "id": "subnet-031fe210e0169c98e",
            "ipv6_cidr_block": "",
            "ipv6_cidr_block_association_id": "",
            "ipv6_native": false,
            "map_customer_owned_ip_on_launch": false,
            "map_public_ip_on_launch": false,
            "outpost_arn": "",
            "owner_id": "727646505590",
            "private_dns_hostname_type_on_launch": "ip-name",
            "tags": {},
            "tags_all": {},
            "timeouts": null,
            "vpc_id": "vpc-09d81cb6d1255e2c1"
          },
          "sensitive_attributes": [],
          "private": "eyJlMmJmYjczMC1lY2FhLTExZTYtOGY4OC0zNDM2M2JjN2M0YzAiOnsiY3JlYXRlIjo2MDAwMDAwMDAwMDAsImRlbGV0ZSI6MTIwMDAwMDAwMDAwMH0sInNjaGVtYV92ZXJzaW9uIjoiMSJ9",
          "dependencies": [
            "aws_vpc.new-york-vpc"
          ]
        }
      ]
    },
    {
      "mode": "managed",
      "type": "aws_subnet",
      "name": "private-us-west-1b",
      "provider": "provider[\"registry.terraform.io/hashicorp/aws\"].California",
      "instances": [
        {
          "schema_version": 1,
          "attributes": {
            "arn": "arn:aws:ec2:us-west-1:727646505590:subnet/subnet-0ebba28149890985c",
            "assign_ipv6_address_on_creation": false,
            "availability_zone": "us-west-1b",
            "availability_zone_id": "usw1-az3",
            "cidr_block": "10.24.12.0/24",
            "customer_owned_ipv4_pool": "",
            "enable_dns64": false,
            "enable_resource_name_dns_a_record_on_launch": false,
            "enable_resource_name_dns_aaaa_record_on_launch": false,
            "id": "subnet-0ebba28149890985c",
            "ipv6_cidr_block": "",
            "ipv6_cidr_block_association_id": "",
            "ipv6_native": false,
            "map_customer_owned_ip_on_launch": false,
            "map_public_ip_on_launch": false,
            "outpost_arn": "",
            "owner_id": "727646505590",
            "private_dns_hostname_type_on_launch": "ip-name",
            "tags": {},
            "tags_all": {},
            "timeouts": null,
            "vpc_id": "vpc-0f0abcf0d22a20812"
          },
          "sensitive_attributes": [],
          "private": "eyJlMmJmYjczMC1lY2FhLTExZTYtOGY4OC0zNDM2M2JjN2M0YzAiOnsiY3JlYXRlIjo2MDAwMDAwMDAwMDAsImRlbGV0ZSI6MTIwMDAwMDAwMDAwMH0sInNjaGVtYV92ZXJzaW9uIjoiMSJ9",
          "dependencies": [
            "aws_vpc.california-vpc"
          ]
        }
      ]
    },
    {
      "mode": "managed",
      "type": "aws_subnet",
      "name": "private-us-west-1c",
      "provider": "provider[\"registry.terraform.io/hashicorp/aws\"].California",
      "instances": [
        {
          "schema_version": 1,
          "attributes": {
            "arn": "arn:aws:ec2:us-west-1:727646505590:subnet/subnet-0f4f2e6f8c51797b9",
            "assign_ipv6_address_on_creation": false,
            "availability_zone": "us-west-1c",
            "availability_zone_id": "usw1-az1",
            "cidr_block": "10.24.11.0/24",
            "customer_owned_ipv4_pool": "",
            "enable_dns64": false,
            "enable_resource_name_dns_a_record_on_launch": false,
            "enable_resource_name_dns_aaaa_record_on_launch": false,
            "id": "subnet-0f4f2e6f8c51797b9",
            "ipv6_cidr_block": "",
            "ipv6_cidr_block_association_id": "",
            "ipv6_native": false,
            "map_customer_owned_ip_on_launch": false,
            "map_public_ip_on_launch": false,
            "outpost_arn": "",
            "owner_id": "727646505590",
            "private_dns_hostname_type_on_launch": "ip-name",
            "tags": {},
            "tags_all": {},
            "timeouts": null,
            "vpc_id": "vpc-0f0abcf0d22a20812"
          },
          "sensitive_attributes": [],
          "private": "eyJlMmJmYjczMC1lY2FhLTExZTYtOGY4OC0zNDM2M2JjN2M0YzAiOnsiY3JlYXRlIjo2MDAwMDAwMDAwMDAsImRlbGV0ZSI6MTIwMDAwMDAwMDAwMH0sInNjaGVtYV92ZXJzaW9uIjoiMSJ9",
          "dependencies": [
            "aws_vpc.california-vpc"
          ]
        }
      ]
    },
    {
      "mode": "managed",
      "type": "aws_subnet",
      "name": "public-ap-east-1a",
      "provider": "provider[\"registry.terraform.io/hashicorp/aws\"].Hong-Kong",
      "instances": [
        {
          "schema_version": 1,
          "attributes": {
            "arn": "arn:aws:ec2:ap-east-1:727646505590:subnet/subnet-0921f88865e432ba5",
            "assign_ipv6_address_on_creation": false,
            "availability_zone": "ap-east-1a",
            "availability_zone_id": "ape1-az1",
            "cidr_block": "10.21.1.0/24",
            "customer_owned_ipv4_pool": "",
            "enable_dns64": false,
            "enable_resource_name_dns_a_record_on_launch": false,
            "enable_resource_name_dns_aaaa_record_on_launch": false,
            "id": "subnet-0921f88865e432ba5",
            "ipv6_cidr_block": "",
            "ipv6_cidr_block_association_id": "",
            "ipv6_native": false,
            "map_customer_owned_ip_on_launch": false,
            "map_public_ip_on_launch": true,
            "outpost_arn": "",
            "owner_id": "727646505590",
            "private_dns_hostname_type_on_launch": "ip-name",
            "tags": {},
            "tags_all": {},
            "timeouts": null,
            "vpc_id": "vpc-083ab13a5cb6a6581"
          },
          "sensitive_attributes": [],
          "private": "eyJlMmJmYjczMC1lY2FhLTExZTYtOGY4OC0zNDM2M2JjN2M0YzAiOnsiY3JlYXRlIjo2MDAwMDAwMDAwMDAsImRlbGV0ZSI6MTIwMDAwMDAwMDAwMH0sInNjaGVtYV92ZXJzaW9uIjoiMSJ9",
          "dependencies": [
            "aws_vpc.hong-kong-vpc"
          ]
        }
      ]
    },
    {
      "mode": "managed",
      "type": "aws_subnet",
      "name": "public-ap-east-1b",
      "provider": "provider[\"registry.terraform.io/hashicorp/aws\"].Hong-Kong",
      "instances": [
        {
          "schema_version": 1,
          "attributes": {
            "arn": "arn:aws:ec2:ap-east-1:727646505590:subnet/subnet-02bdf93f6f13eafb9",
            "assign_ipv6_address_on_creation": false,
            "availability_zone": "ap-east-1b",
            "availability_zone_id": "ape1-az2",
            "cidr_block": "10.21.2.0/24",
            "customer_owned_ipv4_pool": "",
            "enable_dns64": false,
            "enable_resource_name_dns_a_record_on_launch": false,
            "enable_resource_name_dns_aaaa_record_on_launch": false,
            "id": "subnet-02bdf93f6f13eafb9",
            "ipv6_cidr_block": "",
            "ipv6_cidr_block_association_id": "",
            "ipv6_native": false,
            "map_customer_owned_ip_on_launch": false,
            "map_public_ip_on_launch": true,
            "outpost_arn": "",
            "owner_id": "727646505590",
            "private_dns_hostname_type_on_launch": "ip-name",
            "tags": {},
            "tags_all": {},
            "timeouts": null,
            "vpc_id": "vpc-083ab13a5cb6a6581"
          },
          "sensitive_attributes": [],
          "private": "eyJlMmJmYjczMC1lY2FhLTExZTYtOGY4OC0zNDM2M2JjN2M0YzAiOnsiY3JlYXRlIjo2MDAwMDAwMDAwMDAsImRlbGV0ZSI6MTIwMDAwMDAwMDAwMH0sInNjaGVtYV92ZXJzaW9uIjoiMSJ9",
          "dependencies": [
            "aws_vpc.hong-kong-vpc"
          ]
        }
      ]
    },
    {
      "mode": "managed",
      "type": "aws_subnet",
      "name": "public-ap-northeast-1a",
      "provider": "provider[\"registry.terraform.io/hashicorp/aws\"].Tokyo",
      "instances": [
        {
          "schema_version": 1,
          "attributes": {
            "arn": "arn:aws:ec2:ap-northeast-1:727646505590:subnet/subnet-019f9c237b29d1ccb",
            "assign_ipv6_address_on_creation": false,
            "availability_zone": "ap-northeast-1a",
            "availability_zone_id": "apne1-az4",
            "cidr_block": "10.20.1.0/24",
            "customer_owned_ipv4_pool": "",
            "enable_dns64": false,
            "enable_resource_name_dns_a_record_on_launch": false,
            "enable_resource_name_dns_aaaa_record_on_launch": false,
            "id": "subnet-019f9c237b29d1ccb",
            "ipv6_cidr_block": "",
            "ipv6_cidr_block_association_id": "",
            "ipv6_native": false,
            "map_customer_owned_ip_on_launch": false,
            "map_public_ip_on_launch": true,
            "outpost_arn": "",
            "owner_id": "727646505590",
            "private_dns_hostname_type_on_launch": "ip-name",
            "tags": {},
            "tags_all": {},
            "timeouts": null,
            "vpc_id": "vpc-0fd227e4815650e4e"
          },
          "sensitive_attributes": [],
          "private": "eyJlMmJmYjczMC1lY2FhLTExZTYtOGY4OC0zNDM2M2JjN2M0YzAiOnsiY3JlYXRlIjo2MDAwMDAwMDAwMDAsImRlbGV0ZSI6MTIwMDAwMDAwMDAwMH0sInNjaGVtYV92ZXJzaW9uIjoiMSJ9",
          "dependencies": [
            "aws_vpc.tokyo-vpc"
          ]
        }
      ]
    },
    {
      "mode": "managed",
      "type": "aws_subnet",
      "name": "public-ap-northeast-1c",
      "provider": "provider[\"registry.terraform.io/hashicorp/aws\"].Tokyo",
      "instances": [
        {
          "schema_version": 1,
          "attributes": {
            "arn": "arn:aws:ec2:ap-northeast-1:727646505590:subnet/subnet-0993c62f95d23ac60",
            "assign_ipv6_address_on_creation": false,
            "availability_zone": "ap-northeast-1c",
            "availability_zone_id": "apne1-az1",
            "cidr_block": "10.20.3.0/24",
            "customer_owned_ipv4_pool": "",
            "enable_dns64": false,
            "enable_resource_name_dns_a_record_on_launch": false,
            "enable_resource_name_dns_aaaa_record_on_launch": false,
            "id": "subnet-0993c62f95d23ac60",
            "ipv6_cidr_block": "",
            "ipv6_cidr_block_association_id": "",
            "ipv6_native": false,
            "map_customer_owned_ip_on_launch": false,
            "map_public_ip_on_launch": true,
            "outpost_arn": "",
            "owner_id": "727646505590",
            "private_dns_hostname_type_on_launch": "ip-name",
            "tags": {},
            "tags_all": {},
            "timeouts": null,
            "vpc_id": "vpc-0fd227e4815650e4e"
          },
          "sensitive_attributes": [],
          "private": "eyJlMmJmYjczMC1lY2FhLTExZTYtOGY4OC0zNDM2M2JjN2M0YzAiOnsiY3JlYXRlIjo2MDAwMDAwMDAwMDAsImRlbGV0ZSI6MTIwMDAwMDAwMDAwMH0sInNjaGVtYV92ZXJzaW9uIjoiMSJ9",
          "dependencies": [
            "aws_vpc.tokyo-vpc"
          ]
        }
      ]
    },
    {
      "mode": "managed",
      "type": "aws_subnet",
      "name": "public-ap-southeast-2a",
      "provider": "provider[\"registry.terraform.io/hashicorp/aws\"].Australia",
      "instances": [
        {
          "schema_version": 1,
          "attributes": {
            "arn": "arn:aws:ec2:ap-southeast-2:727646505590:subnet/subnet-0a637560095a48a4c",
            "assign_ipv6_address_on_creation": false,
            "availability_zone": "ap-southeast-2a",
            "availability_zone_id": "apse2-az3",
            "cidr_block": "10.25.1.0/24",
            "customer_owned_ipv4_pool": "",
            "enable_dns64": false,
            "enable_resource_name_dns_a_record_on_launch": false,
            "enable_resource_name_dns_aaaa_record_on_launch": false,
            "id": "subnet-0a637560095a48a4c",
            "ipv6_cidr_block": "",
            "ipv6_cidr_block_association_id": "",
            "ipv6_native": false,
            "map_customer_owned_ip_on_launch": false,
            "map_public_ip_on_launch": true,
            "outpost_arn": "",
            "owner_id": "727646505590",
            "private_dns_hostname_type_on_launch": "ip-name",
            "tags": {},
            "tags_all": {},
            "timeouts": null,
            "vpc_id": "vpc-01969a43c335d6ce9"
          },
          "sensitive_attributes": [],
          "private": "eyJlMmJmYjczMC1lY2FhLTExZTYtOGY4OC0zNDM2M2JjN2M0YzAiOnsiY3JlYXRlIjo2MDAwMDAwMDAwMDAsImRlbGV0ZSI6MTIwMDAwMDAwMDAwMH0sInNjaGVtYV92ZXJzaW9uIjoiMSJ9",
          "dependencies": [
            "aws_vpc.australia-vpc"
          ]
        }
      ]
    },
    {
      "mode": "managed",
      "type": "aws_subnet",
      "name": "public-ap-southeast-2b",
      "provider": "provider[\"registry.terraform.io/hashicorp/aws\"].Australia",
      "instances": [
        {
          "schema_version": 1,
          "attributes": {
            "arn": "arn:aws:ec2:ap-southeast-2:727646505590:subnet/subnet-08f447b24c6d9af0b",
            "assign_ipv6_address_on_creation": false,
            "availability_zone": "ap-southeast-2b",
            "availability_zone_id": "apse2-az1",
            "cidr_block": "10.25.2.0/24",
            "customer_owned_ipv4_pool": "",
            "enable_dns64": false,
            "enable_resource_name_dns_a_record_on_launch": false,
            "enable_resource_name_dns_aaaa_record_on_launch": false,
            "id": "subnet-08f447b24c6d9af0b",
            "ipv6_cidr_block": "",
            "ipv6_cidr_block_association_id": "",
            "ipv6_native": false,
            "map_customer_owned_ip_on_launch": false,
            "map_public_ip_on_launch": true,
            "outpost_arn": "",
            "owner_id": "727646505590",
            "private_dns_hostname_type_on_launch": "ip-name",
            "tags": {},
            "tags_all": {},
            "timeouts": null,
            "vpc_id": "vpc-01969a43c335d6ce9"
          },
          "sensitive_attributes": [],
          "private": "eyJlMmJmYjczMC1lY2FhLTExZTYtOGY4OC0zNDM2M2JjN2M0YzAiOnsiY3JlYXRlIjo2MDAwMDAwMDAwMDAsImRlbGV0ZSI6MTIwMDAwMDAwMDAwMH0sInNjaGVtYV92ZXJzaW9uIjoiMSJ9",
          "dependencies": [
            "aws_vpc.australia-vpc"
          ]
        }
      ]
    },
    {
      "mode": "managed",
      "type": "aws_subnet",
      "name": "public-eu-west-2a",
      "provider": "provider[\"registry.terraform.io/hashicorp/aws\"].London",
      "instances": [
        {
          "schema_version": 1,
          "attributes": {
            "arn": "arn:aws:ec2:eu-west-2:727646505590:subnet/subnet-09b84d855348f83ef",
            "assign_ipv6_address_on_creation": false,
            "availability_zone": "eu-west-2a",
            "availability_zone_id": "euw2-az2",
            "cidr_block": "10.22.1.0/24",
            "customer_owned_ipv4_pool": "",
            "enable_dns64": false,
            "enable_resource_name_dns_a_record_on_launch": false,
            "enable_resource_name_dns_aaaa_record_on_launch": false,
            "id": "subnet-09b84d855348f83ef",
            "ipv6_cidr_block": "",
            "ipv6_cidr_block_association_id": "",
            "ipv6_native": false,
            "map_customer_owned_ip_on_launch": false,
            "map_public_ip_on_launch": true,
            "outpost_arn": "",
            "owner_id": "727646505590",
            "private_dns_hostname_type_on_launch": "ip-name",
            "tags": {},
            "tags_all": {},
            "timeouts": null,
            "vpc_id": "vpc-0fa641f7665343eb3"
          },
          "sensitive_attributes": [],
          "private": "eyJlMmJmYjczMC1lY2FhLTExZTYtOGY4OC0zNDM2M2JjN2M0YzAiOnsiY3JlYXRlIjo2MDAwMDAwMDAwMDAsImRlbGV0ZSI6MTIwMDAwMDAwMDAwMH0sInNjaGVtYV92ZXJzaW9uIjoiMSJ9",
          "dependencies": [
            "aws_vpc.london-vpc"
          ]
        }
      ]
    },
    {
      "mode": "managed",
      "type": "aws_subnet",
      "name": "public-eu-west-2b",
      "provider": "provider[\"registry.terraform.io/hashicorp/aws\"].London",
      "instances": [
        {
          "schema_version": 1,
          "attributes": {
            "arn": "arn:aws:ec2:eu-west-2:727646505590:subnet/subnet-0e80ace851abc2452",
            "assign_ipv6_address_on_creation": false,
            "availability_zone": "eu-west-2b",
            "availability_zone_id": "euw2-az3",
            "cidr_block": "10.22.2.0/24",
            "customer_owned_ipv4_pool": "",
            "enable_dns64": false,
            "enable_resource_name_dns_a_record_on_launch": false,
            "enable_resource_name_dns_aaaa_record_on_launch": false,
            "id": "subnet-0e80ace851abc2452",
            "ipv6_cidr_block": "",
            "ipv6_cidr_block_association_id": "",
            "ipv6_native": false,
            "map_customer_owned_ip_on_launch": false,
            "map_public_ip_on_launch": true,
            "outpost_arn": "",
            "owner_id": "727646505590",
            "private_dns_hostname_type_on_launch": "ip-name",
            "tags": {},
            "tags_all": {},
            "timeouts": null,
            "vpc_id": "vpc-0fa641f7665343eb3"
          },
          "sensitive_attributes": [],
          "private": "eyJlMmJmYjczMC1lY2FhLTExZTYtOGY4OC0zNDM2M2JjN2M0YzAiOnsiY3JlYXRlIjo2MDAwMDAwMDAwMDAsImRlbGV0ZSI6MTIwMDAwMDAwMDAwMH0sInNjaGVtYV92ZXJzaW9uIjoiMSJ9",
          "dependencies": [
            "aws_vpc.london-vpc"
          ]
        }
      ]
    },
    {
      "mode": "managed",
      "type": "aws_subnet",
      "name": "public-sa-east-1a",
      "provider": "provider[\"registry.terraform.io/hashicorp/aws\"].Sao-Paulo",
      "instances": [
        {
          "schema_version": 1,
          "attributes": {
            "arn": "arn:aws:ec2:sa-east-1:727646505590:subnet/subnet-0d3db8d24c83fedbb",
            "assign_ipv6_address_on_creation": false,
            "availability_zone": "sa-east-1a",
            "availability_zone_id": "sae1-az1",
            "cidr_block": "10.23.1.0/24",
            "customer_owned_ipv4_pool": "",
            "enable_dns64": false,
            "enable_resource_name_dns_a_record_on_launch": false,
            "enable_resource_name_dns_aaaa_record_on_launch": false,
            "id": "subnet-0d3db8d24c83fedbb",
            "ipv6_cidr_block": "",
            "ipv6_cidr_block_association_id": "",
            "ipv6_native": false,
            "map_customer_owned_ip_on_launch": false,
            "map_public_ip_on_launch": true,
            "outpost_arn": "",
            "owner_id": "727646505590",
            "private_dns_hostname_type_on_launch": "ip-name",
            "tags": {},
            "tags_all": {},
            "timeouts": null,
            "vpc_id": "vpc-0cdaf5c6895d799c8"
          },
          "sensitive_attributes": [],
          "private": "eyJlMmJmYjczMC1lY2FhLTExZTYtOGY4OC0zNDM2M2JjN2M0YzAiOnsiY3JlYXRlIjo2MDAwMDAwMDAwMDAsImRlbGV0ZSI6MTIwMDAwMDAwMDAwMH0sInNjaGVtYV92ZXJzaW9uIjoiMSJ9",
          "dependencies": [
            "aws_vpc.sao-paulo-vpc"
          ]
        }
      ]
    },
    {
      "mode": "managed",
      "type": "aws_subnet",
      "name": "public-sa-east-1c",
      "provider": "provider[\"registry.terraform.io/hashicorp/aws\"].Sao-Paulo",
      "instances": [
        {
          "schema_version": 1,
          "attributes": {
            "arn": "arn:aws:ec2:sa-east-1:727646505590:subnet/subnet-07d8904fe9c18d30e",
            "assign_ipv6_address_on_creation": false,
            "availability_zone": "sa-east-1c",
            "availability_zone_id": "sae1-az3",
            "cidr_block": "10.23.3.0/24",
            "customer_owned_ipv4_pool": "",
            "enable_dns64": false,
            "enable_resource_name_dns_a_record_on_launch": false,
            "enable_resource_name_dns_aaaa_record_on_launch": false,
            "id": "subnet-07d8904fe9c18d30e",
            "ipv6_cidr_block": "",
            "ipv6_cidr_block_association_id": "",
            "ipv6_native": false,
            "map_customer_owned_ip_on_launch": false,
            "map_public_ip_on_launch": true,
            "outpost_arn": "",
            "owner_id": "727646505590",
            "private_dns_hostname_type_on_launch": "ip-name",
            "tags": {},
            "tags_all": {},
            "timeouts": null,
            "vpc_id": "vpc-0cdaf5c6895d799c8"
          },
          "sensitive_attributes": [],
          "private": "eyJlMmJmYjczMC1lY2FhLTExZTYtOGY4OC0zNDM2M2JjN2M0YzAiOnsiY3JlYXRlIjo2MDAwMDAwMDAwMDAsImRlbGV0ZSI6MTIwMDAwMDAwMDAwMH0sInNjaGVtYV92ZXJzaW9uIjoiMSJ9",
          "dependencies": [
            "aws_vpc.sao-paulo-vpc"
          ]
        }
      ]
    },
    {
      "mode": "managed",
      "type": "aws_subnet",
      "name": "public-us-east-1a",
      "provider": "provider[\"registry.terraform.io/hashicorp/aws\"].New-York",
      "instances": [
        {
          "schema_version": 1,
          "attributes": {
            "arn": "arn:aws:ec2:us-east-1:727646505590:subnet/subnet-06607f51ad6ad0c60",
            "assign_ipv6_address_on_creation": false,
            "availability_zone": "us-east-1a",
            "availability_zone_id": "use1-az4",
            "cidr_block": "10.26.1.0/24",
            "customer_owned_ipv4_pool": "",
            "enable_dns64": false,
            "enable_resource_name_dns_a_record_on_launch": false,
            "enable_resource_name_dns_aaaa_record_on_launch": false,
            "id": "subnet-06607f51ad6ad0c60",
            "ipv6_cidr_block": "",
            "ipv6_cidr_block_association_id": "",
            "ipv6_native": false,
            "map_customer_owned_ip_on_launch": false,
            "map_public_ip_on_launch": true,
            "outpost_arn": "",
            "owner_id": "727646505590",
            "private_dns_hostname_type_on_launch": "ip-name",
            "tags": {},
            "tags_all": {},
            "timeouts": null,
            "vpc_id": "vpc-09d81cb6d1255e2c1"
          },
          "sensitive_attributes": [],
          "private": "eyJlMmJmYjczMC1lY2FhLTExZTYtOGY4OC0zNDM2M2JjN2M0YzAiOnsiY3JlYXRlIjo2MDAwMDAwMDAwMDAsImRlbGV0ZSI6MTIwMDAwMDAwMDAwMH0sInNjaGVtYV92ZXJzaW9uIjoiMSJ9",
          "dependencies": [
            "aws_vpc.new-york-vpc"
          ]
        }
      ]
    },
    {
      "mode": "managed",
      "type": "aws_subnet",
      "name": "public-us-east-1b",
      "provider": "provider[\"registry.terraform.io/hashicorp/aws\"].New-York",
      "instances": [
        {
          "schema_version": 1,
          "attributes": {
            "arn": "arn:aws:ec2:us-east-1:727646505590:subnet/subnet-04dec5ca2f6d5d8a9",
            "assign_ipv6_address_on_creation": false,
            "availability_zone": "us-east-1b",
            "availability_zone_id": "use1-az6",
            "cidr_block": "10.26.2.0/24",
            "customer_owned_ipv4_pool": "",
            "enable_dns64": false,
            "enable_resource_name_dns_a_record_on_launch": false,
            "enable_resource_name_dns_aaaa_record_on_launch": false,
            "id": "subnet-04dec5ca2f6d5d8a9",
            "ipv6_cidr_block": "",
            "ipv6_cidr_block_association_id": "",
            "ipv6_native": false,
            "map_customer_owned_ip_on_launch": false,
            "map_public_ip_on_launch": true,
            "outpost_arn": "",
            "owner_id": "727646505590",
            "private_dns_hostname_type_on_launch": "ip-name",
            "tags": {},
            "tags_all": {},
            "timeouts": null,
            "vpc_id": "vpc-09d81cb6d1255e2c1"
          },
          "sensitive_attributes": [],
          "private": "eyJlMmJmYjczMC1lY2FhLTExZTYtOGY4OC0zNDM2M2JjN2M0YzAiOnsiY3JlYXRlIjo2MDAwMDAwMDAwMDAsImRlbGV0ZSI6MTIwMDAwMDAwMDAwMH0sInNjaGVtYV92ZXJzaW9uIjoiMSJ9",
          "dependencies": [
            "aws_vpc.new-york-vpc"
          ]
        }
      ]
    },
    {
      "mode": "managed",
      "type": "aws_subnet",
      "name": "public-us-west-1b",
      "provider": "provider[\"registry.terraform.io/hashicorp/aws\"].California",
      "instances": [
        {
          "schema_version": 1,
          "attributes": {
            "arn": "arn:aws:ec2:us-west-1:727646505590:subnet/subnet-06ccc207d887f3498",
            "assign_ipv6_address_on_creation": false,
            "availability_zone": "us-west-1b",
            "availability_zone_id": "usw1-az3",
            "cidr_block": "10.24.2.0/24",
            "customer_owned_ipv4_pool": "",
            "enable_dns64": false,
            "enable_resource_name_dns_a_record_on_launch": false,
            "enable_resource_name_dns_aaaa_record_on_launch": false,
            "id": "subnet-06ccc207d887f3498",
            "ipv6_cidr_block": "",
            "ipv6_cidr_block_association_id": "",
            "ipv6_native": false,
            "map_customer_owned_ip_on_launch": false,
            "map_public_ip_on_launch": true,
            "outpost_arn": "",
            "owner_id": "727646505590",
            "private_dns_hostname_type_on_launch": "ip-name",
            "tags": {},
            "tags_all": {},
            "timeouts": null,
            "vpc_id": "vpc-0f0abcf0d22a20812"
          },
          "sensitive_attributes": [],
          "private": "eyJlMmJmYjczMC1lY2FhLTExZTYtOGY4OC0zNDM2M2JjN2M0YzAiOnsiY3JlYXRlIjo2MDAwMDAwMDAwMDAsImRlbGV0ZSI6MTIwMDAwMDAwMDAwMH0sInNjaGVtYV92ZXJzaW9uIjoiMSJ9",
          "dependencies": [
            "aws_vpc.california-vpc"
          ]
        }
      ]
    },
    {
      "mode": "managed",
      "type": "aws_subnet",
      "name": "public-us-west-1c",
      "provider": "provider[\"registry.terraform.io/hashicorp/aws\"].California",
      "instances": [
        {
          "schema_version": 1,
          "attributes": {
            "arn": "arn:aws:ec2:us-west-1:727646505590:subnet/subnet-09f4eb4537dbdb4fb",
            "assign_ipv6_address_on_creation": false,
            "availability_zone": "us-west-1c",
            "availability_zone_id": "usw1-az1",
            "cidr_block": "10.24.1.0/24",
            "customer_owned_ipv4_pool": "",
            "enable_dns64": false,
            "enable_resource_name_dns_a_record_on_launch": false,
            "enable_resource_name_dns_aaaa_record_on_launch": false,
            "id": "subnet-09f4eb4537dbdb4fb",
            "ipv6_cidr_block": "",
            "ipv6_cidr_block_association_id": "",
            "ipv6_native": false,
            "map_customer_owned_ip_on_launch": false,
            "map_public_ip_on_launch": true,
            "outpost_arn": "",
            "owner_id": "727646505590",
            "private_dns_hostname_type_on_launch": "ip-name",
            "tags": {},
            "tags_all": {},
            "timeouts": null,
            "vpc_id": "vpc-0f0abcf0d22a20812"
          },
          "sensitive_attributes": [],
          "private": "eyJlMmJmYjczMC1lY2FhLTExZTYtOGY4OC0zNDM2M2JjN2M0YzAiOnsiY3JlYXRlIjo2MDAwMDAwMDAwMDAsImRlbGV0ZSI6MTIwMDAwMDAwMDAwMH0sInNjaGVtYV92ZXJzaW9uIjoiMSJ9",
          "dependencies": [
            "aws_vpc.california-vpc"
          ]
        }
      ]
    },
    {
      "mode": "managed",
      "type": "aws_vpc",
      "name": "australia-vpc",
      "provider": "provider[\"registry.terraform.io/hashicorp/aws\"].Australia",
      "instances": [
        {
          "schema_version": 1,
          "attributes": {
            "arn": "arn:aws:ec2:ap-southeast-2:727646505590:vpc/vpc-01969a43c335d6ce9",
            "assign_generated_ipv6_cidr_block": false,
            "cidr_block": "10.25.0.0/16",
            "default_network_acl_id": "acl-00d40c392c3e6a95e",
            "default_route_table_id": "rtb-078d515aeefb4617d",
            "default_security_group_id": "sg-0c3bf63b64f30605b",
            "dhcp_options_id": "dopt-08c99236fa1052362",
            "enable_classiclink": false,
            "enable_classiclink_dns_support": false,
            "enable_dns_hostnames": false,
            "enable_dns_support": true,
            "id": "vpc-01969a43c335d6ce9",
            "instance_tenancy": "default",
            "ipv4_ipam_pool_id": null,
            "ipv4_netmask_length": null,
            "ipv6_association_id": "",
            "ipv6_cidr_block": "",
            "ipv6_cidr_block_network_border_group": "",
            "ipv6_ipam_pool_id": "",
            "ipv6_netmask_length": 0,
            "main_route_table_id": "rtb-078d515aeefb4617d",
            "owner_id": "727646505590",
            "tags": {},
            "tags_all": {}
          },
          "sensitive_attributes": [],
          "private": "eyJzY2hlbWFfdmVyc2lvbiI6IjEifQ==",
          "create_before_destroy": true
        }
      ]
    },
    {
      "mode": "managed",
      "type": "aws_vpc",
      "name": "california-vpc",
      "provider": "provider[\"registry.terraform.io/hashicorp/aws\"].California",
      "instances": [
        {
          "schema_version": 1,
          "attributes": {
            "arn": "arn:aws:ec2:us-west-1:727646505590:vpc/vpc-0f0abcf0d22a20812",
            "assign_generated_ipv6_cidr_block": false,
            "cidr_block": "10.24.0.0/16",
            "default_network_acl_id": "acl-05e8502f5817824b5",
            "default_route_table_id": "rtb-0284722e9df9d11cc",
            "default_security_group_id": "sg-0c2102cb6e6925b21",
            "dhcp_options_id": "dopt-00e022b0bb5d9dec5",
            "enable_classiclink": false,
            "enable_classiclink_dns_support": false,
            "enable_dns_hostnames": false,
            "enable_dns_support": true,
            "id": "vpc-0f0abcf0d22a20812",
            "instance_tenancy": "default",
            "ipv4_ipam_pool_id": null,
            "ipv4_netmask_length": null,
            "ipv6_association_id": "",
            "ipv6_cidr_block": "",
            "ipv6_cidr_block_network_border_group": "",
            "ipv6_ipam_pool_id": "",
            "ipv6_netmask_length": 0,
            "main_route_table_id": "rtb-0284722e9df9d11cc",
            "owner_id": "727646505590",
            "tags": {},
            "tags_all": {}
          },
          "sensitive_attributes": [],
          "private": "eyJzY2hlbWFfdmVyc2lvbiI6IjEifQ==",
          "create_before_destroy": true
        }
      ]
    },
    {
      "mode": "managed",
      "type": "aws_vpc",
      "name": "hong-kong-vpc",
      "provider": "provider[\"registry.terraform.io/hashicorp/aws\"].Hong-Kong",
      "instances": [
        {
          "schema_version": 1,
          "attributes": {
            "arn": "arn:aws:ec2:ap-east-1:727646505590:vpc/vpc-083ab13a5cb6a6581",
            "assign_generated_ipv6_cidr_block": false,
            "cidr_block": "10.21.0.0/16",
            "default_network_acl_id": "acl-0278c760d200374f7",
            "default_route_table_id": "rtb-0262aaf53c62d7b5a",
            "default_security_group_id": "sg-033b399b7dbf20de5",
            "dhcp_options_id": "dopt-04d207697d677468e",
            "enable_classiclink": false,
            "enable_classiclink_dns_support": false,
            "enable_dns_hostnames": false,
            "enable_dns_support": true,
            "id": "vpc-083ab13a5cb6a6581",
            "instance_tenancy": "default",
            "ipv4_ipam_pool_id": null,
            "ipv4_netmask_length": null,
            "ipv6_association_id": "",
            "ipv6_cidr_block": "",
            "ipv6_cidr_block_network_border_group": "",
            "ipv6_ipam_pool_id": "",
            "ipv6_netmask_length": 0,
            "main_route_table_id": "rtb-0262aaf53c62d7b5a",
            "owner_id": "727646505590",
            "tags": {},
            "tags_all": {}
          },
          "sensitive_attributes": [],
          "private": "eyJzY2hlbWFfdmVyc2lvbiI6IjEifQ==",
          "create_before_destroy": true
        }
      ]
    },
    {
      "mode": "managed",
      "type": "aws_vpc",
      "name": "london-vpc",
      "provider": "provider[\"registry.terraform.io/hashicorp/aws\"].London",
      "instances": [
        {
          "schema_version": 1,
          "attributes": {
            "arn": "arn:aws:ec2:eu-west-2:727646505590:vpc/vpc-0fa641f7665343eb3",
            "assign_generated_ipv6_cidr_block": false,
            "cidr_block": "10.22.0.0/16",
            "default_network_acl_id": "acl-0eb27858e2fbadad4",
            "default_route_table_id": "rtb-03741434475b6e278",
            "default_security_group_id": "sg-0939a4318697ddb90",
            "dhcp_options_id": "dopt-0413a0a617ee33f49",
            "enable_classiclink": false,
            "enable_classiclink_dns_support": false,
            "enable_dns_hostnames": false,
            "enable_dns_support": true,
            "id": "vpc-0fa641f7665343eb3",
            "instance_tenancy": "default",
            "ipv4_ipam_pool_id": null,
            "ipv4_netmask_length": null,
            "ipv6_association_id": "",
            "ipv6_cidr_block": "",
            "ipv6_cidr_block_network_border_group": "",
            "ipv6_ipam_pool_id": "",
            "ipv6_netmask_length": 0,
            "main_route_table_id": "rtb-03741434475b6e278",
            "owner_id": "727646505590",
            "tags": {},
            "tags_all": {}
          },
          "sensitive_attributes": [],
          "private": "eyJzY2hlbWFfdmVyc2lvbiI6IjEifQ==",
          "create_before_destroy": true
        }
      ]
    },
    {
      "mode": "managed",
      "type": "aws_vpc",
      "name": "new-york-vpc",
      "provider": "provider[\"registry.terraform.io/hashicorp/aws\"].New-York",
      "instances": [
        {
          "schema_version": 1,
          "attributes": {
            "arn": "arn:aws:ec2:us-east-1:727646505590:vpc/vpc-09d81cb6d1255e2c1",
            "assign_generated_ipv6_cidr_block": false,
            "cidr_block": "10.26.0.0/16",
            "default_network_acl_id": "acl-0a5fe60c1857aff2e",
            "default_route_table_id": "rtb-04fff6244450c5545",
            "default_security_group_id": "sg-067409031a685cb6c",
            "dhcp_options_id": "dopt-0e12e99323a7448e1",
            "enable_classiclink": false,
            "enable_classiclink_dns_support": false,
            "enable_dns_hostnames": false,
            "enable_dns_support": true,
            "id": "vpc-09d81cb6d1255e2c1",
            "instance_tenancy": "default",
            "ipv4_ipam_pool_id": null,
            "ipv4_netmask_length": null,
            "ipv6_association_id": "",
            "ipv6_cidr_block": "",
            "ipv6_cidr_block_network_border_group": "",
            "ipv6_ipam_pool_id": "",
            "ipv6_netmask_length": 0,
            "main_route_table_id": "rtb-04fff6244450c5545",
            "owner_id": "727646505590",
            "tags": {},
            "tags_all": {}
          },
          "sensitive_attributes": [],
          "private": "eyJzY2hlbWFfdmVyc2lvbiI6IjEifQ==",
          "create_before_destroy": true
        }
      ]
    },
    {
      "mode": "managed",
      "type": "aws_vpc",
      "name": "sao-paulo-vpc",
      "provider": "provider[\"registry.terraform.io/hashicorp/aws\"].Sao-Paulo",
      "instances": [
        {
          "schema_version": 1,
          "attributes": {
            "arn": "arn:aws:ec2:sa-east-1:727646505590:vpc/vpc-0cdaf5c6895d799c8",
            "assign_generated_ipv6_cidr_block": false,
            "cidr_block": "10.23.0.0/16",
            "default_network_acl_id": "acl-02b8989c9d5b10227",
            "default_route_table_id": "rtb-06f8e7c8c8241997b",
            "default_security_group_id": "sg-035a49165248febae",
            "dhcp_options_id": "dopt-0cf17e48682931e4e",
            "enable_classiclink": false,
            "enable_classiclink_dns_support": false,
            "enable_dns_hostnames": false,
            "enable_dns_support": true,
            "id": "vpc-0cdaf5c6895d799c8",
            "instance_tenancy": "default",
            "ipv4_ipam_pool_id": null,
            "ipv4_netmask_length": null,
            "ipv6_association_id": "",
            "ipv6_cidr_block": "",
            "ipv6_cidr_block_network_border_group": "",
            "ipv6_ipam_pool_id": "",
            "ipv6_netmask_length": 0,
            "main_route_table_id": "rtb-06f8e7c8c8241997b",
            "owner_id": "727646505590",
            "tags": {},
            "tags_all": {}
          },
          "sensitive_attributes": [],
          "private": "eyJzY2hlbWFfdmVyc2lvbiI6IjEifQ==",
          "create_before_destroy": true
        }
      ]
    },
    {
      "mode": "managed",
      "type": "aws_vpc",
      "name": "tokyo-vpc",
      "provider": "provider[\"registry.terraform.io/hashicorp/aws\"].Tokyo",
      "instances": [
        {
          "schema_version": 1,
          "attributes": {
            "arn": "arn:aws:ec2:ap-northeast-1:727646505590:vpc/vpc-0fd227e4815650e4e",
            "assign_generated_ipv6_cidr_block": false,
            "cidr_block": "10.20.0.0/16",
            "default_network_acl_id": "acl-0d09ebcab5751b253",
            "default_route_table_id": "rtb-00f76646ec53c7ca7",
            "default_security_group_id": "sg-0701d8a7cf7c1713d",
            "dhcp_options_id": "dopt-0ba05918b87d28880",
            "enable_classiclink": false,
            "enable_classiclink_dns_support": false,
            "enable_dns_hostnames": false,
            "enable_dns_support": true,
            "id": "vpc-0fd227e4815650e4e",
            "instance_tenancy": "default",
            "ipv4_ipam_pool_id": null,
            "ipv4_netmask_length": null,
            "ipv6_association_id": "",
            "ipv6_cidr_block": "",
            "ipv6_cidr_block_network_border_group": "",
            "ipv6_ipam_pool_id": "",
            "ipv6_netmask_length": 0,
            "main_route_table_id": "rtb-00f76646ec53c7ca7",
            "owner_id": "727646505590",
            "tags": {},
            "tags_all": {}
          },
          "sensitive_attributes": [],
          "private": "eyJzY2hlbWFfdmVyc2lvbiI6IjEifQ==",
          "create_before_destroy": true
        }
      ]
    },
    {
      "mode": "managed",
      "type": "tls_private_key",
      "name": "australia",
      "provider": "provider[\"registry.terraform.io/hashicorp/tls\"]",
      "instances": [
        {
          "schema_version": 1,
          "attributes": {
            "algorithm": "RSA",
            "ecdsa_curve": "P224",
            "id": "d7db21b3740bded796264ed0b65d89921bb90280",
            "private_key_openssh": "-----BEGIN OPENSSH PRIVATE KEY-----\nb3BlbnNzaC1rZXktdjEAAAAABG5vbmUAAAAEbm9uZQAAAAAAAAABAAABFwAAAAdz\nc2gtcnNhAAAAAwEAAQAAAQEAq0ZQ+vb8QaMWbx5Dy/VqUq5LhrUbxE4X81Sg29H0\n8bGZAuiFo2/5BWXRLZsNDpT8NwMAlhfZs0o8EyjGdGu1OH/FdiuiNnCAFLVQNLfL\nOnMkSjPEkzUHydYJf6X9zcxJNptoJ+k2TiAvAvDkMnr/QmNMYuJ4DvL/q5mbWUuP\noa9eVgRt2Iu6tSpJBu7esi5mkLKqNQLlcSKWbm6qoLqQZk4jxpEjJab45nykJPU/\n3x3mmUinGN/f/UAlari6DFzZb5d98xFPcTR3z4vmTF+SgAgHyP6a+3DWq5Tig3d9\n2/tyyACdKE4s+SVq13AwVuhwbwxsnFL27smgUnKppikjCwAAA7iBN5lygTeZcgAA\nAAdzc2gtcnNhAAABAQCrRlD69vxBoxZvHkPL9WpSrkuGtRvEThfzVKDb0fTxsZkC\n6IWjb/kFZdEtmw0OlPw3AwCWF9mzSjwTKMZ0a7U4f8V2K6I2cIAUtVA0t8s6cyRK\nM8STNQfJ1gl/pf3NzEk2m2gn6TZOIC8C8OQyev9CY0xi4ngO8v+rmZtZS4+hr15W\nBG3Yi7q1KkkG7t6yLmaQsqo1AuVxIpZubqqgupBmTiPGkSMlpvjmfKQk9T/fHeaZ\nSKcY39/9QCVquLoMXNlvl33zEU9xNHfPi+ZMX5KACAfI/pr7cNarlOKDd33b+3LI\nAJ0oTiz5JWrXcDBW6HBvDGycUvbuyaBScqmmKSMLAAAAAwEAAQAAAQEAoB2NSQCq\nlGX1bA3cDYkxS3g7jQQ0oBDtnQJJmxatqWGBDNH5VPAx2ZT0t3DTBQXMv1TkMGy9\njTnh7XtaA65JbTctjyp9a+1CH5ndEFud9td7Xo8EvyV9UXfxy06Pddv7ubwQ4/bG\nWMUHjfVLL9ICXbrcxzi2SitrTq28J/9WmCwEE0BkY3+dHViYIIpkOUNbVaeDEFTZ\nk7bQfrRrsXxx0BF/OTL5ezPZIXKrt7DUD7g9IVWTiKPuxahWAOkajg3mS+h9BW1a\nJucntjozwDlB0SGObXZljKAFZLdtJ5WKYZ7yL1xnri0+WsuwhMH4WxzuF7XCnFkQ\n8kXOjSfJOYCD+QAAAIEAzthY4x7sAKLHj3dG5efx4B4bv5vWoBc7XQjDBj8r95mB\n6QZ3IQuHjVC4IdQpfRAKudHxQlHsk4thE5xo/wOEcZwEJ1mi2vaxyAsUbAbp6YbJ\n3JijwespfuNLZF6o6cBcxQYXck1nY9Zn0A5A91P2eijqh9VcZX4xTHysuGjSAUUA\nAACBAOI8ESkqA71fBB7X1azVpklPpjWe3fbB0YsVAoLLhbiLGVza/9RiWA8t1bzN\n74KJFZ34eZRlhKBqvUiFvx7sS96ucU7nDENgu+1rHQIeKko8cQYezGzDwJMmPrm3\nL1ybq6oFMC8pLUYlSVkdLlpWCn+R1bBbxdl4UeOKD2xSQXsHAAAAgQDBzxzTBUAY\n3CpHT68QRtMMOyqDFhi5LoxW71p0P5a2nm8KNO1xhLSisN5OCCCNupj81DnIS1uE\nqQQJTUF14/25TNbW/sXEO1pS43uhp2Y7gXIhJ0Yg2cNq6Ghuo/LZJcPECb+7hEDx\nn94Cyr9VreC/d9uy0ivCtK+EHGB9Ep0i3QAAAAAB\n-----END OPENSSH PRIVATE KEY-----\n",
            "private_key_pem": "-----BEGIN RSA PRIVATE KEY-----\nMIIEpQIBAAKCAQEAq0ZQ+vb8QaMWbx5Dy/VqUq5LhrUbxE4X81Sg29H08bGZAuiF\no2/5BWXRLZsNDpT8NwMAlhfZs0o8EyjGdGu1OH/FdiuiNnCAFLVQNLfLOnMkSjPE\nkzUHydYJf6X9zcxJNptoJ+k2TiAvAvDkMnr/QmNMYuJ4DvL/q5mbWUuPoa9eVgRt\n2Iu6tSpJBu7esi5mkLKqNQLlcSKWbm6qoLqQZk4jxpEjJab45nykJPU/3x3mmUin\nGN/f/UAlari6DFzZb5d98xFPcTR3z4vmTF+SgAgHyP6a+3DWq5Tig3d92/tyyACd\nKE4s+SVq13AwVuhwbwxsnFL27smgUnKppikjCwIDAQABAoIBAQCgHY1JAKqUZfVs\nDdwNiTFLeDuNBDSgEO2dAkmbFq2pYYEM0flU8DHZlPS3cNMFBcy/VOQwbL2NOeHt\ne1oDrkltNy2PKn1r7UIfmd0QW53213tejwS/JX1Rd/HLTo912/u5vBDj9sZYxQeN\n9Usv0gJdutzHOLZKK2tOrbwn/1aYLAQTQGRjf50dWJggimQ5Q1tVp4MQVNmTttB+\ntGuxfHHQEX85Mvl7M9khcqu3sNQPuD0hVZOIo+7FqFYA6RqODeZL6H0FbVom5ye2\nOjPAOUHRIY5tdmWMoAVkt20nlYphnvIvXGeuLT5ay7CEwfhbHO4XtcKcWRDyRc6N\nJ8k5gIP5AoGBAOI8ESkqA71fBB7X1azVpklPpjWe3fbB0YsVAoLLhbiLGVza/9Ri\nWA8t1bzN74KJFZ34eZRlhKBqvUiFvx7sS96ucU7nDENgu+1rHQIeKko8cQYezGzD\nwJMmPrm3L1ybq6oFMC8pLUYlSVkdLlpWCn+R1bBbxdl4UeOKD2xSQXsHAoGBAMHP\nHNMFQBjcKkdPrxBG0ww7KoMWGLkujFbvWnQ/lraebwo07XGEtKKw3k4III26mPzU\nOchLW4SpBAlNQXXj/blM1tb+xcQ7WlLje6GnZjuBciEnRiDZw2roaG6j8tklw8QJ\nv7uEQPGf3gLKv1Wt4L9327LSK8K0r4QcYH0SnSLdAoGAJ1+o5O8pA3Zb8zpBN/lf\nHXc9SCvEGcQVwg0ACN9/AGVFHsIGsGIFTW7+ugNlYeSV3I54KnmYoYqyMsMERk99\nzN2zXrYbjkZxrpprzAiP96eZTCVkErHm/DU1yYC2P3ngYJDSmAKknIa0w0uu244J\n+bXZ6P2v629jYSSQFpwiRVUCgYEAhiKAApSJrisCn+RId21tN/PjEmLCrbfHrYtv\nATHZb37rvxaul3iPRGJBGaSKU00oASQo8bUmHASWJJHxklQ/EHZb4uTln1CszN1g\nfZtMKDcI9GUoJihRFbbQQHL76so2WYGdz3xTLmfE0g3cqsHy4NFlnrfTTaicKUUy\nip3NX4kCgYEAzthY4x7sAKLHj3dG5efx4B4bv5vWoBc7XQjDBj8r95mB6QZ3IQuH\njVC4IdQpfRAKudHxQlHsk4thE5xo/wOEcZwEJ1mi2vaxyAsUbAbp6YbJ3Jijwesp\nfuNLZF6o6cBcxQYXck1nY9Zn0A5A91P2eijqh9VcZX4xTHysuGjSAUU=\n-----END RSA PRIVATE KEY-----\n",
            "private_key_pem_pkcs8": "-----BEGIN PRIVATE KEY-----\nMIIEvwIBADANBgkqhkiG9w0BAQEFAASCBKkwggSlAgEAAoIBAQCrRlD69vxBoxZv\nHkPL9WpSrkuGtRvEThfzVKDb0fTxsZkC6IWjb/kFZdEtmw0OlPw3AwCWF9mzSjwT\nKMZ0a7U4f8V2K6I2cIAUtVA0t8s6cyRKM8STNQfJ1gl/pf3NzEk2m2gn6TZOIC8C\n8OQyev9CY0xi4ngO8v+rmZtZS4+hr15WBG3Yi7q1KkkG7t6yLmaQsqo1AuVxIpZu\nbqqgupBmTiPGkSMlpvjmfKQk9T/fHeaZSKcY39/9QCVquLoMXNlvl33zEU9xNHfP\ni+ZMX5KACAfI/pr7cNarlOKDd33b+3LIAJ0oTiz5JWrXcDBW6HBvDGycUvbuyaBS\ncqmmKSMLAgMBAAECggEBAKAdjUkAqpRl9WwN3A2JMUt4O40ENKAQ7Z0CSZsWralh\ngQzR+VTwMdmU9Ldw0wUFzL9U5DBsvY054e17WgOuSW03LY8qfWvtQh+Z3RBbnfbX\ne16PBL8lfVF38ctOj3Xb+7m8EOP2xljFB431Sy/SAl263Mc4tkora06tvCf/Vpgs\nBBNAZGN/nR1YmCCKZDlDW1WngxBU2ZO20H60a7F8cdARfzky+Xsz2SFyq7ew1A+4\nPSFVk4ij7sWoVgDpGo4N5kvofQVtWibnJ7Y6M8A5QdEhjm12ZYygBWS3bSeVimGe\n8i9cZ64tPlrLsITB+Fsc7he1wpxZEPJFzo0nyTmAg/kCgYEA4jwRKSoDvV8EHtfV\nrNWmSU+mNZ7d9sHRixUCgsuFuIsZXNr/1GJYDy3VvM3vgokVnfh5lGWEoGq9SIW/\nHuxL3q5xTucMQ2C77WsdAh4qSjxxBh7MbMPAkyY+ubcvXJurqgUwLyktRiVJWR0u\nWlYKf5HVsFvF2XhR44oPbFJBewcCgYEAwc8c0wVAGNwqR0+vEEbTDDsqgxYYuS6M\nVu9adD+Wtp5vCjTtcYS0orDeTgggjbqY/NQ5yEtbhKkECU1BdeP9uUzW1v7FxDta\nUuN7oadmO4FyISdGINnDauhobqPy2SXDxAm/u4RA8Z/eAsq/Va3gv3fbstIrwrSv\nhBxgfRKdIt0CgYAnX6jk7ykDdlvzOkE3+V8ddz1IK8QZxBXCDQAI338AZUUewgaw\nYgVNbv66A2Vh5JXcjngqeZihirIywwRGT33M3bNethuORnGummvMCI/3p5lMJWQS\nseb8NTXJgLY/eeBgkNKYAqSchrTDS67bjgn5tdno/a/rb2NhJJAWnCJFVQKBgQCG\nIoAClImuKwKf5Eh3bW038+MSYsKtt8eti28BMdlvfuu/Fq6XeI9EYkEZpIpTTSgB\nJCjxtSYcBJYkkfGSVD8Qdlvi5OWfUKzM3WB9m0woNwj0ZSgmKFEVttBAcvvqyjZZ\ngZ3PfFMuZ8TSDdyqwfLg0WWet9NNqJwpRTKKnc1fiQKBgQDO2FjjHuwAosePd0bl\n5/HgHhu/m9agFztdCMMGPyv3mYHpBnchC4eNULgh1Cl9EAq50fFCUeyTi2ETnGj/\nA4RxnAQnWaLa9rHICxRsBunphsncmKPB6yl+40tkXqjpwFzFBhdyTWdj1mfQDkD3\nU/Z6KOqH1VxlfjFMfKy4aNIBRQ==\n-----END PRIVATE KEY-----\n",
            "public_key_fingerprint_md5": "9c:bf:cb:2e:a1:c2:3b:f1:1d:7c:c1:c0:96:a7:e7:36",
            "public_key_fingerprint_sha256": "SHA256:js9zb+iQPJZIpDeWy8IRtyTpkK54UAiRPMewGhLuPuA",
            "public_key_openssh": "ssh-rsa AAAAB3NzaC1yc2EAAAADAQABAAABAQCrRlD69vxBoxZvHkPL9WpSrkuGtRvEThfzVKDb0fTxsZkC6IWjb/kFZdEtmw0OlPw3AwCWF9mzSjwTKMZ0a7U4f8V2K6I2cIAUtVA0t8s6cyRKM8STNQfJ1gl/pf3NzEk2m2gn6TZOIC8C8OQyev9CY0xi4ngO8v+rmZtZS4+hr15WBG3Yi7q1KkkG7t6yLmaQsqo1AuVxIpZubqqgupBmTiPGkSMlpvjmfKQk9T/fHeaZSKcY39/9QCVquLoMXNlvl33zEU9xNHfPi+ZMX5KACAfI/pr7cNarlOKDd33b+3LIAJ0oTiz5JWrXcDBW6HBvDGycUvbuyaBScqmmKSML\n",
            "public_key_pem": "-----BEGIN PUBLIC KEY-----\nMIIBIjANBgkqhkiG9w0BAQEFAAOCAQ8AMIIBCgKCAQEAq0ZQ+vb8QaMWbx5Dy/Vq\nUq5LhrUbxE4X81Sg29H08bGZAuiFo2/5BWXRLZsNDpT8NwMAlhfZs0o8EyjGdGu1\nOH/FdiuiNnCAFLVQNLfLOnMkSjPEkzUHydYJf6X9zcxJNptoJ+k2TiAvAvDkMnr/\nQmNMYuJ4DvL/q5mbWUuPoa9eVgRt2Iu6tSpJBu7esi5mkLKqNQLlcSKWbm6qoLqQ\nZk4jxpEjJab45nykJPU/3x3mmUinGN/f/UAlari6DFzZb5d98xFPcTR3z4vmTF+S\ngAgHyP6a+3DWq5Tig3d92/tyyACdKE4s+SVq13AwVuhwbwxsnFL27smgUnKppikj\nCwIDAQAB\n-----END PUBLIC KEY-----\n",
            "rsa_bits": 2048
          },
          "sensitive_attributes": [
            [
              {
                "type": "get_attr",
                "value": "private_key_pem"
              }
            ],
            [
              {
                "type": "get_attr",
                "value": "private_key_pem_pkcs8"
              }
            ],
            [
              {
                "type": "get_attr",
                "value": "private_key_openssh"
              }
            ]
          ],
          "create_before_destroy": true
        }
      ]
    },
    {
      "mode": "managed",
      "type": "tls_private_key",
      "name": "california",
      "provider": "provider[\"registry.terraform.io/hashicorp/tls\"]",
      "instances": [
        {
          "schema_version": 1,
          "attributes": {
            "algorithm": "RSA",
            "ecdsa_curve": "P224",
            "id": "681bc27647ecdd419a1c8195dd67de7fb05395c7",
            "private_key_openssh": "-----BEGIN OPENSSH PRIVATE KEY-----\nb3BlbnNzaC1rZXktdjEAAAAABG5vbmUAAAAEbm9uZQAAAAAAAAABAAABFwAAAAdz\nc2gtcnNhAAAAAwEAAQAAAQEAw3qNf/6p2je4HcfeO10QKRMU9c+y9orHZ8aqPNVr\n6avD57hYtSvtzR3BU3jePfCNCP8cbxAW+7hlxwQu73ftnaNbiYHHEHtm4fF8xysh\n6HWYa76Sa1nmhAeJvwG8KG0AUtglQOzXRoWnTH0RLLziJjTU3QSQFYAB/JppBPZu\n+AMmuou631RWBSt0CO3/GQ32srHlv1ZInisC7XY4q3jFDRowZO+3edRAv0cbCtw8\nPJ4LFOgg3S/BttLhHMfWXLQbnufuwPo7u9djrBOo41Nxa6Y/a6SXY7C8g0j6v3OU\nzuT+LrHQLb9ahCz7u7JxvVgoicDkSyt7zz5BTJ84zR8A/QAAA7i4M4RluDOEZQAA\nAAdzc2gtcnNhAAABAQDDeo1//qnaN7gdx947XRApExT1z7L2isdnxqo81Wvpq8Pn\nuFi1K+3NHcFTeN498I0I/xxvEBb7uGXHBC7vd+2do1uJgccQe2bh8XzHKyHodZhr\nvpJrWeaEB4m/AbwobQBS2CVA7NdGhadMfREsvOImNNTdBJAVgAH8mmkE9m74Aya6\ni7rfVFYFK3QI7f8ZDfayseW/VkieKwLtdjireMUNGjBk77d51EC/RxsK3Dw8ngsU\n6CDdL8G20uEcx9ZctBue5+7A+ju712OsE6jjU3Frpj9rpJdjsLyDSPq/c5TO5P4u\nsdAtv1qELPu7snG9WCiJwORLK3vPPkFMnzjNHwD9AAAAAwEAAQAAAQBi8ugpgClO\nUqIaQQ/XENabVBNqEkbO0ZT6jO+jd4z2bYHvC7uriZ8IEyXHMQmeZOOfSDOGbKiV\nptOuGAoCIbzf7M7rHgw75ZtAh9LXppe1acFL2N2ZBZrP/ljVnPU3qWVeihbhdIHM\nKt9ysmQ9Nydqm5ecgTDGEVPwH+FFJ9EoLNw9RqhGhCEr4V/6NCK30ht1OOVVpJAf\nVtVO0By+hfKSosX0UoCeKWD63eekzYH9WGbaZzp2og34VebT4oOHrR9zsw+toLOd\nszqA4qVX95EtVuzhQ3orvSM8kSr61vAFXgF8czO38z83mF4BwzE5LKGuOsX4pk9c\nxsExcsM5TjKpAAAAgG4kqQ+Odb7rz/sXHxU9uJ35emUYysCJl84mpO3CoA5duV01\nhP3nuR6rgI1diJYrhdDey8J/THQTh2OrdSelUOzyNwD07KwFmNor6gupi47LvDAH\ncwQtg3wBBLosQG8EFotfQ7vlI4dny07gf2EjmEowi8nO6WqbACf9dcOR0QOmAAAA\ngQDHmEeq5taOAoSNwhjFvzaBC8fKyRWxgTASswxhSps79vxHrNrAk27476Y+ifJh\noLc1LXpD28dSj0JAaRrsUmnKM0mTn9f+/bp3JfcrDf6ASQs3hu3LunxHSAwnvqT8\nIJOygENF1JEYrSrzOlm7knklNWReB6wED1qcdOCLhQ8HYwAAAIEA+rh9xdFZIOS0\nyn/IXE8MDEpysJ57MbLZqH6mj6sM2NQE3vTbR/vhJKapCYyebEgjvFboG4defX1Q\n5IjxxM/97XcFKka2SKt6V82basiHucRpmEJs112lgLdmMLOXrSjA5AJa+BbK5qaQ\nhVkZ9zfORrTtUpSVtS7bbvJKkDwPNB8AAAAAAQID\n-----END OPENSSH PRIVATE KEY-----\n",
            "private_key_pem": "-----BEGIN RSA PRIVATE KEY-----\nMIIEpAIBAAKCAQEAw3qNf/6p2je4HcfeO10QKRMU9c+y9orHZ8aqPNVr6avD57hY\ntSvtzR3BU3jePfCNCP8cbxAW+7hlxwQu73ftnaNbiYHHEHtm4fF8xysh6HWYa76S\na1nmhAeJvwG8KG0AUtglQOzXRoWnTH0RLLziJjTU3QSQFYAB/JppBPZu+AMmuou6\n31RWBSt0CO3/GQ32srHlv1ZInisC7XY4q3jFDRowZO+3edRAv0cbCtw8PJ4LFOgg\n3S/BttLhHMfWXLQbnufuwPo7u9djrBOo41Nxa6Y/a6SXY7C8g0j6v3OUzuT+LrHQ\nLb9ahCz7u7JxvVgoicDkSyt7zz5BTJ84zR8A/QIDAQABAoIBAGLy6CmAKU5SohpB\nD9cQ1ptUE2oSRs7RlPqM76N3jPZtge8Lu6uJnwgTJccxCZ5k459IM4ZsqJWm064Y\nCgIhvN/szuseDDvlm0CH0teml7VpwUvY3ZkFms/+WNWc9TepZV6KFuF0gcwq33Ky\nZD03J2qbl5yBMMYRU/Af4UUn0Sgs3D1GqEaEISvhX/o0IrfSG3U45VWkkB9W1U7Q\nHL6F8pKixfRSgJ4pYPrd56TNgf1YZtpnOnaiDfhV5tPig4etH3OzD62gs52zOoDi\npVf3kS1W7OFDeiu9IzyRKvrW8AVeAXxzM7fzPzeYXgHDMTksoa46xfimT1zGwTFy\nwzlOMqkCgYEAx5hHqubWjgKEjcIYxb82gQvHyskVsYEwErMMYUqbO/b8R6zawJNu\n+O+mPonyYaC3NS16Q9vHUo9CQGka7FJpyjNJk5/X/v26dyX3Kw3+gEkLN4bty7p8\nR0gMJ76k/CCTsoBDRdSRGK0q8zpZu5J5JTVkXgesBA9anHTgi4UPB2MCgYEA+rh9\nxdFZIOS0yn/IXE8MDEpysJ57MbLZqH6mj6sM2NQE3vTbR/vhJKapCYyebEgjvFbo\nG4defX1Q5IjxxM/97XcFKka2SKt6V82basiHucRpmEJs112lgLdmMLOXrSjA5AJa\n+BbK5qaQhVkZ9zfORrTtUpSVtS7bbvJKkDwPNB8CgYEAg/8MHlSsvZuip9Ed6uDK\nncr5pP0Y0Jvb+/HXFRxuzthG/Ouuez7FW/G44pD971yG7K8XtXrKNaoyKUCZIoJa\nHfOPDAbgpGyN/S/pZtrJXXNw7JbZ+ipo+AcIqtwkZezxYFH8q1ipYEVdKx+Cqk5y\nuY22w4yVUNYKmX+d5Abp6nsCgYEAh59i0a4T83oj3eJPhLdxwfhHoAiqhVDE8qNI\nADE76tKNq/lx4Ld8q3HHwJWjYNmJEylDtxh74Y/3QRhfB+Km7lxSm/LSSe8QaAyd\nhJ7i5Hc905IjBEDw9PbAPZn4cz+3T9+CS+8wZKI3TRrMs/EpERBvzBr5/J9TLem8\nsdb7NmsCgYBuJKkPjnW+68/7Fx8VPbid+XplGMrAiZfOJqTtwqAOXbldNYT957ke\nq4CNXYiWK4XQ3svCf0x0E4djq3UnpVDs8jcA9OysBZjaK+oLqYuOy7wwB3MELYN8\nAQS6LEBvBBaLX0O75SOHZ8tO4H9hI5hKMIvJzulqmwAn/XXDkdEDpg==\n-----END RSA PRIVATE KEY-----\n",
            "private_key_pem_pkcs8": "-----BEGIN PRIVATE KEY-----\nMIIEvgIBADANBgkqhkiG9w0BAQEFAASCBKgwggSkAgEAAoIBAQDDeo1//qnaN7gd\nx947XRApExT1z7L2isdnxqo81Wvpq8PnuFi1K+3NHcFTeN498I0I/xxvEBb7uGXH\nBC7vd+2do1uJgccQe2bh8XzHKyHodZhrvpJrWeaEB4m/AbwobQBS2CVA7NdGhadM\nfREsvOImNNTdBJAVgAH8mmkE9m74Aya6i7rfVFYFK3QI7f8ZDfayseW/VkieKwLt\ndjireMUNGjBk77d51EC/RxsK3Dw8ngsU6CDdL8G20uEcx9ZctBue5+7A+ju712Os\nE6jjU3Frpj9rpJdjsLyDSPq/c5TO5P4usdAtv1qELPu7snG9WCiJwORLK3vPPkFM\nnzjNHwD9AgMBAAECggEAYvLoKYApTlKiGkEP1xDWm1QTahJGztGU+ozvo3eM9m2B\n7wu7q4mfCBMlxzEJnmTjn0gzhmyolabTrhgKAiG83+zO6x4MO+WbQIfS16aXtWnB\nS9jdmQWaz/5Y1Zz1N6llXooW4XSBzCrfcrJkPTcnapuXnIEwxhFT8B/hRSfRKCzc\nPUaoRoQhK+Ff+jQit9IbdTjlVaSQH1bVTtAcvoXykqLF9FKAnilg+t3npM2B/Vhm\n2mc6dqIN+FXm0+KDh60fc7MPraCznbM6gOKlV/eRLVbs4UN6K70jPJEq+tbwBV4B\nfHMzt/M/N5heAcMxOSyhrjrF+KZPXMbBMXLDOU4yqQKBgQDHmEeq5taOAoSNwhjF\nvzaBC8fKyRWxgTASswxhSps79vxHrNrAk27476Y+ifJhoLc1LXpD28dSj0JAaRrs\nUmnKM0mTn9f+/bp3JfcrDf6ASQs3hu3LunxHSAwnvqT8IJOygENF1JEYrSrzOlm7\nknklNWReB6wED1qcdOCLhQ8HYwKBgQD6uH3F0Vkg5LTKf8hcTwwMSnKwnnsxstmo\nfqaPqwzY1ATe9NtH++EkpqkJjJ5sSCO8Vugbh159fVDkiPHEz/3tdwUqRrZIq3pX\nzZtqyIe5xGmYQmzXXaWAt2Yws5etKMDkAlr4FsrmppCFWRn3N85GtO1SlJW1Lttu\n8kqQPA80HwKBgQCD/wweVKy9m6Kn0R3q4Mqdyvmk/RjQm9v78dcVHG7O2Eb86657\nPsVb8bjikP3vXIbsrxe1eso1qjIpQJkiglod848MBuCkbI39L+lm2sldc3Dsltn6\nKmj4Bwiq3CRl7PFgUfyrWKlgRV0rH4KqTnK5jbbDjJVQ1gqZf53kBunqewKBgQCH\nn2LRrhPzeiPd4k+Et3HB+EegCKqFUMTyo0gAMTvq0o2r+XHgt3yrccfAlaNg2YkT\nKUO3GHvhj/dBGF8H4qbuXFKb8tJJ7xBoDJ2EnuLkdz3TkiMEQPD09sA9mfhzP7dP\n34JL7zBkojdNGsyz8SkREG/MGvn8n1Mt6byx1vs2awKBgG4kqQ+Odb7rz/sXHxU9\nuJ35emUYysCJl84mpO3CoA5duV01hP3nuR6rgI1diJYrhdDey8J/THQTh2OrdSel\nUOzyNwD07KwFmNor6gupi47LvDAHcwQtg3wBBLosQG8EFotfQ7vlI4dny07gf2Ej\nmEowi8nO6WqbACf9dcOR0QOm\n-----END PRIVATE KEY-----\n",
            "public_key_fingerprint_md5": "a9:38:e0:ac:78:40:64:cc:6f:a4:d0:c8:e5:d7:44:ff",
            "public_key_fingerprint_sha256": "SHA256:KbkbFYieiEaOra0qBKOYAgLnK1u26dEDqGdR39oKJI0",
            "public_key_openssh": "ssh-rsa AAAAB3NzaC1yc2EAAAADAQABAAABAQDDeo1//qnaN7gdx947XRApExT1z7L2isdnxqo81Wvpq8PnuFi1K+3NHcFTeN498I0I/xxvEBb7uGXHBC7vd+2do1uJgccQe2bh8XzHKyHodZhrvpJrWeaEB4m/AbwobQBS2CVA7NdGhadMfREsvOImNNTdBJAVgAH8mmkE9m74Aya6i7rfVFYFK3QI7f8ZDfayseW/VkieKwLtdjireMUNGjBk77d51EC/RxsK3Dw8ngsU6CDdL8G20uEcx9ZctBue5+7A+ju712OsE6jjU3Frpj9rpJdjsLyDSPq/c5TO5P4usdAtv1qELPu7snG9WCiJwORLK3vPPkFMnzjNHwD9\n",
            "public_key_pem": "-----BEGIN PUBLIC KEY-----\nMIIBIjANBgkqhkiG9w0BAQEFAAOCAQ8AMIIBCgKCAQEAw3qNf/6p2je4HcfeO10Q\nKRMU9c+y9orHZ8aqPNVr6avD57hYtSvtzR3BU3jePfCNCP8cbxAW+7hlxwQu73ft\nnaNbiYHHEHtm4fF8xysh6HWYa76Sa1nmhAeJvwG8KG0AUtglQOzXRoWnTH0RLLzi\nJjTU3QSQFYAB/JppBPZu+AMmuou631RWBSt0CO3/GQ32srHlv1ZInisC7XY4q3jF\nDRowZO+3edRAv0cbCtw8PJ4LFOgg3S/BttLhHMfWXLQbnufuwPo7u9djrBOo41Nx\na6Y/a6SXY7C8g0j6v3OUzuT+LrHQLb9ahCz7u7JxvVgoicDkSyt7zz5BTJ84zR8A\n/QIDAQAB\n-----END PUBLIC KEY-----\n",
            "rsa_bits": 2048
          },
          "sensitive_attributes": [
            [
              {
                "type": "get_attr",
                "value": "private_key_pem"
              }
            ],
            [
              {
                "type": "get_attr",
                "value": "private_key_openssh"
              }
            ],
            [
              {
                "type": "get_attr",
                "value": "private_key_pem_pkcs8"
              }
            ]
          ],
          "create_before_destroy": true
        }
      ]
    },
    {
      "mode": "managed",
      "type": "tls_private_key",
      "name": "hong-kong",
      "provider": "provider[\"registry.terraform.io/hashicorp/tls\"]",
      "instances": [
        {
          "schema_version": 1,
          "attributes": {
            "algorithm": "RSA",
            "ecdsa_curve": "P224",
            "id": "8da48662e460d345b209c89cb20f3d376cfa7e6d",
            "private_key_openssh": "-----BEGIN OPENSSH PRIVATE KEY-----\nb3BlbnNzaC1rZXktdjEAAAAABG5vbmUAAAAEbm9uZQAAAAAAAAABAAABFwAAAAdz\nc2gtcnNhAAAAAwEAAQAAAQEAvi/fobpspzqzZCwLbJ0xpXZQVv+U/XRDEfuTLxPx\nWdJbsGC589kMJtWqdlO24XR+3wSPyx8B0YU5NbBvLJ545DEW+zKPVH5gVnVk7M7k\noP1FevvJKsTUacXal7k2Gu24/ZNQZW3pv3OqTAkzAgJHO14Q1hyXsOg0UAMjZEHX\nLFBV9qkF9LjGmnKCwVPHU2k+DDW+BNECChxgXqwPOsC99GHcWlRhUpKpjqziKtZs\nsknzfKitNVMu5OE48xxIXsSPZbj+IMWhvnsRGeFh1jUdR+AN1E8SUfuWojQiqwqG\nxX0Jsa3oJsD+2NSeLc0HNlYgURU9Z0kr4WS4C3uiWcNRtwAAA7irqG4Bq6huAQAA\nAAdzc2gtcnNhAAABAQC+L9+humynOrNkLAtsnTGldlBW/5T9dEMR+5MvE/FZ0luw\nYLnz2Qwm1ap2U7bhdH7fBI/LHwHRhTk1sG8snnjkMRb7Mo9UfmBWdWTszuSg/UV6\n+8kqxNRpxdqXuTYa7bj9k1Blbem/c6pMCTMCAkc7XhDWHJew6DRQAyNkQdcsUFX2\nqQX0uMaacoLBU8dTaT4MNb4E0QIKHGBerA86wL30YdxaVGFSkqmOrOIq1myySfN8\nqK01Uy7k4TjzHEhexI9luP4gxaG+exEZ4WHWNR1H4A3UTxJR+5aiNCKrCobFfQmx\nregmwP7Y1J4tzQc2ViBRFT1nSSvhZLgLe6JZw1G3AAAAAwEAAQAAAQB6b/mJdanj\nUvAQSiakquI+QlfgWjPBo6pWFl6fzTfwenNarjqoWI/xJFbUTHqM1GGlE5u6yWBz\nUVAOV2KLGA594XiJCPirDZzZrEPoDB214rdrQFM2vHZ/Dcf3K15AodAZN1BnrAXy\nofT9dGKpJWxUNO+j1850LlkXNZ4AOj7bIFSyAA0nG31rSqFIF0FMknX2XCq38rky\nA+rDl7AIJFV/eAe7zpo4aeMfBWP8ROkoRRyI3mFE0x6Oz+ujC6g2vLk4WkgtrQqL\ncc3CqPYqtKQsOEwZm4Y/Lk8YDoU/kRbdpGllmhBY0P+bWjV6e7TODyiiMrKI6xPF\no3g7MuMxBaqJAAAAgGF2aGmqGO7jHKnf/nR9RwA7Vzb1ZOSZj3NsOkbRhitRywHl\nIImaR64Z6I1GLapsnOOEwKTXAzv9V9DGOdHpuBWUIhRZpDKHEkBz0jqKGY/L/nLi\nnh66iaf+S5/3xjrusB4oNEn3FNvsTDxQEpX2jQETJzq42DUVTxo/YfRMT4N8AAAA\ngQDW0qsGhiiHp3+g2mwyw87kCxHDFN6Cdzbq3TvwDMVq3VaPMPuumLX/5f+lp9lr\nDC2WH3jS1SgZUjPlvznbZgZLmhz2j1VNgCQ8TFMu+meSQ/xKwoVwol3m3/1eanVy\nfPfhjKheSqriQecf+3yECjydmvgKQSD5iF/xryC4FXrLwwAAAIEA4qRTDAocFW3w\nivwSRRgT7oqe1mEIiP+ag0atGQvXy2y7+lVEo2rRbzEOWVdTf4Vkdi5I2EZnGNZ3\nyyRbB9oaHGwESvGJbGuNm9S9wgbV9zVNPv1Ubgo9KreduHZaDPFsaagqN72t50PV\nGh/vOmRtAmJ1GnfcNqOnwKjAi7ijJv0AAAAAAQID\n-----END OPENSSH PRIVATE KEY-----\n",
            "private_key_pem": "-----BEGIN RSA PRIVATE KEY-----\nMIIEogIBAAKCAQEAvi/fobpspzqzZCwLbJ0xpXZQVv+U/XRDEfuTLxPxWdJbsGC5\n89kMJtWqdlO24XR+3wSPyx8B0YU5NbBvLJ545DEW+zKPVH5gVnVk7M7koP1FevvJ\nKsTUacXal7k2Gu24/ZNQZW3pv3OqTAkzAgJHO14Q1hyXsOg0UAMjZEHXLFBV9qkF\n9LjGmnKCwVPHU2k+DDW+BNECChxgXqwPOsC99GHcWlRhUpKpjqziKtZssknzfKit\nNVMu5OE48xxIXsSPZbj+IMWhvnsRGeFh1jUdR+AN1E8SUfuWojQiqwqGxX0Jsa3o\nJsD+2NSeLc0HNlYgURU9Z0kr4WS4C3uiWcNRtwIDAQABAoIBAHpv+Yl1qeNS8BBK\nJqSq4j5CV+BaM8GjqlYWXp/NN/B6c1quOqhYj/EkVtRMeozUYaUTm7rJYHNRUA5X\nYosYDn3heIkI+KsNnNmsQ+gMHbXit2tAUza8dn8Nx/crXkCh0Bk3UGesBfKh9P10\nYqklbFQ076PXznQuWRc1ngA6PtsgVLIADScbfWtKoUgXQUySdfZcKrfyuTID6sOX\nsAgkVX94B7vOmjhp4x8FY/xE6ShFHIjeYUTTHo7P66MLqDa8uThaSC2tCotxzcKo\n9iq0pCw4TBmbhj8uTxgOhT+RFt2kaWWaEFjQ/5taNXp7tM4PKKIysojrE8WjeDsy\n4zEFqokCgYEA1tKrBoYoh6d/oNpsMsPO5AsRwxTegnc26t078AzFat1WjzD7rpi1\n/+X/pafZawwtlh940tUoGVIz5b8522YGS5oc9o9VTYAkPExTLvpnkkP8SsKFcKJd\n5t/9Xmp1cnz34YyoXkqq4kHnH/t8hAo8nZr4CkEg+Yhf8a8guBV6y8MCgYEA4qRT\nDAocFW3wivwSRRgT7oqe1mEIiP+ag0atGQvXy2y7+lVEo2rRbzEOWVdTf4Vkdi5I\n2EZnGNZ3yyRbB9oaHGwESvGJbGuNm9S9wgbV9zVNPv1Ubgo9KreduHZaDPFsaagq\nN72t50PVGh/vOmRtAmJ1GnfcNqOnwKjAi7ijJv0CgYAsFmw3GI102bFdx7Xw7TKm\npobsrHnF+MVyihjk+RoDBo3fMURV3s1rST6gNsRuLb+lUawwSMLD/5TbD9XF6zhb\nh7Nt/piZITVOkrN3rrhW0lES3r0YEpqG6W1MVTjpWDBfP8jGITjU2oWekLRLPPaX\nudgx8o/b5lsadMCYRwA+lQKBgErbV4qsdCYnz8E4DJjBoSOyqU/JcNY/BjvBxj51\niOrpmRTPwQHwsAf3vfOIQk3mMw5Nr0WvyzGK9Lol4eMwCFvG2YwfRvKGe5kypRJG\ny7kA4+igJ5jIzPck+nUIsimAO/yRzI/omF3AK8ybK5qvvMmC14bMe/GYEDo0ApSj\ngU/JAoGAYXZoaaoY7uMcqd/+dH1HADtXNvVk5JmPc2w6RtGGK1HLAeUgiZpHrhno\njUYtqmyc44TApNcDO/1X0MY50em4FZQiFFmkMocSQHPSOooZj8v+cuKeHrqJp/5L\nn/fGOu6wHig0SfcU2+xMPFASlfaNARMnOrjYNRVPGj9h9ExPg3w=\n-----END RSA PRIVATE KEY-----\n",
            "private_key_pem_pkcs8": "-----BEGIN PRIVATE KEY-----\nMIIEvAIBADANBgkqhkiG9w0BAQEFAASCBKYwggSiAgEAAoIBAQC+L9+humynOrNk\nLAtsnTGldlBW/5T9dEMR+5MvE/FZ0luwYLnz2Qwm1ap2U7bhdH7fBI/LHwHRhTk1\nsG8snnjkMRb7Mo9UfmBWdWTszuSg/UV6+8kqxNRpxdqXuTYa7bj9k1Blbem/c6pM\nCTMCAkc7XhDWHJew6DRQAyNkQdcsUFX2qQX0uMaacoLBU8dTaT4MNb4E0QIKHGBe\nrA86wL30YdxaVGFSkqmOrOIq1myySfN8qK01Uy7k4TjzHEhexI9luP4gxaG+exEZ\n4WHWNR1H4A3UTxJR+5aiNCKrCobFfQmxregmwP7Y1J4tzQc2ViBRFT1nSSvhZLgL\ne6JZw1G3AgMBAAECggEAem/5iXWp41LwEEompKriPkJX4FozwaOqVhZen8038Hpz\nWq46qFiP8SRW1Ex6jNRhpRObuslgc1FQDldiixgOfeF4iQj4qw2c2axD6AwdteK3\na0BTNrx2fw3H9yteQKHQGTdQZ6wF8qH0/XRiqSVsVDTvo9fOdC5ZFzWeADo+2yBU\nsgANJxt9a0qhSBdBTJJ19lwqt/K5MgPqw5ewCCRVf3gHu86aOGnjHwVj/ETpKEUc\niN5hRNMejs/rowuoNry5OFpILa0Ki3HNwqj2KrSkLDhMGZuGPy5PGA6FP5EW3aRp\nZZoQWND/m1o1enu0zg8oojKyiOsTxaN4OzLjMQWqiQKBgQDW0qsGhiiHp3+g2mwy\nw87kCxHDFN6Cdzbq3TvwDMVq3VaPMPuumLX/5f+lp9lrDC2WH3jS1SgZUjPlvznb\nZgZLmhz2j1VNgCQ8TFMu+meSQ/xKwoVwol3m3/1eanVyfPfhjKheSqriQecf+3yE\nCjydmvgKQSD5iF/xryC4FXrLwwKBgQDipFMMChwVbfCK/BJFGBPuip7WYQiI/5qD\nRq0ZC9fLbLv6VUSjatFvMQ5ZV1N/hWR2LkjYRmcY1nfLJFsH2hocbARK8Ylsa42b\n1L3CBtX3NU0+/VRuCj0qt524dloM8WxpqCo3va3nQ9UaH+86ZG0CYnUad9w2o6fA\nqMCLuKMm/QKBgCwWbDcYjXTZsV3HtfDtMqamhuysecX4xXKKGOT5GgMGjd8xRFXe\nzWtJPqA2xG4tv6VRrDBIwsP/lNsP1cXrOFuHs23+mJkhNU6Ss3euuFbSURLevRgS\nmobpbUxVOOlYMF8/yMYhONTahZ6QtEs89pe52DHyj9vmWxp0wJhHAD6VAoGASttX\niqx0JifPwTgMmMGhI7KpT8lw1j8GO8HGPnWI6umZFM/BAfCwB/e984hCTeYzDk2v\nRa/LMYr0uiXh4zAIW8bZjB9G8oZ7mTKlEkbLuQDj6KAnmMjM9yT6dQiyKYA7/JHM\nj+iYXcArzJsrmq+8yYLXhsx78ZgQOjQClKOBT8kCgYBhdmhpqhju4xyp3/50fUcA\nO1c29WTkmY9zbDpG0YYrUcsB5SCJmkeuGeiNRi2qbJzjhMCk1wM7/VfQxjnR6bgV\nlCIUWaQyhxJAc9I6ihmPy/5y4p4euomn/kuf98Y67rAeKDRJ9xTb7Ew8UBKV9o0B\nEyc6uNg1FU8aP2H0TE+DfA==\n-----END PRIVATE KEY-----\n",
            "public_key_fingerprint_md5": "11:73:d2:ee:5e:b9:09:85:cd:7e:5b:da:b1:98:37:72",
            "public_key_fingerprint_sha256": "SHA256:DMApKvuWeuQjF0MqtpEcKoItU/qEUVaAz1YOl7d12y0",
            "public_key_openssh": "ssh-rsa AAAAB3NzaC1yc2EAAAADAQABAAABAQC+L9+humynOrNkLAtsnTGldlBW/5T9dEMR+5MvE/FZ0luwYLnz2Qwm1ap2U7bhdH7fBI/LHwHRhTk1sG8snnjkMRb7Mo9UfmBWdWTszuSg/UV6+8kqxNRpxdqXuTYa7bj9k1Blbem/c6pMCTMCAkc7XhDWHJew6DRQAyNkQdcsUFX2qQX0uMaacoLBU8dTaT4MNb4E0QIKHGBerA86wL30YdxaVGFSkqmOrOIq1myySfN8qK01Uy7k4TjzHEhexI9luP4gxaG+exEZ4WHWNR1H4A3UTxJR+5aiNCKrCobFfQmxregmwP7Y1J4tzQc2ViBRFT1nSSvhZLgLe6JZw1G3\n",
            "public_key_pem": "-----BEGIN PUBLIC KEY-----\nMIIBIjANBgkqhkiG9w0BAQEFAAOCAQ8AMIIBCgKCAQEAvi/fobpspzqzZCwLbJ0x\npXZQVv+U/XRDEfuTLxPxWdJbsGC589kMJtWqdlO24XR+3wSPyx8B0YU5NbBvLJ54\n5DEW+zKPVH5gVnVk7M7koP1FevvJKsTUacXal7k2Gu24/ZNQZW3pv3OqTAkzAgJH\nO14Q1hyXsOg0UAMjZEHXLFBV9qkF9LjGmnKCwVPHU2k+DDW+BNECChxgXqwPOsC9\n9GHcWlRhUpKpjqziKtZssknzfKitNVMu5OE48xxIXsSPZbj+IMWhvnsRGeFh1jUd\nR+AN1E8SUfuWojQiqwqGxX0Jsa3oJsD+2NSeLc0HNlYgURU9Z0kr4WS4C3uiWcNR\ntwIDAQAB\n-----END PUBLIC KEY-----\n",
            "rsa_bits": 2048
          },
          "sensitive_attributes": [
            [
              {
                "type": "get_attr",
                "value": "private_key_openssh"
              }
            ],
            [
              {
                "type": "get_attr",
                "value": "private_key_pem"
              }
            ],
            [
              {
                "type": "get_attr",
                "value": "private_key_pem_pkcs8"
              }
            ]
          ],
          "create_before_destroy": true
        }
      ]
    },
    {
      "mode": "managed",
      "type": "tls_private_key",
      "name": "london",
      "provider": "provider[\"registry.terraform.io/hashicorp/tls\"]",
      "instances": [
        {
          "schema_version": 1,
          "attributes": {
            "algorithm": "RSA",
            "ecdsa_curve": "P224",
            "id": "94ec164cb26824eba15693ee1f209f586525999e",
            "private_key_openssh": "-----BEGIN OPENSSH PRIVATE KEY-----\nb3BlbnNzaC1rZXktdjEAAAAABG5vbmUAAAAEbm9uZQAAAAAAAAABAAABFwAAAAdz\nc2gtcnNhAAAAAwEAAQAAAQEA0ZYYNSVecP9B2NsRZbbqskkBoeRCfodjxj179X/U\nW0Cd2jxFZTQPmfFC4+hILTw+WXzntdTfvlAnWPR3nRbztMAOcDguO3USFm9LccSk\nZmSnu/Vk9n4jjG7lqNtGks8q75LjCol2Ii7Vh5A2d98hfVAbPvB/oGcnXmQxJYMt\nLdnVytStFEI50yLus552XgAcgfu2+AlYdOGfo1NEfSHuBXtr0X99Nn989g9Jh/Zs\nXwhoySp94nUD5WQ1Q4hvXx5QiYltZqREy/5peu5XZow0AicNpNSmeRhT/SKEpNBO\nS+ovOprdG9nxLaiiPo+XDUpvde9UxZwmOSb+9F7qOFWvPwAAA7ifNL0TnzS9EwAA\nAAdzc2gtcnNhAAABAQDRlhg1JV5w/0HY2xFltuqySQGh5EJ+h2PGPXv1f9RbQJ3a\nPEVlNA+Z8ULj6EgtPD5ZfOe11N++UCdY9HedFvO0wA5wOC47dRIWb0txxKRmZKe7\n9WT2fiOMbuWo20aSzyrvkuMKiXYiLtWHkDZ33yF9UBs+8H+gZydeZDElgy0t2dXK\n1K0UQjnTIu6znnZeAByB+7b4CVh04Z+jU0R9Ie4Fe2vRf302f3z2D0mH9mxfCGjJ\nKn3idQPlZDVDiG9fHlCJiW1mpETL/ml67ldmjDQCJw2k1KZ5GFP9IoSk0E5L6i86\nmt0b2fEtqKI+j5cNSm9171TFnCY5Jv70Xuo4Va8/AAAAAwEAAQAAAQBewZuEO7bt\nI5rjrne5IvANVxCT3x1pE1E6yYWHwxmBgD9d8a32SYlcMkXpwJURTpFp6BziirH1\n20tO3ohNz5izebmNZvkQDKf22K6layBg4tUrF5FkGDd+QI04wJqxuVRSKHjZxLhS\nUBZeSgc2Pv1nKJaI6DbrkHeuJ2JI8Xu1pFtqI58JNlrs7hgiBWpuPpcRXig7o3+5\nPq80Azo9L/anCWujDJMm5iTTTNZlgWE9r3wf93YNS/Y7w4WWz+5gJwUuGMjuJqbL\nI2zPi4l17gJ7nrQKU+xn6mFN1iFf9qtlHaMCOEsDo+UglLzVIMED/RbAGEnIMEWq\nW65iFSrRu9wxAAAAgQCPakyxF915r6C67w/ndbcf0cqgFL2+HdOvWm0JmKC60LGI\nfiw2qpQiRx1wKyjp0kWJLe7wpE5wdUYjpFMkj/ygex02UvTmi34MlnGGGcdDPUrQ\n6hY08is+qURI3w5QPX1yjcXcMlDcp7F1L7sok7dGyQHqybVMT/kC3EuITvkwxgAA\nAIEA8iNyskB2Vhb3gkcu+F2ka7Syo7ySE0yFwx2mMS/u0QzbSvbreZGh9oZn6Zd5\najqBwyH7neUvTObJXs0NYmL5Wz6QU+oG5McA9aHjOLSsEIiyEAQHkkvGY6ZdFmW4\nkP7CnCeDT1LAPvQmeGWkslaLWyjs55fnSqsTPD2W7nSDDSMAAACBAN2Vl8dlPuKn\nD+wV62bQmvU2gj13QZrKMqDDPX9mem2f5Kd1k3Wkrmw+qyT15hj6M5W1ZAKYHckJ\nedbFXfVltjfCL8OQSGKLTc3QtinuaURyjVdESRJ8KTMocvGbR63a6LWnFQU06xpv\nVg2hb4yQMb3W/zI7qwbV3PFWPi/JXR01AAAAAAEC\n-----END OPENSSH PRIVATE KEY-----\n",
            "private_key_pem": "-----BEGIN RSA PRIVATE KEY-----\nMIIEpAIBAAKCAQEA0ZYYNSVecP9B2NsRZbbqskkBoeRCfodjxj179X/UW0Cd2jxF\nZTQPmfFC4+hILTw+WXzntdTfvlAnWPR3nRbztMAOcDguO3USFm9LccSkZmSnu/Vk\n9n4jjG7lqNtGks8q75LjCol2Ii7Vh5A2d98hfVAbPvB/oGcnXmQxJYMtLdnVytSt\nFEI50yLus552XgAcgfu2+AlYdOGfo1NEfSHuBXtr0X99Nn989g9Jh/ZsXwhoySp9\n4nUD5WQ1Q4hvXx5QiYltZqREy/5peu5XZow0AicNpNSmeRhT/SKEpNBOS+ovOprd\nG9nxLaiiPo+XDUpvde9UxZwmOSb+9F7qOFWvPwIDAQABAoIBAF7Bm4Q7tu0jmuOu\nd7ki8A1XEJPfHWkTUTrJhYfDGYGAP13xrfZJiVwyRenAlRFOkWnoHOKKsfXbS07e\niE3PmLN5uY1m+RAMp/bYrqVrIGDi1SsXkWQYN35AjTjAmrG5VFIoeNnEuFJQFl5K\nBzY+/WcolojoNuuQd64nYkjxe7WkW2ojnwk2WuzuGCIFam4+lxFeKDujf7k+rzQD\nOj0v9qcJa6MMkybmJNNM1mWBYT2vfB/3dg1L9jvDhZbP7mAnBS4YyO4mpssjbM+L\niXXuAnuetApT7GfqYU3WIV/2q2UdowI4SwOj5SCUvNUgwQP9FsAYScgwRapbrmIV\nKtG73DECgYEA8iNyskB2Vhb3gkcu+F2ka7Syo7ySE0yFwx2mMS/u0QzbSvbreZGh\n9oZn6Zd5ajqBwyH7neUvTObJXs0NYmL5Wz6QU+oG5McA9aHjOLSsEIiyEAQHkkvG\nY6ZdFmW4kP7CnCeDT1LAPvQmeGWkslaLWyjs55fnSqsTPD2W7nSDDSMCgYEA3ZWX\nx2U+4qcP7BXrZtCa9TaCPXdBmsoyoMM9f2Z6bZ/kp3WTdaSubD6rJPXmGPozlbVk\nApgdyQl51sVd9WW2N8Ivw5BIYotNzdC2Ke5pRHKNV0RJEnwpMyhy8ZtHrdrotacV\nBTTrGm9WDaFvjJAxvdb/MjurBtXc8VY+L8ldHTUCgYEA7A6Y26QyeX1McIqbBPCt\nwX7ZBP1qXzwjz3MROTSkmtLw2uVb7RmID0E6/qR4bpJ5PNXdajIraco4mJ5JJRie\nRlD4/YXSkKhdjBn13attb3UEOs7i3sHWuAFREOu8AkcLTJbM0cE3wGffNVLKPD5Y\n/1cnliQmDUo4p2rXwMJ/nIcCgYA2LZVm04KEuIRUHSfpg6ffvOwrSzVnO3kVhadL\ntyrIEwg9Sao8YX+kR85gwx73jHWAbVF+sOLXfNGliaxni+75wykaj/Si45yqbhWc\nOwbSDZAxfii/tEv+ji1MlcL450Vu5ONm2oGBfSd1PbugisEewaq0BZLToQbcm1Gp\nLXru4QKBgQCPakyxF915r6C67w/ndbcf0cqgFL2+HdOvWm0JmKC60LGIfiw2qpQi\nRx1wKyjp0kWJLe7wpE5wdUYjpFMkj/ygex02UvTmi34MlnGGGcdDPUrQ6hY08is+\nqURI3w5QPX1yjcXcMlDcp7F1L7sok7dGyQHqybVMT/kC3EuITvkwxg==\n-----END RSA PRIVATE KEY-----\n",
            "private_key_pem_pkcs8": "-----BEGIN PRIVATE KEY-----\nMIIEvgIBADANBgkqhkiG9w0BAQEFAASCBKgwggSkAgEAAoIBAQDRlhg1JV5w/0HY\n2xFltuqySQGh5EJ+h2PGPXv1f9RbQJ3aPEVlNA+Z8ULj6EgtPD5ZfOe11N++UCdY\n9HedFvO0wA5wOC47dRIWb0txxKRmZKe79WT2fiOMbuWo20aSzyrvkuMKiXYiLtWH\nkDZ33yF9UBs+8H+gZydeZDElgy0t2dXK1K0UQjnTIu6znnZeAByB+7b4CVh04Z+j\nU0R9Ie4Fe2vRf302f3z2D0mH9mxfCGjJKn3idQPlZDVDiG9fHlCJiW1mpETL/ml6\n7ldmjDQCJw2k1KZ5GFP9IoSk0E5L6i86mt0b2fEtqKI+j5cNSm9171TFnCY5Jv70\nXuo4Va8/AgMBAAECggEAXsGbhDu27SOa4653uSLwDVcQk98daRNROsmFh8MZgYA/\nXfGt9kmJXDJF6cCVEU6Raegc4oqx9dtLTt6ITc+Ys3m5jWb5EAyn9tiupWsgYOLV\nKxeRZBg3fkCNOMCasblUUih42cS4UlAWXkoHNj79ZyiWiOg265B3ridiSPF7taRb\naiOfCTZa7O4YIgVqbj6XEV4oO6N/uT6vNAM6PS/2pwlrowyTJuYk00zWZYFhPa98\nH/d2DUv2O8OFls/uYCcFLhjI7iamyyNsz4uJde4Ce560ClPsZ+phTdYhX/arZR2j\nAjhLA6PlIJS81SDBA/0WwBhJyDBFqluuYhUq0bvcMQKBgQDyI3KyQHZWFveCRy74\nXaRrtLKjvJITTIXDHaYxL+7RDNtK9ut5kaH2hmfpl3lqOoHDIfud5S9M5slezQ1i\nYvlbPpBT6gbkxwD1oeM4tKwQiLIQBAeSS8Zjpl0WZbiQ/sKcJ4NPUsA+9CZ4ZaSy\nVotbKOznl+dKqxM8PZbudIMNIwKBgQDdlZfHZT7ipw/sFetm0Jr1NoI9d0GayjKg\nwz1/Znptn+SndZN1pK5sPqsk9eYY+jOVtWQCmB3JCXnWxV31ZbY3wi/DkEhii03N\n0LYp7mlEco1XREkSfCkzKHLxm0et2ui1pxUFNOsab1YNoW+MkDG91v8yO6sG1dzx\nVj4vyV0dNQKBgQDsDpjbpDJ5fUxwipsE8K3BftkE/WpfPCPPcxE5NKSa0vDa5Vvt\nGYgPQTr+pHhuknk81d1qMitpyjiYnkklGJ5GUPj9hdKQqF2MGfXdq21vdQQ6zuLe\nwda4AVEQ67wCRwtMlszRwTfAZ981Uso8Plj/VyeWJCYNSjinatfAwn+chwKBgDYt\nlWbTgoS4hFQdJ+mDp9+87CtLNWc7eRWFp0u3KsgTCD1Jqjxhf6RHzmDDHveMdYBt\nUX6w4td80aWJrGeL7vnDKRqP9KLjnKpuFZw7BtINkDF+KL+0S/6OLUyVwvjnRW7k\n42bagYF9J3U9u6CKwR7BqrQFktOhBtybUakteu7hAoGBAI9qTLEX3XmvoLrvD+d1\ntx/RyqAUvb4d069abQmYoLrQsYh+LDaqlCJHHXArKOnSRYkt7vCkTnB1RiOkUySP\n/KB7HTZS9OaLfgyWcYYZx0M9StDqFjTyKz6pREjfDlA9fXKNxdwyUNynsXUvuyiT\nt0bJAerJtUxP+QLcS4hO+TDG\n-----END PRIVATE KEY-----\n",
            "public_key_fingerprint_md5": "e7:cc:e2:78:09:13:3d:79:ac:92:16:c6:a8:67:98:4e",
            "public_key_fingerprint_sha256": "SHA256:sFuE1kYjsNCGvX1q2rdSXXf0+0UZlB7e5p/Ok0mQjb0",
            "public_key_openssh": "ssh-rsa AAAAB3NzaC1yc2EAAAADAQABAAABAQDRlhg1JV5w/0HY2xFltuqySQGh5EJ+h2PGPXv1f9RbQJ3aPEVlNA+Z8ULj6EgtPD5ZfOe11N++UCdY9HedFvO0wA5wOC47dRIWb0txxKRmZKe79WT2fiOMbuWo20aSzyrvkuMKiXYiLtWHkDZ33yF9UBs+8H+gZydeZDElgy0t2dXK1K0UQjnTIu6znnZeAByB+7b4CVh04Z+jU0R9Ie4Fe2vRf302f3z2D0mH9mxfCGjJKn3idQPlZDVDiG9fHlCJiW1mpETL/ml67ldmjDQCJw2k1KZ5GFP9IoSk0E5L6i86mt0b2fEtqKI+j5cNSm9171TFnCY5Jv70Xuo4Va8/\n",
            "public_key_pem": "-----BEGIN PUBLIC KEY-----\nMIIBIjANBgkqhkiG9w0BAQEFAAOCAQ8AMIIBCgKCAQEA0ZYYNSVecP9B2NsRZbbq\nskkBoeRCfodjxj179X/UW0Cd2jxFZTQPmfFC4+hILTw+WXzntdTfvlAnWPR3nRbz\ntMAOcDguO3USFm9LccSkZmSnu/Vk9n4jjG7lqNtGks8q75LjCol2Ii7Vh5A2d98h\nfVAbPvB/oGcnXmQxJYMtLdnVytStFEI50yLus552XgAcgfu2+AlYdOGfo1NEfSHu\nBXtr0X99Nn989g9Jh/ZsXwhoySp94nUD5WQ1Q4hvXx5QiYltZqREy/5peu5XZow0\nAicNpNSmeRhT/SKEpNBOS+ovOprdG9nxLaiiPo+XDUpvde9UxZwmOSb+9F7qOFWv\nPwIDAQAB\n-----END PUBLIC KEY-----\n",
            "rsa_bits": 2048
          },
          "sensitive_attributes": [
            [
              {
                "type": "get_attr",
                "value": "private_key_pem"
              }
            ],
            [
              {
                "type": "get_attr",
                "value": "private_key_openssh"
              }
            ],
            [
              {
                "type": "get_attr",
                "value": "private_key_pem_pkcs8"
              }
            ]
          ],
          "create_before_destroy": true
        }
      ]
    },
    {
      "mode": "managed",
      "type": "tls_private_key",
      "name": "new_york",
      "provider": "provider[\"registry.terraform.io/hashicorp/tls\"]",
      "instances": [
        {
          "schema_version": 1,
          "attributes": {
            "algorithm": "RSA",
            "ecdsa_curve": "P224",
            "id": "09a08e1e7ceba26d431cd331f5bc685edce268b2",
            "private_key_openssh": "-----BEGIN OPENSSH PRIVATE KEY-----\nb3BlbnNzaC1rZXktdjEAAAAABG5vbmUAAAAEbm9uZQAAAAAAAAABAAABFwAAAAdz\nc2gtcnNhAAAAAwEAAQAAAQEA0BxWqHv3roGc/YWMPTrk/duZNBmloZzuotRr33Ng\nTENAelMgYQV064BJZMXqb8XCAFNcL1Ktpnb8kCPB1W2bpsUb9X3z4+kL2Fv+ebxR\nKRr/NvB5jI9An//MyYgvoqJlCJCHOoZuNghqK9qnKo0oAwrHR+/wbkNLPoDzJzr6\nvZzmohOMuwvc/Dz6N1u4uvn4L5rVnaM3+3utsIjrbeHw136gKp/ZpKNkRtnNuPji\ndmLszuEscfd9lokPR25ZYKHWFk0ZFNX5E5V8jb2ytj0vXyDYuTeZZR+r6w4L28CK\nb24bfzhAKEFwoJLuL4ZfvjtgHvnN8qurhaC32ImHUL7A2QAAA7joMnp66DJ6egAA\nAAdzc2gtcnNhAAABAQDQHFaoe/eugZz9hYw9OuT925k0GaWhnO6i1Gvfc2BMQ0B6\nUyBhBXTrgElkxepvxcIAU1wvUq2mdvyQI8HVbZumxRv1ffPj6QvYW/55vFEpGv82\n8HmMj0Cf/8zJiC+iomUIkIc6hm42CGor2qcqjSgDCsdH7/BuQ0s+gPMnOvq9nOai\nE4y7C9z8PPo3W7i6+fgvmtWdozf7e62wiOtt4fDXfqAqn9mko2RG2c24+OJ2YuzO\n4Sxx932WiQ9HbllgodYWTRkU1fkTlXyNvbK2PS9fINi5N5llH6vrDgvbwIpvbht/\nOEAoQXCgku4vhl++O2Ae+c3yq6uFoLfYiYdQvsDZAAAAAwEAAQAAAQAUFBfcS5Ga\n+ZBe+WqNYchEIdLHLw5G6HAxr5L0zRnmYbqv0qNWGQOt0QPDwECdJhRQmbpUKoLs\ng6Bce8aww9F3pp7K8ar9OzfUWRPVRPEDqUIkV9EyWYPfq/tjGkuWQlrDF8akQ+IQ\nPoGX15G3TkUk/f46F5E34jA5SJGtIEie0H7Op6iK9fyZKNiPKyU4ssReFJvhn7OO\n0FnsMCpq+2Nm73f1yVWPZD6BJ7Zox3H8aaYZI2cJtO1KP9aiV/Ks4/J+r4vQ7i1b\nV8SWZ7Nm+NRQhDmEg1TeOIeVbtl5+r818Tp1aJpVTzXbto7cnUzkLxzSdsu6DaJl\n3LOLOMqjGMCtAAAAgQDAsTHDrBHkZSeKjGm6zz9fWoyMXw60ecnAvD0fZtEhINWA\nWnyaKm9c5ovqQEPcbQdt7IyT/+e1A6m/5vnTT0pEBroY5bPNJErnO8Sn7WKjbm+I\n+dkrzcJHAE5VHxu3+qPqy94VhxQZ5gAmXEVa1aiCr/SrRwSNfA0EXwQZxneutQAA\nAIEA+9WMVWlK8ec/pSF+Q2qawYYib4dRtgacQIox1EggJ+tWe+KunVsbEuXwKdfq\nwYv/cbzy1bVdwjD7Lzjh8xpeBc4yal75XTqnXay3VH69r96HLXnWelTs1kL6dgnc\nGTzbh/i+SWDwXQsNsFO2OU2rq6fdgL4+gT6Gykra30jDczsAAACBANONogKzlukX\nmm8JfOvTeDtdWwG10GMLRAwpSsxcn/ZquYkArE/5nm2U+GUlCffJU05Cag9vOyd9\nehTs9geU5/kl5BXkiy11Xgeh5M/gmnNsVbrtPLU/gwwnWbZrP5yIBehmpqwVWpWN\nAFb0I6eS70t1d08SxFsqg2vBP87xnfL7AAAAAAEC\n-----END OPENSSH PRIVATE KEY-----\n",
            "private_key_pem": "-----BEGIN RSA PRIVATE KEY-----\nMIIEowIBAAKCAQEA0BxWqHv3roGc/YWMPTrk/duZNBmloZzuotRr33NgTENAelMg\nYQV064BJZMXqb8XCAFNcL1Ktpnb8kCPB1W2bpsUb9X3z4+kL2Fv+ebxRKRr/NvB5\njI9An//MyYgvoqJlCJCHOoZuNghqK9qnKo0oAwrHR+/wbkNLPoDzJzr6vZzmohOM\nuwvc/Dz6N1u4uvn4L5rVnaM3+3utsIjrbeHw136gKp/ZpKNkRtnNuPjidmLszuEs\ncfd9lokPR25ZYKHWFk0ZFNX5E5V8jb2ytj0vXyDYuTeZZR+r6w4L28CKb24bfzhA\nKEFwoJLuL4ZfvjtgHvnN8qurhaC32ImHUL7A2QIDAQABAoIBABQUF9xLkZr5kF75\nao1hyEQh0scvDkbocDGvkvTNGeZhuq/So1YZA63RA8PAQJ0mFFCZulQqguyDoFx7\nxrDD0Xemnsrxqv07N9RZE9VE8QOpQiRX0TJZg9+r+2MaS5ZCWsMXxqRD4hA+gZfX\nkbdORST9/joXkTfiMDlIka0gSJ7Qfs6nqIr1/Jko2I8rJTiyxF4Um+Gfs47QWeww\nKmr7Y2bvd/XJVY9kPoEntmjHcfxpphkjZwm07Uo/1qJX8qzj8n6vi9DuLVtXxJZn\ns2b41FCEOYSDVN44h5Vu2Xn6vzXxOnVomlVPNdu2jtydTOQvHNJ2y7oNomXcs4s4\nyqMYwK0CgYEA+9WMVWlK8ec/pSF+Q2qawYYib4dRtgacQIox1EggJ+tWe+KunVsb\nEuXwKdfqwYv/cbzy1bVdwjD7Lzjh8xpeBc4yal75XTqnXay3VH69r96HLXnWelTs\n1kL6dgncGTzbh/i+SWDwXQsNsFO2OU2rq6fdgL4+gT6Gykra30jDczsCgYEA042i\nArOW6Reabwl869N4O11bAbXQYwtEDClKzFyf9mq5iQCsT/mebZT4ZSUJ98lTTkJq\nD287J316FOz2B5Tn+SXkFeSLLXVeB6Hkz+Cac2xVuu08tT+DDCdZtms/nIgF6Gam\nrBValY0AVvQjp5LvS3V3TxLEWyqDa8E/zvGd8vsCgYBZaAhJbndICIRk+M4d2yQU\nHq3tEIqm6BPjKezk47Je2cM7ek/p16V2ASJRiLF0g2JuG9nOm3Qs9DzJGBXHvA2z\nW/A0KYG4YpF2xVHU8qYfYQ52y7GkfrASpXbMH1X/s8ZwsJPF81+CeOEkP6QLFhMj\nfxY5ldEVC4DJIugvq2KQbwKBgCW94uVwfL/hAiBFJRA9jfmpUg8gDKle3Sj+ROXo\nsHEZ4Tfb8uHhuq36IcaJsRmPxVj06E8QnREShbEuBUac/jWo2OQ+/cWCZuAdteCQ\nRX3KGhFbObVsO0jzzEGLKLIYYlVv2tRgiuSbXzAkJihDQoXH0x08T+Oj1gZnV6bn\n3DH5AoGBAMCxMcOsEeRlJ4qMabrPP19ajIxfDrR5ycC8PR9m0SEg1YBafJoqb1zm\ni+pAQ9xtB23sjJP/57UDqb/m+dNPSkQGuhjls80kSuc7xKftYqNub4j52SvNwkcA\nTlUfG7f6o+rL3hWHFBnmACZcRVrVqIKv9KtHBI18DQRfBBnGd661\n-----END RSA PRIVATE KEY-----\n",
            "private_key_pem_pkcs8": "-----BEGIN PRIVATE KEY-----\nMIIEvQIBADANBgkqhkiG9w0BAQEFAASCBKcwggSjAgEAAoIBAQDQHFaoe/eugZz9\nhYw9OuT925k0GaWhnO6i1Gvfc2BMQ0B6UyBhBXTrgElkxepvxcIAU1wvUq2mdvyQ\nI8HVbZumxRv1ffPj6QvYW/55vFEpGv828HmMj0Cf/8zJiC+iomUIkIc6hm42CGor\n2qcqjSgDCsdH7/BuQ0s+gPMnOvq9nOaiE4y7C9z8PPo3W7i6+fgvmtWdozf7e62w\niOtt4fDXfqAqn9mko2RG2c24+OJ2YuzO4Sxx932WiQ9HbllgodYWTRkU1fkTlXyN\nvbK2PS9fINi5N5llH6vrDgvbwIpvbht/OEAoQXCgku4vhl++O2Ae+c3yq6uFoLfY\niYdQvsDZAgMBAAECggEAFBQX3EuRmvmQXvlqjWHIRCHSxy8ORuhwMa+S9M0Z5mG6\nr9KjVhkDrdEDw8BAnSYUUJm6VCqC7IOgXHvGsMPRd6aeyvGq/Ts31FkT1UTxA6lC\nJFfRMlmD36v7YxpLlkJawxfGpEPiED6Bl9eRt05FJP3+OheRN+IwOUiRrSBIntB+\nzqeoivX8mSjYjyslOLLEXhSb4Z+zjtBZ7DAqavtjZu939clVj2Q+gSe2aMdx/Gmm\nGSNnCbTtSj/WolfyrOPyfq+L0O4tW1fElmezZvjUUIQ5hINU3jiHlW7Zefq/NfE6\ndWiaVU8127aO3J1M5C8c0nbLug2iZdyzizjKoxjArQKBgQD71YxVaUrx5z+lIX5D\naprBhiJvh1G2BpxAijHUSCAn61Z74q6dWxsS5fAp1+rBi/9xvPLVtV3CMPsvOOHz\nGl4FzjJqXvldOqddrLdUfr2v3octedZ6VOzWQvp2CdwZPNuH+L5JYPBdCw2wU7Y5\nTaurp92Avj6BPobKStrfSMNzOwKBgQDTjaICs5bpF5pvCXzr03g7XVsBtdBjC0QM\nKUrMXJ/2armJAKxP+Z5tlPhlJQn3yVNOQmoPbzsnfXoU7PYHlOf5JeQV5IstdV4H\noeTP4JpzbFW67Ty1P4MMJ1m2az+ciAXoZqasFVqVjQBW9COnku9LdXdPEsRbKoNr\nwT/O8Z3y+wKBgFloCElud0gIhGT4zh3bJBQere0QiqboE+Mp7OTjsl7Zwzt6T+nX\npXYBIlGIsXSDYm4b2c6bdCz0PMkYFce8DbNb8DQpgbhikXbFUdTyph9hDnbLsaR+\nsBKldswfVf+zxnCwk8XzX4J44SQ/pAsWEyN/FjmV0RULgMki6C+rYpBvAoGAJb3i\n5XB8v+ECIEUlED2N+alSDyAMqV7dKP5E5eiwcRnhN9vy4eG6rfohxomxGY/FWPTo\nTxCdERKFsS4FRpz+NajY5D79xYJm4B214JBFfcoaEVs5tWw7SPPMQYsoshhiVW/a\n1GCK5JtfMCQmKENChcfTHTxP46PWBmdXpufcMfkCgYEAwLExw6wR5GUnioxpus8/\nX1qMjF8OtHnJwLw9H2bRISDVgFp8mipvXOaL6kBD3G0HbeyMk//ntQOpv+b5009K\nRAa6GOWzzSRK5zvEp+1io25viPnZK83CRwBOVR8bt/qj6sveFYcUGeYAJlxFWtWo\ngq/0q0cEjXwNBF8EGcZ3rrU=\n-----END PRIVATE KEY-----\n",
            "public_key_fingerprint_md5": "c2:c5:f4:47:94:2f:bc:63:f5:b1:b6:e0:33:47:79:f3",
            "public_key_fingerprint_sha256": "SHA256:VOGGt1G9JUMGQPjbwACpbWqEPO0Q7tNn4Vtc7u2J4Qo",
            "public_key_openssh": "ssh-rsa AAAAB3NzaC1yc2EAAAADAQABAAABAQDQHFaoe/eugZz9hYw9OuT925k0GaWhnO6i1Gvfc2BMQ0B6UyBhBXTrgElkxepvxcIAU1wvUq2mdvyQI8HVbZumxRv1ffPj6QvYW/55vFEpGv828HmMj0Cf/8zJiC+iomUIkIc6hm42CGor2qcqjSgDCsdH7/BuQ0s+gPMnOvq9nOaiE4y7C9z8PPo3W7i6+fgvmtWdozf7e62wiOtt4fDXfqAqn9mko2RG2c24+OJ2YuzO4Sxx932WiQ9HbllgodYWTRkU1fkTlXyNvbK2PS9fINi5N5llH6vrDgvbwIpvbht/OEAoQXCgku4vhl++O2Ae+c3yq6uFoLfYiYdQvsDZ\n",
            "public_key_pem": "-----BEGIN PUBLIC KEY-----\nMIIBIjANBgkqhkiG9w0BAQEFAAOCAQ8AMIIBCgKCAQEA0BxWqHv3roGc/YWMPTrk\n/duZNBmloZzuotRr33NgTENAelMgYQV064BJZMXqb8XCAFNcL1Ktpnb8kCPB1W2b\npsUb9X3z4+kL2Fv+ebxRKRr/NvB5jI9An//MyYgvoqJlCJCHOoZuNghqK9qnKo0o\nAwrHR+/wbkNLPoDzJzr6vZzmohOMuwvc/Dz6N1u4uvn4L5rVnaM3+3utsIjrbeHw\n136gKp/ZpKNkRtnNuPjidmLszuEscfd9lokPR25ZYKHWFk0ZFNX5E5V8jb2ytj0v\nXyDYuTeZZR+r6w4L28CKb24bfzhAKEFwoJLuL4ZfvjtgHvnN8qurhaC32ImHUL7A\n2QIDAQAB\n-----END PUBLIC KEY-----\n",
            "rsa_bits": 2048
          },
          "sensitive_attributes": [
            [
              {
                "type": "get_attr",
                "value": "private_key_pem_pkcs8"
              }
            ],
            [
              {
                "type": "get_attr",
                "value": "private_key_openssh"
              }
            ],
            [
              {
                "type": "get_attr",
                "value": "private_key_pem"
              }
            ]
          ]
        }
      ]
    },
    {
      "mode": "managed",
      "type": "tls_private_key",
      "name": "sao-paulo",
      "provider": "provider[\"registry.terraform.io/hashicorp/tls\"]",
      "instances": [
        {
          "schema_version": 1,
          "attributes": {
            "algorithm": "RSA",
            "ecdsa_curve": "P224",
            "id": "4ed6cc42c5b24dc10047edde774d1a105513e306",
            "private_key_openssh": "-----BEGIN OPENSSH PRIVATE KEY-----\nb3BlbnNzaC1rZXktdjEAAAAABG5vbmUAAAAEbm9uZQAAAAAAAAABAAABFwAAAAdz\nc2gtcnNhAAAAAwEAAQAAAQEA1wIILT4Y74x151VDkwdRf/Gr2IeDQ6DGMgSELNlD\ne+9QRTL9lCH28aaTPEsSBRmBGvh4ElWtC8mRIkxqR2BubXrYUmaCL9YdpSDJKgbE\nXkY4A1UwT+NkA8/yZpgPWfX2+0ZcqXS4Kq+G8UPa7C4iwaKQgEqMJ+sbCwZoV4Zq\nCpSvwOE35iM5dpz3tpbxGVTgycQRAWxBSsHy4DlGU/Yt2htFbdRO11aBW5L/Quzo\n7TMybgpryogo9UQxMWug9dneDsn1/rjwnjcrfyIZADnJWnDpKtttd4EIRdbQcitT\nGwc4U5U+bcjSzOoO+1Q1CqdsHR3B+xFXSB2nfL3ZRc1ZqQAAA7g+49tKPuPbSgAA\nAAdzc2gtcnNhAAABAQDXAggtPhjvjHXnVUOTB1F/8avYh4NDoMYyBIQs2UN771BF\nMv2UIfbxppM8SxIFGYEa+HgSVa0LyZEiTGpHYG5tethSZoIv1h2lIMkqBsReRjgD\nVTBP42QDz/JmmA9Z9fb7RlypdLgqr4bxQ9rsLiLBopCASown6xsLBmhXhmoKlK/A\n4TfmIzl2nPe2lvEZVODJxBEBbEFKwfLgOUZT9i3aG0Vt1E7XVoFbkv9C7OjtMzJu\nCmvKiCj1RDExa6D12d4OyfX+uPCeNyt/IhkAOclacOkq2213gQhF1tByK1MbBzhT\nlT5tyNLM6g77VDUKp2wdHcH7EVdIHad8vdlFzVmpAAAAAwEAAQAAAQEAuGzWxLAK\nRZgvHkJF110krGGJLQ94Kc9Dkm3LTokCWNF7AhBt8N19a+SdUM934oXw90h//gId\nkAnTAx+W3ii6MBB6c5vYOd4oyZao1vK9B7ylmT4+VZhQFvENFLGEIX9Y3kqJexVS\nT9MGJfc1Vvdv+rZNyq2nMSp6pOdXIxR56x3yRrrBr0SXSLY0UMhf36VT6miYMymr\nBRSLSmY3f8E/s+EfKuAvrXWcx/uY300WbFzYCi7yKYXk9jlIkMzSa0StSszi4bCA\n1CdI94xmBy5TtWV4dHjhX+R0KDrbSpiP+OriKQlKGU4/ucj8AWYbKaDG+ohmjuCS\n60yJNLwj5inaXQAAAIAJhMFt6QN0+V3S1wtd7W7F50G6OXTVnD/1KnYMJk4bu7Cw\n4yHFki4v90Yn5T8P46glVnYPG4xhFiv7sfQSdLToeInmNaoRxIFjb7L9eyJUONwb\nSXME5yWo0AlTuS0rz3+tFDjUeHmXV0WsOZDz/JYXv3DXbDWRDRdrHgNbL6U6PwAA\nAIEA48mNMTG7ex5tnGvWh0OrxeVQaYAwS7a5F0YhjN0ThCIzOqdMH8sxDTYkKWnc\nSmuutIHBWCBgKeJZrORVTa8NGWch5YRjmWgsN3pnP9FlhUy2w7JRkZjG3Ukph/8y\nLmLZbPPo+WGLjaoG5pCTGWYytCbPXENz9Jbv9Kw03m8WbssAAACBAPGjSPeitkBD\nOJCHFWxoUcarGy6bmPyHWpX1bcfkNDjW1Bh5SniDZ1f336H18jtgz1WJ2h0jqOcW\ndTsdQonebEt8ZdQlA3HZQ8babAyA1Jb0c7FmcbSX4d1LKf/gGZ1yZ2ybQ4huCKGA\n9/YUnITfIj+awa4WVz3155HrkyevQXbbAAAAAAEC\n-----END OPENSSH PRIVATE KEY-----\n",
            "private_key_pem": "-----BEGIN RSA PRIVATE KEY-----\nMIIEpAIBAAKCAQEA1wIILT4Y74x151VDkwdRf/Gr2IeDQ6DGMgSELNlDe+9QRTL9\nlCH28aaTPEsSBRmBGvh4ElWtC8mRIkxqR2BubXrYUmaCL9YdpSDJKgbEXkY4A1Uw\nT+NkA8/yZpgPWfX2+0ZcqXS4Kq+G8UPa7C4iwaKQgEqMJ+sbCwZoV4ZqCpSvwOE3\n5iM5dpz3tpbxGVTgycQRAWxBSsHy4DlGU/Yt2htFbdRO11aBW5L/Quzo7TMybgpr\nyogo9UQxMWug9dneDsn1/rjwnjcrfyIZADnJWnDpKtttd4EIRdbQcitTGwc4U5U+\nbcjSzOoO+1Q1CqdsHR3B+xFXSB2nfL3ZRc1ZqQIDAQABAoIBAQC4bNbEsApFmC8e\nQkXXXSSsYYktD3gpz0OSbctOiQJY0XsCEG3w3X1r5J1Qz3fihfD3SH/+Ah2QCdMD\nH5beKLowEHpzm9g53ijJlqjW8r0HvKWZPj5VmFAW8Q0UsYQhf1jeSol7FVJP0wYl\n9zVW92/6tk3KracxKnqk51cjFHnrHfJGusGvRJdItjRQyF/fpVPqaJgzKasFFItK\nZjd/wT+z4R8q4C+tdZzH+5jfTRZsXNgKLvIpheT2OUiQzNJrRK1KzOLhsIDUJ0j3\njGYHLlO1ZXh0eOFf5HQoOttKmI/46uIpCUoZTj+5yPwBZhspoMb6iGaO4JLrTIk0\nvCPmKdpdAoGBAOPJjTExu3sebZxr1odDq8XlUGmAMEu2uRdGIYzdE4QiMzqnTB/L\nMQ02JClp3EprrrSBwVggYCniWazkVU2vDRlnIeWEY5loLDd6Zz/RZYVMtsOyUZGY\nxt1JKYf/Mi5i2Wzz6Plhi42qBuaQkxlmMrQmz1xDc/SW7/SsNN5vFm7LAoGBAPGj\nSPeitkBDOJCHFWxoUcarGy6bmPyHWpX1bcfkNDjW1Bh5SniDZ1f336H18jtgz1WJ\n2h0jqOcWdTsdQonebEt8ZdQlA3HZQ8babAyA1Jb0c7FmcbSX4d1LKf/gGZ1yZ2yb\nQ4huCKGA9/YUnITfIj+awa4WVz3155HrkyevQXbbAoGBAM6IiwqVyyXA2yW+6U7P\n3smaOCTQY/nifURLBFSShwWBdO2zjuQs+ha+hl8+aszXghqMo9/hyw9u+lw209mR\n5NCpoCRYu2329FCBHWjR1bjda8FYx3i6C2XM1mlGzBse6YFOTmj/NueFyKf5Ykbf\nUQ3jOpSvXE3jJUK1eWJNWwutAoGASVXXJWD6kxJTrnlw5Q/cEcGIZGLQ0YN62Jw+\nDzaRKtb4U90r3ttyl94gvxTXyXGeO0W1LrbN4iSMu74rnZAlqds9RF9fZkQcL9PG\nixzmaFIUcri2taqK4BCZ1JB89a3s+ac9ncBXWjy8BLFIt4LI8CjVszIQlDt3Zm/q\nn1avNZUCgYAJhMFt6QN0+V3S1wtd7W7F50G6OXTVnD/1KnYMJk4bu7Cw4yHFki4v\n90Yn5T8P46glVnYPG4xhFiv7sfQSdLToeInmNaoRxIFjb7L9eyJUONwbSXME5yWo\n0AlTuS0rz3+tFDjUeHmXV0WsOZDz/JYXv3DXbDWRDRdrHgNbL6U6Pw==\n-----END RSA PRIVATE KEY-----\n",
            "private_key_pem_pkcs8": "-----BEGIN PRIVATE KEY-----\nMIIEvgIBADANBgkqhkiG9w0BAQEFAASCBKgwggSkAgEAAoIBAQDXAggtPhjvjHXn\nVUOTB1F/8avYh4NDoMYyBIQs2UN771BFMv2UIfbxppM8SxIFGYEa+HgSVa0LyZEi\nTGpHYG5tethSZoIv1h2lIMkqBsReRjgDVTBP42QDz/JmmA9Z9fb7RlypdLgqr4bx\nQ9rsLiLBopCASown6xsLBmhXhmoKlK/A4TfmIzl2nPe2lvEZVODJxBEBbEFKwfLg\nOUZT9i3aG0Vt1E7XVoFbkv9C7OjtMzJuCmvKiCj1RDExa6D12d4OyfX+uPCeNyt/\nIhkAOclacOkq2213gQhF1tByK1MbBzhTlT5tyNLM6g77VDUKp2wdHcH7EVdIHad8\nvdlFzVmpAgMBAAECggEBALhs1sSwCkWYLx5CRdddJKxhiS0PeCnPQ5Jty06JAljR\newIQbfDdfWvknVDPd+KF8PdIf/4CHZAJ0wMflt4oujAQenOb2DneKMmWqNbyvQe8\npZk+PlWYUBbxDRSxhCF/WN5KiXsVUk/TBiX3NVb3b/q2TcqtpzEqeqTnVyMUeesd\n8ka6wa9El0i2NFDIX9+lU+pomDMpqwUUi0pmN3/BP7PhHyrgL611nMf7mN9NFmxc\n2Aou8imF5PY5SJDM0mtErUrM4uGwgNQnSPeMZgcuU7VleHR44V/kdCg620qYj/jq\n4ikJShlOP7nI/AFmGymgxvqIZo7gkutMiTS8I+Yp2l0CgYEA48mNMTG7ex5tnGvW\nh0OrxeVQaYAwS7a5F0YhjN0ThCIzOqdMH8sxDTYkKWncSmuutIHBWCBgKeJZrORV\nTa8NGWch5YRjmWgsN3pnP9FlhUy2w7JRkZjG3Ukph/8yLmLZbPPo+WGLjaoG5pCT\nGWYytCbPXENz9Jbv9Kw03m8WbssCgYEA8aNI96K2QEM4kIcVbGhRxqsbLpuY/Ida\nlfVtx+Q0ONbUGHlKeINnV/ffofXyO2DPVYnaHSOo5xZ1Ox1Cid5sS3xl1CUDcdlD\nxtpsDIDUlvRzsWZxtJfh3Usp/+AZnXJnbJtDiG4IoYD39hSchN8iP5rBrhZXPfXn\nkeuTJ69BdtsCgYEAzoiLCpXLJcDbJb7pTs/eyZo4JNBj+eJ9REsEVJKHBYF07bOO\n5Cz6Fr6GXz5qzNeCGoyj3+HLD276XDbT2ZHk0KmgJFi7bfb0UIEdaNHVuN1rwVjH\neLoLZczWaUbMGx7pgU5OaP8254XIp/liRt9RDeM6lK9cTeMlQrV5Yk1bC60CgYBJ\nVdclYPqTElOueXDlD9wRwYhkYtDRg3rYnD4PNpEq1vhT3Sve23KX3iC/FNfJcZ47\nRbUuts3iJIy7viudkCWp2z1EX19mRBwv08aLHOZoUhRyuLa1qorgEJnUkHz1rez5\npz2dwFdaPLwEsUi3gsjwKNWzMhCUO3dmb+qfVq81lQKBgAmEwW3pA3T5XdLXC13t\nbsXnQbo5dNWcP/UqdgwmThu7sLDjIcWSLi/3RiflPw/jqCVWdg8bjGEWK/ux9BJ0\ntOh4ieY1qhHEgWNvsv17IlQ43BtJcwTnJajQCVO5LSvPf60UONR4eZdXRaw5kPP8\nlhe/cNdsNZENF2seA1svpTo/\n-----END PRIVATE KEY-----\n",
            "public_key_fingerprint_md5": "02:37:3e:b8:53:c1:3c:92:5d:2d:2f:3e:6b:05:2a:8f",
            "public_key_fingerprint_sha256": "SHA256:6fvTnPn9/NJM2PjYBrk4A4JbrFXIIv9yJuRXgfgzC58",
            "public_key_openssh": "ssh-rsa AAAAB3NzaC1yc2EAAAADAQABAAABAQDXAggtPhjvjHXnVUOTB1F/8avYh4NDoMYyBIQs2UN771BFMv2UIfbxppM8SxIFGYEa+HgSVa0LyZEiTGpHYG5tethSZoIv1h2lIMkqBsReRjgDVTBP42QDz/JmmA9Z9fb7RlypdLgqr4bxQ9rsLiLBopCASown6xsLBmhXhmoKlK/A4TfmIzl2nPe2lvEZVODJxBEBbEFKwfLgOUZT9i3aG0Vt1E7XVoFbkv9C7OjtMzJuCmvKiCj1RDExa6D12d4OyfX+uPCeNyt/IhkAOclacOkq2213gQhF1tByK1MbBzhTlT5tyNLM6g77VDUKp2wdHcH7EVdIHad8vdlFzVmp\n",
            "public_key_pem": "-----BEGIN PUBLIC KEY-----\nMIIBIjANBgkqhkiG9w0BAQEFAAOCAQ8AMIIBCgKCAQEA1wIILT4Y74x151VDkwdR\nf/Gr2IeDQ6DGMgSELNlDe+9QRTL9lCH28aaTPEsSBRmBGvh4ElWtC8mRIkxqR2Bu\nbXrYUmaCL9YdpSDJKgbEXkY4A1UwT+NkA8/yZpgPWfX2+0ZcqXS4Kq+G8UPa7C4i\nwaKQgEqMJ+sbCwZoV4ZqCpSvwOE35iM5dpz3tpbxGVTgycQRAWxBSsHy4DlGU/Yt\n2htFbdRO11aBW5L/Quzo7TMybgpryogo9UQxMWug9dneDsn1/rjwnjcrfyIZADnJ\nWnDpKtttd4EIRdbQcitTGwc4U5U+bcjSzOoO+1Q1CqdsHR3B+xFXSB2nfL3ZRc1Z\nqQIDAQAB\n-----END PUBLIC KEY-----\n",
            "rsa_bits": 2048
          },
          "sensitive_attributes": [
            [
              {
                "type": "get_attr",
                "value": "private_key_pem"
              }
            ],
            [
              {
                "type": "get_attr",
                "value": "private_key_openssh"
              }
            ],
            [
              {
                "type": "get_attr",
                "value": "private_key_pem_pkcs8"
              }
            ]
          ],
          "create_before_destroy": true
        }
      ]
    },
    {
      "mode": "managed",
      "type": "tls_private_key",
      "name": "tokyo",
      "provider": "provider[\"registry.terraform.io/hashicorp/tls\"]",
      "instances": [
        {
          "schema_version": 1,
          "attributes": {
            "algorithm": "RSA",
            "ecdsa_curve": "P224",
            "id": "6481c195548eef82d198aa8f36a10ccd57e40b82",
            "private_key_openssh": "-----BEGIN OPENSSH PRIVATE KEY-----\nb3BlbnNzaC1rZXktdjEAAAAABG5vbmUAAAAEbm9uZQAAAAAAAAABAAABFwAAAAdz\nc2gtcnNhAAAAAwEAAQAAAQEA2bf2mDzN5WYx2p5yQ6/xT6QKp+SahRYu8rxribtM\n81pf9V+M0DLP7WkN8zQoLR0lpTVTfiXozd+LXVG/gh1wIhNSD7UfcXnRyXZA743x\n1Qvf9EMb3M5XCqsh4bsrhKz6UExlIqaLXSniuTpKynmT26acpviurGzEhVWUUnqC\nRcq5JWESjTXNQCKqCwZGnHBh2ij14MdQuinJ34MOM/u4Rs1AdrweaqO/3UdQWPgZ\nl4n7CTAQbTVjz9+NkUvf32wWRbr91R7ZBxcrGG1jyHTG74Lsyds5FSG4NZy25mXD\n4ya9i4NggNV0eqAGfbE5OQmS85uwSqWg0r28C7/IRNuGrQAAA7jLE1YYyxNWGAAA\nAAdzc2gtcnNhAAABAQDZt/aYPM3lZjHannJDr/FPpAqn5JqFFi7yvGuJu0zzWl/1\nX4zQMs/taQ3zNCgtHSWlNVN+JejN34tdUb+CHXAiE1IPtR9xedHJdkDvjfHVC9/0\nQxvczlcKqyHhuyuErPpQTGUipotdKeK5OkrKeZPbppym+K6sbMSFVZRSeoJFyrkl\nYRKNNc1AIqoLBkaccGHaKPXgx1C6Kcnfgw4z+7hGzUB2vB5qo7/dR1BY+BmXifsJ\nMBBtNWPP342RS9/fbBZFuv3VHtkHFysYbWPIdMbvguzJ2zkVIbg1nLbmZcPjJr2L\ng2CA1XR6oAZ9sTk5CZLzm7BKpaDSvbwLv8hE24atAAAAAwEAAQAAAQA63frW/tnN\nBOzF58GNe60Lk5ct/impgm3/Q+Lvwqzzv6PifIteX97ImncjIx8Z05+yI9EHcsiX\nobHU8Z2OWNdQ31h41shBrmaCym6UVxTkPem36c1GzqPKRqtKlYkWvo6P15gg3lcg\nQYsD+jbuuCC6azpAC01vYZlhU9pe0rEWnVHx0chZ7y81ArWV8i0uFfb72cUasSuR\nDITQXv1oXbRbfBfATbFGP0F9NrJ3OfmfNtUmdVdUzyq+d2+OXZt3ChRrz8e2Y9ni\nQss9OGPm1TfxQKEyVe2Ag74Ozl+9F0uf9UcJwGA29dfrKEV/Cos4EkaCabO0RRwp\nD+wCDctcDUQBAAAAgQC3WlEx6xRCABvy0SI7+Hwm1d0LZlEjsVhVmj+UszpKPYAO\not4nQ9llsXySVFUBNbhFSPVpPC6/rXiBsTSWXMPwLCK/Q55eFUO0p1+xzt9fW3tb\nwwtfDNrCODK31Dgs9o6hWb12Ux14qPY0mkANDRf945rMNRTWXVXpKTCw6D7RjAAA\nAIEA8HFB8q5N/ccDMBZjBPAsmWVjRJ8f9zcoz3rq6mnxqW4zYIGt8hXww7B+3bjs\nq+7RF+QcX+uAJqLcGNLRHU9vYdL61OJxS8LdYb2paycNJhOPqSsTfj9N5XJIe4/l\nG3xiE5+tnGzz2uTLwoDgQyW1zMd854FCXIPykwR4NJm4gY0AAACBAOfOTauMRpDi\n2NJ6IYkYSFUzdgwI0MA59XOPpigTJ1iQ8AwowS1QakqzqDTwEwtJezjw6pOU6ktt\nAsqIbl3xzLDlV0guCEZUkeQq+vgQV1mSNGnVOp1FOW9UxlNxchW/K6f4cPShBvJy\nzpfKMYy/kjSYS8U7ridTIGG/XZLVMoGhAAAAAAEC\n-----END OPENSSH PRIVATE KEY-----\n",
            "private_key_pem": "-----BEGIN RSA PRIVATE KEY-----\nMIIEowIBAAKCAQEA2bf2mDzN5WYx2p5yQ6/xT6QKp+SahRYu8rxribtM81pf9V+M\n0DLP7WkN8zQoLR0lpTVTfiXozd+LXVG/gh1wIhNSD7UfcXnRyXZA743x1Qvf9EMb\n3M5XCqsh4bsrhKz6UExlIqaLXSniuTpKynmT26acpviurGzEhVWUUnqCRcq5JWES\njTXNQCKqCwZGnHBh2ij14MdQuinJ34MOM/u4Rs1AdrweaqO/3UdQWPgZl4n7CTAQ\nbTVjz9+NkUvf32wWRbr91R7ZBxcrGG1jyHTG74Lsyds5FSG4NZy25mXD4ya9i4Ng\ngNV0eqAGfbE5OQmS85uwSqWg0r28C7/IRNuGrQIDAQABAoIBADrd+tb+2c0E7MXn\nwY17rQuTly3+KamCbf9D4u/CrPO/o+J8i15f3siadyMjHxnTn7Ij0QdyyJehsdTx\nnY5Y11DfWHjWyEGuZoLKbpRXFOQ96bfpzUbOo8pGq0qViRa+jo/XmCDeVyBBiwP6\nNu64ILprOkALTW9hmWFT2l7SsRadUfHRyFnvLzUCtZXyLS4V9vvZxRqxK5EMhNBe\n/WhdtFt8F8BNsUY/QX02snc5+Z821SZ1V1TPKr53b45dm3cKFGvPx7Zj2eJCyz04\nY+bVN/FAoTJV7YCDvg7OX70XS5/1RwnAYDb11+soRX8KizgSRoJps7RFHCkP7AIN\ny1wNRAECgYEA8HFB8q5N/ccDMBZjBPAsmWVjRJ8f9zcoz3rq6mnxqW4zYIGt8hXw\nw7B+3bjsq+7RF+QcX+uAJqLcGNLRHU9vYdL61OJxS8LdYb2paycNJhOPqSsTfj9N\n5XJIe4/lG3xiE5+tnGzz2uTLwoDgQyW1zMd854FCXIPykwR4NJm4gY0CgYEA585N\nq4xGkOLY0nohiRhIVTN2DAjQwDn1c4+mKBMnWJDwDCjBLVBqSrOoNPATC0l7OPDq\nk5TqS20CyohuXfHMsOVXSC4IRlSR5Cr6+BBXWZI0adU6nUU5b1TGU3FyFb8rp/hw\n9KEG8nLOl8oxjL+SNJhLxTuuJ1MgYb9dktUygaECgYA+NU9Wtno/Ooo8ms4rrOgd\nF/pC+tiOYZsRcz/sPlTj/TsVsPeMNtkACF4Kh5nUMgmvILmmp4uUc3Z2hbTM3Ix4\nxtlW0u91JomYjDWVH5lrTIxSvG5ir4Y74wGV1nj0T44gfaOxYQ8Gh0Ogoy9isBMF\nVGegjfTZctoD55giI9N00QKBgFGVwKxyEJwJ2zopFgiEbWDfXdrad25Qd90WX+qW\n4zA+wt3ksijatq5YEQmgvXMph58A2+7ZaKTnVyYlYoLaCarw7QlQekUWmsptfis0\nxSmXVa8yBxE3PgG7GppfwUF6KUlTHZ5b1nAajC/MUCgzfKfaOkDOwnrAvRLqIWr+\ncmpBAoGBALdaUTHrFEIAG/LRIjv4fCbV3QtmUSOxWFWaP5SzOko9gA6i3idD2WWx\nfJJUVQE1uEVI9Wk8Lr+teIGxNJZcw/AsIr9Dnl4VQ7SnX7HO319be1vDC18M2sI4\nMrfUOCz2jqFZvXZTHXio9jSaQA0NF/3jmsw1FNZdVekpMLDoPtGM\n-----END RSA PRIVATE KEY-----\n",
            "private_key_pem_pkcs8": "-----BEGIN PRIVATE KEY-----\nMIIEvQIBADANBgkqhkiG9w0BAQEFAASCBKcwggSjAgEAAoIBAQDZt/aYPM3lZjHa\nnnJDr/FPpAqn5JqFFi7yvGuJu0zzWl/1X4zQMs/taQ3zNCgtHSWlNVN+JejN34td\nUb+CHXAiE1IPtR9xedHJdkDvjfHVC9/0QxvczlcKqyHhuyuErPpQTGUipotdKeK5\nOkrKeZPbppym+K6sbMSFVZRSeoJFyrklYRKNNc1AIqoLBkaccGHaKPXgx1C6Kcnf\ngw4z+7hGzUB2vB5qo7/dR1BY+BmXifsJMBBtNWPP342RS9/fbBZFuv3VHtkHFysY\nbWPIdMbvguzJ2zkVIbg1nLbmZcPjJr2Lg2CA1XR6oAZ9sTk5CZLzm7BKpaDSvbwL\nv8hE24atAgMBAAECggEAOt361v7ZzQTsxefBjXutC5OXLf4pqYJt/0Pi78Ks87+j\n4nyLXl/eyJp3IyMfGdOfsiPRB3LIl6Gx1PGdjljXUN9YeNbIQa5mgspulFcU5D3p\nt+nNRs6jykarSpWJFr6Oj9eYIN5XIEGLA/o27rggums6QAtNb2GZYVPaXtKxFp1R\n8dHIWe8vNQK1lfItLhX2+9nFGrErkQyE0F79aF20W3wXwE2xRj9BfTaydzn5nzbV\nJnVXVM8qvndvjl2bdwoUa8/HtmPZ4kLLPThj5tU38UChMlXtgIO+Ds5fvRdLn/VH\nCcBgNvXX6yhFfwqLOBJGgmmztEUcKQ/sAg3LXA1EAQKBgQDwcUHyrk39xwMwFmME\n8CyZZWNEnx/3NyjPeurqafGpbjNgga3yFfDDsH7duOyr7tEX5Bxf64AmotwY0tEd\nT29h0vrU4nFLwt1hvalrJw0mE4+pKxN+P03lckh7j+UbfGITn62cbPPa5MvCgOBD\nJbXMx3zngUJcg/KTBHg0mbiBjQKBgQDnzk2rjEaQ4tjSeiGJGEhVM3YMCNDAOfVz\nj6YoEydYkPAMKMEtUGpKs6g08BMLSXs48OqTlOpLbQLKiG5d8cyw5VdILghGVJHk\nKvr4EFdZkjRp1TqdRTlvVMZTcXIVvyun+HD0oQbycs6XyjGMv5I0mEvFO64nUyBh\nv12S1TKBoQKBgD41T1a2ej86ijyazius6B0X+kL62I5hmxFzP+w+VOP9OxWw94w2\n2QAIXgqHmdQyCa8guaani5RzdnaFtMzcjHjG2VbS73UmiZiMNZUfmWtMjFK8bmKv\nhjvjAZXWePRPjiB9o7FhDwaHQ6CjL2KwEwVUZ6CN9Nly2gPnmCIj03TRAoGAUZXA\nrHIQnAnbOikWCIRtYN9d2tp3blB33RZf6pbjMD7C3eSyKNq2rlgRCaC9cymHnwDb\n7tlopOdXJiVigtoJqvDtCVB6RRaaym1+KzTFKZdVrzIHETc+Absaml/BQXopSVMd\nnlvWcBqML8xQKDN8p9o6QM7CesC9Euohav5yakECgYEAt1pRMesUQgAb8tEiO/h8\nJtXdC2ZRI7FYVZo/lLM6Sj2ADqLeJ0PZZbF8klRVATW4RUj1aTwuv614gbE0llzD\n8Cwiv0OeXhVDtKdfsc7fX1t7W8MLXwzawjgyt9Q4LPaOoVm9dlMdeKj2NJpADQ0X\n/eOazDUU1l1V6SkwsOg+0Yw=\n-----END PRIVATE KEY-----\n",
            "public_key_fingerprint_md5": "f1:4a:1f:ae:3a:67:78:17:01:a0:bf:c2:45:9b:5c:da",
            "public_key_fingerprint_sha256": "SHA256:n7xJf5IarSMijN7A66uawNycT0fzliDl6ER79ZRu1+I",
            "public_key_openssh": "ssh-rsa AAAAB3NzaC1yc2EAAAADAQABAAABAQDZt/aYPM3lZjHannJDr/FPpAqn5JqFFi7yvGuJu0zzWl/1X4zQMs/taQ3zNCgtHSWlNVN+JejN34tdUb+CHXAiE1IPtR9xedHJdkDvjfHVC9/0QxvczlcKqyHhuyuErPpQTGUipotdKeK5OkrKeZPbppym+K6sbMSFVZRSeoJFyrklYRKNNc1AIqoLBkaccGHaKPXgx1C6Kcnfgw4z+7hGzUB2vB5qo7/dR1BY+BmXifsJMBBtNWPP342RS9/fbBZFuv3VHtkHFysYbWPIdMbvguzJ2zkVIbg1nLbmZcPjJr2Lg2CA1XR6oAZ9sTk5CZLzm7BKpaDSvbwLv8hE24at\n",
            "public_key_pem": "-----BEGIN PUBLIC KEY-----\nMIIBIjANBgkqhkiG9w0BAQEFAAOCAQ8AMIIBCgKCAQEA2bf2mDzN5WYx2p5yQ6/x\nT6QKp+SahRYu8rxribtM81pf9V+M0DLP7WkN8zQoLR0lpTVTfiXozd+LXVG/gh1w\nIhNSD7UfcXnRyXZA743x1Qvf9EMb3M5XCqsh4bsrhKz6UExlIqaLXSniuTpKynmT\n26acpviurGzEhVWUUnqCRcq5JWESjTXNQCKqCwZGnHBh2ij14MdQuinJ34MOM/u4\nRs1AdrweaqO/3UdQWPgZl4n7CTAQbTVjz9+NkUvf32wWRbr91R7ZBxcrGG1jyHTG\n74Lsyds5FSG4NZy25mXD4ya9i4NggNV0eqAGfbE5OQmS85uwSqWg0r28C7/IRNuG\nrQIDAQAB\n-----END PUBLIC KEY-----\n",
            "rsa_bits": 2048
          },
          "sensitive_attributes": [
            [
              {
                "type": "get_attr",
                "value": "private_key_pem"
              }
            ],
            [
              {
                "type": "get_attr",
                "value": "private_key_openssh"
              }
            ],
            [
              {
                "type": "get_attr",
                "value": "private_key_pem_pkcs8"
              }
            ]
          ],
          "create_before_destroy": true
        }
      ]
    }
  ],
  "check_results": null
}
