{
  "version": 4,
  "terraform_version": "1.10.1",
  "serial": 185,
  "lineage": "93c4d01a-4d63-be6f-581c-abe39d02d689",
  "outputs": {
    "australia_private_key": {
      "value": "-----BEGIN RSA PRIVATE KEY-----\nMIIEowIBAAKCAQEAvtewiJSyilA7c4/UKUAwWsY2Gczz2/JzCGPWL584wpoGCb4d\nwvja3jHlzj6qWK4jArRLo2kdkkdNp0B4GTjhVtvv1qvuCXw87XNVq5oKxRIwoUZO\nGUySI5BvttH0TYihK0QOF1uSsW4Em2zBvMldvGpYEL01g/YSuY/OdybQ7wRak9zX\n7kpJ29tE4q8QkHAotMRRDgKZGR79LR871mC/1c0+Z1iLwRD1zUK8amP9G8JVbbp7\ngPB1lcmi097N/Lx9WVjvZIBjn6azvSVGjnt6P0pZdz+6U4CAGgVPXFhFJltIGoqE\nvNkoKHsV1SR1vmoaVlQiVnr5lv6iTBjjEE6lIQIDAQABAoIBAQCKDF4fvmiUUste\nockX+d3AnCbgbPhtvyjlBcsW8bdOVbpOa979faRdHH0evwfcVELxHtikIVKJ0Nhk\nRudZX2LpwPjyMbZj2CH+pfJvymNGAQ16a+/srw37eezFs4RkXZQwRu9miBBKFspw\nX7CZTpRmygpgOW4vwd3zqwnv+P0kF6M/TE8dxAbFPY+BNg20nkYHK3WyamBBBfps\nNWStrQ3IHVPZXZSw5WWGTf1ewrHAVZlJOnWVOJtk1SPIwCWpduoiR3dzQvHCF4Gt\nTEXfo2tyUa7iXtMdYrFbkoQA3g5Ofni75lADLfAXoprJQGPVfore4jsXpvYvvsGU\nsc5VFatBAoGBANanzI4oLsQOxAAfO9moONMy/yuzkSdA0GSQ7Ri8CbYW984Z1DKz\nVaZbgVoMod4199KFOEMRJ1lTn7IxiRR3g4uHeOrg5O4S+O+MjpV+3jvUFahyMpo9\nSopuFYDsYjJzJwZ5YPEyxPLeE9+Ga9UMKkcvXXCB5x3wEbbn16fHEf85AoGBAOOZ\nueKcaFdAVNzn1oQxv6pdwoyY8sLrSXPv+oMIypHQnZHrdIlGAq+VP0Q4GRdQ2FfK\nMFRr4r8ZkZy1Cn6R+AWjDw8T+xPjtbuRJarxdtU0p2MqvsM8uvg2r6weNEZ2PoPl\nm5Uj+aIQ6nlkn3JkOje0RCBEcdPqVaVv3kPJTe0pAoGAb7SI7d2ZYKvyccHPSpiR\nYc8jHWHoAs5m5D7LM9j/EMRpFtc4J15ODzGFYhA62EGrguGTAsvVd1XeQEQo+v6q\n9Rx933VDjWVQKJEzzjZkfiwDTVKIZN3KgbmB9UKOY4SrZWIbAcoS1fSd0O/KA+e9\nxKewb5Eabej1vwJtpsEg63kCgYBWjrQe9pTH+fNMP+9ZPwJBbH78sX5BmvHIYc/H\n3aQMaGZEhGNBgZqr4/q3mw4Py/M7D+3pbU5ClxrFmiRvllvY6PZlKZgnLEaFGuJU\nbJhg5TFziWIbJhGFLGcK8kG3Omj0CHJu+cuKUxyZJidtfaiWXrw5+U3A5jHERRMm\nfHxiYQKBgDdmntyX47LQx21hfRWtEYBrnkZMRflkHhbbiTow8mTYU1LsCmcEPvmJ\nofHQCehk0D0Nzpagie0vUbmajZ12Spv220O2D00IsiQHu86nMgGpRHEcz4+Yn8kV\n5EEtFk4ssfQTyZS5VYtyKUE8VA72HlLYVBjPm3bP9fP4JZsJWvlu\n-----END RSA PRIVATE KEY-----\n",
      "type": "string",
      "sensitive": true
    },
    "california_private_key": {
      "value": "-----BEGIN RSA PRIVATE KEY-----\nMIIEpAIBAAKCAQEA0cmJYkx+VzdlGZFPfhn0aKdxlux14/hGK+4kwrGFdCZgoiCK\ndmQL81LuAfs6r291T3kiY3owgAoBSHAxdvT3AwslWXdysrz/ElBP65AXsvgNIK3N\n7ZcOwQPss9UniH74aWd3yltRpiOCRhrER8ki+JuGW2yHUt2HTfboGPKtZqmxCzlf\n1uv5OXCeOr9wsKl/2zLIbaLeok0dWFtDP8amo3MBCPhKzaEkYJSvUmUoMDA/e9J4\n0m6qJpDVk4OhTjBTLHxqeJIujyB1GGgZoXg6nQFpNbk+WgcMc5vq4McRjlGvHi9k\nqSvKiA85razEwqnZuQ6PTXnBEIOQeFna4Qi+VQIDAQABAoIBAHgc7vcEGvYutkjs\nRNpLW/+rl0K1Qk5zMSIn6I48e89jxcIt5XkhkSIQ4krqH9CgfUcycPkJ1ckJcXCb\nJAca/G6WrBzMYjRqN5SxvQB/cMI8ea+zM4uMCJuEdrsEGO1y3SHkZtbKcDYycH1Z\nB/ad99LloQipW9WbFsQR0ROvpo53Ij383otXUxW9GvOoiGqLegJboHKzCT272CVl\ncUJmJMfNY2nUNZG3YS1ve21hrMaILZ3b7gLiGklEOt1HAqQ6gIM76Iubiu4l4l3x\neeJ2QE6xiKD4Kxbmf0Vsy9aH2ZksslY9wbD2HCcEA4KrIncHNJxa7XAHa6adIGDk\nTvDg/IUCgYEA85ZD18DjAVbXj+wqzXZhbIuXetuW5wDxKLRiTfvriZLvwx1RWFDF\nZ3PEOeskMmbFpiQrbETxOUtt6ml3YuKZcj9p9MU/alZ6t+1WEX0yYySdJSRJK13F\nqBFwujAzvTRCJO05v0NKklPhsI8mYw6+xddzPyij5/93Z2nOB3Z5wxsCgYEA3HpV\nn2PmonlcGx8GTLYTguFRH5yuAG0SNJYEOW335XftPAd6DzQ9fcHHyAZHPhcMu/ka\nVFOUeq2ICmFmRFxsCQKL4Yh6PpknFvXJtTVAx+3Vv7ViJ+jSLXvF5R8oC4rHLVSz\nr9FczRxHD8+T3KnNgvDNstFXwAqfS0j7nsQQK08CgYEAg839a9N9gg4BmmkKSB8U\nXG20S9BieSDzXTkuMFBuhQSzI/rLN2SNTItB1K096t/ddyb/MBimBoCgO0VSSnme\n2kkiBkZtKBcfVELiXZhHGYqIVb6qsQKOn4DAZJ8MgAa0+9I5exroUQF+j9EFznf+\nFoOcYsKU3kZHz/daeoNLI50CgYAhg48EXYEvbVcs4Dhq7LpmiK12KrDga7P6vlsC\nB89I2EP9ff111jEKrqwZoaquq35KDIGOE+5b/4jQWyHafloFvJdavw4l+c3RVadF\nnkSsn2CAdafn/SIFu+zG+UdzCbNhFqEBtsdufj/nDVyijEUrBEOgTOYT0QmJvhxR\nc+gpTQKBgQDhX57AptH7h99PeaqhBVS+3xa3DYG1HVNrNpDSY1pqHwxWpcCmU6TA\n1x5MtLtDQQkuA4a1H2l87EkmyGsDtlTUcIoqaq+rLNNMcNKNvea5yCo2ELJuO/OA\nqaRbCwpXwlG5jREZA94RVonY0z6aFX3um3IEvCYXRo5N+g1R/p0QYQ==\n-----END RSA PRIVATE KEY-----\n",
      "type": "string",
      "sensitive": true
    },
    "hong_kong_private_key": {
      "value": "-----BEGIN RSA PRIVATE KEY-----\nMIIEpAIBAAKCAQEArbFy/RKK6Ia1ukXeXT78reus1NbzIOXaT5emIkyGCxczl8PN\njwSk2RozFYoi7VX5dd6JkOLnPNPhd5LejW1d+gIDbSSuwOh12DvVZs8yF9bL7KR9\n5wMT/352eriOFnOVcpgtMlHOze9xQtzbK0PEuWqUMune0MFp/EmAd4mpExtODZo5\nXfl7O+HhuyE1fX75YpeO3yfcMgHE+r/6Em5GFRVxj5Mt27PpNaLf6jIKD3NlC4jc\n4wbs6BB+kJAJ6QFVcoBw0fFbmi+T5ErRct4ltgF+F1WR8nAWT9B00ID5j5FqciqA\n8KKgxZpKjHfs+vJniBJwEGgmOWmhSQ53qvifEwIDAQABAoIBAQCYYntIrjDySeU7\ntDqfQjh6+a4a2S5a6W17sMdPhiV/q25XMrCwTdm2ova4agW0hV4j3AaC9575zcYc\nmtzn5VCym3uYELvEgO2KtQvHc/Y11fv49GOE/j1YRQH7LtlxtxwheoMEh6NRJ0YN\n7CfYsE7ygR/d/zK9oUKz1WSA+2Q7XqI6dvaWUgV+1ldDdcS24QPp5tdqlNTBqVS+\nG4eok5Ozi4G+gn180EcL/pOxOCS/IQO89PvqAmrXg+DtiEbRnMTbX6x9aBJKQbYl\nVN4PZynh1xzqDdz+X8zx216L2vuTYCX19//BwS7qrE/60h3161oqZ31dsglj5C/K\nJ95Kb6n5AoGBANEXcaO/yqKdEQpcqTcp2IQFSg2yo7V/J2Vt+3ntVIlI4wkf5+6G\nfYY1FX/6k74/M7gNWgYET1M/pd67u9Gh9+CkAICUXDeyO9rr0QvUC1wboQz49Miq\n86hslPb2Tmuh18GdrocuOVwB1GQhHVwgjFjcT9GWzNQyEJF34h5Qjgq1AoGBANSp\nAH6n1CI4IpdqYPb/6j9MnJ0P13RFTj2pINFbORKBhAl+NsJUiEM8y4OQqHzkITnx\nXsP/C20knPhdmf6A6UEfWmRT6dFFu6o6fvLHqzRQV5ZN7kZMG8r1MkqIbBdHgBV8\na5nUN3YElMzsnZfkaAHQP83No7+aTSu7beCn7/enAoGASItLwDaAxZ6dFO1FQIBi\nQJvdL5d1OTlen9Bi2dC/7cm+C6JoQ9ehoXi1duunavBer1LikwfXxdhlYjvcVEVP\nzT7ZdcMDo8dRAQmkQ+hT8KcdX3TY6O53D05s+KpIVwuV4fUlYn1lJUj1ObBLkXUx\nfHsjrmIVuuGL4gyoBUCJp6kCgYBNZ04ky5Vs9x2wGyo7/R4X+ByxFkkHqwo1a0/k\no918HOQgSG5KAVavkntI4ehRvP9TBcXGdRiFm2P/CqK4fddouq6+AcUDROxvo2b9\nmyt3mR6oOKlXsPAUyXaKpmkheAboyyanERU2wagfhqg91wb8Uf5HPGgzn0gjeM8f\njEDN1QKBgQCXU95rF65tkIanhv6IJTynbCwUHtdq7bJuHBUim33oZO5c3YfpqTSb\nmcxEavlVKc5ERJGI0GQ5PuzrCMDV38uF8aGWYUtTw3xUcGsz9cua4XIkNIuOex6u\ncjWrJ8fasBpLnklgrpbBzOTv8+r8lihFDbAUckZfOP79UD3Q0Y5jlQ==\n-----END RSA PRIVATE KEY-----\n",
      "type": "string",
      "sensitive": true
    },
    "london_private_key": {
      "value": "-----BEGIN RSA PRIVATE KEY-----\nMIIEogIBAAKCAQEAq4lCs6spiKy75IAZTz7sgan9nf9n3FqF2J/XZ9kzvJp/c5M8\nuUi96/iuzLzKBJ61pwCSPu5EEGClUisOkiIzQtaxOx0MRhm09Hs/Pi8mh7YgeHrK\nGXnODEyWR38GH8DNVUBgxRIrdTeJPcskswxMtRtKv0+aSBvVpZEPbKaA6m01uWmW\nYeCoWvzzS/pfoklT8b1QjlZMROoRwvvA08ljH8hZ3kaBz99whMTfLopdjTFkh/Uq\n0aDPuzQ8PeRxQ58TairHRc7XFWETLUsWjrMWY9VQnlw5MBA0a+LrlF6lJ6I8ykKW\n4ZZ5ydE7W9bFuIS6c23c7KNw4vr0+nHOnSUYtwIDAQABAoIBAE/8JfUfR7OqT8ah\nkKup/KANguwMbwKJ10WGauvKlNxJ8koTCsqex6hjgiaHlW+IDc38bzUW5vf4CL6C\nwz2S4vI0p9mXluSNEhq56Wh2lfHME+H554jvigukHqLh8RoXTeeFqFncOhVjOwRs\nWAWBI7eDLVx9osQi7oFQXa/dB9nHJSD/Gh+GbAofKv3fSppaRoMmilZR9eE9OyB0\n8KImphRSFqNb/SjtsDE4CXBNSxN4boK/zMa2viR7C9VHBZyrLv/9GR5s+WzlCQ4t\njO0R3O9ac4wJSDvPopAMGylG0Ctr1EYO/9/dE1/Z0Dpcc2eYrTzP7DWjXtUswNtq\nzeqT//kCgYEA2lw3dLHH/fSjt9pCZilKbE0tGmT7h8zzK+8gfOUeMKcklsJ0rsEV\nUJecHsxgUy3j9PcXkniZB1wRMs3uXf2QzzDICKu3nhKCq4LMpd656F0p32maK/Ao\nbOH8y9glObzVoDIO5oKXpSiU5CKGaXICI+FIKvk9zPMb3o/N4I8dbJUCgYEAyRrL\nwJtxH+Cr1tVQMXxfbbM/iOEqWGixGptVsIaSIWpa59j0pO7y7eGuMgSRTbXipryi\nUl5P5SmN8c1tYoQ7uWMC6ppohEPY3jXi1QZWCHXw+V++OJneoN0WcS8Vtkp8/zqk\ng577LzrytEKQqF+1SeGt7PJroEv1HpMWp0OR0RsCgYAht+u4UVuYk5ZUZZerPuUH\nJEO6t60/ox5Jwns5zgeDa8vym8R418f60e6Bsv2M2qFAyocRTx4STN07AyGz0dvy\noo3BCQMpnaIf6erAEkyS3RACN8Re1I7pgVwP/iiBae9y9UfnwHK6RjH3qH0o+znp\nYHhMaoBojYHYNEyOSIs6oQKBgDYugwDUoGjfRkzuUdnTUX6j0ZVWXOtO4ZByk2ap\nCwv3tKBMgrVBL7BJon4VXvSZ8YPMxMr+X/Y0+OpR14u4ZsLu2yVMDqa8BNzxlbih\nKWLEK/V0BzMGucWLa3V5IxdnAEBfk11m4vP5pNROLt0+VACgzhRNyBN7A4KGTI8q\nFEpLAoGAFZz4yzNGwAfIZDXCnNP3/5SMr8RAQeG+KYwO9ezfIth27E1+W9ABkBRB\neifEoRL1TWu+tecKWgBAHQR7xBBN3SswFckhGtiEUgOBKru+I9UqHsBcd8EVG2K9\nWR1achSTxh40aGxokR6lSGYJam9By+AO0wSHfUJcrhuZaM57KlQ=\n-----END RSA PRIVATE KEY-----\n",
      "type": "string",
      "sensitive": true
    },
    "new_york_private_key": {
      "value": "-----BEGIN RSA PRIVATE KEY-----\nMIIEpAIBAAKCAQEAu1Cnp6aZsRHFk4ARAsw76Se7V6mv9VHSpIYJvVsKsJ9niJH6\nqFvL74q0fYcNJ8/zAiKVbTHY+bbDxywF9ypTMZk615DmNe3ZP76r4zE8tW3/hKXr\n3PH2IGbTyyMxl3PDxdp+3JrKyEXWZhuzsG4WE2nSP5nGctZ8t4PmefEYXJEcEyhG\nMm75Iq3pD1TGPI8DIgDhO3Z20y6wK+fghN5LZxW65prqg+9rQi6yop9JyG9qiPjY\n/gtoXlm9pG493SSUw29m6QHTtlblaZxK/N090eKPRrssFHEkZeHE/WLUDwT9iDC6\nLDFROcXBN2Ue+WY26g2R48+L6c3CkBdu2IIY0wIDAQABAoIBAGRkjQbg1ty9TqyI\nZhWeyrlizxjj3GfaK9B7+npfcjJJrR7YRoS3dmzzZVsl59ofrPnG+Vll7wmfd/ym\nzqezKpWZr5zbj1b2HIr6sXt55zTCOMGqf+iSUjz5f6gPO8QViqbfPUEVQXvnWkqt\nrDfyOKi8/a+SxnbEGGHvMrbGji0FuXiDxzMySNUH0i7nM7pSsu3GZ/EjrkkUYZhq\nFRYvHEqOJ5glxzK7Q7BbcAVIeIaxr27PLlGuCHWgg2icWGY1fihwMMkuvFpH8qm0\nu7YnaDSpYOCnDuYENMR0mJn+5xVQvs7a0A+AbSVr442RJilvjcto2I6fVs95I45b\nkIgc4RECgYEA7lKOrWWXHwg+fedWn+85ZJkHvDkvWkIRfsx5bquOuD36kwV1ntKI\noW4gXgRH1p2e4J8OJ6Byy3quhy4ZLO6a8CZIzwp0WjLVDeNc8za7R8YZLmN5dTF0\nN2bnv/EFL0iWI0hM3yIC/NXPrGFYVTB+ipvB+Eok1d2eSnly076PbnsCgYEAyTWH\n7MhuJJRkY8/JmMDG/lmtYpzQPK4/ZEhhinWZSOkGRDxieITycz8iVYRa+pE4aPeb\nX7HF3zUos6E9c73u3e+++1RXdR5m/gucwry63bmBWD5eHrjPYg4edejw8i6esRai\nTkAPO7TNZgYj2algx8SsfYXBjoC9VbTEo3h7G4kCgYAounMnrvTkmMQVQDPNoVRt\nnLl1sVAmXKQgx1D5WNhLJExuU8CGI/S1odxmNNUSGF3OhWAl5YW4wH6TG42x4BUa\ndXB78Y1w3L8MYI7CAdh/q5siEl3vaUQzM6Lnaok4S29dGD4K5AUesGuNShWOeXsm\ntPexNvqUkgs7LwYwqaBZgQKBgQDH2iLbfq1gKgCY3z/HONuusdY1F7sCOrT+X6J6\ny5noQISX7D6GpM7Ix9HLjT5smSeloyMx5rq6nOuDmEkYmHQU/1f7/WctDniQJ2qa\nRql5KBOgWbpU244pQArjZO9GLiYzkV6/SIOY81n812ZugP1/DwuhVeTOLXNiGL4j\n/LySuQKBgQCDKCvwYlPx9xquq2oK5dTrCD995PMvKkWOXR7XD9O5Cbdlo9VmTPsr\niPLHAbuTEFw+iB+ppX/AyNq6NT9/EiW0K7O3XN5dy91+VArkbkNQgKd5X3Yi7EP1\nNXrEfEKNdGvo5Vr1GZixVRH9Dud7WBtdXdLgTMFZeGnjySB9ywNwAg==\n-----END RSA PRIVATE KEY-----\n",
      "type": "string",
      "sensitive": true
    },
    "sao_paulo_private_key": {
      "value": "-----BEGIN RSA PRIVATE KEY-----\nMIIEpQIBAAKCAQEA67Z9xPUpY/xHopWJOdl2I43ePM3EIE+K3VhZM/KOzJBkrnDA\n65QPu/LfoiWK2RxFO3OlR0CuDeye2yoEOHwqkgKi6guNc1VXQDpFk31IVpBeQLqu\nBtJYVM1+D1N3tz572aWmRHe+1MGJwBzv5+L6DA/Isn3zQS6mnMcgCeIloRaXAXXI\niMBaIokru9bF8IHF7ahhKoge8pBwmjcaXNiYBUydE4e1sUN06asEiOo8rVssraWj\n9gT2PFKFuskggBlQWUeE52k/YP2vnDyI3gANC0R3ZFhJ3pUKy4q5CkfTjK4SyYEw\nXFutJy0lv8YuLVbiQUnDZItkUEYbucgrpdJ5VwIDAQABAoIBAQCYN4dMs82A5iAU\nnGC73PTvzOPhfDfVbciNXEpuw4r4C58ZD3NmLn1isFs+yOO7hQgodmwbcWd1UoLb\noWyMVZLgK5etcLxt6ISp03eu4U7fp+dWAbf0a83jJbjsiMhcq5srWE/hEztHBZzB\nVW6P3wH+3AqNSczXIRszT1wfRc1rEoAu8foS4/fLixNGCAukP9vuu4F9B2FJrfxg\nio1IhIHopMs3wvSTsc2iyKTkH152Kkq3PugrVSeksJqrR/pyf+V+S7HaochHOpM2\nScYhbArpWQAYjrYHC31nbCmHqVIPxGjOBfiGwnjebBSYofw5ixtBaURYGsz+1VJJ\nAwkHLrDhAoGBAPmGHm+FlWaNN5j0NO2kUX6RSSLFn0QcRFZ/A2K8JWPJhO/cKtb6\nTkZ4+tH79zW7MbQWgAZ5TcQPet3Brs5D5/QoSKFA6XP8zY68+l1XQLjKuz7E56kN\nhMOYGj1hBO22rr236GgtmjRG9jCWiSIrU/1IjFsF3qEOgm8hR112wIQJAoGBAPHU\nm/8DG2badsfxUCByWQwHrePEUbEbCnvKzpfs20HM2gebbAnZ6vmYARKeuz2w4+RG\na8wx7noJXtDaGsIl95sJtQgfgLuMoCN64K8bKUdri0HIkT14uplsdWasNUDUFUYs\nf1lmOtnVbgtnjOL/2ZBSGkV1p1L+AMj/yRnm+CpfAoGBAOO6B+T4IZXqpCcwGW4Z\nXVcJ+ZmGiwh6U9QtL0XZOLaNoInYgjCZWP7wQtmJ/+BF6+LT9hvycYrSJexla8hM\nKVGnwkGJIIb+3gu7ZTPzAdqlC6cJxfN/pv9rvebuuLTK2UfEpJMPq4CyktVdTeKl\ncI3kvFQGU1ziBSCvWpZuXt0hAoGBAKSDprwNOQ73f+b1WzU3lSyB7OIOJCT/6Fne\n1jy0fVR+L7UNHqp0/U1fAxvPsEF/nQkmfx8iuMF8rmwWdC2v9ooaSHWGOOVd/XMl\nnMSDDcnwd4QBFg1jnE3TYuq+LFw162MZ0mjXCyI19+76OvYSZ8eukwC90V68PXx/\nxidA4YKxAoGADaNOfgGukl7e5IeU6E5fC47Q6csUFid2iCsY8ekScGlC/YFYhdAU\n2vc1dI6pb7Bv1ROqDzjb29njx3ucExTIGz7Q8z72ElFZlhoZ/ScJC/9s4sB36zXy\ng8BZ4FgM2jq0kVrHCdccNnMJFuXz1XXvSgwX5bFkTLLuE/Lc1qdJyCc=\n-----END RSA PRIVATE KEY-----\n",
      "type": "string",
      "sensitive": true
    },
    "tokyo_private_key": {
      "value": "-----BEGIN RSA PRIVATE KEY-----\nMIIEpAIBAAKCAQEA89r91+2XrYhcsQclpzShx/6vehUzzTJahRPg91aJMdjHzKTz\nOimCKIR40mk+Q1OAyknFLdXMCXKZNnOBBbAHR88F+rAB5FGWtLzKVXc/JIyoUBUp\nNOLaxF0HP3Dv7aAUQuAFSNZ2HFe4lPKIZp1LQsi0EMvoxtIiNRyY6DWuw+NSkUmV\ndLiuXdwYspOud8gV0O9C96rJMabB3W1qznSd/z7pPCW75CZHLc3fH9Hq7x7DI9Tc\nFwWnoDkpfrBOaeFQH2fFu3AmVI0aVEq43Zm/XLlY9fsOXQLZMOWlMiHZEnw0VaNq\nMx+6HNJR9HEQeGmZX968D3O9WUEKE1PwFG68hQIDAQABAoIBACJ/DT/ZjYZv7uTg\nJPR1XpmDLuGvVCeoAuQmfsGejUPu7bzGbN4CdzYyH0Fsv/EYQ/TZ4LnuL7H6czAf\nwNXEJBOFdswS0AGzhQVGW70hZF5QQ5Momy6vFNGIc3kHCfnsllErjbPTGtxBkIwJ\nj0As6jOlXsutfN17Znlq9TqMNY/iNt/yoZbWXl9uUNTtoPin4YYIO4ZBeZDevuaw\nFQrJVIFImS+cpgEIjkZEH1KbCGW41Ad4AZxhn9rJzJUGR4siR410MNjWDPWw39mR\nm1GO8pu7/CZooz8SNGjn9HhjMqAsI+/zb8u/fnmG8Dnel6FZhEQCbLeabMX3TblQ\nKj6DawECgYEA+Mnjas4MEtOzKqEynMf7cwasTCi4N0yC475TQRYYc0kclbpYubO+\nFNrz0EAIePPCSuBl9z5AziVJD9k3bmhHLRmkKfdD1UvVNmFqv6Agw1CzoYWK7Anc\n5OgOxk58TPT6ppxKS7aLvBAkRl92KTAM+V4YSBNwCpdZ8i8+2x0eaEUCgYEA+ux/\nOXBOMWahbP+AOCTMtrqjrVEWap6w1plKRbIb9WbFgYg2K15sIwDbnaQM2TS8GbVV\n9Qt8zPzd1ngGZ0xpGtQtok9RWeerj2Kx5ABNbyyd7CtNDCjcPezgxfkOT4WrMOL6\nad1vuvoczsiQ8Ek9yrzAVJ2E1XTHCw+91ksg50ECgYAPg8+Z3oWkOu2GcA0O9+23\na6gdC8EJOc1D1J+uhGk770hIEhnsYsgs1sazqvqcSF9KehoBxDEYafzXby1kxj4C\nEwJI17G0QIloXcThdGP2qja5kPFr7OWIpOwe89AOoIxtDXwYoqauMLeCZ/ufb+6v\nMm4DOKsZDf0+/DFIStWVnQKBgQCrxrU93B0bgpfl52+ef8rJGTIt10ISUXrcHmqT\nFeA/+lAhYd87h1NeDxtJauIE3C4dJ1+l9mxEZKN1TAuOMegOHszyvXwCoS94ZGdF\nn9Ni1VdzMx12wo4rsnsZ7GsYk3hjai9lw9rWVJzeDr3yUSGFJfxAsOkbu+r7LpaW\nGi53QQKBgQDsgNhnOpw7z8QQ7YEx9w/8ISCXa4HTJrt/LDYT6ijkFWA/claDAPHX\nSxCt40NspNskdUS5vymhr7iNyMVT5BxfF7d9S9oX3IWNR6zVHnuiLDiiYCiqCPbA\nN3rcq1A6+jf5y4m8TzPpOGu53QkzydGH6ZHR4kyaE7Hj23DNEi1srQ==\n-----END RSA PRIVATE KEY-----\n",
      "type": "string",
      "sensitive": true
    }
  },
  "resources": [
    {
      "mode": "managed",
      "type": "aws_ec2_transit_gateway",
      "name": "Australia_TGW",
      "provider": "provider[\"registry.terraform.io/hashicorp/aws\"].Australia",
      "instances": [
        {
          "schema_version": 0,
          "attributes": {
            "amazon_side_asn": 64512,
            "arn": "arn:aws:ec2:ap-southeast-2:528757795742:transit-gateway/tgw-0ee915fc589373a10",
            "association_default_route_table_id": "tgw-rtb-0744f88ed3a4cc693",
            "auto_accept_shared_attachments": "enable",
            "default_route_table_association": "enable",
            "default_route_table_propagation": "enable",
            "description": "TGW for Australia",
            "dns_support": "enable",
            "id": "tgw-0ee915fc589373a10",
            "owner_id": "528757795742",
            "propagation_default_route_table_id": "tgw-rtb-0744f88ed3a4cc693",
            "tags": null,
            "tags_all": {},
            "vpn_ecmp_support": "enable"
          },
          "sensitive_attributes": [],
          "private": "bnVsbA=="
        }
      ]
    },
    {
      "mode": "managed",
      "type": "aws_ec2_transit_gateway",
      "name": "California_TGW",
      "provider": "provider[\"registry.terraform.io/hashicorp/aws\"].California",
      "instances": [
        {
          "schema_version": 0,
          "attributes": {
            "amazon_side_asn": 64512,
            "arn": "arn:aws:ec2:us-west-1:528757795742:transit-gateway/tgw-04bb419b4eaf760a2",
            "association_default_route_table_id": "tgw-rtb-079b34ba8832cacd2",
            "auto_accept_shared_attachments": "enable",
            "default_route_table_association": "enable",
            "default_route_table_propagation": "enable",
            "description": "TGW for California",
            "dns_support": "enable",
            "id": "tgw-04bb419b4eaf760a2",
            "owner_id": "528757795742",
            "propagation_default_route_table_id": "tgw-rtb-079b34ba8832cacd2",
            "tags": null,
            "tags_all": {},
            "vpn_ecmp_support": "enable"
          },
          "sensitive_attributes": [],
          "private": "bnVsbA=="
        }
      ]
    },
    {
      "mode": "managed",
      "type": "aws_ec2_transit_gateway",
      "name": "Hong_Kong_TGW",
      "provider": "provider[\"registry.terraform.io/hashicorp/aws\"].Hong-Kong",
      "instances": [
        {
          "schema_version": 0,
          "attributes": {
            "amazon_side_asn": 64512,
            "arn": "arn:aws:ec2:ap-east-1:528757795742:transit-gateway/tgw-0386b2905e3c5ab7b",
            "association_default_route_table_id": "tgw-rtb-0ed768d7cd6706739",
            "auto_accept_shared_attachments": "enable",
            "default_route_table_association": "enable",
            "default_route_table_propagation": "enable",
            "description": "TGW for Hong Kong",
            "dns_support": "enable",
            "id": "tgw-0386b2905e3c5ab7b",
            "owner_id": "528757795742",
            "propagation_default_route_table_id": "tgw-rtb-0ed768d7cd6706739",
            "tags": null,
            "tags_all": {},
            "vpn_ecmp_support": "enable"
          },
          "sensitive_attributes": [],
          "private": "bnVsbA=="
        }
      ]
    },
    {
      "mode": "managed",
      "type": "aws_ec2_transit_gateway",
      "name": "London_TGW",
      "provider": "provider[\"registry.terraform.io/hashicorp/aws\"].London",
      "instances": [
        {
          "schema_version": 0,
          "attributes": {
            "amazon_side_asn": 64512,
            "arn": "arn:aws:ec2:eu-west-2:528757795742:transit-gateway/tgw-025ff60e64e68e83b",
            "association_default_route_table_id": "tgw-rtb-07670cd72627413f3",
            "auto_accept_shared_attachments": "enable",
            "default_route_table_association": "enable",
            "default_route_table_propagation": "enable",
            "description": "TGW for London",
            "dns_support": "enable",
            "id": "tgw-025ff60e64e68e83b",
            "owner_id": "528757795742",
            "propagation_default_route_table_id": "tgw-rtb-07670cd72627413f3",
            "tags": null,
            "tags_all": {},
            "vpn_ecmp_support": "enable"
          },
          "sensitive_attributes": [],
          "private": "bnVsbA=="
        }
      ]
    },
    {
      "mode": "managed",
      "type": "aws_ec2_transit_gateway",
      "name": "New_York_TGW",
      "provider": "provider[\"registry.terraform.io/hashicorp/aws\"].New-York",
      "instances": [
        {
          "schema_version": 0,
          "attributes": {
            "amazon_side_asn": 64512,
            "arn": "arn:aws:ec2:us-east-1:528757795742:transit-gateway/tgw-04789f682753f6f6a",
            "association_default_route_table_id": "tgw-rtb-0e5269b257e8bb4cf",
            "auto_accept_shared_attachments": "enable",
            "default_route_table_association": "enable",
            "default_route_table_propagation": "enable",
            "description": "TGW for New York",
            "dns_support": "enable",
            "id": "tgw-04789f682753f6f6a",
            "owner_id": "528757795742",
            "propagation_default_route_table_id": "tgw-rtb-0e5269b257e8bb4cf",
            "tags": null,
            "tags_all": {},
            "vpn_ecmp_support": "enable"
          },
          "sensitive_attributes": [],
          "private": "bnVsbA=="
        }
      ]
    },
    {
      "mode": "managed",
      "type": "aws_ec2_transit_gateway",
      "name": "Sao_Paulo_TGW",
      "provider": "provider[\"registry.terraform.io/hashicorp/aws\"].Sao-Paulo",
      "instances": [
        {
          "schema_version": 0,
          "attributes": {
            "amazon_side_asn": 64512,
            "arn": "arn:aws:ec2:sa-east-1:528757795742:transit-gateway/tgw-0691bd61edf3cf2a1",
            "association_default_route_table_id": "tgw-rtb-06381e7cba1cb5f37",
            "auto_accept_shared_attachments": "enable",
            "default_route_table_association": "enable",
            "default_route_table_propagation": "enable",
            "description": "TGW for Sao Paulo",
            "dns_support": "enable",
            "id": "tgw-0691bd61edf3cf2a1",
            "owner_id": "528757795742",
            "propagation_default_route_table_id": "tgw-rtb-06381e7cba1cb5f37",
            "tags": null,
            "tags_all": {},
            "vpn_ecmp_support": "enable"
          },
          "sensitive_attributes": [],
          "private": "bnVsbA=="
        }
      ]
    },
    {
      "mode": "managed",
      "type": "aws_ec2_transit_gateway",
      "name": "Tokyo_TGW",
      "provider": "provider[\"registry.terraform.io/hashicorp/aws\"].Tokyo",
      "instances": [
        {
          "schema_version": 0,
          "attributes": {
            "amazon_side_asn": 64512,
            "arn": "arn:aws:ec2:ap-northeast-1:528757795742:transit-gateway/tgw-0bf26ad03760951a2",
            "association_default_route_table_id": "tgw-rtb-0557fd331d25dc505",
            "auto_accept_shared_attachments": "enable",
            "default_route_table_association": "enable",
            "default_route_table_propagation": "enable",
            "description": "TGW for Tokyo",
            "dns_support": "enable",
            "id": "tgw-0bf26ad03760951a2",
            "owner_id": "528757795742",
            "propagation_default_route_table_id": "tgw-rtb-0557fd331d25dc505",
            "tags": null,
            "tags_all": {},
            "vpn_ecmp_support": "enable"
          },
          "sensitive_attributes": [],
          "private": "bnVsbA=="
        }
      ]
    },
    {
      "mode": "managed",
      "type": "aws_ec2_transit_gateway_peering_attachment",
      "name": "Australia_to_tokyo",
      "provider": "provider[\"registry.terraform.io/hashicorp/aws\"].Australia",
      "instances": [
        {
          "schema_version": 0,
          "attributes": {
            "id": "tgw-attach-07bf31ddb729e049b",
            "peer_account_id": "528757795742",
            "peer_region": "ap-northeast-1",
            "peer_transit_gateway_id": "tgw-0bf26ad03760951a2",
            "tags": {
              "Name": "Australia_to_tokyo"
            },
            "tags_all": {
              "Name": "Australia_to_tokyo"
            },
            "transit_gateway_id": "tgw-0ee915fc589373a10"
          },
          "sensitive_attributes": [],
          "private": "bnVsbA==",
          "dependencies": [
            "aws_ec2_transit_gateway.Australia_TGW",
            "aws_ec2_transit_gateway.Tokyo_TGW"
          ]
        }
      ]
    },
    {
      "mode": "managed",
      "type": "aws_ec2_transit_gateway_peering_attachment",
      "name": "California_to_tokyo",
      "provider": "provider[\"registry.terraform.io/hashicorp/aws\"].California",
      "instances": [
        {
          "schema_version": 0,
          "attributes": {
            "id": "tgw-attach-0923a7e7d508b87a0",
            "peer_account_id": "528757795742",
            "peer_region": "ap-northeast-1",
            "peer_transit_gateway_id": "tgw-0bf26ad03760951a2",
            "tags": {
              "Name": "California_to_tokyo"
            },
            "tags_all": {
              "Name": "California_to_tokyo"
            },
            "transit_gateway_id": "tgw-04bb419b4eaf760a2"
          },
          "sensitive_attributes": [],
          "private": "bnVsbA==",
          "dependencies": [
            "aws_ec2_transit_gateway.California_TGW",
            "aws_ec2_transit_gateway.Tokyo_TGW"
          ]
        }
      ]
    },
    {
      "mode": "managed",
      "type": "aws_ec2_transit_gateway_peering_attachment",
      "name": "London_to_tokyo",
      "provider": "provider[\"registry.terraform.io/hashicorp/aws\"].London",
      "instances": [
        {
          "schema_version": 0,
          "attributes": {
            "id": "tgw-attach-0900f51a6cc07d0fd",
            "peer_account_id": "528757795742",
            "peer_region": "ap-northeast-1",
            "peer_transit_gateway_id": "tgw-0bf26ad03760951a2",
            "tags": null,
            "tags_all": {},
            "transit_gateway_id": "tgw-025ff60e64e68e83b"
          },
          "sensitive_attributes": [],
          "private": "bnVsbA==",
          "dependencies": [
            "aws_ec2_transit_gateway.London_TGW",
            "aws_ec2_transit_gateway.Tokyo_TGW"
          ]
        }
      ]
    },
    {
      "mode": "managed",
      "type": "aws_ec2_transit_gateway_peering_attachment",
      "name": "New_York_to_tokyo",
      "provider": "provider[\"registry.terraform.io/hashicorp/aws\"].New-York",
      "instances": [
        {
          "schema_version": 0,
          "attributes": {
            "id": "tgw-attach-04b2723d361e5a602",
            "peer_account_id": "528757795742",
            "peer_region": "ap-northeast-1",
            "peer_transit_gateway_id": "tgw-0bf26ad03760951a2",
            "tags": {
              "Name": "New-York_to_tokyo"
            },
            "tags_all": {
              "Name": "New-York_to_tokyo"
            },
            "transit_gateway_id": "tgw-04789f682753f6f6a"
          },
          "sensitive_attributes": [],
          "private": "bnVsbA==",
          "dependencies": [
            "aws_ec2_transit_gateway.New_York_TGW",
            "aws_ec2_transit_gateway.Tokyo_TGW"
          ]
        }
      ]
    },
    {
      "mode": "managed",
      "type": "aws_ec2_transit_gateway_peering_attachment",
      "name": "Sao_Paulo_to_tokyo",
      "provider": "provider[\"registry.terraform.io/hashicorp/aws\"].Sao-Paulo",
      "instances": [
        {
          "schema_version": 0,
          "attributes": {
            "id": "tgw-attach-0782b3519aac800cd",
            "peer_account_id": "528757795742",
            "peer_region": "ap-northeast-1",
            "peer_transit_gateway_id": "tgw-0bf26ad03760951a2",
            "tags": {
              "Name": "Sao-Paulo_to_tokyo"
            },
            "tags_all": {
              "Name": "Sao-Paulo_to_tokyo"
            },
            "transit_gateway_id": "tgw-0691bd61edf3cf2a1"
          },
          "sensitive_attributes": [],
          "private": "bnVsbA==",
          "dependencies": [
            "aws_ec2_transit_gateway.Sao_Paulo_TGW",
            "aws_ec2_transit_gateway.Tokyo_TGW"
          ]
        }
      ]
    },
    {
      "mode": "managed",
      "type": "aws_ec2_transit_gateway_peering_attachment",
      "name": "hong_kong_to_tokyo",
      "provider": "provider[\"registry.terraform.io/hashicorp/aws\"].Hong-Kong",
      "instances": [
        {
          "schema_version": 0,
          "attributes": {
            "id": "tgw-attach-0bcc3940469191668",
            "peer_account_id": "528757795742",
            "peer_region": "ap-northeast-1",
            "peer_transit_gateway_id": "tgw-0bf26ad03760951a2",
            "tags": null,
            "tags_all": {},
            "transit_gateway_id": "tgw-0386b2905e3c5ab7b"
          },
          "sensitive_attributes": [],
          "private": "bnVsbA==",
          "dependencies": [
            "aws_ec2_transit_gateway.Hong_Kong_TGW",
            "aws_ec2_transit_gateway.Tokyo_TGW"
          ]
        }
      ]
    },
    {
      "mode": "managed",
      "type": "aws_ec2_transit_gateway_peering_attachment_accepter",
      "name": "accept_Australia_to_tokyo",
      "provider": "provider[\"registry.terraform.io/hashicorp/aws\"].Tokyo",
      "instances": [
        {
          "schema_version": 0,
          "attributes": {
            "id": "tgw-attach-07bf31ddb729e049b",
            "peer_account_id": "528757795742",
            "peer_region": "ap-southeast-2",
            "peer_transit_gateway_id": "tgw-0ee915fc589373a10",
            "tags": {
              "Name": "accept_Australia_to_tokyo"
            },
            "tags_all": {
              "Name": "accept_Australia_to_tokyo"
            },
            "transit_gateway_attachment_id": "tgw-attach-07bf31ddb729e049b",
            "transit_gateway_id": "tgw-0bf26ad03760951a2"
          },
          "sensitive_attributes": [],
          "private": "bnVsbA==",
          "dependencies": [
            "aws_ec2_transit_gateway.Australia_TGW",
            "aws_ec2_transit_gateway.Tokyo_TGW",
            "aws_ec2_transit_gateway_peering_attachment.Australia_to_tokyo"
          ]
        }
      ]
    },
    {
      "mode": "managed",
      "type": "aws_ec2_transit_gateway_peering_attachment_accepter",
      "name": "accept_California_to_tokyo",
      "provider": "provider[\"registry.terraform.io/hashicorp/aws\"].Tokyo",
      "instances": [
        {
          "schema_version": 0,
          "attributes": {
            "id": "tgw-attach-0923a7e7d508b87a0",
            "peer_account_id": "528757795742",
            "peer_region": "us-west-1",
            "peer_transit_gateway_id": "tgw-04bb419b4eaf760a2",
            "tags": {
              "Name": "accept_California_to_tokyo"
            },
            "tags_all": {
              "Name": "accept_California_to_tokyo"
            },
            "transit_gateway_attachment_id": "tgw-attach-0923a7e7d508b87a0",
            "transit_gateway_id": "tgw-0bf26ad03760951a2"
          },
          "sensitive_attributes": [],
          "private": "bnVsbA==",
          "dependencies": [
            "aws_ec2_transit_gateway.California_TGW",
            "aws_ec2_transit_gateway.Tokyo_TGW",
            "aws_ec2_transit_gateway_peering_attachment.California_to_tokyo"
          ]
        }
      ]
    },
    {
      "mode": "managed",
      "type": "aws_ec2_transit_gateway_peering_attachment_accepter",
      "name": "accept_London_to_tokyo",
      "provider": "provider[\"registry.terraform.io/hashicorp/aws\"].Tokyo",
      "instances": [
        {
          "schema_version": 0,
          "attributes": {
            "id": "tgw-attach-0900f51a6cc07d0fd",
            "peer_account_id": "528757795742",
            "peer_region": "eu-west-2",
            "peer_transit_gateway_id": "tgw-025ff60e64e68e83b",
            "tags": null,
            "tags_all": {},
            "transit_gateway_attachment_id": "tgw-attach-0900f51a6cc07d0fd",
            "transit_gateway_id": "tgw-0bf26ad03760951a2"
          },
          "sensitive_attributes": [],
          "private": "bnVsbA==",
          "dependencies": [
            "aws_ec2_transit_gateway.London_TGW",
            "aws_ec2_transit_gateway.Tokyo_TGW",
            "aws_ec2_transit_gateway_peering_attachment.London_to_tokyo"
          ]
        }
      ]
    },
    {
      "mode": "managed",
      "type": "aws_ec2_transit_gateway_peering_attachment_accepter",
      "name": "accept_New_York_to_tokyo",
      "provider": "provider[\"registry.terraform.io/hashicorp/aws\"].Tokyo",
      "instances": [
        {
          "schema_version": 0,
          "attributes": {
            "id": "tgw-attach-04b2723d361e5a602",
            "peer_account_id": "528757795742",
            "peer_region": "us-east-1",
            "peer_transit_gateway_id": "tgw-04789f682753f6f6a",
            "tags": {
              "Name": "accept_New-York_to_tokyo"
            },
            "tags_all": {
              "Name": "accept_New-York_to_tokyo"
            },
            "transit_gateway_attachment_id": "tgw-attach-04b2723d361e5a602",
            "transit_gateway_id": "tgw-0bf26ad03760951a2"
          },
          "sensitive_attributes": [],
          "private": "bnVsbA==",
          "dependencies": [
            "aws_ec2_transit_gateway.New_York_TGW",
            "aws_ec2_transit_gateway.Tokyo_TGW",
            "aws_ec2_transit_gateway_peering_attachment.New_York_to_tokyo"
          ]
        }
      ]
    },
    {
      "mode": "managed",
      "type": "aws_ec2_transit_gateway_peering_attachment_accepter",
      "name": "accept_Sao_Paulo_to_tokyo",
      "provider": "provider[\"registry.terraform.io/hashicorp/aws\"].Tokyo",
      "instances": [
        {
          "schema_version": 0,
          "attributes": {
            "id": "tgw-attach-0782b3519aac800cd",
            "peer_account_id": "528757795742",
            "peer_region": "sa-east-1",
            "peer_transit_gateway_id": "tgw-0691bd61edf3cf2a1",
            "tags": {
              "Name": "accept_Sao-Paulo_to_tokyo"
            },
            "tags_all": {
              "Name": "accept_Sao-Paulo_to_tokyo"
            },
            "transit_gateway_attachment_id": "tgw-attach-0782b3519aac800cd",
            "transit_gateway_id": "tgw-0bf26ad03760951a2"
          },
          "sensitive_attributes": [],
          "private": "bnVsbA==",
          "dependencies": [
            "aws_ec2_transit_gateway.Sao_Paulo_TGW",
            "aws_ec2_transit_gateway.Tokyo_TGW",
            "aws_ec2_transit_gateway_peering_attachment.Sao_Paulo_to_tokyo"
          ]
        }
      ]
    },
    {
      "mode": "managed",
      "type": "aws_ec2_transit_gateway_peering_attachment_accepter",
      "name": "accept_hong_kong_to_tokyo",
      "provider": "provider[\"registry.terraform.io/hashicorp/aws\"].Tokyo",
      "instances": [
        {
          "schema_version": 0,
          "attributes": {
            "id": "tgw-attach-0bcc3940469191668",
            "peer_account_id": "528757795742",
            "peer_region": "ap-east-1",
            "peer_transit_gateway_id": "tgw-0386b2905e3c5ab7b",
            "tags": null,
            "tags_all": {},
            "transit_gateway_attachment_id": "tgw-attach-0bcc3940469191668",
            "transit_gateway_id": "tgw-0bf26ad03760951a2"
          },
          "sensitive_attributes": [],
          "private": "bnVsbA==",
          "dependencies": [
            "aws_ec2_transit_gateway.Hong_Kong_TGW",
            "aws_ec2_transit_gateway.Tokyo_TGW",
            "aws_ec2_transit_gateway_peering_attachment.hong_kong_to_tokyo"
          ]
        }
      ]
    },
    {
      "mode": "managed",
      "type": "aws_ec2_transit_gateway_route",
      "name": "Australia_local_vpc_route",
      "provider": "provider[\"registry.terraform.io/hashicorp/aws\"].Australia",
      "instances": [
        {
          "schema_version": 0,
          "attributes": {
            "blackhole": false,
            "destination_cidr_block": "10.25.0.0/16",
            "id": "tgw-rtb-01cdabc2564dafea0_10.25.0.0/16",
            "transit_gateway_attachment_id": "tgw-attach-04d973739ffce25d4",
            "transit_gateway_route_table_id": "tgw-rtb-01cdabc2564dafea0"
          },
          "sensitive_attributes": [],
          "private": "bnVsbA==",
          "dependencies": [
            "aws_ec2_transit_gateway.Australia_TGW",
            "aws_ec2_transit_gateway_route_table.Australia",
            "aws_ec2_transit_gateway_vpc_attachment.australia_vpc_attachment",
            "aws_subnet.private-ap-southeast-2a",
            "aws_subnet.private-ap-southeast-2b",
            "aws_vpc.australia-vpc"
          ]
        }
      ]
    },
    {
      "mode": "managed",
      "type": "aws_ec2_transit_gateway_route",
      "name": "Sao_Paulo_local_vpc_route",
      "provider": "provider[\"registry.terraform.io/hashicorp/aws\"].Sao-Paulo",
      "instances": [
        {
          "schema_version": 0,
          "attributes": {
            "blackhole": false,
            "destination_cidr_block": "10.23.0.0/16",
            "id": "tgw-rtb-0fbd51421335bf45c_10.23.0.0/16",
            "transit_gateway_attachment_id": "tgw-attach-0bf9ca01bb8949100",
            "transit_gateway_route_table_id": "tgw-rtb-0fbd51421335bf45c"
          },
          "sensitive_attributes": [],
          "private": "bnVsbA==",
          "dependencies": [
            "aws_ec2_transit_gateway.Sao_Paulo_TGW",
            "aws_ec2_transit_gateway_route_table.Sao_Paulo",
            "aws_ec2_transit_gateway_vpc_attachment.sao_paulo_vpc_attachment",
            "aws_subnet.private-sa-east-1a",
            "aws_subnet.private-sa-east-1c",
            "aws_vpc.sao-paulo-vpc"
          ]
        }
      ]
    },
    {
      "mode": "managed",
      "type": "aws_ec2_transit_gateway_route",
      "name": "hong_kong_local_vpc_route",
      "provider": "provider[\"registry.terraform.io/hashicorp/aws\"].Hong-Kong",
      "instances": [
        {
          "schema_version": 0,
          "attributes": {
            "blackhole": false,
            "destination_cidr_block": "10.21.0.0/16",
            "id": "tgw-rtb-09c86e9aad841e479_10.21.0.0/16",
            "transit_gateway_attachment_id": "tgw-attach-011c53404e5606e40",
            "transit_gateway_route_table_id": "tgw-rtb-09c86e9aad841e479"
          },
          "sensitive_attributes": [],
          "private": "bnVsbA==",
          "dependencies": [
            "aws_ec2_transit_gateway.Hong_Kong_TGW",
            "aws_ec2_transit_gateway_route_table.hong_kong",
            "aws_ec2_transit_gateway_vpc_attachment.hong_kong_vpc_attachment",
            "aws_subnet.private-ap-east-1a",
            "aws_subnet.private-ap-east-1b",
            "aws_vpc.hong-kong-vpc"
          ]
        }
      ]
    },
    {
      "mode": "managed",
      "type": "aws_ec2_transit_gateway_route",
      "name": "london_local_vpc_route",
      "provider": "provider[\"registry.terraform.io/hashicorp/aws\"].London",
      "instances": [
        {
          "schema_version": 0,
          "attributes": {
            "blackhole": false,
            "destination_cidr_block": "10.22.0.0/16",
            "id": "tgw-rtb-00dbe7ede802bb0c9_10.22.0.0/16",
            "transit_gateway_attachment_id": "tgw-attach-08776809bcb2d0aa9",
            "transit_gateway_route_table_id": "tgw-rtb-00dbe7ede802bb0c9"
          },
          "sensitive_attributes": [],
          "private": "bnVsbA==",
          "dependencies": [
            "aws_ec2_transit_gateway.London_TGW",
            "aws_ec2_transit_gateway_route_table.London",
            "aws_ec2_transit_gateway_vpc_attachment.london_vpc_attachment",
            "aws_subnet.private-eu-west-2a",
            "aws_subnet.private-eu-west-2b",
            "aws_vpc.london-vpc"
          ]
        }
      ]
    },
    {
      "mode": "managed",
      "type": "aws_ec2_transit_gateway_route",
      "name": "tokyo_local_vpc_route",
      "provider": "provider[\"registry.terraform.io/hashicorp/aws\"].Tokyo",
      "instances": [
        {
          "schema_version": 0,
          "attributes": {
            "blackhole": false,
            "destination_cidr_block": "10.20.0.0/16",
            "id": "tgw-rtb-01057f066bef11035_10.20.0.0/16",
            "transit_gateway_attachment_id": "tgw-attach-094a6f3ad1db54de6",
            "transit_gateway_route_table_id": "tgw-rtb-01057f066bef11035"
          },
          "sensitive_attributes": [],
          "private": "bnVsbA==",
          "dependencies": [
            "aws_ec2_transit_gateway.Tokyo_TGW",
            "aws_ec2_transit_gateway_route_table.tokyo",
            "aws_ec2_transit_gateway_vpc_attachment.tokyo_vpc_attachment",
            "aws_subnet.private-ap-northeast-1a",
            "aws_subnet.private-ap-northeast-1c",
            "aws_vpc.tokyo-vpc"
          ]
        }
      ]
    },
    {
      "mode": "managed",
      "type": "aws_ec2_transit_gateway_route_table",
      "name": "Australia",
      "provider": "provider[\"registry.terraform.io/hashicorp/aws\"].Australia",
      "instances": [
        {
          "schema_version": 0,
          "attributes": {
            "arn": "arn:aws:ec2:ap-southeast-2:528757795742:transit-gateway-route-table/tgw-rtb-01cdabc2564dafea0",
            "default_association_route_table": false,
            "default_propagation_route_table": false,
            "id": "tgw-rtb-01cdabc2564dafea0",
            "tags": {
              "Name": "Australia-TGW-RTB"
            },
            "tags_all": {
              "Name": "Australia-TGW-RTB"
            },
            "transit_gateway_id": "tgw-0ee915fc589373a10"
          },
          "sensitive_attributes": [],
          "private": "bnVsbA==",
          "dependencies": [
            "aws_ec2_transit_gateway.Australia_TGW"
          ]
        }
      ]
    },
    {
      "mode": "managed",
      "type": "aws_ec2_transit_gateway_route_table",
      "name": "California",
      "provider": "provider[\"registry.terraform.io/hashicorp/aws\"].California",
      "instances": [
        {
          "schema_version": 0,
          "attributes": {
            "arn": "arn:aws:ec2:us-west-1:528757795742:transit-gateway-route-table/tgw-rtb-0b1ecc0fb769ee43d",
            "default_association_route_table": false,
            "default_propagation_route_table": false,
            "id": "tgw-rtb-0b1ecc0fb769ee43d",
            "tags": {
              "Name": "California-TGW-RTB"
            },
            "tags_all": {
              "Name": "California-TGW-RTB"
            },
            "transit_gateway_id": "tgw-04bb419b4eaf760a2"
          },
          "sensitive_attributes": [],
          "private": "bnVsbA==",
          "dependencies": [
            "aws_ec2_transit_gateway.California_TGW"
          ]
        }
      ]
    },
    {
      "mode": "managed",
      "type": "aws_ec2_transit_gateway_route_table",
      "name": "London",
      "provider": "provider[\"registry.terraform.io/hashicorp/aws\"].London",
      "instances": [
        {
          "schema_version": 0,
          "attributes": {
            "arn": "arn:aws:ec2:eu-west-2:528757795742:transit-gateway-route-table/tgw-rtb-00dbe7ede802bb0c9",
            "default_association_route_table": false,
            "default_propagation_route_table": false,
            "id": "tgw-rtb-00dbe7ede802bb0c9",
            "tags": {
              "Name": "London-TGW-RTB"
            },
            "tags_all": {
              "Name": "London-TGW-RTB"
            },
            "transit_gateway_id": "tgw-025ff60e64e68e83b"
          },
          "sensitive_attributes": [],
          "private": "bnVsbA==",
          "dependencies": [
            "aws_ec2_transit_gateway.London_TGW"
          ]
        }
      ]
    },
    {
      "mode": "managed",
      "type": "aws_ec2_transit_gateway_route_table",
      "name": "New_York",
      "provider": "provider[\"registry.terraform.io/hashicorp/aws\"].New-York",
      "instances": [
        {
          "schema_version": 0,
          "attributes": {
            "arn": "arn:aws:ec2:us-east-1:528757795742:transit-gateway-route-table/tgw-rtb-03fae55f300f99f49",
            "default_association_route_table": false,
            "default_propagation_route_table": false,
            "id": "tgw-rtb-03fae55f300f99f49",
            "tags": {
              "Name": "New-York-TGW-RTB"
            },
            "tags_all": {
              "Name": "New-York-TGW-RTB"
            },
            "transit_gateway_id": "tgw-04789f682753f6f6a"
          },
          "sensitive_attributes": [],
          "private": "bnVsbA==",
          "dependencies": [
            "aws_ec2_transit_gateway.New_York_TGW"
          ]
        }
      ]
    },
    {
      "mode": "managed",
      "type": "aws_ec2_transit_gateway_route_table",
      "name": "Sao_Paulo",
      "provider": "provider[\"registry.terraform.io/hashicorp/aws\"].Sao-Paulo",
      "instances": [
        {
          "schema_version": 0,
          "attributes": {
            "arn": "arn:aws:ec2:sa-east-1:528757795742:transit-gateway-route-table/tgw-rtb-0fbd51421335bf45c",
            "default_association_route_table": false,
            "default_propagation_route_table": false,
            "id": "tgw-rtb-0fbd51421335bf45c",
            "tags": {
              "Name": "Sao-Paulo-TGW-RTB"
            },
            "tags_all": {
              "Name": "Sao-Paulo-TGW-RTB"
            },
            "transit_gateway_id": "tgw-0691bd61edf3cf2a1"
          },
          "sensitive_attributes": [],
          "private": "bnVsbA==",
          "dependencies": [
            "aws_ec2_transit_gateway.Sao_Paulo_TGW"
          ]
        }
      ]
    },
    {
      "mode": "managed",
      "type": "aws_ec2_transit_gateway_route_table",
      "name": "hong_kong",
      "provider": "provider[\"registry.terraform.io/hashicorp/aws\"].Hong-Kong",
      "instances": [
        {
          "schema_version": 0,
          "attributes": {
            "arn": "arn:aws:ec2:ap-east-1:528757795742:transit-gateway-route-table/tgw-rtb-09c86e9aad841e479",
            "default_association_route_table": false,
            "default_propagation_route_table": false,
            "id": "tgw-rtb-09c86e9aad841e479",
            "tags": {
              "Name": "Hong-Kong-TGW-RTB"
            },
            "tags_all": {
              "Name": "Hong-Kong-TGW-RTB"
            },
            "transit_gateway_id": "tgw-0386b2905e3c5ab7b"
          },
          "sensitive_attributes": [],
          "private": "bnVsbA==",
          "dependencies": [
            "aws_ec2_transit_gateway.Hong_Kong_TGW"
          ]
        }
      ]
    },
    {
      "mode": "managed",
      "type": "aws_ec2_transit_gateway_route_table",
      "name": "tokyo",
      "provider": "provider[\"registry.terraform.io/hashicorp/aws\"].Tokyo",
      "instances": [
        {
          "schema_version": 0,
          "attributes": {
            "arn": "arn:aws:ec2:ap-northeast-1:528757795742:transit-gateway-route-table/tgw-rtb-01057f066bef11035",
            "default_association_route_table": false,
            "default_propagation_route_table": false,
            "id": "tgw-rtb-01057f066bef11035",
            "tags": {
              "Name": "Tokyo-TGW-RTB"
            },
            "tags_all": {
              "Name": "Tokyo-TGW-RTB"
            },
            "transit_gateway_id": "tgw-0bf26ad03760951a2"
          },
          "sensitive_attributes": [],
          "private": "bnVsbA==",
          "dependencies": [
            "aws_ec2_transit_gateway.Tokyo_TGW"
          ]
        }
      ]
    },
    {
      "mode": "managed",
      "type": "aws_ec2_transit_gateway_route_table_association",
      "name": "Sao_Paulo_vpc_association",
      "provider": "provider[\"registry.terraform.io/hashicorp/aws\"].Sao-Paulo",
      "instances": [
        {
          "schema_version": 0,
          "attributes": {
            "id": "tgw-rtb-0fbd51421335bf45c_tgw-attach-0bf9ca01bb8949100",
            "resource_id": "vpc-0b0d52a54ea4c93b3",
            "resource_type": "vpc",
            "transit_gateway_attachment_id": "tgw-attach-0bf9ca01bb8949100",
            "transit_gateway_route_table_id": "tgw-rtb-0fbd51421335bf45c"
          },
          "sensitive_attributes": [],
          "private": "bnVsbA==",
          "dependencies": [
            "aws_ec2_transit_gateway.Sao_Paulo_TGW",
            "aws_ec2_transit_gateway_route_table.Sao_Paulo",
            "aws_ec2_transit_gateway_vpc_attachment.sao_paulo_vpc_attachment",
            "aws_subnet.private-sa-east-1a",
            "aws_subnet.private-sa-east-1c",
            "aws_vpc.sao-paulo-vpc"
          ]
        }
      ]
    },
    {
      "mode": "managed",
      "type": "aws_ec2_transit_gateway_route_table_association",
      "name": "australia_vpc_association",
      "provider": "provider[\"registry.terraform.io/hashicorp/aws\"].Australia",
      "instances": [
        {
          "schema_version": 0,
          "attributes": {
            "id": "tgw-rtb-01cdabc2564dafea0_tgw-attach-04d973739ffce25d4",
            "resource_id": "vpc-04acad0dcf5478c8b",
            "resource_type": "vpc",
            "transit_gateway_attachment_id": "tgw-attach-04d973739ffce25d4",
            "transit_gateway_route_table_id": "tgw-rtb-01cdabc2564dafea0"
          },
          "sensitive_attributes": [],
          "private": "bnVsbA==",
          "dependencies": [
            "aws_ec2_transit_gateway.Australia_TGW",
            "aws_ec2_transit_gateway_route_table.Australia",
            "aws_ec2_transit_gateway_vpc_attachment.australia_vpc_attachment",
            "aws_subnet.private-ap-southeast-2a",
            "aws_subnet.private-ap-southeast-2b",
            "aws_vpc.australia-vpc"
          ]
        }
      ]
    },
    {
      "mode": "managed",
      "type": "aws_ec2_transit_gateway_route_table_association",
      "name": "hong_kong_vpc_association",
      "provider": "provider[\"registry.terraform.io/hashicorp/aws\"].Hong-Kong",
      "instances": [
        {
          "schema_version": 0,
          "attributes": {
            "id": "tgw-rtb-09c86e9aad841e479_tgw-attach-011c53404e5606e40",
            "resource_id": "vpc-059ae451ac8cec4c7",
            "resource_type": "vpc",
            "transit_gateway_attachment_id": "tgw-attach-011c53404e5606e40",
            "transit_gateway_route_table_id": "tgw-rtb-09c86e9aad841e479"
          },
          "sensitive_attributes": [],
          "private": "bnVsbA==",
          "dependencies": [
            "aws_ec2_transit_gateway.Hong_Kong_TGW",
            "aws_ec2_transit_gateway_route_table.hong_kong",
            "aws_ec2_transit_gateway_vpc_attachment.hong_kong_vpc_attachment",
            "aws_subnet.private-ap-east-1a",
            "aws_subnet.private-ap-east-1b",
            "aws_vpc.hong-kong-vpc"
          ]
        }
      ]
    },
    {
      "mode": "managed",
      "type": "aws_ec2_transit_gateway_route_table_association",
      "name": "london_vpc_association",
      "provider": "provider[\"registry.terraform.io/hashicorp/aws\"].London",
      "instances": [
        {
          "schema_version": 0,
          "attributes": {
            "id": "tgw-rtb-00dbe7ede802bb0c9_tgw-attach-08776809bcb2d0aa9",
            "resource_id": "vpc-042ad90137798e878",
            "resource_type": "vpc",
            "transit_gateway_attachment_id": "tgw-attach-08776809bcb2d0aa9",
            "transit_gateway_route_table_id": "tgw-rtb-00dbe7ede802bb0c9"
          },
          "sensitive_attributes": [],
          "private": "bnVsbA==",
          "dependencies": [
            "aws_ec2_transit_gateway.London_TGW",
            "aws_ec2_transit_gateway_route_table.London",
            "aws_ec2_transit_gateway_vpc_attachment.london_vpc_attachment",
            "aws_subnet.private-eu-west-2a",
            "aws_subnet.private-eu-west-2b",
            "aws_vpc.london-vpc"
          ]
        }
      ]
    },
    {
      "mode": "managed",
      "type": "aws_ec2_transit_gateway_route_table_association",
      "name": "tokyo_vpc_association",
      "provider": "provider[\"registry.terraform.io/hashicorp/aws\"].Tokyo",
      "instances": [
        {
          "schema_version": 0,
          "attributes": {
            "id": "tgw-rtb-01057f066bef11035_tgw-attach-094a6f3ad1db54de6",
            "resource_id": "vpc-0f4201de7a1303e52",
            "resource_type": "vpc",
            "transit_gateway_attachment_id": "tgw-attach-094a6f3ad1db54de6",
            "transit_gateway_route_table_id": "tgw-rtb-01057f066bef11035"
          },
          "sensitive_attributes": [],
          "private": "bnVsbA==",
          "dependencies": [
            "aws_ec2_transit_gateway.Tokyo_TGW",
            "aws_ec2_transit_gateway_route_table.tokyo",
            "aws_ec2_transit_gateway_vpc_attachment.tokyo_vpc_attachment",
            "aws_subnet.private-ap-northeast-1a",
            "aws_subnet.private-ap-northeast-1c",
            "aws_vpc.tokyo-vpc"
          ]
        }
      ]
    },
    {
      "mode": "managed",
      "type": "aws_ec2_transit_gateway_vpc_attachment",
      "name": "australia_vpc_attachment",
      "provider": "provider[\"registry.terraform.io/hashicorp/aws\"].Australia",
      "instances": [
        {
          "schema_version": 0,
          "attributes": {
            "appliance_mode_support": "disable",
            "dns_support": "enable",
            "id": "tgw-attach-04d973739ffce25d4",
            "ipv6_support": "disable",
            "subnet_ids": [
              "subnet-0989d207f715c5ae2",
              "subnet-0dc44b203dc3e5117"
            ],
            "tags": {
              "Name": "Australia_VPC_Attachment"
            },
            "tags_all": {
              "Name": "Australia_VPC_Attachment"
            },
            "transit_gateway_default_route_table_association": false,
            "transit_gateway_default_route_table_propagation": false,
            "transit_gateway_id": "tgw-0ee915fc589373a10",
            "vpc_id": "vpc-04acad0dcf5478c8b",
            "vpc_owner_id": "528757795742"
          },
          "sensitive_attributes": [],
          "private": "bnVsbA==",
          "dependencies": [
            "aws_ec2_transit_gateway.Australia_TGW",
            "aws_subnet.private-ap-southeast-2a",
            "aws_subnet.private-ap-southeast-2b",
            "aws_vpc.australia-vpc"
          ]
        }
      ]
    },
    {
      "mode": "managed",
      "type": "aws_ec2_transit_gateway_vpc_attachment",
      "name": "hong_kong_vpc_attachment",
      "provider": "provider[\"registry.terraform.io/hashicorp/aws\"].Hong-Kong",
      "instances": [
        {
          "schema_version": 0,
          "attributes": {
            "appliance_mode_support": "disable",
            "dns_support": "enable",
            "id": "tgw-attach-011c53404e5606e40",
            "ipv6_support": "disable",
            "subnet_ids": [
              "subnet-0b4042c22aa23e87e",
              "subnet-0d0c86c44644771d7"
            ],
            "tags": {
              "Name": "Hong_Kong_VPC_Attachment"
            },
            "tags_all": {
              "Name": "Hong_Kong_VPC_Attachment"
            },
            "transit_gateway_default_route_table_association": false,
            "transit_gateway_default_route_table_propagation": false,
            "transit_gateway_id": "tgw-0386b2905e3c5ab7b",
            "vpc_id": "vpc-059ae451ac8cec4c7",
            "vpc_owner_id": "528757795742"
          },
          "sensitive_attributes": [],
          "private": "bnVsbA==",
          "dependencies": [
            "aws_ec2_transit_gateway.Hong_Kong_TGW",
            "aws_subnet.private-ap-east-1a",
            "aws_subnet.private-ap-east-1b",
            "aws_vpc.hong-kong-vpc"
          ]
        }
      ]
    },
    {
      "mode": "managed",
      "type": "aws_ec2_transit_gateway_vpc_attachment",
      "name": "london_vpc_attachment",
      "provider": "provider[\"registry.terraform.io/hashicorp/aws\"].London",
      "instances": [
        {
          "schema_version": 0,
          "attributes": {
            "appliance_mode_support": "disable",
            "dns_support": "enable",
            "id": "tgw-attach-08776809bcb2d0aa9",
            "ipv6_support": "disable",
            "subnet_ids": [
              "subnet-07bd8bf67cac28f95",
              "subnet-08c2033cc387452a3"
            ],
            "tags": {
              "Name": "London_VPC_Attachment"
            },
            "tags_all": {
              "Name": "London_VPC_Attachment"
            },
            "transit_gateway_default_route_table_association": false,
            "transit_gateway_default_route_table_propagation": false,
            "transit_gateway_id": "tgw-025ff60e64e68e83b",
            "vpc_id": "vpc-042ad90137798e878",
            "vpc_owner_id": "528757795742"
          },
          "sensitive_attributes": [],
          "private": "bnVsbA==",
          "dependencies": [
            "aws_ec2_transit_gateway.London_TGW",
            "aws_subnet.private-eu-west-2a",
            "aws_subnet.private-eu-west-2b",
            "aws_vpc.london-vpc"
          ]
        }
      ]
    },
    {
      "mode": "managed",
      "type": "aws_ec2_transit_gateway_vpc_attachment",
      "name": "sao_paulo_vpc_attachment",
      "provider": "provider[\"registry.terraform.io/hashicorp/aws\"].Sao-Paulo",
      "instances": [
        {
          "schema_version": 0,
          "attributes": {
            "appliance_mode_support": "disable",
            "dns_support": "enable",
            "id": "tgw-attach-0bf9ca01bb8949100",
            "ipv6_support": "disable",
            "subnet_ids": [
              "subnet-09c2f253b21e8c516",
              "subnet-0c855015f37c17cbc"
            ],
            "tags": {
              "Name": "Sao_Paulo_VPC_Attachment"
            },
            "tags_all": {
              "Name": "Sao_Paulo_VPC_Attachment"
            },
            "transit_gateway_default_route_table_association": false,
            "transit_gateway_default_route_table_propagation": false,
            "transit_gateway_id": "tgw-0691bd61edf3cf2a1",
            "vpc_id": "vpc-0b0d52a54ea4c93b3",
            "vpc_owner_id": "528757795742"
          },
          "sensitive_attributes": [],
          "private": "bnVsbA==",
          "dependencies": [
            "aws_ec2_transit_gateway.Sao_Paulo_TGW",
            "aws_subnet.private-sa-east-1a",
            "aws_subnet.private-sa-east-1c",
            "aws_vpc.sao-paulo-vpc"
          ]
        }
      ]
    },
    {
      "mode": "managed",
      "type": "aws_ec2_transit_gateway_vpc_attachment",
      "name": "tokyo_vpc_attachment",
      "provider": "provider[\"registry.terraform.io/hashicorp/aws\"].Tokyo",
      "instances": [
        {
          "schema_version": 0,
          "attributes": {
            "appliance_mode_support": "disable",
            "dns_support": "enable",
            "id": "tgw-attach-094a6f3ad1db54de6",
            "ipv6_support": "disable",
            "subnet_ids": [
              "subnet-04aedff17884af15b",
              "subnet-0cb547f25032616a3"
            ],
            "tags": {
              "Name": "Tokyo_VPC_Attachment"
            },
            "tags_all": {
              "Name": "Tokyo_VPC_Attachment"
            },
            "transit_gateway_default_route_table_association": false,
            "transit_gateway_default_route_table_propagation": false,
            "transit_gateway_id": "tgw-0bf26ad03760951a2",
            "vpc_id": "vpc-0f4201de7a1303e52",
            "vpc_owner_id": "528757795742"
          },
          "sensitive_attributes": [],
          "private": "bnVsbA==",
          "dependencies": [
            "aws_ec2_transit_gateway.Tokyo_TGW",
            "aws_subnet.private-ap-northeast-1a",
            "aws_subnet.private-ap-northeast-1c",
            "aws_vpc.tokyo-vpc"
          ]
        }
      ]
    },
    {
      "mode": "managed",
      "type": "aws_eip",
      "name": "australia",
      "provider": "provider[\"registry.terraform.io/hashicorp/aws\"].Australia",
      "instances": [
        {
          "schema_version": 0,
          "attributes": {
            "address": null,
            "allocation_id": "eipalloc-03a436d36297f3598",
            "associate_with_private_ip": null,
            "association_id": "",
            "carrier_ip": "",
            "customer_owned_ip": "",
            "customer_owned_ipv4_pool": "",
            "domain": "vpc",
            "id": "eipalloc-03a436d36297f3598",
            "instance": "",
            "network_border_group": "ap-southeast-2",
            "network_interface": "",
            "private_dns": null,
            "private_ip": "",
            "public_dns": "ec2-54-206-183-64.ap-southeast-2.compute.amazonaws.com",
            "public_ip": "54.206.183.64",
            "public_ipv4_pool": "amazon",
            "tags": null,
            "tags_all": {},
            "timeouts": null,
            "vpc": true
          },
          "sensitive_attributes": [],
          "private": "eyJlMmJmYjczMC1lY2FhLTExZTYtOGY4OC0zNDM2M2JjN2M0YzAiOnsiZGVsZXRlIjoxODAwMDAwMDAwMDAsInJlYWQiOjkwMDAwMDAwMDAwMCwidXBkYXRlIjozMDAwMDAwMDAwMDB9fQ=="
        }
      ]
    },
    {
      "mode": "managed",
      "type": "aws_eip",
      "name": "california",
      "provider": "provider[\"registry.terraform.io/hashicorp/aws\"].California",
      "instances": [
        {
          "schema_version": 0,
          "attributes": {
            "address": null,
            "allocation_id": "eipalloc-0a59df1b0df8756f6",
            "associate_with_private_ip": null,
            "association_id": "",
            "carrier_ip": "",
            "customer_owned_ip": "",
            "customer_owned_ipv4_pool": "",
            "domain": "vpc",
            "id": "eipalloc-0a59df1b0df8756f6",
            "instance": "",
            "network_border_group": "us-west-1",
            "network_interface": "",
            "private_dns": null,
            "private_ip": "",
            "public_dns": "ec2-13-56-162-195.us-west-1.compute.amazonaws.com",
            "public_ip": "13.56.162.195",
            "public_ipv4_pool": "amazon",
            "tags": null,
            "tags_all": {},
            "timeouts": null,
            "vpc": true
          },
          "sensitive_attributes": [],
          "private": "eyJlMmJmYjczMC1lY2FhLTExZTYtOGY4OC0zNDM2M2JjN2M0YzAiOnsiZGVsZXRlIjoxODAwMDAwMDAwMDAsInJlYWQiOjkwMDAwMDAwMDAwMCwidXBkYXRlIjozMDAwMDAwMDAwMDB9fQ=="
        }
      ]
    },
    {
      "mode": "managed",
      "type": "aws_eip",
      "name": "hong_kong",
      "provider": "provider[\"registry.terraform.io/hashicorp/aws\"].Hong-Kong",
      "instances": [
        {
          "schema_version": 0,
          "attributes": {
            "address": null,
            "allocation_id": "eipalloc-0701247a16d710901",
            "associate_with_private_ip": null,
            "association_id": "",
            "carrier_ip": "",
            "customer_owned_ip": "",
            "customer_owned_ipv4_pool": "",
            "domain": "vpc",
            "id": "eipalloc-0701247a16d710901",
            "instance": "",
            "network_border_group": "ap-east-1",
            "network_interface": "",
            "private_dns": null,
            "private_ip": "",
            "public_dns": "ec2-18-162-65-68.ap-east-1.compute.amazonaws.com",
            "public_ip": "18.162.65.68",
            "public_ipv4_pool": "amazon",
            "tags": null,
            "tags_all": {},
            "timeouts": null,
            "vpc": true
          },
          "sensitive_attributes": [],
          "private": "eyJlMmJmYjczMC1lY2FhLTExZTYtOGY4OC0zNDM2M2JjN2M0YzAiOnsiZGVsZXRlIjoxODAwMDAwMDAwMDAsInJlYWQiOjkwMDAwMDAwMDAwMCwidXBkYXRlIjozMDAwMDAwMDAwMDB9fQ=="
        }
      ]
    },
    {
      "mode": "managed",
      "type": "aws_eip",
      "name": "london",
      "provider": "provider[\"registry.terraform.io/hashicorp/aws\"].London",
      "instances": [
        {
          "schema_version": 0,
          "attributes": {
            "address": null,
            "allocation_id": "eipalloc-09e3f51d90c87b734",
            "associate_with_private_ip": null,
            "association_id": "",
            "carrier_ip": "",
            "customer_owned_ip": "",
            "customer_owned_ipv4_pool": "",
            "domain": "vpc",
            "id": "eipalloc-09e3f51d90c87b734",
            "instance": "",
            "network_border_group": "eu-west-2",
            "network_interface": "",
            "private_dns": null,
            "private_ip": "",
            "public_dns": "ec2-18-171-138-60.eu-west-2.compute.amazonaws.com",
            "public_ip": "18.171.138.60",
            "public_ipv4_pool": "amazon",
            "tags": null,
            "tags_all": {},
            "timeouts": null,
            "vpc": true
          },
          "sensitive_attributes": [],
          "private": "eyJlMmJmYjczMC1lY2FhLTExZTYtOGY4OC0zNDM2M2JjN2M0YzAiOnsiZGVsZXRlIjoxODAwMDAwMDAwMDAsInJlYWQiOjkwMDAwMDAwMDAwMCwidXBkYXRlIjozMDAwMDAwMDAwMDB9fQ=="
        }
      ]
    },
    {
      "mode": "managed",
      "type": "aws_eip",
      "name": "sao_paulo",
      "provider": "provider[\"registry.terraform.io/hashicorp/aws\"].Sao-Paulo",
      "instances": [
        {
          "schema_version": 0,
          "attributes": {
            "address": null,
            "allocation_id": "eipalloc-083c8ddd1e25a2e55",
            "associate_with_private_ip": null,
            "association_id": "",
            "carrier_ip": "",
            "customer_owned_ip": "",
            "customer_owned_ipv4_pool": "",
            "domain": "vpc",
            "id": "eipalloc-083c8ddd1e25a2e55",
            "instance": "",
            "network_border_group": "sa-east-1",
            "network_interface": "",
            "private_dns": null,
            "private_ip": "",
            "public_dns": "ec2-54-207-161-58.sa-east-1.compute.amazonaws.com",
            "public_ip": "54.207.161.58",
            "public_ipv4_pool": "amazon",
            "tags": null,
            "tags_all": {},
            "timeouts": null,
            "vpc": true
          },
          "sensitive_attributes": [],
          "private": "eyJlMmJmYjczMC1lY2FhLTExZTYtOGY4OC0zNDM2M2JjN2M0YzAiOnsiZGVsZXRlIjoxODAwMDAwMDAwMDAsInJlYWQiOjkwMDAwMDAwMDAwMCwidXBkYXRlIjozMDAwMDAwMDAwMDB9fQ=="
        }
      ]
    },
    {
      "mode": "managed",
      "type": "aws_eip",
      "name": "tokyo",
      "provider": "provider[\"registry.terraform.io/hashicorp/aws\"].Tokyo",
      "instances": [
        {
          "schema_version": 0,
          "attributes": {
            "address": null,
            "allocation_id": "eipalloc-018f84e2f69d51fda",
            "associate_with_private_ip": null,
            "association_id": "",
            "carrier_ip": "",
            "customer_owned_ip": "",
            "customer_owned_ipv4_pool": "",
            "domain": "vpc",
            "id": "eipalloc-018f84e2f69d51fda",
            "instance": "",
            "network_border_group": "ap-northeast-1",
            "network_interface": "",
            "private_dns": null,
            "private_ip": "",
            "public_dns": "ec2-3-115-64-196.ap-northeast-1.compute.amazonaws.com",
            "public_ip": "3.115.64.196",
            "public_ipv4_pool": "amazon",
            "tags": null,
            "tags_all": {},
            "timeouts": null,
            "vpc": true
          },
          "sensitive_attributes": [],
          "private": "eyJlMmJmYjczMC1lY2FhLTExZTYtOGY4OC0zNDM2M2JjN2M0YzAiOnsiZGVsZXRlIjoxODAwMDAwMDAwMDAsInJlYWQiOjkwMDAwMDAwMDAwMCwidXBkYXRlIjozMDAwMDAwMDAwMDB9fQ=="
        }
      ]
    },
    {
      "mode": "managed",
      "type": "aws_internet_gateway",
      "name": "australia",
      "provider": "provider[\"registry.terraform.io/hashicorp/aws\"].Australia",
      "instances": [
        {
          "schema_version": 0,
          "attributes": {
            "arn": "arn:aws:ec2:ap-southeast-2:528757795742:internet-gateway/igw-0db8933d244bc7a87",
            "id": "igw-0db8933d244bc7a87",
            "owner_id": "528757795742",
            "tags": null,
            "tags_all": {},
            "vpc_id": "vpc-04acad0dcf5478c8b"
          },
          "sensitive_attributes": [],
          "private": "bnVsbA==",
          "dependencies": [
            "aws_vpc.australia-vpc"
          ]
        }
      ]
    },
    {
      "mode": "managed",
      "type": "aws_internet_gateway",
      "name": "california",
      "provider": "provider[\"registry.terraform.io/hashicorp/aws\"].California",
      "instances": [
        {
          "schema_version": 0,
          "attributes": {
            "arn": "arn:aws:ec2:us-west-1:528757795742:internet-gateway/igw-0facb70884beba645",
            "id": "igw-0facb70884beba645",
            "owner_id": "528757795742",
            "tags": null,
            "tags_all": {},
            "vpc_id": "vpc-08c13bfb02b79febb"
          },
          "sensitive_attributes": [],
          "private": "bnVsbA==",
          "dependencies": [
            "aws_vpc.california-vpc"
          ]
        }
      ]
    },
    {
      "mode": "managed",
      "type": "aws_internet_gateway",
      "name": "hong-kong",
      "provider": "provider[\"registry.terraform.io/hashicorp/aws\"].Hong-Kong",
      "instances": [
        {
          "schema_version": 0,
          "attributes": {
            "arn": "arn:aws:ec2:ap-east-1:528757795742:internet-gateway/igw-03b2da1a4590e278d",
            "id": "igw-03b2da1a4590e278d",
            "owner_id": "528757795742",
            "tags": null,
            "tags_all": {},
            "vpc_id": "vpc-059ae451ac8cec4c7"
          },
          "sensitive_attributes": [],
          "private": "bnVsbA==",
          "dependencies": [
            "aws_vpc.hong-kong-vpc"
          ]
        }
      ]
    },
    {
      "mode": "managed",
      "type": "aws_internet_gateway",
      "name": "london",
      "provider": "provider[\"registry.terraform.io/hashicorp/aws\"].London",
      "instances": [
        {
          "schema_version": 0,
          "attributes": {
            "arn": "arn:aws:ec2:eu-west-2:528757795742:internet-gateway/igw-0cb862919b86f6ffd",
            "id": "igw-0cb862919b86f6ffd",
            "owner_id": "528757795742",
            "tags": null,
            "tags_all": {},
            "vpc_id": "vpc-042ad90137798e878"
          },
          "sensitive_attributes": [],
          "private": "bnVsbA==",
          "dependencies": [
            "aws_vpc.london-vpc"
          ]
        }
      ]
    },
    {
      "mode": "managed",
      "type": "aws_internet_gateway",
      "name": "sao-paulo",
      "provider": "provider[\"registry.terraform.io/hashicorp/aws\"].Sao-Paulo",
      "instances": [
        {
          "schema_version": 0,
          "attributes": {
            "arn": "arn:aws:ec2:sa-east-1:528757795742:internet-gateway/igw-0e8b54d85c908d046",
            "id": "igw-0e8b54d85c908d046",
            "owner_id": "528757795742",
            "tags": null,
            "tags_all": {},
            "vpc_id": "vpc-0b0d52a54ea4c93b3"
          },
          "sensitive_attributes": [],
          "private": "bnVsbA==",
          "dependencies": [
            "aws_vpc.sao-paulo-vpc"
          ]
        }
      ]
    },
    {
      "mode": "managed",
      "type": "aws_internet_gateway",
      "name": "tokyo",
      "provider": "provider[\"registry.terraform.io/hashicorp/aws\"].Tokyo",
      "instances": [
        {
          "schema_version": 0,
          "attributes": {
            "arn": "arn:aws:ec2:ap-northeast-1:528757795742:internet-gateway/igw-0928988b6235b220e",
            "id": "igw-0928988b6235b220e",
            "owner_id": "528757795742",
            "tags": null,
            "tags_all": {},
            "vpc_id": "vpc-0f4201de7a1303e52"
          },
          "sensitive_attributes": [],
          "private": "bnVsbA==",
          "dependencies": [
            "aws_vpc.tokyo-vpc"
          ]
        }
      ]
    },
    {
      "mode": "managed",
      "type": "aws_key_pair",
      "name": "australia",
      "provider": "provider[\"registry.terraform.io/hashicorp/aws\"].Australia",
      "instances": [
        {
          "schema_version": 1,
          "attributes": {
            "arn": "arn:aws:ec2:ap-southeast-2:528757795742:key-pair/terraform-20241213040207550300000001",
            "fingerprint": "b9:90:f3:f3:6f:10:c9:e4:f8:91:e6:5b:fa:c4:e2:31",
            "id": "terraform-20241213040207550300000001",
            "key_name": "terraform-20241213040207550300000001",
            "key_name_prefix": "terraform-",
            "key_pair_id": "key-0b57c6ff73879fb20",
            "public_key": "ssh-rsa AAAAB3NzaC1yc2EAAAADAQABAAABAQC+17CIlLKKUDtzj9QpQDBaxjYZzPPb8nMIY9YvnzjCmgYJvh3C+NreMeXOPqpYriMCtEujaR2SR02nQHgZOOFW2+/Wq+4JfDztc1WrmgrFEjChRk4ZTJIjkG+20fRNiKErRA4XW5KxbgSbbMG8yV28algQvTWD9hK5j853JtDvBFqT3NfuSknb20TirxCQcCi0xFEOApkZHv0tHzvWYL/VzT5nWIvBEPXNQrxqY/0bwlVtunuA8HWVyaLT3s38vH1ZWO9kgGOfprO9JUaOe3o/Sll3P7pTgIAaBU9cWEUmW0gaioS82SgoexXVJHW+ahpWVCJWevmW/qJMGOMQTqUh",
            "tags": null,
            "tags_all": {}
          },
          "sensitive_attributes": [],
          "private": "eyJzY2hlbWFfdmVyc2lvbiI6IjEifQ==",
          "dependencies": [
            "tls_private_key.australia"
          ]
        }
      ]
    },
    {
      "mode": "managed",
      "type": "aws_key_pair",
      "name": "california",
      "provider": "provider[\"registry.terraform.io/hashicorp/aws\"].California",
      "instances": [
        {
          "schema_version": 1,
          "attributes": {
            "arn": "arn:aws:ec2:us-west-1:528757795742:key-pair/terraform-20241213040159391500000001",
            "fingerprint": "af:23:53:2b:da:9e:fa:30:d9:fe:10:a9:c9:2c:9f:9f",
            "id": "terraform-20241213040159391500000001",
            "key_name": "terraform-20241213040159391500000001",
            "key_name_prefix": "terraform-",
            "key_pair_id": "key-05431cb163f083a24",
            "public_key": "ssh-rsa AAAAB3NzaC1yc2EAAAADAQABAAABAQDRyYliTH5XN2UZkU9+GfRop3GW7HXj+EYr7iTCsYV0JmCiIIp2ZAvzUu4B+zqvb3VPeSJjejCACgFIcDF29PcDCyVZd3KyvP8SUE/rkBey+A0grc3tlw7BA+yz1SeIfvhpZ3fKW1GmI4JGGsRHySL4m4ZbbIdS3YdN9ugY8q1mqbELOV/W6/k5cJ46v3CwqX/bMshtot6iTR1YW0M/xqajcwEI+ErNoSRglK9SZSgwMD970njSbqomkNWTg6FOMFMsfGp4ki6PIHUYaBmheDqdAWk1uT5aBwxzm+rgxxGOUa8eL2SpK8qIDzmtrMTCqdm5Do9NecEQg5B4WdrhCL5V",
            "tags": null,
            "tags_all": {}
          },
          "sensitive_attributes": [],
          "private": "eyJzY2hlbWFfdmVyc2lvbiI6IjEifQ==",
          "dependencies": [
            "tls_private_key.california"
          ]
        }
      ]
    },
    {
      "mode": "managed",
      "type": "aws_key_pair",
      "name": "hong-kong",
      "provider": "provider[\"registry.terraform.io/hashicorp/aws\"].Hong-Kong",
      "instances": [
        {
          "schema_version": 1,
          "attributes": {
            "arn": "arn:aws:ec2:ap-east-1:528757795742:key-pair/terraform-20241213040210161900000001",
            "fingerprint": "ef:f4:dd:c1:ab:d4:a5:f2:1d:dc:06:7a:93:32:86:1a",
            "id": "terraform-20241213040210161900000001",
            "key_name": "terraform-20241213040210161900000001",
            "key_name_prefix": "terraform-",
            "key_pair_id": "key-01d9da7d7ce50f477",
            "public_key": "ssh-rsa AAAAB3NzaC1yc2EAAAADAQABAAABAQCtsXL9EorohrW6Rd5dPvyt66zU1vMg5dpPl6YiTIYLFzOXw82PBKTZGjMViiLtVfl13omQ4uc80+F3kt6NbV36AgNtJK7A6HXYO9VmzzIX1svspH3nAxP/fnZ6uI4Wc5VymC0yUc7N73FC3NsrQ8S5apQy6d7QwWn8SYB3iakTG04Nmjld+Xs74eG7ITV9fvlil47fJ9wyAcT6v/oSbkYVFXGPky3bs+k1ot/qMgoPc2ULiNzjBuzoEH6QkAnpAVVygHDR8VuaL5PkStFy3iW2AX4XVZHycBZP0HTQgPmPkWpyKoDwoqDFmkqMd+z68meIEnAQaCY5aaFJDneq+J8T",
            "tags": null,
            "tags_all": {}
          },
          "sensitive_attributes": [],
          "private": "eyJzY2hlbWFfdmVyc2lvbiI6IjEifQ==",
          "dependencies": [
            "tls_private_key.hong-kong"
          ]
        }
      ]
    },
    {
      "mode": "managed",
      "type": "aws_key_pair",
      "name": "london",
      "provider": "provider[\"registry.terraform.io/hashicorp/aws\"].London",
      "instances": [
        {
          "schema_version": 1,
          "attributes": {
            "arn": "arn:aws:ec2:eu-west-2:528757795742:key-pair/terraform-20241213040159931100000001",
            "fingerprint": "99:f0:28:4d:b7:6d:e6:fc:ac:ed:cf:04:d6:00:37:2c",
            "id": "terraform-20241213040159931100000001",
            "key_name": "terraform-20241213040159931100000001",
            "key_name_prefix": "terraform-",
            "key_pair_id": "key-00762658cdee9e4cd",
            "public_key": "ssh-rsa AAAAB3NzaC1yc2EAAAADAQABAAABAQCriUKzqymIrLvkgBlPPuyBqf2d/2fcWoXYn9dn2TO8mn9zkzy5SL3r+K7MvMoEnrWnAJI+7kQQYKVSKw6SIjNC1rE7HQxGGbT0ez8+LyaHtiB4esoZec4MTJZHfwYfwM1VQGDFEit1N4k9yySzDEy1G0q/T5pIG9WlkQ9spoDqbTW5aZZh4Kha/PNL+l+iSVPxvVCOVkxE6hHC+8DTyWMfyFneRoHP33CExN8uil2NMWSH9SrRoM+7NDw95HFDnxNqKsdFztcVYRMtSxaOsxZj1VCeXDkwEDRr4uuUXqUnojzKQpbhlnnJ0Ttb1sW4hLpzbdzso3Di+vT6cc6dJRi3",
            "tags": null,
            "tags_all": {}
          },
          "sensitive_attributes": [],
          "private": "eyJzY2hlbWFfdmVyc2lvbiI6IjEifQ==",
          "dependencies": [
            "tls_private_key.london"
          ]
        }
      ]
    },
    {
      "mode": "managed",
      "type": "aws_key_pair",
      "name": "new_york",
      "provider": "provider[\"registry.terraform.io/hashicorp/aws\"].New-York",
      "instances": [
        {
          "schema_version": 1,
          "attributes": {
            "arn": "arn:aws:ec2:us-east-1:528757795742:key-pair/terraform-20241213040158951300000001",
            "fingerprint": "6c:bc:ab:1a:5d:28:89:2d:f2:9e:84:f7:69:3c:31:4b",
            "id": "terraform-20241213040158951300000001",
            "key_name": "terraform-20241213040158951300000001",
            "key_name_prefix": "terraform-",
            "key_pair_id": "key-0b62ee80507046cbe",
            "public_key": "ssh-rsa AAAAB3NzaC1yc2EAAAADAQABAAABAQC7UKenppmxEcWTgBECzDvpJ7tXqa/1UdKkhgm9Wwqwn2eIkfqoW8vvirR9hw0nz/MCIpVtMdj5tsPHLAX3KlMxmTrXkOY17dk/vqvjMTy1bf+Epevc8fYgZtPLIzGXc8PF2n7cmsrIRdZmG7OwbhYTadI/mcZy1ny3g+Z58RhckRwTKEYybvkirekPVMY8jwMiAOE7dnbTLrAr5+CE3ktnFbrmmuqD72tCLrKin0nIb2qI+Nj+C2heWb2kbj3dJJTDb2bpAdO2VuVpnEr83T3R4o9GuywUcSRl4cT9YtQPBP2IMLosMVE5xcE3ZR75ZjbqDZHjz4vpzcKQF27YghjT",
            "tags": null,
            "tags_all": {}
          },
          "sensitive_attributes": [],
          "private": "eyJzY2hlbWFfdmVyc2lvbiI6IjEifQ==",
          "dependencies": [
            "tls_private_key.new_york"
          ]
        }
      ]
    },
    {
      "mode": "managed",
      "type": "aws_key_pair",
      "name": "sao-paulo",
      "provider": "provider[\"registry.terraform.io/hashicorp/aws\"].Sao-Paulo",
      "instances": [
        {
          "schema_version": 1,
          "attributes": {
            "arn": "arn:aws:ec2:sa-east-1:528757795742:key-pair/terraform-20241213040200424000000001",
            "fingerprint": "17:2c:6b:6d:fe:2f:5d:4b:cb:4d:3f:32:e8:3b:b6:58",
            "id": "terraform-20241213040200424000000001",
            "key_name": "terraform-20241213040200424000000001",
            "key_name_prefix": "terraform-",
            "key_pair_id": "key-0ca7c8be2f99fbab8",
            "public_key": "ssh-rsa AAAAB3NzaC1yc2EAAAADAQABAAABAQDrtn3E9Slj/EeilYk52XYjjd48zcQgT4rdWFkz8o7MkGSucMDrlA+78t+iJYrZHEU7c6VHQK4N7J7bKgQ4fCqSAqLqC41zVVdAOkWTfUhWkF5Auq4G0lhUzX4PU3e3PnvZpaZEd77UwYnAHO/n4voMD8iyffNBLqacxyAJ4iWhFpcBdciIwFoiiSu71sXwgcXtqGEqiB7ykHCaNxpc2JgFTJ0Th7WxQ3TpqwSI6jytWyytpaP2BPY8UoW6ySCAGVBZR4TnaT9g/a+cPIjeAA0LRHdkWEnelQrLirkKR9OMrhLJgTBcW60nLSW/xi4tVuJBScNki2RQRhu5yCul0nlX",
            "tags": null,
            "tags_all": {}
          },
          "sensitive_attributes": [],
          "private": "eyJzY2hlbWFfdmVyc2lvbiI6IjEifQ==",
          "dependencies": [
            "tls_private_key.sao-paulo"
          ]
        }
      ]
    },
    {
      "mode": "managed",
      "type": "aws_key_pair",
      "name": "tokyo",
      "provider": "provider[\"registry.terraform.io/hashicorp/aws\"].Tokyo",
      "instances": [
        {
          "schema_version": 1,
          "attributes": {
            "arn": "arn:aws:ec2:ap-northeast-1:528757795742:key-pair/terraform-20241213040201518300000001",
            "fingerprint": "e6:4b:6d:03:13:b1:7b:5f:08:2a:83:69:8f:73:3b:ee",
            "id": "terraform-20241213040201518300000001",
            "key_name": "terraform-20241213040201518300000001",
            "key_name_prefix": "terraform-",
            "key_pair_id": "key-09da22717c1a07dec",
            "public_key": "ssh-rsa AAAAB3NzaC1yc2EAAAADAQABAAABAQDz2v3X7ZetiFyxByWnNKHH/q96FTPNMlqFE+D3Vokx2MfMpPM6KYIohHjSaT5DU4DKScUt1cwJcpk2c4EFsAdHzwX6sAHkUZa0vMpVdz8kjKhQFSk04trEXQc/cO/toBRC4AVI1nYcV7iU8ohmnUtCyLQQy+jG0iI1HJjoNa7D41KRSZV0uK5d3Biyk653yBXQ70L3qskxpsHdbWrOdJ3/Puk8JbvkJkctzd8f0ervHsMj1NwXBaegOSl+sE5p4VAfZ8W7cCZUjRpUSrjdmb9cuVj1+w5dAtkw5aUyIdkSfDRVo2ozH7oc0lH0cRB4aZlf3rwPc71ZQQoTU/AUbryF",
            "tags": null,
            "tags_all": {}
          },
          "sensitive_attributes": [],
          "private": "eyJzY2hlbWFfdmVyc2lvbiI6IjEifQ==",
          "dependencies": [
            "tls_private_key.tokyo"
          ]
        }
      ]
    },
    {
      "mode": "managed",
      "type": "aws_lb",
      "name": "australia",
      "provider": "provider[\"registry.terraform.io/hashicorp/aws\"].Australia",
      "instances": [
        {
          "schema_version": 0,
          "attributes": {
            "access_logs": [
              {
                "bucket": "",
                "enabled": false,
                "prefix": ""
              }
            ],
            "arn": "arn:aws:elasticloadbalancing:ap-southeast-2:528757795742:loadbalancer/app/tf-lb-20241213040603481000000003/b32935bfa3540f2b",
            "arn_suffix": "app/tf-lb-20241213040603481000000003/b32935bfa3540f2b",
            "customer_owned_ipv4_pool": "",
            "desync_mitigation_mode": "defensive",
            "dns_name": "tf-lb-20241213040603481000000003-91690414.ap-southeast-2.elb.amazonaws.com",
            "drop_invalid_header_fields": false,
            "enable_cross_zone_load_balancing": true,
            "enable_deletion_protection": false,
            "enable_http2": true,
            "enable_waf_fail_open": false,
            "id": "arn:aws:elasticloadbalancing:ap-southeast-2:528757795742:loadbalancer/app/tf-lb-20241213040603481000000003/b32935bfa3540f2b",
            "idle_timeout": 60,
            "internal": false,
            "ip_address_type": "ipv4",
            "load_balancer_type": "application",
            "name": "tf-lb-20241213040603481000000003",
            "name_prefix": null,
            "security_groups": [
              "sg-0c5e61e69f8bf41c0"
            ],
            "subnet_mapping": [
              {
                "allocation_id": "",
                "ipv6_address": "",
                "outpost_id": "",
                "private_ipv4_address": "",
                "subnet_id": "subnet-037be8810158c8a17"
              },
              {
                "allocation_id": "",
                "ipv6_address": "",
                "outpost_id": "",
                "private_ipv4_address": "",
                "subnet_id": "subnet-0ad12b11dc2bee94e"
              }
            ],
            "subnets": [
              "subnet-037be8810158c8a17",
              "subnet-0ad12b11dc2bee94e"
            ],
            "tags": null,
            "tags_all": {},
            "timeouts": null,
            "vpc_id": "vpc-04acad0dcf5478c8b",
            "zone_id": "Z1GM3OXH4ZPM65"
          },
          "sensitive_attributes": [],
          "private": "eyJlMmJmYjczMC1lY2FhLTExZTYtOGY4OC0zNDM2M2JjN2M0YzAiOnsiY3JlYXRlIjo2MDAwMDAwMDAwMDAsImRlbGV0ZSI6NjAwMDAwMDAwMDAwLCJ1cGRhdGUiOjYwMDAwMDAwMDAwMH19",
          "dependencies": [
            "aws_security_group.australia-sg-lb",
            "aws_subnet.public-ap-southeast-2a",
            "aws_subnet.public-ap-southeast-2b",
            "aws_vpc.australia-vpc"
          ]
        }
      ]
    },
    {
      "mode": "managed",
      "type": "aws_lb",
      "name": "london",
      "provider": "provider[\"registry.terraform.io/hashicorp/aws\"].London",
      "instances": [
        {
          "schema_version": 0,
          "attributes": {
            "access_logs": [
              {
                "bucket": "",
                "enabled": false,
                "prefix": ""
              }
            ],
            "arn": "arn:aws:elasticloadbalancing:eu-west-2:528757795742:loadbalancer/app/tf-lb-20241213040327252700000003/fc82262a66dbdbfd",
            "arn_suffix": "app/tf-lb-20241213040327252700000003/fc82262a66dbdbfd",
            "customer_owned_ipv4_pool": "",
            "desync_mitigation_mode": "defensive",
            "dns_name": "tf-lb-20241213040327252700000003-400951823.eu-west-2.elb.amazonaws.com",
            "drop_invalid_header_fields": false,
            "enable_cross_zone_load_balancing": true,
            "enable_deletion_protection": false,
            "enable_http2": true,
            "enable_waf_fail_open": false,
            "id": "arn:aws:elasticloadbalancing:eu-west-2:528757795742:loadbalancer/app/tf-lb-20241213040327252700000003/fc82262a66dbdbfd",
            "idle_timeout": 60,
            "internal": false,
            "ip_address_type": "ipv4",
            "load_balancer_type": "application",
            "name": "tf-lb-20241213040327252700000003",
            "name_prefix": null,
            "security_groups": [
              "sg-0dee2ea4cc003a01f"
            ],
            "subnet_mapping": [
              {
                "allocation_id": "",
                "ipv6_address": "",
                "outpost_id": "",
                "private_ipv4_address": "",
                "subnet_id": "subnet-030d61b8d4ff45f71"
              },
              {
                "allocation_id": "",
                "ipv6_address": "",
                "outpost_id": "",
                "private_ipv4_address": "",
                "subnet_id": "subnet-082d969380187f0ed"
              }
            ],
            "subnets": [
              "subnet-030d61b8d4ff45f71",
              "subnet-082d969380187f0ed"
            ],
            "tags": null,
            "tags_all": {},
            "timeouts": null,
            "vpc_id": "vpc-042ad90137798e878",
            "zone_id": "ZHURV8PSTC4K8"
          },
          "sensitive_attributes": [],
          "private": "eyJlMmJmYjczMC1lY2FhLTExZTYtOGY4OC0zNDM2M2JjN2M0YzAiOnsiY3JlYXRlIjo2MDAwMDAwMDAwMDAsImRlbGV0ZSI6NjAwMDAwMDAwMDAwLCJ1cGRhdGUiOjYwMDAwMDAwMDAwMH19",
          "dependencies": [
            "aws_security_group.london-sg-lb",
            "aws_subnet.public-eu-west-2a",
            "aws_subnet.public-eu-west-2b",
            "aws_vpc.london-vpc"
          ]
        }
      ]
    },
    {
      "mode": "managed",
      "type": "aws_lb",
      "name": "saopaulo",
      "provider": "provider[\"registry.terraform.io/hashicorp/aws\"].Sao-Paulo",
      "instances": [
        {
          "schema_version": 0,
          "attributes": {
            "access_logs": [
              {
                "bucket": "",
                "enabled": false,
                "prefix": ""
              }
            ],
            "arn": "arn:aws:elasticloadbalancing:sa-east-1:528757795742:loadbalancer/app/tf-lb-20241213040334732900000002/98165daccea0815b",
            "arn_suffix": "app/tf-lb-20241213040334732900000002/98165daccea0815b",
            "customer_owned_ipv4_pool": "",
            "desync_mitigation_mode": "defensive",
            "dns_name": "tf-lb-20241213040334732900000002-1534364657.sa-east-1.elb.amazonaws.com",
            "drop_invalid_header_fields": false,
            "enable_cross_zone_load_balancing": true,
            "enable_deletion_protection": false,
            "enable_http2": true,
            "enable_waf_fail_open": false,
            "id": "arn:aws:elasticloadbalancing:sa-east-1:528757795742:loadbalancer/app/tf-lb-20241213040334732900000002/98165daccea0815b",
            "idle_timeout": 60,
            "internal": false,
            "ip_address_type": "ipv4",
            "load_balancer_type": "application",
            "name": "tf-lb-20241213040334732900000002",
            "name_prefix": null,
            "security_groups": [
              "sg-0a5fb2ac9f64f7a5e"
            ],
            "subnet_mapping": [
              {
                "allocation_id": "",
                "ipv6_address": "",
                "outpost_id": "",
                "private_ipv4_address": "",
                "subnet_id": "subnet-08da7b5e026519ade"
              },
              {
                "allocation_id": "",
                "ipv6_address": "",
                "outpost_id": "",
                "private_ipv4_address": "",
                "subnet_id": "subnet-0d95786fd8df9fad5"
              }
            ],
            "subnets": [
              "subnet-08da7b5e026519ade",
              "subnet-0d95786fd8df9fad5"
            ],
            "tags": null,
            "tags_all": {},
            "timeouts": null,
            "vpc_id": "vpc-0b0d52a54ea4c93b3",
            "zone_id": "Z2P70J7HTTTPLU"
          },
          "sensitive_attributes": [],
          "private": "eyJlMmJmYjczMC1lY2FhLTExZTYtOGY4OC0zNDM2M2JjN2M0YzAiOnsiY3JlYXRlIjo2MDAwMDAwMDAwMDAsImRlbGV0ZSI6NjAwMDAwMDAwMDAwLCJ1cGRhdGUiOjYwMDAwMDAwMDAwMH19",
          "dependencies": [
            "aws_security_group.sao-paulo-sg-lb",
            "aws_subnet.public-sa-east-1a",
            "aws_subnet.public-sa-east-1c",
            "aws_vpc.sao-paulo-vpc"
          ]
        }
      ]
    },
    {
      "mode": "managed",
      "type": "aws_lb",
      "name": "tokyo",
      "provider": "provider[\"registry.terraform.io/hashicorp/aws\"].Tokyo",
      "instances": [
        {
          "schema_version": 0,
          "attributes": {
            "access_logs": [
              {
                "bucket": "",
                "enabled": false,
                "prefix": ""
              }
            ],
            "arn": "arn:aws:elasticloadbalancing:ap-northeast-1:528757795742:loadbalancer/app/tf-lb-20241213040528962500000003/55eb92e132b073c4",
            "arn_suffix": "app/tf-lb-20241213040528962500000003/55eb92e132b073c4",
            "customer_owned_ipv4_pool": "",
            "desync_mitigation_mode": "defensive",
            "dns_name": "tf-lb-20241213040528962500000003-1851328349.ap-northeast-1.elb.amazonaws.com",
            "drop_invalid_header_fields": false,
            "enable_cross_zone_load_balancing": true,
            "enable_deletion_protection": false,
            "enable_http2": true,
            "enable_waf_fail_open": false,
            "id": "arn:aws:elasticloadbalancing:ap-northeast-1:528757795742:loadbalancer/app/tf-lb-20241213040528962500000003/55eb92e132b073c4",
            "idle_timeout": 60,
            "internal": false,
            "ip_address_type": "ipv4",
            "load_balancer_type": "application",
            "name": "tf-lb-20241213040528962500000003",
            "name_prefix": null,
            "security_groups": [
              "sg-0a7bf4e81cfdb49da"
            ],
            "subnet_mapping": [
              {
                "allocation_id": "",
                "ipv6_address": "",
                "outpost_id": "",
                "private_ipv4_address": "",
                "subnet_id": "subnet-01bf390afc6a6fc16"
              },
              {
                "allocation_id": "",
                "ipv6_address": "",
                "outpost_id": "",
                "private_ipv4_address": "",
                "subnet_id": "subnet-0bfb48b885ec35a5e"
              }
            ],
            "subnets": [
              "subnet-01bf390afc6a6fc16",
              "subnet-0bfb48b885ec35a5e"
            ],
            "tags": null,
            "tags_all": {},
            "timeouts": null,
            "vpc_id": "vpc-0f4201de7a1303e52",
            "zone_id": "Z14GRHDCWA56QT"
          },
          "sensitive_attributes": [],
          "private": "eyJlMmJmYjczMC1lY2FhLTExZTYtOGY4OC0zNDM2M2JjN2M0YzAiOnsiY3JlYXRlIjo2MDAwMDAwMDAwMDAsImRlbGV0ZSI6NjAwMDAwMDAwMDAwLCJ1cGRhdGUiOjYwMDAwMDAwMDAwMH19",
          "dependencies": [
            "aws_security_group.tokyo-sg-lb",
            "aws_subnet.public-ap-northeast-1a",
            "aws_subnet.public-ap-northeast-1c",
            "aws_vpc.tokyo-vpc"
          ]
        }
      ]
    },
    {
      "mode": "managed",
      "type": "aws_nat_gateway",
      "name": "australia",
      "provider": "provider[\"registry.terraform.io/hashicorp/aws\"].Australia",
      "instances": [
        {
          "schema_version": 0,
          "attributes": {
            "allocation_id": "eipalloc-03a436d36297f3598",
            "connectivity_type": "public",
            "id": "nat-0214503c890460310",
            "network_interface_id": "eni-08d081e7bd9f5de7e",
            "private_ip": "10.25.1.95",
            "public_ip": "54.206.183.64",
            "subnet_id": "subnet-037be8810158c8a17",
            "tags": null,
            "tags_all": {}
          },
          "sensitive_attributes": [],
          "private": "bnVsbA==",
          "dependencies": [
            "aws_eip.australia",
            "aws_internet_gateway.australia",
            "aws_subnet.public-ap-southeast-2a",
            "aws_vpc.australia-vpc"
          ]
        }
      ]
    },
    {
      "mode": "managed",
      "type": "aws_nat_gateway",
      "name": "california",
      "provider": "provider[\"registry.terraform.io/hashicorp/aws\"].California",
      "instances": [
        {
          "schema_version": 0,
          "attributes": {
            "allocation_id": "eipalloc-0a59df1b0df8756f6",
            "connectivity_type": "public",
            "id": "nat-074d7d4de395a65f3",
            "network_interface_id": "eni-076756cd83fce7c11",
            "private_ip": "10.24.1.237",
            "public_ip": "13.56.162.195",
            "subnet_id": "subnet-038c5fd64af05218d",
            "tags": null,
            "tags_all": {}
          },
          "sensitive_attributes": [],
          "private": "bnVsbA==",
          "dependencies": [
            "aws_eip.california",
            "aws_internet_gateway.california",
            "aws_subnet.public-us-west-1c",
            "aws_vpc.california-vpc"
          ]
        }
      ]
    },
    {
      "mode": "managed",
      "type": "aws_nat_gateway",
      "name": "hong_kong",
      "provider": "provider[\"registry.terraform.io/hashicorp/aws\"].Hong-Kong",
      "instances": [
        {
          "schema_version": 0,
          "attributes": {
            "allocation_id": "eipalloc-0701247a16d710901",
            "connectivity_type": "public",
            "id": "nat-09837932f9eb25552",
            "network_interface_id": "eni-082b36a07bb9eebe9",
            "private_ip": "10.21.1.119",
            "public_ip": "18.162.65.68",
            "subnet_id": "subnet-049d1474918f60420",
            "tags": null,
            "tags_all": {}
          },
          "sensitive_attributes": [],
          "private": "bnVsbA==",
          "dependencies": [
            "aws_eip.hong_kong",
            "aws_internet_gateway.hong-kong",
            "aws_subnet.public-ap-east-1a",
            "aws_vpc.hong-kong-vpc"
          ]
        }
      ]
    },
    {
      "mode": "managed",
      "type": "aws_nat_gateway",
      "name": "london",
      "provider": "provider[\"registry.terraform.io/hashicorp/aws\"].London",
      "instances": [
        {
          "schema_version": 0,
          "attributes": {
            "allocation_id": "eipalloc-09e3f51d90c87b734",
            "connectivity_type": "public",
            "id": "nat-06b4ea1e23ec9b51c",
            "network_interface_id": "eni-03702571df1c01c06",
            "private_ip": "10.22.1.117",
            "public_ip": "18.171.138.60",
            "subnet_id": "subnet-082d969380187f0ed",
            "tags": null,
            "tags_all": {}
          },
          "sensitive_attributes": [],
          "private": "bnVsbA==",
          "dependencies": [
            "aws_eip.london",
            "aws_internet_gateway.london",
            "aws_subnet.public-eu-west-2a",
            "aws_vpc.london-vpc"
          ]
        }
      ]
    },
    {
      "mode": "managed",
      "type": "aws_nat_gateway",
      "name": "sao_paulo",
      "provider": "provider[\"registry.terraform.io/hashicorp/aws\"].Sao-Paulo",
      "instances": [
        {
          "schema_version": 0,
          "attributes": {
            "allocation_id": "eipalloc-083c8ddd1e25a2e55",
            "connectivity_type": "public",
            "id": "nat-0518eb45e92fce248",
            "network_interface_id": "eni-0712e9669680d4795",
            "private_ip": "10.23.1.118",
            "public_ip": "54.207.161.58",
            "subnet_id": "subnet-08da7b5e026519ade",
            "tags": null,
            "tags_all": {}
          },
          "sensitive_attributes": [],
          "private": "bnVsbA==",
          "dependencies": [
            "aws_eip.sao_paulo",
            "aws_internet_gateway.sao-paulo",
            "aws_subnet.public-sa-east-1a",
            "aws_vpc.sao-paulo-vpc"
          ]
        }
      ]
    },
    {
      "mode": "managed",
      "type": "aws_nat_gateway",
      "name": "tokyo",
      "provider": "provider[\"registry.terraform.io/hashicorp/aws\"].Tokyo",
      "instances": [
        {
          "schema_version": 0,
          "attributes": {
            "allocation_id": "eipalloc-018f84e2f69d51fda",
            "connectivity_type": "public",
            "id": "nat-00a20cfd325b85be4",
            "network_interface_id": "eni-02d2f098416d2d35e",
            "private_ip": "10.20.1.187",
            "public_ip": "3.115.64.196",
            "subnet_id": "subnet-01bf390afc6a6fc16",
            "tags": null,
            "tags_all": {}
          },
          "sensitive_attributes": [],
          "private": "bnVsbA==",
          "dependencies": [
            "aws_eip.tokyo",
            "aws_internet_gateway.tokyo",
            "aws_subnet.public-ap-northeast-1a",
            "aws_vpc.tokyo-vpc"
          ]
        }
      ]
    },
    {
      "mode": "managed",
      "type": "aws_route",
      "name": "hong_kong_to_tokyo",
      "provider": "provider[\"registry.terraform.io/hashicorp/aws\"].Hong-Kong",
      "instances": [
        {
          "schema_version": 0,
          "attributes": {
            "carrier_gateway_id": "",
            "destination_cidr_block": "10.20.0.0/16",
            "destination_ipv6_cidr_block": "",
            "destination_prefix_list_id": "",
            "egress_only_gateway_id": "",
            "gateway_id": "",
            "id": "r-rtb-04e63d9aca1c811af662290444",
            "instance_id": "",
            "instance_owner_id": "",
            "local_gateway_id": "",
            "nat_gateway_id": "",
            "network_interface_id": "",
            "origin": "CreateRoute",
            "route_table_id": "rtb-04e63d9aca1c811af",
            "state": "active",
            "timeouts": null,
            "transit_gateway_id": "tgw-0386b2905e3c5ab7b",
            "vpc_endpoint_id": "",
            "vpc_peering_connection_id": ""
          },
          "sensitive_attributes": [],
          "private": "eyJlMmJmYjczMC1lY2FhLTExZTYtOGY4OC0zNDM2M2JjN2M0YzAiOnsiY3JlYXRlIjozMDAwMDAwMDAwMDAsImRlbGV0ZSI6MzAwMDAwMDAwMDAwLCJ1cGRhdGUiOjEyMDAwMDAwMDAwMH19",
          "dependencies": [
            "aws_ec2_transit_gateway.Hong_Kong_TGW",
            "aws_eip.hong_kong",
            "aws_internet_gateway.hong-kong",
            "aws_nat_gateway.hong_kong",
            "aws_route_table.Hong-Kong-private-rtb",
            "aws_subnet.public-ap-east-1a",
            "aws_vpc.hong-kong-vpc",
            "aws_vpc.tokyo-vpc"
          ]
        }
      ]
    },
    {
      "mode": "managed",
      "type": "aws_route",
      "name": "tokyo-hong_kong",
      "provider": "provider[\"registry.terraform.io/hashicorp/aws\"].Tokyo",
      "instances": [
        {
          "schema_version": 0,
          "attributes": {
            "carrier_gateway_id": "",
            "destination_cidr_block": "10.21.0.0/16",
            "destination_ipv6_cidr_block": "",
            "destination_prefix_list_id": "",
            "egress_only_gateway_id": "",
            "gateway_id": "",
            "id": "r-rtb-01576089406996a603956523154",
            "instance_id": "",
            "instance_owner_id": "",
            "local_gateway_id": "",
            "nat_gateway_id": "",
            "network_interface_id": "",
            "origin": "CreateRoute",
            "route_table_id": "rtb-01576089406996a60",
            "state": "blackhole",
            "timeouts": null,
            "transit_gateway_id": "tgw-0bf26ad03760951a2",
            "vpc_endpoint_id": "",
            "vpc_peering_connection_id": ""
          },
          "sensitive_attributes": [],
          "private": "eyJlMmJmYjczMC1lY2FhLTExZTYtOGY4OC0zNDM2M2JjN2M0YzAiOnsiY3JlYXRlIjozMDAwMDAwMDAwMDAsImRlbGV0ZSI6MzAwMDAwMDAwMDAwLCJ1cGRhdGUiOjEyMDAwMDAwMDAwMH19",
          "dependencies": [
            "aws_ec2_transit_gateway.Tokyo_TGW",
            "aws_route_table.route_tokyo-private",
            "aws_vpc.hong-kong-vpc",
            "aws_vpc.tokyo-vpc"
          ]
        }
      ]
    },
    {
      "mode": "managed",
      "type": "aws_route_table",
      "name": "Australia-private-rtb",
      "provider": "provider[\"registry.terraform.io/hashicorp/aws\"].Australia",
      "instances": [
        {
          "schema_version": 0,
          "attributes": {
            "arn": "arn:aws:ec2:ap-southeast-2:528757795742:route-table/rtb-01a4419c282504b62",
            "id": "rtb-01a4419c282504b62",
            "owner_id": "528757795742",
            "propagating_vgws": [],
            "route": [
              {
                "carrier_gateway_id": "",
                "cidr_block": "0.0.0.0/0",
                "destination_prefix_list_id": "",
                "egress_only_gateway_id": "",
                "gateway_id": "",
                "instance_id": "",
                "ipv6_cidr_block": "",
                "local_gateway_id": "",
                "nat_gateway_id": "nat-0214503c890460310",
                "network_interface_id": "",
                "transit_gateway_id": "",
                "vpc_endpoint_id": "",
                "vpc_peering_connection_id": ""
              }
            ],
            "tags": null,
            "tags_all": {},
            "timeouts": null,
            "vpc_id": "vpc-04acad0dcf5478c8b"
          },
          "sensitive_attributes": [],
          "private": "eyJlMmJmYjczMC1lY2FhLTExZTYtOGY4OC0zNDM2M2JjN2M0YzAiOnsiY3JlYXRlIjozMDAwMDAwMDAwMDAsImRlbGV0ZSI6MzAwMDAwMDAwMDAwLCJ1cGRhdGUiOjEyMDAwMDAwMDAwMH19",
          "dependencies": [
            "aws_eip.australia",
            "aws_internet_gateway.australia",
            "aws_nat_gateway.australia",
            "aws_subnet.public-ap-southeast-2a",
            "aws_vpc.australia-vpc"
          ]
        }
      ]
    },
    {
      "mode": "managed",
      "type": "aws_route_table",
      "name": "Australia-public-rtb",
      "provider": "provider[\"registry.terraform.io/hashicorp/aws\"].Australia",
      "instances": [
        {
          "schema_version": 0,
          "attributes": {
            "arn": "arn:aws:ec2:ap-southeast-2:528757795742:route-table/rtb-06b71717221ec137d",
            "id": "rtb-06b71717221ec137d",
            "owner_id": "528757795742",
            "propagating_vgws": [],
            "route": [
              {
                "carrier_gateway_id": "",
                "cidr_block": "0.0.0.0/0",
                "destination_prefix_list_id": "",
                "egress_only_gateway_id": "",
                "gateway_id": "igw-0db8933d244bc7a87",
                "instance_id": "",
                "ipv6_cidr_block": "",
                "local_gateway_id": "",
                "nat_gateway_id": "",
                "network_interface_id": "",
                "transit_gateway_id": "",
                "vpc_endpoint_id": "",
                "vpc_peering_connection_id": ""
              }
            ],
            "tags": null,
            "tags_all": {},
            "timeouts": null,
            "vpc_id": "vpc-04acad0dcf5478c8b"
          },
          "sensitive_attributes": [],
          "private": "eyJlMmJmYjczMC1lY2FhLTExZTYtOGY4OC0zNDM2M2JjN2M0YzAiOnsiY3JlYXRlIjozMDAwMDAwMDAwMDAsImRlbGV0ZSI6MzAwMDAwMDAwMDAwLCJ1cGRhdGUiOjEyMDAwMDAwMDAwMH19",
          "dependencies": [
            "aws_internet_gateway.australia",
            "aws_vpc.australia-vpc"
          ]
        }
      ]
    },
    {
      "mode": "managed",
      "type": "aws_route_table",
      "name": "California-private-rtb",
      "provider": "provider[\"registry.terraform.io/hashicorp/aws\"].California",
      "instances": [
        {
          "schema_version": 0,
          "attributes": {
            "arn": "arn:aws:ec2:us-west-1:528757795742:route-table/rtb-0317ab3349dc0cbf7",
            "id": "rtb-0317ab3349dc0cbf7",
            "owner_id": "528757795742",
            "propagating_vgws": [],
            "route": [
              {
                "carrier_gateway_id": "",
                "cidr_block": "0.0.0.0/0",
                "destination_prefix_list_id": "",
                "egress_only_gateway_id": "",
                "gateway_id": "",
                "instance_id": "",
                "ipv6_cidr_block": "",
                "local_gateway_id": "",
                "nat_gateway_id": "nat-074d7d4de395a65f3",
                "network_interface_id": "",
                "transit_gateway_id": "",
                "vpc_endpoint_id": "",
                "vpc_peering_connection_id": ""
              }
            ],
            "tags": null,
            "tags_all": {},
            "timeouts": null,
            "vpc_id": "vpc-08c13bfb02b79febb"
          },
          "sensitive_attributes": [],
          "private": "eyJlMmJmYjczMC1lY2FhLTExZTYtOGY4OC0zNDM2M2JjN2M0YzAiOnsiY3JlYXRlIjozMDAwMDAwMDAwMDAsImRlbGV0ZSI6MzAwMDAwMDAwMDAwLCJ1cGRhdGUiOjEyMDAwMDAwMDAwMH19",
          "dependencies": [
            "aws_eip.california",
            "aws_internet_gateway.california",
            "aws_nat_gateway.california",
            "aws_subnet.public-us-west-1c",
            "aws_vpc.california-vpc"
          ]
        }
      ]
    },
    {
      "mode": "managed",
      "type": "aws_route_table",
      "name": "California-public-rtb",
      "provider": "provider[\"registry.terraform.io/hashicorp/aws\"].California",
      "instances": [
        {
          "schema_version": 0,
          "attributes": {
            "arn": "arn:aws:ec2:us-west-1:528757795742:route-table/rtb-05bb9d86b9607ca80",
            "id": "rtb-05bb9d86b9607ca80",
            "owner_id": "528757795742",
            "propagating_vgws": [],
            "route": [
              {
                "carrier_gateway_id": "",
                "cidr_block": "0.0.0.0/0",
                "destination_prefix_list_id": "",
                "egress_only_gateway_id": "",
                "gateway_id": "igw-0facb70884beba645",
                "instance_id": "",
                "ipv6_cidr_block": "",
                "local_gateway_id": "",
                "nat_gateway_id": "",
                "network_interface_id": "",
                "transit_gateway_id": "",
                "vpc_endpoint_id": "",
                "vpc_peering_connection_id": ""
              }
            ],
            "tags": null,
            "tags_all": {},
            "timeouts": null,
            "vpc_id": "vpc-08c13bfb02b79febb"
          },
          "sensitive_attributes": [],
          "private": "eyJlMmJmYjczMC1lY2FhLTExZTYtOGY4OC0zNDM2M2JjN2M0YzAiOnsiY3JlYXRlIjozMDAwMDAwMDAwMDAsImRlbGV0ZSI6MzAwMDAwMDAwMDAwLCJ1cGRhdGUiOjEyMDAwMDAwMDAwMH19",
          "dependencies": [
            "aws_internet_gateway.california",
            "aws_vpc.california-vpc"
          ]
        }
      ]
    },
    {
      "mode": "managed",
      "type": "aws_route_table",
      "name": "Hong-Kong-private-rtb",
      "provider": "provider[\"registry.terraform.io/hashicorp/aws\"].Hong-Kong",
      "instances": [
        {
          "schema_version": 0,
          "attributes": {
            "arn": "arn:aws:ec2:ap-east-1:528757795742:route-table/rtb-04e63d9aca1c811af",
            "id": "rtb-04e63d9aca1c811af",
            "owner_id": "528757795742",
            "propagating_vgws": [],
            "route": [
              {
                "carrier_gateway_id": "",
                "cidr_block": "0.0.0.0/0",
                "destination_prefix_list_id": "",
                "egress_only_gateway_id": "",
                "gateway_id": "",
                "instance_id": "",
                "ipv6_cidr_block": "",
                "local_gateway_id": "",
                "nat_gateway_id": "nat-09837932f9eb25552",
                "network_interface_id": "",
                "transit_gateway_id": "",
                "vpc_endpoint_id": "",
                "vpc_peering_connection_id": ""
              }
            ],
            "tags": {
              "Name": "Hong-Kong-private"
            },
            "tags_all": {
              "Name": "Hong-Kong-private"
            },
            "timeouts": null,
            "vpc_id": "vpc-059ae451ac8cec4c7"
          },
          "sensitive_attributes": [],
          "private": "eyJlMmJmYjczMC1lY2FhLTExZTYtOGY4OC0zNDM2M2JjN2M0YzAiOnsiY3JlYXRlIjozMDAwMDAwMDAwMDAsImRlbGV0ZSI6MzAwMDAwMDAwMDAwLCJ1cGRhdGUiOjEyMDAwMDAwMDAwMH19",
          "dependencies": [
            "aws_eip.hong_kong",
            "aws_internet_gateway.hong-kong",
            "aws_nat_gateway.hong_kong",
            "aws_subnet.public-ap-east-1a",
            "aws_vpc.hong-kong-vpc"
          ]
        }
      ]
    },
    {
      "mode": "managed",
      "type": "aws_route_table",
      "name": "Hong-Kong-public-rtb",
      "provider": "provider[\"registry.terraform.io/hashicorp/aws\"].Hong-Kong",
      "instances": [
        {
          "schema_version": 0,
          "attributes": {
            "arn": "arn:aws:ec2:ap-east-1:528757795742:route-table/rtb-00b83a91bf6cb77f9",
            "id": "rtb-00b83a91bf6cb77f9",
            "owner_id": "528757795742",
            "propagating_vgws": [],
            "route": [
              {
                "carrier_gateway_id": "",
                "cidr_block": "0.0.0.0/0",
                "destination_prefix_list_id": "",
                "egress_only_gateway_id": "",
                "gateway_id": "igw-03b2da1a4590e278d",
                "instance_id": "",
                "ipv6_cidr_block": "",
                "local_gateway_id": "",
                "nat_gateway_id": "",
                "network_interface_id": "",
                "transit_gateway_id": "",
                "vpc_endpoint_id": "",
                "vpc_peering_connection_id": ""
              }
            ],
            "tags": {
              "Name": "Hong-Kong-public"
            },
            "tags_all": {
              "Name": "Hong-Kong-public"
            },
            "timeouts": null,
            "vpc_id": "vpc-059ae451ac8cec4c7"
          },
          "sensitive_attributes": [],
          "private": "eyJlMmJmYjczMC1lY2FhLTExZTYtOGY4OC0zNDM2M2JjN2M0YzAiOnsiY3JlYXRlIjozMDAwMDAwMDAwMDAsImRlbGV0ZSI6MzAwMDAwMDAwMDAwLCJ1cGRhdGUiOjEyMDAwMDAwMDAwMH19",
          "dependencies": [
            "aws_internet_gateway.hong-kong",
            "aws_vpc.hong-kong-vpc"
          ]
        }
      ]
    },
    {
      "mode": "managed",
      "type": "aws_route_table",
      "name": "London-private-rtb",
      "provider": "provider[\"registry.terraform.io/hashicorp/aws\"].London",
      "instances": [
        {
          "schema_version": 0,
          "attributes": {
            "arn": "arn:aws:ec2:eu-west-2:528757795742:route-table/rtb-0c8bbb697325b66f6",
            "id": "rtb-0c8bbb697325b66f6",
            "owner_id": "528757795742",
            "propagating_vgws": [],
            "route": [
              {
                "carrier_gateway_id": "",
                "cidr_block": "0.0.0.0/0",
                "destination_prefix_list_id": "",
                "egress_only_gateway_id": "",
                "gateway_id": "",
                "instance_id": "",
                "ipv6_cidr_block": "",
                "local_gateway_id": "",
                "nat_gateway_id": "nat-06b4ea1e23ec9b51c",
                "network_interface_id": "",
                "transit_gateway_id": "",
                "vpc_endpoint_id": "",
                "vpc_peering_connection_id": ""
              }
            ],
            "tags": null,
            "tags_all": {},
            "timeouts": null,
            "vpc_id": "vpc-042ad90137798e878"
          },
          "sensitive_attributes": [],
          "private": "eyJlMmJmYjczMC1lY2FhLTExZTYtOGY4OC0zNDM2M2JjN2M0YzAiOnsiY3JlYXRlIjozMDAwMDAwMDAwMDAsImRlbGV0ZSI6MzAwMDAwMDAwMDAwLCJ1cGRhdGUiOjEyMDAwMDAwMDAwMH19",
          "dependencies": [
            "aws_eip.london",
            "aws_internet_gateway.london",
            "aws_nat_gateway.london",
            "aws_subnet.public-eu-west-2a",
            "aws_vpc.london-vpc"
          ]
        }
      ]
    },
    {
      "mode": "managed",
      "type": "aws_route_table",
      "name": "London-public-rtb",
      "provider": "provider[\"registry.terraform.io/hashicorp/aws\"].London",
      "instances": [
        {
          "schema_version": 0,
          "attributes": {
            "arn": "arn:aws:ec2:eu-west-2:528757795742:route-table/rtb-04efa3666c5f9324d",
            "id": "rtb-04efa3666c5f9324d",
            "owner_id": "528757795742",
            "propagating_vgws": [],
            "route": [
              {
                "carrier_gateway_id": "",
                "cidr_block": "0.0.0.0/0",
                "destination_prefix_list_id": "",
                "egress_only_gateway_id": "",
                "gateway_id": "igw-0cb862919b86f6ffd",
                "instance_id": "",
                "ipv6_cidr_block": "",
                "local_gateway_id": "",
                "nat_gateway_id": "",
                "network_interface_id": "",
                "transit_gateway_id": "",
                "vpc_endpoint_id": "",
                "vpc_peering_connection_id": ""
              }
            ],
            "tags": null,
            "tags_all": {},
            "timeouts": null,
            "vpc_id": "vpc-042ad90137798e878"
          },
          "sensitive_attributes": [],
          "private": "eyJlMmJmYjczMC1lY2FhLTExZTYtOGY4OC0zNDM2M2JjN2M0YzAiOnsiY3JlYXRlIjozMDAwMDAwMDAwMDAsImRlbGV0ZSI6MzAwMDAwMDAwMDAwLCJ1cGRhdGUiOjEyMDAwMDAwMDAwMH19",
          "dependencies": [
            "aws_internet_gateway.london",
            "aws_vpc.london-vpc"
          ]
        }
      ]
    },
    {
      "mode": "managed",
      "type": "aws_route_table",
      "name": "Sao-Paulo-private-rtb",
      "provider": "provider[\"registry.terraform.io/hashicorp/aws\"].Sao-Paulo",
      "instances": [
        {
          "schema_version": 0,
          "attributes": {
            "arn": "arn:aws:ec2:sa-east-1:528757795742:route-table/rtb-042e79270e75ffb24",
            "id": "rtb-042e79270e75ffb24",
            "owner_id": "528757795742",
            "propagating_vgws": [],
            "route": [
              {
                "carrier_gateway_id": "",
                "cidr_block": "0.0.0.0/0",
                "destination_prefix_list_id": "",
                "egress_only_gateway_id": "",
                "gateway_id": "",
                "instance_id": "",
                "ipv6_cidr_block": "",
                "local_gateway_id": "",
                "nat_gateway_id": "nat-0518eb45e92fce248",
                "network_interface_id": "",
                "transit_gateway_id": "",
                "vpc_endpoint_id": "",
                "vpc_peering_connection_id": ""
              }
            ],
            "tags": null,
            "tags_all": {},
            "timeouts": null,
            "vpc_id": "vpc-0b0d52a54ea4c93b3"
          },
          "sensitive_attributes": [],
          "private": "eyJlMmJmYjczMC1lY2FhLTExZTYtOGY4OC0zNDM2M2JjN2M0YzAiOnsiY3JlYXRlIjozMDAwMDAwMDAwMDAsImRlbGV0ZSI6MzAwMDAwMDAwMDAwLCJ1cGRhdGUiOjEyMDAwMDAwMDAwMH19",
          "dependencies": [
            "aws_eip.sao_paulo",
            "aws_internet_gateway.sao-paulo",
            "aws_nat_gateway.sao_paulo",
            "aws_subnet.public-sa-east-1a",
            "aws_vpc.sao-paulo-vpc"
          ]
        }
      ]
    },
    {
      "mode": "managed",
      "type": "aws_route_table",
      "name": "Sao-Paulo-public-rtb",
      "provider": "provider[\"registry.terraform.io/hashicorp/aws\"].Sao-Paulo",
      "instances": [
        {
          "schema_version": 0,
          "attributes": {
            "arn": "arn:aws:ec2:sa-east-1:528757795742:route-table/rtb-00a29fe9a880d057d",
            "id": "rtb-00a29fe9a880d057d",
            "owner_id": "528757795742",
            "propagating_vgws": [],
            "route": [
              {
                "carrier_gateway_id": "",
                "cidr_block": "0.0.0.0/0",
                "destination_prefix_list_id": "",
                "egress_only_gateway_id": "",
                "gateway_id": "igw-0e8b54d85c908d046",
                "instance_id": "",
                "ipv6_cidr_block": "",
                "local_gateway_id": "",
                "nat_gateway_id": "",
                "network_interface_id": "",
                "transit_gateway_id": "",
                "vpc_endpoint_id": "",
                "vpc_peering_connection_id": ""
              }
            ],
            "tags": null,
            "tags_all": {},
            "timeouts": null,
            "vpc_id": "vpc-0b0d52a54ea4c93b3"
          },
          "sensitive_attributes": [],
          "private": "eyJlMmJmYjczMC1lY2FhLTExZTYtOGY4OC0zNDM2M2JjN2M0YzAiOnsiY3JlYXRlIjozMDAwMDAwMDAwMDAsImRlbGV0ZSI6MzAwMDAwMDAwMDAwLCJ1cGRhdGUiOjEyMDAwMDAwMDAwMH19",
          "dependencies": [
            "aws_internet_gateway.sao-paulo",
            "aws_vpc.sao-paulo-vpc"
          ]
        }
      ]
    },
    {
      "mode": "managed",
      "type": "aws_route_table",
      "name": "route-tokyo-public",
      "provider": "provider[\"registry.terraform.io/hashicorp/aws\"].Tokyo",
      "instances": [
        {
          "schema_version": 0,
          "attributes": {
            "arn": "arn:aws:ec2:ap-northeast-1:528757795742:route-table/rtb-06322fa3eaceba776",
            "id": "rtb-06322fa3eaceba776",
            "owner_id": "528757795742",
            "propagating_vgws": [],
            "route": [
              {
                "carrier_gateway_id": "",
                "cidr_block": "0.0.0.0/0",
                "destination_prefix_list_id": "",
                "egress_only_gateway_id": "",
                "gateway_id": "igw-0928988b6235b220e",
                "instance_id": "",
                "ipv6_cidr_block": "",
                "local_gateway_id": "",
                "nat_gateway_id": "",
                "network_interface_id": "",
                "transit_gateway_id": "",
                "vpc_endpoint_id": "",
                "vpc_peering_connection_id": ""
              }
            ],
            "tags": null,
            "tags_all": {},
            "timeouts": null,
            "vpc_id": "vpc-0f4201de7a1303e52"
          },
          "sensitive_attributes": [],
          "private": "eyJlMmJmYjczMC1lY2FhLTExZTYtOGY4OC0zNDM2M2JjN2M0YzAiOnsiY3JlYXRlIjozMDAwMDAwMDAwMDAsImRlbGV0ZSI6MzAwMDAwMDAwMDAwLCJ1cGRhdGUiOjEyMDAwMDAwMDAwMH19",
          "dependencies": [
            "aws_internet_gateway.tokyo",
            "aws_vpc.tokyo-vpc"
          ]
        }
      ]
    },
    {
      "mode": "managed",
      "type": "aws_route_table",
      "name": "route_tokyo-private",
      "provider": "provider[\"registry.terraform.io/hashicorp/aws\"].Tokyo",
      "instances": [
        {
          "schema_version": 0,
          "attributes": {
            "arn": "arn:aws:ec2:ap-northeast-1:528757795742:route-table/rtb-01576089406996a60",
            "id": "rtb-01576089406996a60",
            "owner_id": "528757795742",
            "propagating_vgws": [],
            "route": [],
            "tags": null,
            "tags_all": {},
            "timeouts": null,
            "vpc_id": "vpc-0f4201de7a1303e52"
          },
          "sensitive_attributes": [],
          "private": "eyJlMmJmYjczMC1lY2FhLTExZTYtOGY4OC0zNDM2M2JjN2M0YzAiOnsiY3JlYXRlIjozMDAwMDAwMDAwMDAsImRlbGV0ZSI6MzAwMDAwMDAwMDAwLCJ1cGRhdGUiOjEyMDAwMDAwMDAwMH19",
          "dependencies": [
            "aws_vpc.tokyo-vpc"
          ]
        }
      ]
    },
    {
      "mode": "managed",
      "type": "aws_route_table_association",
      "name": "private-ap-east-1a",
      "provider": "provider[\"registry.terraform.io/hashicorp/aws\"].Hong-Kong",
      "instances": [
        {
          "schema_version": 0,
          "attributes": {
            "gateway_id": "",
            "id": "rtbassoc-01a64f8bc13266864",
            "route_table_id": "rtb-04e63d9aca1c811af",
            "subnet_id": "subnet-0b4042c22aa23e87e"
          },
          "sensitive_attributes": [],
          "private": "bnVsbA==",
          "dependencies": [
            "aws_eip.hong_kong",
            "aws_internet_gateway.hong-kong",
            "aws_nat_gateway.hong_kong",
            "aws_route_table.Hong-Kong-private-rtb",
            "aws_subnet.private-ap-east-1a",
            "aws_subnet.public-ap-east-1a",
            "aws_vpc.hong-kong-vpc"
          ]
        }
      ]
    },
    {
      "mode": "managed",
      "type": "aws_route_table_association",
      "name": "private-ap-east-1b",
      "provider": "provider[\"registry.terraform.io/hashicorp/aws\"].Hong-Kong",
      "instances": [
        {
          "schema_version": 0,
          "attributes": {
            "gateway_id": "",
            "id": "rtbassoc-0e695c0bcc6e6ece9",
            "route_table_id": "rtb-04e63d9aca1c811af",
            "subnet_id": "subnet-0d0c86c44644771d7"
          },
          "sensitive_attributes": [],
          "private": "bnVsbA==",
          "dependencies": [
            "aws_eip.hong_kong",
            "aws_internet_gateway.hong-kong",
            "aws_nat_gateway.hong_kong",
            "aws_route_table.Hong-Kong-private-rtb",
            "aws_subnet.private-ap-east-1b",
            "aws_subnet.public-ap-east-1a",
            "aws_vpc.hong-kong-vpc"
          ]
        }
      ]
    },
    {
      "mode": "managed",
      "type": "aws_route_table_association",
      "name": "private-ap-northeast-1a",
      "provider": "provider[\"registry.terraform.io/hashicorp/aws\"].Tokyo",
      "instances": [
        {
          "schema_version": 0,
          "attributes": {
            "gateway_id": "",
            "id": "rtbassoc-06574af7d4fbb94c2",
            "route_table_id": "rtb-01576089406996a60",
            "subnet_id": "subnet-0cb547f25032616a3"
          },
          "sensitive_attributes": [],
          "private": "bnVsbA==",
          "dependencies": [
            "aws_route_table.route_tokyo-private",
            "aws_subnet.private-ap-northeast-1a",
            "aws_vpc.tokyo-vpc"
          ]
        }
      ]
    },
    {
      "mode": "managed",
      "type": "aws_route_table_association",
      "name": "private-ap-northeast-1c",
      "provider": "provider[\"registry.terraform.io/hashicorp/aws\"].Tokyo",
      "instances": [
        {
          "schema_version": 0,
          "attributes": {
            "gateway_id": "",
            "id": "rtbassoc-06412dc4d77f95036",
            "route_table_id": "rtb-01576089406996a60",
            "subnet_id": "subnet-04aedff17884af15b"
          },
          "sensitive_attributes": [],
          "private": "bnVsbA==",
          "dependencies": [
            "aws_route_table.route_tokyo-private",
            "aws_subnet.private-ap-northeast-1c",
            "aws_vpc.tokyo-vpc"
          ]
        }
      ]
    },
    {
      "mode": "managed",
      "type": "aws_route_table_association",
      "name": "private-ap-southeast-2a",
      "provider": "provider[\"registry.terraform.io/hashicorp/aws\"].Australia",
      "instances": [
        {
          "schema_version": 0,
          "attributes": {
            "gateway_id": "",
            "id": "rtbassoc-03a7963e7c7d83685",
            "route_table_id": "rtb-01a4419c282504b62",
            "subnet_id": "subnet-0989d207f715c5ae2"
          },
          "sensitive_attributes": [],
          "private": "bnVsbA==",
          "dependencies": [
            "aws_eip.australia",
            "aws_internet_gateway.australia",
            "aws_nat_gateway.australia",
            "aws_route_table.Australia-private-rtb",
            "aws_subnet.private-ap-southeast-2a",
            "aws_subnet.public-ap-southeast-2a",
            "aws_vpc.australia-vpc"
          ]
        }
      ]
    },
    {
      "mode": "managed",
      "type": "aws_route_table_association",
      "name": "private-ap-southeast-2b",
      "provider": "provider[\"registry.terraform.io/hashicorp/aws\"].Australia",
      "instances": [
        {
          "schema_version": 0,
          "attributes": {
            "gateway_id": "",
            "id": "rtbassoc-0f24d1d5e79142998",
            "route_table_id": "rtb-01a4419c282504b62",
            "subnet_id": "subnet-0dc44b203dc3e5117"
          },
          "sensitive_attributes": [],
          "private": "bnVsbA==",
          "dependencies": [
            "aws_eip.australia",
            "aws_internet_gateway.australia",
            "aws_nat_gateway.australia",
            "aws_route_table.Australia-private-rtb",
            "aws_subnet.private-ap-southeast-2b",
            "aws_subnet.public-ap-southeast-2a",
            "aws_vpc.australia-vpc"
          ]
        }
      ]
    },
    {
      "mode": "managed",
      "type": "aws_route_table_association",
      "name": "private-eu-west-2a",
      "provider": "provider[\"registry.terraform.io/hashicorp/aws\"].London",
      "instances": [
        {
          "schema_version": 0,
          "attributes": {
            "gateway_id": "",
            "id": "rtbassoc-067dfc1aa3217d07c",
            "route_table_id": "rtb-0c8bbb697325b66f6",
            "subnet_id": "subnet-08c2033cc387452a3"
          },
          "sensitive_attributes": [],
          "private": "bnVsbA==",
          "dependencies": [
            "aws_eip.london",
            "aws_internet_gateway.london",
            "aws_nat_gateway.london",
            "aws_route_table.London-private-rtb",
            "aws_subnet.private-eu-west-2a",
            "aws_subnet.public-eu-west-2a",
            "aws_vpc.london-vpc"
          ]
        }
      ]
    },
    {
      "mode": "managed",
      "type": "aws_route_table_association",
      "name": "private-eu-west-2b",
      "provider": "provider[\"registry.terraform.io/hashicorp/aws\"].London",
      "instances": [
        {
          "schema_version": 0,
          "attributes": {
            "gateway_id": "",
            "id": "rtbassoc-01beefbbe32cc4ae8",
            "route_table_id": "rtb-0c8bbb697325b66f6",
            "subnet_id": "subnet-07bd8bf67cac28f95"
          },
          "sensitive_attributes": [],
          "private": "bnVsbA==",
          "dependencies": [
            "aws_eip.london",
            "aws_internet_gateway.london",
            "aws_nat_gateway.london",
            "aws_route_table.London-private-rtb",
            "aws_subnet.private-eu-west-2b",
            "aws_subnet.public-eu-west-2a",
            "aws_vpc.london-vpc"
          ]
        }
      ]
    },
    {
      "mode": "managed",
      "type": "aws_route_table_association",
      "name": "private-sa-east-1a",
      "provider": "provider[\"registry.terraform.io/hashicorp/aws\"].Sao-Paulo",
      "instances": [
        {
          "schema_version": 0,
          "attributes": {
            "gateway_id": "",
            "id": "rtbassoc-04f66ba3914a33bee",
            "route_table_id": "rtb-042e79270e75ffb24",
            "subnet_id": "subnet-09c2f253b21e8c516"
          },
          "sensitive_attributes": [],
          "private": "bnVsbA==",
          "dependencies": [
            "aws_eip.sao_paulo",
            "aws_internet_gateway.sao-paulo",
            "aws_nat_gateway.sao_paulo",
            "aws_route_table.Sao-Paulo-private-rtb",
            "aws_subnet.private-sa-east-1a",
            "aws_subnet.public-sa-east-1a",
            "aws_vpc.sao-paulo-vpc"
          ]
        }
      ]
    },
    {
      "mode": "managed",
      "type": "aws_route_table_association",
      "name": "private-sa-east-1c",
      "provider": "provider[\"registry.terraform.io/hashicorp/aws\"].Sao-Paulo",
      "instances": [
        {
          "schema_version": 0,
          "attributes": {
            "gateway_id": "",
            "id": "rtbassoc-0b0ab3f119c348ce1",
            "route_table_id": "rtb-042e79270e75ffb24",
            "subnet_id": "subnet-0c855015f37c17cbc"
          },
          "sensitive_attributes": [],
          "private": "bnVsbA==",
          "dependencies": [
            "aws_eip.sao_paulo",
            "aws_internet_gateway.sao-paulo",
            "aws_nat_gateway.sao_paulo",
            "aws_route_table.Sao-Paulo-private-rtb",
            "aws_subnet.private-sa-east-1c",
            "aws_subnet.public-sa-east-1a",
            "aws_vpc.sao-paulo-vpc"
          ]
        }
      ]
    },
    {
      "mode": "managed",
      "type": "aws_route_table_association",
      "name": "private-us-west-1c",
      "provider": "provider[\"registry.terraform.io/hashicorp/aws\"].California",
      "instances": [
        {
          "schema_version": 0,
          "attributes": {
            "gateway_id": "",
            "id": "rtbassoc-092602ab3a0e041ef",
            "route_table_id": "rtb-0317ab3349dc0cbf7",
            "subnet_id": "subnet-007015d7473286fe0"
          },
          "sensitive_attributes": [],
          "private": "bnVsbA==",
          "dependencies": [
            "aws_eip.california",
            "aws_internet_gateway.california",
            "aws_nat_gateway.california",
            "aws_route_table.California-private-rtb",
            "aws_subnet.private-us-west-1c",
            "aws_subnet.public-us-west-1c",
            "aws_vpc.california-vpc"
          ]
        }
      ]
    },
    {
      "mode": "managed",
      "type": "aws_route_table_association",
      "name": "public-ap-east-1a",
      "provider": "provider[\"registry.terraform.io/hashicorp/aws\"].Hong-Kong",
      "instances": [
        {
          "schema_version": 0,
          "attributes": {
            "gateway_id": "",
            "id": "rtbassoc-0eed1989cee04e2ea",
            "route_table_id": "rtb-00b83a91bf6cb77f9",
            "subnet_id": "subnet-049d1474918f60420"
          },
          "sensitive_attributes": [],
          "private": "bnVsbA==",
          "dependencies": [
            "aws_internet_gateway.hong-kong",
            "aws_route_table.Hong-Kong-public-rtb",
            "aws_subnet.public-ap-east-1a",
            "aws_vpc.hong-kong-vpc"
          ]
        }
      ]
    },
    {
      "mode": "managed",
      "type": "aws_route_table_association",
      "name": "public-ap-east-1b",
      "provider": "provider[\"registry.terraform.io/hashicorp/aws\"].Hong-Kong",
      "instances": [
        {
          "schema_version": 0,
          "attributes": {
            "gateway_id": "",
            "id": "rtbassoc-0199528cfcdef1e0a",
            "route_table_id": "rtb-00b83a91bf6cb77f9",
            "subnet_id": "subnet-07616a397509e82d1"
          },
          "sensitive_attributes": [],
          "private": "bnVsbA==",
          "dependencies": [
            "aws_internet_gateway.hong-kong",
            "aws_route_table.Hong-Kong-public-rtb",
            "aws_subnet.public-ap-east-1b",
            "aws_vpc.hong-kong-vpc"
          ]
        }
      ]
    },
    {
      "mode": "managed",
      "type": "aws_route_table_association",
      "name": "public-ap-northeast-1a",
      "provider": "provider[\"registry.terraform.io/hashicorp/aws\"].Tokyo",
      "instances": [
        {
          "schema_version": 0,
          "attributes": {
            "gateway_id": "",
            "id": "rtbassoc-0ac08184ab634da48",
            "route_table_id": "rtb-06322fa3eaceba776",
            "subnet_id": "subnet-01bf390afc6a6fc16"
          },
          "sensitive_attributes": [],
          "private": "bnVsbA==",
          "dependencies": [
            "aws_internet_gateway.tokyo",
            "aws_route_table.route-tokyo-public",
            "aws_subnet.public-ap-northeast-1a",
            "aws_vpc.tokyo-vpc"
          ]
        }
      ]
    },
    {
      "mode": "managed",
      "type": "aws_route_table_association",
      "name": "public-ap-northeast-1c",
      "provider": "provider[\"registry.terraform.io/hashicorp/aws\"].Tokyo",
      "instances": [
        {
          "schema_version": 0,
          "attributes": {
            "gateway_id": "",
            "id": "rtbassoc-0ac7ddf13fac5de80",
            "route_table_id": "rtb-06322fa3eaceba776",
            "subnet_id": "subnet-0bfb48b885ec35a5e"
          },
          "sensitive_attributes": [],
          "private": "bnVsbA==",
          "dependencies": [
            "aws_internet_gateway.tokyo",
            "aws_route_table.route-tokyo-public",
            "aws_subnet.public-ap-northeast-1c",
            "aws_vpc.tokyo-vpc"
          ]
        }
      ]
    },
    {
      "mode": "managed",
      "type": "aws_route_table_association",
      "name": "public-ap-southeast-2a",
      "provider": "provider[\"registry.terraform.io/hashicorp/aws\"].Australia",
      "instances": [
        {
          "schema_version": 0,
          "attributes": {
            "gateway_id": "",
            "id": "rtbassoc-00e85f0856b7f1e84",
            "route_table_id": "rtb-06b71717221ec137d",
            "subnet_id": "subnet-037be8810158c8a17"
          },
          "sensitive_attributes": [],
          "private": "bnVsbA==",
          "dependencies": [
            "aws_internet_gateway.australia",
            "aws_route_table.Australia-public-rtb",
            "aws_subnet.public-ap-southeast-2a",
            "aws_vpc.australia-vpc"
          ]
        }
      ]
    },
    {
      "mode": "managed",
      "type": "aws_route_table_association",
      "name": "public-ap-southeast-2b",
      "provider": "provider[\"registry.terraform.io/hashicorp/aws\"].Australia",
      "instances": [
        {
          "schema_version": 0,
          "attributes": {
            "gateway_id": "",
            "id": "rtbassoc-0dd526fabdb9c1a90",
            "route_table_id": "rtb-06b71717221ec137d",
            "subnet_id": "subnet-0ad12b11dc2bee94e"
          },
          "sensitive_attributes": [],
          "private": "bnVsbA==",
          "dependencies": [
            "aws_internet_gateway.australia",
            "aws_route_table.Australia-public-rtb",
            "aws_subnet.public-ap-southeast-2b",
            "aws_vpc.australia-vpc"
          ]
        }
      ]
    },
    {
      "mode": "managed",
      "type": "aws_route_table_association",
      "name": "public-eu-west-2a",
      "provider": "provider[\"registry.terraform.io/hashicorp/aws\"].London",
      "instances": [
        {
          "schema_version": 0,
          "attributes": {
            "gateway_id": "",
            "id": "rtbassoc-08452d2617c6733e6",
            "route_table_id": "rtb-04efa3666c5f9324d",
            "subnet_id": "subnet-082d969380187f0ed"
          },
          "sensitive_attributes": [],
          "private": "bnVsbA==",
          "dependencies": [
            "aws_internet_gateway.london",
            "aws_route_table.London-public-rtb",
            "aws_subnet.public-eu-west-2a",
            "aws_vpc.london-vpc"
          ]
        }
      ]
    },
    {
      "mode": "managed",
      "type": "aws_route_table_association",
      "name": "public-eu-west-2b",
      "provider": "provider[\"registry.terraform.io/hashicorp/aws\"].London",
      "instances": [
        {
          "schema_version": 0,
          "attributes": {
            "gateway_id": "",
            "id": "rtbassoc-01ad1287c7f028c45",
            "route_table_id": "rtb-04efa3666c5f9324d",
            "subnet_id": "subnet-030d61b8d4ff45f71"
          },
          "sensitive_attributes": [],
          "private": "bnVsbA==",
          "dependencies": [
            "aws_internet_gateway.london",
            "aws_route_table.London-public-rtb",
            "aws_subnet.public-eu-west-2b",
            "aws_vpc.london-vpc"
          ]
        }
      ]
    },
    {
      "mode": "managed",
      "type": "aws_route_table_association",
      "name": "public-sa-east-1a",
      "provider": "provider[\"registry.terraform.io/hashicorp/aws\"].Sao-Paulo",
      "instances": [
        {
          "schema_version": 0,
          "attributes": {
            "gateway_id": "",
            "id": "rtbassoc-076ca8fbd1f298304",
            "route_table_id": "rtb-00a29fe9a880d057d",
            "subnet_id": "subnet-08da7b5e026519ade"
          },
          "sensitive_attributes": [],
          "private": "bnVsbA==",
          "dependencies": [
            "aws_internet_gateway.sao-paulo",
            "aws_route_table.Sao-Paulo-public-rtb",
            "aws_subnet.public-sa-east-1a",
            "aws_vpc.sao-paulo-vpc"
          ]
        }
      ]
    },
    {
      "mode": "managed",
      "type": "aws_route_table_association",
      "name": "public-sa-east-1c",
      "provider": "provider[\"registry.terraform.io/hashicorp/aws\"].Sao-Paulo",
      "instances": [
        {
          "schema_version": 0,
          "attributes": {
            "gateway_id": "",
            "id": "rtbassoc-0c135d063465f289c",
            "route_table_id": "rtb-00a29fe9a880d057d",
            "subnet_id": "subnet-0d95786fd8df9fad5"
          },
          "sensitive_attributes": [],
          "private": "bnVsbA==",
          "dependencies": [
            "aws_internet_gateway.sao-paulo",
            "aws_route_table.Sao-Paulo-public-rtb",
            "aws_subnet.public-sa-east-1c",
            "aws_vpc.sao-paulo-vpc"
          ]
        }
      ]
    },
    {
      "mode": "managed",
      "type": "aws_route_table_association",
      "name": "public-us-west-1c",
      "provider": "provider[\"registry.terraform.io/hashicorp/aws\"].California",
      "instances": [
        {
          "schema_version": 0,
          "attributes": {
            "gateway_id": "",
            "id": "rtbassoc-05d48c61ea9afe04f",
            "route_table_id": "rtb-05bb9d86b9607ca80",
            "subnet_id": "subnet-038c5fd64af05218d"
          },
          "sensitive_attributes": [],
          "private": "bnVsbA==",
          "dependencies": [
            "aws_internet_gateway.california",
            "aws_route_table.California-public-rtb",
            "aws_subnet.public-us-west-1c",
            "aws_vpc.california-vpc"
          ]
        }
      ]
    },
    {
      "mode": "managed",
      "type": "aws_security_group",
      "name": "australia-sg",
      "provider": "provider[\"registry.terraform.io/hashicorp/aws\"].Australia",
      "instances": [
        {
          "schema_version": 1,
          "attributes": {
            "arn": "arn:aws:ec2:ap-southeast-2:528757795742:security-group/sg-08ddb1ecb81a4bedf",
            "description": "australia-sg",
            "egress": [
              {
                "cidr_blocks": [
                  "0.0.0.0/0"
                ],
                "description": "",
                "from_port": 0,
                "ipv6_cidr_blocks": [],
                "prefix_list_ids": [],
                "protocol": "-1",
                "security_groups": [],
                "self": false,
                "to_port": 0
              }
            ],
            "id": "sg-08ddb1ecb81a4bedf",
            "ingress": [
              {
                "cidr_blocks": [
                  "0.0.0.0/0"
                ],
                "description": "HTTP",
                "from_port": 80,
                "ipv6_cidr_blocks": [],
                "prefix_list_ids": [],
                "protocol": "tcp",
                "security_groups": [],
                "self": false,
                "to_port": 80
              },
              {
                "cidr_blocks": [
                  "0.0.0.0/0"
                ],
                "description": "SSH",
                "from_port": 22,
                "ipv6_cidr_blocks": [],
                "prefix_list_ids": [],
                "protocol": "tcp",
                "security_groups": [],
                "self": false,
                "to_port": 22
              }
            ],
            "name": "australia-sg",
            "name_prefix": "",
            "owner_id": "528757795742",
            "revoke_rules_on_delete": false,
            "tags": null,
            "tags_all": {},
            "timeouts": null,
            "vpc_id": "vpc-04acad0dcf5478c8b"
          },
          "sensitive_attributes": [],
          "private": "eyJlMmJmYjczMC1lY2FhLTExZTYtOGY4OC0zNDM2M2JjN2M0YzAiOnsiY3JlYXRlIjo2MDAwMDAwMDAwMDAsImRlbGV0ZSI6OTAwMDAwMDAwMDAwfSwic2NoZW1hX3ZlcnNpb24iOiIxIn0=",
          "dependencies": [
            "aws_vpc.australia-vpc"
          ],
          "create_before_destroy": true
        }
      ]
    },
    {
      "mode": "managed",
      "type": "aws_security_group",
      "name": "australia-sg-lb",
      "provider": "provider[\"registry.terraform.io/hashicorp/aws\"].Australia",
      "instances": [
        {
          "schema_version": 1,
          "attributes": {
            "arn": "arn:aws:ec2:ap-southeast-2:528757795742:security-group/sg-0c5e61e69f8bf41c0",
            "description": "australia-sg-lb",
            "egress": [
              {
                "cidr_blocks": [
                  "0.0.0.0/0"
                ],
                "description": "",
                "from_port": 0,
                "ipv6_cidr_blocks": [],
                "prefix_list_ids": [],
                "protocol": "-1",
                "security_groups": [],
                "self": false,
                "to_port": 0
              }
            ],
            "id": "sg-0c5e61e69f8bf41c0",
            "ingress": [
              {
                "cidr_blocks": [
                  "0.0.0.0/0"
                ],
                "description": "HTTP",
                "from_port": 80,
                "ipv6_cidr_blocks": [],
                "prefix_list_ids": [],
                "protocol": "tcp",
                "security_groups": [],
                "self": false,
                "to_port": 80
              },
              {
                "cidr_blocks": [
                  "0.0.0.0/0"
                ],
                "description": "SSH",
                "from_port": 22,
                "ipv6_cidr_blocks": [],
                "prefix_list_ids": [],
                "protocol": "tcp",
                "security_groups": [],
                "self": false,
                "to_port": 22
              }
            ],
            "name": "australia-sg-lb",
            "name_prefix": "",
            "owner_id": "528757795742",
            "revoke_rules_on_delete": false,
            "tags": null,
            "tags_all": {},
            "timeouts": null,
            "vpc_id": "vpc-04acad0dcf5478c8b"
          },
          "sensitive_attributes": [],
          "private": "eyJlMmJmYjczMC1lY2FhLTExZTYtOGY4OC0zNDM2M2JjN2M0YzAiOnsiY3JlYXRlIjo2MDAwMDAwMDAwMDAsImRlbGV0ZSI6OTAwMDAwMDAwMDAwfSwic2NoZW1hX3ZlcnNpb24iOiIxIn0=",
          "dependencies": [
            "aws_vpc.australia-vpc"
          ]
        }
      ]
    },
    {
      "mode": "managed",
      "type": "aws_security_group",
      "name": "california-sg",
      "provider": "provider[\"registry.terraform.io/hashicorp/aws\"].California",
      "instances": [
        {
          "schema_version": 1,
          "attributes": {
            "arn": "arn:aws:ec2:us-west-1:528757795742:security-group/sg-014db4a6155226d8d",
            "description": "california-sg",
            "egress": [
              {
                "cidr_blocks": [
                  "0.0.0.0/0"
                ],
                "description": "",
                "from_port": 0,
                "ipv6_cidr_blocks": [],
                "prefix_list_ids": [],
                "protocol": "-1",
                "security_groups": [],
                "self": false,
                "to_port": 0
              }
            ],
            "id": "sg-014db4a6155226d8d",
            "ingress": [
              {
                "cidr_blocks": [
                  "0.0.0.0/0"
                ],
                "description": "HTTP",
                "from_port": 80,
                "ipv6_cidr_blocks": [],
                "prefix_list_ids": [],
                "protocol": "tcp",
                "security_groups": [],
                "self": false,
                "to_port": 80
              },
              {
                "cidr_blocks": [
                  "0.0.0.0/0"
                ],
                "description": "SSH",
                "from_port": 22,
                "ipv6_cidr_blocks": [],
                "prefix_list_ids": [],
                "protocol": "tcp",
                "security_groups": [],
                "self": false,
                "to_port": 22
              }
            ],
            "name": "california-sg",
            "name_prefix": "",
            "owner_id": "528757795742",
            "revoke_rules_on_delete": false,
            "tags": null,
            "tags_all": {},
            "timeouts": null,
            "vpc_id": "vpc-08c13bfb02b79febb"
          },
          "sensitive_attributes": [],
          "private": "eyJlMmJmYjczMC1lY2FhLTExZTYtOGY4OC0zNDM2M2JjN2M0YzAiOnsiY3JlYXRlIjo2MDAwMDAwMDAwMDAsImRlbGV0ZSI6OTAwMDAwMDAwMDAwfSwic2NoZW1hX3ZlcnNpb24iOiIxIn0=",
          "dependencies": [
            "aws_vpc.california-vpc"
          ],
          "create_before_destroy": true
        }
      ]
    },
    {
      "mode": "managed",
      "type": "aws_security_group",
      "name": "california-sg-lb",
      "provider": "provider[\"registry.terraform.io/hashicorp/aws\"].California",
      "instances": [
        {
          "schema_version": 1,
          "attributes": {
            "arn": "arn:aws:ec2:us-west-1:528757795742:security-group/sg-048376fbe4af24fd2",
            "description": "california-sg-lb",
            "egress": [
              {
                "cidr_blocks": [
                  "0.0.0.0/0"
                ],
                "description": "",
                "from_port": 0,
                "ipv6_cidr_blocks": [],
                "prefix_list_ids": [],
                "protocol": "-1",
                "security_groups": [],
                "self": false,
                "to_port": 0
              }
            ],
            "id": "sg-048376fbe4af24fd2",
            "ingress": [
              {
                "cidr_blocks": [
                  "0.0.0.0/0"
                ],
                "description": "HTTP",
                "from_port": 80,
                "ipv6_cidr_blocks": [],
                "prefix_list_ids": [],
                "protocol": "tcp",
                "security_groups": [],
                "self": false,
                "to_port": 80
              },
              {
                "cidr_blocks": [
                  "0.0.0.0/0"
                ],
                "description": "SSH",
                "from_port": 22,
                "ipv6_cidr_blocks": [],
                "prefix_list_ids": [],
                "protocol": "tcp",
                "security_groups": [],
                "self": false,
                "to_port": 22
              }
            ],
            "name": "california-sg-lb",
            "name_prefix": "",
            "owner_id": "528757795742",
            "revoke_rules_on_delete": false,
            "tags": null,
            "tags_all": {},
            "timeouts": null,
            "vpc_id": "vpc-08c13bfb02b79febb"
          },
          "sensitive_attributes": [],
          "private": "eyJlMmJmYjczMC1lY2FhLTExZTYtOGY4OC0zNDM2M2JjN2M0YzAiOnsiY3JlYXRlIjo2MDAwMDAwMDAwMDAsImRlbGV0ZSI6OTAwMDAwMDAwMDAwfSwic2NoZW1hX3ZlcnNpb24iOiIxIn0=",
          "dependencies": [
            "aws_vpc.california-vpc"
          ]
        }
      ]
    },
    {
      "mode": "managed",
      "type": "aws_security_group",
      "name": "hong-kong-sg",
      "provider": "provider[\"registry.terraform.io/hashicorp/aws\"].Hong-Kong",
      "instances": [
        {
          "schema_version": 1,
          "attributes": {
            "arn": "arn:aws:ec2:ap-east-1:528757795742:security-group/sg-09bce56007d176288",
            "description": "Hong-Kong-sg01-servers",
            "egress": [
              {
                "cidr_blocks": [
                  "0.0.0.0/0"
                ],
                "description": "",
                "from_port": 0,
                "ipv6_cidr_blocks": [],
                "prefix_list_ids": [],
                "protocol": "-1",
                "security_groups": [],
                "self": false,
                "to_port": 0
              }
            ],
            "id": "sg-09bce56007d176288",
            "ingress": [
              {
                "cidr_blocks": [
                  "0.0.0.0/0"
                ],
                "description": "HTTP",
                "from_port": 80,
                "ipv6_cidr_blocks": [],
                "prefix_list_ids": [],
                "protocol": "tcp",
                "security_groups": [],
                "self": false,
                "to_port": 80
              },
              {
                "cidr_blocks": [
                  "0.0.0.0/0"
                ],
                "description": "SSH",
                "from_port": 22,
                "ipv6_cidr_blocks": [],
                "prefix_list_ids": [],
                "protocol": "tcp",
                "security_groups": [],
                "self": false,
                "to_port": 22
              }
            ],
            "name": "Hong-Kong-sg01-servers",
            "name_prefix": "",
            "owner_id": "528757795742",
            "revoke_rules_on_delete": false,
            "tags": null,
            "tags_all": {},
            "timeouts": null,
            "vpc_id": "vpc-059ae451ac8cec4c7"
          },
          "sensitive_attributes": [],
          "private": "eyJlMmJmYjczMC1lY2FhLTExZTYtOGY4OC0zNDM2M2JjN2M0YzAiOnsiY3JlYXRlIjo2MDAwMDAwMDAwMDAsImRlbGV0ZSI6OTAwMDAwMDAwMDAwfSwic2NoZW1hX3ZlcnNpb24iOiIxIn0=",
          "dependencies": [
            "aws_vpc.hong-kong-vpc"
          ],
          "create_before_destroy": true
        }
      ]
    },
    {
      "mode": "managed",
      "type": "aws_security_group",
      "name": "hong-kong-sg-lb",
      "provider": "provider[\"registry.terraform.io/hashicorp/aws\"].Hong-Kong",
      "instances": [
        {
          "schema_version": 1,
          "attributes": {
            "arn": "arn:aws:ec2:ap-east-1:528757795742:security-group/sg-000d75f275e9a8c4d",
            "description": "Hong-Kong-sg02-LB",
            "egress": [
              {
                "cidr_blocks": [
                  "0.0.0.0/0"
                ],
                "description": "",
                "from_port": 0,
                "ipv6_cidr_blocks": [],
                "prefix_list_ids": [],
                "protocol": "-1",
                "security_groups": [],
                "self": false,
                "to_port": 0
              }
            ],
            "id": "sg-000d75f275e9a8c4d",
            "ingress": [
              {
                "cidr_blocks": [
                  "0.0.0.0/0"
                ],
                "description": "HTTP",
                "from_port": 80,
                "ipv6_cidr_blocks": [],
                "prefix_list_ids": [],
                "protocol": "tcp",
                "security_groups": [],
                "self": false,
                "to_port": 80
              },
              {
                "cidr_blocks": [
                  "0.0.0.0/0"
                ],
                "description": "SSH",
                "from_port": 22,
                "ipv6_cidr_blocks": [],
                "prefix_list_ids": [],
                "protocol": "tcp",
                "security_groups": [],
                "self": false,
                "to_port": 22
              }
            ],
            "name": "Hong-Kong-sg02-LB",
            "name_prefix": "",
            "owner_id": "528757795742",
            "revoke_rules_on_delete": false,
            "tags": null,
            "tags_all": {},
            "timeouts": null,
            "vpc_id": "vpc-059ae451ac8cec4c7"
          },
          "sensitive_attributes": [],
          "private": "eyJlMmJmYjczMC1lY2FhLTExZTYtOGY4OC0zNDM2M2JjN2M0YzAiOnsiY3JlYXRlIjo2MDAwMDAwMDAwMDAsImRlbGV0ZSI6OTAwMDAwMDAwMDAwfSwic2NoZW1hX3ZlcnNpb24iOiIxIn0=",
          "dependencies": [
            "aws_vpc.hong-kong-vpc"
          ]
        }
      ]
    },
    {
      "mode": "managed",
      "type": "aws_security_group",
      "name": "london-sg",
      "provider": "provider[\"registry.terraform.io/hashicorp/aws\"].London",
      "instances": [
        {
          "schema_version": 1,
          "attributes": {
            "arn": "arn:aws:ec2:eu-west-2:528757795742:security-group/sg-01ff858e85a78de73",
            "description": "london-sg",
            "egress": [
              {
                "cidr_blocks": [
                  "0.0.0.0/0"
                ],
                "description": "",
                "from_port": 0,
                "ipv6_cidr_blocks": [],
                "prefix_list_ids": [],
                "protocol": "-1",
                "security_groups": [],
                "self": false,
                "to_port": 0
              }
            ],
            "id": "sg-01ff858e85a78de73",
            "ingress": [
              {
                "cidr_blocks": [
                  "0.0.0.0/0"
                ],
                "description": "HTTP",
                "from_port": 80,
                "ipv6_cidr_blocks": [],
                "prefix_list_ids": [],
                "protocol": "tcp",
                "security_groups": [],
                "self": false,
                "to_port": 80
              },
              {
                "cidr_blocks": [
                  "0.0.0.0/0"
                ],
                "description": "SSH",
                "from_port": 22,
                "ipv6_cidr_blocks": [],
                "prefix_list_ids": [],
                "protocol": "tcp",
                "security_groups": [],
                "self": false,
                "to_port": 22
              }
            ],
            "name": "london-sg",
            "name_prefix": "",
            "owner_id": "528757795742",
            "revoke_rules_on_delete": false,
            "tags": null,
            "tags_all": {},
            "timeouts": null,
            "vpc_id": "vpc-042ad90137798e878"
          },
          "sensitive_attributes": [],
          "private": "eyJlMmJmYjczMC1lY2FhLTExZTYtOGY4OC0zNDM2M2JjN2M0YzAiOnsiY3JlYXRlIjo2MDAwMDAwMDAwMDAsImRlbGV0ZSI6OTAwMDAwMDAwMDAwfSwic2NoZW1hX3ZlcnNpb24iOiIxIn0=",
          "dependencies": [
            "aws_vpc.london-vpc"
          ],
          "create_before_destroy": true
        }
      ]
    },
    {
      "mode": "managed",
      "type": "aws_security_group",
      "name": "london-sg-lb",
      "provider": "provider[\"registry.terraform.io/hashicorp/aws\"].London",
      "instances": [
        {
          "schema_version": 1,
          "attributes": {
            "arn": "arn:aws:ec2:eu-west-2:528757795742:security-group/sg-0dee2ea4cc003a01f",
            "description": "london-sg-lb",
            "egress": [
              {
                "cidr_blocks": [
                  "0.0.0.0/0"
                ],
                "description": "",
                "from_port": 0,
                "ipv6_cidr_blocks": [],
                "prefix_list_ids": [],
                "protocol": "-1",
                "security_groups": [],
                "self": false,
                "to_port": 0
              }
            ],
            "id": "sg-0dee2ea4cc003a01f",
            "ingress": [
              {
                "cidr_blocks": [
                  "0.0.0.0/0"
                ],
                "description": "HTTP",
                "from_port": 80,
                "ipv6_cidr_blocks": [],
                "prefix_list_ids": [],
                "protocol": "tcp",
                "security_groups": [],
                "self": false,
                "to_port": 80
              },
              {
                "cidr_blocks": [
                  "0.0.0.0/0"
                ],
                "description": "SSH",
                "from_port": 22,
                "ipv6_cidr_blocks": [],
                "prefix_list_ids": [],
                "protocol": "tcp",
                "security_groups": [],
                "self": false,
                "to_port": 22
              }
            ],
            "name": "london-sg-lb",
            "name_prefix": "",
            "owner_id": "528757795742",
            "revoke_rules_on_delete": false,
            "tags": null,
            "tags_all": {},
            "timeouts": null,
            "vpc_id": "vpc-042ad90137798e878"
          },
          "sensitive_attributes": [],
          "private": "eyJlMmJmYjczMC1lY2FhLTExZTYtOGY4OC0zNDM2M2JjN2M0YzAiOnsiY3JlYXRlIjo2MDAwMDAwMDAwMDAsImRlbGV0ZSI6OTAwMDAwMDAwMDAwfSwic2NoZW1hX3ZlcnNpb24iOiIxIn0=",
          "dependencies": [
            "aws_vpc.london-vpc"
          ]
        }
      ]
    },
    {
      "mode": "managed",
      "type": "aws_security_group",
      "name": "sao-paulo-sg",
      "provider": "provider[\"registry.terraform.io/hashicorp/aws\"].Sao-Paulo",
      "instances": [
        {
          "schema_version": 1,
          "attributes": {
            "arn": "arn:aws:ec2:sa-east-1:528757795742:security-group/sg-08b68fcde2b676116",
            "description": "sao-paulo-sg",
            "egress": [
              {
                "cidr_blocks": [
                  "0.0.0.0/0"
                ],
                "description": "",
                "from_port": 0,
                "ipv6_cidr_blocks": [],
                "prefix_list_ids": [],
                "protocol": "-1",
                "security_groups": [],
                "self": false,
                "to_port": 0
              }
            ],
            "id": "sg-08b68fcde2b676116",
            "ingress": [
              {
                "cidr_blocks": [
                  "0.0.0.0/0"
                ],
                "description": "HTTP",
                "from_port": 80,
                "ipv6_cidr_blocks": [],
                "prefix_list_ids": [],
                "protocol": "tcp",
                "security_groups": [],
                "self": false,
                "to_port": 80
              },
              {
                "cidr_blocks": [
                  "0.0.0.0/0"
                ],
                "description": "SSH",
                "from_port": 22,
                "ipv6_cidr_blocks": [],
                "prefix_list_ids": [],
                "protocol": "tcp",
                "security_groups": [],
                "self": false,
                "to_port": 22
              }
            ],
            "name": "sao-paulo-sg",
            "name_prefix": "",
            "owner_id": "528757795742",
            "revoke_rules_on_delete": false,
            "tags": null,
            "tags_all": {},
            "timeouts": null,
            "vpc_id": "vpc-0b0d52a54ea4c93b3"
          },
          "sensitive_attributes": [],
          "private": "eyJlMmJmYjczMC1lY2FhLTExZTYtOGY4OC0zNDM2M2JjN2M0YzAiOnsiY3JlYXRlIjo2MDAwMDAwMDAwMDAsImRlbGV0ZSI6OTAwMDAwMDAwMDAwfSwic2NoZW1hX3ZlcnNpb24iOiIxIn0=",
          "dependencies": [
            "aws_vpc.sao-paulo-vpc"
          ],
          "create_before_destroy": true
        }
      ]
    },
    {
      "mode": "managed",
      "type": "aws_security_group",
      "name": "sao-paulo-sg-lb",
      "provider": "provider[\"registry.terraform.io/hashicorp/aws\"].Sao-Paulo",
      "instances": [
        {
          "schema_version": 1,
          "attributes": {
            "arn": "arn:aws:ec2:sa-east-1:528757795742:security-group/sg-0a5fb2ac9f64f7a5e",
            "description": "sao-paulo-sg-lb",
            "egress": [
              {
                "cidr_blocks": [
                  "0.0.0.0/0"
                ],
                "description": "",
                "from_port": 0,
                "ipv6_cidr_blocks": [],
                "prefix_list_ids": [],
                "protocol": "-1",
                "security_groups": [],
                "self": false,
                "to_port": 0
              }
            ],
            "id": "sg-0a5fb2ac9f64f7a5e",
            "ingress": [
              {
                "cidr_blocks": [
                  "0.0.0.0/0"
                ],
                "description": "HTTP",
                "from_port": 80,
                "ipv6_cidr_blocks": [],
                "prefix_list_ids": [],
                "protocol": "tcp",
                "security_groups": [],
                "self": false,
                "to_port": 80
              },
              {
                "cidr_blocks": [
                  "0.0.0.0/0"
                ],
                "description": "SSH",
                "from_port": 22,
                "ipv6_cidr_blocks": [],
                "prefix_list_ids": [],
                "protocol": "tcp",
                "security_groups": [],
                "self": false,
                "to_port": 22
              }
            ],
            "name": "sao-paulo-sg-lb",
            "name_prefix": "",
            "owner_id": "528757795742",
            "revoke_rules_on_delete": false,
            "tags": null,
            "tags_all": {},
            "timeouts": null,
            "vpc_id": "vpc-0b0d52a54ea4c93b3"
          },
          "sensitive_attributes": [],
          "private": "eyJlMmJmYjczMC1lY2FhLTExZTYtOGY4OC0zNDM2M2JjN2M0YzAiOnsiY3JlYXRlIjo2MDAwMDAwMDAwMDAsImRlbGV0ZSI6OTAwMDAwMDAwMDAwfSwic2NoZW1hX3ZlcnNpb24iOiIxIn0=",
          "dependencies": [
            "aws_vpc.sao-paulo-vpc"
          ]
        }
      ]
    },
    {
      "mode": "managed",
      "type": "aws_security_group",
      "name": "tokyo-sg",
      "provider": "provider[\"registry.terraform.io/hashicorp/aws\"].Tokyo",
      "instances": [
        {
          "schema_version": 1,
          "attributes": {
            "arn": "arn:aws:ec2:ap-northeast-1:528757795742:security-group/sg-0d55a1a9447c4f5ea",
            "description": "tokyo-sg",
            "egress": [
              {
                "cidr_blocks": [
                  "0.0.0.0/0"
                ],
                "description": "",
                "from_port": 0,
                "ipv6_cidr_blocks": [],
                "prefix_list_ids": [],
                "protocol": "-1",
                "security_groups": [],
                "self": false,
                "to_port": 0
              }
            ],
            "id": "sg-0d55a1a9447c4f5ea",
            "ingress": [
              {
                "cidr_blocks": [
                  "0.0.0.0/0"
                ],
                "description": "HTTP",
                "from_port": 80,
                "ipv6_cidr_blocks": [],
                "prefix_list_ids": [],
                "protocol": "tcp",
                "security_groups": [],
                "self": false,
                "to_port": 80
              },
              {
                "cidr_blocks": [
                  "0.0.0.0/0"
                ],
                "description": "SSH",
                "from_port": 22,
                "ipv6_cidr_blocks": [],
                "prefix_list_ids": [],
                "protocol": "tcp",
                "security_groups": [],
                "self": false,
                "to_port": 22
              }
            ],
            "name": "tokyo-sg",
            "name_prefix": "",
            "owner_id": "528757795742",
            "revoke_rules_on_delete": false,
            "tags": null,
            "tags_all": {},
            "timeouts": null,
            "vpc_id": "vpc-0f4201de7a1303e52"
          },
          "sensitive_attributes": [],
          "private": "eyJlMmJmYjczMC1lY2FhLTExZTYtOGY4OC0zNDM2M2JjN2M0YzAiOnsiY3JlYXRlIjo2MDAwMDAwMDAwMDAsImRlbGV0ZSI6OTAwMDAwMDAwMDAwfSwic2NoZW1hX3ZlcnNpb24iOiIxIn0=",
          "dependencies": [
            "aws_vpc.tokyo-vpc"
          ],
          "create_before_destroy": true
        }
      ]
    },
    {
      "mode": "managed",
      "type": "aws_security_group",
      "name": "tokyo-sg-lb",
      "provider": "provider[\"registry.terraform.io/hashicorp/aws\"].Tokyo",
      "instances": [
        {
          "schema_version": 1,
          "attributes": {
            "arn": "arn:aws:ec2:ap-northeast-1:528757795742:security-group/sg-0a7bf4e81cfdb49da",
            "description": "tokyo-sg-lb",
            "egress": [
              {
                "cidr_blocks": [
                  "0.0.0.0/0"
                ],
                "description": "",
                "from_port": 0,
                "ipv6_cidr_blocks": [],
                "prefix_list_ids": [],
                "protocol": "-1",
                "security_groups": [],
                "self": false,
                "to_port": 0
              }
            ],
            "id": "sg-0a7bf4e81cfdb49da",
            "ingress": [
              {
                "cidr_blocks": [
                  "0.0.0.0/0"
                ],
                "description": "HTTP",
                "from_port": 80,
                "ipv6_cidr_blocks": [],
                "prefix_list_ids": [],
                "protocol": "tcp",
                "security_groups": [],
                "self": false,
                "to_port": 80
              },
              {
                "cidr_blocks": [
                  "0.0.0.0/0"
                ],
                "description": "SSH",
                "from_port": 22,
                "ipv6_cidr_blocks": [],
                "prefix_list_ids": [],
                "protocol": "tcp",
                "security_groups": [],
                "self": false,
                "to_port": 22
              }
            ],
            "name": "tokyo-sg-lb",
            "name_prefix": "",
            "owner_id": "528757795742",
            "revoke_rules_on_delete": false,
            "tags": null,
            "tags_all": {},
            "timeouts": null,
            "vpc_id": "vpc-0f4201de7a1303e52"
          },
          "sensitive_attributes": [],
          "private": "eyJlMmJmYjczMC1lY2FhLTExZTYtOGY4OC0zNDM2M2JjN2M0YzAiOnsiY3JlYXRlIjo2MDAwMDAwMDAwMDAsImRlbGV0ZSI6OTAwMDAwMDAwMDAwfSwic2NoZW1hX3ZlcnNpb24iOiIxIn0=",
          "dependencies": [
            "aws_vpc.tokyo-vpc"
          ]
        }
      ]
    },
    {
      "mode": "managed",
      "type": "aws_subnet",
      "name": "private-ap-east-1a",
      "provider": "provider[\"registry.terraform.io/hashicorp/aws\"].Hong-Kong",
      "instances": [
        {
          "schema_version": 1,
          "attributes": {
            "arn": "arn:aws:ec2:ap-east-1:528757795742:subnet/subnet-0b4042c22aa23e87e",
            "assign_ipv6_address_on_creation": false,
            "availability_zone": "ap-east-1a",
            "availability_zone_id": "ape1-az1",
            "cidr_block": "10.21.11.0/24",
            "customer_owned_ipv4_pool": "",
            "enable_dns64": false,
            "enable_resource_name_dns_a_record_on_launch": false,
            "enable_resource_name_dns_aaaa_record_on_launch": false,
            "id": "subnet-0b4042c22aa23e87e",
            "ipv6_cidr_block": "",
            "ipv6_cidr_block_association_id": "",
            "ipv6_native": false,
            "map_customer_owned_ip_on_launch": false,
            "map_public_ip_on_launch": false,
            "outpost_arn": "",
            "owner_id": "528757795742",
            "private_dns_hostname_type_on_launch": "ip-name",
            "tags": null,
            "tags_all": {},
            "timeouts": null,
            "vpc_id": "vpc-059ae451ac8cec4c7"
          },
          "sensitive_attributes": [],
          "private": "eyJlMmJmYjczMC1lY2FhLTExZTYtOGY4OC0zNDM2M2JjN2M0YzAiOnsiY3JlYXRlIjo2MDAwMDAwMDAwMDAsImRlbGV0ZSI6MTIwMDAwMDAwMDAwMH0sInNjaGVtYV92ZXJzaW9uIjoiMSJ9",
          "dependencies": [
            "aws_vpc.hong-kong-vpc"
          ]
        }
      ]
    },
    {
      "mode": "managed",
      "type": "aws_subnet",
      "name": "private-ap-east-1b",
      "provider": "provider[\"registry.terraform.io/hashicorp/aws\"].Hong-Kong",
      "instances": [
        {
          "schema_version": 1,
          "attributes": {
            "arn": "arn:aws:ec2:ap-east-1:528757795742:subnet/subnet-0d0c86c44644771d7",
            "assign_ipv6_address_on_creation": false,
            "availability_zone": "ap-east-1b",
            "availability_zone_id": "ape1-az2",
            "cidr_block": "10.21.12.0/24",
            "customer_owned_ipv4_pool": "",
            "enable_dns64": false,
            "enable_resource_name_dns_a_record_on_launch": false,
            "enable_resource_name_dns_aaaa_record_on_launch": false,
            "id": "subnet-0d0c86c44644771d7",
            "ipv6_cidr_block": "",
            "ipv6_cidr_block_association_id": "",
            "ipv6_native": false,
            "map_customer_owned_ip_on_launch": false,
            "map_public_ip_on_launch": false,
            "outpost_arn": "",
            "owner_id": "528757795742",
            "private_dns_hostname_type_on_launch": "ip-name",
            "tags": null,
            "tags_all": {},
            "timeouts": null,
            "vpc_id": "vpc-059ae451ac8cec4c7"
          },
          "sensitive_attributes": [],
          "private": "eyJlMmJmYjczMC1lY2FhLTExZTYtOGY4OC0zNDM2M2JjN2M0YzAiOnsiY3JlYXRlIjo2MDAwMDAwMDAwMDAsImRlbGV0ZSI6MTIwMDAwMDAwMDAwMH0sInNjaGVtYV92ZXJzaW9uIjoiMSJ9",
          "dependencies": [
            "aws_vpc.hong-kong-vpc"
          ]
        }
      ]
    },
    {
      "mode": "managed",
      "type": "aws_subnet",
      "name": "private-ap-northeast-1a",
      "provider": "provider[\"registry.terraform.io/hashicorp/aws\"].Tokyo",
      "instances": [
        {
          "schema_version": 1,
          "attributes": {
            "arn": "arn:aws:ec2:ap-northeast-1:528757795742:subnet/subnet-0cb547f25032616a3",
            "assign_ipv6_address_on_creation": false,
            "availability_zone": "ap-northeast-1a",
            "availability_zone_id": "apne1-az4",
            "cidr_block": "10.20.11.0/24",
            "customer_owned_ipv4_pool": "",
            "enable_dns64": false,
            "enable_resource_name_dns_a_record_on_launch": false,
            "enable_resource_name_dns_aaaa_record_on_launch": false,
            "id": "subnet-0cb547f25032616a3",
            "ipv6_cidr_block": "",
            "ipv6_cidr_block_association_id": "",
            "ipv6_native": false,
            "map_customer_owned_ip_on_launch": false,
            "map_public_ip_on_launch": false,
            "outpost_arn": "",
            "owner_id": "528757795742",
            "private_dns_hostname_type_on_launch": "ip-name",
            "tags": null,
            "tags_all": {},
            "timeouts": null,
            "vpc_id": "vpc-0f4201de7a1303e52"
          },
          "sensitive_attributes": [],
          "private": "eyJlMmJmYjczMC1lY2FhLTExZTYtOGY4OC0zNDM2M2JjN2M0YzAiOnsiY3JlYXRlIjo2MDAwMDAwMDAwMDAsImRlbGV0ZSI6MTIwMDAwMDAwMDAwMH0sInNjaGVtYV92ZXJzaW9uIjoiMSJ9",
          "dependencies": [
            "aws_vpc.tokyo-vpc"
          ]
        }
      ]
    },
    {
      "mode": "managed",
      "type": "aws_subnet",
      "name": "private-ap-northeast-1c",
      "provider": "provider[\"registry.terraform.io/hashicorp/aws\"].Tokyo",
      "instances": [
        {
          "schema_version": 1,
          "attributes": {
            "arn": "arn:aws:ec2:ap-northeast-1:528757795742:subnet/subnet-04aedff17884af15b",
            "assign_ipv6_address_on_creation": false,
            "availability_zone": "ap-northeast-1c",
            "availability_zone_id": "apne1-az1",
            "cidr_block": "10.20.13.0/24",
            "customer_owned_ipv4_pool": "",
            "enable_dns64": false,
            "enable_resource_name_dns_a_record_on_launch": false,
            "enable_resource_name_dns_aaaa_record_on_launch": false,
            "id": "subnet-04aedff17884af15b",
            "ipv6_cidr_block": "",
            "ipv6_cidr_block_association_id": "",
            "ipv6_native": false,
            "map_customer_owned_ip_on_launch": false,
            "map_public_ip_on_launch": false,
            "outpost_arn": "",
            "owner_id": "528757795742",
            "private_dns_hostname_type_on_launch": "ip-name",
            "tags": null,
            "tags_all": {},
            "timeouts": null,
            "vpc_id": "vpc-0f4201de7a1303e52"
          },
          "sensitive_attributes": [],
          "private": "eyJlMmJmYjczMC1lY2FhLTExZTYtOGY4OC0zNDM2M2JjN2M0YzAiOnsiY3JlYXRlIjo2MDAwMDAwMDAwMDAsImRlbGV0ZSI6MTIwMDAwMDAwMDAwMH0sInNjaGVtYV92ZXJzaW9uIjoiMSJ9",
          "dependencies": [
            "aws_vpc.tokyo-vpc"
          ]
        }
      ]
    },
    {
      "mode": "managed",
      "type": "aws_subnet",
      "name": "private-ap-southeast-2a",
      "provider": "provider[\"registry.terraform.io/hashicorp/aws\"].Australia",
      "instances": [
        {
          "schema_version": 1,
          "attributes": {
            "arn": "arn:aws:ec2:ap-southeast-2:528757795742:subnet/subnet-0989d207f715c5ae2",
            "assign_ipv6_address_on_creation": false,
            "availability_zone": "ap-southeast-2a",
            "availability_zone_id": "apse2-az3",
            "cidr_block": "10.25.11.0/24",
            "customer_owned_ipv4_pool": "",
            "enable_dns64": false,
            "enable_resource_name_dns_a_record_on_launch": false,
            "enable_resource_name_dns_aaaa_record_on_launch": false,
            "id": "subnet-0989d207f715c5ae2",
            "ipv6_cidr_block": "",
            "ipv6_cidr_block_association_id": "",
            "ipv6_native": false,
            "map_customer_owned_ip_on_launch": false,
            "map_public_ip_on_launch": false,
            "outpost_arn": "",
            "owner_id": "528757795742",
            "private_dns_hostname_type_on_launch": "ip-name",
            "tags": null,
            "tags_all": {},
            "timeouts": null,
            "vpc_id": "vpc-04acad0dcf5478c8b"
          },
          "sensitive_attributes": [],
          "private": "eyJlMmJmYjczMC1lY2FhLTExZTYtOGY4OC0zNDM2M2JjN2M0YzAiOnsiY3JlYXRlIjo2MDAwMDAwMDAwMDAsImRlbGV0ZSI6MTIwMDAwMDAwMDAwMH0sInNjaGVtYV92ZXJzaW9uIjoiMSJ9",
          "dependencies": [
            "aws_vpc.australia-vpc"
          ]
        }
      ]
    },
    {
      "mode": "managed",
      "type": "aws_subnet",
      "name": "private-ap-southeast-2b",
      "provider": "provider[\"registry.terraform.io/hashicorp/aws\"].Australia",
      "instances": [
        {
          "schema_version": 1,
          "attributes": {
            "arn": "arn:aws:ec2:ap-southeast-2:528757795742:subnet/subnet-0dc44b203dc3e5117",
            "assign_ipv6_address_on_creation": false,
            "availability_zone": "ap-southeast-2b",
            "availability_zone_id": "apse2-az1",
            "cidr_block": "10.25.12.0/24",
            "customer_owned_ipv4_pool": "",
            "enable_dns64": false,
            "enable_resource_name_dns_a_record_on_launch": false,
            "enable_resource_name_dns_aaaa_record_on_launch": false,
            "id": "subnet-0dc44b203dc3e5117",
            "ipv6_cidr_block": "",
            "ipv6_cidr_block_association_id": "",
            "ipv6_native": false,
            "map_customer_owned_ip_on_launch": false,
            "map_public_ip_on_launch": false,
            "outpost_arn": "",
            "owner_id": "528757795742",
            "private_dns_hostname_type_on_launch": "ip-name",
            "tags": null,
            "tags_all": {},
            "timeouts": null,
            "vpc_id": "vpc-04acad0dcf5478c8b"
          },
          "sensitive_attributes": [],
          "private": "eyJlMmJmYjczMC1lY2FhLTExZTYtOGY4OC0zNDM2M2JjN2M0YzAiOnsiY3JlYXRlIjo2MDAwMDAwMDAwMDAsImRlbGV0ZSI6MTIwMDAwMDAwMDAwMH0sInNjaGVtYV92ZXJzaW9uIjoiMSJ9",
          "dependencies": [
            "aws_vpc.australia-vpc"
          ]
        }
      ]
    },
    {
      "mode": "managed",
      "type": "aws_subnet",
      "name": "private-eu-west-2a",
      "provider": "provider[\"registry.terraform.io/hashicorp/aws\"].London",
      "instances": [
        {
          "schema_version": 1,
          "attributes": {
            "arn": "arn:aws:ec2:eu-west-2:528757795742:subnet/subnet-08c2033cc387452a3",
            "assign_ipv6_address_on_creation": false,
            "availability_zone": "eu-west-2a",
            "availability_zone_id": "euw2-az2",
            "cidr_block": "10.22.11.0/24",
            "customer_owned_ipv4_pool": "",
            "enable_dns64": false,
            "enable_resource_name_dns_a_record_on_launch": false,
            "enable_resource_name_dns_aaaa_record_on_launch": false,
            "id": "subnet-08c2033cc387452a3",
            "ipv6_cidr_block": "",
            "ipv6_cidr_block_association_id": "",
            "ipv6_native": false,
            "map_customer_owned_ip_on_launch": false,
            "map_public_ip_on_launch": false,
            "outpost_arn": "",
            "owner_id": "528757795742",
            "private_dns_hostname_type_on_launch": "ip-name",
            "tags": null,
            "tags_all": {},
            "timeouts": null,
            "vpc_id": "vpc-042ad90137798e878"
          },
          "sensitive_attributes": [],
          "private": "eyJlMmJmYjczMC1lY2FhLTExZTYtOGY4OC0zNDM2M2JjN2M0YzAiOnsiY3JlYXRlIjo2MDAwMDAwMDAwMDAsImRlbGV0ZSI6MTIwMDAwMDAwMDAwMH0sInNjaGVtYV92ZXJzaW9uIjoiMSJ9",
          "dependencies": [
            "aws_vpc.london-vpc"
          ]
        }
      ]
    },
    {
      "mode": "managed",
      "type": "aws_subnet",
      "name": "private-eu-west-2b",
      "provider": "provider[\"registry.terraform.io/hashicorp/aws\"].London",
      "instances": [
        {
          "schema_version": 1,
          "attributes": {
            "arn": "arn:aws:ec2:eu-west-2:528757795742:subnet/subnet-07bd8bf67cac28f95",
            "assign_ipv6_address_on_creation": false,
            "availability_zone": "eu-west-2b",
            "availability_zone_id": "euw2-az3",
            "cidr_block": "10.22.12.0/24",
            "customer_owned_ipv4_pool": "",
            "enable_dns64": false,
            "enable_resource_name_dns_a_record_on_launch": false,
            "enable_resource_name_dns_aaaa_record_on_launch": false,
            "id": "subnet-07bd8bf67cac28f95",
            "ipv6_cidr_block": "",
            "ipv6_cidr_block_association_id": "",
            "ipv6_native": false,
            "map_customer_owned_ip_on_launch": false,
            "map_public_ip_on_launch": false,
            "outpost_arn": "",
            "owner_id": "528757795742",
            "private_dns_hostname_type_on_launch": "ip-name",
            "tags": null,
            "tags_all": {},
            "timeouts": null,
            "vpc_id": "vpc-042ad90137798e878"
          },
          "sensitive_attributes": [],
          "private": "eyJlMmJmYjczMC1lY2FhLTExZTYtOGY4OC0zNDM2M2JjN2M0YzAiOnsiY3JlYXRlIjo2MDAwMDAwMDAwMDAsImRlbGV0ZSI6MTIwMDAwMDAwMDAwMH0sInNjaGVtYV92ZXJzaW9uIjoiMSJ9",
          "dependencies": [
            "aws_vpc.london-vpc"
          ]
        }
      ]
    },
    {
      "mode": "managed",
      "type": "aws_subnet",
      "name": "private-sa-east-1a",
      "provider": "provider[\"registry.terraform.io/hashicorp/aws\"].Sao-Paulo",
      "instances": [
        {
          "schema_version": 1,
          "attributes": {
            "arn": "arn:aws:ec2:sa-east-1:528757795742:subnet/subnet-09c2f253b21e8c516",
            "assign_ipv6_address_on_creation": false,
            "availability_zone": "sa-east-1a",
            "availability_zone_id": "sae1-az1",
            "cidr_block": "10.23.11.0/24",
            "customer_owned_ipv4_pool": "",
            "enable_dns64": false,
            "enable_resource_name_dns_a_record_on_launch": false,
            "enable_resource_name_dns_aaaa_record_on_launch": false,
            "id": "subnet-09c2f253b21e8c516",
            "ipv6_cidr_block": "",
            "ipv6_cidr_block_association_id": "",
            "ipv6_native": false,
            "map_customer_owned_ip_on_launch": false,
            "map_public_ip_on_launch": false,
            "outpost_arn": "",
            "owner_id": "528757795742",
            "private_dns_hostname_type_on_launch": "ip-name",
            "tags": null,
            "tags_all": {},
            "timeouts": null,
            "vpc_id": "vpc-0b0d52a54ea4c93b3"
          },
          "sensitive_attributes": [],
          "private": "eyJlMmJmYjczMC1lY2FhLTExZTYtOGY4OC0zNDM2M2JjN2M0YzAiOnsiY3JlYXRlIjo2MDAwMDAwMDAwMDAsImRlbGV0ZSI6MTIwMDAwMDAwMDAwMH0sInNjaGVtYV92ZXJzaW9uIjoiMSJ9",
          "dependencies": [
            "aws_vpc.sao-paulo-vpc"
          ]
        }
      ]
    },
    {
      "mode": "managed",
      "type": "aws_subnet",
      "name": "private-sa-east-1c",
      "provider": "provider[\"registry.terraform.io/hashicorp/aws\"].Sao-Paulo",
      "instances": [
        {
          "schema_version": 1,
          "attributes": {
            "arn": "arn:aws:ec2:sa-east-1:528757795742:subnet/subnet-0c855015f37c17cbc",
            "assign_ipv6_address_on_creation": false,
            "availability_zone": "sa-east-1c",
            "availability_zone_id": "sae1-az3",
            "cidr_block": "10.23.13.0/24",
            "customer_owned_ipv4_pool": "",
            "enable_dns64": false,
            "enable_resource_name_dns_a_record_on_launch": false,
            "enable_resource_name_dns_aaaa_record_on_launch": false,
            "id": "subnet-0c855015f37c17cbc",
            "ipv6_cidr_block": "",
            "ipv6_cidr_block_association_id": "",
            "ipv6_native": false,
            "map_customer_owned_ip_on_launch": false,
            "map_public_ip_on_launch": false,
            "outpost_arn": "",
            "owner_id": "528757795742",
            "private_dns_hostname_type_on_launch": "ip-name",
            "tags": null,
            "tags_all": {},
            "timeouts": null,
            "vpc_id": "vpc-0b0d52a54ea4c93b3"
          },
          "sensitive_attributes": [],
          "private": "eyJlMmJmYjczMC1lY2FhLTExZTYtOGY4OC0zNDM2M2JjN2M0YzAiOnsiY3JlYXRlIjo2MDAwMDAwMDAwMDAsImRlbGV0ZSI6MTIwMDAwMDAwMDAwMH0sInNjaGVtYV92ZXJzaW9uIjoiMSJ9",
          "dependencies": [
            "aws_vpc.sao-paulo-vpc"
          ]
        }
      ]
    },
    {
      "mode": "managed",
      "type": "aws_subnet",
      "name": "private-us-west-1c",
      "provider": "provider[\"registry.terraform.io/hashicorp/aws\"].California",
      "instances": [
        {
          "schema_version": 1,
          "attributes": {
            "arn": "arn:aws:ec2:us-west-1:528757795742:subnet/subnet-007015d7473286fe0",
            "assign_ipv6_address_on_creation": false,
            "availability_zone": "us-west-1c",
            "availability_zone_id": "usw1-az3",
            "cidr_block": "10.24.11.0/24",
            "customer_owned_ipv4_pool": "",
            "enable_dns64": false,
            "enable_resource_name_dns_a_record_on_launch": false,
            "enable_resource_name_dns_aaaa_record_on_launch": false,
            "id": "subnet-007015d7473286fe0",
            "ipv6_cidr_block": "",
            "ipv6_cidr_block_association_id": "",
            "ipv6_native": false,
            "map_customer_owned_ip_on_launch": false,
            "map_public_ip_on_launch": false,
            "outpost_arn": "",
            "owner_id": "528757795742",
            "private_dns_hostname_type_on_launch": "ip-name",
            "tags": null,
            "tags_all": {},
            "timeouts": null,
            "vpc_id": "vpc-08c13bfb02b79febb"
          },
          "sensitive_attributes": [],
          "private": "eyJlMmJmYjczMC1lY2FhLTExZTYtOGY4OC0zNDM2M2JjN2M0YzAiOnsiY3JlYXRlIjo2MDAwMDAwMDAwMDAsImRlbGV0ZSI6MTIwMDAwMDAwMDAwMH0sInNjaGVtYV92ZXJzaW9uIjoiMSJ9",
          "dependencies": [
            "aws_vpc.california-vpc"
          ]
        }
      ]
    },
    {
      "mode": "managed",
      "type": "aws_subnet",
      "name": "public-ap-east-1a",
      "provider": "provider[\"registry.terraform.io/hashicorp/aws\"].Hong-Kong",
      "instances": [
        {
          "schema_version": 1,
          "attributes": {
            "arn": "arn:aws:ec2:ap-east-1:528757795742:subnet/subnet-049d1474918f60420",
            "assign_ipv6_address_on_creation": false,
            "availability_zone": "ap-east-1a",
            "availability_zone_id": "ape1-az1",
            "cidr_block": "10.21.1.0/24",
            "customer_owned_ipv4_pool": "",
            "enable_dns64": false,
            "enable_resource_name_dns_a_record_on_launch": false,
            "enable_resource_name_dns_aaaa_record_on_launch": false,
            "id": "subnet-049d1474918f60420",
            "ipv6_cidr_block": "",
            "ipv6_cidr_block_association_id": "",
            "ipv6_native": false,
            "map_customer_owned_ip_on_launch": false,
            "map_public_ip_on_launch": true,
            "outpost_arn": "",
            "owner_id": "528757795742",
            "private_dns_hostname_type_on_launch": "ip-name",
            "tags": null,
            "tags_all": {},
            "timeouts": null,
            "vpc_id": "vpc-059ae451ac8cec4c7"
          },
          "sensitive_attributes": [],
          "private": "eyJlMmJmYjczMC1lY2FhLTExZTYtOGY4OC0zNDM2M2JjN2M0YzAiOnsiY3JlYXRlIjo2MDAwMDAwMDAwMDAsImRlbGV0ZSI6MTIwMDAwMDAwMDAwMH0sInNjaGVtYV92ZXJzaW9uIjoiMSJ9",
          "dependencies": [
            "aws_vpc.hong-kong-vpc"
          ]
        }
      ]
    },
    {
      "mode": "managed",
      "type": "aws_subnet",
      "name": "public-ap-east-1b",
      "provider": "provider[\"registry.terraform.io/hashicorp/aws\"].Hong-Kong",
      "instances": [
        {
          "schema_version": 1,
          "attributes": {
            "arn": "arn:aws:ec2:ap-east-1:528757795742:subnet/subnet-07616a397509e82d1",
            "assign_ipv6_address_on_creation": false,
            "availability_zone": "ap-east-1b",
            "availability_zone_id": "ape1-az2",
            "cidr_block": "10.21.2.0/24",
            "customer_owned_ipv4_pool": "",
            "enable_dns64": false,
            "enable_resource_name_dns_a_record_on_launch": false,
            "enable_resource_name_dns_aaaa_record_on_launch": false,
            "id": "subnet-07616a397509e82d1",
            "ipv6_cidr_block": "",
            "ipv6_cidr_block_association_id": "",
            "ipv6_native": false,
            "map_customer_owned_ip_on_launch": false,
            "map_public_ip_on_launch": true,
            "outpost_arn": "",
            "owner_id": "528757795742",
            "private_dns_hostname_type_on_launch": "ip-name",
            "tags": null,
            "tags_all": {},
            "timeouts": null,
            "vpc_id": "vpc-059ae451ac8cec4c7"
          },
          "sensitive_attributes": [],
          "private": "eyJlMmJmYjczMC1lY2FhLTExZTYtOGY4OC0zNDM2M2JjN2M0YzAiOnsiY3JlYXRlIjo2MDAwMDAwMDAwMDAsImRlbGV0ZSI6MTIwMDAwMDAwMDAwMH0sInNjaGVtYV92ZXJzaW9uIjoiMSJ9",
          "dependencies": [
            "aws_vpc.hong-kong-vpc"
          ]
        }
      ]
    },
    {
      "mode": "managed",
      "type": "aws_subnet",
      "name": "public-ap-northeast-1a",
      "provider": "provider[\"registry.terraform.io/hashicorp/aws\"].Tokyo",
      "instances": [
        {
          "schema_version": 1,
          "attributes": {
            "arn": "arn:aws:ec2:ap-northeast-1:528757795742:subnet/subnet-01bf390afc6a6fc16",
            "assign_ipv6_address_on_creation": false,
            "availability_zone": "ap-northeast-1a",
            "availability_zone_id": "apne1-az4",
            "cidr_block": "10.20.1.0/24",
            "customer_owned_ipv4_pool": "",
            "enable_dns64": false,
            "enable_resource_name_dns_a_record_on_launch": false,
            "enable_resource_name_dns_aaaa_record_on_launch": false,
            "id": "subnet-01bf390afc6a6fc16",
            "ipv6_cidr_block": "",
            "ipv6_cidr_block_association_id": "",
            "ipv6_native": false,
            "map_customer_owned_ip_on_launch": false,
            "map_public_ip_on_launch": true,
            "outpost_arn": "",
            "owner_id": "528757795742",
            "private_dns_hostname_type_on_launch": "ip-name",
            "tags": null,
            "tags_all": {},
            "timeouts": null,
            "vpc_id": "vpc-0f4201de7a1303e52"
          },
          "sensitive_attributes": [],
          "private": "eyJlMmJmYjczMC1lY2FhLTExZTYtOGY4OC0zNDM2M2JjN2M0YzAiOnsiY3JlYXRlIjo2MDAwMDAwMDAwMDAsImRlbGV0ZSI6MTIwMDAwMDAwMDAwMH0sInNjaGVtYV92ZXJzaW9uIjoiMSJ9",
          "dependencies": [
            "aws_vpc.tokyo-vpc"
          ]
        }
      ]
    },
    {
      "mode": "managed",
      "type": "aws_subnet",
      "name": "public-ap-northeast-1c",
      "provider": "provider[\"registry.terraform.io/hashicorp/aws\"].Tokyo",
      "instances": [
        {
          "schema_version": 1,
          "attributes": {
            "arn": "arn:aws:ec2:ap-northeast-1:528757795742:subnet/subnet-0bfb48b885ec35a5e",
            "assign_ipv6_address_on_creation": false,
            "availability_zone": "ap-northeast-1c",
            "availability_zone_id": "apne1-az1",
            "cidr_block": "10.20.3.0/24",
            "customer_owned_ipv4_pool": "",
            "enable_dns64": false,
            "enable_resource_name_dns_a_record_on_launch": false,
            "enable_resource_name_dns_aaaa_record_on_launch": false,
            "id": "subnet-0bfb48b885ec35a5e",
            "ipv6_cidr_block": "",
            "ipv6_cidr_block_association_id": "",
            "ipv6_native": false,
            "map_customer_owned_ip_on_launch": false,
            "map_public_ip_on_launch": true,
            "outpost_arn": "",
            "owner_id": "528757795742",
            "private_dns_hostname_type_on_launch": "ip-name",
            "tags": null,
            "tags_all": {},
            "timeouts": null,
            "vpc_id": "vpc-0f4201de7a1303e52"
          },
          "sensitive_attributes": [],
          "private": "eyJlMmJmYjczMC1lY2FhLTExZTYtOGY4OC0zNDM2M2JjN2M0YzAiOnsiY3JlYXRlIjo2MDAwMDAwMDAwMDAsImRlbGV0ZSI6MTIwMDAwMDAwMDAwMH0sInNjaGVtYV92ZXJzaW9uIjoiMSJ9",
          "dependencies": [
            "aws_vpc.tokyo-vpc"
          ]
        }
      ]
    },
    {
      "mode": "managed",
      "type": "aws_subnet",
      "name": "public-ap-southeast-2a",
      "provider": "provider[\"registry.terraform.io/hashicorp/aws\"].Australia",
      "instances": [
        {
          "schema_version": 1,
          "attributes": {
            "arn": "arn:aws:ec2:ap-southeast-2:528757795742:subnet/subnet-037be8810158c8a17",
            "assign_ipv6_address_on_creation": false,
            "availability_zone": "ap-southeast-2a",
            "availability_zone_id": "apse2-az3",
            "cidr_block": "10.25.1.0/24",
            "customer_owned_ipv4_pool": "",
            "enable_dns64": false,
            "enable_resource_name_dns_a_record_on_launch": false,
            "enable_resource_name_dns_aaaa_record_on_launch": false,
            "id": "subnet-037be8810158c8a17",
            "ipv6_cidr_block": "",
            "ipv6_cidr_block_association_id": "",
            "ipv6_native": false,
            "map_customer_owned_ip_on_launch": false,
            "map_public_ip_on_launch": true,
            "outpost_arn": "",
            "owner_id": "528757795742",
            "private_dns_hostname_type_on_launch": "ip-name",
            "tags": null,
            "tags_all": {},
            "timeouts": null,
            "vpc_id": "vpc-04acad0dcf5478c8b"
          },
          "sensitive_attributes": [],
          "private": "eyJlMmJmYjczMC1lY2FhLTExZTYtOGY4OC0zNDM2M2JjN2M0YzAiOnsiY3JlYXRlIjo2MDAwMDAwMDAwMDAsImRlbGV0ZSI6MTIwMDAwMDAwMDAwMH0sInNjaGVtYV92ZXJzaW9uIjoiMSJ9",
          "dependencies": [
            "aws_vpc.australia-vpc"
          ]
        }
      ]
    },
    {
      "mode": "managed",
      "type": "aws_subnet",
      "name": "public-ap-southeast-2b",
      "provider": "provider[\"registry.terraform.io/hashicorp/aws\"].Australia",
      "instances": [
        {
          "schema_version": 1,
          "attributes": {
            "arn": "arn:aws:ec2:ap-southeast-2:528757795742:subnet/subnet-0ad12b11dc2bee94e",
            "assign_ipv6_address_on_creation": false,
            "availability_zone": "ap-southeast-2b",
            "availability_zone_id": "apse2-az1",
            "cidr_block": "10.25.2.0/24",
            "customer_owned_ipv4_pool": "",
            "enable_dns64": false,
            "enable_resource_name_dns_a_record_on_launch": false,
            "enable_resource_name_dns_aaaa_record_on_launch": false,
            "id": "subnet-0ad12b11dc2bee94e",
            "ipv6_cidr_block": "",
            "ipv6_cidr_block_association_id": "",
            "ipv6_native": false,
            "map_customer_owned_ip_on_launch": false,
            "map_public_ip_on_launch": true,
            "outpost_arn": "",
            "owner_id": "528757795742",
            "private_dns_hostname_type_on_launch": "ip-name",
            "tags": null,
            "tags_all": {},
            "timeouts": null,
            "vpc_id": "vpc-04acad0dcf5478c8b"
          },
          "sensitive_attributes": [],
          "private": "eyJlMmJmYjczMC1lY2FhLTExZTYtOGY4OC0zNDM2M2JjN2M0YzAiOnsiY3JlYXRlIjo2MDAwMDAwMDAwMDAsImRlbGV0ZSI6MTIwMDAwMDAwMDAwMH0sInNjaGVtYV92ZXJzaW9uIjoiMSJ9",
          "dependencies": [
            "aws_vpc.australia-vpc"
          ]
        }
      ]
    },
    {
      "mode": "managed",
      "type": "aws_subnet",
      "name": "public-eu-west-2a",
      "provider": "provider[\"registry.terraform.io/hashicorp/aws\"].London",
      "instances": [
        {
          "schema_version": 1,
          "attributes": {
            "arn": "arn:aws:ec2:eu-west-2:528757795742:subnet/subnet-082d969380187f0ed",
            "assign_ipv6_address_on_creation": false,
            "availability_zone": "eu-west-2a",
            "availability_zone_id": "euw2-az2",
            "cidr_block": "10.22.1.0/24",
            "customer_owned_ipv4_pool": "",
            "enable_dns64": false,
            "enable_resource_name_dns_a_record_on_launch": false,
            "enable_resource_name_dns_aaaa_record_on_launch": false,
            "id": "subnet-082d969380187f0ed",
            "ipv6_cidr_block": "",
            "ipv6_cidr_block_association_id": "",
            "ipv6_native": false,
            "map_customer_owned_ip_on_launch": false,
            "map_public_ip_on_launch": true,
            "outpost_arn": "",
            "owner_id": "528757795742",
            "private_dns_hostname_type_on_launch": "ip-name",
            "tags": null,
            "tags_all": {},
            "timeouts": null,
            "vpc_id": "vpc-042ad90137798e878"
          },
          "sensitive_attributes": [],
          "private": "eyJlMmJmYjczMC1lY2FhLTExZTYtOGY4OC0zNDM2M2JjN2M0YzAiOnsiY3JlYXRlIjo2MDAwMDAwMDAwMDAsImRlbGV0ZSI6MTIwMDAwMDAwMDAwMH0sInNjaGVtYV92ZXJzaW9uIjoiMSJ9",
          "dependencies": [
            "aws_vpc.london-vpc"
          ]
        }
      ]
    },
    {
      "mode": "managed",
      "type": "aws_subnet",
      "name": "public-eu-west-2b",
      "provider": "provider[\"registry.terraform.io/hashicorp/aws\"].London",
      "instances": [
        {
          "schema_version": 1,
          "attributes": {
            "arn": "arn:aws:ec2:eu-west-2:528757795742:subnet/subnet-030d61b8d4ff45f71",
            "assign_ipv6_address_on_creation": false,
            "availability_zone": "eu-west-2b",
            "availability_zone_id": "euw2-az3",
            "cidr_block": "10.22.2.0/24",
            "customer_owned_ipv4_pool": "",
            "enable_dns64": false,
            "enable_resource_name_dns_a_record_on_launch": false,
            "enable_resource_name_dns_aaaa_record_on_launch": false,
            "id": "subnet-030d61b8d4ff45f71",
            "ipv6_cidr_block": "",
            "ipv6_cidr_block_association_id": "",
            "ipv6_native": false,
            "map_customer_owned_ip_on_launch": false,
            "map_public_ip_on_launch": true,
            "outpost_arn": "",
            "owner_id": "528757795742",
            "private_dns_hostname_type_on_launch": "ip-name",
            "tags": null,
            "tags_all": {},
            "timeouts": null,
            "vpc_id": "vpc-042ad90137798e878"
          },
          "sensitive_attributes": [],
          "private": "eyJlMmJmYjczMC1lY2FhLTExZTYtOGY4OC0zNDM2M2JjN2M0YzAiOnsiY3JlYXRlIjo2MDAwMDAwMDAwMDAsImRlbGV0ZSI6MTIwMDAwMDAwMDAwMH0sInNjaGVtYV92ZXJzaW9uIjoiMSJ9",
          "dependencies": [
            "aws_vpc.london-vpc"
          ]
        }
      ]
    },
    {
      "mode": "managed",
      "type": "aws_subnet",
      "name": "public-sa-east-1a",
      "provider": "provider[\"registry.terraform.io/hashicorp/aws\"].Sao-Paulo",
      "instances": [
        {
          "schema_version": 1,
          "attributes": {
            "arn": "arn:aws:ec2:sa-east-1:528757795742:subnet/subnet-08da7b5e026519ade",
            "assign_ipv6_address_on_creation": false,
            "availability_zone": "sa-east-1a",
            "availability_zone_id": "sae1-az1",
            "cidr_block": "10.23.1.0/24",
            "customer_owned_ipv4_pool": "",
            "enable_dns64": false,
            "enable_resource_name_dns_a_record_on_launch": false,
            "enable_resource_name_dns_aaaa_record_on_launch": false,
            "id": "subnet-08da7b5e026519ade",
            "ipv6_cidr_block": "",
            "ipv6_cidr_block_association_id": "",
            "ipv6_native": false,
            "map_customer_owned_ip_on_launch": false,
            "map_public_ip_on_launch": true,
            "outpost_arn": "",
            "owner_id": "528757795742",
            "private_dns_hostname_type_on_launch": "ip-name",
            "tags": null,
            "tags_all": {},
            "timeouts": null,
            "vpc_id": "vpc-0b0d52a54ea4c93b3"
          },
          "sensitive_attributes": [],
          "private": "eyJlMmJmYjczMC1lY2FhLTExZTYtOGY4OC0zNDM2M2JjN2M0YzAiOnsiY3JlYXRlIjo2MDAwMDAwMDAwMDAsImRlbGV0ZSI6MTIwMDAwMDAwMDAwMH0sInNjaGVtYV92ZXJzaW9uIjoiMSJ9",
          "dependencies": [
            "aws_vpc.sao-paulo-vpc"
          ]
        }
      ]
    },
    {
      "mode": "managed",
      "type": "aws_subnet",
      "name": "public-sa-east-1c",
      "provider": "provider[\"registry.terraform.io/hashicorp/aws\"].Sao-Paulo",
      "instances": [
        {
          "schema_version": 1,
          "attributes": {
            "arn": "arn:aws:ec2:sa-east-1:528757795742:subnet/subnet-0d95786fd8df9fad5",
            "assign_ipv6_address_on_creation": false,
            "availability_zone": "sa-east-1c",
            "availability_zone_id": "sae1-az3",
            "cidr_block": "10.23.3.0/24",
            "customer_owned_ipv4_pool": "",
            "enable_dns64": false,
            "enable_resource_name_dns_a_record_on_launch": false,
            "enable_resource_name_dns_aaaa_record_on_launch": false,
            "id": "subnet-0d95786fd8df9fad5",
            "ipv6_cidr_block": "",
            "ipv6_cidr_block_association_id": "",
            "ipv6_native": false,
            "map_customer_owned_ip_on_launch": false,
            "map_public_ip_on_launch": true,
            "outpost_arn": "",
            "owner_id": "528757795742",
            "private_dns_hostname_type_on_launch": "ip-name",
            "tags": null,
            "tags_all": {},
            "timeouts": null,
            "vpc_id": "vpc-0b0d52a54ea4c93b3"
          },
          "sensitive_attributes": [],
          "private": "eyJlMmJmYjczMC1lY2FhLTExZTYtOGY4OC0zNDM2M2JjN2M0YzAiOnsiY3JlYXRlIjo2MDAwMDAwMDAwMDAsImRlbGV0ZSI6MTIwMDAwMDAwMDAwMH0sInNjaGVtYV92ZXJzaW9uIjoiMSJ9",
          "dependencies": [
            "aws_vpc.sao-paulo-vpc"
          ]
        }
      ]
    },
    {
      "mode": "managed",
      "type": "aws_subnet",
      "name": "public-us-west-1c",
      "provider": "provider[\"registry.terraform.io/hashicorp/aws\"].California",
      "instances": [
        {
          "schema_version": 1,
          "attributes": {
            "arn": "arn:aws:ec2:us-west-1:528757795742:subnet/subnet-038c5fd64af05218d",
            "assign_ipv6_address_on_creation": false,
            "availability_zone": "us-west-1c",
            "availability_zone_id": "usw1-az3",
            "cidr_block": "10.24.1.0/24",
            "customer_owned_ipv4_pool": "",
            "enable_dns64": false,
            "enable_resource_name_dns_a_record_on_launch": false,
            "enable_resource_name_dns_aaaa_record_on_launch": false,
            "id": "subnet-038c5fd64af05218d",
            "ipv6_cidr_block": "",
            "ipv6_cidr_block_association_id": "",
            "ipv6_native": false,
            "map_customer_owned_ip_on_launch": false,
            "map_public_ip_on_launch": true,
            "outpost_arn": "",
            "owner_id": "528757795742",
            "private_dns_hostname_type_on_launch": "ip-name",
            "tags": null,
            "tags_all": {},
            "timeouts": null,
            "vpc_id": "vpc-08c13bfb02b79febb"
          },
          "sensitive_attributes": [],
          "private": "eyJlMmJmYjczMC1lY2FhLTExZTYtOGY4OC0zNDM2M2JjN2M0YzAiOnsiY3JlYXRlIjo2MDAwMDAwMDAwMDAsImRlbGV0ZSI6MTIwMDAwMDAwMDAwMH0sInNjaGVtYV92ZXJzaW9uIjoiMSJ9",
          "dependencies": [
            "aws_vpc.california-vpc"
          ]
        }
      ]
    },
    {
      "mode": "managed",
      "type": "aws_vpc",
      "name": "australia-vpc",
      "provider": "provider[\"registry.terraform.io/hashicorp/aws\"].Australia",
      "instances": [
        {
          "schema_version": 1,
          "attributes": {
            "arn": "arn:aws:ec2:ap-southeast-2:528757795742:vpc/vpc-04acad0dcf5478c8b",
            "assign_generated_ipv6_cidr_block": false,
            "cidr_block": "10.25.0.0/16",
            "default_network_acl_id": "acl-0d398faced327ac65",
            "default_route_table_id": "rtb-06f2528aae321a885",
            "default_security_group_id": "sg-003fe45d4513d9a89",
            "dhcp_options_id": "dopt-0dfdc4d1b7e54916f",
            "enable_classiclink": false,
            "enable_classiclink_dns_support": false,
            "enable_dns_hostnames": false,
            "enable_dns_support": true,
            "id": "vpc-04acad0dcf5478c8b",
            "instance_tenancy": "default",
            "ipv4_ipam_pool_id": null,
            "ipv4_netmask_length": null,
            "ipv6_association_id": "",
            "ipv6_cidr_block": "",
            "ipv6_cidr_block_network_border_group": "",
            "ipv6_ipam_pool_id": "",
            "ipv6_netmask_length": 0,
            "main_route_table_id": "rtb-06f2528aae321a885",
            "owner_id": "528757795742",
            "tags": null,
            "tags_all": {}
          },
          "sensitive_attributes": [],
          "private": "eyJzY2hlbWFfdmVyc2lvbiI6IjEifQ==",
          "create_before_destroy": true
        }
      ]
    },
    {
      "mode": "managed",
      "type": "aws_vpc",
      "name": "california-vpc",
      "provider": "provider[\"registry.terraform.io/hashicorp/aws\"].California",
      "instances": [
        {
          "schema_version": 1,
          "attributes": {
            "arn": "arn:aws:ec2:us-west-1:528757795742:vpc/vpc-08c13bfb02b79febb",
            "assign_generated_ipv6_cidr_block": false,
            "cidr_block": "10.24.0.0/16",
            "default_network_acl_id": "acl-06ee7bc8456dee58e",
            "default_route_table_id": "rtb-09490f29c9110f204",
            "default_security_group_id": "sg-08e9923288ebd6b5a",
            "dhcp_options_id": "dopt-06c3ae6733ca4f1a5",
            "enable_classiclink": false,
            "enable_classiclink_dns_support": false,
            "enable_dns_hostnames": false,
            "enable_dns_support": true,
            "id": "vpc-08c13bfb02b79febb",
            "instance_tenancy": "default",
            "ipv4_ipam_pool_id": null,
            "ipv4_netmask_length": null,
            "ipv6_association_id": "",
            "ipv6_cidr_block": "",
            "ipv6_cidr_block_network_border_group": "",
            "ipv6_ipam_pool_id": "",
            "ipv6_netmask_length": 0,
            "main_route_table_id": "rtb-09490f29c9110f204",
            "owner_id": "528757795742",
            "tags": null,
            "tags_all": {}
          },
          "sensitive_attributes": [],
          "private": "eyJzY2hlbWFfdmVyc2lvbiI6IjEifQ==",
          "create_before_destroy": true
        }
      ]
    },
    {
      "mode": "managed",
      "type": "aws_vpc",
      "name": "hong-kong-vpc",
      "provider": "provider[\"registry.terraform.io/hashicorp/aws\"].Hong-Kong",
      "instances": [
        {
          "schema_version": 1,
          "attributes": {
            "arn": "arn:aws:ec2:ap-east-1:528757795742:vpc/vpc-059ae451ac8cec4c7",
            "assign_generated_ipv6_cidr_block": false,
            "cidr_block": "10.21.0.0/16",
            "default_network_acl_id": "acl-085202f6ccd9fad77",
            "default_route_table_id": "rtb-0f7dc08e4cbad6e6c",
            "default_security_group_id": "sg-0bc473d39e54fc3d9",
            "dhcp_options_id": "dopt-06c5b733a9c1e9f67",
            "enable_classiclink": false,
            "enable_classiclink_dns_support": false,
            "enable_dns_hostnames": false,
            "enable_dns_support": true,
            "id": "vpc-059ae451ac8cec4c7",
            "instance_tenancy": "default",
            "ipv4_ipam_pool_id": null,
            "ipv4_netmask_length": null,
            "ipv6_association_id": "",
            "ipv6_cidr_block": "",
            "ipv6_cidr_block_network_border_group": "",
            "ipv6_ipam_pool_id": "",
            "ipv6_netmask_length": 0,
            "main_route_table_id": "rtb-0f7dc08e4cbad6e6c",
            "owner_id": "528757795742",
            "tags": null,
            "tags_all": {}
          },
          "sensitive_attributes": [],
          "private": "eyJzY2hlbWFfdmVyc2lvbiI6IjEifQ==",
          "create_before_destroy": true
        }
      ]
    },
    {
      "mode": "managed",
      "type": "aws_vpc",
      "name": "london-vpc",
      "provider": "provider[\"registry.terraform.io/hashicorp/aws\"].London",
      "instances": [
        {
          "schema_version": 1,
          "attributes": {
            "arn": "arn:aws:ec2:eu-west-2:528757795742:vpc/vpc-042ad90137798e878",
            "assign_generated_ipv6_cidr_block": false,
            "cidr_block": "10.22.0.0/16",
            "default_network_acl_id": "acl-0c11b776d756a6832",
            "default_route_table_id": "rtb-0e10418948e0cadb8",
            "default_security_group_id": "sg-067da1b3bfb8412d0",
            "dhcp_options_id": "dopt-041b3351b0c3bd958",
            "enable_classiclink": false,
            "enable_classiclink_dns_support": false,
            "enable_dns_hostnames": false,
            "enable_dns_support": true,
            "id": "vpc-042ad90137798e878",
            "instance_tenancy": "default",
            "ipv4_ipam_pool_id": null,
            "ipv4_netmask_length": null,
            "ipv6_association_id": "",
            "ipv6_cidr_block": "",
            "ipv6_cidr_block_network_border_group": "",
            "ipv6_ipam_pool_id": "",
            "ipv6_netmask_length": 0,
            "main_route_table_id": "rtb-0e10418948e0cadb8",
            "owner_id": "528757795742",
            "tags": null,
            "tags_all": {}
          },
          "sensitive_attributes": [],
          "private": "eyJzY2hlbWFfdmVyc2lvbiI6IjEifQ==",
          "create_before_destroy": true
        }
      ]
    },
    {
      "mode": "managed",
      "type": "aws_vpc",
      "name": "sao-paulo-vpc",
      "provider": "provider[\"registry.terraform.io/hashicorp/aws\"].Sao-Paulo",
      "instances": [
        {
          "schema_version": 1,
          "attributes": {
            "arn": "arn:aws:ec2:sa-east-1:528757795742:vpc/vpc-0b0d52a54ea4c93b3",
            "assign_generated_ipv6_cidr_block": false,
            "cidr_block": "10.23.0.0/16",
            "default_network_acl_id": "acl-0a52b4de3483c13bc",
            "default_route_table_id": "rtb-0859789caf6de45f3",
            "default_security_group_id": "sg-054bf06d0b871997e",
            "dhcp_options_id": "dopt-0bb2fd3d7c33cb043",
            "enable_classiclink": false,
            "enable_classiclink_dns_support": false,
            "enable_dns_hostnames": false,
            "enable_dns_support": true,
            "id": "vpc-0b0d52a54ea4c93b3",
            "instance_tenancy": "default",
            "ipv4_ipam_pool_id": null,
            "ipv4_netmask_length": null,
            "ipv6_association_id": "",
            "ipv6_cidr_block": "",
            "ipv6_cidr_block_network_border_group": "",
            "ipv6_ipam_pool_id": "",
            "ipv6_netmask_length": 0,
            "main_route_table_id": "rtb-0859789caf6de45f3",
            "owner_id": "528757795742",
            "tags": null,
            "tags_all": {}
          },
          "sensitive_attributes": [],
          "private": "eyJzY2hlbWFfdmVyc2lvbiI6IjEifQ==",
          "create_before_destroy": true
        }
      ]
    },
    {
      "mode": "managed",
      "type": "aws_vpc",
      "name": "tokyo-vpc",
      "provider": "provider[\"registry.terraform.io/hashicorp/aws\"].Tokyo",
      "instances": [
        {
          "schema_version": 1,
          "attributes": {
            "arn": "arn:aws:ec2:ap-northeast-1:528757795742:vpc/vpc-0f4201de7a1303e52",
            "assign_generated_ipv6_cidr_block": false,
            "cidr_block": "10.20.0.0/16",
            "default_network_acl_id": "acl-0b33ec686f101e4b1",
            "default_route_table_id": "rtb-0897ad03fdadf7ffc",
            "default_security_group_id": "sg-042c208c65ed73687",
            "dhcp_options_id": "dopt-03b9297b0598fade0",
            "enable_classiclink": false,
            "enable_classiclink_dns_support": false,
            "enable_dns_hostnames": false,
            "enable_dns_support": true,
            "id": "vpc-0f4201de7a1303e52",
            "instance_tenancy": "default",
            "ipv4_ipam_pool_id": null,
            "ipv4_netmask_length": null,
            "ipv6_association_id": "",
            "ipv6_cidr_block": "",
            "ipv6_cidr_block_network_border_group": "",
            "ipv6_ipam_pool_id": "",
            "ipv6_netmask_length": 0,
            "main_route_table_id": "rtb-0897ad03fdadf7ffc",
            "owner_id": "528757795742",
            "tags": null,
            "tags_all": {}
          },
          "sensitive_attributes": [],
          "private": "eyJzY2hlbWFfdmVyc2lvbiI6IjEifQ==",
          "create_before_destroy": true
        }
      ]
    },
    {
      "mode": "managed",
      "type": "tls_private_key",
      "name": "australia",
      "provider": "provider[\"registry.terraform.io/hashicorp/tls\"]",
      "instances": [
        {
          "schema_version": 1,
          "attributes": {
            "algorithm": "RSA",
            "ecdsa_curve": "P224",
            "id": "077e55adb95aba069eae1cccd0640dd75d6a5242",
            "private_key_openssh": "-----BEGIN OPENSSH PRIVATE KEY-----\nb3BlbnNzaC1rZXktdjEAAAAABG5vbmUAAAAEbm9uZQAAAAAAAAABAAABFwAAAAdz\nc2gtcnNhAAAAAwEAAQAAAQEAvtewiJSyilA7c4/UKUAwWsY2Gczz2/JzCGPWL584\nwpoGCb4dwvja3jHlzj6qWK4jArRLo2kdkkdNp0B4GTjhVtvv1qvuCXw87XNVq5oK\nxRIwoUZOGUySI5BvttH0TYihK0QOF1uSsW4Em2zBvMldvGpYEL01g/YSuY/OdybQ\n7wRak9zX7kpJ29tE4q8QkHAotMRRDgKZGR79LR871mC/1c0+Z1iLwRD1zUK8amP9\nG8JVbbp7gPB1lcmi097N/Lx9WVjvZIBjn6azvSVGjnt6P0pZdz+6U4CAGgVPXFhF\nJltIGoqEvNkoKHsV1SR1vmoaVlQiVnr5lv6iTBjjEE6lIQAAA7h7slrRe7Ja0QAA\nAAdzc2gtcnNhAAABAQC+17CIlLKKUDtzj9QpQDBaxjYZzPPb8nMIY9YvnzjCmgYJ\nvh3C+NreMeXOPqpYriMCtEujaR2SR02nQHgZOOFW2+/Wq+4JfDztc1WrmgrFEjCh\nRk4ZTJIjkG+20fRNiKErRA4XW5KxbgSbbMG8yV28algQvTWD9hK5j853JtDvBFqT\n3NfuSknb20TirxCQcCi0xFEOApkZHv0tHzvWYL/VzT5nWIvBEPXNQrxqY/0bwlVt\nunuA8HWVyaLT3s38vH1ZWO9kgGOfprO9JUaOe3o/Sll3P7pTgIAaBU9cWEUmW0ga\nioS82SgoexXVJHW+ahpWVCJWevmW/qJMGOMQTqUhAAAAAwEAAQAAAQEAigxeH75o\nlFLLXqHJF/ndwJwm4Gz4bb8o5QXLFvG3TlW6Tmve/X2kXRx9Hr8H3FRC8R7YpCFS\nidDYZEbnWV9i6cD48jG2Y9gh/qXyb8pjRgENemvv7K8N+3nsxbOEZF2UMEbvZogQ\nShbKcF+wmU6UZsoKYDluL8Hd86sJ7/j9JBejP0xPHcQGxT2PgTYNtJ5GByt1smpg\nQQX6bDVkra0NyB1T2V2UsOVlhk39XsKxwFWZSTp1lTibZNUjyMAlqXbqIkd3c0Lx\nwheBrUxF36NrclGu4l7THWKxW5KEAN4OTn54u+ZQAy3wF6KayUBj1X6K3uI7F6b2\nL77BlLHOVRWrQQAAAIA3Zp7cl+Oy0MdtYX0VrRGAa55GTEX5ZB4W24k6MPJk2FNS\n7ApnBD75iaHx0AnoZNA9Dc6WoIntL1G5mo2ddkqb9ttDtg9NCLIkB7vOpzIBqURx\nHM+PmJ/JFeRBLRZOLLH0E8mUuVWLcilBPFQO9h5S2FQYz5t2z/Xz+CWbCVr5bgAA\nAIEA1qfMjiguxA7EAB872ag40zL/K7ORJ0DQZJDtGLwJthb3zhnUMrNVpluBWgyh\n3jX30oU4QxEnWVOfsjGJFHeDi4d46uDk7hL474yOlX7eO9QVqHIymj1Kim4VgOxi\nMnMnBnlg8TLE8t4T34Zr1QwqRy9dcIHnHfARtufXp8cR/zkAAACBAOOZueKcaFdA\nVNzn1oQxv6pdwoyY8sLrSXPv+oMIypHQnZHrdIlGAq+VP0Q4GRdQ2FfKMFRr4r8Z\nkZy1Cn6R+AWjDw8T+xPjtbuRJarxdtU0p2MqvsM8uvg2r6weNEZ2PoPlm5Uj+aIQ\n6nlkn3JkOje0RCBEcdPqVaVv3kPJTe0pAAAAAAEC\n-----END OPENSSH PRIVATE KEY-----\n",
            "private_key_pem": "-----BEGIN RSA PRIVATE KEY-----\nMIIEowIBAAKCAQEAvtewiJSyilA7c4/UKUAwWsY2Gczz2/JzCGPWL584wpoGCb4d\nwvja3jHlzj6qWK4jArRLo2kdkkdNp0B4GTjhVtvv1qvuCXw87XNVq5oKxRIwoUZO\nGUySI5BvttH0TYihK0QOF1uSsW4Em2zBvMldvGpYEL01g/YSuY/OdybQ7wRak9zX\n7kpJ29tE4q8QkHAotMRRDgKZGR79LR871mC/1c0+Z1iLwRD1zUK8amP9G8JVbbp7\ngPB1lcmi097N/Lx9WVjvZIBjn6azvSVGjnt6P0pZdz+6U4CAGgVPXFhFJltIGoqE\nvNkoKHsV1SR1vmoaVlQiVnr5lv6iTBjjEE6lIQIDAQABAoIBAQCKDF4fvmiUUste\nockX+d3AnCbgbPhtvyjlBcsW8bdOVbpOa979faRdHH0evwfcVELxHtikIVKJ0Nhk\nRudZX2LpwPjyMbZj2CH+pfJvymNGAQ16a+/srw37eezFs4RkXZQwRu9miBBKFspw\nX7CZTpRmygpgOW4vwd3zqwnv+P0kF6M/TE8dxAbFPY+BNg20nkYHK3WyamBBBfps\nNWStrQ3IHVPZXZSw5WWGTf1ewrHAVZlJOnWVOJtk1SPIwCWpduoiR3dzQvHCF4Gt\nTEXfo2tyUa7iXtMdYrFbkoQA3g5Ofni75lADLfAXoprJQGPVfore4jsXpvYvvsGU\nsc5VFatBAoGBANanzI4oLsQOxAAfO9moONMy/yuzkSdA0GSQ7Ri8CbYW984Z1DKz\nVaZbgVoMod4199KFOEMRJ1lTn7IxiRR3g4uHeOrg5O4S+O+MjpV+3jvUFahyMpo9\nSopuFYDsYjJzJwZ5YPEyxPLeE9+Ga9UMKkcvXXCB5x3wEbbn16fHEf85AoGBAOOZ\nueKcaFdAVNzn1oQxv6pdwoyY8sLrSXPv+oMIypHQnZHrdIlGAq+VP0Q4GRdQ2FfK\nMFRr4r8ZkZy1Cn6R+AWjDw8T+xPjtbuRJarxdtU0p2MqvsM8uvg2r6weNEZ2PoPl\nm5Uj+aIQ6nlkn3JkOje0RCBEcdPqVaVv3kPJTe0pAoGAb7SI7d2ZYKvyccHPSpiR\nYc8jHWHoAs5m5D7LM9j/EMRpFtc4J15ODzGFYhA62EGrguGTAsvVd1XeQEQo+v6q\n9Rx933VDjWVQKJEzzjZkfiwDTVKIZN3KgbmB9UKOY4SrZWIbAcoS1fSd0O/KA+e9\nxKewb5Eabej1vwJtpsEg63kCgYBWjrQe9pTH+fNMP+9ZPwJBbH78sX5BmvHIYc/H\n3aQMaGZEhGNBgZqr4/q3mw4Py/M7D+3pbU5ClxrFmiRvllvY6PZlKZgnLEaFGuJU\nbJhg5TFziWIbJhGFLGcK8kG3Omj0CHJu+cuKUxyZJidtfaiWXrw5+U3A5jHERRMm\nfHxiYQKBgDdmntyX47LQx21hfRWtEYBrnkZMRflkHhbbiTow8mTYU1LsCmcEPvmJ\nofHQCehk0D0Nzpagie0vUbmajZ12Spv220O2D00IsiQHu86nMgGpRHEcz4+Yn8kV\n5EEtFk4ssfQTyZS5VYtyKUE8VA72HlLYVBjPm3bP9fP4JZsJWvlu\n-----END RSA PRIVATE KEY-----\n",
            "private_key_pem_pkcs8": "-----BEGIN PRIVATE KEY-----\nMIIEvQIBADANBgkqhkiG9w0BAQEFAASCBKcwggSjAgEAAoIBAQC+17CIlLKKUDtz\nj9QpQDBaxjYZzPPb8nMIY9YvnzjCmgYJvh3C+NreMeXOPqpYriMCtEujaR2SR02n\nQHgZOOFW2+/Wq+4JfDztc1WrmgrFEjChRk4ZTJIjkG+20fRNiKErRA4XW5KxbgSb\nbMG8yV28algQvTWD9hK5j853JtDvBFqT3NfuSknb20TirxCQcCi0xFEOApkZHv0t\nHzvWYL/VzT5nWIvBEPXNQrxqY/0bwlVtunuA8HWVyaLT3s38vH1ZWO9kgGOfprO9\nJUaOe3o/Sll3P7pTgIAaBU9cWEUmW0gaioS82SgoexXVJHW+ahpWVCJWevmW/qJM\nGOMQTqUhAgMBAAECggEBAIoMXh++aJRSy16hyRf53cCcJuBs+G2/KOUFyxbxt05V\nuk5r3v19pF0cfR6/B9xUQvEe2KQhUonQ2GRG51lfYunA+PIxtmPYIf6l8m/KY0YB\nDXpr7+yvDft57MWzhGRdlDBG72aIEEoWynBfsJlOlGbKCmA5bi/B3fOrCe/4/SQX\noz9MTx3EBsU9j4E2DbSeRgcrdbJqYEEF+mw1ZK2tDcgdU9ldlLDlZYZN/V7CscBV\nmUk6dZU4m2TVI8jAJal26iJHd3NC8cIXga1MRd+ja3JRruJe0x1isVuShADeDk5+\neLvmUAMt8BeimslAY9V+it7iOxem9i++wZSxzlUVq0ECgYEA1qfMjiguxA7EAB87\n2ag40zL/K7ORJ0DQZJDtGLwJthb3zhnUMrNVpluBWgyh3jX30oU4QxEnWVOfsjGJ\nFHeDi4d46uDk7hL474yOlX7eO9QVqHIymj1Kim4VgOxiMnMnBnlg8TLE8t4T34Zr\n1QwqRy9dcIHnHfARtufXp8cR/zkCgYEA45m54pxoV0BU3OfWhDG/ql3CjJjywutJ\nc+/6gwjKkdCdket0iUYCr5U/RDgZF1DYV8owVGvivxmRnLUKfpH4BaMPDxP7E+O1\nu5ElqvF21TSnYyq+wzy6+DavrB40RnY+g+WblSP5ohDqeWSfcmQ6N7REIERx0+pV\npW/eQ8lN7SkCgYBvtIjt3Zlgq/Jxwc9KmJFhzyMdYegCzmbkPssz2P8QxGkW1zgn\nXk4PMYViEDrYQauC4ZMCy9V3Vd5ARCj6/qr1HH3fdUONZVAokTPONmR+LANNUohk\n3cqBuYH1Qo5jhKtlYhsByhLV9J3Q78oD573Ep7BvkRpt6PW/Am2mwSDreQKBgFaO\ntB72lMf580w/71k/AkFsfvyxfkGa8chhz8fdpAxoZkSEY0GBmqvj+rebDg/L8zsP\n7eltTkKXGsWaJG+WW9jo9mUpmCcsRoUa4lRsmGDlMXOJYhsmEYUsZwryQbc6aPQI\ncm75y4pTHJkmJ219qJZevDn5TcDmMcRFEyZ8fGJhAoGAN2ae3JfjstDHbWF9Fa0R\ngGueRkxF+WQeFtuJOjDyZNhTUuwKZwQ++Ymh8dAJ6GTQPQ3OlqCJ7S9RuZqNnXZK\nm/bbQ7YPTQiyJAe7zqcyAalEcRzPj5ifyRXkQS0WTiyx9BPJlLlVi3IpQTxUDvYe\nUthUGM+bds/18/glmwla+W4=\n-----END PRIVATE KEY-----\n",
            "public_key_fingerprint_md5": "94:47:cf:93:76:fa:9c:0f:f2:bb:e2:22:3e:c8:75:cb",
            "public_key_fingerprint_sha256": "SHA256:O+d3vUnywXJgK04qvqQ0aLWY1SpLEZaLUyYSDUoT590",
            "public_key_openssh": "ssh-rsa AAAAB3NzaC1yc2EAAAADAQABAAABAQC+17CIlLKKUDtzj9QpQDBaxjYZzPPb8nMIY9YvnzjCmgYJvh3C+NreMeXOPqpYriMCtEujaR2SR02nQHgZOOFW2+/Wq+4JfDztc1WrmgrFEjChRk4ZTJIjkG+20fRNiKErRA4XW5KxbgSbbMG8yV28algQvTWD9hK5j853JtDvBFqT3NfuSknb20TirxCQcCi0xFEOApkZHv0tHzvWYL/VzT5nWIvBEPXNQrxqY/0bwlVtunuA8HWVyaLT3s38vH1ZWO9kgGOfprO9JUaOe3o/Sll3P7pTgIAaBU9cWEUmW0gaioS82SgoexXVJHW+ahpWVCJWevmW/qJMGOMQTqUh\n",
            "public_key_pem": "-----BEGIN PUBLIC KEY-----\nMIIBIjANBgkqhkiG9w0BAQEFAAOCAQ8AMIIBCgKCAQEAvtewiJSyilA7c4/UKUAw\nWsY2Gczz2/JzCGPWL584wpoGCb4dwvja3jHlzj6qWK4jArRLo2kdkkdNp0B4GTjh\nVtvv1qvuCXw87XNVq5oKxRIwoUZOGUySI5BvttH0TYihK0QOF1uSsW4Em2zBvMld\nvGpYEL01g/YSuY/OdybQ7wRak9zX7kpJ29tE4q8QkHAotMRRDgKZGR79LR871mC/\n1c0+Z1iLwRD1zUK8amP9G8JVbbp7gPB1lcmi097N/Lx9WVjvZIBjn6azvSVGjnt6\nP0pZdz+6U4CAGgVPXFhFJltIGoqEvNkoKHsV1SR1vmoaVlQiVnr5lv6iTBjjEE6l\nIQIDAQAB\n-----END PUBLIC KEY-----\n",
            "rsa_bits": 2048
          },
          "sensitive_attributes": [
            [
              {
                "type": "get_attr",
                "value": "private_key_pem"
              }
            ],
            [
              {
                "type": "get_attr",
                "value": "private_key_pem_pkcs8"
              }
            ],
            [
              {
                "type": "get_attr",
                "value": "private_key_openssh"
              }
            ]
          ]
        }
      ]
    },
    {
      "mode": "managed",
      "type": "tls_private_key",
      "name": "california",
      "provider": "provider[\"registry.terraform.io/hashicorp/tls\"]",
      "instances": [
        {
          "schema_version": 1,
          "attributes": {
            "algorithm": "RSA",
            "ecdsa_curve": "P224",
            "id": "f3fe602bfab1e09a4fda965549c864968d9a7981",
            "private_key_openssh": "-----BEGIN OPENSSH PRIVATE KEY-----\nb3BlbnNzaC1rZXktdjEAAAAABG5vbmUAAAAEbm9uZQAAAAAAAAABAAABFwAAAAdz\nc2gtcnNhAAAAAwEAAQAAAQEA0cmJYkx+VzdlGZFPfhn0aKdxlux14/hGK+4kwrGF\ndCZgoiCKdmQL81LuAfs6r291T3kiY3owgAoBSHAxdvT3AwslWXdysrz/ElBP65AX\nsvgNIK3N7ZcOwQPss9UniH74aWd3yltRpiOCRhrER8ki+JuGW2yHUt2HTfboGPKt\nZqmxCzlf1uv5OXCeOr9wsKl/2zLIbaLeok0dWFtDP8amo3MBCPhKzaEkYJSvUmUo\nMDA/e9J40m6qJpDVk4OhTjBTLHxqeJIujyB1GGgZoXg6nQFpNbk+WgcMc5vq4McR\njlGvHi9kqSvKiA85razEwqnZuQ6PTXnBEIOQeFna4Qi+VQAAA7gJo2cCCaNnAgAA\nAAdzc2gtcnNhAAABAQDRyYliTH5XN2UZkU9+GfRop3GW7HXj+EYr7iTCsYV0JmCi\nIIp2ZAvzUu4B+zqvb3VPeSJjejCACgFIcDF29PcDCyVZd3KyvP8SUE/rkBey+A0g\nrc3tlw7BA+yz1SeIfvhpZ3fKW1GmI4JGGsRHySL4m4ZbbIdS3YdN9ugY8q1mqbEL\nOV/W6/k5cJ46v3CwqX/bMshtot6iTR1YW0M/xqajcwEI+ErNoSRglK9SZSgwMD97\n0njSbqomkNWTg6FOMFMsfGp4ki6PIHUYaBmheDqdAWk1uT5aBwxzm+rgxxGOUa8e\nL2SpK8qIDzmtrMTCqdm5Do9NecEQg5B4WdrhCL5VAAAAAwEAAQAAAQB4HO73BBr2\nLrZI7ETaS1v/q5dCtUJOczEiJ+iOPHvPY8XCLeV5IZEiEOJK6h/QoH1HMnD5CdXJ\nCXFwmyQHGvxulqwczGI0ajeUsb0Af3DCPHmvszOLjAibhHa7BBjtct0h5GbWynA2\nMnB9WQf2nffS5aEIqVvVmxbEEdETr6aOdyI9/N6LV1MVvRrzqIhqi3oCW6Byswk9\nu9glZXFCZiTHzWNp1DWRt2Etb3ttYazGiC2d2+4C4hpJRDrdRwKkOoCDO+iLm4ru\nJeJd8XnidkBOsYig+CsW5n9FbMvWh9mZLLJWPcGw9hwnBAOCqyJ3BzScWu1wB2um\nnSBg5E7w4PyFAAAAgQDhX57AptH7h99PeaqhBVS+3xa3DYG1HVNrNpDSY1pqHwxW\npcCmU6TA1x5MtLtDQQkuA4a1H2l87EkmyGsDtlTUcIoqaq+rLNNMcNKNvea5yCo2\nELJuO/OAqaRbCwpXwlG5jREZA94RVonY0z6aFX3um3IEvCYXRo5N+g1R/p0QYQAA\nAIEA85ZD18DjAVbXj+wqzXZhbIuXetuW5wDxKLRiTfvriZLvwx1RWFDFZ3PEOesk\nMmbFpiQrbETxOUtt6ml3YuKZcj9p9MU/alZ6t+1WEX0yYySdJSRJK13FqBFwujAz\nvTRCJO05v0NKklPhsI8mYw6+xddzPyij5/93Z2nOB3Z5wxsAAACBANx6VZ9j5qJ5\nXBsfBky2E4LhUR+crgBtEjSWBDlt9+V37TwHeg80PX3Bx8gGRz4XDLv5GlRTlHqt\niAphZkRcbAkCi+GIej6ZJxb1ybU1QMft1b+1Yifo0i17xeUfKAuKxy1Us6/RXM0c\nRw/Pk9ypzYLwzbLRV8AKn0tI+57EECtPAAAAAAEC\n-----END OPENSSH PRIVATE KEY-----\n",
            "private_key_pem": "-----BEGIN RSA PRIVATE KEY-----\nMIIEpAIBAAKCAQEA0cmJYkx+VzdlGZFPfhn0aKdxlux14/hGK+4kwrGFdCZgoiCK\ndmQL81LuAfs6r291T3kiY3owgAoBSHAxdvT3AwslWXdysrz/ElBP65AXsvgNIK3N\n7ZcOwQPss9UniH74aWd3yltRpiOCRhrER8ki+JuGW2yHUt2HTfboGPKtZqmxCzlf\n1uv5OXCeOr9wsKl/2zLIbaLeok0dWFtDP8amo3MBCPhKzaEkYJSvUmUoMDA/e9J4\n0m6qJpDVk4OhTjBTLHxqeJIujyB1GGgZoXg6nQFpNbk+WgcMc5vq4McRjlGvHi9k\nqSvKiA85razEwqnZuQ6PTXnBEIOQeFna4Qi+VQIDAQABAoIBAHgc7vcEGvYutkjs\nRNpLW/+rl0K1Qk5zMSIn6I48e89jxcIt5XkhkSIQ4krqH9CgfUcycPkJ1ckJcXCb\nJAca/G6WrBzMYjRqN5SxvQB/cMI8ea+zM4uMCJuEdrsEGO1y3SHkZtbKcDYycH1Z\nB/ad99LloQipW9WbFsQR0ROvpo53Ij383otXUxW9GvOoiGqLegJboHKzCT272CVl\ncUJmJMfNY2nUNZG3YS1ve21hrMaILZ3b7gLiGklEOt1HAqQ6gIM76Iubiu4l4l3x\neeJ2QE6xiKD4Kxbmf0Vsy9aH2ZksslY9wbD2HCcEA4KrIncHNJxa7XAHa6adIGDk\nTvDg/IUCgYEA85ZD18DjAVbXj+wqzXZhbIuXetuW5wDxKLRiTfvriZLvwx1RWFDF\nZ3PEOeskMmbFpiQrbETxOUtt6ml3YuKZcj9p9MU/alZ6t+1WEX0yYySdJSRJK13F\nqBFwujAzvTRCJO05v0NKklPhsI8mYw6+xddzPyij5/93Z2nOB3Z5wxsCgYEA3HpV\nn2PmonlcGx8GTLYTguFRH5yuAG0SNJYEOW335XftPAd6DzQ9fcHHyAZHPhcMu/ka\nVFOUeq2ICmFmRFxsCQKL4Yh6PpknFvXJtTVAx+3Vv7ViJ+jSLXvF5R8oC4rHLVSz\nr9FczRxHD8+T3KnNgvDNstFXwAqfS0j7nsQQK08CgYEAg839a9N9gg4BmmkKSB8U\nXG20S9BieSDzXTkuMFBuhQSzI/rLN2SNTItB1K096t/ddyb/MBimBoCgO0VSSnme\n2kkiBkZtKBcfVELiXZhHGYqIVb6qsQKOn4DAZJ8MgAa0+9I5exroUQF+j9EFznf+\nFoOcYsKU3kZHz/daeoNLI50CgYAhg48EXYEvbVcs4Dhq7LpmiK12KrDga7P6vlsC\nB89I2EP9ff111jEKrqwZoaquq35KDIGOE+5b/4jQWyHafloFvJdavw4l+c3RVadF\nnkSsn2CAdafn/SIFu+zG+UdzCbNhFqEBtsdufj/nDVyijEUrBEOgTOYT0QmJvhxR\nc+gpTQKBgQDhX57AptH7h99PeaqhBVS+3xa3DYG1HVNrNpDSY1pqHwxWpcCmU6TA\n1x5MtLtDQQkuA4a1H2l87EkmyGsDtlTUcIoqaq+rLNNMcNKNvea5yCo2ELJuO/OA\nqaRbCwpXwlG5jREZA94RVonY0z6aFX3um3IEvCYXRo5N+g1R/p0QYQ==\n-----END RSA PRIVATE KEY-----\n",
            "private_key_pem_pkcs8": "-----BEGIN PRIVATE KEY-----\nMIIEvgIBADANBgkqhkiG9w0BAQEFAASCBKgwggSkAgEAAoIBAQDRyYliTH5XN2UZ\nkU9+GfRop3GW7HXj+EYr7iTCsYV0JmCiIIp2ZAvzUu4B+zqvb3VPeSJjejCACgFI\ncDF29PcDCyVZd3KyvP8SUE/rkBey+A0grc3tlw7BA+yz1SeIfvhpZ3fKW1GmI4JG\nGsRHySL4m4ZbbIdS3YdN9ugY8q1mqbELOV/W6/k5cJ46v3CwqX/bMshtot6iTR1Y\nW0M/xqajcwEI+ErNoSRglK9SZSgwMD970njSbqomkNWTg6FOMFMsfGp4ki6PIHUY\naBmheDqdAWk1uT5aBwxzm+rgxxGOUa8eL2SpK8qIDzmtrMTCqdm5Do9NecEQg5B4\nWdrhCL5VAgMBAAECggEAeBzu9wQa9i62SOxE2ktb/6uXQrVCTnMxIifojjx7z2PF\nwi3leSGRIhDiSuof0KB9RzJw+QnVyQlxcJskBxr8bpasHMxiNGo3lLG9AH9wwjx5\nr7Mzi4wIm4R2uwQY7XLdIeRm1spwNjJwfVkH9p330uWhCKlb1ZsWxBHRE6+mjnci\nPfzei1dTFb0a86iIaot6AlugcrMJPbvYJWVxQmYkx81jadQ1kbdhLW97bWGsxogt\nndvuAuIaSUQ63UcCpDqAgzvoi5uK7iXiXfF54nZATrGIoPgrFuZ/RWzL1ofZmSyy\nVj3BsPYcJwQDgqsidwc0nFrtcAdrpp0gYORO8OD8hQKBgQDzlkPXwOMBVteP7CrN\ndmFsi5d625bnAPEotGJN++uJku/DHVFYUMVnc8Q56yQyZsWmJCtsRPE5S23qaXdi\n4plyP2n0xT9qVnq37VYRfTJjJJ0lJEkrXcWoEXC6MDO9NEIk7Tm/Q0qSU+GwjyZj\nDr7F13M/KKPn/3dnac4HdnnDGwKBgQDcelWfY+aieVwbHwZMthOC4VEfnK4AbRI0\nlgQ5bffld+08B3oPND19wcfIBkc+Fwy7+RpUU5R6rYgKYWZEXGwJAovhiHo+mScW\n9cm1NUDH7dW/tWIn6NIte8XlHygLisctVLOv0VzNHEcPz5Pcqc2C8M2y0VfACp9L\nSPuexBArTwKBgQCDzf1r032CDgGaaQpIHxRcbbRL0GJ5IPNdOS4wUG6FBLMj+ss3\nZI1Mi0HUrT3q3913Jv8wGKYGgKA7RVJKeZ7aSSIGRm0oFx9UQuJdmEcZiohVvqqx\nAo6fgMBknwyABrT70jl7GuhRAX6P0QXOd/4Wg5xiwpTeRkfP91p6g0sjnQKBgCGD\njwRdgS9tVyzgOGrsumaIrXYqsOBrs/q+WwIHz0jYQ/19/XXWMQqurBmhqq6rfkoM\ngY4T7lv/iNBbIdp+WgW8l1q/DiX5zdFVp0WeRKyfYIB1p+f9IgW77Mb5R3MJs2EW\noQG2x25+P+cNXKKMRSsEQ6BM5hPRCYm+HFFz6ClNAoGBAOFfnsCm0fuH3095qqEF\nVL7fFrcNgbUdU2s2kNJjWmofDFalwKZTpMDXHky0u0NBCS4DhrUfaXzsSSbIawO2\nVNRwiipqr6ss00xw0o295rnIKjYQsm4784CppFsLClfCUbmNERkD3hFWidjTPpoV\nfe6bcgS8JhdGjk36DVH+nRBh\n-----END PRIVATE KEY-----\n",
            "public_key_fingerprint_md5": "d3:6f:f4:72:b1:2d:b9:5a:e2:88:65:d4:15:d1:d8:a7",
            "public_key_fingerprint_sha256": "SHA256:mtr53Z5wgMB9S/W0NFTP9vCuucaEcyky5KbDe4/vmDw",
            "public_key_openssh": "ssh-rsa AAAAB3NzaC1yc2EAAAADAQABAAABAQDRyYliTH5XN2UZkU9+GfRop3GW7HXj+EYr7iTCsYV0JmCiIIp2ZAvzUu4B+zqvb3VPeSJjejCACgFIcDF29PcDCyVZd3KyvP8SUE/rkBey+A0grc3tlw7BA+yz1SeIfvhpZ3fKW1GmI4JGGsRHySL4m4ZbbIdS3YdN9ugY8q1mqbELOV/W6/k5cJ46v3CwqX/bMshtot6iTR1YW0M/xqajcwEI+ErNoSRglK9SZSgwMD970njSbqomkNWTg6FOMFMsfGp4ki6PIHUYaBmheDqdAWk1uT5aBwxzm+rgxxGOUa8eL2SpK8qIDzmtrMTCqdm5Do9NecEQg5B4WdrhCL5V\n",
            "public_key_pem": "-----BEGIN PUBLIC KEY-----\nMIIBIjANBgkqhkiG9w0BAQEFAAOCAQ8AMIIBCgKCAQEA0cmJYkx+VzdlGZFPfhn0\naKdxlux14/hGK+4kwrGFdCZgoiCKdmQL81LuAfs6r291T3kiY3owgAoBSHAxdvT3\nAwslWXdysrz/ElBP65AXsvgNIK3N7ZcOwQPss9UniH74aWd3yltRpiOCRhrER8ki\n+JuGW2yHUt2HTfboGPKtZqmxCzlf1uv5OXCeOr9wsKl/2zLIbaLeok0dWFtDP8am\no3MBCPhKzaEkYJSvUmUoMDA/e9J40m6qJpDVk4OhTjBTLHxqeJIujyB1GGgZoXg6\nnQFpNbk+WgcMc5vq4McRjlGvHi9kqSvKiA85razEwqnZuQ6PTXnBEIOQeFna4Qi+\nVQIDAQAB\n-----END PUBLIC KEY-----\n",
            "rsa_bits": 2048
          },
          "sensitive_attributes": [
            [
              {
                "type": "get_attr",
                "value": "private_key_pem_pkcs8"
              }
            ],
            [
              {
                "type": "get_attr",
                "value": "private_key_openssh"
              }
            ],
            [
              {
                "type": "get_attr",
                "value": "private_key_pem"
              }
            ]
          ]
        }
      ]
    },
    {
      "mode": "managed",
      "type": "tls_private_key",
      "name": "hong-kong",
      "provider": "provider[\"registry.terraform.io/hashicorp/tls\"]",
      "instances": [
        {
          "schema_version": 1,
          "attributes": {
            "algorithm": "RSA",
            "ecdsa_curve": "P224",
            "id": "6662e398b0474fe07fbf161fa27f91374c6097cd",
            "private_key_openssh": "-----BEGIN OPENSSH PRIVATE KEY-----\nb3BlbnNzaC1rZXktdjEAAAAABG5vbmUAAAAEbm9uZQAAAAAAAAABAAABFwAAAAdz\nc2gtcnNhAAAAAwEAAQAAAQEArbFy/RKK6Ia1ukXeXT78reus1NbzIOXaT5emIkyG\nCxczl8PNjwSk2RozFYoi7VX5dd6JkOLnPNPhd5LejW1d+gIDbSSuwOh12DvVZs8y\nF9bL7KR95wMT/352eriOFnOVcpgtMlHOze9xQtzbK0PEuWqUMune0MFp/EmAd4mp\nExtODZo5Xfl7O+HhuyE1fX75YpeO3yfcMgHE+r/6Em5GFRVxj5Mt27PpNaLf6jIK\nD3NlC4jc4wbs6BB+kJAJ6QFVcoBw0fFbmi+T5ErRct4ltgF+F1WR8nAWT9B00ID5\nj5FqciqA8KKgxZpKjHfs+vJniBJwEGgmOWmhSQ53qvifEwAAA7iFyAtqhcgLagAA\nAAdzc2gtcnNhAAABAQCtsXL9EorohrW6Rd5dPvyt66zU1vMg5dpPl6YiTIYLFzOX\nw82PBKTZGjMViiLtVfl13omQ4uc80+F3kt6NbV36AgNtJK7A6HXYO9VmzzIX1svs\npH3nAxP/fnZ6uI4Wc5VymC0yUc7N73FC3NsrQ8S5apQy6d7QwWn8SYB3iakTG04N\nmjld+Xs74eG7ITV9fvlil47fJ9wyAcT6v/oSbkYVFXGPky3bs+k1ot/qMgoPc2UL\niNzjBuzoEH6QkAnpAVVygHDR8VuaL5PkStFy3iW2AX4XVZHycBZP0HTQgPmPkWpy\nKoDwoqDFmkqMd+z68meIEnAQaCY5aaFJDneq+J8TAAAAAwEAAQAAAQEAmGJ7SK4w\n8knlO7Q6n0I4evmuGtkuWulte7DHT4Ylf6tuVzKwsE3ZtqL2uGoFtIVeI9wGgvee\n+c3GHJrc5+VQspt7mBC7xIDtirULx3P2NdX7+PRjhP49WEUB+y7ZcbccIXqDBIej\nUSdGDewn2LBO8oEf3f8yvaFCs9VkgPtkO16iOnb2llIFftZXQ3XEtuED6ebXapTU\nwalUvhuHqJOTs4uBvoJ9fNBHC/6TsTgkvyEDvPT76gJq14Pg7YhG0ZzE21+sfWgS\nSkG2JVTeD2cp4dcc6g3c/l/M8dtei9r7k2Al9ff/wcEu6qxP+tId9etaKmd9XbIJ\nY+QvyifeSm+p+QAAAIEAl1PeaxeubZCGp4b+iCU8p2wsFB7Xau2ybhwVIpt96GTu\nXN2H6ak0m5nMRGr5VSnORESRiNBkOT7s6wjA1d/LhfGhlmFLU8N8VHBrM/XLmuFy\nJDSLjnsernI1qyfH2rAaS55JYK6Wwczk7/Pq/JYoRQ2wFHJGXzj+/VA90NGOY5UA\nAACBANEXcaO/yqKdEQpcqTcp2IQFSg2yo7V/J2Vt+3ntVIlI4wkf5+6GfYY1FX/6\nk74/M7gNWgYET1M/pd67u9Gh9+CkAICUXDeyO9rr0QvUC1wboQz49Miq86hslPb2\nTmuh18GdrocuOVwB1GQhHVwgjFjcT9GWzNQyEJF34h5Qjgq1AAAAgQDUqQB+p9Qi\nOCKXamD2/+o/TJydD9d0RU49qSDRWzkSgYQJfjbCVIhDPMuDkKh85CE58V7D/wtt\nJJz4XZn+gOlBH1pkU+nRRbuqOn7yx6s0UFeWTe5GTBvK9TJKiGwXR4AVfGuZ1Dd2\nBJTM7J2X5GgB0D/NzaO/mk0ru23gp+/3pwAAAAAB\n-----END OPENSSH PRIVATE KEY-----\n",
            "private_key_pem": "-----BEGIN RSA PRIVATE KEY-----\nMIIEpAIBAAKCAQEArbFy/RKK6Ia1ukXeXT78reus1NbzIOXaT5emIkyGCxczl8PN\njwSk2RozFYoi7VX5dd6JkOLnPNPhd5LejW1d+gIDbSSuwOh12DvVZs8yF9bL7KR9\n5wMT/352eriOFnOVcpgtMlHOze9xQtzbK0PEuWqUMune0MFp/EmAd4mpExtODZo5\nXfl7O+HhuyE1fX75YpeO3yfcMgHE+r/6Em5GFRVxj5Mt27PpNaLf6jIKD3NlC4jc\n4wbs6BB+kJAJ6QFVcoBw0fFbmi+T5ErRct4ltgF+F1WR8nAWT9B00ID5j5FqciqA\n8KKgxZpKjHfs+vJniBJwEGgmOWmhSQ53qvifEwIDAQABAoIBAQCYYntIrjDySeU7\ntDqfQjh6+a4a2S5a6W17sMdPhiV/q25XMrCwTdm2ova4agW0hV4j3AaC9575zcYc\nmtzn5VCym3uYELvEgO2KtQvHc/Y11fv49GOE/j1YRQH7LtlxtxwheoMEh6NRJ0YN\n7CfYsE7ygR/d/zK9oUKz1WSA+2Q7XqI6dvaWUgV+1ldDdcS24QPp5tdqlNTBqVS+\nG4eok5Ozi4G+gn180EcL/pOxOCS/IQO89PvqAmrXg+DtiEbRnMTbX6x9aBJKQbYl\nVN4PZynh1xzqDdz+X8zx216L2vuTYCX19//BwS7qrE/60h3161oqZ31dsglj5C/K\nJ95Kb6n5AoGBANEXcaO/yqKdEQpcqTcp2IQFSg2yo7V/J2Vt+3ntVIlI4wkf5+6G\nfYY1FX/6k74/M7gNWgYET1M/pd67u9Gh9+CkAICUXDeyO9rr0QvUC1wboQz49Miq\n86hslPb2Tmuh18GdrocuOVwB1GQhHVwgjFjcT9GWzNQyEJF34h5Qjgq1AoGBANSp\nAH6n1CI4IpdqYPb/6j9MnJ0P13RFTj2pINFbORKBhAl+NsJUiEM8y4OQqHzkITnx\nXsP/C20knPhdmf6A6UEfWmRT6dFFu6o6fvLHqzRQV5ZN7kZMG8r1MkqIbBdHgBV8\na5nUN3YElMzsnZfkaAHQP83No7+aTSu7beCn7/enAoGASItLwDaAxZ6dFO1FQIBi\nQJvdL5d1OTlen9Bi2dC/7cm+C6JoQ9ehoXi1duunavBer1LikwfXxdhlYjvcVEVP\nzT7ZdcMDo8dRAQmkQ+hT8KcdX3TY6O53D05s+KpIVwuV4fUlYn1lJUj1ObBLkXUx\nfHsjrmIVuuGL4gyoBUCJp6kCgYBNZ04ky5Vs9x2wGyo7/R4X+ByxFkkHqwo1a0/k\no918HOQgSG5KAVavkntI4ehRvP9TBcXGdRiFm2P/CqK4fddouq6+AcUDROxvo2b9\nmyt3mR6oOKlXsPAUyXaKpmkheAboyyanERU2wagfhqg91wb8Uf5HPGgzn0gjeM8f\njEDN1QKBgQCXU95rF65tkIanhv6IJTynbCwUHtdq7bJuHBUim33oZO5c3YfpqTSb\nmcxEavlVKc5ERJGI0GQ5PuzrCMDV38uF8aGWYUtTw3xUcGsz9cua4XIkNIuOex6u\ncjWrJ8fasBpLnklgrpbBzOTv8+r8lihFDbAUckZfOP79UD3Q0Y5jlQ==\n-----END RSA PRIVATE KEY-----\n",
            "private_key_pem_pkcs8": "-----BEGIN PRIVATE KEY-----\nMIIEvgIBADANBgkqhkiG9w0BAQEFAASCBKgwggSkAgEAAoIBAQCtsXL9EorohrW6\nRd5dPvyt66zU1vMg5dpPl6YiTIYLFzOXw82PBKTZGjMViiLtVfl13omQ4uc80+F3\nkt6NbV36AgNtJK7A6HXYO9VmzzIX1svspH3nAxP/fnZ6uI4Wc5VymC0yUc7N73FC\n3NsrQ8S5apQy6d7QwWn8SYB3iakTG04Nmjld+Xs74eG7ITV9fvlil47fJ9wyAcT6\nv/oSbkYVFXGPky3bs+k1ot/qMgoPc2ULiNzjBuzoEH6QkAnpAVVygHDR8VuaL5Pk\nStFy3iW2AX4XVZHycBZP0HTQgPmPkWpyKoDwoqDFmkqMd+z68meIEnAQaCY5aaFJ\nDneq+J8TAgMBAAECggEBAJhie0iuMPJJ5Tu0Op9COHr5rhrZLlrpbXuwx0+GJX+r\nblcysLBN2bai9rhqBbSFXiPcBoL3nvnNxhya3OflULKbe5gQu8SA7Yq1C8dz9jXV\n+/j0Y4T+PVhFAfsu2XG3HCF6gwSHo1EnRg3sJ9iwTvKBH93/Mr2hQrPVZID7ZDte\nojp29pZSBX7WV0N1xLbhA+nm12qU1MGpVL4bh6iTk7OLgb6CfXzQRwv+k7E4JL8h\nA7z0++oCateD4O2IRtGcxNtfrH1oEkpBtiVU3g9nKeHXHOoN3P5fzPHbXova+5Ng\nJfX3/8HBLuqsT/rSHfXrWipnfV2yCWPkL8on3kpvqfkCgYEA0Rdxo7/Kop0RClyp\nNynYhAVKDbKjtX8nZW37ee1UiUjjCR/n7oZ9hjUVf/qTvj8zuA1aBgRPUz+l3ru7\n0aH34KQAgJRcN7I72uvRC9QLXBuhDPj0yKrzqGyU9vZOa6HXwZ2uhy45XAHUZCEd\nXCCMWNxP0ZbM1DIQkXfiHlCOCrUCgYEA1KkAfqfUIjgil2pg9v/qP0ycnQ/XdEVO\nPakg0Vs5EoGECX42wlSIQzzLg5CofOQhOfFew/8LbSSc+F2Z/oDpQR9aZFPp0UW7\nqjp+8serNFBXlk3uRkwbyvUySohsF0eAFXxrmdQ3dgSUzOydl+RoAdA/zc2jv5pN\nK7tt4Kfv96cCgYBIi0vANoDFnp0U7UVAgGJAm90vl3U5OV6f0GLZ0L/tyb4LomhD\n16GheLV266dq8F6vUuKTB9fF2GViO9xURU/NPtl1wwOjx1EBCaRD6FPwpx1fdNjo\n7ncPTmz4qkhXC5Xh9SVifWUlSPU5sEuRdTF8eyOuYhW64YviDKgFQImnqQKBgE1n\nTiTLlWz3HbAbKjv9Hhf4HLEWSQerCjVrT+Sj3Xwc5CBIbkoBVq+Se0jh6FG8/1MF\nxcZ1GIWbY/8Korh912i6rr4BxQNE7G+jZv2bK3eZHqg4qVew8BTJdoqmaSF4BujL\nJqcRFTbBqB+GqD3XBvxR/kc8aDOfSCN4zx+MQM3VAoGBAJdT3msXrm2QhqeG/ogl\nPKdsLBQe12rtsm4cFSKbfehk7lzdh+mpNJuZzERq+VUpzkREkYjQZDk+7OsIwNXf\ny4XxoZZhS1PDfFRwazP1y5rhciQ0i457Hq5yNasnx9qwGkueSWCulsHM5O/z6vyW\nKEUNsBRyRl84/v1QPdDRjmOV\n-----END PRIVATE KEY-----\n",
            "public_key_fingerprint_md5": "db:a4:da:af:d8:bc:de:4e:5a:bc:e1:b7:5a:c3:bc:aa",
            "public_key_fingerprint_sha256": "SHA256:uJ37NOhmK1SzRxHFrZ5C5OorSVpR4RXBWo4+D7Fs9iY",
            "public_key_openssh": "ssh-rsa AAAAB3NzaC1yc2EAAAADAQABAAABAQCtsXL9EorohrW6Rd5dPvyt66zU1vMg5dpPl6YiTIYLFzOXw82PBKTZGjMViiLtVfl13omQ4uc80+F3kt6NbV36AgNtJK7A6HXYO9VmzzIX1svspH3nAxP/fnZ6uI4Wc5VymC0yUc7N73FC3NsrQ8S5apQy6d7QwWn8SYB3iakTG04Nmjld+Xs74eG7ITV9fvlil47fJ9wyAcT6v/oSbkYVFXGPky3bs+k1ot/qMgoPc2ULiNzjBuzoEH6QkAnpAVVygHDR8VuaL5PkStFy3iW2AX4XVZHycBZP0HTQgPmPkWpyKoDwoqDFmkqMd+z68meIEnAQaCY5aaFJDneq+J8T\n",
            "public_key_pem": "-----BEGIN PUBLIC KEY-----\nMIIBIjANBgkqhkiG9w0BAQEFAAOCAQ8AMIIBCgKCAQEArbFy/RKK6Ia1ukXeXT78\nreus1NbzIOXaT5emIkyGCxczl8PNjwSk2RozFYoi7VX5dd6JkOLnPNPhd5LejW1d\n+gIDbSSuwOh12DvVZs8yF9bL7KR95wMT/352eriOFnOVcpgtMlHOze9xQtzbK0PE\nuWqUMune0MFp/EmAd4mpExtODZo5Xfl7O+HhuyE1fX75YpeO3yfcMgHE+r/6Em5G\nFRVxj5Mt27PpNaLf6jIKD3NlC4jc4wbs6BB+kJAJ6QFVcoBw0fFbmi+T5ErRct4l\ntgF+F1WR8nAWT9B00ID5j5FqciqA8KKgxZpKjHfs+vJniBJwEGgmOWmhSQ53qvif\nEwIDAQAB\n-----END PUBLIC KEY-----\n",
            "rsa_bits": 2048
          },
          "sensitive_attributes": [
            [
              {
                "type": "get_attr",
                "value": "private_key_pem_pkcs8"
              }
            ],
            [
              {
                "type": "get_attr",
                "value": "private_key_openssh"
              }
            ],
            [
              {
                "type": "get_attr",
                "value": "private_key_pem"
              }
            ]
          ]
        }
      ]
    },
    {
      "mode": "managed",
      "type": "tls_private_key",
      "name": "london",
      "provider": "provider[\"registry.terraform.io/hashicorp/tls\"]",
      "instances": [
        {
          "schema_version": 1,
          "attributes": {
            "algorithm": "RSA",
            "ecdsa_curve": "P224",
            "id": "5729b878212c191ebc466f195430b11e5860b41e",
            "private_key_openssh": "-----BEGIN OPENSSH PRIVATE KEY-----\nb3BlbnNzaC1rZXktdjEAAAAABG5vbmUAAAAEbm9uZQAAAAAAAAABAAABFwAAAAdz\nc2gtcnNhAAAAAwEAAQAAAQEAq4lCs6spiKy75IAZTz7sgan9nf9n3FqF2J/XZ9kz\nvJp/c5M8uUi96/iuzLzKBJ61pwCSPu5EEGClUisOkiIzQtaxOx0MRhm09Hs/Pi8m\nh7YgeHrKGXnODEyWR38GH8DNVUBgxRIrdTeJPcskswxMtRtKv0+aSBvVpZEPbKaA\n6m01uWmWYeCoWvzzS/pfoklT8b1QjlZMROoRwvvA08ljH8hZ3kaBz99whMTfLopd\njTFkh/Uq0aDPuzQ8PeRxQ58TairHRc7XFWETLUsWjrMWY9VQnlw5MBA0a+LrlF6l\nJ6I8ykKW4ZZ5ydE7W9bFuIS6c23c7KNw4vr0+nHOnSUYtwAAA7iCwq2AgsKtgAAA\nAAdzc2gtcnNhAAABAQCriUKzqymIrLvkgBlPPuyBqf2d/2fcWoXYn9dn2TO8mn9z\nkzy5SL3r+K7MvMoEnrWnAJI+7kQQYKVSKw6SIjNC1rE7HQxGGbT0ez8+LyaHtiB4\nesoZec4MTJZHfwYfwM1VQGDFEit1N4k9yySzDEy1G0q/T5pIG9WlkQ9spoDqbTW5\naZZh4Kha/PNL+l+iSVPxvVCOVkxE6hHC+8DTyWMfyFneRoHP33CExN8uil2NMWSH\n9SrRoM+7NDw95HFDnxNqKsdFztcVYRMtSxaOsxZj1VCeXDkwEDRr4uuUXqUnojzK\nQpbhlnnJ0Ttb1sW4hLpzbdzso3Di+vT6cc6dJRi3AAAAAwEAAQAAAQBP/CX1H0ez\nqk/GoZCrqfygDYLsDG8CiddFhmrrypTcSfJKEwrKnseoY4Imh5VviA3N/G81Fub3\n+Ai+gsM9kuLyNKfZl5bkjRIauelodpXxzBPh+eeI74oLpB6i4fEaF03nhahZ3DoV\nYzsEbFgFgSO3gy1cfaLEIu6BUF2v3QfZxyUg/xofhmwKHyr930qaWkaDJopWUfXh\nPTsgdPCiJqYUUhajW/0o7bAxOAlwTUsTeG6Cv8zGtr4kewvVRwWcqy7//RkebPls\n5QkOLYztEdzvWnOMCUg7z6KQDBspRtAra9RGDv/f3RNf2dA6XHNnmK08z+w1o17V\nLMDbas3qk//5AAAAgBWc+MszRsAHyGQ1wpzT9/+UjK/EQEHhvimMDvXs3yLYduxN\nflvQAZAUQXonxKES9U1rvrXnCloAQB0Ee8QQTd0rMBXJIRrYhFIDgSq7viPVKh7A\nXHfBFRtivVkdWnIUk8YeNGhsaJEepUhmCWpvQcvgDtMEh31CXK4bmWjOeypUAAAA\ngQDaXDd0scf99KO32kJmKUpsTS0aZPuHzPMr7yB85R4wpySWwnSuwRVQl5wezGBT\nLeP09xeSeJkHXBEyze5d/ZDPMMgIq7eeEoKrgsyl3rnoXSnfaZor8Chs4fzL2CU5\nvNWgMg7mgpelKJTkIoZpcgIj4Ugq+T3M8xvej83gjx1slQAAAIEAyRrLwJtxH+Cr\n1tVQMXxfbbM/iOEqWGixGptVsIaSIWpa59j0pO7y7eGuMgSRTbXipryiUl5P5SmN\n8c1tYoQ7uWMC6ppohEPY3jXi1QZWCHXw+V++OJneoN0WcS8Vtkp8/zqkg577Lzry\ntEKQqF+1SeGt7PJroEv1HpMWp0OR0RsAAAAAAQID\n-----END OPENSSH PRIVATE KEY-----\n",
            "private_key_pem": "-----BEGIN RSA PRIVATE KEY-----\nMIIEogIBAAKCAQEAq4lCs6spiKy75IAZTz7sgan9nf9n3FqF2J/XZ9kzvJp/c5M8\nuUi96/iuzLzKBJ61pwCSPu5EEGClUisOkiIzQtaxOx0MRhm09Hs/Pi8mh7YgeHrK\nGXnODEyWR38GH8DNVUBgxRIrdTeJPcskswxMtRtKv0+aSBvVpZEPbKaA6m01uWmW\nYeCoWvzzS/pfoklT8b1QjlZMROoRwvvA08ljH8hZ3kaBz99whMTfLopdjTFkh/Uq\n0aDPuzQ8PeRxQ58TairHRc7XFWETLUsWjrMWY9VQnlw5MBA0a+LrlF6lJ6I8ykKW\n4ZZ5ydE7W9bFuIS6c23c7KNw4vr0+nHOnSUYtwIDAQABAoIBAE/8JfUfR7OqT8ah\nkKup/KANguwMbwKJ10WGauvKlNxJ8koTCsqex6hjgiaHlW+IDc38bzUW5vf4CL6C\nwz2S4vI0p9mXluSNEhq56Wh2lfHME+H554jvigukHqLh8RoXTeeFqFncOhVjOwRs\nWAWBI7eDLVx9osQi7oFQXa/dB9nHJSD/Gh+GbAofKv3fSppaRoMmilZR9eE9OyB0\n8KImphRSFqNb/SjtsDE4CXBNSxN4boK/zMa2viR7C9VHBZyrLv/9GR5s+WzlCQ4t\njO0R3O9ac4wJSDvPopAMGylG0Ctr1EYO/9/dE1/Z0Dpcc2eYrTzP7DWjXtUswNtq\nzeqT//kCgYEA2lw3dLHH/fSjt9pCZilKbE0tGmT7h8zzK+8gfOUeMKcklsJ0rsEV\nUJecHsxgUy3j9PcXkniZB1wRMs3uXf2QzzDICKu3nhKCq4LMpd656F0p32maK/Ao\nbOH8y9glObzVoDIO5oKXpSiU5CKGaXICI+FIKvk9zPMb3o/N4I8dbJUCgYEAyRrL\nwJtxH+Cr1tVQMXxfbbM/iOEqWGixGptVsIaSIWpa59j0pO7y7eGuMgSRTbXipryi\nUl5P5SmN8c1tYoQ7uWMC6ppohEPY3jXi1QZWCHXw+V++OJneoN0WcS8Vtkp8/zqk\ng577LzrytEKQqF+1SeGt7PJroEv1HpMWp0OR0RsCgYAht+u4UVuYk5ZUZZerPuUH\nJEO6t60/ox5Jwns5zgeDa8vym8R418f60e6Bsv2M2qFAyocRTx4STN07AyGz0dvy\noo3BCQMpnaIf6erAEkyS3RACN8Re1I7pgVwP/iiBae9y9UfnwHK6RjH3qH0o+znp\nYHhMaoBojYHYNEyOSIs6oQKBgDYugwDUoGjfRkzuUdnTUX6j0ZVWXOtO4ZByk2ap\nCwv3tKBMgrVBL7BJon4VXvSZ8YPMxMr+X/Y0+OpR14u4ZsLu2yVMDqa8BNzxlbih\nKWLEK/V0BzMGucWLa3V5IxdnAEBfk11m4vP5pNROLt0+VACgzhRNyBN7A4KGTI8q\nFEpLAoGAFZz4yzNGwAfIZDXCnNP3/5SMr8RAQeG+KYwO9ezfIth27E1+W9ABkBRB\neifEoRL1TWu+tecKWgBAHQR7xBBN3SswFckhGtiEUgOBKru+I9UqHsBcd8EVG2K9\nWR1achSTxh40aGxokR6lSGYJam9By+AO0wSHfUJcrhuZaM57KlQ=\n-----END RSA PRIVATE KEY-----\n",
            "private_key_pem_pkcs8": "-----BEGIN PRIVATE KEY-----\nMIIEvAIBADANBgkqhkiG9w0BAQEFAASCBKYwggSiAgEAAoIBAQCriUKzqymIrLvk\ngBlPPuyBqf2d/2fcWoXYn9dn2TO8mn9zkzy5SL3r+K7MvMoEnrWnAJI+7kQQYKVS\nKw6SIjNC1rE7HQxGGbT0ez8+LyaHtiB4esoZec4MTJZHfwYfwM1VQGDFEit1N4k9\nyySzDEy1G0q/T5pIG9WlkQ9spoDqbTW5aZZh4Kha/PNL+l+iSVPxvVCOVkxE6hHC\n+8DTyWMfyFneRoHP33CExN8uil2NMWSH9SrRoM+7NDw95HFDnxNqKsdFztcVYRMt\nSxaOsxZj1VCeXDkwEDRr4uuUXqUnojzKQpbhlnnJ0Ttb1sW4hLpzbdzso3Di+vT6\ncc6dJRi3AgMBAAECggEAT/wl9R9Hs6pPxqGQq6n8oA2C7AxvAonXRYZq68qU3Eny\nShMKyp7HqGOCJoeVb4gNzfxvNRbm9/gIvoLDPZLi8jSn2ZeW5I0SGrnpaHaV8cwT\n4fnniO+KC6QeouHxGhdN54WoWdw6FWM7BGxYBYEjt4MtXH2ixCLugVBdr90H2ccl\nIP8aH4ZsCh8q/d9KmlpGgyaKVlH14T07IHTwoiamFFIWo1v9KO2wMTgJcE1LE3hu\ngr/Mxra+JHsL1UcFnKsu//0ZHmz5bOUJDi2M7RHc71pzjAlIO8+ikAwbKUbQK2vU\nRg7/390TX9nQOlxzZ5itPM/sNaNe1SzA22rN6pP/+QKBgQDaXDd0scf99KO32kJm\nKUpsTS0aZPuHzPMr7yB85R4wpySWwnSuwRVQl5wezGBTLeP09xeSeJkHXBEyze5d\n/ZDPMMgIq7eeEoKrgsyl3rnoXSnfaZor8Chs4fzL2CU5vNWgMg7mgpelKJTkIoZp\ncgIj4Ugq+T3M8xvej83gjx1slQKBgQDJGsvAm3Ef4KvW1VAxfF9tsz+I4SpYaLEa\nm1WwhpIhalrn2PSk7vLt4a4yBJFNteKmvKJSXk/lKY3xzW1ihDu5YwLqmmiEQ9je\nNeLVBlYIdfD5X744md6g3RZxLxW2Snz/OqSDnvsvOvK0QpCoX7VJ4a3s8mugS/Ue\nkxanQ5HRGwKBgCG367hRW5iTllRll6s+5QckQ7q3rT+jHknCeznOB4Nry/KbxHjX\nx/rR7oGy/YzaoUDKhxFPHhJM3TsDIbPR2/KijcEJAymdoh/p6sASTJLdEAI3xF7U\njumBXA/+KIFp73L1R+fAcrpGMfeofSj7OelgeExqgGiNgdg0TI5IizqhAoGANi6D\nANSgaN9GTO5R2dNRfqPRlVZc607hkHKTZqkLC/e0oEyCtUEvsEmifhVe9Jnxg8zE\nyv5f9jT46lHXi7hmwu7bJUwOprwE3PGVuKEpYsQr9XQHMwa5xYtrdXkjF2cAQF+T\nXWbi8/mk1E4u3T5UAKDOFE3IE3sDgoZMjyoUSksCgYAVnPjLM0bAB8hkNcKc0/f/\nlIyvxEBB4b4pjA717N8i2HbsTX5b0AGQFEF6J8ShEvVNa7615wpaAEAdBHvEEE3d\nKzAVySEa2IRSA4Equ74j1SoewFx3wRUbYr1ZHVpyFJPGHjRobGiRHqVIZglqb0HL\n4A7TBId9QlyuG5loznsqVA==\n-----END PRIVATE KEY-----\n",
            "public_key_fingerprint_md5": "8a:19:5c:0d:f4:80:cb:04:66:28:d8:09:0e:05:14:7d",
            "public_key_fingerprint_sha256": "SHA256:HmYEDIuV8lDfI1KRzDPs13FCThwmWg1ehKZWPDi/5uo",
            "public_key_openssh": "ssh-rsa AAAAB3NzaC1yc2EAAAADAQABAAABAQCriUKzqymIrLvkgBlPPuyBqf2d/2fcWoXYn9dn2TO8mn9zkzy5SL3r+K7MvMoEnrWnAJI+7kQQYKVSKw6SIjNC1rE7HQxGGbT0ez8+LyaHtiB4esoZec4MTJZHfwYfwM1VQGDFEit1N4k9yySzDEy1G0q/T5pIG9WlkQ9spoDqbTW5aZZh4Kha/PNL+l+iSVPxvVCOVkxE6hHC+8DTyWMfyFneRoHP33CExN8uil2NMWSH9SrRoM+7NDw95HFDnxNqKsdFztcVYRMtSxaOsxZj1VCeXDkwEDRr4uuUXqUnojzKQpbhlnnJ0Ttb1sW4hLpzbdzso3Di+vT6cc6dJRi3\n",
            "public_key_pem": "-----BEGIN PUBLIC KEY-----\nMIIBIjANBgkqhkiG9w0BAQEFAAOCAQ8AMIIBCgKCAQEAq4lCs6spiKy75IAZTz7s\ngan9nf9n3FqF2J/XZ9kzvJp/c5M8uUi96/iuzLzKBJ61pwCSPu5EEGClUisOkiIz\nQtaxOx0MRhm09Hs/Pi8mh7YgeHrKGXnODEyWR38GH8DNVUBgxRIrdTeJPcskswxM\ntRtKv0+aSBvVpZEPbKaA6m01uWmWYeCoWvzzS/pfoklT8b1QjlZMROoRwvvA08lj\nH8hZ3kaBz99whMTfLopdjTFkh/Uq0aDPuzQ8PeRxQ58TairHRc7XFWETLUsWjrMW\nY9VQnlw5MBA0a+LrlF6lJ6I8ykKW4ZZ5ydE7W9bFuIS6c23c7KNw4vr0+nHOnSUY\ntwIDAQAB\n-----END PUBLIC KEY-----\n",
            "rsa_bits": 2048
          },
          "sensitive_attributes": [
            [
              {
                "type": "get_attr",
                "value": "private_key_openssh"
              }
            ],
            [
              {
                "type": "get_attr",
                "value": "private_key_pem"
              }
            ],
            [
              {
                "type": "get_attr",
                "value": "private_key_pem_pkcs8"
              }
            ]
          ]
        }
      ]
    },
    {
      "mode": "managed",
      "type": "tls_private_key",
      "name": "new_york",
      "provider": "provider[\"registry.terraform.io/hashicorp/tls\"]",
      "instances": [
        {
          "schema_version": 1,
          "attributes": {
            "algorithm": "RSA",
            "ecdsa_curve": "P224",
            "id": "89d9fb7909fac3dad6cd43b3ec95fbdf032f35bd",
            "private_key_openssh": "-----BEGIN OPENSSH PRIVATE KEY-----\nb3BlbnNzaC1rZXktdjEAAAAABG5vbmUAAAAEbm9uZQAAAAAAAAABAAABFwAAAAdz\nc2gtcnNhAAAAAwEAAQAAAQEAu1Cnp6aZsRHFk4ARAsw76Se7V6mv9VHSpIYJvVsK\nsJ9niJH6qFvL74q0fYcNJ8/zAiKVbTHY+bbDxywF9ypTMZk615DmNe3ZP76r4zE8\ntW3/hKXr3PH2IGbTyyMxl3PDxdp+3JrKyEXWZhuzsG4WE2nSP5nGctZ8t4PmefEY\nXJEcEyhGMm75Iq3pD1TGPI8DIgDhO3Z20y6wK+fghN5LZxW65prqg+9rQi6yop9J\nyG9qiPjY/gtoXlm9pG493SSUw29m6QHTtlblaZxK/N090eKPRrssFHEkZeHE/WLU\nDwT9iDC6LDFROcXBN2Ue+WY26g2R48+L6c3CkBdu2IIY0wAAA7jYpGla2KRpWgAA\nAAdzc2gtcnNhAAABAQC7UKenppmxEcWTgBECzDvpJ7tXqa/1UdKkhgm9Wwqwn2eI\nkfqoW8vvirR9hw0nz/MCIpVtMdj5tsPHLAX3KlMxmTrXkOY17dk/vqvjMTy1bf+E\npevc8fYgZtPLIzGXc8PF2n7cmsrIRdZmG7OwbhYTadI/mcZy1ny3g+Z58RhckRwT\nKEYybvkirekPVMY8jwMiAOE7dnbTLrAr5+CE3ktnFbrmmuqD72tCLrKin0nIb2qI\n+Nj+C2heWb2kbj3dJJTDb2bpAdO2VuVpnEr83T3R4o9GuywUcSRl4cT9YtQPBP2I\nMLosMVE5xcE3ZR75ZjbqDZHjz4vpzcKQF27YghjTAAAAAwEAAQAAAQBkZI0G4Nbc\nvU6siGYVnsq5Ys8Y49xn2ivQe/p6X3IySa0e2EaEt3Zs82VbJefaH6z5xvlZZe8J\nn3f8ps6nsyqVma+c249W9hyK+rF7eec0wjjBqn/oklI8+X+oDzvEFYqm3z1BFUF7\n51pKraw38jiovP2vksZ2xBhh7zK2xo4tBbl4g8czMkjVB9Iu5zO6UrLtxmfxI65J\nFGGYahUWLxxKjieYJccyu0OwW3AFSHiGsa9uzy5Rrgh1oINonFhmNX4ocDDJLrxa\nR/KptLu2J2g0qWDgpw7mBDTEdJiZ/ucVUL7O2tAPgG0la+ONkSYpb43LaNiOn1bP\neSOOW5CIHOERAAAAgQCDKCvwYlPx9xquq2oK5dTrCD995PMvKkWOXR7XD9O5Cbdl\no9VmTPsriPLHAbuTEFw+iB+ppX/AyNq6NT9/EiW0K7O3XN5dy91+VArkbkNQgKd5\nX3Yi7EP1NXrEfEKNdGvo5Vr1GZixVRH9Dud7WBtdXdLgTMFZeGnjySB9ywNwAgAA\nAIEA7lKOrWWXHwg+fedWn+85ZJkHvDkvWkIRfsx5bquOuD36kwV1ntKIoW4gXgRH\n1p2e4J8OJ6Byy3quhy4ZLO6a8CZIzwp0WjLVDeNc8za7R8YZLmN5dTF0N2bnv/EF\nL0iWI0hM3yIC/NXPrGFYVTB+ipvB+Eok1d2eSnly076PbnsAAACBAMk1h+zIbiSU\nZGPPyZjAxv5ZrWKc0DyuP2RIYYp1mUjpBkQ8YniE8nM/IlWEWvqROGj3m1+xxd81\nKLOhPXO97t3vvvtUV3UeZv4LnMK8ut25gVg+Xh64z2IOHnXo8PIunrEWok5ADzu0\nzWYGI9mpYMfErH2FwY6AvVW0xKN4exuJAAAAAAEC\n-----END OPENSSH PRIVATE KEY-----\n",
            "private_key_pem": "-----BEGIN RSA PRIVATE KEY-----\nMIIEpAIBAAKCAQEAu1Cnp6aZsRHFk4ARAsw76Se7V6mv9VHSpIYJvVsKsJ9niJH6\nqFvL74q0fYcNJ8/zAiKVbTHY+bbDxywF9ypTMZk615DmNe3ZP76r4zE8tW3/hKXr\n3PH2IGbTyyMxl3PDxdp+3JrKyEXWZhuzsG4WE2nSP5nGctZ8t4PmefEYXJEcEyhG\nMm75Iq3pD1TGPI8DIgDhO3Z20y6wK+fghN5LZxW65prqg+9rQi6yop9JyG9qiPjY\n/gtoXlm9pG493SSUw29m6QHTtlblaZxK/N090eKPRrssFHEkZeHE/WLUDwT9iDC6\nLDFROcXBN2Ue+WY26g2R48+L6c3CkBdu2IIY0wIDAQABAoIBAGRkjQbg1ty9TqyI\nZhWeyrlizxjj3GfaK9B7+npfcjJJrR7YRoS3dmzzZVsl59ofrPnG+Vll7wmfd/ym\nzqezKpWZr5zbj1b2HIr6sXt55zTCOMGqf+iSUjz5f6gPO8QViqbfPUEVQXvnWkqt\nrDfyOKi8/a+SxnbEGGHvMrbGji0FuXiDxzMySNUH0i7nM7pSsu3GZ/EjrkkUYZhq\nFRYvHEqOJ5glxzK7Q7BbcAVIeIaxr27PLlGuCHWgg2icWGY1fihwMMkuvFpH8qm0\nu7YnaDSpYOCnDuYENMR0mJn+5xVQvs7a0A+AbSVr442RJilvjcto2I6fVs95I45b\nkIgc4RECgYEA7lKOrWWXHwg+fedWn+85ZJkHvDkvWkIRfsx5bquOuD36kwV1ntKI\noW4gXgRH1p2e4J8OJ6Byy3quhy4ZLO6a8CZIzwp0WjLVDeNc8za7R8YZLmN5dTF0\nN2bnv/EFL0iWI0hM3yIC/NXPrGFYVTB+ipvB+Eok1d2eSnly076PbnsCgYEAyTWH\n7MhuJJRkY8/JmMDG/lmtYpzQPK4/ZEhhinWZSOkGRDxieITycz8iVYRa+pE4aPeb\nX7HF3zUos6E9c73u3e+++1RXdR5m/gucwry63bmBWD5eHrjPYg4edejw8i6esRai\nTkAPO7TNZgYj2algx8SsfYXBjoC9VbTEo3h7G4kCgYAounMnrvTkmMQVQDPNoVRt\nnLl1sVAmXKQgx1D5WNhLJExuU8CGI/S1odxmNNUSGF3OhWAl5YW4wH6TG42x4BUa\ndXB78Y1w3L8MYI7CAdh/q5siEl3vaUQzM6Lnaok4S29dGD4K5AUesGuNShWOeXsm\ntPexNvqUkgs7LwYwqaBZgQKBgQDH2iLbfq1gKgCY3z/HONuusdY1F7sCOrT+X6J6\ny5noQISX7D6GpM7Ix9HLjT5smSeloyMx5rq6nOuDmEkYmHQU/1f7/WctDniQJ2qa\nRql5KBOgWbpU244pQArjZO9GLiYzkV6/SIOY81n812ZugP1/DwuhVeTOLXNiGL4j\n/LySuQKBgQCDKCvwYlPx9xquq2oK5dTrCD995PMvKkWOXR7XD9O5Cbdlo9VmTPsr\niPLHAbuTEFw+iB+ppX/AyNq6NT9/EiW0K7O3XN5dy91+VArkbkNQgKd5X3Yi7EP1\nNXrEfEKNdGvo5Vr1GZixVRH9Dud7WBtdXdLgTMFZeGnjySB9ywNwAg==\n-----END RSA PRIVATE KEY-----\n",
            "private_key_pem_pkcs8": "-----BEGIN PRIVATE KEY-----\nMIIEvgIBADANBgkqhkiG9w0BAQEFAASCBKgwggSkAgEAAoIBAQC7UKenppmxEcWT\ngBECzDvpJ7tXqa/1UdKkhgm9Wwqwn2eIkfqoW8vvirR9hw0nz/MCIpVtMdj5tsPH\nLAX3KlMxmTrXkOY17dk/vqvjMTy1bf+Epevc8fYgZtPLIzGXc8PF2n7cmsrIRdZm\nG7OwbhYTadI/mcZy1ny3g+Z58RhckRwTKEYybvkirekPVMY8jwMiAOE7dnbTLrAr\n5+CE3ktnFbrmmuqD72tCLrKin0nIb2qI+Nj+C2heWb2kbj3dJJTDb2bpAdO2VuVp\nnEr83T3R4o9GuywUcSRl4cT9YtQPBP2IMLosMVE5xcE3ZR75ZjbqDZHjz4vpzcKQ\nF27YghjTAgMBAAECggEAZGSNBuDW3L1OrIhmFZ7KuWLPGOPcZ9or0Hv6el9yMkmt\nHthGhLd2bPNlWyXn2h+s+cb5WWXvCZ93/KbOp7MqlZmvnNuPVvYcivqxe3nnNMI4\nwap/6JJSPPl/qA87xBWKpt89QRVBe+daSq2sN/I4qLz9r5LGdsQYYe8ytsaOLQW5\neIPHMzJI1QfSLuczulKy7cZn8SOuSRRhmGoVFi8cSo4nmCXHMrtDsFtwBUh4hrGv\nbs8uUa4IdaCDaJxYZjV+KHAwyS68WkfyqbS7tidoNKlg4KcO5gQ0xHSYmf7nFVC+\nztrQD4BtJWvjjZEmKW+Ny2jYjp9Wz3kjjluQiBzhEQKBgQDuUo6tZZcfCD5951af\n7zlkmQe8OS9aQhF+zHluq464PfqTBXWe0oihbiBeBEfWnZ7gnw4noHLLeq6HLhks\n7prwJkjPCnRaMtUN41zzNrtHxhkuY3l1MXQ3Zue/8QUvSJYjSEzfIgL81c+sYVhV\nMH6Km8H4SiTV3Z5KeXLTvo9uewKBgQDJNYfsyG4klGRjz8mYwMb+Wa1inNA8rj9k\nSGGKdZlI6QZEPGJ4hPJzPyJVhFr6kTho95tfscXfNSizoT1zve7d7777VFd1Hmb+\nC5zCvLrduYFYPl4euM9iDh516PDyLp6xFqJOQA87tM1mBiPZqWDHxKx9hcGOgL1V\ntMSjeHsbiQKBgCi6cyeu9OSYxBVAM82hVG2cuXWxUCZcpCDHUPlY2EskTG5TwIYj\n9LWh3GY01RIYXc6FYCXlhbjAfpMbjbHgFRp1cHvxjXDcvwxgjsIB2H+rmyISXe9p\nRDMzoudqiThLb10YPgrkBR6wa41KFY55eya097E2+pSSCzsvBjCpoFmBAoGBAMfa\nItt+rWAqAJjfP8c4266x1jUXuwI6tP5fonrLmehAhJfsPoakzsjH0cuNPmyZJ6Wj\nIzHmurqc64OYSRiYdBT/V/v9Zy0OeJAnappGqXkoE6BZulTbjilACuNk70YuJjOR\nXr9Ig5jzWfzXZm6A/X8PC6FV5M4tc2IYviP8vJK5AoGBAIMoK/BiU/H3Gq6ragrl\n1OsIP33k8y8qRY5dHtcP07kJt2Wj1WZM+yuI8scBu5MQXD6IH6mlf8DI2ro1P38S\nJbQrs7dc3l3L3X5UCuRuQ1CAp3lfdiLsQ/U1esR8Qo10a+jlWvUZmLFVEf0O53tY\nG11d0uBMwVl4aePJIH3LA3AC\n-----END PRIVATE KEY-----\n",
            "public_key_fingerprint_md5": "e8:25:a0:69:14:2f:08:9c:e1:e4:ab:48:02:09:a0:4e",
            "public_key_fingerprint_sha256": "SHA256:gjorBMgqXlL/hlAHLQKILP4MYoBYt98KCFXukE1bwL8",
            "public_key_openssh": "ssh-rsa AAAAB3NzaC1yc2EAAAADAQABAAABAQC7UKenppmxEcWTgBECzDvpJ7tXqa/1UdKkhgm9Wwqwn2eIkfqoW8vvirR9hw0nz/MCIpVtMdj5tsPHLAX3KlMxmTrXkOY17dk/vqvjMTy1bf+Epevc8fYgZtPLIzGXc8PF2n7cmsrIRdZmG7OwbhYTadI/mcZy1ny3g+Z58RhckRwTKEYybvkirekPVMY8jwMiAOE7dnbTLrAr5+CE3ktnFbrmmuqD72tCLrKin0nIb2qI+Nj+C2heWb2kbj3dJJTDb2bpAdO2VuVpnEr83T3R4o9GuywUcSRl4cT9YtQPBP2IMLosMVE5xcE3ZR75ZjbqDZHjz4vpzcKQF27YghjT\n",
            "public_key_pem": "-----BEGIN PUBLIC KEY-----\nMIIBIjANBgkqhkiG9w0BAQEFAAOCAQ8AMIIBCgKCAQEAu1Cnp6aZsRHFk4ARAsw7\n6Se7V6mv9VHSpIYJvVsKsJ9niJH6qFvL74q0fYcNJ8/zAiKVbTHY+bbDxywF9ypT\nMZk615DmNe3ZP76r4zE8tW3/hKXr3PH2IGbTyyMxl3PDxdp+3JrKyEXWZhuzsG4W\nE2nSP5nGctZ8t4PmefEYXJEcEyhGMm75Iq3pD1TGPI8DIgDhO3Z20y6wK+fghN5L\nZxW65prqg+9rQi6yop9JyG9qiPjY/gtoXlm9pG493SSUw29m6QHTtlblaZxK/N09\n0eKPRrssFHEkZeHE/WLUDwT9iDC6LDFROcXBN2Ue+WY26g2R48+L6c3CkBdu2IIY\n0wIDAQAB\n-----END PUBLIC KEY-----\n",
            "rsa_bits": 2048
          },
          "sensitive_attributes": [
            [
              {
                "type": "get_attr",
                "value": "private_key_openssh"
              }
            ],
            [
              {
                "type": "get_attr",
                "value": "private_key_pem_pkcs8"
              }
            ],
            [
              {
                "type": "get_attr",
                "value": "private_key_pem"
              }
            ]
          ]
        }
      ]
    },
    {
      "mode": "managed",
      "type": "tls_private_key",
      "name": "sao-paulo",
      "provider": "provider[\"registry.terraform.io/hashicorp/tls\"]",
      "instances": [
        {
          "schema_version": 1,
          "attributes": {
            "algorithm": "RSA",
            "ecdsa_curve": "P224",
            "id": "7d5c6b2a18ad71ffec190ffcc03be8812671a76a",
            "private_key_openssh": "-----BEGIN OPENSSH PRIVATE KEY-----\nb3BlbnNzaC1rZXktdjEAAAAABG5vbmUAAAAEbm9uZQAAAAAAAAABAAABFwAAAAdz\nc2gtcnNhAAAAAwEAAQAAAQEA67Z9xPUpY/xHopWJOdl2I43ePM3EIE+K3VhZM/KO\nzJBkrnDA65QPu/LfoiWK2RxFO3OlR0CuDeye2yoEOHwqkgKi6guNc1VXQDpFk31I\nVpBeQLquBtJYVM1+D1N3tz572aWmRHe+1MGJwBzv5+L6DA/Isn3zQS6mnMcgCeIl\noRaXAXXIiMBaIokru9bF8IHF7ahhKoge8pBwmjcaXNiYBUydE4e1sUN06asEiOo8\nrVssraWj9gT2PFKFuskggBlQWUeE52k/YP2vnDyI3gANC0R3ZFhJ3pUKy4q5CkfT\njK4SyYEwXFutJy0lv8YuLVbiQUnDZItkUEYbucgrpdJ5VwAAA7ghH5+yIR+fsgAA\nAAdzc2gtcnNhAAABAQDrtn3E9Slj/EeilYk52XYjjd48zcQgT4rdWFkz8o7MkGSu\ncMDrlA+78t+iJYrZHEU7c6VHQK4N7J7bKgQ4fCqSAqLqC41zVVdAOkWTfUhWkF5A\nuq4G0lhUzX4PU3e3PnvZpaZEd77UwYnAHO/n4voMD8iyffNBLqacxyAJ4iWhFpcB\ndciIwFoiiSu71sXwgcXtqGEqiB7ykHCaNxpc2JgFTJ0Th7WxQ3TpqwSI6jytWyyt\npaP2BPY8UoW6ySCAGVBZR4TnaT9g/a+cPIjeAA0LRHdkWEnelQrLirkKR9OMrhLJ\ngTBcW60nLSW/xi4tVuJBScNki2RQRhu5yCul0nlXAAAAAwEAAQAAAQEAmDeHTLPN\ngOYgFJxgu9z078zj4Xw31W3IjVxKbsOK+AufGQ9zZi59YrBbPsjju4UIKHZsG3Fn\ndVKC26FsjFWS4CuXrXC8beiEqdN3ruFO36fnVgG39GvN4yW47IjIXKubK1hP4RM7\nRwWcwVVuj98B/twKjUnM1yEbM09cH0XNaxKALvH6EuP3y4sTRggLpD/b7ruBfQdh\nSa38YIqNSISB6KTLN8L0k7HNosik5B9edipKtz7oK1UnpLCaq0f6cn/lfkux2qHI\nRzqTNknGIWwK6VkAGI62Bwt9Z2wph6lSD8RozgX4hsJ43mwUmKH8OYsbQWlEWBrM\n/tVSSQMJBy6w4QAAAIANo05+Aa6SXt7kh5ToTl8LjtDpyxQWJ3aIKxjx6RJwaUL9\ngViF0BTa9zV0jqlvsG/VE6oPONvb2ePHe5wTFMgbPtDzPvYSUVmWGhn9JwkL/2zi\nwHfrNfKDwFngWAzaOrSRWscJ1xw2cwkW5fPVde9KDBflsWRMsu4T8tzWp0nIJwAA\nAIEA+YYeb4WVZo03mPQ07aRRfpFJIsWfRBxEVn8DYrwlY8mE79wq1vpORnj60fv3\nNbsxtBaABnlNxA963cGuzkPn9ChIoUDpc/zNjrz6XVdAuMq7PsTnqQ2Ew5gaPWEE\n7bauvbfoaC2aNEb2MJaJIitT/UiMWwXeoQ6CbyFHXXbAhAkAAACBAPHUm/8DG2ba\ndsfxUCByWQwHrePEUbEbCnvKzpfs20HM2gebbAnZ6vmYARKeuz2w4+RGa8wx7noJ\nXtDaGsIl95sJtQgfgLuMoCN64K8bKUdri0HIkT14uplsdWasNUDUFUYsf1lmOtnV\nbgtnjOL/2ZBSGkV1p1L+AMj/yRnm+CpfAAAAAAEC\n-----END OPENSSH PRIVATE KEY-----\n",
            "private_key_pem": "-----BEGIN RSA PRIVATE KEY-----\nMIIEpQIBAAKCAQEA67Z9xPUpY/xHopWJOdl2I43ePM3EIE+K3VhZM/KOzJBkrnDA\n65QPu/LfoiWK2RxFO3OlR0CuDeye2yoEOHwqkgKi6guNc1VXQDpFk31IVpBeQLqu\nBtJYVM1+D1N3tz572aWmRHe+1MGJwBzv5+L6DA/Isn3zQS6mnMcgCeIloRaXAXXI\niMBaIokru9bF8IHF7ahhKoge8pBwmjcaXNiYBUydE4e1sUN06asEiOo8rVssraWj\n9gT2PFKFuskggBlQWUeE52k/YP2vnDyI3gANC0R3ZFhJ3pUKy4q5CkfTjK4SyYEw\nXFutJy0lv8YuLVbiQUnDZItkUEYbucgrpdJ5VwIDAQABAoIBAQCYN4dMs82A5iAU\nnGC73PTvzOPhfDfVbciNXEpuw4r4C58ZD3NmLn1isFs+yOO7hQgodmwbcWd1UoLb\noWyMVZLgK5etcLxt6ISp03eu4U7fp+dWAbf0a83jJbjsiMhcq5srWE/hEztHBZzB\nVW6P3wH+3AqNSczXIRszT1wfRc1rEoAu8foS4/fLixNGCAukP9vuu4F9B2FJrfxg\nio1IhIHopMs3wvSTsc2iyKTkH152Kkq3PugrVSeksJqrR/pyf+V+S7HaochHOpM2\nScYhbArpWQAYjrYHC31nbCmHqVIPxGjOBfiGwnjebBSYofw5ixtBaURYGsz+1VJJ\nAwkHLrDhAoGBAPmGHm+FlWaNN5j0NO2kUX6RSSLFn0QcRFZ/A2K8JWPJhO/cKtb6\nTkZ4+tH79zW7MbQWgAZ5TcQPet3Brs5D5/QoSKFA6XP8zY68+l1XQLjKuz7E56kN\nhMOYGj1hBO22rr236GgtmjRG9jCWiSIrU/1IjFsF3qEOgm8hR112wIQJAoGBAPHU\nm/8DG2badsfxUCByWQwHrePEUbEbCnvKzpfs20HM2gebbAnZ6vmYARKeuz2w4+RG\na8wx7noJXtDaGsIl95sJtQgfgLuMoCN64K8bKUdri0HIkT14uplsdWasNUDUFUYs\nf1lmOtnVbgtnjOL/2ZBSGkV1p1L+AMj/yRnm+CpfAoGBAOO6B+T4IZXqpCcwGW4Z\nXVcJ+ZmGiwh6U9QtL0XZOLaNoInYgjCZWP7wQtmJ/+BF6+LT9hvycYrSJexla8hM\nKVGnwkGJIIb+3gu7ZTPzAdqlC6cJxfN/pv9rvebuuLTK2UfEpJMPq4CyktVdTeKl\ncI3kvFQGU1ziBSCvWpZuXt0hAoGBAKSDprwNOQ73f+b1WzU3lSyB7OIOJCT/6Fne\n1jy0fVR+L7UNHqp0/U1fAxvPsEF/nQkmfx8iuMF8rmwWdC2v9ooaSHWGOOVd/XMl\nnMSDDcnwd4QBFg1jnE3TYuq+LFw162MZ0mjXCyI19+76OvYSZ8eukwC90V68PXx/\nxidA4YKxAoGADaNOfgGukl7e5IeU6E5fC47Q6csUFid2iCsY8ekScGlC/YFYhdAU\n2vc1dI6pb7Bv1ROqDzjb29njx3ucExTIGz7Q8z72ElFZlhoZ/ScJC/9s4sB36zXy\ng8BZ4FgM2jq0kVrHCdccNnMJFuXz1XXvSgwX5bFkTLLuE/Lc1qdJyCc=\n-----END RSA PRIVATE KEY-----\n",
            "private_key_pem_pkcs8": "-----BEGIN PRIVATE KEY-----\nMIIEvwIBADANBgkqhkiG9w0BAQEFAASCBKkwggSlAgEAAoIBAQDrtn3E9Slj/Eei\nlYk52XYjjd48zcQgT4rdWFkz8o7MkGSucMDrlA+78t+iJYrZHEU7c6VHQK4N7J7b\nKgQ4fCqSAqLqC41zVVdAOkWTfUhWkF5Auq4G0lhUzX4PU3e3PnvZpaZEd77UwYnA\nHO/n4voMD8iyffNBLqacxyAJ4iWhFpcBdciIwFoiiSu71sXwgcXtqGEqiB7ykHCa\nNxpc2JgFTJ0Th7WxQ3TpqwSI6jytWyytpaP2BPY8UoW6ySCAGVBZR4TnaT9g/a+c\nPIjeAA0LRHdkWEnelQrLirkKR9OMrhLJgTBcW60nLSW/xi4tVuJBScNki2RQRhu5\nyCul0nlXAgMBAAECggEBAJg3h0yzzYDmIBScYLvc9O/M4+F8N9VtyI1cSm7DivgL\nnxkPc2YufWKwWz7I47uFCCh2bBtxZ3VSgtuhbIxVkuArl61wvG3ohKnTd67hTt+n\n51YBt/RrzeMluOyIyFyrmytYT+ETO0cFnMFVbo/fAf7cCo1JzNchGzNPXB9FzWsS\ngC7x+hLj98uLE0YIC6Q/2+67gX0HYUmt/GCKjUiEgeikyzfC9JOxzaLIpOQfXnYq\nSrc+6CtVJ6SwmqtH+nJ/5X5LsdqhyEc6kzZJxiFsCulZABiOtgcLfWdsKYepUg/E\naM4F+IbCeN5sFJih/DmLG0FpRFgazP7VUkkDCQcusOECgYEA+YYeb4WVZo03mPQ0\n7aRRfpFJIsWfRBxEVn8DYrwlY8mE79wq1vpORnj60fv3NbsxtBaABnlNxA963cGu\nzkPn9ChIoUDpc/zNjrz6XVdAuMq7PsTnqQ2Ew5gaPWEE7bauvbfoaC2aNEb2MJaJ\nIitT/UiMWwXeoQ6CbyFHXXbAhAkCgYEA8dSb/wMbZtp2x/FQIHJZDAet48RRsRsK\ne8rOl+zbQczaB5tsCdnq+ZgBEp67PbDj5EZrzDHuegle0NoawiX3mwm1CB+Au4yg\nI3rgrxspR2uLQciRPXi6mWx1Zqw1QNQVRix/WWY62dVuC2eM4v/ZkFIaRXWnUv4A\nyP/JGeb4Kl8CgYEA47oH5PghleqkJzAZbhldVwn5mYaLCHpT1C0vRdk4to2gidiC\nMJlY/vBC2Yn/4EXr4tP2G/JxitIl7GVryEwpUafCQYkghv7eC7tlM/MB2qULpwnF\n83+m/2u95u64tMrZR8Skkw+rgLKS1V1N4qVwjeS8VAZTXOIFIK9alm5e3SECgYEA\npIOmvA05Dvd/5vVbNTeVLIHs4g4kJP/oWd7WPLR9VH4vtQ0eqnT9TV8DG8+wQX+d\nCSZ/HyK4wXyubBZ0La/2ihpIdYY45V39cyWcxIMNyfB3hAEWDWOcTdNi6r4sXDXr\nYxnSaNcLIjX37vo69hJnx66TAL3RXrw9fH/GJ0DhgrECgYANo05+Aa6SXt7kh5To\nTl8LjtDpyxQWJ3aIKxjx6RJwaUL9gViF0BTa9zV0jqlvsG/VE6oPONvb2ePHe5wT\nFMgbPtDzPvYSUVmWGhn9JwkL/2ziwHfrNfKDwFngWAzaOrSRWscJ1xw2cwkW5fPV\nde9KDBflsWRMsu4T8tzWp0nIJw==\n-----END PRIVATE KEY-----\n",
            "public_key_fingerprint_md5": "2a:25:0d:85:5a:71:2e:a4:1a:60:73:02:9f:50:13:38",
            "public_key_fingerprint_sha256": "SHA256:YVvwkGFBAM6BR5leEzxRF6u+C0cFOAQGVwkgcEvOKZw",
            "public_key_openssh": "ssh-rsa AAAAB3NzaC1yc2EAAAADAQABAAABAQDrtn3E9Slj/EeilYk52XYjjd48zcQgT4rdWFkz8o7MkGSucMDrlA+78t+iJYrZHEU7c6VHQK4N7J7bKgQ4fCqSAqLqC41zVVdAOkWTfUhWkF5Auq4G0lhUzX4PU3e3PnvZpaZEd77UwYnAHO/n4voMD8iyffNBLqacxyAJ4iWhFpcBdciIwFoiiSu71sXwgcXtqGEqiB7ykHCaNxpc2JgFTJ0Th7WxQ3TpqwSI6jytWyytpaP2BPY8UoW6ySCAGVBZR4TnaT9g/a+cPIjeAA0LRHdkWEnelQrLirkKR9OMrhLJgTBcW60nLSW/xi4tVuJBScNki2RQRhu5yCul0nlX\n",
            "public_key_pem": "-----BEGIN PUBLIC KEY-----\nMIIBIjANBgkqhkiG9w0BAQEFAAOCAQ8AMIIBCgKCAQEA67Z9xPUpY/xHopWJOdl2\nI43ePM3EIE+K3VhZM/KOzJBkrnDA65QPu/LfoiWK2RxFO3OlR0CuDeye2yoEOHwq\nkgKi6guNc1VXQDpFk31IVpBeQLquBtJYVM1+D1N3tz572aWmRHe+1MGJwBzv5+L6\nDA/Isn3zQS6mnMcgCeIloRaXAXXIiMBaIokru9bF8IHF7ahhKoge8pBwmjcaXNiY\nBUydE4e1sUN06asEiOo8rVssraWj9gT2PFKFuskggBlQWUeE52k/YP2vnDyI3gAN\nC0R3ZFhJ3pUKy4q5CkfTjK4SyYEwXFutJy0lv8YuLVbiQUnDZItkUEYbucgrpdJ5\nVwIDAQAB\n-----END PUBLIC KEY-----\n",
            "rsa_bits": 2048
          },
          "sensitive_attributes": [
            [
              {
                "type": "get_attr",
                "value": "private_key_pem"
              }
            ],
            [
              {
                "type": "get_attr",
                "value": "private_key_openssh"
              }
            ],
            [
              {
                "type": "get_attr",
                "value": "private_key_pem_pkcs8"
              }
            ]
          ]
        }
      ]
    },
    {
      "mode": "managed",
      "type": "tls_private_key",
      "name": "tokyo",
      "provider": "provider[\"registry.terraform.io/hashicorp/tls\"]",
      "instances": [
        {
          "schema_version": 1,
          "attributes": {
            "algorithm": "RSA",
            "ecdsa_curve": "P224",
            "id": "8371801be51c7d3fd3f4afbb3df8f837b44e406c",
            "private_key_openssh": "-----BEGIN OPENSSH PRIVATE KEY-----\nb3BlbnNzaC1rZXktdjEAAAAABG5vbmUAAAAEbm9uZQAAAAAAAAABAAABFwAAAAdz\nc2gtcnNhAAAAAwEAAQAAAQEA89r91+2XrYhcsQclpzShx/6vehUzzTJahRPg91aJ\nMdjHzKTzOimCKIR40mk+Q1OAyknFLdXMCXKZNnOBBbAHR88F+rAB5FGWtLzKVXc/\nJIyoUBUpNOLaxF0HP3Dv7aAUQuAFSNZ2HFe4lPKIZp1LQsi0EMvoxtIiNRyY6DWu\nw+NSkUmVdLiuXdwYspOud8gV0O9C96rJMabB3W1qznSd/z7pPCW75CZHLc3fH9Hq\n7x7DI9TcFwWnoDkpfrBOaeFQH2fFu3AmVI0aVEq43Zm/XLlY9fsOXQLZMOWlMiHZ\nEnw0VaNqMx+6HNJR9HEQeGmZX968D3O9WUEKE1PwFG68hQAAA7iwgpfxsIKX8QAA\nAAdzc2gtcnNhAAABAQDz2v3X7ZetiFyxByWnNKHH/q96FTPNMlqFE+D3Vokx2MfM\npPM6KYIohHjSaT5DU4DKScUt1cwJcpk2c4EFsAdHzwX6sAHkUZa0vMpVdz8kjKhQ\nFSk04trEXQc/cO/toBRC4AVI1nYcV7iU8ohmnUtCyLQQy+jG0iI1HJjoNa7D41KR\nSZV0uK5d3Biyk653yBXQ70L3qskxpsHdbWrOdJ3/Puk8JbvkJkctzd8f0ervHsMj\n1NwXBaegOSl+sE5p4VAfZ8W7cCZUjRpUSrjdmb9cuVj1+w5dAtkw5aUyIdkSfDRV\no2ozH7oc0lH0cRB4aZlf3rwPc71ZQQoTU/AUbryFAAAAAwEAAQAAAQAifw0/2Y2G\nb+7k4CT0dV6Zgy7hr1QnqALkJn7Bno1D7u28xmzeAnc2Mh9BbL/xGEP02eC57i+x\n+nMwH8DVxCQThXbMEtABs4UFRlu9IWReUEOTKJsurxTRiHN5Bwn57JZRK42z0xrc\nQZCMCY9ALOozpV7LrXzde2Z5avU6jDWP4jbf8qGW1l5fblDU7aD4p+GGCDuGQXmQ\n3r7msBUKyVSBSJkvnKYBCI5GRB9SmwhluNQHeAGcYZ/aycyVBkeLIkeNdDDY1gz1\nsN/ZkZtRjvKbu/wmaKM/EjRo5/R4YzKgLCPv82/Lv355hvA53pehWYREAmy3mmzF\n9025UCo+g2sBAAAAgQDsgNhnOpw7z8QQ7YEx9w/8ISCXa4HTJrt/LDYT6ijkFWA/\nclaDAPHXSxCt40NspNskdUS5vymhr7iNyMVT5BxfF7d9S9oX3IWNR6zVHnuiLDii\nYCiqCPbAN3rcq1A6+jf5y4m8TzPpOGu53QkzydGH6ZHR4kyaE7Hj23DNEi1srQAA\nAIEA+Mnjas4MEtOzKqEynMf7cwasTCi4N0yC475TQRYYc0kclbpYubO+FNrz0EAI\nePPCSuBl9z5AziVJD9k3bmhHLRmkKfdD1UvVNmFqv6Agw1CzoYWK7Anc5OgOxk58\nTPT6ppxKS7aLvBAkRl92KTAM+V4YSBNwCpdZ8i8+2x0eaEUAAACBAPrsfzlwTjFm\noWz/gDgkzLa6o61RFmqesNaZSkWyG/VmxYGINitebCMA252kDNk0vBm1VfULfMz8\n3dZ4BmdMaRrULaJPUVnnq49iseQATW8snewrTQwo3D3s4MX5Dk+FqzDi+mndb7r6\nHM7IkPBJPcq8wFSdhNV0xwsPvdZLIOdBAAAAAAEC\n-----END OPENSSH PRIVATE KEY-----\n",
            "private_key_pem": "-----BEGIN RSA PRIVATE KEY-----\nMIIEpAIBAAKCAQEA89r91+2XrYhcsQclpzShx/6vehUzzTJahRPg91aJMdjHzKTz\nOimCKIR40mk+Q1OAyknFLdXMCXKZNnOBBbAHR88F+rAB5FGWtLzKVXc/JIyoUBUp\nNOLaxF0HP3Dv7aAUQuAFSNZ2HFe4lPKIZp1LQsi0EMvoxtIiNRyY6DWuw+NSkUmV\ndLiuXdwYspOud8gV0O9C96rJMabB3W1qznSd/z7pPCW75CZHLc3fH9Hq7x7DI9Tc\nFwWnoDkpfrBOaeFQH2fFu3AmVI0aVEq43Zm/XLlY9fsOXQLZMOWlMiHZEnw0VaNq\nMx+6HNJR9HEQeGmZX968D3O9WUEKE1PwFG68hQIDAQABAoIBACJ/DT/ZjYZv7uTg\nJPR1XpmDLuGvVCeoAuQmfsGejUPu7bzGbN4CdzYyH0Fsv/EYQ/TZ4LnuL7H6czAf\nwNXEJBOFdswS0AGzhQVGW70hZF5QQ5Momy6vFNGIc3kHCfnsllErjbPTGtxBkIwJ\nj0As6jOlXsutfN17Znlq9TqMNY/iNt/yoZbWXl9uUNTtoPin4YYIO4ZBeZDevuaw\nFQrJVIFImS+cpgEIjkZEH1KbCGW41Ad4AZxhn9rJzJUGR4siR410MNjWDPWw39mR\nm1GO8pu7/CZooz8SNGjn9HhjMqAsI+/zb8u/fnmG8Dnel6FZhEQCbLeabMX3TblQ\nKj6DawECgYEA+Mnjas4MEtOzKqEynMf7cwasTCi4N0yC475TQRYYc0kclbpYubO+\nFNrz0EAIePPCSuBl9z5AziVJD9k3bmhHLRmkKfdD1UvVNmFqv6Agw1CzoYWK7Anc\n5OgOxk58TPT6ppxKS7aLvBAkRl92KTAM+V4YSBNwCpdZ8i8+2x0eaEUCgYEA+ux/\nOXBOMWahbP+AOCTMtrqjrVEWap6w1plKRbIb9WbFgYg2K15sIwDbnaQM2TS8GbVV\n9Qt8zPzd1ngGZ0xpGtQtok9RWeerj2Kx5ABNbyyd7CtNDCjcPezgxfkOT4WrMOL6\nad1vuvoczsiQ8Ek9yrzAVJ2E1XTHCw+91ksg50ECgYAPg8+Z3oWkOu2GcA0O9+23\na6gdC8EJOc1D1J+uhGk770hIEhnsYsgs1sazqvqcSF9KehoBxDEYafzXby1kxj4C\nEwJI17G0QIloXcThdGP2qja5kPFr7OWIpOwe89AOoIxtDXwYoqauMLeCZ/ufb+6v\nMm4DOKsZDf0+/DFIStWVnQKBgQCrxrU93B0bgpfl52+ef8rJGTIt10ISUXrcHmqT\nFeA/+lAhYd87h1NeDxtJauIE3C4dJ1+l9mxEZKN1TAuOMegOHszyvXwCoS94ZGdF\nn9Ni1VdzMx12wo4rsnsZ7GsYk3hjai9lw9rWVJzeDr3yUSGFJfxAsOkbu+r7LpaW\nGi53QQKBgQDsgNhnOpw7z8QQ7YEx9w/8ISCXa4HTJrt/LDYT6ijkFWA/claDAPHX\nSxCt40NspNskdUS5vymhr7iNyMVT5BxfF7d9S9oX3IWNR6zVHnuiLDiiYCiqCPbA\nN3rcq1A6+jf5y4m8TzPpOGu53QkzydGH6ZHR4kyaE7Hj23DNEi1srQ==\n-----END RSA PRIVATE KEY-----\n",
            "private_key_pem_pkcs8": "-----BEGIN PRIVATE KEY-----\nMIIEvgIBADANBgkqhkiG9w0BAQEFAASCBKgwggSkAgEAAoIBAQDz2v3X7ZetiFyx\nByWnNKHH/q96FTPNMlqFE+D3Vokx2MfMpPM6KYIohHjSaT5DU4DKScUt1cwJcpk2\nc4EFsAdHzwX6sAHkUZa0vMpVdz8kjKhQFSk04trEXQc/cO/toBRC4AVI1nYcV7iU\n8ohmnUtCyLQQy+jG0iI1HJjoNa7D41KRSZV0uK5d3Biyk653yBXQ70L3qskxpsHd\nbWrOdJ3/Puk8JbvkJkctzd8f0ervHsMj1NwXBaegOSl+sE5p4VAfZ8W7cCZUjRpU\nSrjdmb9cuVj1+w5dAtkw5aUyIdkSfDRVo2ozH7oc0lH0cRB4aZlf3rwPc71ZQQoT\nU/AUbryFAgMBAAECggEAIn8NP9mNhm/u5OAk9HVemYMu4a9UJ6gC5CZ+wZ6NQ+7t\nvMZs3gJ3NjIfQWy/8RhD9Nngue4vsfpzMB/A1cQkE4V2zBLQAbOFBUZbvSFkXlBD\nkyibLq8U0YhzeQcJ+eyWUSuNs9Ma3EGQjAmPQCzqM6Vey6183XtmeWr1Oow1j+I2\n3/KhltZeX25Q1O2g+Kfhhgg7hkF5kN6+5rAVCslUgUiZL5ymAQiORkQfUpsIZbjU\nB3gBnGGf2snMlQZHiyJHjXQw2NYM9bDf2ZGbUY7ym7v8JmijPxI0aOf0eGMyoCwj\n7/Nvy79+eYbwOd6XoVmERAJst5psxfdNuVAqPoNrAQKBgQD4yeNqzgwS07MqoTKc\nx/tzBqxMKLg3TILjvlNBFhhzSRyVuli5s74U2vPQQAh488JK4GX3PkDOJUkP2Tdu\naEctGaQp90PVS9U2YWq/oCDDULOhhYrsCdzk6A7GTnxM9PqmnEpLtou8ECRGX3Yp\nMAz5XhhIE3AKl1nyLz7bHR5oRQKBgQD67H85cE4xZqFs/4A4JMy2uqOtURZqnrDW\nmUpFshv1ZsWBiDYrXmwjANudpAzZNLwZtVX1C3zM/N3WeAZnTGka1C2iT1FZ56uP\nYrHkAE1vLJ3sK00MKNw97ODF+Q5Phasw4vpp3W+6+hzOyJDwST3KvMBUnYTVdMcL\nD73WSyDnQQKBgA+Dz5nehaQ67YZwDQ737bdrqB0LwQk5zUPUn66EaTvvSEgSGexi\nyCzWxrOq+pxIX0p6GgHEMRhp/NdvLWTGPgITAkjXsbRAiWhdxOF0Y/aqNrmQ8Wvs\n5Yik7B7z0A6gjG0NfBiipq4wt4Jn+59v7q8ybgM4qxkN/T78MUhK1ZWdAoGBAKvG\ntT3cHRuCl+Xnb55/yskZMi3XQhJRetweapMV4D/6UCFh3zuHU14PG0lq4gTcLh0n\nX6X2bERko3VMC44x6A4ezPK9fAKhL3hkZ0Wf02LVV3MzHXbCjiuyexnsaxiTeGNq\nL2XD2tZUnN4OvfJRIYUl/ECw6Ru76vsulpYaLndBAoGBAOyA2Gc6nDvPxBDtgTH3\nD/whIJdrgdMmu38sNhPqKOQVYD9yVoMA8ddLEK3jQ2yk2yR1RLm/KaGvuI3IxVPk\nHF8Xt31L2hfchY1HrNUee6IsOKJgKKoI9sA3etyrUDr6N/nLibxPM+k4a7ndCTPJ\n0YfpkdHiTJoTsePbcM0SLWyt\n-----END PRIVATE KEY-----\n",
            "public_key_fingerprint_md5": "07:25:e1:f8:25:e7:4e:da:7c:e8:78:24:6a:e0:3e:e2",
            "public_key_fingerprint_sha256": "SHA256:K/wVeteKLIshEfzqQDM/7Ni33SDVapdeoYC3s6hr4cI",
            "public_key_openssh": "ssh-rsa AAAAB3NzaC1yc2EAAAADAQABAAABAQDz2v3X7ZetiFyxByWnNKHH/q96FTPNMlqFE+D3Vokx2MfMpPM6KYIohHjSaT5DU4DKScUt1cwJcpk2c4EFsAdHzwX6sAHkUZa0vMpVdz8kjKhQFSk04trEXQc/cO/toBRC4AVI1nYcV7iU8ohmnUtCyLQQy+jG0iI1HJjoNa7D41KRSZV0uK5d3Biyk653yBXQ70L3qskxpsHdbWrOdJ3/Puk8JbvkJkctzd8f0ervHsMj1NwXBaegOSl+sE5p4VAfZ8W7cCZUjRpUSrjdmb9cuVj1+w5dAtkw5aUyIdkSfDRVo2ozH7oc0lH0cRB4aZlf3rwPc71ZQQoTU/AUbryF\n",
            "public_key_pem": "-----BEGIN PUBLIC KEY-----\nMIIBIjANBgkqhkiG9w0BAQEFAAOCAQ8AMIIBCgKCAQEA89r91+2XrYhcsQclpzSh\nx/6vehUzzTJahRPg91aJMdjHzKTzOimCKIR40mk+Q1OAyknFLdXMCXKZNnOBBbAH\nR88F+rAB5FGWtLzKVXc/JIyoUBUpNOLaxF0HP3Dv7aAUQuAFSNZ2HFe4lPKIZp1L\nQsi0EMvoxtIiNRyY6DWuw+NSkUmVdLiuXdwYspOud8gV0O9C96rJMabB3W1qznSd\n/z7pPCW75CZHLc3fH9Hq7x7DI9TcFwWnoDkpfrBOaeFQH2fFu3AmVI0aVEq43Zm/\nXLlY9fsOXQLZMOWlMiHZEnw0VaNqMx+6HNJR9HEQeGmZX968D3O9WUEKE1PwFG68\nhQIDAQAB\n-----END PUBLIC KEY-----\n",
            "rsa_bits": 2048
          },
          "sensitive_attributes": [
            [
              {
                "type": "get_attr",
                "value": "private_key_openssh"
              }
            ],
            [
              {
                "type": "get_attr",
                "value": "private_key_pem_pkcs8"
              }
            ],
            [
              {
                "type": "get_attr",
                "value": "private_key_pem"
              }
            ]
          ]
        }
      ]
    }
  ],
  "check_results": null
}
